{
  "version": 4,
  "terraform_version": "1.0.10",
  "serial": 1707,
  "lineage": "6f7a4c44-0dd1-2f44-245d-de2d9f0f265d",
  "outputs": {},
  "resources": [
    {
      "mode": "data",
      "type": "archive_file",
      "name": "mad_libs",
      "provider": "provider[\"registry.terraform.io/hashicorp/archive\"]",
      "instances": [
        {
          "schema_version": 0,
          "attributes": {
            "excludes": null,
            "id": "71cc959a6a32de040140ed2a936f71aa98732d32",
            "output_base64sha256": "3KiEH7QqzJk0g6i+UC/abRMzlxTtRuGuja9OAFTuqLA=",
            "output_file_mode": null,
            "output_md5": "bf0f684aef0f708a88fe4f3dad5e001d",
            "output_path": "C:/Users/YASHVIN/gcp_terraform/madlibs_for_loop_and_template/madlibs.zip",
            "output_sha": "71cc959a6a32de040140ed2a936f71aa98732d32",
            "output_size": 47010,
            "source": [],
            "source_content": null,
            "source_content_filename": null,
            "source_dir": "./madlibs",
            "source_file": null,
            "type": "zip"
          },
          "sensitive_attributes": []
        }
      ]
    },
    {
      "mode": "managed",
      "type": "local_file",
      "name": "mad_libs",
      "provider": "provider[\"registry.terraform.io/hashicorp/local\"]",
      "instances": [
        {
          "index_key": 0,
          "schema_version": 0,
          "attributes": {
            "content": "THE OBSERVATORY\r\nOut class when on a field trip to a YASH2 observatory. It\r\nwas located on top of a RAJU8, and it looked like a giant\r\nRAJU6 with a slit down its RAJU4. We went inside and\r\nlooked through a RAJU9 and were able to see RAJU3s in\r\nthe sky that were millions of RAJU2s away. The men and\r\nwomen who RAM1 in the observatory are called\r\nRAJU5s, and they are always watching for comets, eclipses,\r\nand shooting RAJU7s. An eclipse occurs when a RAJU10\r\ncomes between the earth and the RAJU11 and everything\r\ngets YASH. Next week, we place to RAM the\r\nMuseum of Modern RAJU1.",
            "content_base64": null,
            "directory_permission": "0777",
            "file_permission": "0777",
            "filename": "madlibs/madlibs-0.txt",
            "id": "f842e4278ad410d9c18f3d07508042319692900c",
            "sensitive_content": null,
            "source": null
          },
          "sensitive_attributes": [],
          "private": "bnVsbA==",
          "dependencies": [
            "random_shuffle.random_adjectives",
            "random_shuffle.random_adverbs",
            "random_shuffle.random_nouns",
            "random_shuffle.random_numbers",
            "random_shuffle.random_verbs"
          ]
        },
        {
          "index_key": 1,
          "schema_version": 0,
          "attributes": {
            "content": "HOW TO BE A PHOTOGRAPHER\r\nMany YASH photographers make big money\r\nphotographing RAJU8s and beautiful RAJU11s. They sell\r\nthe prints to YASH1 magazines or to agencies who use\r\nthem in RAJU5 advertisements. To be a photographer, you\r\nhave to have a RAJU9 camera. You also need an\r\nYASH2 meter and filters and a special close-up\r\nRAJU4. Then you either hire professional RAJU11s or go\r\nout and snap candid pictures of ordinary RAJU1s. But if you\r\nwant to have a career, you must study very SHARMA for at\r\nleast 100000 years.",
            "content_base64": null,
            "directory_permission": "0777",
            "file_permission": "0777",
            "filename": "madlibs/madlibs-1.txt",
            "id": "9915fe585c55271b5ce826dced6448d336804fda",
            "sensitive_content": null,
            "source": null
          },
          "sensitive_attributes": [],
          "private": "bnVsbA==",
          "dependencies": [
            "random_shuffle.random_adjectives",
            "random_shuffle.random_adverbs",
            "random_shuffle.random_nouns",
            "random_shuffle.random_numbers",
            "random_shuffle.random_verbs"
          ]
        },
        {
          "index_key": 2,
          "schema_version": 0,
          "attributes": {
            "content": "THE OBSERVATORY\r\nOut class when on a field trip to a YASH observatory. It\r\nwas located on top of a RAJU5, and it looked like a giant\r\nRAJU3 with a slit down its RAJU9. We went inside and\r\nlooked through a RAJU11 and were able to see RAJU6s in\r\nthe sky that were millions of RAJU10s away. The men and\r\nwomen who RAM in the observatory are called\r\nRAJU7s, and they are always watching for comets, eclipses,\r\nand shooting RAJU4s. An eclipse occurs when a RAJU2\r\ncomes between the earth and the RAJU1 and everything\r\ngets YASH1. Next week, we place to RAM1 the\r\nMuseum of Modern RAJU8.",
            "content_base64": null,
            "directory_permission": "0777",
            "file_permission": "0777",
            "filename": "madlibs/madlibs-2.txt",
            "id": "40c80318a96f9d3b3e27f4f35ce07651284be808",
            "sensitive_content": null,
            "source": null
          },
          "sensitive_attributes": [],
          "private": "bnVsbA==",
          "dependencies": [
            "random_shuffle.random_adjectives",
            "random_shuffle.random_adverbs",
            "random_shuffle.random_nouns",
            "random_shuffle.random_numbers",
            "random_shuffle.random_verbs"
          ]
        },
        {
          "index_key": 3,
          "schema_version": 0,
          "attributes": {
            "content": "HOW TO BE A PHOTOGRAPHER\r\nMany YASH2 photographers make big money\r\nphotographing RAJU8s and beautiful RAJU2s. They sell\r\nthe prints to YASH1 magazines or to agencies who use\r\nthem in RAJU1 advertisements. To be a photographer, you\r\nhave to have a RAJU7 camera. You also need an\r\nYASH meter and filters and a special close-up\r\nRAJU11. Then you either hire professional RAJU2s or go\r\nout and snap candid pictures of ordinary RAJU5s. But if you\r\nwant to have a career, you must study very SHARMA for at\r\nleast 100000 years.",
            "content_base64": null,
            "directory_permission": "0777",
            "file_permission": "0777",
            "filename": "madlibs/madlibs-3.txt",
            "id": "b9b766b4d6dad4a367b848c3b0fd792ad4318d96",
            "sensitive_content": null,
            "source": null
          },
          "sensitive_attributes": [],
          "private": "bnVsbA==",
          "dependencies": [
            "random_shuffle.random_adjectives",
            "random_shuffle.random_adverbs",
            "random_shuffle.random_nouns",
            "random_shuffle.random_numbers",
            "random_shuffle.random_verbs"
          ]
        },
        {
          "index_key": 4,
          "schema_version": 0,
          "attributes": {
            "content": "THE OBSERVATORY\r\nOut class when on a field trip to a YASH observatory. It\r\nwas located on top of a RAJU9, and it looked like a giant\r\nRAJU4 with a slit down its RAJU6. We went inside and\r\nlooked through a RAJU11 and were able to see RAJU8s in\r\nthe sky that were millions of RAJU10s away. The men and\r\nwomen who RAM in the observatory are called\r\nRAJU1s, and they are always watching for comets, eclipses,\r\nand shooting RAJU2s. An eclipse occurs when a RAJU7\r\ncomes between the earth and the RAJU3 and everything\r\ngets YASH2. Next week, we place to RAM1 the\r\nMuseum of Modern RAJU5.",
            "content_base64": null,
            "directory_permission": "0777",
            "file_permission": "0777",
            "filename": "madlibs/madlibs-4.txt",
            "id": "05edea9134db454c443117bf7c4688140a2eed4d",
            "sensitive_content": null,
            "source": null
          },
          "sensitive_attributes": [],
          "private": "bnVsbA==",
          "dependencies": [
            "random_shuffle.random_adjectives",
            "random_shuffle.random_adverbs",
            "random_shuffle.random_nouns",
            "random_shuffle.random_numbers",
            "random_shuffle.random_verbs"
          ]
        },
        {
          "index_key": 5,
          "schema_version": 0,
          "attributes": {
            "content": "HOW TO BE A PHOTOGRAPHER\r\nMany YASH2 photographers make big money\r\nphotographing RAJU10s and beautiful RAJU8s. They sell\r\nthe prints to YASH magazines or to agencies who use\r\nthem in RAJU7 advertisements. To be a photographer, you\r\nhave to have a RAJU4 camera. You also need an\r\nYASH1 meter and filters and a special close-up\r\nRAJU9. Then you either hire professional RAJU8s or go\r\nout and snap candid pictures of ordinary RAJU2s. But if you\r\nwant to have a career, you must study very SHARMA for at\r\nleast 100000 years.",
            "content_base64": null,
            "directory_permission": "0777",
            "file_permission": "0777",
            "filename": "madlibs/madlibs-5.txt",
            "id": "81eb0e8244d3ede23cf3f28bf0f14956c2ca6544",
            "sensitive_content": null,
            "source": null
          },
          "sensitive_attributes": [],
          "private": "bnVsbA==",
          "dependencies": [
            "random_shuffle.random_adjectives",
            "random_shuffle.random_adverbs",
            "random_shuffle.random_nouns",
            "random_shuffle.random_numbers",
            "random_shuffle.random_verbs"
          ]
        },
        {
          "index_key": 6,
          "schema_version": 0,
          "attributes": {
            "content": "THE OBSERVATORY\r\nOut class when on a field trip to a YASH observatory. It\r\nwas located on top of a RAJU5, and it looked like a giant\r\nRAJU6 with a slit down its RAJU2. We went inside and\r\nlooked through a RAJU4 and were able to see RAJU8s in\r\nthe sky that were millions of RAJU11s away. The men and\r\nwomen who RAM1 in the observatory are called\r\nRAJU1s, and they are always watching for comets, eclipses,\r\nand shooting RAJU10s. An eclipse occurs when a RAJU3\r\ncomes between the earth and the RAJU7 and everything\r\ngets YASH1. Next week, we place to RAM the\r\nMuseum of Modern RAJU9.",
            "content_base64": null,
            "directory_permission": "0777",
            "file_permission": "0777",
            "filename": "madlibs/madlibs-6.txt",
            "id": "1cf8db3f6d5f0ecc4130d31e0ed1b1fdf5bca6f4",
            "sensitive_content": null,
            "source": null
          },
          "sensitive_attributes": [],
          "private": "bnVsbA==",
          "dependencies": [
            "random_shuffle.random_adjectives",
            "random_shuffle.random_adverbs",
            "random_shuffle.random_nouns",
            "random_shuffle.random_numbers",
            "random_shuffle.random_verbs"
          ]
        },
        {
          "index_key": 7,
          "schema_version": 0,
          "attributes": {
            "content": "HOW TO BE A PHOTOGRAPHER\r\nMany YASH1 photographers make big money\r\nphotographing RAJU8s and beautiful RAJU11s. They sell\r\nthe prints to YASH magazines or to agencies who use\r\nthem in RAJU10 advertisements. To be a photographer, you\r\nhave to have a RAJU1 camera. You also need an\r\nYASH2 meter and filters and a special close-up\r\nRAJU5. Then you either hire professional RAJU11s or go\r\nout and snap candid pictures of ordinary RAJU9s. But if you\r\nwant to have a career, you must study very SHARMA for at\r\nleast 100000 years.",
            "content_base64": null,
            "directory_permission": "0777",
            "file_permission": "0777",
            "filename": "madlibs/madlibs-7.txt",
            "id": "95881098dda2934273062caedcdee719ff33100c",
            "sensitive_content": null,
            "source": null
          },
          "sensitive_attributes": [],
          "private": "bnVsbA==",
          "dependencies": [
            "random_shuffle.random_adjectives",
            "random_shuffle.random_adverbs",
            "random_shuffle.random_nouns",
            "random_shuffle.random_numbers",
            "random_shuffle.random_verbs"
          ]
        },
        {
          "index_key": 8,
          "schema_version": 0,
          "attributes": {
            "content": "THE OBSERVATORY\r\nOut class when on a field trip to a YASH2 observatory. It\r\nwas located on top of a RAJU11, and it looked like a giant\r\nRAJU7 with a slit down its RAJU1. We went inside and\r\nlooked through a RAJU3 and were able to see RAJU9s in\r\nthe sky that were millions of RAJU8s away. The men and\r\nwomen who RAM1 in the observatory are called\r\nRAJU5s, and they are always watching for comets, eclipses,\r\nand shooting RAJU4s. An eclipse occurs when a RAJU2\r\ncomes between the earth and the RAJU10 and everything\r\ngets YASH1. Next week, we place to RAM the\r\nMuseum of Modern RAJU6.",
            "content_base64": null,
            "directory_permission": "0777",
            "file_permission": "0777",
            "filename": "madlibs/madlibs-8.txt",
            "id": "630c7a8fa3b0b108d464a80c8965603ae57a5a56",
            "sensitive_content": null,
            "source": null
          },
          "sensitive_attributes": [],
          "private": "bnVsbA==",
          "dependencies": [
            "random_shuffle.random_adjectives",
            "random_shuffle.random_adverbs",
            "random_shuffle.random_nouns",
            "random_shuffle.random_numbers",
            "random_shuffle.random_verbs"
          ]
        },
        {
          "index_key": 9,
          "schema_version": 0,
          "attributes": {
            "content": "HOW TO BE A PHOTOGRAPHER\r\nMany YASH2 photographers make big money\r\nphotographing RAJU11s and beautiful RAJU1s. They sell\r\nthe prints to YASH magazines or to agencies who use\r\nthem in RAJU9 advertisements. To be a photographer, you\r\nhave to have a RAJU2 camera. You also need an\r\nYASH1 meter and filters and a special close-up\r\nRAJU6. Then you either hire professional RAJU1s or go\r\nout and snap candid pictures of ordinary RAJU5s. But if you\r\nwant to have a career, you must study very SHARMA for at\r\nleast 100000 years.",
            "content_base64": null,
            "directory_permission": "0777",
            "file_permission": "0777",
            "filename": "madlibs/madlibs-9.txt",
            "id": "4bdd28db73fb1064e77ca6404257c960bc755c1a",
            "sensitive_content": null,
            "source": null
          },
          "sensitive_attributes": [],
          "private": "bnVsbA==",
          "dependencies": [
            "random_shuffle.random_adjectives",
            "random_shuffle.random_adverbs",
            "random_shuffle.random_nouns",
            "random_shuffle.random_numbers",
            "random_shuffle.random_verbs"
          ]
        },
        {
          "index_key": 10,
          "schema_version": 0,
          "attributes": {
            "content": "THE OBSERVATORY\r\nOut class when on a field trip to a YASH1 observatory. It\r\nwas located on top of a RAJU3, and it looked like a giant\r\nRAJU10 with a slit down its RAJU9. We went inside and\r\nlooked through a RAJU4 and were able to see RAJU2s in\r\nthe sky that were millions of RAJU7s away. The men and\r\nwomen who RAM1 in the observatory are called\r\nRAJU6s, and they are always watching for comets, eclipses,\r\nand shooting RAJU1s. An eclipse occurs when a RAJU11\r\ncomes between the earth and the RAJU5 and everything\r\ngets YASH. Next week, we place to RAM the\r\nMuseum of Modern RAJU8.",
            "content_base64": null,
            "directory_permission": "0777",
            "file_permission": "0777",
            "filename": "madlibs/madlibs-10.txt",
            "id": "a732be62af42297b12c6e87ba0f38e9b46b6dcf7",
            "sensitive_content": null,
            "source": null
          },
          "sensitive_attributes": [],
          "private": "bnVsbA==",
          "dependencies": [
            "random_shuffle.random_adjectives",
            "random_shuffle.random_adverbs",
            "random_shuffle.random_nouns",
            "random_shuffle.random_numbers",
            "random_shuffle.random_verbs"
          ]
        },
        {
          "index_key": 11,
          "schema_version": 0,
          "attributes": {
            "content": "HOW TO BE A PHOTOGRAPHER\r\nMany YASH photographers make big money\r\nphotographing RAJU1s and beautiful RAJU11s. They sell\r\nthe prints to YASH2 magazines or to agencies who use\r\nthem in RAJU7 advertisements. To be a photographer, you\r\nhave to have a RAJU6 camera. You also need an\r\nYASH1 meter and filters and a special close-up\r\nRAJU2. Then you either hire professional RAJU11s or go\r\nout and snap candid pictures of ordinary RAJU8s. But if you\r\nwant to have a career, you must study very SHARMA for at\r\nleast 100000 years.",
            "content_base64": null,
            "directory_permission": "0777",
            "file_permission": "0777",
            "filename": "madlibs/madlibs-11.txt",
            "id": "08aafa34886523af8e61f68b8fdace8361a9374e",
            "sensitive_content": null,
            "source": null
          },
          "sensitive_attributes": [],
          "private": "bnVsbA==",
          "dependencies": [
            "random_shuffle.random_adjectives",
            "random_shuffle.random_adverbs",
            "random_shuffle.random_nouns",
            "random_shuffle.random_numbers",
            "random_shuffle.random_verbs"
          ]
        },
        {
          "index_key": 12,
          "schema_version": 0,
          "attributes": {
            "content": "THE OBSERVATORY\r\nOut class when on a field trip to a YASH2 observatory. It\r\nwas located on top of a RAJU6, and it looked like a giant\r\nRAJU11 with a slit down its RAJU4. We went inside and\r\nlooked through a RAJU10 and were able to see RAJU3s in\r\nthe sky that were millions of RAJU7s away. The men and\r\nwomen who RAM1 in the observatory are called\r\nRAJU8s, and they are always watching for comets, eclipses,\r\nand shooting RAJU5s. An eclipse occurs when a RAJU9\r\ncomes between the earth and the RAJU1 and everything\r\ngets YASH. Next week, we place to RAM the\r\nMuseum of Modern RAJU2.",
            "content_base64": null,
            "directory_permission": "0777",
            "file_permission": "0777",
            "filename": "madlibs/madlibs-12.txt",
            "id": "231feb7d1feccbad6a1ef49210df9f8a35b802ad",
            "sensitive_content": null,
            "source": null
          },
          "sensitive_attributes": [],
          "private": "bnVsbA==",
          "dependencies": [
            "random_shuffle.random_adjectives",
            "random_shuffle.random_adverbs",
            "random_shuffle.random_nouns",
            "random_shuffle.random_numbers",
            "random_shuffle.random_verbs"
          ]
        },
        {
          "index_key": 13,
          "schema_version": 0,
          "attributes": {
            "content": "HOW TO BE A PHOTOGRAPHER\r\nMany YASH photographers make big money\r\nphotographing RAJU11s and beautiful RAJU4s. They sell\r\nthe prints to YASH1 magazines or to agencies who use\r\nthem in RAJU10 advertisements. To be a photographer, you\r\nhave to have a RAJU3 camera. You also need an\r\nYASH2 meter and filters and a special close-up\r\nRAJU9. Then you either hire professional RAJU4s or go\r\nout and snap candid pictures of ordinary RAJU5s. But if you\r\nwant to have a career, you must study very SHARMA for at\r\nleast 100000 years.",
            "content_base64": null,
            "directory_permission": "0777",
            "file_permission": "0777",
            "filename": "madlibs/madlibs-13.txt",
            "id": "34e7f0a79084ae88e407abbe298f46d70e45bc84",
            "sensitive_content": null,
            "source": null
          },
          "sensitive_attributes": [],
          "private": "bnVsbA==",
          "dependencies": [
            "random_shuffle.random_adjectives",
            "random_shuffle.random_adverbs",
            "random_shuffle.random_nouns",
            "random_shuffle.random_numbers",
            "random_shuffle.random_verbs"
          ]
        },
        {
          "index_key": 14,
          "schema_version": 0,
          "attributes": {
            "content": "THE OBSERVATORY\r\nOut class when on a field trip to a YASH2 observatory. It\r\nwas located on top of a RAJU8, and it looked like a giant\r\nRAJU4 with a slit down its RAJU2. We went inside and\r\nlooked through a RAJU3 and were able to see RAJU11s in\r\nthe sky that were millions of RAJU1s away. The men and\r\nwomen who RAM1 in the observatory are called\r\nRAJU5s, and they are always watching for comets, eclipses,\r\nand shooting RAJU10s. An eclipse occurs when a RAJU7\r\ncomes between the earth and the RAJU6 and everything\r\ngets YASH. Next week, we place to RAM the\r\nMuseum of Modern RAJU9.",
            "content_base64": null,
            "directory_permission": "0777",
            "file_permission": "0777",
            "filename": "madlibs/madlibs-14.txt",
            "id": "b2e1781f6e8dc5695e833e89db0b6df7eb67e1f3",
            "sensitive_content": null,
            "source": null
          },
          "sensitive_attributes": [],
          "private": "bnVsbA==",
          "dependencies": [
            "random_shuffle.random_adjectives",
            "random_shuffle.random_adverbs",
            "random_shuffle.random_nouns",
            "random_shuffle.random_numbers",
            "random_shuffle.random_verbs"
          ]
        },
        {
          "index_key": 15,
          "schema_version": 0,
          "attributes": {
            "content": "HOW TO BE A PHOTOGRAPHER\r\nMany YASH2 photographers make big money\r\nphotographing RAJU8s and beautiful RAJU2s. They sell\r\nthe prints to YASH magazines or to agencies who use\r\nthem in RAJU11 advertisements. To be a photographer, you\r\nhave to have a RAJU3 camera. You also need an\r\nYASH1 meter and filters and a special close-up\r\nRAJU10. Then you either hire professional RAJU2s or go\r\nout and snap candid pictures of ordinary RAJU4s. But if you\r\nwant to have a career, you must study very SHARMA for at\r\nleast 100000 years.",
            "content_base64": null,
            "directory_permission": "0777",
            "file_permission": "0777",
            "filename": "madlibs/madlibs-15.txt",
            "id": "2c70a450484e492351dea7123538a76af5f8ed81",
            "sensitive_content": null,
            "source": null
          },
          "sensitive_attributes": [],
          "private": "bnVsbA==",
          "dependencies": [
            "random_shuffle.random_adjectives",
            "random_shuffle.random_adverbs",
            "random_shuffle.random_nouns",
            "random_shuffle.random_numbers",
            "random_shuffle.random_verbs"
          ]
        },
        {
          "index_key": 16,
          "schema_version": 0,
          "attributes": {
            "content": "THE OBSERVATORY\r\nOut class when on a field trip to a YASH2 observatory. It\r\nwas located on top of a RAJU8, and it looked like a giant\r\nRAJU3 with a slit down its RAJU1. We went inside and\r\nlooked through a RAJU4 and were able to see RAJU7s in\r\nthe sky that were millions of RAJU6s away. The men and\r\nwomen who RAM in the observatory are called\r\nRAJU9s, and they are always watching for comets, eclipses,\r\nand shooting RAJU10s. An eclipse occurs when a RAJU11\r\ncomes between the earth and the RAJU2 and everything\r\ngets YASH1. Next week, we place to RAM1 the\r\nMuseum of Modern RAJU5.",
            "content_base64": null,
            "directory_permission": "0777",
            "file_permission": "0777",
            "filename": "madlibs/madlibs-16.txt",
            "id": "fdf04856dd5245f0eeb1c3ae4e2a73f55f17298d",
            "sensitive_content": null,
            "source": null
          },
          "sensitive_attributes": [],
          "private": "bnVsbA==",
          "dependencies": [
            "random_shuffle.random_adjectives",
            "random_shuffle.random_adverbs",
            "random_shuffle.random_nouns",
            "random_shuffle.random_numbers",
            "random_shuffle.random_verbs"
          ]
        },
        {
          "index_key": 17,
          "schema_version": 0,
          "attributes": {
            "content": "HOW TO BE A PHOTOGRAPHER\r\nMany YASH2 photographers make big money\r\nphotographing RAJU10s and beautiful RAJU2s. They sell\r\nthe prints to YASH magazines or to agencies who use\r\nthem in RAJU4 advertisements. To be a photographer, you\r\nhave to have a RAJU1 camera. You also need an\r\nYASH1 meter and filters and a special close-up\r\nRAJU11. Then you either hire professional RAJU2s or go\r\nout and snap candid pictures of ordinary RAJU6s. But if you\r\nwant to have a career, you must study very SHARMA for at\r\nleast 100000 years.",
            "content_base64": null,
            "directory_permission": "0777",
            "file_permission": "0777",
            "filename": "madlibs/madlibs-17.txt",
            "id": "4bfaa170a64450fc9c1891e67cd2013ea1209464",
            "sensitive_content": null,
            "source": null
          },
          "sensitive_attributes": [],
          "private": "bnVsbA==",
          "dependencies": [
            "random_shuffle.random_adjectives",
            "random_shuffle.random_adverbs",
            "random_shuffle.random_nouns",
            "random_shuffle.random_numbers",
            "random_shuffle.random_verbs"
          ]
        },
        {
          "index_key": 18,
          "schema_version": 0,
          "attributes": {
            "content": "THE OBSERVATORY\r\nOut class when on a field trip to a YASH observatory. It\r\nwas located on top of a RAJU11, and it looked like a giant\r\nRAJU7 with a slit down its RAJU3. We went inside and\r\nlooked through a RAJU5 and were able to see RAJU8s in\r\nthe sky that were millions of RAJU6s away. The men and\r\nwomen who RAM in the observatory are called\r\nRAJU10s, and they are always watching for comets, eclipses,\r\nand shooting RAJU9s. An eclipse occurs when a RAJU2\r\ncomes between the earth and the RAJU1 and everything\r\ngets YASH2. Next week, we place to RAM1 the\r\nMuseum of Modern RAJU4.",
            "content_base64": null,
            "directory_permission": "0777",
            "file_permission": "0777",
            "filename": "madlibs/madlibs-18.txt",
            "id": "ef3e82a3d547ce12d76274a3884599485fbad31b",
            "sensitive_content": null,
            "source": null
          },
          "sensitive_attributes": [],
          "private": "bnVsbA==",
          "dependencies": [
            "random_shuffle.random_adjectives",
            "random_shuffle.random_adverbs",
            "random_shuffle.random_nouns",
            "random_shuffle.random_numbers",
            "random_shuffle.random_verbs"
          ]
        },
        {
          "index_key": 19,
          "schema_version": 0,
          "attributes": {
            "content": "HOW TO BE A PHOTOGRAPHER\r\nMany YASH photographers make big money\r\nphotographing RAJU4s and beautiful RAJU8s. They sell\r\nthe prints to YASH1 magazines or to agencies who use\r\nthem in RAJU9 advertisements. To be a photographer, you\r\nhave to have a RAJU3 camera. You also need an\r\nYASH2 meter and filters and a special close-up\r\nRAJU1. Then you either hire professional RAJU8s or go\r\nout and snap candid pictures of ordinary RAJU10s. But if you\r\nwant to have a career, you must study very SHARMA for at\r\nleast 100000 years.",
            "content_base64": null,
            "directory_permission": "0777",
            "file_permission": "0777",
            "filename": "madlibs/madlibs-19.txt",
            "id": "6591e1776e8152da8e98720f4b06805ab9f7c608",
            "sensitive_content": null,
            "source": null
          },
          "sensitive_attributes": [],
          "private": "bnVsbA==",
          "dependencies": [
            "random_shuffle.random_adjectives",
            "random_shuffle.random_adverbs",
            "random_shuffle.random_nouns",
            "random_shuffle.random_numbers",
            "random_shuffle.random_verbs"
          ]
        },
        {
          "index_key": 20,
          "schema_version": 0,
          "attributes": {
            "content": "THE OBSERVATORY\r\nOut class when on a field trip to a YASH2 observatory. It\r\nwas located on top of a RAJU9, and it looked like a giant\r\nRAJU8 with a slit down its RAJU11. We went inside and\r\nlooked through a RAJU3 and were able to see RAJU10s in\r\nthe sky that were millions of RAJU4s away. The men and\r\nwomen who RAM1 in the observatory are called\r\nRAJU7s, and they are always watching for comets, eclipses,\r\nand shooting RAJU2s. An eclipse occurs when a RAJU1\r\ncomes between the earth and the RAJU5 and everything\r\ngets YASH. Next week, we place to RAM the\r\nMuseum of Modern RAJU6.",
            "content_base64": null,
            "directory_permission": "0777",
            "file_permission": "0777",
            "filename": "madlibs/madlibs-20.txt",
            "id": "2e9eaf1d7407708a709451c3188d71dd84afa97a",
            "sensitive_content": null,
            "source": null
          },
          "sensitive_attributes": [],
          "private": "bnVsbA==",
          "dependencies": [
            "random_shuffle.random_adjectives",
            "random_shuffle.random_adverbs",
            "random_shuffle.random_nouns",
            "random_shuffle.random_numbers",
            "random_shuffle.random_verbs"
          ]
        },
        {
          "index_key": 21,
          "schema_version": 0,
          "attributes": {
            "content": "HOW TO BE A PHOTOGRAPHER\r\nMany YASH1 photographers make big money\r\nphotographing RAJU10s and beautiful RAJU5s. They sell\r\nthe prints to YASH magazines or to agencies who use\r\nthem in RAJU9 advertisements. To be a photographer, you\r\nhave to have a RAJU4 camera. You also need an\r\nYASH2 meter and filters and a special close-up\r\nRAJU1. Then you either hire professional RAJU5s or go\r\nout and snap candid pictures of ordinary RAJU11s. But if you\r\nwant to have a career, you must study very SHARMA for at\r\nleast 100000 years.",
            "content_base64": null,
            "directory_permission": "0777",
            "file_permission": "0777",
            "filename": "madlibs/madlibs-21.txt",
            "id": "e4a95592a1c4aa603eff886af06eab6766e1b6ec",
            "sensitive_content": null,
            "source": null
          },
          "sensitive_attributes": [],
          "private": "bnVsbA==",
          "dependencies": [
            "random_shuffle.random_adjectives",
            "random_shuffle.random_adverbs",
            "random_shuffle.random_nouns",
            "random_shuffle.random_numbers",
            "random_shuffle.random_verbs"
          ]
        },
        {
          "index_key": 22,
          "schema_version": 0,
          "attributes": {
            "content": "THE OBSERVATORY\r\nOut class when on a field trip to a YASH observatory. It\r\nwas located on top of a RAJU3, and it looked like a giant\r\nRAJU4 with a slit down its RAJU11. We went inside and\r\nlooked through a RAJU7 and were able to see RAJU9s in\r\nthe sky that were millions of RAJU10s away. The men and\r\nwomen who RAM1 in the observatory are called\r\nRAJU8s, and they are always watching for comets, eclipses,\r\nand shooting RAJU6s. An eclipse occurs when a RAJU5\r\ncomes between the earth and the RAJU2 and everything\r\ngets YASH1. Next week, we place to RAM the\r\nMuseum of Modern RAJU1.",
            "content_base64": null,
            "directory_permission": "0777",
            "file_permission": "0777",
            "filename": "madlibs/madlibs-22.txt",
            "id": "9d0d18661095bc0c7ca1f0bce65640105898ce57",
            "sensitive_content": null,
            "source": null
          },
          "sensitive_attributes": [],
          "private": "bnVsbA==",
          "dependencies": [
            "random_shuffle.random_adjectives",
            "random_shuffle.random_adverbs",
            "random_shuffle.random_nouns",
            "random_shuffle.random_numbers",
            "random_shuffle.random_verbs"
          ]
        },
        {
          "index_key": 23,
          "schema_version": 0,
          "attributes": {
            "content": "HOW TO BE A PHOTOGRAPHER\r\nMany YASH1 photographers make big money\r\nphotographing RAJU2s and beautiful RAJU5s. They sell\r\nthe prints to YASH magazines or to agencies who use\r\nthem in RAJU7 advertisements. To be a photographer, you\r\nhave to have a RAJU3 camera. You also need an\r\nYASH2 meter and filters and a special close-up\r\nRAJU1. Then you either hire professional RAJU5s or go\r\nout and snap candid pictures of ordinary RAJU9s. But if you\r\nwant to have a career, you must study very SHARMA for at\r\nleast 100000 years.",
            "content_base64": null,
            "directory_permission": "0777",
            "file_permission": "0777",
            "filename": "madlibs/madlibs-23.txt",
            "id": "020932ce92913cada1caaf9962cfbc79e0feaa56",
            "sensitive_content": null,
            "source": null
          },
          "sensitive_attributes": [],
          "private": "bnVsbA==",
          "dependencies": [
            "random_shuffle.random_adjectives",
            "random_shuffle.random_adverbs",
            "random_shuffle.random_nouns",
            "random_shuffle.random_numbers",
            "random_shuffle.random_verbs"
          ]
        },
        {
          "index_key": 24,
          "schema_version": 0,
          "attributes": {
            "content": "THE OBSERVATORY\r\nOut class when on a field trip to a YASH1 observatory. It\r\nwas located on top of a RAJU8, and it looked like a giant\r\nRAJU4 with a slit down its RAJU2. We went inside and\r\nlooked through a RAJU3 and were able to see RAJU11s in\r\nthe sky that were millions of RAJU1s away. The men and\r\nwomen who RAM1 in the observatory are called\r\nRAJU5s, and they are always watching for comets, eclipses,\r\nand shooting RAJU10s. An eclipse occurs when a RAJU7\r\ncomes between the earth and the RAJU6 and everything\r\ngets YASH2. Next week, we place to RAM the\r\nMuseum of Modern RAJU9.",
            "content_base64": null,
            "directory_permission": "0777",
            "file_permission": "0777",
            "filename": "madlibs/madlibs-24.txt",
            "id": "3086ea220a3362c295e7082a737101161a3e656c",
            "sensitive_content": null,
            "source": null
          },
          "sensitive_attributes": [],
          "private": "bnVsbA==",
          "dependencies": [
            "random_shuffle.random_adjectives",
            "random_shuffle.random_adverbs",
            "random_shuffle.random_nouns",
            "random_shuffle.random_numbers",
            "random_shuffle.random_verbs"
          ]
        },
        {
          "index_key": 25,
          "schema_version": 0,
          "attributes": {
            "content": "HOW TO BE A PHOTOGRAPHER\r\nMany YASH1 photographers make big money\r\nphotographing RAJU6s and beautiful RAJU9s. They sell\r\nthe prints to YASH2 magazines or to agencies who use\r\nthem in RAJU2 advertisements. To be a photographer, you\r\nhave to have a RAJU5 camera. You also need an\r\nYASH meter and filters and a special close-up\r\nRAJU8. Then you either hire professional RAJU9s or go\r\nout and snap candid pictures of ordinary RAJU11s. But if you\r\nwant to have a career, you must study very SHARMA for at\r\nleast 100000 years.",
            "content_base64": null,
            "directory_permission": "0777",
            "file_permission": "0777",
            "filename": "madlibs/madlibs-25.txt",
            "id": "c52560d7d86b31e747d506e413f6d7dd14122630",
            "sensitive_content": null,
            "source": null
          },
          "sensitive_attributes": [],
          "private": "bnVsbA==",
          "dependencies": [
            "random_shuffle.random_adjectives",
            "random_shuffle.random_adverbs",
            "random_shuffle.random_nouns",
            "random_shuffle.random_numbers",
            "random_shuffle.random_verbs"
          ]
        },
        {
          "index_key": 26,
          "schema_version": 0,
          "attributes": {
            "content": "THE OBSERVATORY\r\nOut class when on a field trip to a YASH1 observatory. It\r\nwas located on top of a RAJU2, and it looked like a giant\r\nRAJU5 with a slit down its RAJU7. We went inside and\r\nlooked through a RAJU8 and were able to see RAJU11s in\r\nthe sky that were millions of RAJU1s away. The men and\r\nwomen who RAM in the observatory are called\r\nRAJU9s, and they are always watching for comets, eclipses,\r\nand shooting RAJU3s. An eclipse occurs when a RAJU10\r\ncomes between the earth and the RAJU6 and everything\r\ngets YASH. Next week, we place to RAM1 the\r\nMuseum of Modern RAJU4.",
            "content_base64": null,
            "directory_permission": "0777",
            "file_permission": "0777",
            "filename": "madlibs/madlibs-26.txt",
            "id": "8f47c85fd82a695e25ef2f146bb87b8b91e42a86",
            "sensitive_content": null,
            "source": null
          },
          "sensitive_attributes": [],
          "private": "bnVsbA==",
          "dependencies": [
            "random_shuffle.random_adjectives",
            "random_shuffle.random_adverbs",
            "random_shuffle.random_nouns",
            "random_shuffle.random_numbers",
            "random_shuffle.random_verbs"
          ]
        },
        {
          "index_key": 27,
          "schema_version": 0,
          "attributes": {
            "content": "HOW TO BE A PHOTOGRAPHER\r\nMany YASH1 photographers make big money\r\nphotographing RAJU8s and beautiful RAJU9s. They sell\r\nthe prints to YASH2 magazines or to agencies who use\r\nthem in RAJU10 advertisements. To be a photographer, you\r\nhave to have a RAJU11 camera. You also need an\r\nYASH meter and filters and a special close-up\r\nRAJU4. Then you either hire professional RAJU9s or go\r\nout and snap candid pictures of ordinary RAJU3s. But if you\r\nwant to have a career, you must study very SHARMA for at\r\nleast 100000 years.",
            "content_base64": null,
            "directory_permission": "0777",
            "file_permission": "0777",
            "filename": "madlibs/madlibs-27.txt",
            "id": "0f34df665e26831a5637890f73090a885a57e0e2",
            "sensitive_content": null,
            "source": null
          },
          "sensitive_attributes": [],
          "private": "bnVsbA==",
          "dependencies": [
            "random_shuffle.random_adjectives",
            "random_shuffle.random_adverbs",
            "random_shuffle.random_nouns",
            "random_shuffle.random_numbers",
            "random_shuffle.random_verbs"
          ]
        },
        {
          "index_key": 28,
          "schema_version": 0,
          "attributes": {
            "content": "THE OBSERVATORY\r\nOut class when on a field trip to a YASH observatory. It\r\nwas located on top of a RAJU1, and it looked like a giant\r\nRAJU3 with a slit down its RAJU8. We went inside and\r\nlooked through a RAJU9 and were able to see RAJU7s in\r\nthe sky that were millions of RAJU6s away. The men and\r\nwomen who RAM in the observatory are called\r\nRAJU2s, and they are always watching for comets, eclipses,\r\nand shooting RAJU4s. An eclipse occurs when a RAJU10\r\ncomes between the earth and the RAJU11 and everything\r\ngets YASH1. Next week, we place to RAM1 the\r\nMuseum of Modern RAJU5.",
            "content_base64": null,
            "directory_permission": "0777",
            "file_permission": "0777",
            "filename": "madlibs/madlibs-28.txt",
            "id": "833cc72ecdf320a5d01c76c35660cbc1ce30372d",
            "sensitive_content": null,
            "source": null
          },
          "sensitive_attributes": [],
          "private": "bnVsbA==",
          "dependencies": [
            "random_shuffle.random_adjectives",
            "random_shuffle.random_adverbs",
            "random_shuffle.random_nouns",
            "random_shuffle.random_numbers",
            "random_shuffle.random_verbs"
          ]
        },
        {
          "index_key": 29,
          "schema_version": 0,
          "attributes": {
            "content": "HOW TO BE A PHOTOGRAPHER\r\nMany YASH photographers make big money\r\nphotographing RAJU1s and beautiful RAJU6s. They sell\r\nthe prints to YASH2 magazines or to agencies who use\r\nthem in RAJU5 advertisements. To be a photographer, you\r\nhave to have a RAJU3 camera. You also need an\r\nYASH1 meter and filters and a special close-up\r\nRAJU10. Then you either hire professional RAJU6s or go\r\nout and snap candid pictures of ordinary RAJU9s. But if you\r\nwant to have a career, you must study very SHARMA for at\r\nleast 100000 years.",
            "content_base64": null,
            "directory_permission": "0777",
            "file_permission": "0777",
            "filename": "madlibs/madlibs-29.txt",
            "id": "edd74187cd14c4521e2b9f1d8f84734dcb03ac1d",
            "sensitive_content": null,
            "source": null
          },
          "sensitive_attributes": [],
          "private": "bnVsbA==",
          "dependencies": [
            "random_shuffle.random_adjectives",
            "random_shuffle.random_adverbs",
            "random_shuffle.random_nouns",
            "random_shuffle.random_numbers",
            "random_shuffle.random_verbs"
          ]
        },
        {
          "index_key": 30,
          "schema_version": 0,
          "attributes": {
            "content": "THE OBSERVATORY\r\nOut class when on a field trip to a YASH observatory. It\r\nwas located on top of a RAJU7, and it looked like a giant\r\nRAJU2 with a slit down its RAJU8. We went inside and\r\nlooked through a RAJU5 and were able to see RAJU11s in\r\nthe sky that were millions of RAJU6s away. The men and\r\nwomen who RAM in the observatory are called\r\nRAJU3s, and they are always watching for comets, eclipses,\r\nand shooting RAJU1s. An eclipse occurs when a RAJU10\r\ncomes between the earth and the RAJU4 and everything\r\ngets YASH2. Next week, we place to RAM1 the\r\nMuseum of Modern RAJU9.",
            "content_base64": null,
            "directory_permission": "0777",
            "file_permission": "0777",
            "filename": "madlibs/madlibs-30.txt",
            "id": "43d4dde940636b3d617de0718c261ca1943ae635",
            "sensitive_content": null,
            "source": null
          },
          "sensitive_attributes": [],
          "private": "bnVsbA==",
          "dependencies": [
            "random_shuffle.random_adjectives",
            "random_shuffle.random_adverbs",
            "random_shuffle.random_nouns",
            "random_shuffle.random_numbers",
            "random_shuffle.random_verbs"
          ]
        },
        {
          "index_key": 31,
          "schema_version": 0,
          "attributes": {
            "content": "HOW TO BE A PHOTOGRAPHER\r\nMany YASH photographers make big money\r\nphotographing RAJU8s and beautiful RAJU9s. They sell\r\nthe prints to YASH2 magazines or to agencies who use\r\nthem in RAJU11 advertisements. To be a photographer, you\r\nhave to have a RAJU10 camera. You also need an\r\nYASH1 meter and filters and a special close-up\r\nRAJU4. Then you either hire professional RAJU9s or go\r\nout and snap candid pictures of ordinary RAJU1s. But if you\r\nwant to have a career, you must study very SHARMA for at\r\nleast 100000 years.",
            "content_base64": null,
            "directory_permission": "0777",
            "file_permission": "0777",
            "filename": "madlibs/madlibs-31.txt",
            "id": "884ffa91bc64b5d42e3bf25736094688f0fa0145",
            "sensitive_content": null,
            "source": null
          },
          "sensitive_attributes": [],
          "private": "bnVsbA==",
          "dependencies": [
            "random_shuffle.random_adjectives",
            "random_shuffle.random_adverbs",
            "random_shuffle.random_nouns",
            "random_shuffle.random_numbers",
            "random_shuffle.random_verbs"
          ]
        },
        {
          "index_key": 32,
          "schema_version": 0,
          "attributes": {
            "content": "THE OBSERVATORY\r\nOut class when on a field trip to a YASH observatory. It\r\nwas located on top of a RAJU11, and it looked like a giant\r\nRAJU5 with a slit down its RAJU4. We went inside and\r\nlooked through a RAJU2 and were able to see RAJU3s in\r\nthe sky that were millions of RAJU8s away. The men and\r\nwomen who RAM in the observatory are called\r\nRAJU10s, and they are always watching for comets, eclipses,\r\nand shooting RAJU7s. An eclipse occurs when a RAJU6\r\ncomes between the earth and the RAJU1 and everything\r\ngets YASH1. Next week, we place to RAM1 the\r\nMuseum of Modern RAJU9.",
            "content_base64": null,
            "directory_permission": "0777",
            "file_permission": "0777",
            "filename": "madlibs/madlibs-32.txt",
            "id": "f88942b5bc98d505a2574fab15937f37b429f03e",
            "sensitive_content": null,
            "source": null
          },
          "sensitive_attributes": [],
          "private": "bnVsbA==",
          "dependencies": [
            "random_shuffle.random_adjectives",
            "random_shuffle.random_adverbs",
            "random_shuffle.random_nouns",
            "random_shuffle.random_numbers",
            "random_shuffle.random_verbs"
          ]
        },
        {
          "index_key": 33,
          "schema_version": 0,
          "attributes": {
            "content": "HOW TO BE A PHOTOGRAPHER\r\nMany YASH photographers make big money\r\nphotographing RAJU1s and beautiful RAJU7s. They sell\r\nthe prints to YASH1 magazines or to agencies who use\r\nthem in RAJU6 advertisements. To be a photographer, you\r\nhave to have a RAJU3 camera. You also need an\r\nYASH2 meter and filters and a special close-up\r\nRAJU8. Then you either hire professional RAJU7s or go\r\nout and snap candid pictures of ordinary RAJU2s. But if you\r\nwant to have a career, you must study very SHARMA for at\r\nleast 100000 years.",
            "content_base64": null,
            "directory_permission": "0777",
            "file_permission": "0777",
            "filename": "madlibs/madlibs-33.txt",
            "id": "5b7deaf213dec38b76667bf9cf14bafe6bb31af5",
            "sensitive_content": null,
            "source": null
          },
          "sensitive_attributes": [],
          "private": "bnVsbA==",
          "dependencies": [
            "random_shuffle.random_adjectives",
            "random_shuffle.random_adverbs",
            "random_shuffle.random_nouns",
            "random_shuffle.random_numbers",
            "random_shuffle.random_verbs"
          ]
        },
        {
          "index_key": 34,
          "schema_version": 0,
          "attributes": {
            "content": "THE OBSERVATORY\r\nOut class when on a field trip to a YASH2 observatory. It\r\nwas located on top of a RAJU8, and it looked like a giant\r\nRAJU6 with a slit down its RAJU11. We went inside and\r\nlooked through a RAJU9 and were able to see RAJU7s in\r\nthe sky that were millions of RAJU4s away. The men and\r\nwomen who RAM in the observatory are called\r\nRAJU1s, and they are always watching for comets, eclipses,\r\nand shooting RAJU10s. An eclipse occurs when a RAJU5\r\ncomes between the earth and the RAJU3 and everything\r\ngets YASH. Next week, we place to RAM1 the\r\nMuseum of Modern RAJU2.",
            "content_base64": null,
            "directory_permission": "0777",
            "file_permission": "0777",
            "filename": "madlibs/madlibs-34.txt",
            "id": "c0264e74e87e946b64f179ca5a060ebed6d383d4",
            "sensitive_content": null,
            "source": null
          },
          "sensitive_attributes": [],
          "private": "bnVsbA==",
          "dependencies": [
            "random_shuffle.random_adjectives",
            "random_shuffle.random_adverbs",
            "random_shuffle.random_nouns",
            "random_shuffle.random_numbers",
            "random_shuffle.random_verbs"
          ]
        },
        {
          "index_key": 35,
          "schema_version": 0,
          "attributes": {
            "content": "HOW TO BE A PHOTOGRAPHER\r\nMany YASH2 photographers make big money\r\nphotographing RAJU9s and beautiful RAJU2s. They sell\r\nthe prints to YASH magazines or to agencies who use\r\nthem in RAJU6 advertisements. To be a photographer, you\r\nhave to have a RAJU1 camera. You also need an\r\nYASH1 meter and filters and a special close-up\r\nRAJU5. Then you either hire professional RAJU2s or go\r\nout and snap candid pictures of ordinary RAJU11s. But if you\r\nwant to have a career, you must study very SHARMA for at\r\nleast 100000 years.",
            "content_base64": null,
            "directory_permission": "0777",
            "file_permission": "0777",
            "filename": "madlibs/madlibs-35.txt",
            "id": "76a1ea8c6746347d26c91de46204455f82cbe392",
            "sensitive_content": null,
            "source": null
          },
          "sensitive_attributes": [],
          "private": "bnVsbA==",
          "dependencies": [
            "random_shuffle.random_adjectives",
            "random_shuffle.random_adverbs",
            "random_shuffle.random_nouns",
            "random_shuffle.random_numbers",
            "random_shuffle.random_verbs"
          ]
        },
        {
          "index_key": 36,
          "schema_version": 0,
          "attributes": {
            "content": "THE OBSERVATORY\r\nOut class when on a field trip to a YASH2 observatory. It\r\nwas located on top of a RAJU1, and it looked like a giant\r\nRAJU3 with a slit down its RAJU5. We went inside and\r\nlooked through a RAJU4 and were able to see RAJU6s in\r\nthe sky that were millions of RAJU2s away. The men and\r\nwomen who RAM1 in the observatory are called\r\nRAJU10s, and they are always watching for comets, eclipses,\r\nand shooting RAJU8s. An eclipse occurs when a RAJU7\r\ncomes between the earth and the RAJU11 and everything\r\ngets YASH. Next week, we place to RAM the\r\nMuseum of Modern RAJU9.",
            "content_base64": null,
            "directory_permission": "0777",
            "file_permission": "0777",
            "filename": "madlibs/madlibs-36.txt",
            "id": "7822b3dde2473f273a8045eefc267cf854407f51",
            "sensitive_content": null,
            "source": null
          },
          "sensitive_attributes": [],
          "private": "bnVsbA==",
          "dependencies": [
            "random_shuffle.random_adjectives",
            "random_shuffle.random_adverbs",
            "random_shuffle.random_nouns",
            "random_shuffle.random_numbers",
            "random_shuffle.random_verbs"
          ]
        },
        {
          "index_key": 37,
          "schema_version": 0,
          "attributes": {
            "content": "HOW TO BE A PHOTOGRAPHER\r\nMany YASH1 photographers make big money\r\nphotographing RAJU7s and beautiful RAJU4s. They sell\r\nthe prints to YASH2 magazines or to agencies who use\r\nthem in RAJU6 advertisements. To be a photographer, you\r\nhave to have a RAJU3 camera. You also need an\r\nYASH meter and filters and a special close-up\r\nRAJU8. Then you either hire professional RAJU4s or go\r\nout and snap candid pictures of ordinary RAJU5s. But if you\r\nwant to have a career, you must study very SHARMA for at\r\nleast 100000 years.",
            "content_base64": null,
            "directory_permission": "0777",
            "file_permission": "0777",
            "filename": "madlibs/madlibs-37.txt",
            "id": "b7ad18ebf2ae44d8a5382960302532c53ded4c52",
            "sensitive_content": null,
            "source": null
          },
          "sensitive_attributes": [],
          "private": "bnVsbA==",
          "dependencies": [
            "random_shuffle.random_adjectives",
            "random_shuffle.random_adverbs",
            "random_shuffle.random_nouns",
            "random_shuffle.random_numbers",
            "random_shuffle.random_verbs"
          ]
        },
        {
          "index_key": 38,
          "schema_version": 0,
          "attributes": {
            "content": "THE OBSERVATORY\r\nOut class when on a field trip to a YASH1 observatory. It\r\nwas located on top of a RAJU2, and it looked like a giant\r\nRAJU7 with a slit down its RAJU11. We went inside and\r\nlooked through a RAJU6 and were able to see RAJU8s in\r\nthe sky that were millions of RAJU4s away. The men and\r\nwomen who RAM1 in the observatory are called\r\nRAJU1s, and they are always watching for comets, eclipses,\r\nand shooting RAJU3s. An eclipse occurs when a RAJU9\r\ncomes between the earth and the RAJU5 and everything\r\ngets YASH. Next week, we place to RAM the\r\nMuseum of Modern RAJU10.",
            "content_base64": null,
            "directory_permission": "0777",
            "file_permission": "0777",
            "filename": "madlibs/madlibs-38.txt",
            "id": "e1f6314b716bc5f8f18c336f94e21d8ef1454a2b",
            "sensitive_content": null,
            "source": null
          },
          "sensitive_attributes": [],
          "private": "bnVsbA==",
          "dependencies": [
            "random_shuffle.random_adjectives",
            "random_shuffle.random_adverbs",
            "random_shuffle.random_nouns",
            "random_shuffle.random_numbers",
            "random_shuffle.random_verbs"
          ]
        },
        {
          "index_key": 39,
          "schema_version": 0,
          "attributes": {
            "content": "HOW TO BE A PHOTOGRAPHER\r\nMany YASH1 photographers make big money\r\nphotographing RAJU6s and beautiful RAJU10s. They sell\r\nthe prints to YASH2 magazines or to agencies who use\r\nthem in RAJU1 advertisements. To be a photographer, you\r\nhave to have a RAJU2 camera. You also need an\r\nYASH meter and filters and a special close-up\r\nRAJU8. Then you either hire professional RAJU10s or go\r\nout and snap candid pictures of ordinary RAJU5s. But if you\r\nwant to have a career, you must study very SHARMA for at\r\nleast 100000 years.",
            "content_base64": null,
            "directory_permission": "0777",
            "file_permission": "0777",
            "filename": "madlibs/madlibs-39.txt",
            "id": "90d54332d03395407347ededda979fb90c874cdb",
            "sensitive_content": null,
            "source": null
          },
          "sensitive_attributes": [],
          "private": "bnVsbA==",
          "dependencies": [
            "random_shuffle.random_adjectives",
            "random_shuffle.random_adverbs",
            "random_shuffle.random_nouns",
            "random_shuffle.random_numbers",
            "random_shuffle.random_verbs"
          ]
        },
        {
          "index_key": 40,
          "schema_version": 0,
          "attributes": {
            "content": "THE OBSERVATORY\r\nOut class when on a field trip to a YASH2 observatory. It\r\nwas located on top of a RAJU2, and it looked like a giant\r\nRAJU8 with a slit down its RAJU5. We went inside and\r\nlooked through a RAJU11 and were able to see RAJU4s in\r\nthe sky that were millions of RAJU6s away. The men and\r\nwomen who RAM in the observatory are called\r\nRAJU7s, and they are always watching for comets, eclipses,\r\nand shooting RAJU3s. An eclipse occurs when a RAJU10\r\ncomes between the earth and the RAJU1 and everything\r\ngets YASH. Next week, we place to RAM1 the\r\nMuseum of Modern RAJU9.",
            "content_base64": null,
            "directory_permission": "0777",
            "file_permission": "0777",
            "filename": "madlibs/madlibs-40.txt",
            "id": "061085dd64c973731c1705f7b654f71424335636",
            "sensitive_content": null,
            "source": null
          },
          "sensitive_attributes": [],
          "private": "bnVsbA==",
          "dependencies": [
            "random_shuffle.random_adjectives",
            "random_shuffle.random_adverbs",
            "random_shuffle.random_nouns",
            "random_shuffle.random_numbers",
            "random_shuffle.random_verbs"
          ]
        },
        {
          "index_key": 41,
          "schema_version": 0,
          "attributes": {
            "content": "HOW TO BE A PHOTOGRAPHER\r\nMany YASH2 photographers make big money\r\nphotographing RAJU11s and beautiful RAJU2s. They sell\r\nthe prints to YASH1 magazines or to agencies who use\r\nthem in RAJU6 advertisements. To be a photographer, you\r\nhave to have a RAJU4 camera. You also need an\r\nYASH meter and filters and a special close-up\r\nRAJU5. Then you either hire professional RAJU2s or go\r\nout and snap candid pictures of ordinary RAJU8s. But if you\r\nwant to have a career, you must study very SHARMA for at\r\nleast 100000 years.",
            "content_base64": null,
            "directory_permission": "0777",
            "file_permission": "0777",
            "filename": "madlibs/madlibs-41.txt",
            "id": "e5208fa75bc0e7d7bc328a0eb6060afb2919814c",
            "sensitive_content": null,
            "source": null
          },
          "sensitive_attributes": [],
          "private": "bnVsbA==",
          "dependencies": [
            "random_shuffle.random_adjectives",
            "random_shuffle.random_adverbs",
            "random_shuffle.random_nouns",
            "random_shuffle.random_numbers",
            "random_shuffle.random_verbs"
          ]
        },
        {
          "index_key": 42,
          "schema_version": 0,
          "attributes": {
            "content": "THE OBSERVATORY\r\nOut class when on a field trip to a YASH observatory. It\r\nwas located on top of a RAJU9, and it looked like a giant\r\nRAJU4 with a slit down its RAJU3. We went inside and\r\nlooked through a RAJU5 and were able to see RAJU1s in\r\nthe sky that were millions of RAJU2s away. The men and\r\nwomen who RAM1 in the observatory are called\r\nRAJU8s, and they are always watching for comets, eclipses,\r\nand shooting RAJU6s. An eclipse occurs when a RAJU11\r\ncomes between the earth and the RAJU10 and everything\r\ngets YASH1. Next week, we place to RAM the\r\nMuseum of Modern RAJU7.",
            "content_base64": null,
            "directory_permission": "0777",
            "file_permission": "0777",
            "filename": "madlibs/madlibs-42.txt",
            "id": "0c3acea956cb79662dfe33b8fbcaa040465598a7",
            "sensitive_content": null,
            "source": null
          },
          "sensitive_attributes": [],
          "private": "bnVsbA==",
          "dependencies": [
            "random_shuffle.random_adjectives",
            "random_shuffle.random_adverbs",
            "random_shuffle.random_nouns",
            "random_shuffle.random_numbers",
            "random_shuffle.random_verbs"
          ]
        },
        {
          "index_key": 43,
          "schema_version": 0,
          "attributes": {
            "content": "HOW TO BE A PHOTOGRAPHER\r\nMany YASH1 photographers make big money\r\nphotographing RAJU11s and beautiful RAJU6s. They sell\r\nthe prints to YASH2 magazines or to agencies who use\r\nthem in RAJU3 advertisements. To be a photographer, you\r\nhave to have a RAJU4 camera. You also need an\r\nYASH meter and filters and a special close-up\r\nRAJU2. Then you either hire professional RAJU6s or go\r\nout and snap candid pictures of ordinary RAJU5s. But if you\r\nwant to have a career, you must study very SHARMA for at\r\nleast 100000 years.",
            "content_base64": null,
            "directory_permission": "0777",
            "file_permission": "0777",
            "filename": "madlibs/madlibs-43.txt",
            "id": "df4e42dbebb815c2cc663f08a5b526e4c754cc9a",
            "sensitive_content": null,
            "source": null
          },
          "sensitive_attributes": [],
          "private": "bnVsbA==",
          "dependencies": [
            "random_shuffle.random_adjectives",
            "random_shuffle.random_adverbs",
            "random_shuffle.random_nouns",
            "random_shuffle.random_numbers",
            "random_shuffle.random_verbs"
          ]
        },
        {
          "index_key": 44,
          "schema_version": 0,
          "attributes": {
            "content": "THE OBSERVATORY\r\nOut class when on a field trip to a YASH observatory. It\r\nwas located on top of a RAJU5, and it looked like a giant\r\nRAJU11 with a slit down its RAJU3. We went inside and\r\nlooked through a RAJU7 and were able to see RAJU6s in\r\nthe sky that were millions of RAJU4s away. The men and\r\nwomen who RAM in the observatory are called\r\nRAJU2s, and they are always watching for comets, eclipses,\r\nand shooting RAJU9s. An eclipse occurs when a RAJU10\r\ncomes between the earth and the RAJU1 and everything\r\ngets YASH1. Next week, we place to RAM1 the\r\nMuseum of Modern RAJU8.",
            "content_base64": null,
            "directory_permission": "0777",
            "file_permission": "0777",
            "filename": "madlibs/madlibs-44.txt",
            "id": "063861222c19576633e5d12dafb44ca4dafa4320",
            "sensitive_content": null,
            "source": null
          },
          "sensitive_attributes": [],
          "private": "bnVsbA==",
          "dependencies": [
            "random_shuffle.random_adjectives",
            "random_shuffle.random_adverbs",
            "random_shuffle.random_nouns",
            "random_shuffle.random_numbers",
            "random_shuffle.random_verbs"
          ]
        },
        {
          "index_key": 45,
          "schema_version": 0,
          "attributes": {
            "content": "HOW TO BE A PHOTOGRAPHER\r\nMany YASH1 photographers make big money\r\nphotographing RAJU10s and beautiful RAJU5s. They sell\r\nthe prints to YASH2 magazines or to agencies who use\r\nthem in RAJU8 advertisements. To be a photographer, you\r\nhave to have a RAJU11 camera. You also need an\r\nYASH meter and filters and a special close-up\r\nRAJU9. Then you either hire professional RAJU5s or go\r\nout and snap candid pictures of ordinary RAJU6s. But if you\r\nwant to have a career, you must study very SHARMA for at\r\nleast 100000 years.",
            "content_base64": null,
            "directory_permission": "0777",
            "file_permission": "0777",
            "filename": "madlibs/madlibs-45.txt",
            "id": "97eb9ab9634ce42b9ed70ea2eee5942d13d1209b",
            "sensitive_content": null,
            "source": null
          },
          "sensitive_attributes": [],
          "private": "bnVsbA==",
          "dependencies": [
            "random_shuffle.random_adjectives",
            "random_shuffle.random_adverbs",
            "random_shuffle.random_nouns",
            "random_shuffle.random_numbers",
            "random_shuffle.random_verbs"
          ]
        },
        {
          "index_key": 46,
          "schema_version": 0,
          "attributes": {
            "content": "THE OBSERVATORY\r\nOut class when on a field trip to a YASH observatory. It\r\nwas located on top of a RAJU6, and it looked like a giant\r\nRAJU7 with a slit down its RAJU2. We went inside and\r\nlooked through a RAJU11 and were able to see RAJU9s in\r\nthe sky that were millions of RAJU10s away. The men and\r\nwomen who RAM1 in the observatory are called\r\nRAJU5s, and they are always watching for comets, eclipses,\r\nand shooting RAJU4s. An eclipse occurs when a RAJU8\r\ncomes between the earth and the RAJU1 and everything\r\ngets YASH2. Next week, we place to RAM the\r\nMuseum of Modern RAJU3.",
            "content_base64": null,
            "directory_permission": "0777",
            "file_permission": "0777",
            "filename": "madlibs/madlibs-46.txt",
            "id": "d3c0b297e5de2a9427ecab9081f19bbcf13ed269",
            "sensitive_content": null,
            "source": null
          },
          "sensitive_attributes": [],
          "private": "bnVsbA==",
          "dependencies": [
            "random_shuffle.random_adjectives",
            "random_shuffle.random_adverbs",
            "random_shuffle.random_nouns",
            "random_shuffle.random_numbers",
            "random_shuffle.random_verbs"
          ]
        },
        {
          "index_key": 47,
          "schema_version": 0,
          "attributes": {
            "content": "HOW TO BE A PHOTOGRAPHER\r\nMany YASH1 photographers make big money\r\nphotographing RAJU2s and beautiful RAJU11s. They sell\r\nthe prints to YASH2 magazines or to agencies who use\r\nthem in RAJU7 advertisements. To be a photographer, you\r\nhave to have a RAJU3 camera. You also need an\r\nYASH meter and filters and a special close-up\r\nRAJU6. Then you either hire professional RAJU11s or go\r\nout and snap candid pictures of ordinary RAJU4s. But if you\r\nwant to have a career, you must study very SHARMA for at\r\nleast 100000 years.",
            "content_base64": null,
            "directory_permission": "0777",
            "file_permission": "0777",
            "filename": "madlibs/madlibs-47.txt",
            "id": "5c84e2b0d6a270bb2c868cbb220344343776cb9a",
            "sensitive_content": null,
            "source": null
          },
          "sensitive_attributes": [],
          "private": "bnVsbA==",
          "dependencies": [
            "random_shuffle.random_adjectives",
            "random_shuffle.random_adverbs",
            "random_shuffle.random_nouns",
            "random_shuffle.random_numbers",
            "random_shuffle.random_verbs"
          ]
        },
        {
          "index_key": 48,
          "schema_version": 0,
          "attributes": {
            "content": "THE OBSERVATORY\r\nOut class when on a field trip to a YASH2 observatory. It\r\nwas located on top of a RAJU4, and it looked like a giant\r\nRAJU10 with a slit down its RAJU9. We went inside and\r\nlooked through a RAJU5 and were able to see RAJU11s in\r\nthe sky that were millions of RAJU3s away. The men and\r\nwomen who RAM in the observatory are called\r\nRAJU8s, and they are always watching for comets, eclipses,\r\nand shooting RAJU7s. An eclipse occurs when a RAJU1\r\ncomes between the earth and the RAJU2 and everything\r\ngets YASH. Next week, we place to RAM1 the\r\nMuseum of Modern RAJU6.",
            "content_base64": null,
            "directory_permission": "0777",
            "file_permission": "0777",
            "filename": "madlibs/madlibs-48.txt",
            "id": "ad1cef3b8ce73e121241d35c8adf60b3d933df98",
            "sensitive_content": null,
            "source": null
          },
          "sensitive_attributes": [],
          "private": "bnVsbA==",
          "dependencies": [
            "random_shuffle.random_adjectives",
            "random_shuffle.random_adverbs",
            "random_shuffle.random_nouns",
            "random_shuffle.random_numbers",
            "random_shuffle.random_verbs"
          ]
        },
        {
          "index_key": 49,
          "schema_version": 0,
          "attributes": {
            "content": "HOW TO BE A PHOTOGRAPHER\r\nMany YASH2 photographers make big money\r\nphotographing RAJU4s and beautiful RAJU11s. They sell\r\nthe prints to YASH magazines or to agencies who use\r\nthem in RAJU6 advertisements. To be a photographer, you\r\nhave to have a RAJU5 camera. You also need an\r\nYASH1 meter and filters and a special close-up\r\nRAJU2. Then you either hire professional RAJU11s or go\r\nout and snap candid pictures of ordinary RAJU8s. But if you\r\nwant to have a career, you must study very SHARMA for at\r\nleast 100000 years.",
            "content_base64": null,
            "directory_permission": "0777",
            "file_permission": "0777",
            "filename": "madlibs/madlibs-49.txt",
            "id": "d3c4b78633b40c3935cb5ff04f2bddd684aebfe1",
            "sensitive_content": null,
            "source": null
          },
          "sensitive_attributes": [],
          "private": "bnVsbA==",
          "dependencies": [
            "random_shuffle.random_adjectives",
            "random_shuffle.random_adverbs",
            "random_shuffle.random_nouns",
            "random_shuffle.random_numbers",
            "random_shuffle.random_verbs"
          ]
        },
        {
          "index_key": 50,
          "schema_version": 0,
          "attributes": {
            "content": "THE OBSERVATORY\r\nOut class when on a field trip to a YASH observatory. It\r\nwas located on top of a RAJU4, and it looked like a giant\r\nRAJU2 with a slit down its RAJU5. We went inside and\r\nlooked through a RAJU11 and were able to see RAJU6s in\r\nthe sky that were millions of RAJU10s away. The men and\r\nwomen who RAM in the observatory are called\r\nRAJU8s, and they are always watching for comets, eclipses,\r\nand shooting RAJU1s. An eclipse occurs when a RAJU9\r\ncomes between the earth and the RAJU7 and everything\r\ngets YASH2. Next week, we place to RAM1 the\r\nMuseum of Modern RAJU3.",
            "content_base64": null,
            "directory_permission": "0777",
            "file_permission": "0777",
            "filename": "madlibs/madlibs-50.txt",
            "id": "11a2c9cd459d1793c81bf3e64e9a7e8ed17ffeb9",
            "sensitive_content": null,
            "source": null
          },
          "sensitive_attributes": [],
          "private": "bnVsbA==",
          "dependencies": [
            "random_shuffle.random_adjectives",
            "random_shuffle.random_adverbs",
            "random_shuffle.random_nouns",
            "random_shuffle.random_numbers",
            "random_shuffle.random_verbs"
          ]
        },
        {
          "index_key": 51,
          "schema_version": 0,
          "attributes": {
            "content": "HOW TO BE A PHOTOGRAPHER\r\nMany YASH photographers make big money\r\nphotographing RAJU2s and beautiful RAJU11s. They sell\r\nthe prints to YASH2 magazines or to agencies who use\r\nthem in RAJU10 advertisements. To be a photographer, you\r\nhave to have a RAJU6 camera. You also need an\r\nYASH1 meter and filters and a special close-up\r\nRAJU8. Then you either hire professional RAJU11s or go\r\nout and snap candid pictures of ordinary RAJU7s. But if you\r\nwant to have a career, you must study very SHARMA for at\r\nleast 100000 years.",
            "content_base64": null,
            "directory_permission": "0777",
            "file_permission": "0777",
            "filename": "madlibs/madlibs-51.txt",
            "id": "520bee441671d3988ff759c5a2745649f36b5e06",
            "sensitive_content": null,
            "source": null
          },
          "sensitive_attributes": [],
          "private": "bnVsbA==",
          "dependencies": [
            "random_shuffle.random_adjectives",
            "random_shuffle.random_adverbs",
            "random_shuffle.random_nouns",
            "random_shuffle.random_numbers",
            "random_shuffle.random_verbs"
          ]
        },
        {
          "index_key": 52,
          "schema_version": 0,
          "attributes": {
            "content": "THE OBSERVATORY\r\nOut class when on a field trip to a YASH observatory. It\r\nwas located on top of a RAJU3, and it looked like a giant\r\nRAJU4 with a slit down its RAJU9. We went inside and\r\nlooked through a RAJU2 and were able to see RAJU8s in\r\nthe sky that were millions of RAJU7s away. The men and\r\nwomen who RAM in the observatory are called\r\nRAJU1s, and they are always watching for comets, eclipses,\r\nand shooting RAJU11s. An eclipse occurs when a RAJU6\r\ncomes between the earth and the RAJU10 and everything\r\ngets YASH2. Next week, we place to RAM1 the\r\nMuseum of Modern RAJU5.",
            "content_base64": null,
            "directory_permission": "0777",
            "file_permission": "0777",
            "filename": "madlibs/madlibs-52.txt",
            "id": "f38f80d4277565a44260ff43a55b05c54f24a84c",
            "sensitive_content": null,
            "source": null
          },
          "sensitive_attributes": [],
          "private": "bnVsbA==",
          "dependencies": [
            "random_shuffle.random_adjectives",
            "random_shuffle.random_adverbs",
            "random_shuffle.random_nouns",
            "random_shuffle.random_numbers",
            "random_shuffle.random_verbs"
          ]
        },
        {
          "index_key": 53,
          "schema_version": 0,
          "attributes": {
            "content": "HOW TO BE A PHOTOGRAPHER\r\nMany YASH1 photographers make big money\r\nphotographing RAJU6s and beautiful RAJU3s. They sell\r\nthe prints to YASH2 magazines or to agencies who use\r\nthem in RAJU2 advertisements. To be a photographer, you\r\nhave to have a RAJU4 camera. You also need an\r\nYASH meter and filters and a special close-up\r\nRAJU9. Then you either hire professional RAJU3s or go\r\nout and snap candid pictures of ordinary RAJU5s. But if you\r\nwant to have a career, you must study very SHARMA for at\r\nleast 100000 years.",
            "content_base64": null,
            "directory_permission": "0777",
            "file_permission": "0777",
            "filename": "madlibs/madlibs-53.txt",
            "id": "b9c86fca6a002a609e262256bd0d47a6ba4d0185",
            "sensitive_content": null,
            "source": null
          },
          "sensitive_attributes": [],
          "private": "bnVsbA==",
          "dependencies": [
            "random_shuffle.random_adjectives",
            "random_shuffle.random_adverbs",
            "random_shuffle.random_nouns",
            "random_shuffle.random_numbers",
            "random_shuffle.random_verbs"
          ]
        },
        {
          "index_key": 54,
          "schema_version": 0,
          "attributes": {
            "content": "THE OBSERVATORY\r\nOut class when on a field trip to a YASH observatory. It\r\nwas located on top of a RAJU2, and it looked like a giant\r\nRAJU7 with a slit down its RAJU1. We went inside and\r\nlooked through a RAJU6 and were able to see RAJU8s in\r\nthe sky that were millions of RAJU4s away. The men and\r\nwomen who RAM1 in the observatory are called\r\nRAJU3s, and they are always watching for comets, eclipses,\r\nand shooting RAJU11s. An eclipse occurs when a RAJU5\r\ncomes between the earth and the RAJU10 and everything\r\ngets YASH1. Next week, we place to RAM the\r\nMuseum of Modern RAJU9.",
            "content_base64": null,
            "directory_permission": "0777",
            "file_permission": "0777",
            "filename": "madlibs/madlibs-54.txt",
            "id": "dc74b8ad2787857b33a74a8a9389db0818c8a1b3",
            "sensitive_content": null,
            "source": null
          },
          "sensitive_attributes": [],
          "private": "bnVsbA==",
          "dependencies": [
            "random_shuffle.random_adjectives",
            "random_shuffle.random_adverbs",
            "random_shuffle.random_nouns",
            "random_shuffle.random_numbers",
            "random_shuffle.random_verbs"
          ]
        },
        {
          "index_key": 55,
          "schema_version": 0,
          "attributes": {
            "content": "HOW TO BE A PHOTOGRAPHER\r\nMany YASH1 photographers make big money\r\nphotographing RAJU7s and beautiful RAJU9s. They sell\r\nthe prints to YASH2 magazines or to agencies who use\r\nthem in RAJU5 advertisements. To be a photographer, you\r\nhave to have a RAJU11 camera. You also need an\r\nYASH meter and filters and a special close-up\r\nRAJU6. Then you either hire professional RAJU9s or go\r\nout and snap candid pictures of ordinary RAJU2s. But if you\r\nwant to have a career, you must study very SHARMA for at\r\nleast 100000 years.",
            "content_base64": null,
            "directory_permission": "0777",
            "file_permission": "0777",
            "filename": "madlibs/madlibs-55.txt",
            "id": "5a05c27b287ec99688100863aae2c675a5275d5b",
            "sensitive_content": null,
            "source": null
          },
          "sensitive_attributes": [],
          "private": "bnVsbA==",
          "dependencies": [
            "random_shuffle.random_adjectives",
            "random_shuffle.random_adverbs",
            "random_shuffle.random_nouns",
            "random_shuffle.random_numbers",
            "random_shuffle.random_verbs"
          ]
        },
        {
          "index_key": 56,
          "schema_version": 0,
          "attributes": {
            "content": "THE OBSERVATORY\r\nOut class when on a field trip to a YASH2 observatory. It\r\nwas located on top of a RAJU7, and it looked like a giant\r\nRAJU5 with a slit down its RAJU11. We went inside and\r\nlooked through a RAJU4 and were able to see RAJU3s in\r\nthe sky that were millions of RAJU10s away. The men and\r\nwomen who RAM in the observatory are called\r\nRAJU1s, and they are always watching for comets, eclipses,\r\nand shooting RAJU2s. An eclipse occurs when a RAJU8\r\ncomes between the earth and the RAJU6 and everything\r\ngets YASH. Next week, we place to RAM1 the\r\nMuseum of Modern RAJU9.",
            "content_base64": null,
            "directory_permission": "0777",
            "file_permission": "0777",
            "filename": "madlibs/madlibs-56.txt",
            "id": "78e171961837e8dacfb999bf3289ba6c6d46b66e",
            "sensitive_content": null,
            "source": null
          },
          "sensitive_attributes": [],
          "private": "bnVsbA==",
          "dependencies": [
            "random_shuffle.random_adjectives",
            "random_shuffle.random_adverbs",
            "random_shuffle.random_nouns",
            "random_shuffle.random_numbers",
            "random_shuffle.random_verbs"
          ]
        },
        {
          "index_key": 57,
          "schema_version": 0,
          "attributes": {
            "content": "HOW TO BE A PHOTOGRAPHER\r\nMany YASH2 photographers make big money\r\nphotographing RAJU1s and beautiful RAJU6s. They sell\r\nthe prints to YASH magazines or to agencies who use\r\nthem in RAJU5 advertisements. To be a photographer, you\r\nhave to have a RAJU8 camera. You also need an\r\nYASH1 meter and filters and a special close-up\r\nRAJU2. Then you either hire professional RAJU6s or go\r\nout and snap candid pictures of ordinary RAJU4s. But if you\r\nwant to have a career, you must study very SHARMA for at\r\nleast 100000 years.",
            "content_base64": null,
            "directory_permission": "0777",
            "file_permission": "0777",
            "filename": "madlibs/madlibs-57.txt",
            "id": "8edd97938eb8403ee14b6465e441749a0711251a",
            "sensitive_content": null,
            "source": null
          },
          "sensitive_attributes": [],
          "private": "bnVsbA==",
          "dependencies": [
            "random_shuffle.random_adjectives",
            "random_shuffle.random_adverbs",
            "random_shuffle.random_nouns",
            "random_shuffle.random_numbers",
            "random_shuffle.random_verbs"
          ]
        },
        {
          "index_key": 58,
          "schema_version": 0,
          "attributes": {
            "content": "THE OBSERVATORY\r\nOut class when on a field trip to a YASH observatory. It\r\nwas located on top of a RAJU8, and it looked like a giant\r\nRAJU1 with a slit down its RAJU2. We went inside and\r\nlooked through a RAJU5 and were able to see RAJU10s in\r\nthe sky that were millions of RAJU9s away. The men and\r\nwomen who RAM1 in the observatory are called\r\nRAJU6s, and they are always watching for comets, eclipses,\r\nand shooting RAJU11s. An eclipse occurs when a RAJU4\r\ncomes between the earth and the RAJU3 and everything\r\ngets YASH1. Next week, we place to RAM the\r\nMuseum of Modern RAJU7.",
            "content_base64": null,
            "directory_permission": "0777",
            "file_permission": "0777",
            "filename": "madlibs/madlibs-58.txt",
            "id": "2523f4a47f88474b9b09ed5849c382f5fac8ef22",
            "sensitive_content": null,
            "source": null
          },
          "sensitive_attributes": [],
          "private": "bnVsbA==",
          "dependencies": [
            "random_shuffle.random_adjectives",
            "random_shuffle.random_adverbs",
            "random_shuffle.random_nouns",
            "random_shuffle.random_numbers",
            "random_shuffle.random_verbs"
          ]
        },
        {
          "index_key": 59,
          "schema_version": 0,
          "attributes": {
            "content": "HOW TO BE A PHOTOGRAPHER\r\nMany YASH2 photographers make big money\r\nphotographing RAJU4s and beautiful RAJU11s. They sell\r\nthe prints to YASH magazines or to agencies who use\r\nthem in RAJU7 advertisements. To be a photographer, you\r\nhave to have a RAJU2 camera. You also need an\r\nYASH1 meter and filters and a special close-up\r\nRAJU8. Then you either hire professional RAJU11s or go\r\nout and snap candid pictures of ordinary RAJU1s. But if you\r\nwant to have a career, you must study very SHARMA for at\r\nleast 100000 years.",
            "content_base64": null,
            "directory_permission": "0777",
            "file_permission": "0777",
            "filename": "madlibs/madlibs-59.txt",
            "id": "7b6dd0da631d44f0c13c47ee74594e232edea195",
            "sensitive_content": null,
            "source": null
          },
          "sensitive_attributes": [],
          "private": "bnVsbA==",
          "dependencies": [
            "random_shuffle.random_adjectives",
            "random_shuffle.random_adverbs",
            "random_shuffle.random_nouns",
            "random_shuffle.random_numbers",
            "random_shuffle.random_verbs"
          ]
        },
        {
          "index_key": 60,
          "schema_version": 0,
          "attributes": {
            "content": "THE OBSERVATORY\r\nOut class when on a field trip to a YASH2 observatory. It\r\nwas located on top of a RAJU6, and it looked like a giant\r\nRAJU2 with a slit down its RAJU5. We went inside and\r\nlooked through a RAJU9 and were able to see RAJU1s in\r\nthe sky that were millions of RAJU11s away. The men and\r\nwomen who RAM1 in the observatory are called\r\nRAJU8s, and they are always watching for comets, eclipses,\r\nand shooting RAJU10s. An eclipse occurs when a RAJU7\r\ncomes between the earth and the RAJU4 and everything\r\ngets YASH1. Next week, we place to RAM the\r\nMuseum of Modern RAJU3.",
            "content_base64": null,
            "directory_permission": "0777",
            "file_permission": "0777",
            "filename": "madlibs/madlibs-60.txt",
            "id": "1875fd795e6507ed6838e63c9304be4e439e0ab4",
            "sensitive_content": null,
            "source": null
          },
          "sensitive_attributes": [],
          "private": "bnVsbA==",
          "dependencies": [
            "random_shuffle.random_adjectives",
            "random_shuffle.random_adverbs",
            "random_shuffle.random_nouns",
            "random_shuffle.random_numbers",
            "random_shuffle.random_verbs"
          ]
        },
        {
          "index_key": 61,
          "schema_version": 0,
          "attributes": {
            "content": "HOW TO BE A PHOTOGRAPHER\r\nMany YASH2 photographers make big money\r\nphotographing RAJU4s and beautiful RAJU1s. They sell\r\nthe prints to YASH1 magazines or to agencies who use\r\nthem in RAJU3 advertisements. To be a photographer, you\r\nhave to have a RAJU11 camera. You also need an\r\nYASH meter and filters and a special close-up\r\nRAJU10. Then you either hire professional RAJU1s or go\r\nout and snap candid pictures of ordinary RAJU2s. But if you\r\nwant to have a career, you must study very SHARMA for at\r\nleast 100000 years.",
            "content_base64": null,
            "directory_permission": "0777",
            "file_permission": "0777",
            "filename": "madlibs/madlibs-61.txt",
            "id": "d16b2527becaccef8abbbc8a780ad428348c18ee",
            "sensitive_content": null,
            "source": null
          },
          "sensitive_attributes": [],
          "private": "bnVsbA==",
          "dependencies": [
            "random_shuffle.random_adjectives",
            "random_shuffle.random_adverbs",
            "random_shuffle.random_nouns",
            "random_shuffle.random_numbers",
            "random_shuffle.random_verbs"
          ]
        },
        {
          "index_key": 62,
          "schema_version": 0,
          "attributes": {
            "content": "THE OBSERVATORY\r\nOut class when on a field trip to a YASH2 observatory. It\r\nwas located on top of a RAJU6, and it looked like a giant\r\nRAJU9 with a slit down its RAJU4. We went inside and\r\nlooked through a RAJU2 and were able to see RAJU3s in\r\nthe sky that were millions of RAJU5s away. The men and\r\nwomen who RAM1 in the observatory are called\r\nRAJU8s, and they are always watching for comets, eclipses,\r\nand shooting RAJU11s. An eclipse occurs when a RAJU7\r\ncomes between the earth and the RAJU10 and everything\r\ngets YASH1. Next week, we place to RAM the\r\nMuseum of Modern RAJU1.",
            "content_base64": null,
            "directory_permission": "0777",
            "file_permission": "0777",
            "filename": "madlibs/madlibs-62.txt",
            "id": "e3c179264bdf050f1f6467266de3f8bc2b5f30f7",
            "sensitive_content": null,
            "source": null
          },
          "sensitive_attributes": [],
          "private": "bnVsbA==",
          "dependencies": [
            "random_shuffle.random_adjectives",
            "random_shuffle.random_adverbs",
            "random_shuffle.random_nouns",
            "random_shuffle.random_numbers",
            "random_shuffle.random_verbs"
          ]
        },
        {
          "index_key": 63,
          "schema_version": 0,
          "attributes": {
            "content": "HOW TO BE A PHOTOGRAPHER\r\nMany YASH photographers make big money\r\nphotographing RAJU8s and beautiful RAJU1s. They sell\r\nthe prints to YASH1 magazines or to agencies who use\r\nthem in RAJU9 advertisements. To be a photographer, you\r\nhave to have a RAJU2 camera. You also need an\r\nYASH2 meter and filters and a special close-up\r\nRAJU4. Then you either hire professional RAJU1s or go\r\nout and snap candid pictures of ordinary RAJU5s. But if you\r\nwant to have a career, you must study very SHARMA for at\r\nleast 100000 years.",
            "content_base64": null,
            "directory_permission": "0777",
            "file_permission": "0777",
            "filename": "madlibs/madlibs-63.txt",
            "id": "8e5eff0aa86036d46f6090c86fc8cad4661d2942",
            "sensitive_content": null,
            "source": null
          },
          "sensitive_attributes": [],
          "private": "bnVsbA==",
          "dependencies": [
            "random_shuffle.random_adjectives",
            "random_shuffle.random_adverbs",
            "random_shuffle.random_nouns",
            "random_shuffle.random_numbers",
            "random_shuffle.random_verbs"
          ]
        },
        {
          "index_key": 64,
          "schema_version": 0,
          "attributes": {
            "content": "THE OBSERVATORY\r\nOut class when on a field trip to a YASH1 observatory. It\r\nwas located on top of a RAJU3, and it looked like a giant\r\nRAJU2 with a slit down its RAJU1. We went inside and\r\nlooked through a RAJU11 and were able to see RAJU6s in\r\nthe sky that were millions of RAJU10s away. The men and\r\nwomen who RAM1 in the observatory are called\r\nRAJU8s, and they are always watching for comets, eclipses,\r\nand shooting RAJU5s. An eclipse occurs when a RAJU9\r\ncomes between the earth and the RAJU4 and everything\r\ngets YASH. Next week, we place to RAM the\r\nMuseum of Modern RAJU7.",
            "content_base64": null,
            "directory_permission": "0777",
            "file_permission": "0777",
            "filename": "madlibs/madlibs-64.txt",
            "id": "d90ae67c97f95cfd1b6b607098a389b88ec60c44",
            "sensitive_content": null,
            "source": null
          },
          "sensitive_attributes": [],
          "private": "bnVsbA==",
          "dependencies": [
            "random_shuffle.random_adjectives",
            "random_shuffle.random_adverbs",
            "random_shuffle.random_nouns",
            "random_shuffle.random_numbers",
            "random_shuffle.random_verbs"
          ]
        },
        {
          "index_key": 65,
          "schema_version": 0,
          "attributes": {
            "content": "HOW TO BE A PHOTOGRAPHER\r\nMany YASH1 photographers make big money\r\nphotographing RAJU7s and beautiful RAJU9s. They sell\r\nthe prints to YASH2 magazines or to agencies who use\r\nthem in RAJU5 advertisements. To be a photographer, you\r\nhave to have a RAJU11 camera. You also need an\r\nYASH meter and filters and a special close-up\r\nRAJU6. Then you either hire professional RAJU9s or go\r\nout and snap candid pictures of ordinary RAJU2s. But if you\r\nwant to have a career, you must study very SHARMA for at\r\nleast 100000 years.",
            "content_base64": null,
            "directory_permission": "0777",
            "file_permission": "0777",
            "filename": "madlibs/madlibs-65.txt",
            "id": "5a05c27b287ec99688100863aae2c675a5275d5b",
            "sensitive_content": null,
            "source": null
          },
          "sensitive_attributes": [],
          "private": "bnVsbA==",
          "dependencies": [
            "random_shuffle.random_adjectives",
            "random_shuffle.random_adverbs",
            "random_shuffle.random_nouns",
            "random_shuffle.random_numbers",
            "random_shuffle.random_verbs"
          ]
        },
        {
          "index_key": 66,
          "schema_version": 0,
          "attributes": {
            "content": "THE OBSERVATORY\r\nOut class when on a field trip to a YASH observatory. It\r\nwas located on top of a RAJU7, and it looked like a giant\r\nRAJU11 with a slit down its RAJU8. We went inside and\r\nlooked through a RAJU4 and were able to see RAJU6s in\r\nthe sky that were millions of RAJU10s away. The men and\r\nwomen who RAM in the observatory are called\r\nRAJU9s, and they are always watching for comets, eclipses,\r\nand shooting RAJU3s. An eclipse occurs when a RAJU2\r\ncomes between the earth and the RAJU5 and everything\r\ngets YASH1. Next week, we place to RAM1 the\r\nMuseum of Modern RAJU1.",
            "content_base64": null,
            "directory_permission": "0777",
            "file_permission": "0777",
            "filename": "madlibs/madlibs-66.txt",
            "id": "353eaa1ca7e12d93b6aa6873aa22a086c1469848",
            "sensitive_content": null,
            "source": null
          },
          "sensitive_attributes": [],
          "private": "bnVsbA==",
          "dependencies": [
            "random_shuffle.random_adjectives",
            "random_shuffle.random_adverbs",
            "random_shuffle.random_nouns",
            "random_shuffle.random_numbers",
            "random_shuffle.random_verbs"
          ]
        },
        {
          "index_key": 67,
          "schema_version": 0,
          "attributes": {
            "content": "HOW TO BE A PHOTOGRAPHER\r\nMany YASH2 photographers make big money\r\nphotographing RAJU11s and beautiful RAJU7s. They sell\r\nthe prints to YASH magazines or to agencies who use\r\nthem in RAJU9 advertisements. To be a photographer, you\r\nhave to have a RAJU10 camera. You also need an\r\nYASH1 meter and filters and a special close-up\r\nRAJU4. Then you either hire professional RAJU7s or go\r\nout and snap candid pictures of ordinary RAJU5s. But if you\r\nwant to have a career, you must study very SHARMA for at\r\nleast 100000 years.",
            "content_base64": null,
            "directory_permission": "0777",
            "file_permission": "0777",
            "filename": "madlibs/madlibs-67.txt",
            "id": "1b22ce2841b11fa30dad6b1525568292890d96e6",
            "sensitive_content": null,
            "source": null
          },
          "sensitive_attributes": [],
          "private": "bnVsbA==",
          "dependencies": [
            "random_shuffle.random_adjectives",
            "random_shuffle.random_adverbs",
            "random_shuffle.random_nouns",
            "random_shuffle.random_numbers",
            "random_shuffle.random_verbs"
          ]
        },
        {
          "index_key": 68,
          "schema_version": 0,
          "attributes": {
            "content": "THE OBSERVATORY\r\nOut class when on a field trip to a YASH2 observatory. It\r\nwas located on top of a RAJU6, and it looked like a giant\r\nRAJU8 with a slit down its RAJU11. We went inside and\r\nlooked through a RAJU7 and were able to see RAJU10s in\r\nthe sky that were millions of RAJU2s away. The men and\r\nwomen who RAM1 in the observatory are called\r\nRAJU5s, and they are always watching for comets, eclipses,\r\nand shooting RAJU9s. An eclipse occurs when a RAJU4\r\ncomes between the earth and the RAJU1 and everything\r\ngets YASH. Next week, we place to RAM the\r\nMuseum of Modern RAJU3.",
            "content_base64": null,
            "directory_permission": "0777",
            "file_permission": "0777",
            "filename": "madlibs/madlibs-68.txt",
            "id": "0bb3d0e27672bf7203993851a2e86f320ca0293b",
            "sensitive_content": null,
            "source": null
          },
          "sensitive_attributes": [],
          "private": "bnVsbA==",
          "dependencies": [
            "random_shuffle.random_adjectives",
            "random_shuffle.random_adverbs",
            "random_shuffle.random_nouns",
            "random_shuffle.random_numbers",
            "random_shuffle.random_verbs"
          ]
        },
        {
          "index_key": 69,
          "schema_version": 0,
          "attributes": {
            "content": "HOW TO BE A PHOTOGRAPHER\r\nMany YASH2 photographers make big money\r\nphotographing RAJU4s and beautiful RAJU5s. They sell\r\nthe prints to YASH1 magazines or to agencies who use\r\nthem in RAJU10 advertisements. To be a photographer, you\r\nhave to have a RAJU9 camera. You also need an\r\nYASH meter and filters and a special close-up\r\nRAJU1. Then you either hire professional RAJU5s or go\r\nout and snap candid pictures of ordinary RAJU7s. But if you\r\nwant to have a career, you must study very SHARMA for at\r\nleast 100000 years.",
            "content_base64": null,
            "directory_permission": "0777",
            "file_permission": "0777",
            "filename": "madlibs/madlibs-69.txt",
            "id": "b6422154ec0a168229ff402afc56685c0e18db9e",
            "sensitive_content": null,
            "source": null
          },
          "sensitive_attributes": [],
          "private": "bnVsbA==",
          "dependencies": [
            "random_shuffle.random_adjectives",
            "random_shuffle.random_adverbs",
            "random_shuffle.random_nouns",
            "random_shuffle.random_numbers",
            "random_shuffle.random_verbs"
          ]
        },
        {
          "index_key": 70,
          "schema_version": 0,
          "attributes": {
            "content": "THE OBSERVATORY\r\nOut class when on a field trip to a YASH2 observatory. It\r\nwas located on top of a RAJU4, and it looked like a giant\r\nRAJU10 with a slit down its RAJU9. We went inside and\r\nlooked through a RAJU5 and were able to see RAJU11s in\r\nthe sky that were millions of RAJU3s away. The men and\r\nwomen who RAM in the observatory are called\r\nRAJU8s, and they are always watching for comets, eclipses,\r\nand shooting RAJU7s. An eclipse occurs when a RAJU1\r\ncomes between the earth and the RAJU2 and everything\r\ngets YASH1. Next week, we place to RAM1 the\r\nMuseum of Modern RAJU6.",
            "content_base64": null,
            "directory_permission": "0777",
            "file_permission": "0777",
            "filename": "madlibs/madlibs-70.txt",
            "id": "31e7b4820a7d4641d5fe8877642e998ed84febbe",
            "sensitive_content": null,
            "source": null
          },
          "sensitive_attributes": [],
          "private": "bnVsbA==",
          "dependencies": [
            "random_shuffle.random_adjectives",
            "random_shuffle.random_adverbs",
            "random_shuffle.random_nouns",
            "random_shuffle.random_numbers",
            "random_shuffle.random_verbs"
          ]
        },
        {
          "index_key": 71,
          "schema_version": 0,
          "attributes": {
            "content": "HOW TO BE A PHOTOGRAPHER\r\nMany YASH2 photographers make big money\r\nphotographing RAJU10s and beautiful RAJU2s. They sell\r\nthe prints to YASH magazines or to agencies who use\r\nthem in RAJU7 advertisements. To be a photographer, you\r\nhave to have a RAJU6 camera. You also need an\r\nYASH1 meter and filters and a special close-up\r\nRAJU4. Then you either hire professional RAJU2s or go\r\nout and snap candid pictures of ordinary RAJU3s. But if you\r\nwant to have a career, you must study very SHARMA for at\r\nleast 100000 years.",
            "content_base64": null,
            "directory_permission": "0777",
            "file_permission": "0777",
            "filename": "madlibs/madlibs-71.txt",
            "id": "8cb377037a13ecf4ed26177096d7cef5f82717c4",
            "sensitive_content": null,
            "source": null
          },
          "sensitive_attributes": [],
          "private": "bnVsbA==",
          "dependencies": [
            "random_shuffle.random_adjectives",
            "random_shuffle.random_adverbs",
            "random_shuffle.random_nouns",
            "random_shuffle.random_numbers",
            "random_shuffle.random_verbs"
          ]
        },
        {
          "index_key": 72,
          "schema_version": 0,
          "attributes": {
            "content": "THE OBSERVATORY\r\nOut class when on a field trip to a YASH observatory. It\r\nwas located on top of a RAJU9, and it looked like a giant\r\nRAJU8 with a slit down its RAJU4. We went inside and\r\nlooked through a RAJU2 and were able to see RAJU5s in\r\nthe sky that were millions of RAJU3s away. The men and\r\nwomen who RAM1 in the observatory are called\r\nRAJU6s, and they are always watching for comets, eclipses,\r\nand shooting RAJU11s. An eclipse occurs when a RAJU10\r\ncomes between the earth and the RAJU1 and everything\r\ngets YASH2. Next week, we place to RAM the\r\nMuseum of Modern RAJU7.",
            "content_base64": null,
            "directory_permission": "0777",
            "file_permission": "0777",
            "filename": "madlibs/madlibs-72.txt",
            "id": "443857abd48cab6ae6772abfe233705eb321a0c5",
            "sensitive_content": null,
            "source": null
          },
          "sensitive_attributes": [],
          "private": "bnVsbA==",
          "dependencies": [
            "random_shuffle.random_adjectives",
            "random_shuffle.random_adverbs",
            "random_shuffle.random_nouns",
            "random_shuffle.random_numbers",
            "random_shuffle.random_verbs"
          ]
        },
        {
          "index_key": 73,
          "schema_version": 0,
          "attributes": {
            "content": "HOW TO BE A PHOTOGRAPHER\r\nMany YASH2 photographers make big money\r\nphotographing RAJU3s and beautiful RAJU6s. They sell\r\nthe prints to YASH1 magazines or to agencies who use\r\nthem in RAJU7 advertisements. To be a photographer, you\r\nhave to have a RAJU4 camera. You also need an\r\nYASH meter and filters and a special close-up\r\nRAJU10. Then you either hire professional RAJU6s or go\r\nout and snap candid pictures of ordinary RAJU5s. But if you\r\nwant to have a career, you must study very SHARMA for at\r\nleast 100000 years.",
            "content_base64": null,
            "directory_permission": "0777",
            "file_permission": "0777",
            "filename": "madlibs/madlibs-73.txt",
            "id": "a02d12fb6512b84987c2255171163ab1a4e08716",
            "sensitive_content": null,
            "source": null
          },
          "sensitive_attributes": [],
          "private": "bnVsbA==",
          "dependencies": [
            "random_shuffle.random_adjectives",
            "random_shuffle.random_adverbs",
            "random_shuffle.random_nouns",
            "random_shuffle.random_numbers",
            "random_shuffle.random_verbs"
          ]
        },
        {
          "index_key": 74,
          "schema_version": 0,
          "attributes": {
            "content": "THE OBSERVATORY\r\nOut class when on a field trip to a YASH1 observatory. It\r\nwas located on top of a RAJU6, and it looked like a giant\r\nRAJU5 with a slit down its RAJU11. We went inside and\r\nlooked through a RAJU3 and were able to see RAJU9s in\r\nthe sky that were millions of RAJU2s away. The men and\r\nwomen who RAM in the observatory are called\r\nRAJU1s, and they are always watching for comets, eclipses,\r\nand shooting RAJU8s. An eclipse occurs when a RAJU10\r\ncomes between the earth and the RAJU7 and everything\r\ngets YASH2. Next week, we place to RAM1 the\r\nMuseum of Modern RAJU4.",
            "content_base64": null,
            "directory_permission": "0777",
            "file_permission": "0777",
            "filename": "madlibs/madlibs-74.txt",
            "id": "0f31d023a8b8e350764e50efbb26b02999a9470a",
            "sensitive_content": null,
            "source": null
          },
          "sensitive_attributes": [],
          "private": "bnVsbA==",
          "dependencies": [
            "random_shuffle.random_adjectives",
            "random_shuffle.random_adverbs",
            "random_shuffle.random_nouns",
            "random_shuffle.random_numbers",
            "random_shuffle.random_verbs"
          ]
        },
        {
          "index_key": 75,
          "schema_version": 0,
          "attributes": {
            "content": "HOW TO BE A PHOTOGRAPHER\r\nMany YASH2 photographers make big money\r\nphotographing RAJU10s and beautiful RAJU2s. They sell\r\nthe prints to YASH magazines or to agencies who use\r\nthem in RAJU6 advertisements. To be a photographer, you\r\nhave to have a RAJU8 camera. You also need an\r\nYASH1 meter and filters and a special close-up\r\nRAJU3. Then you either hire professional RAJU2s or go\r\nout and snap candid pictures of ordinary RAJU1s. But if you\r\nwant to have a career, you must study very SHARMA for at\r\nleast 100000 years.",
            "content_base64": null,
            "directory_permission": "0777",
            "file_permission": "0777",
            "filename": "madlibs/madlibs-75.txt",
            "id": "2594dbf7dbb2a2ba9eadba02f394fddad87b04d0",
            "sensitive_content": null,
            "source": null
          },
          "sensitive_attributes": [],
          "private": "bnVsbA==",
          "dependencies": [
            "random_shuffle.random_adjectives",
            "random_shuffle.random_adverbs",
            "random_shuffle.random_nouns",
            "random_shuffle.random_numbers",
            "random_shuffle.random_verbs"
          ]
        },
        {
          "index_key": 76,
          "schema_version": 0,
          "attributes": {
            "content": "THE OBSERVATORY\r\nOut class when on a field trip to a YASH2 observatory. It\r\nwas located on top of a RAJU7, and it looked like a giant\r\nRAJU3 with a slit down its RAJU9. We went inside and\r\nlooked through a RAJU5 and were able to see RAJU4s in\r\nthe sky that were millions of RAJU8s away. The men and\r\nwomen who RAM1 in the observatory are called\r\nRAJU10s, and they are always watching for comets, eclipses,\r\nand shooting RAJU11s. An eclipse occurs when a RAJU6\r\ncomes between the earth and the RAJU1 and everything\r\ngets YASH. Next week, we place to RAM the\r\nMuseum of Modern RAJU2.",
            "content_base64": null,
            "directory_permission": "0777",
            "file_permission": "0777",
            "filename": "madlibs/madlibs-76.txt",
            "id": "d31f39f4da0a0714673c8091baf83defe54b2d4a",
            "sensitive_content": null,
            "source": null
          },
          "sensitive_attributes": [],
          "private": "bnVsbA==",
          "dependencies": [
            "random_shuffle.random_adjectives",
            "random_shuffle.random_adverbs",
            "random_shuffle.random_nouns",
            "random_shuffle.random_numbers",
            "random_shuffle.random_verbs"
          ]
        },
        {
          "index_key": 77,
          "schema_version": 0,
          "attributes": {
            "content": "HOW TO BE A PHOTOGRAPHER\r\nMany YASH photographers make big money\r\nphotographing RAJU11s and beautiful RAJU5s. They sell\r\nthe prints to YASH1 magazines or to agencies who use\r\nthem in RAJU10 advertisements. To be a photographer, you\r\nhave to have a RAJU3 camera. You also need an\r\nYASH2 meter and filters and a special close-up\r\nRAJU9. Then you either hire professional RAJU5s or go\r\nout and snap candid pictures of ordinary RAJU1s. But if you\r\nwant to have a career, you must study very SHARMA for at\r\nleast 100000 years.",
            "content_base64": null,
            "directory_permission": "0777",
            "file_permission": "0777",
            "filename": "madlibs/madlibs-77.txt",
            "id": "a18570ff1d1f23d32fcccaff709bd2be6e773e7b",
            "sensitive_content": null,
            "source": null
          },
          "sensitive_attributes": [],
          "private": "bnVsbA==",
          "dependencies": [
            "random_shuffle.random_adjectives",
            "random_shuffle.random_adverbs",
            "random_shuffle.random_nouns",
            "random_shuffle.random_numbers",
            "random_shuffle.random_verbs"
          ]
        },
        {
          "index_key": 78,
          "schema_version": 0,
          "attributes": {
            "content": "THE OBSERVATORY\r\nOut class when on a field trip to a YASH1 observatory. It\r\nwas located on top of a RAJU7, and it looked like a giant\r\nRAJU5 with a slit down its RAJU3. We went inside and\r\nlooked through a RAJU8 and were able to see RAJU2s in\r\nthe sky that were millions of RAJU11s away. The men and\r\nwomen who RAM in the observatory are called\r\nRAJU9s, and they are always watching for comets, eclipses,\r\nand shooting RAJU6s. An eclipse occurs when a RAJU1\r\ncomes between the earth and the RAJU4 and everything\r\ngets YASH2. Next week, we place to RAM1 the\r\nMuseum of Modern RAJU10.",
            "content_base64": null,
            "directory_permission": "0777",
            "file_permission": "0777",
            "filename": "madlibs/madlibs-78.txt",
            "id": "a61fce4331adb7a69ee3fc4922a79fdb01a52bda",
            "sensitive_content": null,
            "source": null
          },
          "sensitive_attributes": [],
          "private": "bnVsbA==",
          "dependencies": [
            "random_shuffle.random_adjectives",
            "random_shuffle.random_adverbs",
            "random_shuffle.random_nouns",
            "random_shuffle.random_numbers",
            "random_shuffle.random_verbs"
          ]
        },
        {
          "index_key": 79,
          "schema_version": 0,
          "attributes": {
            "content": "HOW TO BE A PHOTOGRAPHER\r\nMany YASH2 photographers make big money\r\nphotographing RAJU2s and beautiful RAJU1s. They sell\r\nthe prints to YASH1 magazines or to agencies who use\r\nthem in RAJU8 advertisements. To be a photographer, you\r\nhave to have a RAJU6 camera. You also need an\r\nYASH meter and filters and a special close-up\r\nRAJU10. Then you either hire professional RAJU1s or go\r\nout and snap candid pictures of ordinary RAJU4s. But if you\r\nwant to have a career, you must study very SHARMA for at\r\nleast 100000 years.",
            "content_base64": null,
            "directory_permission": "0777",
            "file_permission": "0777",
            "filename": "madlibs/madlibs-79.txt",
            "id": "a9da68d404104f86f69dbb39a34a8689c1b4443b",
            "sensitive_content": null,
            "source": null
          },
          "sensitive_attributes": [],
          "private": "bnVsbA==",
          "dependencies": [
            "random_shuffle.random_adjectives",
            "random_shuffle.random_adverbs",
            "random_shuffle.random_nouns",
            "random_shuffle.random_numbers",
            "random_shuffle.random_verbs"
          ]
        },
        {
          "index_key": 80,
          "schema_version": 0,
          "attributes": {
            "content": "THE OBSERVATORY\r\nOut class when on a field trip to a YASH2 observatory. It\r\nwas located on top of a RAJU11, and it looked like a giant\r\nRAJU5 with a slit down its RAJU7. We went inside and\r\nlooked through a RAJU2 and were able to see RAJU6s in\r\nthe sky that were millions of RAJU1s away. The men and\r\nwomen who RAM1 in the observatory are called\r\nRAJU3s, and they are always watching for comets, eclipses,\r\nand shooting RAJU10s. An eclipse occurs when a RAJU8\r\ncomes between the earth and the RAJU9 and everything\r\ngets YASH1. Next week, we place to RAM the\r\nMuseum of Modern RAJU4.",
            "content_base64": null,
            "directory_permission": "0777",
            "file_permission": "0777",
            "filename": "madlibs/madlibs-80.txt",
            "id": "0e7963101a4076cf145605101bdd19a1c7c266a2",
            "sensitive_content": null,
            "source": null
          },
          "sensitive_attributes": [],
          "private": "bnVsbA==",
          "dependencies": [
            "random_shuffle.random_adjectives",
            "random_shuffle.random_adverbs",
            "random_shuffle.random_nouns",
            "random_shuffle.random_numbers",
            "random_shuffle.random_verbs"
          ]
        },
        {
          "index_key": 81,
          "schema_version": 0,
          "attributes": {
            "content": "HOW TO BE A PHOTOGRAPHER\r\nMany YASH2 photographers make big money\r\nphotographing RAJU1s and beautiful RAJU3s. They sell\r\nthe prints to YASH magazines or to agencies who use\r\nthem in RAJU8 advertisements. To be a photographer, you\r\nhave to have a RAJU9 camera. You also need an\r\nYASH1 meter and filters and a special close-up\r\nRAJU7. Then you either hire professional RAJU3s or go\r\nout and snap candid pictures of ordinary RAJU6s. But if you\r\nwant to have a career, you must study very SHARMA for at\r\nleast 100000 years.",
            "content_base64": null,
            "directory_permission": "0777",
            "file_permission": "0777",
            "filename": "madlibs/madlibs-81.txt",
            "id": "2ca2b37db9f9005908de7d8d276f1634c3de38de",
            "sensitive_content": null,
            "source": null
          },
          "sensitive_attributes": [],
          "private": "bnVsbA==",
          "dependencies": [
            "random_shuffle.random_adjectives",
            "random_shuffle.random_adverbs",
            "random_shuffle.random_nouns",
            "random_shuffle.random_numbers",
            "random_shuffle.random_verbs"
          ]
        },
        {
          "index_key": 82,
          "schema_version": 0,
          "attributes": {
            "content": "THE OBSERVATORY\r\nOut class when on a field trip to a YASH observatory. It\r\nwas located on top of a RAJU3, and it looked like a giant\r\nRAJU10 with a slit down its RAJU7. We went inside and\r\nlooked through a RAJU4 and were able to see RAJU11s in\r\nthe sky that were millions of RAJU5s away. The men and\r\nwomen who RAM in the observatory are called\r\nRAJU2s, and they are always watching for comets, eclipses,\r\nand shooting RAJU8s. An eclipse occurs when a RAJU6\r\ncomes between the earth and the RAJU9 and everything\r\ngets YASH1. Next week, we place to RAM1 the\r\nMuseum of Modern RAJU1.",
            "content_base64": null,
            "directory_permission": "0777",
            "file_permission": "0777",
            "filename": "madlibs/madlibs-82.txt",
            "id": "90ec14b37022a7e9d9d81bb7ddf3b864ebfc7597",
            "sensitive_content": null,
            "source": null
          },
          "sensitive_attributes": [],
          "private": "bnVsbA==",
          "dependencies": [
            "random_shuffle.random_adjectives",
            "random_shuffle.random_adverbs",
            "random_shuffle.random_nouns",
            "random_shuffle.random_numbers",
            "random_shuffle.random_verbs"
          ]
        },
        {
          "index_key": 83,
          "schema_version": 0,
          "attributes": {
            "content": "HOW TO BE A PHOTOGRAPHER\r\nMany YASH1 photographers make big money\r\nphotographing RAJU9s and beautiful RAJU2s. They sell\r\nthe prints to YASH magazines or to agencies who use\r\nthem in RAJU1 advertisements. To be a photographer, you\r\nhave to have a RAJU10 camera. You also need an\r\nYASH2 meter and filters and a special close-up\r\nRAJU11. Then you either hire professional RAJU2s or go\r\nout and snap candid pictures of ordinary RAJU7s. But if you\r\nwant to have a career, you must study very SHARMA for at\r\nleast 100000 years.",
            "content_base64": null,
            "directory_permission": "0777",
            "file_permission": "0777",
            "filename": "madlibs/madlibs-83.txt",
            "id": "efdcd183aace699f21d0eb0b5cd442f0934ccc36",
            "sensitive_content": null,
            "source": null
          },
          "sensitive_attributes": [],
          "private": "bnVsbA==",
          "dependencies": [
            "random_shuffle.random_adjectives",
            "random_shuffle.random_adverbs",
            "random_shuffle.random_nouns",
            "random_shuffle.random_numbers",
            "random_shuffle.random_verbs"
          ]
        },
        {
          "index_key": 84,
          "schema_version": 0,
          "attributes": {
            "content": "THE OBSERVATORY\r\nOut class when on a field trip to a YASH2 observatory. It\r\nwas located on top of a RAJU3, and it looked like a giant\r\nRAJU2 with a slit down its RAJU7. We went inside and\r\nlooked through a RAJU4 and were able to see RAJU8s in\r\nthe sky that were millions of RAJU6s away. The men and\r\nwomen who RAM1 in the observatory are called\r\nRAJU10s, and they are always watching for comets, eclipses,\r\nand shooting RAJU9s. An eclipse occurs when a RAJU1\r\ncomes between the earth and the RAJU11 and everything\r\ngets YASH. Next week, we place to RAM the\r\nMuseum of Modern RAJU5.",
            "content_base64": null,
            "directory_permission": "0777",
            "file_permission": "0777",
            "filename": "madlibs/madlibs-84.txt",
            "id": "8c07d6cd40ee83fa0e57af013eb584271889c574",
            "sensitive_content": null,
            "source": null
          },
          "sensitive_attributes": [],
          "private": "bnVsbA==",
          "dependencies": [
            "random_shuffle.random_adjectives",
            "random_shuffle.random_adverbs",
            "random_shuffle.random_nouns",
            "random_shuffle.random_numbers",
            "random_shuffle.random_verbs"
          ]
        },
        {
          "index_key": 85,
          "schema_version": 0,
          "attributes": {
            "content": "HOW TO BE A PHOTOGRAPHER\r\nMany YASH1 photographers make big money\r\nphotographing RAJU10s and beautiful RAJU6s. They sell\r\nthe prints to YASH2 magazines or to agencies who use\r\nthem in RAJU1 advertisements. To be a photographer, you\r\nhave to have a RAJU8 camera. You also need an\r\nYASH meter and filters and a special close-up\r\nRAJU4. Then you either hire professional RAJU6s or go\r\nout and snap candid pictures of ordinary RAJU3s. But if you\r\nwant to have a career, you must study very SHARMA for at\r\nleast 100000 years.",
            "content_base64": null,
            "directory_permission": "0777",
            "file_permission": "0777",
            "filename": "madlibs/madlibs-85.txt",
            "id": "adcc5700ca9eaaa77b9bd752cef7cb722bd82892",
            "sensitive_content": null,
            "source": null
          },
          "sensitive_attributes": [],
          "private": "bnVsbA==",
          "dependencies": [
            "random_shuffle.random_adjectives",
            "random_shuffle.random_adverbs",
            "random_shuffle.random_nouns",
            "random_shuffle.random_numbers",
            "random_shuffle.random_verbs"
          ]
        },
        {
          "index_key": 86,
          "schema_version": 0,
          "attributes": {
            "content": "THE OBSERVATORY\r\nOut class when on a field trip to a YASH observatory. It\r\nwas located on top of a RAJU4, and it looked like a giant\r\nRAJU8 with a slit down its RAJU7. We went inside and\r\nlooked through a RAJU1 and were able to see RAJU9s in\r\nthe sky that were millions of RAJU3s away. The men and\r\nwomen who RAM in the observatory are called\r\nRAJU2s, and they are always watching for comets, eclipses,\r\nand shooting RAJU10s. An eclipse occurs when a RAJU5\r\ncomes between the earth and the RAJU11 and everything\r\ngets YASH2. Next week, we place to RAM1 the\r\nMuseum of Modern RAJU6.",
            "content_base64": null,
            "directory_permission": "0777",
            "file_permission": "0777",
            "filename": "madlibs/madlibs-86.txt",
            "id": "b400268c03f76ecc27a08562ae50c3b943890609",
            "sensitive_content": null,
            "source": null
          },
          "sensitive_attributes": [],
          "private": "bnVsbA==",
          "dependencies": [
            "random_shuffle.random_adjectives",
            "random_shuffle.random_adverbs",
            "random_shuffle.random_nouns",
            "random_shuffle.random_numbers",
            "random_shuffle.random_verbs"
          ]
        },
        {
          "index_key": 87,
          "schema_version": 0,
          "attributes": {
            "content": "HOW TO BE A PHOTOGRAPHER\r\nMany YASH1 photographers make big money\r\nphotographing RAJU4s and beautiful RAJU11s. They sell\r\nthe prints to YASH magazines or to agencies who use\r\nthem in RAJU7 advertisements. To be a photographer, you\r\nhave to have a RAJU2 camera. You also need an\r\nYASH2 meter and filters and a special close-up\r\nRAJU6. Then you either hire professional RAJU11s or go\r\nout and snap candid pictures of ordinary RAJU3s. But if you\r\nwant to have a career, you must study very SHARMA for at\r\nleast 100000 years.",
            "content_base64": null,
            "directory_permission": "0777",
            "file_permission": "0777",
            "filename": "madlibs/madlibs-87.txt",
            "id": "2aaadd126e3dbc726fc985151dbf5f12b01ce61c",
            "sensitive_content": null,
            "source": null
          },
          "sensitive_attributes": [],
          "private": "bnVsbA==",
          "dependencies": [
            "random_shuffle.random_adjectives",
            "random_shuffle.random_adverbs",
            "random_shuffle.random_nouns",
            "random_shuffle.random_numbers",
            "random_shuffle.random_verbs"
          ]
        },
        {
          "index_key": 88,
          "schema_version": 0,
          "attributes": {
            "content": "THE OBSERVATORY\r\nOut class when on a field trip to a YASH2 observatory. It\r\nwas located on top of a RAJU9, and it looked like a giant\r\nRAJU11 with a slit down its RAJU8. We went inside and\r\nlooked through a RAJU5 and were able to see RAJU7s in\r\nthe sky that were millions of RAJU6s away. The men and\r\nwomen who RAM1 in the observatory are called\r\nRAJU4s, and they are always watching for comets, eclipses,\r\nand shooting RAJU2s. An eclipse occurs when a RAJU10\r\ncomes between the earth and the RAJU3 and everything\r\ngets YASH1. Next week, we place to RAM the\r\nMuseum of Modern RAJU1.",
            "content_base64": null,
            "directory_permission": "0777",
            "file_permission": "0777",
            "filename": "madlibs/madlibs-88.txt",
            "id": "00e05c0e5f290511cdbad374065dd9f3557d9b0c",
            "sensitive_content": null,
            "source": null
          },
          "sensitive_attributes": [],
          "private": "bnVsbA==",
          "dependencies": [
            "random_shuffle.random_adjectives",
            "random_shuffle.random_adverbs",
            "random_shuffle.random_nouns",
            "random_shuffle.random_numbers",
            "random_shuffle.random_verbs"
          ]
        },
        {
          "index_key": 89,
          "schema_version": 0,
          "attributes": {
            "content": "HOW TO BE A PHOTOGRAPHER\r\nMany YASH2 photographers make big money\r\nphotographing RAJU4s and beautiful RAJU3s. They sell\r\nthe prints to YASH1 magazines or to agencies who use\r\nthem in RAJU11 advertisements. To be a photographer, you\r\nhave to have a RAJU1 camera. You also need an\r\nYASH meter and filters and a special close-up\r\nRAJU6. Then you either hire professional RAJU3s or go\r\nout and snap candid pictures of ordinary RAJU9s. But if you\r\nwant to have a career, you must study very SHARMA for at\r\nleast 100000 years.",
            "content_base64": null,
            "directory_permission": "0777",
            "file_permission": "0777",
            "filename": "madlibs/madlibs-89.txt",
            "id": "811e17173ebfbe94e3741c206cff66b925a4315a",
            "sensitive_content": null,
            "source": null
          },
          "sensitive_attributes": [],
          "private": "bnVsbA==",
          "dependencies": [
            "random_shuffle.random_adjectives",
            "random_shuffle.random_adverbs",
            "random_shuffle.random_nouns",
            "random_shuffle.random_numbers",
            "random_shuffle.random_verbs"
          ]
        },
        {
          "index_key": 90,
          "schema_version": 0,
          "attributes": {
            "content": "THE OBSERVATORY\r\nOut class when on a field trip to a YASH2 observatory. It\r\nwas located on top of a RAJU11, and it looked like a giant\r\nRAJU2 with a slit down its RAJU9. We went inside and\r\nlooked through a RAJU5 and were able to see RAJU6s in\r\nthe sky that were millions of RAJU4s away. The men and\r\nwomen who RAM1 in the observatory are called\r\nRAJU1s, and they are always watching for comets, eclipses,\r\nand shooting RAJU10s. An eclipse occurs when a RAJU3\r\ncomes between the earth and the RAJU7 and everything\r\ngets YASH1. Next week, we place to RAM the\r\nMuseum of Modern RAJU8.",
            "content_base64": null,
            "directory_permission": "0777",
            "file_permission": "0777",
            "filename": "madlibs/madlibs-90.txt",
            "id": "b8ab7a522758c6551693737ed43fe6015d17d1bf",
            "sensitive_content": null,
            "source": null
          },
          "sensitive_attributes": [],
          "private": "bnVsbA==",
          "dependencies": [
            "random_shuffle.random_adjectives",
            "random_shuffle.random_adverbs",
            "random_shuffle.random_nouns",
            "random_shuffle.random_numbers",
            "random_shuffle.random_verbs"
          ]
        },
        {
          "index_key": 91,
          "schema_version": 0,
          "attributes": {
            "content": "HOW TO BE A PHOTOGRAPHER\r\nMany YASH photographers make big money\r\nphotographing RAJU6s and beautiful RAJU8s. They sell\r\nthe prints to YASH1 magazines or to agencies who use\r\nthem in RAJU3 advertisements. To be a photographer, you\r\nhave to have a RAJU11 camera. You also need an\r\nYASH2 meter and filters and a special close-up\r\nRAJU4. Then you either hire professional RAJU8s or go\r\nout and snap candid pictures of ordinary RAJU1s. But if you\r\nwant to have a career, you must study very SHARMA for at\r\nleast 100000 years.",
            "content_base64": null,
            "directory_permission": "0777",
            "file_permission": "0777",
            "filename": "madlibs/madlibs-91.txt",
            "id": "bb2a1801de0ef5c622812a7b0909ec302fe45041",
            "sensitive_content": null,
            "source": null
          },
          "sensitive_attributes": [],
          "private": "bnVsbA==",
          "dependencies": [
            "random_shuffle.random_adjectives",
            "random_shuffle.random_adverbs",
            "random_shuffle.random_nouns",
            "random_shuffle.random_numbers",
            "random_shuffle.random_verbs"
          ]
        },
        {
          "index_key": 92,
          "schema_version": 0,
          "attributes": {
            "content": "THE OBSERVATORY\r\nOut class when on a field trip to a YASH observatory. It\r\nwas located on top of a RAJU8, and it looked like a giant\r\nRAJU5 with a slit down its RAJU2. We went inside and\r\nlooked through a RAJU4 and were able to see RAJU3s in\r\nthe sky that were millions of RAJU6s away. The men and\r\nwomen who RAM in the observatory are called\r\nRAJU7s, and they are always watching for comets, eclipses,\r\nand shooting RAJU9s. An eclipse occurs when a RAJU1\r\ncomes between the earth and the RAJU11 and everything\r\ngets YASH1. Next week, we place to RAM1 the\r\nMuseum of Modern RAJU10.",
            "content_base64": null,
            "directory_permission": "0777",
            "file_permission": "0777",
            "filename": "madlibs/madlibs-92.txt",
            "id": "179e63477a375bd915d954082c7390f32a0d9852",
            "sensitive_content": null,
            "source": null
          },
          "sensitive_attributes": [],
          "private": "bnVsbA==",
          "dependencies": [
            "random_shuffle.random_adjectives",
            "random_shuffle.random_adverbs",
            "random_shuffle.random_nouns",
            "random_shuffle.random_numbers",
            "random_shuffle.random_verbs"
          ]
        },
        {
          "index_key": 93,
          "schema_version": 0,
          "attributes": {
            "content": "HOW TO BE A PHOTOGRAPHER\r\nMany YASH photographers make big money\r\nphotographing RAJU11s and beautiful RAJU5s. They sell\r\nthe prints to YASH2 magazines or to agencies who use\r\nthem in RAJU6 advertisements. To be a photographer, you\r\nhave to have a RAJU9 camera. You also need an\r\nYASH1 meter and filters and a special close-up\r\nRAJU7. Then you either hire professional RAJU5s or go\r\nout and snap candid pictures of ordinary RAJU1s. But if you\r\nwant to have a career, you must study very SHARMA for at\r\nleast 100000 years.",
            "content_base64": null,
            "directory_permission": "0777",
            "file_permission": "0777",
            "filename": "madlibs/madlibs-93.txt",
            "id": "955f8105f1e417110db218feeb68cb9371ef442c",
            "sensitive_content": null,
            "source": null
          },
          "sensitive_attributes": [],
          "private": "bnVsbA==",
          "dependencies": [
            "random_shuffle.random_adjectives",
            "random_shuffle.random_adverbs",
            "random_shuffle.random_nouns",
            "random_shuffle.random_numbers",
            "random_shuffle.random_verbs"
          ]
        },
        {
          "index_key": 94,
          "schema_version": 0,
          "attributes": {
            "content": "THE OBSERVATORY\r\nOut class when on a field trip to a YASH observatory. It\r\nwas located on top of a RAJU6, and it looked like a giant\r\nRAJU4 with a slit down its RAJU7. We went inside and\r\nlooked through a RAJU9 and were able to see RAJU3s in\r\nthe sky that were millions of RAJU8s away. The men and\r\nwomen who RAM1 in the observatory are called\r\nRAJU5s, and they are always watching for comets, eclipses,\r\nand shooting RAJU2s. An eclipse occurs when a RAJU1\r\ncomes between the earth and the RAJU10 and everything\r\ngets YASH1. Next week, we place to RAM the\r\nMuseum of Modern RAJU11.",
            "content_base64": null,
            "directory_permission": "0777",
            "file_permission": "0777",
            "filename": "madlibs/madlibs-94.txt",
            "id": "2464425c202b1c86219bff73731069118ba06138",
            "sensitive_content": null,
            "source": null
          },
          "sensitive_attributes": [],
          "private": "bnVsbA==",
          "dependencies": [
            "random_shuffle.random_adjectives",
            "random_shuffle.random_adverbs",
            "random_shuffle.random_nouns",
            "random_shuffle.random_numbers",
            "random_shuffle.random_verbs"
          ]
        },
        {
          "index_key": 95,
          "schema_version": 0,
          "attributes": {
            "content": "HOW TO BE A PHOTOGRAPHER\r\nMany YASH photographers make big money\r\nphotographing RAJU10s and beautiful RAJU2s. They sell\r\nthe prints to YASH1 magazines or to agencies who use\r\nthem in RAJU9 advertisements. To be a photographer, you\r\nhave to have a RAJU6 camera. You also need an\r\nYASH2 meter and filters and a special close-up\r\nRAJU8. Then you either hire professional RAJU2s or go\r\nout and snap candid pictures of ordinary RAJU1s. But if you\r\nwant to have a career, you must study very SHARMA for at\r\nleast 100000 years.",
            "content_base64": null,
            "directory_permission": "0777",
            "file_permission": "0777",
            "filename": "madlibs/madlibs-95.txt",
            "id": "fc6ed6a5cefaf4ff0ef0318a3b6c58fac7e8acca",
            "sensitive_content": null,
            "source": null
          },
          "sensitive_attributes": [],
          "private": "bnVsbA==",
          "dependencies": [
            "random_shuffle.random_adjectives",
            "random_shuffle.random_adverbs",
            "random_shuffle.random_nouns",
            "random_shuffle.random_numbers",
            "random_shuffle.random_verbs"
          ]
        },
        {
          "index_key": 96,
          "schema_version": 0,
          "attributes": {
            "content": "THE OBSERVATORY\r\nOut class when on a field trip to a YASH2 observatory. It\r\nwas located on top of a RAJU4, and it looked like a giant\r\nRAJU1 with a slit down its RAJU8. We went inside and\r\nlooked through a RAJU9 and were able to see RAJU5s in\r\nthe sky that were millions of RAJU3s away. The men and\r\nwomen who RAM1 in the observatory are called\r\nRAJU7s, and they are always watching for comets, eclipses,\r\nand shooting RAJU2s. An eclipse occurs when a RAJU10\r\ncomes between the earth and the RAJU6 and everything\r\ngets YASH1. Next week, we place to RAM the\r\nMuseum of Modern RAJU11.",
            "content_base64": null,
            "directory_permission": "0777",
            "file_permission": "0777",
            "filename": "madlibs/madlibs-96.txt",
            "id": "53d78debfa00c471afd56a28c737d1d86d7e8a00",
            "sensitive_content": null,
            "source": null
          },
          "sensitive_attributes": [],
          "private": "bnVsbA==",
          "dependencies": [
            "random_shuffle.random_adjectives",
            "random_shuffle.random_adverbs",
            "random_shuffle.random_nouns",
            "random_shuffle.random_numbers",
            "random_shuffle.random_verbs"
          ]
        },
        {
          "index_key": 97,
          "schema_version": 0,
          "attributes": {
            "content": "HOW TO BE A PHOTOGRAPHER\r\nMany YASH1 photographers make big money\r\nphotographing RAJU10s and beautiful RAJU3s. They sell\r\nthe prints to YASH2 magazines or to agencies who use\r\nthem in RAJU9 advertisements. To be a photographer, you\r\nhave to have a RAJU8 camera. You also need an\r\nYASH meter and filters and a special close-up\r\nRAJU5. Then you either hire professional RAJU3s or go\r\nout and snap candid pictures of ordinary RAJU7s. But if you\r\nwant to have a career, you must study very SHARMA for at\r\nleast 100000 years.",
            "content_base64": null,
            "directory_permission": "0777",
            "file_permission": "0777",
            "filename": "madlibs/madlibs-97.txt",
            "id": "b8033985435ce28f32163fca771ea8976234e6df",
            "sensitive_content": null,
            "source": null
          },
          "sensitive_attributes": [],
          "private": "bnVsbA==",
          "dependencies": [
            "random_shuffle.random_adjectives",
            "random_shuffle.random_adverbs",
            "random_shuffle.random_nouns",
            "random_shuffle.random_numbers",
            "random_shuffle.random_verbs"
          ]
        },
        {
          "index_key": 98,
          "schema_version": 0,
          "attributes": {
            "content": "THE OBSERVATORY\r\nOut class when on a field trip to a YASH2 observatory. It\r\nwas located on top of a RAJU5, and it looked like a giant\r\nRAJU2 with a slit down its RAJU1. We went inside and\r\nlooked through a RAJU8 and were able to see RAJU6s in\r\nthe sky that were millions of RAJU11s away. The men and\r\nwomen who RAM in the observatory are called\r\nRAJU10s, and they are always watching for comets, eclipses,\r\nand shooting RAJU7s. An eclipse occurs when a RAJU3\r\ncomes between the earth and the RAJU9 and everything\r\ngets YASH1. Next week, we place to RAM1 the\r\nMuseum of Modern RAJU4.",
            "content_base64": null,
            "directory_permission": "0777",
            "file_permission": "0777",
            "filename": "madlibs/madlibs-98.txt",
            "id": "55bb2b686bad269b07a0ff2748613f1a9f85afbe",
            "sensitive_content": null,
            "source": null
          },
          "sensitive_attributes": [],
          "private": "bnVsbA==",
          "dependencies": [
            "random_shuffle.random_adjectives",
            "random_shuffle.random_adverbs",
            "random_shuffle.random_nouns",
            "random_shuffle.random_numbers",
            "random_shuffle.random_verbs"
          ]
        },
        {
          "index_key": 99,
          "schema_version": 0,
          "attributes": {
            "content": "HOW TO BE A PHOTOGRAPHER\r\nMany YASH2 photographers make big money\r\nphotographing RAJU2s and beautiful RAJU10s. They sell\r\nthe prints to YASH1 magazines or to agencies who use\r\nthem in RAJU9 advertisements. To be a photographer, you\r\nhave to have a RAJU7 camera. You also need an\r\nYASH meter and filters and a special close-up\r\nRAJU8. Then you either hire professional RAJU10s or go\r\nout and snap candid pictures of ordinary RAJU3s. But if you\r\nwant to have a career, you must study very SHARMA for at\r\nleast 100000 years.",
            "content_base64": null,
            "directory_permission": "0777",
            "file_permission": "0777",
            "filename": "madlibs/madlibs-99.txt",
            "id": "0d4d2ac3c6899b985af5afe29b37c4581bd9adee",
            "sensitive_content": null,
            "source": null
          },
          "sensitive_attributes": [],
          "private": "bnVsbA==",
          "dependencies": [
            "random_shuffle.random_adjectives",
            "random_shuffle.random_adverbs",
            "random_shuffle.random_nouns",
            "random_shuffle.random_numbers",
            "random_shuffle.random_verbs"
          ]
        }
      ]
    },
    {
      "mode": "managed",
      "type": "random_shuffle",
      "name": "random_adjectives",
      "provider": "provider[\"registry.terraform.io/hashicorp/random\"]",
      "instances": [
        {
          "index_key": 0,
          "schema_version": 0,
          "attributes": {
            "id": "-",
            "input": [
              "YASH",
              "YASH1",
              "YASH2"
            ],
            "keepers": null,
            "result": [
              "YASH2",
              "YASH",
              "YASH1"
            ],
            "result_count": null,
            "seed": null
          },
          "sensitive_attributes": [],
          "private": "bnVsbA=="
        },
        {
          "index_key": 1,
          "schema_version": 0,
          "attributes": {
            "id": "-",
            "input": [
              "YASH",
              "YASH1",
              "YASH2"
            ],
            "keepers": null,
            "result": [
              "YASH",
              "YASH1",
              "YASH2"
            ],
            "result_count": null,
            "seed": null
          },
          "sensitive_attributes": [],
          "private": "bnVsbA=="
        },
        {
          "index_key": 2,
          "schema_version": 0,
          "attributes": {
            "id": "-",
            "input": [
              "YASH",
              "YASH1",
              "YASH2"
            ],
            "keepers": null,
            "result": [
              "YASH",
              "YASH1",
              "YASH2"
            ],
            "result_count": null,
            "seed": null
          },
          "sensitive_attributes": [],
          "private": "bnVsbA=="
        },
        {
          "index_key": 3,
          "schema_version": 0,
          "attributes": {
            "id": "-",
            "input": [
              "YASH",
              "YASH1",
              "YASH2"
            ],
            "keepers": null,
            "result": [
              "YASH2",
              "YASH1",
              "YASH"
            ],
            "result_count": null,
            "seed": null
          },
          "sensitive_attributes": [],
          "private": "bnVsbA=="
        },
        {
          "index_key": 4,
          "schema_version": 0,
          "attributes": {
            "id": "-",
            "input": [
              "YASH",
              "YASH1",
              "YASH2"
            ],
            "keepers": null,
            "result": [
              "YASH",
              "YASH2",
              "YASH1"
            ],
            "result_count": null,
            "seed": null
          },
          "sensitive_attributes": [],
          "private": "bnVsbA=="
        },
        {
          "index_key": 5,
          "schema_version": 0,
          "attributes": {
            "id": "-",
            "input": [
              "YASH",
              "YASH1",
              "YASH2"
            ],
            "keepers": null,
            "result": [
              "YASH2",
              "YASH",
              "YASH1"
            ],
            "result_count": null,
            "seed": null
          },
          "sensitive_attributes": [],
          "private": "bnVsbA=="
        },
        {
          "index_key": 6,
          "schema_version": 0,
          "attributes": {
            "id": "-",
            "input": [
              "YASH",
              "YASH1",
              "YASH2"
            ],
            "keepers": null,
            "result": [
              "YASH",
              "YASH1",
              "YASH2"
            ],
            "result_count": null,
            "seed": null
          },
          "sensitive_attributes": [],
          "private": "bnVsbA=="
        },
        {
          "index_key": 7,
          "schema_version": 0,
          "attributes": {
            "id": "-",
            "input": [
              "YASH",
              "YASH1",
              "YASH2"
            ],
            "keepers": null,
            "result": [
              "YASH1",
              "YASH",
              "YASH2"
            ],
            "result_count": null,
            "seed": null
          },
          "sensitive_attributes": [],
          "private": "bnVsbA=="
        },
        {
          "index_key": 8,
          "schema_version": 0,
          "attributes": {
            "id": "-",
            "input": [
              "YASH",
              "YASH1",
              "YASH2"
            ],
            "keepers": null,
            "result": [
              "YASH2",
              "YASH1",
              "YASH"
            ],
            "result_count": null,
            "seed": null
          },
          "sensitive_attributes": [],
          "private": "bnVsbA=="
        },
        {
          "index_key": 9,
          "schema_version": 0,
          "attributes": {
            "id": "-",
            "input": [
              "YASH",
              "YASH1",
              "YASH2"
            ],
            "keepers": null,
            "result": [
              "YASH2",
              "YASH",
              "YASH1"
            ],
            "result_count": null,
            "seed": null
          },
          "sensitive_attributes": [],
          "private": "bnVsbA=="
        },
        {
          "index_key": 10,
          "schema_version": 0,
          "attributes": {
            "id": "-",
            "input": [
              "YASH",
              "YASH1",
              "YASH2"
            ],
            "keepers": null,
            "result": [
              "YASH1",
              "YASH",
              "YASH2"
            ],
            "result_count": null,
            "seed": null
          },
          "sensitive_attributes": [],
          "private": "bnVsbA=="
        },
        {
          "index_key": 11,
          "schema_version": 0,
          "attributes": {
            "id": "-",
            "input": [
              "YASH",
              "YASH1",
              "YASH2"
            ],
            "keepers": null,
            "result": [
              "YASH",
              "YASH2",
              "YASH1"
            ],
            "result_count": null,
            "seed": null
          },
          "sensitive_attributes": [],
          "private": "bnVsbA=="
        },
        {
          "index_key": 12,
          "schema_version": 0,
          "attributes": {
            "id": "-",
            "input": [
              "YASH",
              "YASH1",
              "YASH2"
            ],
            "keepers": null,
            "result": [
              "YASH2",
              "YASH",
              "YASH1"
            ],
            "result_count": null,
            "seed": null
          },
          "sensitive_attributes": [],
          "private": "bnVsbA=="
        },
        {
          "index_key": 13,
          "schema_version": 0,
          "attributes": {
            "id": "-",
            "input": [
              "YASH",
              "YASH1",
              "YASH2"
            ],
            "keepers": null,
            "result": [
              "YASH",
              "YASH1",
              "YASH2"
            ],
            "result_count": null,
            "seed": null
          },
          "sensitive_attributes": [],
          "private": "bnVsbA=="
        },
        {
          "index_key": 14,
          "schema_version": 0,
          "attributes": {
            "id": "-",
            "input": [
              "YASH",
              "YASH1",
              "YASH2"
            ],
            "keepers": null,
            "result": [
              "YASH2",
              "YASH",
              "YASH1"
            ],
            "result_count": null,
            "seed": null
          },
          "sensitive_attributes": [],
          "private": "bnVsbA=="
        },
        {
          "index_key": 15,
          "schema_version": 0,
          "attributes": {
            "id": "-",
            "input": [
              "YASH",
              "YASH1",
              "YASH2"
            ],
            "keepers": null,
            "result": [
              "YASH2",
              "YASH",
              "YASH1"
            ],
            "result_count": null,
            "seed": null
          },
          "sensitive_attributes": [],
          "private": "bnVsbA=="
        },
        {
          "index_key": 16,
          "schema_version": 0,
          "attributes": {
            "id": "-",
            "input": [
              "YASH",
              "YASH1",
              "YASH2"
            ],
            "keepers": null,
            "result": [
              "YASH2",
              "YASH1",
              "YASH"
            ],
            "result_count": null,
            "seed": null
          },
          "sensitive_attributes": [],
          "private": "bnVsbA=="
        },
        {
          "index_key": 17,
          "schema_version": 0,
          "attributes": {
            "id": "-",
            "input": [
              "YASH",
              "YASH1",
              "YASH2"
            ],
            "keepers": null,
            "result": [
              "YASH2",
              "YASH",
              "YASH1"
            ],
            "result_count": null,
            "seed": null
          },
          "sensitive_attributes": [],
          "private": "bnVsbA=="
        },
        {
          "index_key": 18,
          "schema_version": 0,
          "attributes": {
            "id": "-",
            "input": [
              "YASH",
              "YASH1",
              "YASH2"
            ],
            "keepers": null,
            "result": [
              "YASH",
              "YASH2",
              "YASH1"
            ],
            "result_count": null,
            "seed": null
          },
          "sensitive_attributes": [],
          "private": "bnVsbA=="
        },
        {
          "index_key": 19,
          "schema_version": 0,
          "attributes": {
            "id": "-",
            "input": [
              "YASH",
              "YASH1",
              "YASH2"
            ],
            "keepers": null,
            "result": [
              "YASH",
              "YASH1",
              "YASH2"
            ],
            "result_count": null,
            "seed": null
          },
          "sensitive_attributes": [],
          "private": "bnVsbA=="
        },
        {
          "index_key": 20,
          "schema_version": 0,
          "attributes": {
            "id": "-",
            "input": [
              "YASH",
              "YASH1",
              "YASH2"
            ],
            "keepers": null,
            "result": [
              "YASH2",
              "YASH",
              "YASH1"
            ],
            "result_count": null,
            "seed": null
          },
          "sensitive_attributes": [],
          "private": "bnVsbA=="
        },
        {
          "index_key": 21,
          "schema_version": 0,
          "attributes": {
            "id": "-",
            "input": [
              "YASH",
              "YASH1",
              "YASH2"
            ],
            "keepers": null,
            "result": [
              "YASH1",
              "YASH",
              "YASH2"
            ],
            "result_count": null,
            "seed": null
          },
          "sensitive_attributes": [],
          "private": "bnVsbA=="
        },
        {
          "index_key": 22,
          "schema_version": 0,
          "attributes": {
            "id": "-",
            "input": [
              "YASH",
              "YASH1",
              "YASH2"
            ],
            "keepers": null,
            "result": [
              "YASH",
              "YASH1",
              "YASH2"
            ],
            "result_count": null,
            "seed": null
          },
          "sensitive_attributes": [],
          "private": "bnVsbA=="
        },
        {
          "index_key": 23,
          "schema_version": 0,
          "attributes": {
            "id": "-",
            "input": [
              "YASH",
              "YASH1",
              "YASH2"
            ],
            "keepers": null,
            "result": [
              "YASH1",
              "YASH",
              "YASH2"
            ],
            "result_count": null,
            "seed": null
          },
          "sensitive_attributes": [],
          "private": "bnVsbA=="
        },
        {
          "index_key": 24,
          "schema_version": 0,
          "attributes": {
            "id": "-",
            "input": [
              "YASH",
              "YASH1",
              "YASH2"
            ],
            "keepers": null,
            "result": [
              "YASH1",
              "YASH2",
              "YASH"
            ],
            "result_count": null,
            "seed": null
          },
          "sensitive_attributes": [],
          "private": "bnVsbA=="
        },
        {
          "index_key": 25,
          "schema_version": 0,
          "attributes": {
            "id": "-",
            "input": [
              "YASH",
              "YASH1",
              "YASH2"
            ],
            "keepers": null,
            "result": [
              "YASH1",
              "YASH2",
              "YASH"
            ],
            "result_count": null,
            "seed": null
          },
          "sensitive_attributes": [],
          "private": "bnVsbA=="
        },
        {
          "index_key": 26,
          "schema_version": 0,
          "attributes": {
            "id": "-",
            "input": [
              "YASH",
              "YASH1",
              "YASH2"
            ],
            "keepers": null,
            "result": [
              "YASH1",
              "YASH",
              "YASH2"
            ],
            "result_count": null,
            "seed": null
          },
          "sensitive_attributes": [],
          "private": "bnVsbA=="
        },
        {
          "index_key": 27,
          "schema_version": 0,
          "attributes": {
            "id": "-",
            "input": [
              "YASH",
              "YASH1",
              "YASH2"
            ],
            "keepers": null,
            "result": [
              "YASH1",
              "YASH2",
              "YASH"
            ],
            "result_count": null,
            "seed": null
          },
          "sensitive_attributes": [],
          "private": "bnVsbA=="
        },
        {
          "index_key": 28,
          "schema_version": 0,
          "attributes": {
            "id": "-",
            "input": [
              "YASH",
              "YASH1",
              "YASH2"
            ],
            "keepers": null,
            "result": [
              "YASH",
              "YASH1",
              "YASH2"
            ],
            "result_count": null,
            "seed": null
          },
          "sensitive_attributes": [],
          "private": "bnVsbA=="
        },
        {
          "index_key": 29,
          "schema_version": 0,
          "attributes": {
            "id": "-",
            "input": [
              "YASH",
              "YASH1",
              "YASH2"
            ],
            "keepers": null,
            "result": [
              "YASH",
              "YASH2",
              "YASH1"
            ],
            "result_count": null,
            "seed": null
          },
          "sensitive_attributes": [],
          "private": "bnVsbA=="
        },
        {
          "index_key": 30,
          "schema_version": 0,
          "attributes": {
            "id": "-",
            "input": [
              "YASH",
              "YASH1",
              "YASH2"
            ],
            "keepers": null,
            "result": [
              "YASH",
              "YASH2",
              "YASH1"
            ],
            "result_count": null,
            "seed": null
          },
          "sensitive_attributes": [],
          "private": "bnVsbA=="
        },
        {
          "index_key": 31,
          "schema_version": 0,
          "attributes": {
            "id": "-",
            "input": [
              "YASH",
              "YASH1",
              "YASH2"
            ],
            "keepers": null,
            "result": [
              "YASH",
              "YASH2",
              "YASH1"
            ],
            "result_count": null,
            "seed": null
          },
          "sensitive_attributes": [],
          "private": "bnVsbA=="
        },
        {
          "index_key": 32,
          "schema_version": 0,
          "attributes": {
            "id": "-",
            "input": [
              "YASH",
              "YASH1",
              "YASH2"
            ],
            "keepers": null,
            "result": [
              "YASH",
              "YASH1",
              "YASH2"
            ],
            "result_count": null,
            "seed": null
          },
          "sensitive_attributes": [],
          "private": "bnVsbA=="
        },
        {
          "index_key": 33,
          "schema_version": 0,
          "attributes": {
            "id": "-",
            "input": [
              "YASH",
              "YASH1",
              "YASH2"
            ],
            "keepers": null,
            "result": [
              "YASH",
              "YASH1",
              "YASH2"
            ],
            "result_count": null,
            "seed": null
          },
          "sensitive_attributes": [],
          "private": "bnVsbA=="
        },
        {
          "index_key": 34,
          "schema_version": 0,
          "attributes": {
            "id": "-",
            "input": [
              "YASH",
              "YASH1",
              "YASH2"
            ],
            "keepers": null,
            "result": [
              "YASH2",
              "YASH",
              "YASH1"
            ],
            "result_count": null,
            "seed": null
          },
          "sensitive_attributes": [],
          "private": "bnVsbA=="
        },
        {
          "index_key": 35,
          "schema_version": 0,
          "attributes": {
            "id": "-",
            "input": [
              "YASH",
              "YASH1",
              "YASH2"
            ],
            "keepers": null,
            "result": [
              "YASH2",
              "YASH",
              "YASH1"
            ],
            "result_count": null,
            "seed": null
          },
          "sensitive_attributes": [],
          "private": "bnVsbA=="
        },
        {
          "index_key": 36,
          "schema_version": 0,
          "attributes": {
            "id": "-",
            "input": [
              "YASH",
              "YASH1",
              "YASH2"
            ],
            "keepers": null,
            "result": [
              "YASH2",
              "YASH",
              "YASH1"
            ],
            "result_count": null,
            "seed": null
          },
          "sensitive_attributes": [],
          "private": "bnVsbA=="
        },
        {
          "index_key": 37,
          "schema_version": 0,
          "attributes": {
            "id": "-",
            "input": [
              "YASH",
              "YASH1",
              "YASH2"
            ],
            "keepers": null,
            "result": [
              "YASH1",
              "YASH2",
              "YASH"
            ],
            "result_count": null,
            "seed": null
          },
          "sensitive_attributes": [],
          "private": "bnVsbA=="
        },
        {
          "index_key": 38,
          "schema_version": 0,
          "attributes": {
            "id": "-",
            "input": [
              "YASH",
              "YASH1",
              "YASH2"
            ],
            "keepers": null,
            "result": [
              "YASH1",
              "YASH",
              "YASH2"
            ],
            "result_count": null,
            "seed": null
          },
          "sensitive_attributes": [],
          "private": "bnVsbA=="
        },
        {
          "index_key": 39,
          "schema_version": 0,
          "attributes": {
            "id": "-",
            "input": [
              "YASH",
              "YASH1",
              "YASH2"
            ],
            "keepers": null,
            "result": [
              "YASH1",
              "YASH2",
              "YASH"
            ],
            "result_count": null,
            "seed": null
          },
          "sensitive_attributes": [],
          "private": "bnVsbA=="
        },
        {
          "index_key": 40,
          "schema_version": 0,
          "attributes": {
            "id": "-",
            "input": [
              "YASH",
              "YASH1",
              "YASH2"
            ],
            "keepers": null,
            "result": [
              "YASH2",
              "YASH",
              "YASH1"
            ],
            "result_count": null,
            "seed": null
          },
          "sensitive_attributes": [],
          "private": "bnVsbA=="
        },
        {
          "index_key": 41,
          "schema_version": 0,
          "attributes": {
            "id": "-",
            "input": [
              "YASH",
              "YASH1",
              "YASH2"
            ],
            "keepers": null,
            "result": [
              "YASH2",
              "YASH1",
              "YASH"
            ],
            "result_count": null,
            "seed": null
          },
          "sensitive_attributes": [],
          "private": "bnVsbA=="
        },
        {
          "index_key": 42,
          "schema_version": 0,
          "attributes": {
            "id": "-",
            "input": [
              "YASH",
              "YASH1",
              "YASH2"
            ],
            "keepers": null,
            "result": [
              "YASH",
              "YASH1",
              "YASH2"
            ],
            "result_count": null,
            "seed": null
          },
          "sensitive_attributes": [],
          "private": "bnVsbA=="
        },
        {
          "index_key": 43,
          "schema_version": 0,
          "attributes": {
            "id": "-",
            "input": [
              "YASH",
              "YASH1",
              "YASH2"
            ],
            "keepers": null,
            "result": [
              "YASH1",
              "YASH2",
              "YASH"
            ],
            "result_count": null,
            "seed": null
          },
          "sensitive_attributes": [],
          "private": "bnVsbA=="
        },
        {
          "index_key": 44,
          "schema_version": 0,
          "attributes": {
            "id": "-",
            "input": [
              "YASH",
              "YASH1",
              "YASH2"
            ],
            "keepers": null,
            "result": [
              "YASH",
              "YASH1",
              "YASH2"
            ],
            "result_count": null,
            "seed": null
          },
          "sensitive_attributes": [],
          "private": "bnVsbA=="
        },
        {
          "index_key": 45,
          "schema_version": 0,
          "attributes": {
            "id": "-",
            "input": [
              "YASH",
              "YASH1",
              "YASH2"
            ],
            "keepers": null,
            "result": [
              "YASH1",
              "YASH2",
              "YASH"
            ],
            "result_count": null,
            "seed": null
          },
          "sensitive_attributes": [],
          "private": "bnVsbA=="
        },
        {
          "index_key": 46,
          "schema_version": 0,
          "attributes": {
            "id": "-",
            "input": [
              "YASH",
              "YASH1",
              "YASH2"
            ],
            "keepers": null,
            "result": [
              "YASH",
              "YASH2",
              "YASH1"
            ],
            "result_count": null,
            "seed": null
          },
          "sensitive_attributes": [],
          "private": "bnVsbA=="
        },
        {
          "index_key": 47,
          "schema_version": 0,
          "attributes": {
            "id": "-",
            "input": [
              "YASH",
              "YASH1",
              "YASH2"
            ],
            "keepers": null,
            "result": [
              "YASH1",
              "YASH2",
              "YASH"
            ],
            "result_count": null,
            "seed": null
          },
          "sensitive_attributes": [],
          "private": "bnVsbA=="
        },
        {
          "index_key": 48,
          "schema_version": 0,
          "attributes": {
            "id": "-",
            "input": [
              "YASH",
              "YASH1",
              "YASH2"
            ],
            "keepers": null,
            "result": [
              "YASH2",
              "YASH",
              "YASH1"
            ],
            "result_count": null,
            "seed": null
          },
          "sensitive_attributes": [],
          "private": "bnVsbA=="
        },
        {
          "index_key": 49,
          "schema_version": 0,
          "attributes": {
            "id": "-",
            "input": [
              "YASH",
              "YASH1",
              "YASH2"
            ],
            "keepers": null,
            "result": [
              "YASH2",
              "YASH",
              "YASH1"
            ],
            "result_count": null,
            "seed": null
          },
          "sensitive_attributes": [],
          "private": "bnVsbA=="
        },
        {
          "index_key": 50,
          "schema_version": 0,
          "attributes": {
            "id": "-",
            "input": [
              "YASH",
              "YASH1",
              "YASH2"
            ],
            "keepers": null,
            "result": [
              "YASH",
              "YASH2",
              "YASH1"
            ],
            "result_count": null,
            "seed": null
          },
          "sensitive_attributes": [],
          "private": "bnVsbA=="
        },
        {
          "index_key": 51,
          "schema_version": 0,
          "attributes": {
            "id": "-",
            "input": [
              "YASH",
              "YASH1",
              "YASH2"
            ],
            "keepers": null,
            "result": [
              "YASH",
              "YASH2",
              "YASH1"
            ],
            "result_count": null,
            "seed": null
          },
          "sensitive_attributes": [],
          "private": "bnVsbA=="
        },
        {
          "index_key": 52,
          "schema_version": 0,
          "attributes": {
            "id": "-",
            "input": [
              "YASH",
              "YASH1",
              "YASH2"
            ],
            "keepers": null,
            "result": [
              "YASH",
              "YASH2",
              "YASH1"
            ],
            "result_count": null,
            "seed": null
          },
          "sensitive_attributes": [],
          "private": "bnVsbA=="
        },
        {
          "index_key": 53,
          "schema_version": 0,
          "attributes": {
            "id": "-",
            "input": [
              "YASH",
              "YASH1",
              "YASH2"
            ],
            "keepers": null,
            "result": [
              "YASH1",
              "YASH2",
              "YASH"
            ],
            "result_count": null,
            "seed": null
          },
          "sensitive_attributes": [],
          "private": "bnVsbA=="
        },
        {
          "index_key": 54,
          "schema_version": 0,
          "attributes": {
            "id": "-",
            "input": [
              "YASH",
              "YASH1",
              "YASH2"
            ],
            "keepers": null,
            "result": [
              "YASH",
              "YASH1",
              "YASH2"
            ],
            "result_count": null,
            "seed": null
          },
          "sensitive_attributes": [],
          "private": "bnVsbA=="
        },
        {
          "index_key": 55,
          "schema_version": 0,
          "attributes": {
            "id": "-",
            "input": [
              "YASH",
              "YASH1",
              "YASH2"
            ],
            "keepers": null,
            "result": [
              "YASH1",
              "YASH2",
              "YASH"
            ],
            "result_count": null,
            "seed": null
          },
          "sensitive_attributes": [],
          "private": "bnVsbA=="
        },
        {
          "index_key": 56,
          "schema_version": 0,
          "attributes": {
            "id": "-",
            "input": [
              "YASH",
              "YASH1",
              "YASH2"
            ],
            "keepers": null,
            "result": [
              "YASH2",
              "YASH",
              "YASH1"
            ],
            "result_count": null,
            "seed": null
          },
          "sensitive_attributes": [],
          "private": "bnVsbA=="
        },
        {
          "index_key": 57,
          "schema_version": 0,
          "attributes": {
            "id": "-",
            "input": [
              "YASH",
              "YASH1",
              "YASH2"
            ],
            "keepers": null,
            "result": [
              "YASH2",
              "YASH",
              "YASH1"
            ],
            "result_count": null,
            "seed": null
          },
          "sensitive_attributes": [],
          "private": "bnVsbA=="
        },
        {
          "index_key": 58,
          "schema_version": 0,
          "attributes": {
            "id": "-",
            "input": [
              "YASH",
              "YASH1",
              "YASH2"
            ],
            "keepers": null,
            "result": [
              "YASH",
              "YASH1",
              "YASH2"
            ],
            "result_count": null,
            "seed": null
          },
          "sensitive_attributes": [],
          "private": "bnVsbA=="
        },
        {
          "index_key": 59,
          "schema_version": 0,
          "attributes": {
            "id": "-",
            "input": [
              "YASH",
              "YASH1",
              "YASH2"
            ],
            "keepers": null,
            "result": [
              "YASH2",
              "YASH",
              "YASH1"
            ],
            "result_count": null,
            "seed": null
          },
          "sensitive_attributes": [],
          "private": "bnVsbA=="
        },
        {
          "index_key": 60,
          "schema_version": 0,
          "attributes": {
            "id": "-",
            "input": [
              "YASH",
              "YASH1",
              "YASH2"
            ],
            "keepers": null,
            "result": [
              "YASH2",
              "YASH1",
              "YASH"
            ],
            "result_count": null,
            "seed": null
          },
          "sensitive_attributes": [],
          "private": "bnVsbA=="
        },
        {
          "index_key": 61,
          "schema_version": 0,
          "attributes": {
            "id": "-",
            "input": [
              "YASH",
              "YASH1",
              "YASH2"
            ],
            "keepers": null,
            "result": [
              "YASH2",
              "YASH1",
              "YASH"
            ],
            "result_count": null,
            "seed": null
          },
          "sensitive_attributes": [],
          "private": "bnVsbA=="
        },
        {
          "index_key": 62,
          "schema_version": 0,
          "attributes": {
            "id": "-",
            "input": [
              "YASH",
              "YASH1",
              "YASH2"
            ],
            "keepers": null,
            "result": [
              "YASH2",
              "YASH1",
              "YASH"
            ],
            "result_count": null,
            "seed": null
          },
          "sensitive_attributes": [],
          "private": "bnVsbA=="
        },
        {
          "index_key": 63,
          "schema_version": 0,
          "attributes": {
            "id": "-",
            "input": [
              "YASH",
              "YASH1",
              "YASH2"
            ],
            "keepers": null,
            "result": [
              "YASH",
              "YASH1",
              "YASH2"
            ],
            "result_count": null,
            "seed": null
          },
          "sensitive_attributes": [],
          "private": "bnVsbA=="
        },
        {
          "index_key": 64,
          "schema_version": 0,
          "attributes": {
            "id": "-",
            "input": [
              "YASH",
              "YASH1",
              "YASH2"
            ],
            "keepers": null,
            "result": [
              "YASH1",
              "YASH",
              "YASH2"
            ],
            "result_count": null,
            "seed": null
          },
          "sensitive_attributes": [],
          "private": "bnVsbA=="
        },
        {
          "index_key": 65,
          "schema_version": 0,
          "attributes": {
            "id": "-",
            "input": [
              "YASH",
              "YASH1",
              "YASH2"
            ],
            "keepers": null,
            "result": [
              "YASH1",
              "YASH2",
              "YASH"
            ],
            "result_count": null,
            "seed": null
          },
          "sensitive_attributes": [],
          "private": "bnVsbA=="
        },
        {
          "index_key": 66,
          "schema_version": 0,
          "attributes": {
            "id": "-",
            "input": [
              "YASH",
              "YASH1",
              "YASH2"
            ],
            "keepers": null,
            "result": [
              "YASH",
              "YASH1",
              "YASH2"
            ],
            "result_count": null,
            "seed": null
          },
          "sensitive_attributes": [],
          "private": "bnVsbA=="
        },
        {
          "index_key": 67,
          "schema_version": 0,
          "attributes": {
            "id": "-",
            "input": [
              "YASH",
              "YASH1",
              "YASH2"
            ],
            "keepers": null,
            "result": [
              "YASH2",
              "YASH",
              "YASH1"
            ],
            "result_count": null,
            "seed": null
          },
          "sensitive_attributes": [],
          "private": "bnVsbA=="
        },
        {
          "index_key": 68,
          "schema_version": 0,
          "attributes": {
            "id": "-",
            "input": [
              "YASH",
              "YASH1",
              "YASH2"
            ],
            "keepers": null,
            "result": [
              "YASH2",
              "YASH",
              "YASH1"
            ],
            "result_count": null,
            "seed": null
          },
          "sensitive_attributes": [],
          "private": "bnVsbA=="
        },
        {
          "index_key": 69,
          "schema_version": 0,
          "attributes": {
            "id": "-",
            "input": [
              "YASH",
              "YASH1",
              "YASH2"
            ],
            "keepers": null,
            "result": [
              "YASH2",
              "YASH1",
              "YASH"
            ],
            "result_count": null,
            "seed": null
          },
          "sensitive_attributes": [],
          "private": "bnVsbA=="
        },
        {
          "index_key": 70,
          "schema_version": 0,
          "attributes": {
            "id": "-",
            "input": [
              "YASH",
              "YASH1",
              "YASH2"
            ],
            "keepers": null,
            "result": [
              "YASH2",
              "YASH1",
              "YASH"
            ],
            "result_count": null,
            "seed": null
          },
          "sensitive_attributes": [],
          "private": "bnVsbA=="
        },
        {
          "index_key": 71,
          "schema_version": 0,
          "attributes": {
            "id": "-",
            "input": [
              "YASH",
              "YASH1",
              "YASH2"
            ],
            "keepers": null,
            "result": [
              "YASH2",
              "YASH",
              "YASH1"
            ],
            "result_count": null,
            "seed": null
          },
          "sensitive_attributes": [],
          "private": "bnVsbA=="
        },
        {
          "index_key": 72,
          "schema_version": 0,
          "attributes": {
            "id": "-",
            "input": [
              "YASH",
              "YASH1",
              "YASH2"
            ],
            "keepers": null,
            "result": [
              "YASH",
              "YASH2",
              "YASH1"
            ],
            "result_count": null,
            "seed": null
          },
          "sensitive_attributes": [],
          "private": "bnVsbA=="
        },
        {
          "index_key": 73,
          "schema_version": 0,
          "attributes": {
            "id": "-",
            "input": [
              "YASH",
              "YASH1",
              "YASH2"
            ],
            "keepers": null,
            "result": [
              "YASH2",
              "YASH1",
              "YASH"
            ],
            "result_count": null,
            "seed": null
          },
          "sensitive_attributes": [],
          "private": "bnVsbA=="
        },
        {
          "index_key": 74,
          "schema_version": 0,
          "attributes": {
            "id": "-",
            "input": [
              "YASH",
              "YASH1",
              "YASH2"
            ],
            "keepers": null,
            "result": [
              "YASH1",
              "YASH2",
              "YASH"
            ],
            "result_count": null,
            "seed": null
          },
          "sensitive_attributes": [],
          "private": "bnVsbA=="
        },
        {
          "index_key": 75,
          "schema_version": 0,
          "attributes": {
            "id": "-",
            "input": [
              "YASH",
              "YASH1",
              "YASH2"
            ],
            "keepers": null,
            "result": [
              "YASH2",
              "YASH",
              "YASH1"
            ],
            "result_count": null,
            "seed": null
          },
          "sensitive_attributes": [],
          "private": "bnVsbA=="
        },
        {
          "index_key": 76,
          "schema_version": 0,
          "attributes": {
            "id": "-",
            "input": [
              "YASH",
              "YASH1",
              "YASH2"
            ],
            "keepers": null,
            "result": [
              "YASH2",
              "YASH",
              "YASH1"
            ],
            "result_count": null,
            "seed": null
          },
          "sensitive_attributes": [],
          "private": "bnVsbA=="
        },
        {
          "index_key": 77,
          "schema_version": 0,
          "attributes": {
            "id": "-",
            "input": [
              "YASH",
              "YASH1",
              "YASH2"
            ],
            "keepers": null,
            "result": [
              "YASH",
              "YASH1",
              "YASH2"
            ],
            "result_count": null,
            "seed": null
          },
          "sensitive_attributes": [],
          "private": "bnVsbA=="
        },
        {
          "index_key": 78,
          "schema_version": 0,
          "attributes": {
            "id": "-",
            "input": [
              "YASH",
              "YASH1",
              "YASH2"
            ],
            "keepers": null,
            "result": [
              "YASH1",
              "YASH2",
              "YASH"
            ],
            "result_count": null,
            "seed": null
          },
          "sensitive_attributes": [],
          "private": "bnVsbA=="
        },
        {
          "index_key": 79,
          "schema_version": 0,
          "attributes": {
            "id": "-",
            "input": [
              "YASH",
              "YASH1",
              "YASH2"
            ],
            "keepers": null,
            "result": [
              "YASH2",
              "YASH1",
              "YASH"
            ],
            "result_count": null,
            "seed": null
          },
          "sensitive_attributes": [],
          "private": "bnVsbA=="
        },
        {
          "index_key": 80,
          "schema_version": 0,
          "attributes": {
            "id": "-",
            "input": [
              "YASH",
              "YASH1",
              "YASH2"
            ],
            "keepers": null,
            "result": [
              "YASH2",
              "YASH1",
              "YASH"
            ],
            "result_count": null,
            "seed": null
          },
          "sensitive_attributes": [],
          "private": "bnVsbA=="
        },
        {
          "index_key": 81,
          "schema_version": 0,
          "attributes": {
            "id": "-",
            "input": [
              "YASH",
              "YASH1",
              "YASH2"
            ],
            "keepers": null,
            "result": [
              "YASH2",
              "YASH",
              "YASH1"
            ],
            "result_count": null,
            "seed": null
          },
          "sensitive_attributes": [],
          "private": "bnVsbA=="
        },
        {
          "index_key": 82,
          "schema_version": 0,
          "attributes": {
            "id": "-",
            "input": [
              "YASH",
              "YASH1",
              "YASH2"
            ],
            "keepers": null,
            "result": [
              "YASH",
              "YASH1",
              "YASH2"
            ],
            "result_count": null,
            "seed": null
          },
          "sensitive_attributes": [],
          "private": "bnVsbA=="
        },
        {
          "index_key": 83,
          "schema_version": 0,
          "attributes": {
            "id": "-",
            "input": [
              "YASH",
              "YASH1",
              "YASH2"
            ],
            "keepers": null,
            "result": [
              "YASH1",
              "YASH",
              "YASH2"
            ],
            "result_count": null,
            "seed": null
          },
          "sensitive_attributes": [],
          "private": "bnVsbA=="
        },
        {
          "index_key": 84,
          "schema_version": 0,
          "attributes": {
            "id": "-",
            "input": [
              "YASH",
              "YASH1",
              "YASH2"
            ],
            "keepers": null,
            "result": [
              "YASH2",
              "YASH",
              "YASH1"
            ],
            "result_count": null,
            "seed": null
          },
          "sensitive_attributes": [],
          "private": "bnVsbA=="
        },
        {
          "index_key": 85,
          "schema_version": 0,
          "attributes": {
            "id": "-",
            "input": [
              "YASH",
              "YASH1",
              "YASH2"
            ],
            "keepers": null,
            "result": [
              "YASH1",
              "YASH2",
              "YASH"
            ],
            "result_count": null,
            "seed": null
          },
          "sensitive_attributes": [],
          "private": "bnVsbA=="
        },
        {
          "index_key": 86,
          "schema_version": 0,
          "attributes": {
            "id": "-",
            "input": [
              "YASH",
              "YASH1",
              "YASH2"
            ],
            "keepers": null,
            "result": [
              "YASH",
              "YASH2",
              "YASH1"
            ],
            "result_count": null,
            "seed": null
          },
          "sensitive_attributes": [],
          "private": "bnVsbA=="
        },
        {
          "index_key": 87,
          "schema_version": 0,
          "attributes": {
            "id": "-",
            "input": [
              "YASH",
              "YASH1",
              "YASH2"
            ],
            "keepers": null,
            "result": [
              "YASH1",
              "YASH",
              "YASH2"
            ],
            "result_count": null,
            "seed": null
          },
          "sensitive_attributes": [],
          "private": "bnVsbA=="
        },
        {
          "index_key": 88,
          "schema_version": 0,
          "attributes": {
            "id": "-",
            "input": [
              "YASH",
              "YASH1",
              "YASH2"
            ],
            "keepers": null,
            "result": [
              "YASH2",
              "YASH1",
              "YASH"
            ],
            "result_count": null,
            "seed": null
          },
          "sensitive_attributes": [],
          "private": "bnVsbA=="
        },
        {
          "index_key": 89,
          "schema_version": 0,
          "attributes": {
            "id": "-",
            "input": [
              "YASH",
              "YASH1",
              "YASH2"
            ],
            "keepers": null,
            "result": [
              "YASH2",
              "YASH1",
              "YASH"
            ],
            "result_count": null,
            "seed": null
          },
          "sensitive_attributes": [],
          "private": "bnVsbA=="
        },
        {
          "index_key": 90,
          "schema_version": 0,
          "attributes": {
            "id": "-",
            "input": [
              "YASH",
              "YASH1",
              "YASH2"
            ],
            "keepers": null,
            "result": [
              "YASH2",
              "YASH1",
              "YASH"
            ],
            "result_count": null,
            "seed": null
          },
          "sensitive_attributes": [],
          "private": "bnVsbA=="
        },
        {
          "index_key": 91,
          "schema_version": 0,
          "attributes": {
            "id": "-",
            "input": [
              "YASH",
              "YASH1",
              "YASH2"
            ],
            "keepers": null,
            "result": [
              "YASH",
              "YASH1",
              "YASH2"
            ],
            "result_count": null,
            "seed": null
          },
          "sensitive_attributes": [],
          "private": "bnVsbA=="
        },
        {
          "index_key": 92,
          "schema_version": 0,
          "attributes": {
            "id": "-",
            "input": [
              "YASH",
              "YASH1",
              "YASH2"
            ],
            "keepers": null,
            "result": [
              "YASH",
              "YASH1",
              "YASH2"
            ],
            "result_count": null,
            "seed": null
          },
          "sensitive_attributes": [],
          "private": "bnVsbA=="
        },
        {
          "index_key": 93,
          "schema_version": 0,
          "attributes": {
            "id": "-",
            "input": [
              "YASH",
              "YASH1",
              "YASH2"
            ],
            "keepers": null,
            "result": [
              "YASH",
              "YASH2",
              "YASH1"
            ],
            "result_count": null,
            "seed": null
          },
          "sensitive_attributes": [],
          "private": "bnVsbA=="
        },
        {
          "index_key": 94,
          "schema_version": 0,
          "attributes": {
            "id": "-",
            "input": [
              "YASH",
              "YASH1",
              "YASH2"
            ],
            "keepers": null,
            "result": [
              "YASH",
              "YASH1",
              "YASH2"
            ],
            "result_count": null,
            "seed": null
          },
          "sensitive_attributes": [],
          "private": "bnVsbA=="
        },
        {
          "index_key": 95,
          "schema_version": 0,
          "attributes": {
            "id": "-",
            "input": [
              "YASH",
              "YASH1",
              "YASH2"
            ],
            "keepers": null,
            "result": [
              "YASH",
              "YASH1",
              "YASH2"
            ],
            "result_count": null,
            "seed": null
          },
          "sensitive_attributes": [],
          "private": "bnVsbA=="
        },
        {
          "index_key": 96,
          "schema_version": 0,
          "attributes": {
            "id": "-",
            "input": [
              "YASH",
              "YASH1",
              "YASH2"
            ],
            "keepers": null,
            "result": [
              "YASH2",
              "YASH1",
              "YASH"
            ],
            "result_count": null,
            "seed": null
          },
          "sensitive_attributes": [],
          "private": "bnVsbA=="
        },
        {
          "index_key": 97,
          "schema_version": 0,
          "attributes": {
            "id": "-",
            "input": [
              "YASH",
              "YASH1",
              "YASH2"
            ],
            "keepers": null,
            "result": [
              "YASH1",
              "YASH2",
              "YASH"
            ],
            "result_count": null,
            "seed": null
          },
          "sensitive_attributes": [],
          "private": "bnVsbA=="
        },
        {
          "index_key": 98,
          "schema_version": 0,
          "attributes": {
            "id": "-",
            "input": [
              "YASH",
              "YASH1",
              "YASH2"
            ],
            "keepers": null,
            "result": [
              "YASH2",
              "YASH1",
              "YASH"
            ],
            "result_count": null,
            "seed": null
          },
          "sensitive_attributes": [],
          "private": "bnVsbA=="
        },
        {
          "index_key": 99,
          "schema_version": 0,
          "attributes": {
            "id": "-",
            "input": [
              "YASH",
              "YASH1",
              "YASH2"
            ],
            "keepers": null,
            "result": [
              "YASH2",
              "YASH1",
              "YASH"
            ],
            "result_count": null,
            "seed": null
          },
          "sensitive_attributes": [],
          "private": "bnVsbA=="
        }
      ]
    },
    {
      "mode": "managed",
      "type": "random_shuffle",
      "name": "random_adverbs",
      "provider": "provider[\"registry.terraform.io/hashicorp/random\"]",
      "instances": [
        {
          "index_key": 0,
          "schema_version": 0,
          "attributes": {
            "id": "-",
            "input": [
              "SHARMA"
            ],
            "keepers": null,
            "result": [
              "SHARMA"
            ],
            "result_count": null,
            "seed": null
          },
          "sensitive_attributes": [],
          "private": "bnVsbA=="
        },
        {
          "index_key": 1,
          "schema_version": 0,
          "attributes": {
            "id": "-",
            "input": [
              "SHARMA"
            ],
            "keepers": null,
            "result": [
              "SHARMA"
            ],
            "result_count": null,
            "seed": null
          },
          "sensitive_attributes": [],
          "private": "bnVsbA=="
        },
        {
          "index_key": 2,
          "schema_version": 0,
          "attributes": {
            "id": "-",
            "input": [
              "SHARMA"
            ],
            "keepers": null,
            "result": [
              "SHARMA"
            ],
            "result_count": null,
            "seed": null
          },
          "sensitive_attributes": [],
          "private": "bnVsbA=="
        },
        {
          "index_key": 3,
          "schema_version": 0,
          "attributes": {
            "id": "-",
            "input": [
              "SHARMA"
            ],
            "keepers": null,
            "result": [
              "SHARMA"
            ],
            "result_count": null,
            "seed": null
          },
          "sensitive_attributes": [],
          "private": "bnVsbA=="
        },
        {
          "index_key": 4,
          "schema_version": 0,
          "attributes": {
            "id": "-",
            "input": [
              "SHARMA"
            ],
            "keepers": null,
            "result": [
              "SHARMA"
            ],
            "result_count": null,
            "seed": null
          },
          "sensitive_attributes": [],
          "private": "bnVsbA=="
        },
        {
          "index_key": 5,
          "schema_version": 0,
          "attributes": {
            "id": "-",
            "input": [
              "SHARMA"
            ],
            "keepers": null,
            "result": [
              "SHARMA"
            ],
            "result_count": null,
            "seed": null
          },
          "sensitive_attributes": [],
          "private": "bnVsbA=="
        },
        {
          "index_key": 6,
          "schema_version": 0,
          "attributes": {
            "id": "-",
            "input": [
              "SHARMA"
            ],
            "keepers": null,
            "result": [
              "SHARMA"
            ],
            "result_count": null,
            "seed": null
          },
          "sensitive_attributes": [],
          "private": "bnVsbA=="
        },
        {
          "index_key": 7,
          "schema_version": 0,
          "attributes": {
            "id": "-",
            "input": [
              "SHARMA"
            ],
            "keepers": null,
            "result": [
              "SHARMA"
            ],
            "result_count": null,
            "seed": null
          },
          "sensitive_attributes": [],
          "private": "bnVsbA=="
        },
        {
          "index_key": 8,
          "schema_version": 0,
          "attributes": {
            "id": "-",
            "input": [
              "SHARMA"
            ],
            "keepers": null,
            "result": [
              "SHARMA"
            ],
            "result_count": null,
            "seed": null
          },
          "sensitive_attributes": [],
          "private": "bnVsbA=="
        },
        {
          "index_key": 9,
          "schema_version": 0,
          "attributes": {
            "id": "-",
            "input": [
              "SHARMA"
            ],
            "keepers": null,
            "result": [
              "SHARMA"
            ],
            "result_count": null,
            "seed": null
          },
          "sensitive_attributes": [],
          "private": "bnVsbA=="
        },
        {
          "index_key": 10,
          "schema_version": 0,
          "attributes": {
            "id": "-",
            "input": [
              "SHARMA"
            ],
            "keepers": null,
            "result": [
              "SHARMA"
            ],
            "result_count": null,
            "seed": null
          },
          "sensitive_attributes": [],
          "private": "bnVsbA=="
        },
        {
          "index_key": 11,
          "schema_version": 0,
          "attributes": {
            "id": "-",
            "input": [
              "SHARMA"
            ],
            "keepers": null,
            "result": [
              "SHARMA"
            ],
            "result_count": null,
            "seed": null
          },
          "sensitive_attributes": [],
          "private": "bnVsbA=="
        },
        {
          "index_key": 12,
          "schema_version": 0,
          "attributes": {
            "id": "-",
            "input": [
              "SHARMA"
            ],
            "keepers": null,
            "result": [
              "SHARMA"
            ],
            "result_count": null,
            "seed": null
          },
          "sensitive_attributes": [],
          "private": "bnVsbA=="
        },
        {
          "index_key": 13,
          "schema_version": 0,
          "attributes": {
            "id": "-",
            "input": [
              "SHARMA"
            ],
            "keepers": null,
            "result": [
              "SHARMA"
            ],
            "result_count": null,
            "seed": null
          },
          "sensitive_attributes": [],
          "private": "bnVsbA=="
        },
        {
          "index_key": 14,
          "schema_version": 0,
          "attributes": {
            "id": "-",
            "input": [
              "SHARMA"
            ],
            "keepers": null,
            "result": [
              "SHARMA"
            ],
            "result_count": null,
            "seed": null
          },
          "sensitive_attributes": [],
          "private": "bnVsbA=="
        },
        {
          "index_key": 15,
          "schema_version": 0,
          "attributes": {
            "id": "-",
            "input": [
              "SHARMA"
            ],
            "keepers": null,
            "result": [
              "SHARMA"
            ],
            "result_count": null,
            "seed": null
          },
          "sensitive_attributes": [],
          "private": "bnVsbA=="
        },
        {
          "index_key": 16,
          "schema_version": 0,
          "attributes": {
            "id": "-",
            "input": [
              "SHARMA"
            ],
            "keepers": null,
            "result": [
              "SHARMA"
            ],
            "result_count": null,
            "seed": null
          },
          "sensitive_attributes": [],
          "private": "bnVsbA=="
        },
        {
          "index_key": 17,
          "schema_version": 0,
          "attributes": {
            "id": "-",
            "input": [
              "SHARMA"
            ],
            "keepers": null,
            "result": [
              "SHARMA"
            ],
            "result_count": null,
            "seed": null
          },
          "sensitive_attributes": [],
          "private": "bnVsbA=="
        },
        {
          "index_key": 18,
          "schema_version": 0,
          "attributes": {
            "id": "-",
            "input": [
              "SHARMA"
            ],
            "keepers": null,
            "result": [
              "SHARMA"
            ],
            "result_count": null,
            "seed": null
          },
          "sensitive_attributes": [],
          "private": "bnVsbA=="
        },
        {
          "index_key": 19,
          "schema_version": 0,
          "attributes": {
            "id": "-",
            "input": [
              "SHARMA"
            ],
            "keepers": null,
            "result": [
              "SHARMA"
            ],
            "result_count": null,
            "seed": null
          },
          "sensitive_attributes": [],
          "private": "bnVsbA=="
        },
        {
          "index_key": 20,
          "schema_version": 0,
          "attributes": {
            "id": "-",
            "input": [
              "SHARMA"
            ],
            "keepers": null,
            "result": [
              "SHARMA"
            ],
            "result_count": null,
            "seed": null
          },
          "sensitive_attributes": [],
          "private": "bnVsbA=="
        },
        {
          "index_key": 21,
          "schema_version": 0,
          "attributes": {
            "id": "-",
            "input": [
              "SHARMA"
            ],
            "keepers": null,
            "result": [
              "SHARMA"
            ],
            "result_count": null,
            "seed": null
          },
          "sensitive_attributes": [],
          "private": "bnVsbA=="
        },
        {
          "index_key": 22,
          "schema_version": 0,
          "attributes": {
            "id": "-",
            "input": [
              "SHARMA"
            ],
            "keepers": null,
            "result": [
              "SHARMA"
            ],
            "result_count": null,
            "seed": null
          },
          "sensitive_attributes": [],
          "private": "bnVsbA=="
        },
        {
          "index_key": 23,
          "schema_version": 0,
          "attributes": {
            "id": "-",
            "input": [
              "SHARMA"
            ],
            "keepers": null,
            "result": [
              "SHARMA"
            ],
            "result_count": null,
            "seed": null
          },
          "sensitive_attributes": [],
          "private": "bnVsbA=="
        },
        {
          "index_key": 24,
          "schema_version": 0,
          "attributes": {
            "id": "-",
            "input": [
              "SHARMA"
            ],
            "keepers": null,
            "result": [
              "SHARMA"
            ],
            "result_count": null,
            "seed": null
          },
          "sensitive_attributes": [],
          "private": "bnVsbA=="
        },
        {
          "index_key": 25,
          "schema_version": 0,
          "attributes": {
            "id": "-",
            "input": [
              "SHARMA"
            ],
            "keepers": null,
            "result": [
              "SHARMA"
            ],
            "result_count": null,
            "seed": null
          },
          "sensitive_attributes": [],
          "private": "bnVsbA=="
        },
        {
          "index_key": 26,
          "schema_version": 0,
          "attributes": {
            "id": "-",
            "input": [
              "SHARMA"
            ],
            "keepers": null,
            "result": [
              "SHARMA"
            ],
            "result_count": null,
            "seed": null
          },
          "sensitive_attributes": [],
          "private": "bnVsbA=="
        },
        {
          "index_key": 27,
          "schema_version": 0,
          "attributes": {
            "id": "-",
            "input": [
              "SHARMA"
            ],
            "keepers": null,
            "result": [
              "SHARMA"
            ],
            "result_count": null,
            "seed": null
          },
          "sensitive_attributes": [],
          "private": "bnVsbA=="
        },
        {
          "index_key": 28,
          "schema_version": 0,
          "attributes": {
            "id": "-",
            "input": [
              "SHARMA"
            ],
            "keepers": null,
            "result": [
              "SHARMA"
            ],
            "result_count": null,
            "seed": null
          },
          "sensitive_attributes": [],
          "private": "bnVsbA=="
        },
        {
          "index_key": 29,
          "schema_version": 0,
          "attributes": {
            "id": "-",
            "input": [
              "SHARMA"
            ],
            "keepers": null,
            "result": [
              "SHARMA"
            ],
            "result_count": null,
            "seed": null
          },
          "sensitive_attributes": [],
          "private": "bnVsbA=="
        },
        {
          "index_key": 30,
          "schema_version": 0,
          "attributes": {
            "id": "-",
            "input": [
              "SHARMA"
            ],
            "keepers": null,
            "result": [
              "SHARMA"
            ],
            "result_count": null,
            "seed": null
          },
          "sensitive_attributes": [],
          "private": "bnVsbA=="
        },
        {
          "index_key": 31,
          "schema_version": 0,
          "attributes": {
            "id": "-",
            "input": [
              "SHARMA"
            ],
            "keepers": null,
            "result": [
              "SHARMA"
            ],
            "result_count": null,
            "seed": null
          },
          "sensitive_attributes": [],
          "private": "bnVsbA=="
        },
        {
          "index_key": 32,
          "schema_version": 0,
          "attributes": {
            "id": "-",
            "input": [
              "SHARMA"
            ],
            "keepers": null,
            "result": [
              "SHARMA"
            ],
            "result_count": null,
            "seed": null
          },
          "sensitive_attributes": [],
          "private": "bnVsbA=="
        },
        {
          "index_key": 33,
          "schema_version": 0,
          "attributes": {
            "id": "-",
            "input": [
              "SHARMA"
            ],
            "keepers": null,
            "result": [
              "SHARMA"
            ],
            "result_count": null,
            "seed": null
          },
          "sensitive_attributes": [],
          "private": "bnVsbA=="
        },
        {
          "index_key": 34,
          "schema_version": 0,
          "attributes": {
            "id": "-",
            "input": [
              "SHARMA"
            ],
            "keepers": null,
            "result": [
              "SHARMA"
            ],
            "result_count": null,
            "seed": null
          },
          "sensitive_attributes": [],
          "private": "bnVsbA=="
        },
        {
          "index_key": 35,
          "schema_version": 0,
          "attributes": {
            "id": "-",
            "input": [
              "SHARMA"
            ],
            "keepers": null,
            "result": [
              "SHARMA"
            ],
            "result_count": null,
            "seed": null
          },
          "sensitive_attributes": [],
          "private": "bnVsbA=="
        },
        {
          "index_key": 36,
          "schema_version": 0,
          "attributes": {
            "id": "-",
            "input": [
              "SHARMA"
            ],
            "keepers": null,
            "result": [
              "SHARMA"
            ],
            "result_count": null,
            "seed": null
          },
          "sensitive_attributes": [],
          "private": "bnVsbA=="
        },
        {
          "index_key": 37,
          "schema_version": 0,
          "attributes": {
            "id": "-",
            "input": [
              "SHARMA"
            ],
            "keepers": null,
            "result": [
              "SHARMA"
            ],
            "result_count": null,
            "seed": null
          },
          "sensitive_attributes": [],
          "private": "bnVsbA=="
        },
        {
          "index_key": 38,
          "schema_version": 0,
          "attributes": {
            "id": "-",
            "input": [
              "SHARMA"
            ],
            "keepers": null,
            "result": [
              "SHARMA"
            ],
            "result_count": null,
            "seed": null
          },
          "sensitive_attributes": [],
          "private": "bnVsbA=="
        },
        {
          "index_key": 39,
          "schema_version": 0,
          "attributes": {
            "id": "-",
            "input": [
              "SHARMA"
            ],
            "keepers": null,
            "result": [
              "SHARMA"
            ],
            "result_count": null,
            "seed": null
          },
          "sensitive_attributes": [],
          "private": "bnVsbA=="
        },
        {
          "index_key": 40,
          "schema_version": 0,
          "attributes": {
            "id": "-",
            "input": [
              "SHARMA"
            ],
            "keepers": null,
            "result": [
              "SHARMA"
            ],
            "result_count": null,
            "seed": null
          },
          "sensitive_attributes": [],
          "private": "bnVsbA=="
        },
        {
          "index_key": 41,
          "schema_version": 0,
          "attributes": {
            "id": "-",
            "input": [
              "SHARMA"
            ],
            "keepers": null,
            "result": [
              "SHARMA"
            ],
            "result_count": null,
            "seed": null
          },
          "sensitive_attributes": [],
          "private": "bnVsbA=="
        },
        {
          "index_key": 42,
          "schema_version": 0,
          "attributes": {
            "id": "-",
            "input": [
              "SHARMA"
            ],
            "keepers": null,
            "result": [
              "SHARMA"
            ],
            "result_count": null,
            "seed": null
          },
          "sensitive_attributes": [],
          "private": "bnVsbA=="
        },
        {
          "index_key": 43,
          "schema_version": 0,
          "attributes": {
            "id": "-",
            "input": [
              "SHARMA"
            ],
            "keepers": null,
            "result": [
              "SHARMA"
            ],
            "result_count": null,
            "seed": null
          },
          "sensitive_attributes": [],
          "private": "bnVsbA=="
        },
        {
          "index_key": 44,
          "schema_version": 0,
          "attributes": {
            "id": "-",
            "input": [
              "SHARMA"
            ],
            "keepers": null,
            "result": [
              "SHARMA"
            ],
            "result_count": null,
            "seed": null
          },
          "sensitive_attributes": [],
          "private": "bnVsbA=="
        },
        {
          "index_key": 45,
          "schema_version": 0,
          "attributes": {
            "id": "-",
            "input": [
              "SHARMA"
            ],
            "keepers": null,
            "result": [
              "SHARMA"
            ],
            "result_count": null,
            "seed": null
          },
          "sensitive_attributes": [],
          "private": "bnVsbA=="
        },
        {
          "index_key": 46,
          "schema_version": 0,
          "attributes": {
            "id": "-",
            "input": [
              "SHARMA"
            ],
            "keepers": null,
            "result": [
              "SHARMA"
            ],
            "result_count": null,
            "seed": null
          },
          "sensitive_attributes": [],
          "private": "bnVsbA=="
        },
        {
          "index_key": 47,
          "schema_version": 0,
          "attributes": {
            "id": "-",
            "input": [
              "SHARMA"
            ],
            "keepers": null,
            "result": [
              "SHARMA"
            ],
            "result_count": null,
            "seed": null
          },
          "sensitive_attributes": [],
          "private": "bnVsbA=="
        },
        {
          "index_key": 48,
          "schema_version": 0,
          "attributes": {
            "id": "-",
            "input": [
              "SHARMA"
            ],
            "keepers": null,
            "result": [
              "SHARMA"
            ],
            "result_count": null,
            "seed": null
          },
          "sensitive_attributes": [],
          "private": "bnVsbA=="
        },
        {
          "index_key": 49,
          "schema_version": 0,
          "attributes": {
            "id": "-",
            "input": [
              "SHARMA"
            ],
            "keepers": null,
            "result": [
              "SHARMA"
            ],
            "result_count": null,
            "seed": null
          },
          "sensitive_attributes": [],
          "private": "bnVsbA=="
        },
        {
          "index_key": 50,
          "schema_version": 0,
          "attributes": {
            "id": "-",
            "input": [
              "SHARMA"
            ],
            "keepers": null,
            "result": [
              "SHARMA"
            ],
            "result_count": null,
            "seed": null
          },
          "sensitive_attributes": [],
          "private": "bnVsbA=="
        },
        {
          "index_key": 51,
          "schema_version": 0,
          "attributes": {
            "id": "-",
            "input": [
              "SHARMA"
            ],
            "keepers": null,
            "result": [
              "SHARMA"
            ],
            "result_count": null,
            "seed": null
          },
          "sensitive_attributes": [],
          "private": "bnVsbA=="
        },
        {
          "index_key": 52,
          "schema_version": 0,
          "attributes": {
            "id": "-",
            "input": [
              "SHARMA"
            ],
            "keepers": null,
            "result": [
              "SHARMA"
            ],
            "result_count": null,
            "seed": null
          },
          "sensitive_attributes": [],
          "private": "bnVsbA=="
        },
        {
          "index_key": 53,
          "schema_version": 0,
          "attributes": {
            "id": "-",
            "input": [
              "SHARMA"
            ],
            "keepers": null,
            "result": [
              "SHARMA"
            ],
            "result_count": null,
            "seed": null
          },
          "sensitive_attributes": [],
          "private": "bnVsbA=="
        },
        {
          "index_key": 54,
          "schema_version": 0,
          "attributes": {
            "id": "-",
            "input": [
              "SHARMA"
            ],
            "keepers": null,
            "result": [
              "SHARMA"
            ],
            "result_count": null,
            "seed": null
          },
          "sensitive_attributes": [],
          "private": "bnVsbA=="
        },
        {
          "index_key": 55,
          "schema_version": 0,
          "attributes": {
            "id": "-",
            "input": [
              "SHARMA"
            ],
            "keepers": null,
            "result": [
              "SHARMA"
            ],
            "result_count": null,
            "seed": null
          },
          "sensitive_attributes": [],
          "private": "bnVsbA=="
        },
        {
          "index_key": 56,
          "schema_version": 0,
          "attributes": {
            "id": "-",
            "input": [
              "SHARMA"
            ],
            "keepers": null,
            "result": [
              "SHARMA"
            ],
            "result_count": null,
            "seed": null
          },
          "sensitive_attributes": [],
          "private": "bnVsbA=="
        },
        {
          "index_key": 57,
          "schema_version": 0,
          "attributes": {
            "id": "-",
            "input": [
              "SHARMA"
            ],
            "keepers": null,
            "result": [
              "SHARMA"
            ],
            "result_count": null,
            "seed": null
          },
          "sensitive_attributes": [],
          "private": "bnVsbA=="
        },
        {
          "index_key": 58,
          "schema_version": 0,
          "attributes": {
            "id": "-",
            "input": [
              "SHARMA"
            ],
            "keepers": null,
            "result": [
              "SHARMA"
            ],
            "result_count": null,
            "seed": null
          },
          "sensitive_attributes": [],
          "private": "bnVsbA=="
        },
        {
          "index_key": 59,
          "schema_version": 0,
          "attributes": {
            "id": "-",
            "input": [
              "SHARMA"
            ],
            "keepers": null,
            "result": [
              "SHARMA"
            ],
            "result_count": null,
            "seed": null
          },
          "sensitive_attributes": [],
          "private": "bnVsbA=="
        },
        {
          "index_key": 60,
          "schema_version": 0,
          "attributes": {
            "id": "-",
            "input": [
              "SHARMA"
            ],
            "keepers": null,
            "result": [
              "SHARMA"
            ],
            "result_count": null,
            "seed": null
          },
          "sensitive_attributes": [],
          "private": "bnVsbA=="
        },
        {
          "index_key": 61,
          "schema_version": 0,
          "attributes": {
            "id": "-",
            "input": [
              "SHARMA"
            ],
            "keepers": null,
            "result": [
              "SHARMA"
            ],
            "result_count": null,
            "seed": null
          },
          "sensitive_attributes": [],
          "private": "bnVsbA=="
        },
        {
          "index_key": 62,
          "schema_version": 0,
          "attributes": {
            "id": "-",
            "input": [
              "SHARMA"
            ],
            "keepers": null,
            "result": [
              "SHARMA"
            ],
            "result_count": null,
            "seed": null
          },
          "sensitive_attributes": [],
          "private": "bnVsbA=="
        },
        {
          "index_key": 63,
          "schema_version": 0,
          "attributes": {
            "id": "-",
            "input": [
              "SHARMA"
            ],
            "keepers": null,
            "result": [
              "SHARMA"
            ],
            "result_count": null,
            "seed": null
          },
          "sensitive_attributes": [],
          "private": "bnVsbA=="
        },
        {
          "index_key": 64,
          "schema_version": 0,
          "attributes": {
            "id": "-",
            "input": [
              "SHARMA"
            ],
            "keepers": null,
            "result": [
              "SHARMA"
            ],
            "result_count": null,
            "seed": null
          },
          "sensitive_attributes": [],
          "private": "bnVsbA=="
        },
        {
          "index_key": 65,
          "schema_version": 0,
          "attributes": {
            "id": "-",
            "input": [
              "SHARMA"
            ],
            "keepers": null,
            "result": [
              "SHARMA"
            ],
            "result_count": null,
            "seed": null
          },
          "sensitive_attributes": [],
          "private": "bnVsbA=="
        },
        {
          "index_key": 66,
          "schema_version": 0,
          "attributes": {
            "id": "-",
            "input": [
              "SHARMA"
            ],
            "keepers": null,
            "result": [
              "SHARMA"
            ],
            "result_count": null,
            "seed": null
          },
          "sensitive_attributes": [],
          "private": "bnVsbA=="
        },
        {
          "index_key": 67,
          "schema_version": 0,
          "attributes": {
            "id": "-",
            "input": [
              "SHARMA"
            ],
            "keepers": null,
            "result": [
              "SHARMA"
            ],
            "result_count": null,
            "seed": null
          },
          "sensitive_attributes": [],
          "private": "bnVsbA=="
        },
        {
          "index_key": 68,
          "schema_version": 0,
          "attributes": {
            "id": "-",
            "input": [
              "SHARMA"
            ],
            "keepers": null,
            "result": [
              "SHARMA"
            ],
            "result_count": null,
            "seed": null
          },
          "sensitive_attributes": [],
          "private": "bnVsbA=="
        },
        {
          "index_key": 69,
          "schema_version": 0,
          "attributes": {
            "id": "-",
            "input": [
              "SHARMA"
            ],
            "keepers": null,
            "result": [
              "SHARMA"
            ],
            "result_count": null,
            "seed": null
          },
          "sensitive_attributes": [],
          "private": "bnVsbA=="
        },
        {
          "index_key": 70,
          "schema_version": 0,
          "attributes": {
            "id": "-",
            "input": [
              "SHARMA"
            ],
            "keepers": null,
            "result": [
              "SHARMA"
            ],
            "result_count": null,
            "seed": null
          },
          "sensitive_attributes": [],
          "private": "bnVsbA=="
        },
        {
          "index_key": 71,
          "schema_version": 0,
          "attributes": {
            "id": "-",
            "input": [
              "SHARMA"
            ],
            "keepers": null,
            "result": [
              "SHARMA"
            ],
            "result_count": null,
            "seed": null
          },
          "sensitive_attributes": [],
          "private": "bnVsbA=="
        },
        {
          "index_key": 72,
          "schema_version": 0,
          "attributes": {
            "id": "-",
            "input": [
              "SHARMA"
            ],
            "keepers": null,
            "result": [
              "SHARMA"
            ],
            "result_count": null,
            "seed": null
          },
          "sensitive_attributes": [],
          "private": "bnVsbA=="
        },
        {
          "index_key": 73,
          "schema_version": 0,
          "attributes": {
            "id": "-",
            "input": [
              "SHARMA"
            ],
            "keepers": null,
            "result": [
              "SHARMA"
            ],
            "result_count": null,
            "seed": null
          },
          "sensitive_attributes": [],
          "private": "bnVsbA=="
        },
        {
          "index_key": 74,
          "schema_version": 0,
          "attributes": {
            "id": "-",
            "input": [
              "SHARMA"
            ],
            "keepers": null,
            "result": [
              "SHARMA"
            ],
            "result_count": null,
            "seed": null
          },
          "sensitive_attributes": [],
          "private": "bnVsbA=="
        },
        {
          "index_key": 75,
          "schema_version": 0,
          "attributes": {
            "id": "-",
            "input": [
              "SHARMA"
            ],
            "keepers": null,
            "result": [
              "SHARMA"
            ],
            "result_count": null,
            "seed": null
          },
          "sensitive_attributes": [],
          "private": "bnVsbA=="
        },
        {
          "index_key": 76,
          "schema_version": 0,
          "attributes": {
            "id": "-",
            "input": [
              "SHARMA"
            ],
            "keepers": null,
            "result": [
              "SHARMA"
            ],
            "result_count": null,
            "seed": null
          },
          "sensitive_attributes": [],
          "private": "bnVsbA=="
        },
        {
          "index_key": 77,
          "schema_version": 0,
          "attributes": {
            "id": "-",
            "input": [
              "SHARMA"
            ],
            "keepers": null,
            "result": [
              "SHARMA"
            ],
            "result_count": null,
            "seed": null
          },
          "sensitive_attributes": [],
          "private": "bnVsbA=="
        },
        {
          "index_key": 78,
          "schema_version": 0,
          "attributes": {
            "id": "-",
            "input": [
              "SHARMA"
            ],
            "keepers": null,
            "result": [
              "SHARMA"
            ],
            "result_count": null,
            "seed": null
          },
          "sensitive_attributes": [],
          "private": "bnVsbA=="
        },
        {
          "index_key": 79,
          "schema_version": 0,
          "attributes": {
            "id": "-",
            "input": [
              "SHARMA"
            ],
            "keepers": null,
            "result": [
              "SHARMA"
            ],
            "result_count": null,
            "seed": null
          },
          "sensitive_attributes": [],
          "private": "bnVsbA=="
        },
        {
          "index_key": 80,
          "schema_version": 0,
          "attributes": {
            "id": "-",
            "input": [
              "SHARMA"
            ],
            "keepers": null,
            "result": [
              "SHARMA"
            ],
            "result_count": null,
            "seed": null
          },
          "sensitive_attributes": [],
          "private": "bnVsbA=="
        },
        {
          "index_key": 81,
          "schema_version": 0,
          "attributes": {
            "id": "-",
            "input": [
              "SHARMA"
            ],
            "keepers": null,
            "result": [
              "SHARMA"
            ],
            "result_count": null,
            "seed": null
          },
          "sensitive_attributes": [],
          "private": "bnVsbA=="
        },
        {
          "index_key": 82,
          "schema_version": 0,
          "attributes": {
            "id": "-",
            "input": [
              "SHARMA"
            ],
            "keepers": null,
            "result": [
              "SHARMA"
            ],
            "result_count": null,
            "seed": null
          },
          "sensitive_attributes": [],
          "private": "bnVsbA=="
        },
        {
          "index_key": 83,
          "schema_version": 0,
          "attributes": {
            "id": "-",
            "input": [
              "SHARMA"
            ],
            "keepers": null,
            "result": [
              "SHARMA"
            ],
            "result_count": null,
            "seed": null
          },
          "sensitive_attributes": [],
          "private": "bnVsbA=="
        },
        {
          "index_key": 84,
          "schema_version": 0,
          "attributes": {
            "id": "-",
            "input": [
              "SHARMA"
            ],
            "keepers": null,
            "result": [
              "SHARMA"
            ],
            "result_count": null,
            "seed": null
          },
          "sensitive_attributes": [],
          "private": "bnVsbA=="
        },
        {
          "index_key": 85,
          "schema_version": 0,
          "attributes": {
            "id": "-",
            "input": [
              "SHARMA"
            ],
            "keepers": null,
            "result": [
              "SHARMA"
            ],
            "result_count": null,
            "seed": null
          },
          "sensitive_attributes": [],
          "private": "bnVsbA=="
        },
        {
          "index_key": 86,
          "schema_version": 0,
          "attributes": {
            "id": "-",
            "input": [
              "SHARMA"
            ],
            "keepers": null,
            "result": [
              "SHARMA"
            ],
            "result_count": null,
            "seed": null
          },
          "sensitive_attributes": [],
          "private": "bnVsbA=="
        },
        {
          "index_key": 87,
          "schema_version": 0,
          "attributes": {
            "id": "-",
            "input": [
              "SHARMA"
            ],
            "keepers": null,
            "result": [
              "SHARMA"
            ],
            "result_count": null,
            "seed": null
          },
          "sensitive_attributes": [],
          "private": "bnVsbA=="
        },
        {
          "index_key": 88,
          "schema_version": 0,
          "attributes": {
            "id": "-",
            "input": [
              "SHARMA"
            ],
            "keepers": null,
            "result": [
              "SHARMA"
            ],
            "result_count": null,
            "seed": null
          },
          "sensitive_attributes": [],
          "private": "bnVsbA=="
        },
        {
          "index_key": 89,
          "schema_version": 0,
          "attributes": {
            "id": "-",
            "input": [
              "SHARMA"
            ],
            "keepers": null,
            "result": [
              "SHARMA"
            ],
            "result_count": null,
            "seed": null
          },
          "sensitive_attributes": [],
          "private": "bnVsbA=="
        },
        {
          "index_key": 90,
          "schema_version": 0,
          "attributes": {
            "id": "-",
            "input": [
              "SHARMA"
            ],
            "keepers": null,
            "result": [
              "SHARMA"
            ],
            "result_count": null,
            "seed": null
          },
          "sensitive_attributes": [],
          "private": "bnVsbA=="
        },
        {
          "index_key": 91,
          "schema_version": 0,
          "attributes": {
            "id": "-",
            "input": [
              "SHARMA"
            ],
            "keepers": null,
            "result": [
              "SHARMA"
            ],
            "result_count": null,
            "seed": null
          },
          "sensitive_attributes": [],
          "private": "bnVsbA=="
        },
        {
          "index_key": 92,
          "schema_version": 0,
          "attributes": {
            "id": "-",
            "input": [
              "SHARMA"
            ],
            "keepers": null,
            "result": [
              "SHARMA"
            ],
            "result_count": null,
            "seed": null
          },
          "sensitive_attributes": [],
          "private": "bnVsbA=="
        },
        {
          "index_key": 93,
          "schema_version": 0,
          "attributes": {
            "id": "-",
            "input": [
              "SHARMA"
            ],
            "keepers": null,
            "result": [
              "SHARMA"
            ],
            "result_count": null,
            "seed": null
          },
          "sensitive_attributes": [],
          "private": "bnVsbA=="
        },
        {
          "index_key": 94,
          "schema_version": 0,
          "attributes": {
            "id": "-",
            "input": [
              "SHARMA"
            ],
            "keepers": null,
            "result": [
              "SHARMA"
            ],
            "result_count": null,
            "seed": null
          },
          "sensitive_attributes": [],
          "private": "bnVsbA=="
        },
        {
          "index_key": 95,
          "schema_version": 0,
          "attributes": {
            "id": "-",
            "input": [
              "SHARMA"
            ],
            "keepers": null,
            "result": [
              "SHARMA"
            ],
            "result_count": null,
            "seed": null
          },
          "sensitive_attributes": [],
          "private": "bnVsbA=="
        },
        {
          "index_key": 96,
          "schema_version": 0,
          "attributes": {
            "id": "-",
            "input": [
              "SHARMA"
            ],
            "keepers": null,
            "result": [
              "SHARMA"
            ],
            "result_count": null,
            "seed": null
          },
          "sensitive_attributes": [],
          "private": "bnVsbA=="
        },
        {
          "index_key": 97,
          "schema_version": 0,
          "attributes": {
            "id": "-",
            "input": [
              "SHARMA"
            ],
            "keepers": null,
            "result": [
              "SHARMA"
            ],
            "result_count": null,
            "seed": null
          },
          "sensitive_attributes": [],
          "private": "bnVsbA=="
        },
        {
          "index_key": 98,
          "schema_version": 0,
          "attributes": {
            "id": "-",
            "input": [
              "SHARMA"
            ],
            "keepers": null,
            "result": [
              "SHARMA"
            ],
            "result_count": null,
            "seed": null
          },
          "sensitive_attributes": [],
          "private": "bnVsbA=="
        },
        {
          "index_key": 99,
          "schema_version": 0,
          "attributes": {
            "id": "-",
            "input": [
              "SHARMA"
            ],
            "keepers": null,
            "result": [
              "SHARMA"
            ],
            "result_count": null,
            "seed": null
          },
          "sensitive_attributes": [],
          "private": "bnVsbA=="
        }
      ]
    },
    {
      "mode": "managed",
      "type": "random_shuffle",
      "name": "random_nouns",
      "provider": "provider[\"registry.terraform.io/hashicorp/random\"]",
      "instances": [
        {
          "index_key": 0,
          "schema_version": 0,
          "attributes": {
            "id": "-",
            "input": [
              "RAJU1",
              "RAJU2",
              "RAJU3",
              "RAJU4",
              "RAJU5",
              "RAJU6",
              "RAJU7",
              "RAJU8",
              "RAJU9",
              "RAJU10",
              "RAJU11"
            ],
            "keepers": null,
            "result": [
              "RAJU8",
              "RAJU6",
              "RAJU4",
              "RAJU9",
              "RAJU3",
              "RAJU2",
              "RAJU5",
              "RAJU7",
              "RAJU10",
              "RAJU11",
              "RAJU1"
            ],
            "result_count": null,
            "seed": null
          },
          "sensitive_attributes": [],
          "private": "bnVsbA=="
        },
        {
          "index_key": 1,
          "schema_version": 0,
          "attributes": {
            "id": "-",
            "input": [
              "RAJU1",
              "RAJU2",
              "RAJU3",
              "RAJU4",
              "RAJU5",
              "RAJU6",
              "RAJU7",
              "RAJU8",
              "RAJU9",
              "RAJU10",
              "RAJU11"
            ],
            "keepers": null,
            "result": [
              "RAJU8",
              "RAJU11",
              "RAJU5",
              "RAJU9",
              "RAJU4",
              "RAJU1",
              "RAJU10",
              "RAJU3",
              "RAJU6",
              "RAJU2",
              "RAJU7"
            ],
            "result_count": null,
            "seed": null
          },
          "sensitive_attributes": [],
          "private": "bnVsbA=="
        },
        {
          "index_key": 2,
          "schema_version": 0,
          "attributes": {
            "id": "-",
            "input": [
              "RAJU1",
              "RAJU2",
              "RAJU3",
              "RAJU4",
              "RAJU5",
              "RAJU6",
              "RAJU7",
              "RAJU8",
              "RAJU9",
              "RAJU10",
              "RAJU11"
            ],
            "keepers": null,
            "result": [
              "RAJU5",
              "RAJU3",
              "RAJU9",
              "RAJU11",
              "RAJU6",
              "RAJU10",
              "RAJU7",
              "RAJU4",
              "RAJU2",
              "RAJU1",
              "RAJU8"
            ],
            "result_count": null,
            "seed": null
          },
          "sensitive_attributes": [],
          "private": "bnVsbA=="
        },
        {
          "index_key": 3,
          "schema_version": 0,
          "attributes": {
            "id": "-",
            "input": [
              "RAJU1",
              "RAJU2",
              "RAJU3",
              "RAJU4",
              "RAJU5",
              "RAJU6",
              "RAJU7",
              "RAJU8",
              "RAJU9",
              "RAJU10",
              "RAJU11"
            ],
            "keepers": null,
            "result": [
              "RAJU8",
              "RAJU2",
              "RAJU1",
              "RAJU7",
              "RAJU11",
              "RAJU5",
              "RAJU3",
              "RAJU6",
              "RAJU10",
              "RAJU9",
              "RAJU4"
            ],
            "result_count": null,
            "seed": null
          },
          "sensitive_attributes": [],
          "private": "bnVsbA=="
        },
        {
          "index_key": 4,
          "schema_version": 0,
          "attributes": {
            "id": "-",
            "input": [
              "RAJU1",
              "RAJU2",
              "RAJU3",
              "RAJU4",
              "RAJU5",
              "RAJU6",
              "RAJU7",
              "RAJU8",
              "RAJU9",
              "RAJU10",
              "RAJU11"
            ],
            "keepers": null,
            "result": [
              "RAJU9",
              "RAJU4",
              "RAJU6",
              "RAJU11",
              "RAJU8",
              "RAJU10",
              "RAJU1",
              "RAJU2",
              "RAJU7",
              "RAJU3",
              "RAJU5"
            ],
            "result_count": null,
            "seed": null
          },
          "sensitive_attributes": [],
          "private": "bnVsbA=="
        },
        {
          "index_key": 5,
          "schema_version": 0,
          "attributes": {
            "id": "-",
            "input": [
              "RAJU1",
              "RAJU2",
              "RAJU3",
              "RAJU4",
              "RAJU5",
              "RAJU6",
              "RAJU7",
              "RAJU8",
              "RAJU9",
              "RAJU10",
              "RAJU11"
            ],
            "keepers": null,
            "result": [
              "RAJU10",
              "RAJU8",
              "RAJU7",
              "RAJU4",
              "RAJU9",
              "RAJU2",
              "RAJU6",
              "RAJU3",
              "RAJU11",
              "RAJU5",
              "RAJU1"
            ],
            "result_count": null,
            "seed": null
          },
          "sensitive_attributes": [],
          "private": "bnVsbA=="
        },
        {
          "index_key": 6,
          "schema_version": 0,
          "attributes": {
            "id": "-",
            "input": [
              "RAJU1",
              "RAJU2",
              "RAJU3",
              "RAJU4",
              "RAJU5",
              "RAJU6",
              "RAJU7",
              "RAJU8",
              "RAJU9",
              "RAJU10",
              "RAJU11"
            ],
            "keepers": null,
            "result": [
              "RAJU5",
              "RAJU6",
              "RAJU2",
              "RAJU4",
              "RAJU8",
              "RAJU11",
              "RAJU1",
              "RAJU10",
              "RAJU3",
              "RAJU7",
              "RAJU9"
            ],
            "result_count": null,
            "seed": null
          },
          "sensitive_attributes": [],
          "private": "bnVsbA=="
        },
        {
          "index_key": 7,
          "schema_version": 0,
          "attributes": {
            "id": "-",
            "input": [
              "RAJU1",
              "RAJU2",
              "RAJU3",
              "RAJU4",
              "RAJU5",
              "RAJU6",
              "RAJU7",
              "RAJU8",
              "RAJU9",
              "RAJU10",
              "RAJU11"
            ],
            "keepers": null,
            "result": [
              "RAJU8",
              "RAJU11",
              "RAJU10",
              "RAJU1",
              "RAJU5",
              "RAJU9",
              "RAJU6",
              "RAJU4",
              "RAJU3",
              "RAJU2",
              "RAJU7"
            ],
            "result_count": null,
            "seed": null
          },
          "sensitive_attributes": [],
          "private": "bnVsbA=="
        },
        {
          "index_key": 8,
          "schema_version": 0,
          "attributes": {
            "id": "-",
            "input": [
              "RAJU1",
              "RAJU2",
              "RAJU3",
              "RAJU4",
              "RAJU5",
              "RAJU6",
              "RAJU7",
              "RAJU8",
              "RAJU9",
              "RAJU10",
              "RAJU11"
            ],
            "keepers": null,
            "result": [
              "RAJU11",
              "RAJU7",
              "RAJU1",
              "RAJU3",
              "RAJU9",
              "RAJU8",
              "RAJU5",
              "RAJU4",
              "RAJU2",
              "RAJU10",
              "RAJU6"
            ],
            "result_count": null,
            "seed": null
          },
          "sensitive_attributes": [],
          "private": "bnVsbA=="
        },
        {
          "index_key": 9,
          "schema_version": 0,
          "attributes": {
            "id": "-",
            "input": [
              "RAJU1",
              "RAJU2",
              "RAJU3",
              "RAJU4",
              "RAJU5",
              "RAJU6",
              "RAJU7",
              "RAJU8",
              "RAJU9",
              "RAJU10",
              "RAJU11"
            ],
            "keepers": null,
            "result": [
              "RAJU11",
              "RAJU1",
              "RAJU9",
              "RAJU2",
              "RAJU6",
              "RAJU5",
              "RAJU8",
              "RAJU3",
              "RAJU10",
              "RAJU7",
              "RAJU4"
            ],
            "result_count": null,
            "seed": null
          },
          "sensitive_attributes": [],
          "private": "bnVsbA=="
        },
        {
          "index_key": 10,
          "schema_version": 0,
          "attributes": {
            "id": "-",
            "input": [
              "RAJU1",
              "RAJU2",
              "RAJU3",
              "RAJU4",
              "RAJU5",
              "RAJU6",
              "RAJU7",
              "RAJU8",
              "RAJU9",
              "RAJU10",
              "RAJU11"
            ],
            "keepers": null,
            "result": [
              "RAJU3",
              "RAJU10",
              "RAJU9",
              "RAJU4",
              "RAJU2",
              "RAJU7",
              "RAJU6",
              "RAJU1",
              "RAJU11",
              "RAJU5",
              "RAJU8"
            ],
            "result_count": null,
            "seed": null
          },
          "sensitive_attributes": [],
          "private": "bnVsbA=="
        },
        {
          "index_key": 11,
          "schema_version": 0,
          "attributes": {
            "id": "-",
            "input": [
              "RAJU1",
              "RAJU2",
              "RAJU3",
              "RAJU4",
              "RAJU5",
              "RAJU6",
              "RAJU7",
              "RAJU8",
              "RAJU9",
              "RAJU10",
              "RAJU11"
            ],
            "keepers": null,
            "result": [
              "RAJU1",
              "RAJU11",
              "RAJU7",
              "RAJU6",
              "RAJU2",
              "RAJU8",
              "RAJU9",
              "RAJU4",
              "RAJU3",
              "RAJU10",
              "RAJU5"
            ],
            "result_count": null,
            "seed": null
          },
          "sensitive_attributes": [],
          "private": "bnVsbA=="
        },
        {
          "index_key": 12,
          "schema_version": 0,
          "attributes": {
            "id": "-",
            "input": [
              "RAJU1",
              "RAJU2",
              "RAJU3",
              "RAJU4",
              "RAJU5",
              "RAJU6",
              "RAJU7",
              "RAJU8",
              "RAJU9",
              "RAJU10",
              "RAJU11"
            ],
            "keepers": null,
            "result": [
              "RAJU6",
              "RAJU11",
              "RAJU4",
              "RAJU10",
              "RAJU3",
              "RAJU7",
              "RAJU8",
              "RAJU5",
              "RAJU9",
              "RAJU1",
              "RAJU2"
            ],
            "result_count": null,
            "seed": null
          },
          "sensitive_attributes": [],
          "private": "bnVsbA=="
        },
        {
          "index_key": 13,
          "schema_version": 0,
          "attributes": {
            "id": "-",
            "input": [
              "RAJU1",
              "RAJU2",
              "RAJU3",
              "RAJU4",
              "RAJU5",
              "RAJU6",
              "RAJU7",
              "RAJU8",
              "RAJU9",
              "RAJU10",
              "RAJU11"
            ],
            "keepers": null,
            "result": [
              "RAJU11",
              "RAJU4",
              "RAJU10",
              "RAJU3",
              "RAJU9",
              "RAJU5",
              "RAJU2",
              "RAJU6",
              "RAJU1",
              "RAJU7",
              "RAJU8"
            ],
            "result_count": null,
            "seed": null
          },
          "sensitive_attributes": [],
          "private": "bnVsbA=="
        },
        {
          "index_key": 14,
          "schema_version": 0,
          "attributes": {
            "id": "-",
            "input": [
              "RAJU1",
              "RAJU2",
              "RAJU3",
              "RAJU4",
              "RAJU5",
              "RAJU6",
              "RAJU7",
              "RAJU8",
              "RAJU9",
              "RAJU10",
              "RAJU11"
            ],
            "keepers": null,
            "result": [
              "RAJU8",
              "RAJU4",
              "RAJU2",
              "RAJU3",
              "RAJU11",
              "RAJU1",
              "RAJU5",
              "RAJU10",
              "RAJU7",
              "RAJU6",
              "RAJU9"
            ],
            "result_count": null,
            "seed": null
          },
          "sensitive_attributes": [],
          "private": "bnVsbA=="
        },
        {
          "index_key": 15,
          "schema_version": 0,
          "attributes": {
            "id": "-",
            "input": [
              "RAJU1",
              "RAJU2",
              "RAJU3",
              "RAJU4",
              "RAJU5",
              "RAJU6",
              "RAJU7",
              "RAJU8",
              "RAJU9",
              "RAJU10",
              "RAJU11"
            ],
            "keepers": null,
            "result": [
              "RAJU8",
              "RAJU2",
              "RAJU11",
              "RAJU3",
              "RAJU10",
              "RAJU4",
              "RAJU9",
              "RAJU1",
              "RAJU6",
              "RAJU7",
              "RAJU5"
            ],
            "result_count": null,
            "seed": null
          },
          "sensitive_attributes": [],
          "private": "bnVsbA=="
        },
        {
          "index_key": 16,
          "schema_version": 0,
          "attributes": {
            "id": "-",
            "input": [
              "RAJU1",
              "RAJU2",
              "RAJU3",
              "RAJU4",
              "RAJU5",
              "RAJU6",
              "RAJU7",
              "RAJU8",
              "RAJU9",
              "RAJU10",
              "RAJU11"
            ],
            "keepers": null,
            "result": [
              "RAJU8",
              "RAJU3",
              "RAJU1",
              "RAJU4",
              "RAJU7",
              "RAJU6",
              "RAJU9",
              "RAJU10",
              "RAJU11",
              "RAJU2",
              "RAJU5"
            ],
            "result_count": null,
            "seed": null
          },
          "sensitive_attributes": [],
          "private": "bnVsbA=="
        },
        {
          "index_key": 17,
          "schema_version": 0,
          "attributes": {
            "id": "-",
            "input": [
              "RAJU1",
              "RAJU2",
              "RAJU3",
              "RAJU4",
              "RAJU5",
              "RAJU6",
              "RAJU7",
              "RAJU8",
              "RAJU9",
              "RAJU10",
              "RAJU11"
            ],
            "keepers": null,
            "result": [
              "RAJU10",
              "RAJU2",
              "RAJU4",
              "RAJU1",
              "RAJU11",
              "RAJU6",
              "RAJU7",
              "RAJU9",
              "RAJU8",
              "RAJU5",
              "RAJU3"
            ],
            "result_count": null,
            "seed": null
          },
          "sensitive_attributes": [],
          "private": "bnVsbA=="
        },
        {
          "index_key": 18,
          "schema_version": 0,
          "attributes": {
            "id": "-",
            "input": [
              "RAJU1",
              "RAJU2",
              "RAJU3",
              "RAJU4",
              "RAJU5",
              "RAJU6",
              "RAJU7",
              "RAJU8",
              "RAJU9",
              "RAJU10",
              "RAJU11"
            ],
            "keepers": null,
            "result": [
              "RAJU11",
              "RAJU7",
              "RAJU3",
              "RAJU5",
              "RAJU8",
              "RAJU6",
              "RAJU10",
              "RAJU9",
              "RAJU2",
              "RAJU1",
              "RAJU4"
            ],
            "result_count": null,
            "seed": null
          },
          "sensitive_attributes": [],
          "private": "bnVsbA=="
        },
        {
          "index_key": 19,
          "schema_version": 0,
          "attributes": {
            "id": "-",
            "input": [
              "RAJU1",
              "RAJU2",
              "RAJU3",
              "RAJU4",
              "RAJU5",
              "RAJU6",
              "RAJU7",
              "RAJU8",
              "RAJU9",
              "RAJU10",
              "RAJU11"
            ],
            "keepers": null,
            "result": [
              "RAJU4",
              "RAJU8",
              "RAJU9",
              "RAJU3",
              "RAJU1",
              "RAJU10",
              "RAJU7",
              "RAJU6",
              "RAJU2",
              "RAJU5",
              "RAJU11"
            ],
            "result_count": null,
            "seed": null
          },
          "sensitive_attributes": [],
          "private": "bnVsbA=="
        },
        {
          "index_key": 20,
          "schema_version": 0,
          "attributes": {
            "id": "-",
            "input": [
              "RAJU1",
              "RAJU2",
              "RAJU3",
              "RAJU4",
              "RAJU5",
              "RAJU6",
              "RAJU7",
              "RAJU8",
              "RAJU9",
              "RAJU10",
              "RAJU11"
            ],
            "keepers": null,
            "result": [
              "RAJU9",
              "RAJU8",
              "RAJU11",
              "RAJU3",
              "RAJU10",
              "RAJU4",
              "RAJU7",
              "RAJU2",
              "RAJU1",
              "RAJU5",
              "RAJU6"
            ],
            "result_count": null,
            "seed": null
          },
          "sensitive_attributes": [],
          "private": "bnVsbA=="
        },
        {
          "index_key": 21,
          "schema_version": 0,
          "attributes": {
            "id": "-",
            "input": [
              "RAJU1",
              "RAJU2",
              "RAJU3",
              "RAJU4",
              "RAJU5",
              "RAJU6",
              "RAJU7",
              "RAJU8",
              "RAJU9",
              "RAJU10",
              "RAJU11"
            ],
            "keepers": null,
            "result": [
              "RAJU10",
              "RAJU5",
              "RAJU9",
              "RAJU4",
              "RAJU1",
              "RAJU11",
              "RAJU2",
              "RAJU8",
              "RAJU7",
              "RAJU3",
              "RAJU6"
            ],
            "result_count": null,
            "seed": null
          },
          "sensitive_attributes": [],
          "private": "bnVsbA=="
        },
        {
          "index_key": 22,
          "schema_version": 0,
          "attributes": {
            "id": "-",
            "input": [
              "RAJU1",
              "RAJU2",
              "RAJU3",
              "RAJU4",
              "RAJU5",
              "RAJU6",
              "RAJU7",
              "RAJU8",
              "RAJU9",
              "RAJU10",
              "RAJU11"
            ],
            "keepers": null,
            "result": [
              "RAJU3",
              "RAJU4",
              "RAJU11",
              "RAJU7",
              "RAJU9",
              "RAJU10",
              "RAJU8",
              "RAJU6",
              "RAJU5",
              "RAJU2",
              "RAJU1"
            ],
            "result_count": null,
            "seed": null
          },
          "sensitive_attributes": [],
          "private": "bnVsbA=="
        },
        {
          "index_key": 23,
          "schema_version": 0,
          "attributes": {
            "id": "-",
            "input": [
              "RAJU1",
              "RAJU2",
              "RAJU3",
              "RAJU4",
              "RAJU5",
              "RAJU6",
              "RAJU7",
              "RAJU8",
              "RAJU9",
              "RAJU10",
              "RAJU11"
            ],
            "keepers": null,
            "result": [
              "RAJU2",
              "RAJU5",
              "RAJU7",
              "RAJU3",
              "RAJU1",
              "RAJU9",
              "RAJU10",
              "RAJU8",
              "RAJU4",
              "RAJU11",
              "RAJU6"
            ],
            "result_count": null,
            "seed": null
          },
          "sensitive_attributes": [],
          "private": "bnVsbA=="
        },
        {
          "index_key": 24,
          "schema_version": 0,
          "attributes": {
            "id": "-",
            "input": [
              "RAJU1",
              "RAJU2",
              "RAJU3",
              "RAJU4",
              "RAJU5",
              "RAJU6",
              "RAJU7",
              "RAJU8",
              "RAJU9",
              "RAJU10",
              "RAJU11"
            ],
            "keepers": null,
            "result": [
              "RAJU8",
              "RAJU4",
              "RAJU2",
              "RAJU3",
              "RAJU11",
              "RAJU1",
              "RAJU5",
              "RAJU10",
              "RAJU7",
              "RAJU6",
              "RAJU9"
            ],
            "result_count": null,
            "seed": null
          },
          "sensitive_attributes": [],
          "private": "bnVsbA=="
        },
        {
          "index_key": 25,
          "schema_version": 0,
          "attributes": {
            "id": "-",
            "input": [
              "RAJU1",
              "RAJU2",
              "RAJU3",
              "RAJU4",
              "RAJU5",
              "RAJU6",
              "RAJU7",
              "RAJU8",
              "RAJU9",
              "RAJU10",
              "RAJU11"
            ],
            "keepers": null,
            "result": [
              "RAJU6",
              "RAJU9",
              "RAJU2",
              "RAJU5",
              "RAJU8",
              "RAJU11",
              "RAJU7",
              "RAJU10",
              "RAJU4",
              "RAJU3",
              "RAJU1"
            ],
            "result_count": null,
            "seed": null
          },
          "sensitive_attributes": [],
          "private": "bnVsbA=="
        },
        {
          "index_key": 26,
          "schema_version": 0,
          "attributes": {
            "id": "-",
            "input": [
              "RAJU1",
              "RAJU2",
              "RAJU3",
              "RAJU4",
              "RAJU5",
              "RAJU6",
              "RAJU7",
              "RAJU8",
              "RAJU9",
              "RAJU10",
              "RAJU11"
            ],
            "keepers": null,
            "result": [
              "RAJU2",
              "RAJU5",
              "RAJU7",
              "RAJU8",
              "RAJU11",
              "RAJU1",
              "RAJU9",
              "RAJU3",
              "RAJU10",
              "RAJU6",
              "RAJU4"
            ],
            "result_count": null,
            "seed": null
          },
          "sensitive_attributes": [],
          "private": "bnVsbA=="
        },
        {
          "index_key": 27,
          "schema_version": 0,
          "attributes": {
            "id": "-",
            "input": [
              "RAJU1",
              "RAJU2",
              "RAJU3",
              "RAJU4",
              "RAJU5",
              "RAJU6",
              "RAJU7",
              "RAJU8",
              "RAJU9",
              "RAJU10",
              "RAJU11"
            ],
            "keepers": null,
            "result": [
              "RAJU8",
              "RAJU9",
              "RAJU10",
              "RAJU11",
              "RAJU4",
              "RAJU3",
              "RAJU7",
              "RAJU5",
              "RAJU1",
              "RAJU2",
              "RAJU6"
            ],
            "result_count": null,
            "seed": null
          },
          "sensitive_attributes": [],
          "private": "bnVsbA=="
        },
        {
          "index_key": 28,
          "schema_version": 0,
          "attributes": {
            "id": "-",
            "input": [
              "RAJU1",
              "RAJU2",
              "RAJU3",
              "RAJU4",
              "RAJU5",
              "RAJU6",
              "RAJU7",
              "RAJU8",
              "RAJU9",
              "RAJU10",
              "RAJU11"
            ],
            "keepers": null,
            "result": [
              "RAJU1",
              "RAJU3",
              "RAJU8",
              "RAJU9",
              "RAJU7",
              "RAJU6",
              "RAJU2",
              "RAJU4",
              "RAJU10",
              "RAJU11",
              "RAJU5"
            ],
            "result_count": null,
            "seed": null
          },
          "sensitive_attributes": [],
          "private": "bnVsbA=="
        },
        {
          "index_key": 29,
          "schema_version": 0,
          "attributes": {
            "id": "-",
            "input": [
              "RAJU1",
              "RAJU2",
              "RAJU3",
              "RAJU4",
              "RAJU5",
              "RAJU6",
              "RAJU7",
              "RAJU8",
              "RAJU9",
              "RAJU10",
              "RAJU11"
            ],
            "keepers": null,
            "result": [
              "RAJU1",
              "RAJU6",
              "RAJU5",
              "RAJU3",
              "RAJU10",
              "RAJU9",
              "RAJU7",
              "RAJU2",
              "RAJU8",
              "RAJU11",
              "RAJU4"
            ],
            "result_count": null,
            "seed": null
          },
          "sensitive_attributes": [],
          "private": "bnVsbA=="
        },
        {
          "index_key": 30,
          "schema_version": 0,
          "attributes": {
            "id": "-",
            "input": [
              "RAJU1",
              "RAJU2",
              "RAJU3",
              "RAJU4",
              "RAJU5",
              "RAJU6",
              "RAJU7",
              "RAJU8",
              "RAJU9",
              "RAJU10",
              "RAJU11"
            ],
            "keepers": null,
            "result": [
              "RAJU7",
              "RAJU2",
              "RAJU8",
              "RAJU5",
              "RAJU11",
              "RAJU6",
              "RAJU3",
              "RAJU1",
              "RAJU10",
              "RAJU4",
              "RAJU9"
            ],
            "result_count": null,
            "seed": null
          },
          "sensitive_attributes": [],
          "private": "bnVsbA=="
        },
        {
          "index_key": 31,
          "schema_version": 0,
          "attributes": {
            "id": "-",
            "input": [
              "RAJU1",
              "RAJU2",
              "RAJU3",
              "RAJU4",
              "RAJU5",
              "RAJU6",
              "RAJU7",
              "RAJU8",
              "RAJU9",
              "RAJU10",
              "RAJU11"
            ],
            "keepers": null,
            "result": [
              "RAJU8",
              "RAJU9",
              "RAJU11",
              "RAJU10",
              "RAJU4",
              "RAJU1",
              "RAJU5",
              "RAJU6",
              "RAJU2",
              "RAJU3",
              "RAJU7"
            ],
            "result_count": null,
            "seed": null
          },
          "sensitive_attributes": [],
          "private": "bnVsbA=="
        },
        {
          "index_key": 32,
          "schema_version": 0,
          "attributes": {
            "id": "-",
            "input": [
              "RAJU1",
              "RAJU2",
              "RAJU3",
              "RAJU4",
              "RAJU5",
              "RAJU6",
              "RAJU7",
              "RAJU8",
              "RAJU9",
              "RAJU10",
              "RAJU11"
            ],
            "keepers": null,
            "result": [
              "RAJU11",
              "RAJU5",
              "RAJU4",
              "RAJU2",
              "RAJU3",
              "RAJU8",
              "RAJU10",
              "RAJU7",
              "RAJU6",
              "RAJU1",
              "RAJU9"
            ],
            "result_count": null,
            "seed": null
          },
          "sensitive_attributes": [],
          "private": "bnVsbA=="
        },
        {
          "index_key": 33,
          "schema_version": 0,
          "attributes": {
            "id": "-",
            "input": [
              "RAJU1",
              "RAJU2",
              "RAJU3",
              "RAJU4",
              "RAJU5",
              "RAJU6",
              "RAJU7",
              "RAJU8",
              "RAJU9",
              "RAJU10",
              "RAJU11"
            ],
            "keepers": null,
            "result": [
              "RAJU1",
              "RAJU7",
              "RAJU6",
              "RAJU3",
              "RAJU8",
              "RAJU2",
              "RAJU4",
              "RAJU11",
              "RAJU5",
              "RAJU9",
              "RAJU10"
            ],
            "result_count": null,
            "seed": null
          },
          "sensitive_attributes": [],
          "private": "bnVsbA=="
        },
        {
          "index_key": 34,
          "schema_version": 0,
          "attributes": {
            "id": "-",
            "input": [
              "RAJU1",
              "RAJU2",
              "RAJU3",
              "RAJU4",
              "RAJU5",
              "RAJU6",
              "RAJU7",
              "RAJU8",
              "RAJU9",
              "RAJU10",
              "RAJU11"
            ],
            "keepers": null,
            "result": [
              "RAJU8",
              "RAJU6",
              "RAJU11",
              "RAJU9",
              "RAJU7",
              "RAJU4",
              "RAJU1",
              "RAJU10",
              "RAJU5",
              "RAJU3",
              "RAJU2"
            ],
            "result_count": null,
            "seed": null
          },
          "sensitive_attributes": [],
          "private": "bnVsbA=="
        },
        {
          "index_key": 35,
          "schema_version": 0,
          "attributes": {
            "id": "-",
            "input": [
              "RAJU1",
              "RAJU2",
              "RAJU3",
              "RAJU4",
              "RAJU5",
              "RAJU6",
              "RAJU7",
              "RAJU8",
              "RAJU9",
              "RAJU10",
              "RAJU11"
            ],
            "keepers": null,
            "result": [
              "RAJU9",
              "RAJU2",
              "RAJU6",
              "RAJU1",
              "RAJU5",
              "RAJU11",
              "RAJU10",
              "RAJU8",
              "RAJU3",
              "RAJU4",
              "RAJU7"
            ],
            "result_count": null,
            "seed": null
          },
          "sensitive_attributes": [],
          "private": "bnVsbA=="
        },
        {
          "index_key": 36,
          "schema_version": 0,
          "attributes": {
            "id": "-",
            "input": [
              "RAJU1",
              "RAJU2",
              "RAJU3",
              "RAJU4",
              "RAJU5",
              "RAJU6",
              "RAJU7",
              "RAJU8",
              "RAJU9",
              "RAJU10",
              "RAJU11"
            ],
            "keepers": null,
            "result": [
              "RAJU1",
              "RAJU3",
              "RAJU5",
              "RAJU4",
              "RAJU6",
              "RAJU2",
              "RAJU10",
              "RAJU8",
              "RAJU7",
              "RAJU11",
              "RAJU9"
            ],
            "result_count": null,
            "seed": null
          },
          "sensitive_attributes": [],
          "private": "bnVsbA=="
        },
        {
          "index_key": 37,
          "schema_version": 0,
          "attributes": {
            "id": "-",
            "input": [
              "RAJU1",
              "RAJU2",
              "RAJU3",
              "RAJU4",
              "RAJU5",
              "RAJU6",
              "RAJU7",
              "RAJU8",
              "RAJU9",
              "RAJU10",
              "RAJU11"
            ],
            "keepers": null,
            "result": [
              "RAJU7",
              "RAJU4",
              "RAJU6",
              "RAJU3",
              "RAJU8",
              "RAJU5",
              "RAJU9",
              "RAJU10",
              "RAJU2",
              "RAJU1",
              "RAJU11"
            ],
            "result_count": null,
            "seed": null
          },
          "sensitive_attributes": [],
          "private": "bnVsbA=="
        },
        {
          "index_key": 38,
          "schema_version": 0,
          "attributes": {
            "id": "-",
            "input": [
              "RAJU1",
              "RAJU2",
              "RAJU3",
              "RAJU4",
              "RAJU5",
              "RAJU6",
              "RAJU7",
              "RAJU8",
              "RAJU9",
              "RAJU10",
              "RAJU11"
            ],
            "keepers": null,
            "result": [
              "RAJU2",
              "RAJU7",
              "RAJU11",
              "RAJU6",
              "RAJU8",
              "RAJU4",
              "RAJU1",
              "RAJU3",
              "RAJU9",
              "RAJU5",
              "RAJU10"
            ],
            "result_count": null,
            "seed": null
          },
          "sensitive_attributes": [],
          "private": "bnVsbA=="
        },
        {
          "index_key": 39,
          "schema_version": 0,
          "attributes": {
            "id": "-",
            "input": [
              "RAJU1",
              "RAJU2",
              "RAJU3",
              "RAJU4",
              "RAJU5",
              "RAJU6",
              "RAJU7",
              "RAJU8",
              "RAJU9",
              "RAJU10",
              "RAJU11"
            ],
            "keepers": null,
            "result": [
              "RAJU6",
              "RAJU10",
              "RAJU1",
              "RAJU2",
              "RAJU8",
              "RAJU5",
              "RAJU4",
              "RAJU3",
              "RAJU7",
              "RAJU9",
              "RAJU11"
            ],
            "result_count": null,
            "seed": null
          },
          "sensitive_attributes": [],
          "private": "bnVsbA=="
        },
        {
          "index_key": 40,
          "schema_version": 0,
          "attributes": {
            "id": "-",
            "input": [
              "RAJU1",
              "RAJU2",
              "RAJU3",
              "RAJU4",
              "RAJU5",
              "RAJU6",
              "RAJU7",
              "RAJU8",
              "RAJU9",
              "RAJU10",
              "RAJU11"
            ],
            "keepers": null,
            "result": [
              "RAJU2",
              "RAJU8",
              "RAJU5",
              "RAJU11",
              "RAJU4",
              "RAJU6",
              "RAJU7",
              "RAJU3",
              "RAJU10",
              "RAJU1",
              "RAJU9"
            ],
            "result_count": null,
            "seed": null
          },
          "sensitive_attributes": [],
          "private": "bnVsbA=="
        },
        {
          "index_key": 41,
          "schema_version": 0,
          "attributes": {
            "id": "-",
            "input": [
              "RAJU1",
              "RAJU2",
              "RAJU3",
              "RAJU4",
              "RAJU5",
              "RAJU6",
              "RAJU7",
              "RAJU8",
              "RAJU9",
              "RAJU10",
              "RAJU11"
            ],
            "keepers": null,
            "result": [
              "RAJU11",
              "RAJU2",
              "RAJU6",
              "RAJU4",
              "RAJU5",
              "RAJU8",
              "RAJU7",
              "RAJU1",
              "RAJU10",
              "RAJU9",
              "RAJU3"
            ],
            "result_count": null,
            "seed": null
          },
          "sensitive_attributes": [],
          "private": "bnVsbA=="
        },
        {
          "index_key": 42,
          "schema_version": 0,
          "attributes": {
            "id": "-",
            "input": [
              "RAJU1",
              "RAJU2",
              "RAJU3",
              "RAJU4",
              "RAJU5",
              "RAJU6",
              "RAJU7",
              "RAJU8",
              "RAJU9",
              "RAJU10",
              "RAJU11"
            ],
            "keepers": null,
            "result": [
              "RAJU9",
              "RAJU4",
              "RAJU3",
              "RAJU5",
              "RAJU1",
              "RAJU2",
              "RAJU8",
              "RAJU6",
              "RAJU11",
              "RAJU10",
              "RAJU7"
            ],
            "result_count": null,
            "seed": null
          },
          "sensitive_attributes": [],
          "private": "bnVsbA=="
        },
        {
          "index_key": 43,
          "schema_version": 0,
          "attributes": {
            "id": "-",
            "input": [
              "RAJU1",
              "RAJU2",
              "RAJU3",
              "RAJU4",
              "RAJU5",
              "RAJU6",
              "RAJU7",
              "RAJU8",
              "RAJU9",
              "RAJU10",
              "RAJU11"
            ],
            "keepers": null,
            "result": [
              "RAJU11",
              "RAJU6",
              "RAJU3",
              "RAJU4",
              "RAJU2",
              "RAJU5",
              "RAJU10",
              "RAJU1",
              "RAJU9",
              "RAJU8",
              "RAJU7"
            ],
            "result_count": null,
            "seed": null
          },
          "sensitive_attributes": [],
          "private": "bnVsbA=="
        },
        {
          "index_key": 44,
          "schema_version": 0,
          "attributes": {
            "id": "-",
            "input": [
              "RAJU1",
              "RAJU2",
              "RAJU3",
              "RAJU4",
              "RAJU5",
              "RAJU6",
              "RAJU7",
              "RAJU8",
              "RAJU9",
              "RAJU10",
              "RAJU11"
            ],
            "keepers": null,
            "result": [
              "RAJU5",
              "RAJU11",
              "RAJU3",
              "RAJU7",
              "RAJU6",
              "RAJU4",
              "RAJU2",
              "RAJU9",
              "RAJU10",
              "RAJU1",
              "RAJU8"
            ],
            "result_count": null,
            "seed": null
          },
          "sensitive_attributes": [],
          "private": "bnVsbA=="
        },
        {
          "index_key": 45,
          "schema_version": 0,
          "attributes": {
            "id": "-",
            "input": [
              "RAJU1",
              "RAJU2",
              "RAJU3",
              "RAJU4",
              "RAJU5",
              "RAJU6",
              "RAJU7",
              "RAJU8",
              "RAJU9",
              "RAJU10",
              "RAJU11"
            ],
            "keepers": null,
            "result": [
              "RAJU10",
              "RAJU5",
              "RAJU8",
              "RAJU11",
              "RAJU9",
              "RAJU6",
              "RAJU7",
              "RAJU2",
              "RAJU1",
              "RAJU3",
              "RAJU4"
            ],
            "result_count": null,
            "seed": null
          },
          "sensitive_attributes": [],
          "private": "bnVsbA=="
        },
        {
          "index_key": 46,
          "schema_version": 0,
          "attributes": {
            "id": "-",
            "input": [
              "RAJU1",
              "RAJU2",
              "RAJU3",
              "RAJU4",
              "RAJU5",
              "RAJU6",
              "RAJU7",
              "RAJU8",
              "RAJU9",
              "RAJU10",
              "RAJU11"
            ],
            "keepers": null,
            "result": [
              "RAJU6",
              "RAJU7",
              "RAJU2",
              "RAJU11",
              "RAJU9",
              "RAJU10",
              "RAJU5",
              "RAJU4",
              "RAJU8",
              "RAJU1",
              "RAJU3"
            ],
            "result_count": null,
            "seed": null
          },
          "sensitive_attributes": [],
          "private": "bnVsbA=="
        },
        {
          "index_key": 47,
          "schema_version": 0,
          "attributes": {
            "id": "-",
            "input": [
              "RAJU1",
              "RAJU2",
              "RAJU3",
              "RAJU4",
              "RAJU5",
              "RAJU6",
              "RAJU7",
              "RAJU8",
              "RAJU9",
              "RAJU10",
              "RAJU11"
            ],
            "keepers": null,
            "result": [
              "RAJU2",
              "RAJU11",
              "RAJU7",
              "RAJU3",
              "RAJU6",
              "RAJU4",
              "RAJU9",
              "RAJU10",
              "RAJU5",
              "RAJU8",
              "RAJU1"
            ],
            "result_count": null,
            "seed": null
          },
          "sensitive_attributes": [],
          "private": "bnVsbA=="
        },
        {
          "index_key": 48,
          "schema_version": 0,
          "attributes": {
            "id": "-",
            "input": [
              "RAJU1",
              "RAJU2",
              "RAJU3",
              "RAJU4",
              "RAJU5",
              "RAJU6",
              "RAJU7",
              "RAJU8",
              "RAJU9",
              "RAJU10",
              "RAJU11"
            ],
            "keepers": null,
            "result": [
              "RAJU4",
              "RAJU10",
              "RAJU9",
              "RAJU5",
              "RAJU11",
              "RAJU3",
              "RAJU8",
              "RAJU7",
              "RAJU1",
              "RAJU2",
              "RAJU6"
            ],
            "result_count": null,
            "seed": null
          },
          "sensitive_attributes": [],
          "private": "bnVsbA=="
        },
        {
          "index_key": 49,
          "schema_version": 0,
          "attributes": {
            "id": "-",
            "input": [
              "RAJU1",
              "RAJU2",
              "RAJU3",
              "RAJU4",
              "RAJU5",
              "RAJU6",
              "RAJU7",
              "RAJU8",
              "RAJU9",
              "RAJU10",
              "RAJU11"
            ],
            "keepers": null,
            "result": [
              "RAJU4",
              "RAJU11",
              "RAJU6",
              "RAJU5",
              "RAJU2",
              "RAJU8",
              "RAJU3",
              "RAJU10",
              "RAJU9",
              "RAJU7",
              "RAJU1"
            ],
            "result_count": null,
            "seed": null
          },
          "sensitive_attributes": [],
          "private": "bnVsbA=="
        },
        {
          "index_key": 50,
          "schema_version": 0,
          "attributes": {
            "id": "-",
            "input": [
              "RAJU1",
              "RAJU2",
              "RAJU3",
              "RAJU4",
              "RAJU5",
              "RAJU6",
              "RAJU7",
              "RAJU8",
              "RAJU9",
              "RAJU10",
              "RAJU11"
            ],
            "keepers": null,
            "result": [
              "RAJU4",
              "RAJU2",
              "RAJU5",
              "RAJU11",
              "RAJU6",
              "RAJU10",
              "RAJU8",
              "RAJU1",
              "RAJU9",
              "RAJU7",
              "RAJU3"
            ],
            "result_count": null,
            "seed": null
          },
          "sensitive_attributes": [],
          "private": "bnVsbA=="
        },
        {
          "index_key": 51,
          "schema_version": 0,
          "attributes": {
            "id": "-",
            "input": [
              "RAJU1",
              "RAJU2",
              "RAJU3",
              "RAJU4",
              "RAJU5",
              "RAJU6",
              "RAJU7",
              "RAJU8",
              "RAJU9",
              "RAJU10",
              "RAJU11"
            ],
            "keepers": null,
            "result": [
              "RAJU2",
              "RAJU11",
              "RAJU10",
              "RAJU6",
              "RAJU8",
              "RAJU7",
              "RAJU1",
              "RAJU3",
              "RAJU9",
              "RAJU5",
              "RAJU4"
            ],
            "result_count": null,
            "seed": null
          },
          "sensitive_attributes": [],
          "private": "bnVsbA=="
        },
        {
          "index_key": 52,
          "schema_version": 0,
          "attributes": {
            "id": "-",
            "input": [
              "RAJU1",
              "RAJU2",
              "RAJU3",
              "RAJU4",
              "RAJU5",
              "RAJU6",
              "RAJU7",
              "RAJU8",
              "RAJU9",
              "RAJU10",
              "RAJU11"
            ],
            "keepers": null,
            "result": [
              "RAJU3",
              "RAJU4",
              "RAJU9",
              "RAJU2",
              "RAJU8",
              "RAJU7",
              "RAJU1",
              "RAJU11",
              "RAJU6",
              "RAJU10",
              "RAJU5"
            ],
            "result_count": null,
            "seed": null
          },
          "sensitive_attributes": [],
          "private": "bnVsbA=="
        },
        {
          "index_key": 53,
          "schema_version": 0,
          "attributes": {
            "id": "-",
            "input": [
              "RAJU1",
              "RAJU2",
              "RAJU3",
              "RAJU4",
              "RAJU5",
              "RAJU6",
              "RAJU7",
              "RAJU8",
              "RAJU9",
              "RAJU10",
              "RAJU11"
            ],
            "keepers": null,
            "result": [
              "RAJU6",
              "RAJU3",
              "RAJU2",
              "RAJU4",
              "RAJU9",
              "RAJU5",
              "RAJU8",
              "RAJU7",
              "RAJU1",
              "RAJU11",
              "RAJU10"
            ],
            "result_count": null,
            "seed": null
          },
          "sensitive_attributes": [],
          "private": "bnVsbA=="
        },
        {
          "index_key": 54,
          "schema_version": 0,
          "attributes": {
            "id": "-",
            "input": [
              "RAJU1",
              "RAJU2",
              "RAJU3",
              "RAJU4",
              "RAJU5",
              "RAJU6",
              "RAJU7",
              "RAJU8",
              "RAJU9",
              "RAJU10",
              "RAJU11"
            ],
            "keepers": null,
            "result": [
              "RAJU2",
              "RAJU7",
              "RAJU1",
              "RAJU6",
              "RAJU8",
              "RAJU4",
              "RAJU3",
              "RAJU11",
              "RAJU5",
              "RAJU10",
              "RAJU9"
            ],
            "result_count": null,
            "seed": null
          },
          "sensitive_attributes": [],
          "private": "bnVsbA=="
        },
        {
          "index_key": 55,
          "schema_version": 0,
          "attributes": {
            "id": "-",
            "input": [
              "RAJU1",
              "RAJU2",
              "RAJU3",
              "RAJU4",
              "RAJU5",
              "RAJU6",
              "RAJU7",
              "RAJU8",
              "RAJU9",
              "RAJU10",
              "RAJU11"
            ],
            "keepers": null,
            "result": [
              "RAJU7",
              "RAJU9",
              "RAJU5",
              "RAJU11",
              "RAJU6",
              "RAJU2",
              "RAJU10",
              "RAJU4",
              "RAJU1",
              "RAJU8",
              "RAJU3"
            ],
            "result_count": null,
            "seed": null
          },
          "sensitive_attributes": [],
          "private": "bnVsbA=="
        },
        {
          "index_key": 56,
          "schema_version": 0,
          "attributes": {
            "id": "-",
            "input": [
              "RAJU1",
              "RAJU2",
              "RAJU3",
              "RAJU4",
              "RAJU5",
              "RAJU6",
              "RAJU7",
              "RAJU8",
              "RAJU9",
              "RAJU10",
              "RAJU11"
            ],
            "keepers": null,
            "result": [
              "RAJU7",
              "RAJU5",
              "RAJU11",
              "RAJU4",
              "RAJU3",
              "RAJU10",
              "RAJU1",
              "RAJU2",
              "RAJU8",
              "RAJU6",
              "RAJU9"
            ],
            "result_count": null,
            "seed": null
          },
          "sensitive_attributes": [],
          "private": "bnVsbA=="
        },
        {
          "index_key": 57,
          "schema_version": 0,
          "attributes": {
            "id": "-",
            "input": [
              "RAJU1",
              "RAJU2",
              "RAJU3",
              "RAJU4",
              "RAJU5",
              "RAJU6",
              "RAJU7",
              "RAJU8",
              "RAJU9",
              "RAJU10",
              "RAJU11"
            ],
            "keepers": null,
            "result": [
              "RAJU1",
              "RAJU6",
              "RAJU5",
              "RAJU8",
              "RAJU2",
              "RAJU4",
              "RAJU10",
              "RAJU3",
              "RAJU11",
              "RAJU9",
              "RAJU7"
            ],
            "result_count": null,
            "seed": null
          },
          "sensitive_attributes": [],
          "private": "bnVsbA=="
        },
        {
          "index_key": 58,
          "schema_version": 0,
          "attributes": {
            "id": "-",
            "input": [
              "RAJU1",
              "RAJU2",
              "RAJU3",
              "RAJU4",
              "RAJU5",
              "RAJU6",
              "RAJU7",
              "RAJU8",
              "RAJU9",
              "RAJU10",
              "RAJU11"
            ],
            "keepers": null,
            "result": [
              "RAJU8",
              "RAJU1",
              "RAJU2",
              "RAJU5",
              "RAJU10",
              "RAJU9",
              "RAJU6",
              "RAJU11",
              "RAJU4",
              "RAJU3",
              "RAJU7"
            ],
            "result_count": null,
            "seed": null
          },
          "sensitive_attributes": [],
          "private": "bnVsbA=="
        },
        {
          "index_key": 59,
          "schema_version": 0,
          "attributes": {
            "id": "-",
            "input": [
              "RAJU1",
              "RAJU2",
              "RAJU3",
              "RAJU4",
              "RAJU5",
              "RAJU6",
              "RAJU7",
              "RAJU8",
              "RAJU9",
              "RAJU10",
              "RAJU11"
            ],
            "keepers": null,
            "result": [
              "RAJU4",
              "RAJU11",
              "RAJU7",
              "RAJU2",
              "RAJU8",
              "RAJU1",
              "RAJU5",
              "RAJU3",
              "RAJU6",
              "RAJU10",
              "RAJU9"
            ],
            "result_count": null,
            "seed": null
          },
          "sensitive_attributes": [],
          "private": "bnVsbA=="
        },
        {
          "index_key": 60,
          "schema_version": 0,
          "attributes": {
            "id": "-",
            "input": [
              "RAJU1",
              "RAJU2",
              "RAJU3",
              "RAJU4",
              "RAJU5",
              "RAJU6",
              "RAJU7",
              "RAJU8",
              "RAJU9",
              "RAJU10",
              "RAJU11"
            ],
            "keepers": null,
            "result": [
              "RAJU6",
              "RAJU2",
              "RAJU5",
              "RAJU9",
              "RAJU1",
              "RAJU11",
              "RAJU8",
              "RAJU10",
              "RAJU7",
              "RAJU4",
              "RAJU3"
            ],
            "result_count": null,
            "seed": null
          },
          "sensitive_attributes": [],
          "private": "bnVsbA=="
        },
        {
          "index_key": 61,
          "schema_version": 0,
          "attributes": {
            "id": "-",
            "input": [
              "RAJU1",
              "RAJU2",
              "RAJU3",
              "RAJU4",
              "RAJU5",
              "RAJU6",
              "RAJU7",
              "RAJU8",
              "RAJU9",
              "RAJU10",
              "RAJU11"
            ],
            "keepers": null,
            "result": [
              "RAJU4",
              "RAJU1",
              "RAJU3",
              "RAJU11",
              "RAJU10",
              "RAJU2",
              "RAJU5",
              "RAJU9",
              "RAJU7",
              "RAJU6",
              "RAJU8"
            ],
            "result_count": null,
            "seed": null
          },
          "sensitive_attributes": [],
          "private": "bnVsbA=="
        },
        {
          "index_key": 62,
          "schema_version": 0,
          "attributes": {
            "id": "-",
            "input": [
              "RAJU1",
              "RAJU2",
              "RAJU3",
              "RAJU4",
              "RAJU5",
              "RAJU6",
              "RAJU7",
              "RAJU8",
              "RAJU9",
              "RAJU10",
              "RAJU11"
            ],
            "keepers": null,
            "result": [
              "RAJU6",
              "RAJU9",
              "RAJU4",
              "RAJU2",
              "RAJU3",
              "RAJU5",
              "RAJU8",
              "RAJU11",
              "RAJU7",
              "RAJU10",
              "RAJU1"
            ],
            "result_count": null,
            "seed": null
          },
          "sensitive_attributes": [],
          "private": "bnVsbA=="
        },
        {
          "index_key": 63,
          "schema_version": 0,
          "attributes": {
            "id": "-",
            "input": [
              "RAJU1",
              "RAJU2",
              "RAJU3",
              "RAJU4",
              "RAJU5",
              "RAJU6",
              "RAJU7",
              "RAJU8",
              "RAJU9",
              "RAJU10",
              "RAJU11"
            ],
            "keepers": null,
            "result": [
              "RAJU8",
              "RAJU1",
              "RAJU9",
              "RAJU2",
              "RAJU4",
              "RAJU5",
              "RAJU6",
              "RAJU7",
              "RAJU11",
              "RAJU10",
              "RAJU3"
            ],
            "result_count": null,
            "seed": null
          },
          "sensitive_attributes": [],
          "private": "bnVsbA=="
        },
        {
          "index_key": 64,
          "schema_version": 0,
          "attributes": {
            "id": "-",
            "input": [
              "RAJU1",
              "RAJU2",
              "RAJU3",
              "RAJU4",
              "RAJU5",
              "RAJU6",
              "RAJU7",
              "RAJU8",
              "RAJU9",
              "RAJU10",
              "RAJU11"
            ],
            "keepers": null,
            "result": [
              "RAJU3",
              "RAJU2",
              "RAJU1",
              "RAJU11",
              "RAJU6",
              "RAJU10",
              "RAJU8",
              "RAJU5",
              "RAJU9",
              "RAJU4",
              "RAJU7"
            ],
            "result_count": null,
            "seed": null
          },
          "sensitive_attributes": [],
          "private": "bnVsbA=="
        },
        {
          "index_key": 65,
          "schema_version": 0,
          "attributes": {
            "id": "-",
            "input": [
              "RAJU1",
              "RAJU2",
              "RAJU3",
              "RAJU4",
              "RAJU5",
              "RAJU6",
              "RAJU7",
              "RAJU8",
              "RAJU9",
              "RAJU10",
              "RAJU11"
            ],
            "keepers": null,
            "result": [
              "RAJU7",
              "RAJU9",
              "RAJU5",
              "RAJU11",
              "RAJU6",
              "RAJU2",
              "RAJU10",
              "RAJU4",
              "RAJU1",
              "RAJU8",
              "RAJU3"
            ],
            "result_count": null,
            "seed": null
          },
          "sensitive_attributes": [],
          "private": "bnVsbA=="
        },
        {
          "index_key": 66,
          "schema_version": 0,
          "attributes": {
            "id": "-",
            "input": [
              "RAJU1",
              "RAJU2",
              "RAJU3",
              "RAJU4",
              "RAJU5",
              "RAJU6",
              "RAJU7",
              "RAJU8",
              "RAJU9",
              "RAJU10",
              "RAJU11"
            ],
            "keepers": null,
            "result": [
              "RAJU7",
              "RAJU11",
              "RAJU8",
              "RAJU4",
              "RAJU6",
              "RAJU10",
              "RAJU9",
              "RAJU3",
              "RAJU2",
              "RAJU5",
              "RAJU1"
            ],
            "result_count": null,
            "seed": null
          },
          "sensitive_attributes": [],
          "private": "bnVsbA=="
        },
        {
          "index_key": 67,
          "schema_version": 0,
          "attributes": {
            "id": "-",
            "input": [
              "RAJU1",
              "RAJU2",
              "RAJU3",
              "RAJU4",
              "RAJU5",
              "RAJU6",
              "RAJU7",
              "RAJU8",
              "RAJU9",
              "RAJU10",
              "RAJU11"
            ],
            "keepers": null,
            "result": [
              "RAJU11",
              "RAJU7",
              "RAJU9",
              "RAJU10",
              "RAJU4",
              "RAJU5",
              "RAJU2",
              "RAJU3",
              "RAJU1",
              "RAJU6",
              "RAJU8"
            ],
            "result_count": null,
            "seed": null
          },
          "sensitive_attributes": [],
          "private": "bnVsbA=="
        },
        {
          "index_key": 68,
          "schema_version": 0,
          "attributes": {
            "id": "-",
            "input": [
              "RAJU1",
              "RAJU2",
              "RAJU3",
              "RAJU4",
              "RAJU5",
              "RAJU6",
              "RAJU7",
              "RAJU8",
              "RAJU9",
              "RAJU10",
              "RAJU11"
            ],
            "keepers": null,
            "result": [
              "RAJU6",
              "RAJU8",
              "RAJU11",
              "RAJU7",
              "RAJU10",
              "RAJU2",
              "RAJU5",
              "RAJU9",
              "RAJU4",
              "RAJU1",
              "RAJU3"
            ],
            "result_count": null,
            "seed": null
          },
          "sensitive_attributes": [],
          "private": "bnVsbA=="
        },
        {
          "index_key": 69,
          "schema_version": 0,
          "attributes": {
            "id": "-",
            "input": [
              "RAJU1",
              "RAJU2",
              "RAJU3",
              "RAJU4",
              "RAJU5",
              "RAJU6",
              "RAJU7",
              "RAJU8",
              "RAJU9",
              "RAJU10",
              "RAJU11"
            ],
            "keepers": null,
            "result": [
              "RAJU4",
              "RAJU5",
              "RAJU10",
              "RAJU9",
              "RAJU1",
              "RAJU7",
              "RAJU2",
              "RAJU11",
              "RAJU8",
              "RAJU3",
              "RAJU6"
            ],
            "result_count": null,
            "seed": null
          },
          "sensitive_attributes": [],
          "private": "bnVsbA=="
        },
        {
          "index_key": 70,
          "schema_version": 0,
          "attributes": {
            "id": "-",
            "input": [
              "RAJU1",
              "RAJU2",
              "RAJU3",
              "RAJU4",
              "RAJU5",
              "RAJU6",
              "RAJU7",
              "RAJU8",
              "RAJU9",
              "RAJU10",
              "RAJU11"
            ],
            "keepers": null,
            "result": [
              "RAJU4",
              "RAJU10",
              "RAJU9",
              "RAJU5",
              "RAJU11",
              "RAJU3",
              "RAJU8",
              "RAJU7",
              "RAJU1",
              "RAJU2",
              "RAJU6"
            ],
            "result_count": null,
            "seed": null
          },
          "sensitive_attributes": [],
          "private": "bnVsbA=="
        },
        {
          "index_key": 71,
          "schema_version": 0,
          "attributes": {
            "id": "-",
            "input": [
              "RAJU1",
              "RAJU2",
              "RAJU3",
              "RAJU4",
              "RAJU5",
              "RAJU6",
              "RAJU7",
              "RAJU8",
              "RAJU9",
              "RAJU10",
              "RAJU11"
            ],
            "keepers": null,
            "result": [
              "RAJU10",
              "RAJU2",
              "RAJU7",
              "RAJU6",
              "RAJU4",
              "RAJU3",
              "RAJU1",
              "RAJU5",
              "RAJU8",
              "RAJU11",
              "RAJU9"
            ],
            "result_count": null,
            "seed": null
          },
          "sensitive_attributes": [],
          "private": "bnVsbA=="
        },
        {
          "index_key": 72,
          "schema_version": 0,
          "attributes": {
            "id": "-",
            "input": [
              "RAJU1",
              "RAJU2",
              "RAJU3",
              "RAJU4",
              "RAJU5",
              "RAJU6",
              "RAJU7",
              "RAJU8",
              "RAJU9",
              "RAJU10",
              "RAJU11"
            ],
            "keepers": null,
            "result": [
              "RAJU9",
              "RAJU8",
              "RAJU4",
              "RAJU2",
              "RAJU5",
              "RAJU3",
              "RAJU6",
              "RAJU11",
              "RAJU10",
              "RAJU1",
              "RAJU7"
            ],
            "result_count": null,
            "seed": null
          },
          "sensitive_attributes": [],
          "private": "bnVsbA=="
        },
        {
          "index_key": 73,
          "schema_version": 0,
          "attributes": {
            "id": "-",
            "input": [
              "RAJU1",
              "RAJU2",
              "RAJU3",
              "RAJU4",
              "RAJU5",
              "RAJU6",
              "RAJU7",
              "RAJU8",
              "RAJU9",
              "RAJU10",
              "RAJU11"
            ],
            "keepers": null,
            "result": [
              "RAJU3",
              "RAJU6",
              "RAJU7",
              "RAJU4",
              "RAJU10",
              "RAJU5",
              "RAJU9",
              "RAJU2",
              "RAJU8",
              "RAJU1",
              "RAJU11"
            ],
            "result_count": null,
            "seed": null
          },
          "sensitive_attributes": [],
          "private": "bnVsbA=="
        },
        {
          "index_key": 74,
          "schema_version": 0,
          "attributes": {
            "id": "-",
            "input": [
              "RAJU1",
              "RAJU2",
              "RAJU3",
              "RAJU4",
              "RAJU5",
              "RAJU6",
              "RAJU7",
              "RAJU8",
              "RAJU9",
              "RAJU10",
              "RAJU11"
            ],
            "keepers": null,
            "result": [
              "RAJU6",
              "RAJU5",
              "RAJU11",
              "RAJU3",
              "RAJU9",
              "RAJU2",
              "RAJU1",
              "RAJU8",
              "RAJU10",
              "RAJU7",
              "RAJU4"
            ],
            "result_count": null,
            "seed": null
          },
          "sensitive_attributes": [],
          "private": "bnVsbA=="
        },
        {
          "index_key": 75,
          "schema_version": 0,
          "attributes": {
            "id": "-",
            "input": [
              "RAJU1",
              "RAJU2",
              "RAJU3",
              "RAJU4",
              "RAJU5",
              "RAJU6",
              "RAJU7",
              "RAJU8",
              "RAJU9",
              "RAJU10",
              "RAJU11"
            ],
            "keepers": null,
            "result": [
              "RAJU10",
              "RAJU2",
              "RAJU6",
              "RAJU8",
              "RAJU3",
              "RAJU1",
              "RAJU11",
              "RAJU7",
              "RAJU5",
              "RAJU4",
              "RAJU9"
            ],
            "result_count": null,
            "seed": null
          },
          "sensitive_attributes": [],
          "private": "bnVsbA=="
        },
        {
          "index_key": 76,
          "schema_version": 0,
          "attributes": {
            "id": "-",
            "input": [
              "RAJU1",
              "RAJU2",
              "RAJU3",
              "RAJU4",
              "RAJU5",
              "RAJU6",
              "RAJU7",
              "RAJU8",
              "RAJU9",
              "RAJU10",
              "RAJU11"
            ],
            "keepers": null,
            "result": [
              "RAJU7",
              "RAJU3",
              "RAJU9",
              "RAJU5",
              "RAJU4",
              "RAJU8",
              "RAJU10",
              "RAJU11",
              "RAJU6",
              "RAJU1",
              "RAJU2"
            ],
            "result_count": null,
            "seed": null
          },
          "sensitive_attributes": [],
          "private": "bnVsbA=="
        },
        {
          "index_key": 77,
          "schema_version": 0,
          "attributes": {
            "id": "-",
            "input": [
              "RAJU1",
              "RAJU2",
              "RAJU3",
              "RAJU4",
              "RAJU5",
              "RAJU6",
              "RAJU7",
              "RAJU8",
              "RAJU9",
              "RAJU10",
              "RAJU11"
            ],
            "keepers": null,
            "result": [
              "RAJU11",
              "RAJU5",
              "RAJU10",
              "RAJU3",
              "RAJU9",
              "RAJU1",
              "RAJU6",
              "RAJU8",
              "RAJU4",
              "RAJU7",
              "RAJU2"
            ],
            "result_count": null,
            "seed": null
          },
          "sensitive_attributes": [],
          "private": "bnVsbA=="
        },
        {
          "index_key": 78,
          "schema_version": 0,
          "attributes": {
            "id": "-",
            "input": [
              "RAJU1",
              "RAJU2",
              "RAJU3",
              "RAJU4",
              "RAJU5",
              "RAJU6",
              "RAJU7",
              "RAJU8",
              "RAJU9",
              "RAJU10",
              "RAJU11"
            ],
            "keepers": null,
            "result": [
              "RAJU7",
              "RAJU5",
              "RAJU3",
              "RAJU8",
              "RAJU2",
              "RAJU11",
              "RAJU9",
              "RAJU6",
              "RAJU1",
              "RAJU4",
              "RAJU10"
            ],
            "result_count": null,
            "seed": null
          },
          "sensitive_attributes": [],
          "private": "bnVsbA=="
        },
        {
          "index_key": 79,
          "schema_version": 0,
          "attributes": {
            "id": "-",
            "input": [
              "RAJU1",
              "RAJU2",
              "RAJU3",
              "RAJU4",
              "RAJU5",
              "RAJU6",
              "RAJU7",
              "RAJU8",
              "RAJU9",
              "RAJU10",
              "RAJU11"
            ],
            "keepers": null,
            "result": [
              "RAJU2",
              "RAJU1",
              "RAJU8",
              "RAJU6",
              "RAJU10",
              "RAJU4",
              "RAJU9",
              "RAJU7",
              "RAJU5",
              "RAJU3",
              "RAJU11"
            ],
            "result_count": null,
            "seed": null
          },
          "sensitive_attributes": [],
          "private": "bnVsbA=="
        },
        {
          "index_key": 80,
          "schema_version": 0,
          "attributes": {
            "id": "-",
            "input": [
              "RAJU1",
              "RAJU2",
              "RAJU3",
              "RAJU4",
              "RAJU5",
              "RAJU6",
              "RAJU7",
              "RAJU8",
              "RAJU9",
              "RAJU10",
              "RAJU11"
            ],
            "keepers": null,
            "result": [
              "RAJU11",
              "RAJU5",
              "RAJU7",
              "RAJU2",
              "RAJU6",
              "RAJU1",
              "RAJU3",
              "RAJU10",
              "RAJU8",
              "RAJU9",
              "RAJU4"
            ],
            "result_count": null,
            "seed": null
          },
          "sensitive_attributes": [],
          "private": "bnVsbA=="
        },
        {
          "index_key": 81,
          "schema_version": 0,
          "attributes": {
            "id": "-",
            "input": [
              "RAJU1",
              "RAJU2",
              "RAJU3",
              "RAJU4",
              "RAJU5",
              "RAJU6",
              "RAJU7",
              "RAJU8",
              "RAJU9",
              "RAJU10",
              "RAJU11"
            ],
            "keepers": null,
            "result": [
              "RAJU1",
              "RAJU3",
              "RAJU8",
              "RAJU9",
              "RAJU7",
              "RAJU6",
              "RAJU2",
              "RAJU4",
              "RAJU10",
              "RAJU11",
              "RAJU5"
            ],
            "result_count": null,
            "seed": null
          },
          "sensitive_attributes": [],
          "private": "bnVsbA=="
        },
        {
          "index_key": 82,
          "schema_version": 0,
          "attributes": {
            "id": "-",
            "input": [
              "RAJU1",
              "RAJU2",
              "RAJU3",
              "RAJU4",
              "RAJU5",
              "RAJU6",
              "RAJU7",
              "RAJU8",
              "RAJU9",
              "RAJU10",
              "RAJU11"
            ],
            "keepers": null,
            "result": [
              "RAJU3",
              "RAJU10",
              "RAJU7",
              "RAJU4",
              "RAJU11",
              "RAJU5",
              "RAJU2",
              "RAJU8",
              "RAJU6",
              "RAJU9",
              "RAJU1"
            ],
            "result_count": null,
            "seed": null
          },
          "sensitive_attributes": [],
          "private": "bnVsbA=="
        },
        {
          "index_key": 83,
          "schema_version": 0,
          "attributes": {
            "id": "-",
            "input": [
              "RAJU1",
              "RAJU2",
              "RAJU3",
              "RAJU4",
              "RAJU5",
              "RAJU6",
              "RAJU7",
              "RAJU8",
              "RAJU9",
              "RAJU10",
              "RAJU11"
            ],
            "keepers": null,
            "result": [
              "RAJU9",
              "RAJU2",
              "RAJU1",
              "RAJU10",
              "RAJU11",
              "RAJU7",
              "RAJU5",
              "RAJU3",
              "RAJU6",
              "RAJU4",
              "RAJU8"
            ],
            "result_count": null,
            "seed": null
          },
          "sensitive_attributes": [],
          "private": "bnVsbA=="
        },
        {
          "index_key": 84,
          "schema_version": 0,
          "attributes": {
            "id": "-",
            "input": [
              "RAJU1",
              "RAJU2",
              "RAJU3",
              "RAJU4",
              "RAJU5",
              "RAJU6",
              "RAJU7",
              "RAJU8",
              "RAJU9",
              "RAJU10",
              "RAJU11"
            ],
            "keepers": null,
            "result": [
              "RAJU3",
              "RAJU2",
              "RAJU7",
              "RAJU4",
              "RAJU8",
              "RAJU6",
              "RAJU10",
              "RAJU9",
              "RAJU1",
              "RAJU11",
              "RAJU5"
            ],
            "result_count": null,
            "seed": null
          },
          "sensitive_attributes": [],
          "private": "bnVsbA=="
        },
        {
          "index_key": 85,
          "schema_version": 0,
          "attributes": {
            "id": "-",
            "input": [
              "RAJU1",
              "RAJU2",
              "RAJU3",
              "RAJU4",
              "RAJU5",
              "RAJU6",
              "RAJU7",
              "RAJU8",
              "RAJU9",
              "RAJU10",
              "RAJU11"
            ],
            "keepers": null,
            "result": [
              "RAJU10",
              "RAJU6",
              "RAJU1",
              "RAJU8",
              "RAJU4",
              "RAJU3",
              "RAJU9",
              "RAJU11",
              "RAJU5",
              "RAJU7",
              "RAJU2"
            ],
            "result_count": null,
            "seed": null
          },
          "sensitive_attributes": [],
          "private": "bnVsbA=="
        },
        {
          "index_key": 86,
          "schema_version": 0,
          "attributes": {
            "id": "-",
            "input": [
              "RAJU1",
              "RAJU2",
              "RAJU3",
              "RAJU4",
              "RAJU5",
              "RAJU6",
              "RAJU7",
              "RAJU8",
              "RAJU9",
              "RAJU10",
              "RAJU11"
            ],
            "keepers": null,
            "result": [
              "RAJU4",
              "RAJU8",
              "RAJU7",
              "RAJU1",
              "RAJU9",
              "RAJU3",
              "RAJU2",
              "RAJU10",
              "RAJU5",
              "RAJU11",
              "RAJU6"
            ],
            "result_count": null,
            "seed": null
          },
          "sensitive_attributes": [],
          "private": "bnVsbA=="
        },
        {
          "index_key": 87,
          "schema_version": 0,
          "attributes": {
            "id": "-",
            "input": [
              "RAJU1",
              "RAJU2",
              "RAJU3",
              "RAJU4",
              "RAJU5",
              "RAJU6",
              "RAJU7",
              "RAJU8",
              "RAJU9",
              "RAJU10",
              "RAJU11"
            ],
            "keepers": null,
            "result": [
              "RAJU4",
              "RAJU11",
              "RAJU7",
              "RAJU2",
              "RAJU6",
              "RAJU3",
              "RAJU10",
              "RAJU5",
              "RAJU1",
              "RAJU9",
              "RAJU8"
            ],
            "result_count": null,
            "seed": null
          },
          "sensitive_attributes": [],
          "private": "bnVsbA=="
        },
        {
          "index_key": 88,
          "schema_version": 0,
          "attributes": {
            "id": "-",
            "input": [
              "RAJU1",
              "RAJU2",
              "RAJU3",
              "RAJU4",
              "RAJU5",
              "RAJU6",
              "RAJU7",
              "RAJU8",
              "RAJU9",
              "RAJU10",
              "RAJU11"
            ],
            "keepers": null,
            "result": [
              "RAJU9",
              "RAJU11",
              "RAJU8",
              "RAJU5",
              "RAJU7",
              "RAJU6",
              "RAJU4",
              "RAJU2",
              "RAJU10",
              "RAJU3",
              "RAJU1"
            ],
            "result_count": null,
            "seed": null
          },
          "sensitive_attributes": [],
          "private": "bnVsbA=="
        },
        {
          "index_key": 89,
          "schema_version": 0,
          "attributes": {
            "id": "-",
            "input": [
              "RAJU1",
              "RAJU2",
              "RAJU3",
              "RAJU4",
              "RAJU5",
              "RAJU6",
              "RAJU7",
              "RAJU8",
              "RAJU9",
              "RAJU10",
              "RAJU11"
            ],
            "keepers": null,
            "result": [
              "RAJU4",
              "RAJU3",
              "RAJU11",
              "RAJU1",
              "RAJU6",
              "RAJU9",
              "RAJU5",
              "RAJU2",
              "RAJU10",
              "RAJU7",
              "RAJU8"
            ],
            "result_count": null,
            "seed": null
          },
          "sensitive_attributes": [],
          "private": "bnVsbA=="
        },
        {
          "index_key": 90,
          "schema_version": 0,
          "attributes": {
            "id": "-",
            "input": [
              "RAJU1",
              "RAJU2",
              "RAJU3",
              "RAJU4",
              "RAJU5",
              "RAJU6",
              "RAJU7",
              "RAJU8",
              "RAJU9",
              "RAJU10",
              "RAJU11"
            ],
            "keepers": null,
            "result": [
              "RAJU11",
              "RAJU2",
              "RAJU9",
              "RAJU5",
              "RAJU6",
              "RAJU4",
              "RAJU1",
              "RAJU10",
              "RAJU3",
              "RAJU7",
              "RAJU8"
            ],
            "result_count": null,
            "seed": null
          },
          "sensitive_attributes": [],
          "private": "bnVsbA=="
        },
        {
          "index_key": 91,
          "schema_version": 0,
          "attributes": {
            "id": "-",
            "input": [
              "RAJU1",
              "RAJU2",
              "RAJU3",
              "RAJU4",
              "RAJU5",
              "RAJU6",
              "RAJU7",
              "RAJU8",
              "RAJU9",
              "RAJU10",
              "RAJU11"
            ],
            "keepers": null,
            "result": [
              "RAJU6",
              "RAJU8",
              "RAJU3",
              "RAJU11",
              "RAJU4",
              "RAJU1",
              "RAJU5",
              "RAJU2",
              "RAJU10",
              "RAJU9",
              "RAJU7"
            ],
            "result_count": null,
            "seed": null
          },
          "sensitive_attributes": [],
          "private": "bnVsbA=="
        },
        {
          "index_key": 92,
          "schema_version": 0,
          "attributes": {
            "id": "-",
            "input": [
              "RAJU1",
              "RAJU2",
              "RAJU3",
              "RAJU4",
              "RAJU5",
              "RAJU6",
              "RAJU7",
              "RAJU8",
              "RAJU9",
              "RAJU10",
              "RAJU11"
            ],
            "keepers": null,
            "result": [
              "RAJU8",
              "RAJU5",
              "RAJU2",
              "RAJU4",
              "RAJU3",
              "RAJU6",
              "RAJU7",
              "RAJU9",
              "RAJU1",
              "RAJU11",
              "RAJU10"
            ],
            "result_count": null,
            "seed": null
          },
          "sensitive_attributes": [],
          "private": "bnVsbA=="
        },
        {
          "index_key": 93,
          "schema_version": 0,
          "attributes": {
            "id": "-",
            "input": [
              "RAJU1",
              "RAJU2",
              "RAJU3",
              "RAJU4",
              "RAJU5",
              "RAJU6",
              "RAJU7",
              "RAJU8",
              "RAJU9",
              "RAJU10",
              "RAJU11"
            ],
            "keepers": null,
            "result": [
              "RAJU11",
              "RAJU5",
              "RAJU6",
              "RAJU9",
              "RAJU7",
              "RAJU1",
              "RAJU4",
              "RAJU2",
              "RAJU10",
              "RAJU8",
              "RAJU3"
            ],
            "result_count": null,
            "seed": null
          },
          "sensitive_attributes": [],
          "private": "bnVsbA=="
        },
        {
          "index_key": 94,
          "schema_version": 0,
          "attributes": {
            "id": "-",
            "input": [
              "RAJU1",
              "RAJU2",
              "RAJU3",
              "RAJU4",
              "RAJU5",
              "RAJU6",
              "RAJU7",
              "RAJU8",
              "RAJU9",
              "RAJU10",
              "RAJU11"
            ],
            "keepers": null,
            "result": [
              "RAJU6",
              "RAJU4",
              "RAJU7",
              "RAJU9",
              "RAJU3",
              "RAJU8",
              "RAJU5",
              "RAJU2",
              "RAJU1",
              "RAJU10",
              "RAJU11"
            ],
            "result_count": null,
            "seed": null
          },
          "sensitive_attributes": [],
          "private": "bnVsbA=="
        },
        {
          "index_key": 95,
          "schema_version": 0,
          "attributes": {
            "id": "-",
            "input": [
              "RAJU1",
              "RAJU2",
              "RAJU3",
              "RAJU4",
              "RAJU5",
              "RAJU6",
              "RAJU7",
              "RAJU8",
              "RAJU9",
              "RAJU10",
              "RAJU11"
            ],
            "keepers": null,
            "result": [
              "RAJU10",
              "RAJU2",
              "RAJU9",
              "RAJU6",
              "RAJU8",
              "RAJU1",
              "RAJU11",
              "RAJU3",
              "RAJU4",
              "RAJU5",
              "RAJU7"
            ],
            "result_count": null,
            "seed": null
          },
          "sensitive_attributes": [],
          "private": "bnVsbA=="
        },
        {
          "index_key": 96,
          "schema_version": 0,
          "attributes": {
            "id": "-",
            "input": [
              "RAJU1",
              "RAJU2",
              "RAJU3",
              "RAJU4",
              "RAJU5",
              "RAJU6",
              "RAJU7",
              "RAJU8",
              "RAJU9",
              "RAJU10",
              "RAJU11"
            ],
            "keepers": null,
            "result": [
              "RAJU4",
              "RAJU1",
              "RAJU8",
              "RAJU9",
              "RAJU5",
              "RAJU3",
              "RAJU7",
              "RAJU2",
              "RAJU10",
              "RAJU6",
              "RAJU11"
            ],
            "result_count": null,
            "seed": null
          },
          "sensitive_attributes": [],
          "private": "bnVsbA=="
        },
        {
          "index_key": 97,
          "schema_version": 0,
          "attributes": {
            "id": "-",
            "input": [
              "RAJU1",
              "RAJU2",
              "RAJU3",
              "RAJU4",
              "RAJU5",
              "RAJU6",
              "RAJU7",
              "RAJU8",
              "RAJU9",
              "RAJU10",
              "RAJU11"
            ],
            "keepers": null,
            "result": [
              "RAJU10",
              "RAJU3",
              "RAJU9",
              "RAJU8",
              "RAJU5",
              "RAJU7",
              "RAJU6",
              "RAJU11",
              "RAJU4",
              "RAJU1",
              "RAJU2"
            ],
            "result_count": null,
            "seed": null
          },
          "sensitive_attributes": [],
          "private": "bnVsbA=="
        },
        {
          "index_key": 98,
          "schema_version": 0,
          "attributes": {
            "id": "-",
            "input": [
              "RAJU1",
              "RAJU2",
              "RAJU3",
              "RAJU4",
              "RAJU5",
              "RAJU6",
              "RAJU7",
              "RAJU8",
              "RAJU9",
              "RAJU10",
              "RAJU11"
            ],
            "keepers": null,
            "result": [
              "RAJU5",
              "RAJU2",
              "RAJU1",
              "RAJU8",
              "RAJU6",
              "RAJU11",
              "RAJU10",
              "RAJU7",
              "RAJU3",
              "RAJU9",
              "RAJU4"
            ],
            "result_count": null,
            "seed": null
          },
          "sensitive_attributes": [],
          "private": "bnVsbA=="
        },
        {
          "index_key": 99,
          "schema_version": 0,
          "attributes": {
            "id": "-",
            "input": [
              "RAJU1",
              "RAJU2",
              "RAJU3",
              "RAJU4",
              "RAJU5",
              "RAJU6",
              "RAJU7",
              "RAJU8",
              "RAJU9",
              "RAJU10",
              "RAJU11"
            ],
            "keepers": null,
            "result": [
              "RAJU2",
              "RAJU10",
              "RAJU9",
              "RAJU7",
              "RAJU8",
              "RAJU3",
              "RAJU11",
              "RAJU6",
              "RAJU5",
              "RAJU1",
              "RAJU4"
            ],
            "result_count": null,
            "seed": null
          },
          "sensitive_attributes": [],
          "private": "bnVsbA=="
        }
      ]
    },
    {
      "mode": "managed",
      "type": "random_shuffle",
      "name": "random_numbers",
      "provider": "provider[\"registry.terraform.io/hashicorp/random\"]",
      "instances": [
        {
          "index_key": 0,
          "schema_version": 0,
          "attributes": {
            "id": "-",
            "input": [
              "100000"
            ],
            "keepers": null,
            "result": [
              "100000"
            ],
            "result_count": null,
            "seed": null
          },
          "sensitive_attributes": [],
          "private": "bnVsbA=="
        },
        {
          "index_key": 1,
          "schema_version": 0,
          "attributes": {
            "id": "-",
            "input": [
              "100000"
            ],
            "keepers": null,
            "result": [
              "100000"
            ],
            "result_count": null,
            "seed": null
          },
          "sensitive_attributes": [],
          "private": "bnVsbA=="
        },
        {
          "index_key": 2,
          "schema_version": 0,
          "attributes": {
            "id": "-",
            "input": [
              "100000"
            ],
            "keepers": null,
            "result": [
              "100000"
            ],
            "result_count": null,
            "seed": null
          },
          "sensitive_attributes": [],
          "private": "bnVsbA=="
        },
        {
          "index_key": 3,
          "schema_version": 0,
          "attributes": {
            "id": "-",
            "input": [
              "100000"
            ],
            "keepers": null,
            "result": [
              "100000"
            ],
            "result_count": null,
            "seed": null
          },
          "sensitive_attributes": [],
          "private": "bnVsbA=="
        },
        {
          "index_key": 4,
          "schema_version": 0,
          "attributes": {
            "id": "-",
            "input": [
              "100000"
            ],
            "keepers": null,
            "result": [
              "100000"
            ],
            "result_count": null,
            "seed": null
          },
          "sensitive_attributes": [],
          "private": "bnVsbA=="
        },
        {
          "index_key": 5,
          "schema_version": 0,
          "attributes": {
            "id": "-",
            "input": [
              "100000"
            ],
            "keepers": null,
            "result": [
              "100000"
            ],
            "result_count": null,
            "seed": null
          },
          "sensitive_attributes": [],
          "private": "bnVsbA=="
        },
        {
          "index_key": 6,
          "schema_version": 0,
          "attributes": {
            "id": "-",
            "input": [
              "100000"
            ],
            "keepers": null,
            "result": [
              "100000"
            ],
            "result_count": null,
            "seed": null
          },
          "sensitive_attributes": [],
          "private": "bnVsbA=="
        },
        {
          "index_key": 7,
          "schema_version": 0,
          "attributes": {
            "id": "-",
            "input": [
              "100000"
            ],
            "keepers": null,
            "result": [
              "100000"
            ],
            "result_count": null,
            "seed": null
          },
          "sensitive_attributes": [],
          "private": "bnVsbA=="
        },
        {
          "index_key": 8,
          "schema_version": 0,
          "attributes": {
            "id": "-",
            "input": [
              "100000"
            ],
            "keepers": null,
            "result": [
              "100000"
            ],
            "result_count": null,
            "seed": null
          },
          "sensitive_attributes": [],
          "private": "bnVsbA=="
        },
        {
          "index_key": 9,
          "schema_version": 0,
          "attributes": {
            "id": "-",
            "input": [
              "100000"
            ],
            "keepers": null,
            "result": [
              "100000"
            ],
            "result_count": null,
            "seed": null
          },
          "sensitive_attributes": [],
          "private": "bnVsbA=="
        },
        {
          "index_key": 10,
          "schema_version": 0,
          "attributes": {
            "id": "-",
            "input": [
              "100000"
            ],
            "keepers": null,
            "result": [
              "100000"
            ],
            "result_count": null,
            "seed": null
          },
          "sensitive_attributes": [],
          "private": "bnVsbA=="
        },
        {
          "index_key": 11,
          "schema_version": 0,
          "attributes": {
            "id": "-",
            "input": [
              "100000"
            ],
            "keepers": null,
            "result": [
              "100000"
            ],
            "result_count": null,
            "seed": null
          },
          "sensitive_attributes": [],
          "private": "bnVsbA=="
        },
        {
          "index_key": 12,
          "schema_version": 0,
          "attributes": {
            "id": "-",
            "input": [
              "100000"
            ],
            "keepers": null,
            "result": [
              "100000"
            ],
            "result_count": null,
            "seed": null
          },
          "sensitive_attributes": [],
          "private": "bnVsbA=="
        },
        {
          "index_key": 13,
          "schema_version": 0,
          "attributes": {
            "id": "-",
            "input": [
              "100000"
            ],
            "keepers": null,
            "result": [
              "100000"
            ],
            "result_count": null,
            "seed": null
          },
          "sensitive_attributes": [],
          "private": "bnVsbA=="
        },
        {
          "index_key": 14,
          "schema_version": 0,
          "attributes": {
            "id": "-",
            "input": [
              "100000"
            ],
            "keepers": null,
            "result": [
              "100000"
            ],
            "result_count": null,
            "seed": null
          },
          "sensitive_attributes": [],
          "private": "bnVsbA=="
        },
        {
          "index_key": 15,
          "schema_version": 0,
          "attributes": {
            "id": "-",
            "input": [
              "100000"
            ],
            "keepers": null,
            "result": [
              "100000"
            ],
            "result_count": null,
            "seed": null
          },
          "sensitive_attributes": [],
          "private": "bnVsbA=="
        },
        {
          "index_key": 16,
          "schema_version": 0,
          "attributes": {
            "id": "-",
            "input": [
              "100000"
            ],
            "keepers": null,
            "result": [
              "100000"
            ],
            "result_count": null,
            "seed": null
          },
          "sensitive_attributes": [],
          "private": "bnVsbA=="
        },
        {
          "index_key": 17,
          "schema_version": 0,
          "attributes": {
            "id": "-",
            "input": [
              "100000"
            ],
            "keepers": null,
            "result": [
              "100000"
            ],
            "result_count": null,
            "seed": null
          },
          "sensitive_attributes": [],
          "private": "bnVsbA=="
        },
        {
          "index_key": 18,
          "schema_version": 0,
          "attributes": {
            "id": "-",
            "input": [
              "100000"
            ],
            "keepers": null,
            "result": [
              "100000"
            ],
            "result_count": null,
            "seed": null
          },
          "sensitive_attributes": [],
          "private": "bnVsbA=="
        },
        {
          "index_key": 19,
          "schema_version": 0,
          "attributes": {
            "id": "-",
            "input": [
              "100000"
            ],
            "keepers": null,
            "result": [
              "100000"
            ],
            "result_count": null,
            "seed": null
          },
          "sensitive_attributes": [],
          "private": "bnVsbA=="
        },
        {
          "index_key": 20,
          "schema_version": 0,
          "attributes": {
            "id": "-",
            "input": [
              "100000"
            ],
            "keepers": null,
            "result": [
              "100000"
            ],
            "result_count": null,
            "seed": null
          },
          "sensitive_attributes": [],
          "private": "bnVsbA=="
        },
        {
          "index_key": 21,
          "schema_version": 0,
          "attributes": {
            "id": "-",
            "input": [
              "100000"
            ],
            "keepers": null,
            "result": [
              "100000"
            ],
            "result_count": null,
            "seed": null
          },
          "sensitive_attributes": [],
          "private": "bnVsbA=="
        },
        {
          "index_key": 22,
          "schema_version": 0,
          "attributes": {
            "id": "-",
            "input": [
              "100000"
            ],
            "keepers": null,
            "result": [
              "100000"
            ],
            "result_count": null,
            "seed": null
          },
          "sensitive_attributes": [],
          "private": "bnVsbA=="
        },
        {
          "index_key": 23,
          "schema_version": 0,
          "attributes": {
            "id": "-",
            "input": [
              "100000"
            ],
            "keepers": null,
            "result": [
              "100000"
            ],
            "result_count": null,
            "seed": null
          },
          "sensitive_attributes": [],
          "private": "bnVsbA=="
        },
        {
          "index_key": 24,
          "schema_version": 0,
          "attributes": {
            "id": "-",
            "input": [
              "100000"
            ],
            "keepers": null,
            "result": [
              "100000"
            ],
            "result_count": null,
            "seed": null
          },
          "sensitive_attributes": [],
          "private": "bnVsbA=="
        },
        {
          "index_key": 25,
          "schema_version": 0,
          "attributes": {
            "id": "-",
            "input": [
              "100000"
            ],
            "keepers": null,
            "result": [
              "100000"
            ],
            "result_count": null,
            "seed": null
          },
          "sensitive_attributes": [],
          "private": "bnVsbA=="
        },
        {
          "index_key": 26,
          "schema_version": 0,
          "attributes": {
            "id": "-",
            "input": [
              "100000"
            ],
            "keepers": null,
            "result": [
              "100000"
            ],
            "result_count": null,
            "seed": null
          },
          "sensitive_attributes": [],
          "private": "bnVsbA=="
        },
        {
          "index_key": 27,
          "schema_version": 0,
          "attributes": {
            "id": "-",
            "input": [
              "100000"
            ],
            "keepers": null,
            "result": [
              "100000"
            ],
            "result_count": null,
            "seed": null
          },
          "sensitive_attributes": [],
          "private": "bnVsbA=="
        },
        {
          "index_key": 28,
          "schema_version": 0,
          "attributes": {
            "id": "-",
            "input": [
              "100000"
            ],
            "keepers": null,
            "result": [
              "100000"
            ],
            "result_count": null,
            "seed": null
          },
          "sensitive_attributes": [],
          "private": "bnVsbA=="
        },
        {
          "index_key": 29,
          "schema_version": 0,
          "attributes": {
            "id": "-",
            "input": [
              "100000"
            ],
            "keepers": null,
            "result": [
              "100000"
            ],
            "result_count": null,
            "seed": null
          },
          "sensitive_attributes": [],
          "private": "bnVsbA=="
        },
        {
          "index_key": 30,
          "schema_version": 0,
          "attributes": {
            "id": "-",
            "input": [
              "100000"
            ],
            "keepers": null,
            "result": [
              "100000"
            ],
            "result_count": null,
            "seed": null
          },
          "sensitive_attributes": [],
          "private": "bnVsbA=="
        },
        {
          "index_key": 31,
          "schema_version": 0,
          "attributes": {
            "id": "-",
            "input": [
              "100000"
            ],
            "keepers": null,
            "result": [
              "100000"
            ],
            "result_count": null,
            "seed": null
          },
          "sensitive_attributes": [],
          "private": "bnVsbA=="
        },
        {
          "index_key": 32,
          "schema_version": 0,
          "attributes": {
            "id": "-",
            "input": [
              "100000"
            ],
            "keepers": null,
            "result": [
              "100000"
            ],
            "result_count": null,
            "seed": null
          },
          "sensitive_attributes": [],
          "private": "bnVsbA=="
        },
        {
          "index_key": 33,
          "schema_version": 0,
          "attributes": {
            "id": "-",
            "input": [
              "100000"
            ],
            "keepers": null,
            "result": [
              "100000"
            ],
            "result_count": null,
            "seed": null
          },
          "sensitive_attributes": [],
          "private": "bnVsbA=="
        },
        {
          "index_key": 34,
          "schema_version": 0,
          "attributes": {
            "id": "-",
            "input": [
              "100000"
            ],
            "keepers": null,
            "result": [
              "100000"
            ],
            "result_count": null,
            "seed": null
          },
          "sensitive_attributes": [],
          "private": "bnVsbA=="
        },
        {
          "index_key": 35,
          "schema_version": 0,
          "attributes": {
            "id": "-",
            "input": [
              "100000"
            ],
            "keepers": null,
            "result": [
              "100000"
            ],
            "result_count": null,
            "seed": null
          },
          "sensitive_attributes": [],
          "private": "bnVsbA=="
        },
        {
          "index_key": 36,
          "schema_version": 0,
          "attributes": {
            "id": "-",
            "input": [
              "100000"
            ],
            "keepers": null,
            "result": [
              "100000"
            ],
            "result_count": null,
            "seed": null
          },
          "sensitive_attributes": [],
          "private": "bnVsbA=="
        },
        {
          "index_key": 37,
          "schema_version": 0,
          "attributes": {
            "id": "-",
            "input": [
              "100000"
            ],
            "keepers": null,
            "result": [
              "100000"
            ],
            "result_count": null,
            "seed": null
          },
          "sensitive_attributes": [],
          "private": "bnVsbA=="
        },
        {
          "index_key": 38,
          "schema_version": 0,
          "attributes": {
            "id": "-",
            "input": [
              "100000"
            ],
            "keepers": null,
            "result": [
              "100000"
            ],
            "result_count": null,
            "seed": null
          },
          "sensitive_attributes": [],
          "private": "bnVsbA=="
        },
        {
          "index_key": 39,
          "schema_version": 0,
          "attributes": {
            "id": "-",
            "input": [
              "100000"
            ],
            "keepers": null,
            "result": [
              "100000"
            ],
            "result_count": null,
            "seed": null
          },
          "sensitive_attributes": [],
          "private": "bnVsbA=="
        },
        {
          "index_key": 40,
          "schema_version": 0,
          "attributes": {
            "id": "-",
            "input": [
              "100000"
            ],
            "keepers": null,
            "result": [
              "100000"
            ],
            "result_count": null,
            "seed": null
          },
          "sensitive_attributes": [],
          "private": "bnVsbA=="
        },
        {
          "index_key": 41,
          "schema_version": 0,
          "attributes": {
            "id": "-",
            "input": [
              "100000"
            ],
            "keepers": null,
            "result": [
              "100000"
            ],
            "result_count": null,
            "seed": null
          },
          "sensitive_attributes": [],
          "private": "bnVsbA=="
        },
        {
          "index_key": 42,
          "schema_version": 0,
          "attributes": {
            "id": "-",
            "input": [
              "100000"
            ],
            "keepers": null,
            "result": [
              "100000"
            ],
            "result_count": null,
            "seed": null
          },
          "sensitive_attributes": [],
          "private": "bnVsbA=="
        },
        {
          "index_key": 43,
          "schema_version": 0,
          "attributes": {
            "id": "-",
            "input": [
              "100000"
            ],
            "keepers": null,
            "result": [
              "100000"
            ],
            "result_count": null,
            "seed": null
          },
          "sensitive_attributes": [],
          "private": "bnVsbA=="
        },
        {
          "index_key": 44,
          "schema_version": 0,
          "attributes": {
            "id": "-",
            "input": [
              "100000"
            ],
            "keepers": null,
            "result": [
              "100000"
            ],
            "result_count": null,
            "seed": null
          },
          "sensitive_attributes": [],
          "private": "bnVsbA=="
        },
        {
          "index_key": 45,
          "schema_version": 0,
          "attributes": {
            "id": "-",
            "input": [
              "100000"
            ],
            "keepers": null,
            "result": [
              "100000"
            ],
            "result_count": null,
            "seed": null
          },
          "sensitive_attributes": [],
          "private": "bnVsbA=="
        },
        {
          "index_key": 46,
          "schema_version": 0,
          "attributes": {
            "id": "-",
            "input": [
              "100000"
            ],
            "keepers": null,
            "result": [
              "100000"
            ],
            "result_count": null,
            "seed": null
          },
          "sensitive_attributes": [],
          "private": "bnVsbA=="
        },
        {
          "index_key": 47,
          "schema_version": 0,
          "attributes": {
            "id": "-",
            "input": [
              "100000"
            ],
            "keepers": null,
            "result": [
              "100000"
            ],
            "result_count": null,
            "seed": null
          },
          "sensitive_attributes": [],
          "private": "bnVsbA=="
        },
        {
          "index_key": 48,
          "schema_version": 0,
          "attributes": {
            "id": "-",
            "input": [
              "100000"
            ],
            "keepers": null,
            "result": [
              "100000"
            ],
            "result_count": null,
            "seed": null
          },
          "sensitive_attributes": [],
          "private": "bnVsbA=="
        },
        {
          "index_key": 49,
          "schema_version": 0,
          "attributes": {
            "id": "-",
            "input": [
              "100000"
            ],
            "keepers": null,
            "result": [
              "100000"
            ],
            "result_count": null,
            "seed": null
          },
          "sensitive_attributes": [],
          "private": "bnVsbA=="
        },
        {
          "index_key": 50,
          "schema_version": 0,
          "attributes": {
            "id": "-",
            "input": [
              "100000"
            ],
            "keepers": null,
            "result": [
              "100000"
            ],
            "result_count": null,
            "seed": null
          },
          "sensitive_attributes": [],
          "private": "bnVsbA=="
        },
        {
          "index_key": 51,
          "schema_version": 0,
          "attributes": {
            "id": "-",
            "input": [
              "100000"
            ],
            "keepers": null,
            "result": [
              "100000"
            ],
            "result_count": null,
            "seed": null
          },
          "sensitive_attributes": [],
          "private": "bnVsbA=="
        },
        {
          "index_key": 52,
          "schema_version": 0,
          "attributes": {
            "id": "-",
            "input": [
              "100000"
            ],
            "keepers": null,
            "result": [
              "100000"
            ],
            "result_count": null,
            "seed": null
          },
          "sensitive_attributes": [],
          "private": "bnVsbA=="
        },
        {
          "index_key": 53,
          "schema_version": 0,
          "attributes": {
            "id": "-",
            "input": [
              "100000"
            ],
            "keepers": null,
            "result": [
              "100000"
            ],
            "result_count": null,
            "seed": null
          },
          "sensitive_attributes": [],
          "private": "bnVsbA=="
        },
        {
          "index_key": 54,
          "schema_version": 0,
          "attributes": {
            "id": "-",
            "input": [
              "100000"
            ],
            "keepers": null,
            "result": [
              "100000"
            ],
            "result_count": null,
            "seed": null
          },
          "sensitive_attributes": [],
          "private": "bnVsbA=="
        },
        {
          "index_key": 55,
          "schema_version": 0,
          "attributes": {
            "id": "-",
            "input": [
              "100000"
            ],
            "keepers": null,
            "result": [
              "100000"
            ],
            "result_count": null,
            "seed": null
          },
          "sensitive_attributes": [],
          "private": "bnVsbA=="
        },
        {
          "index_key": 56,
          "schema_version": 0,
          "attributes": {
            "id": "-",
            "input": [
              "100000"
            ],
            "keepers": null,
            "result": [
              "100000"
            ],
            "result_count": null,
            "seed": null
          },
          "sensitive_attributes": [],
          "private": "bnVsbA=="
        },
        {
          "index_key": 57,
          "schema_version": 0,
          "attributes": {
            "id": "-",
            "input": [
              "100000"
            ],
            "keepers": null,
            "result": [
              "100000"
            ],
            "result_count": null,
            "seed": null
          },
          "sensitive_attributes": [],
          "private": "bnVsbA=="
        },
        {
          "index_key": 58,
          "schema_version": 0,
          "attributes": {
            "id": "-",
            "input": [
              "100000"
            ],
            "keepers": null,
            "result": [
              "100000"
            ],
            "result_count": null,
            "seed": null
          },
          "sensitive_attributes": [],
          "private": "bnVsbA=="
        },
        {
          "index_key": 59,
          "schema_version": 0,
          "attributes": {
            "id": "-",
            "input": [
              "100000"
            ],
            "keepers": null,
            "result": [
              "100000"
            ],
            "result_count": null,
            "seed": null
          },
          "sensitive_attributes": [],
          "private": "bnVsbA=="
        },
        {
          "index_key": 60,
          "schema_version": 0,
          "attributes": {
            "id": "-",
            "input": [
              "100000"
            ],
            "keepers": null,
            "result": [
              "100000"
            ],
            "result_count": null,
            "seed": null
          },
          "sensitive_attributes": [],
          "private": "bnVsbA=="
        },
        {
          "index_key": 61,
          "schema_version": 0,
          "attributes": {
            "id": "-",
            "input": [
              "100000"
            ],
            "keepers": null,
            "result": [
              "100000"
            ],
            "result_count": null,
            "seed": null
          },
          "sensitive_attributes": [],
          "private": "bnVsbA=="
        },
        {
          "index_key": 62,
          "schema_version": 0,
          "attributes": {
            "id": "-",
            "input": [
              "100000"
            ],
            "keepers": null,
            "result": [
              "100000"
            ],
            "result_count": null,
            "seed": null
          },
          "sensitive_attributes": [],
          "private": "bnVsbA=="
        },
        {
          "index_key": 63,
          "schema_version": 0,
          "attributes": {
            "id": "-",
            "input": [
              "100000"
            ],
            "keepers": null,
            "result": [
              "100000"
            ],
            "result_count": null,
            "seed": null
          },
          "sensitive_attributes": [],
          "private": "bnVsbA=="
        },
        {
          "index_key": 64,
          "schema_version": 0,
          "attributes": {
            "id": "-",
            "input": [
              "100000"
            ],
            "keepers": null,
            "result": [
              "100000"
            ],
            "result_count": null,
            "seed": null
          },
          "sensitive_attributes": [],
          "private": "bnVsbA=="
        },
        {
          "index_key": 65,
          "schema_version": 0,
          "attributes": {
            "id": "-",
            "input": [
              "100000"
            ],
            "keepers": null,
            "result": [
              "100000"
            ],
            "result_count": null,
            "seed": null
          },
          "sensitive_attributes": [],
          "private": "bnVsbA=="
        },
        {
          "index_key": 66,
          "schema_version": 0,
          "attributes": {
            "id": "-",
            "input": [
              "100000"
            ],
            "keepers": null,
            "result": [
              "100000"
            ],
            "result_count": null,
            "seed": null
          },
          "sensitive_attributes": [],
          "private": "bnVsbA=="
        },
        {
          "index_key": 67,
          "schema_version": 0,
          "attributes": {
            "id": "-",
            "input": [
              "100000"
            ],
            "keepers": null,
            "result": [
              "100000"
            ],
            "result_count": null,
            "seed": null
          },
          "sensitive_attributes": [],
          "private": "bnVsbA=="
        },
        {
          "index_key": 68,
          "schema_version": 0,
          "attributes": {
            "id": "-",
            "input": [
              "100000"
            ],
            "keepers": null,
            "result": [
              "100000"
            ],
            "result_count": null,
            "seed": null
          },
          "sensitive_attributes": [],
          "private": "bnVsbA=="
        },
        {
          "index_key": 69,
          "schema_version": 0,
          "attributes": {
            "id": "-",
            "input": [
              "100000"
            ],
            "keepers": null,
            "result": [
              "100000"
            ],
            "result_count": null,
            "seed": null
          },
          "sensitive_attributes": [],
          "private": "bnVsbA=="
        },
        {
          "index_key": 70,
          "schema_version": 0,
          "attributes": {
            "id": "-",
            "input": [
              "100000"
            ],
            "keepers": null,
            "result": [
              "100000"
            ],
            "result_count": null,
            "seed": null
          },
          "sensitive_attributes": [],
          "private": "bnVsbA=="
        },
        {
          "index_key": 71,
          "schema_version": 0,
          "attributes": {
            "id": "-",
            "input": [
              "100000"
            ],
            "keepers": null,
            "result": [
              "100000"
            ],
            "result_count": null,
            "seed": null
          },
          "sensitive_attributes": [],
          "private": "bnVsbA=="
        },
        {
          "index_key": 72,
          "schema_version": 0,
          "attributes": {
            "id": "-",
            "input": [
              "100000"
            ],
            "keepers": null,
            "result": [
              "100000"
            ],
            "result_count": null,
            "seed": null
          },
          "sensitive_attributes": [],
          "private": "bnVsbA=="
        },
        {
          "index_key": 73,
          "schema_version": 0,
          "attributes": {
            "id": "-",
            "input": [
              "100000"
            ],
            "keepers": null,
            "result": [
              "100000"
            ],
            "result_count": null,
            "seed": null
          },
          "sensitive_attributes": [],
          "private": "bnVsbA=="
        },
        {
          "index_key": 74,
          "schema_version": 0,
          "attributes": {
            "id": "-",
            "input": [
              "100000"
            ],
            "keepers": null,
            "result": [
              "100000"
            ],
            "result_count": null,
            "seed": null
          },
          "sensitive_attributes": [],
          "private": "bnVsbA=="
        },
        {
          "index_key": 75,
          "schema_version": 0,
          "attributes": {
            "id": "-",
            "input": [
              "100000"
            ],
            "keepers": null,
            "result": [
              "100000"
            ],
            "result_count": null,
            "seed": null
          },
          "sensitive_attributes": [],
          "private": "bnVsbA=="
        },
        {
          "index_key": 76,
          "schema_version": 0,
          "attributes": {
            "id": "-",
            "input": [
              "100000"
            ],
            "keepers": null,
            "result": [
              "100000"
            ],
            "result_count": null,
            "seed": null
          },
          "sensitive_attributes": [],
          "private": "bnVsbA=="
        },
        {
          "index_key": 77,
          "schema_version": 0,
          "attributes": {
            "id": "-",
            "input": [
              "100000"
            ],
            "keepers": null,
            "result": [
              "100000"
            ],
            "result_count": null,
            "seed": null
          },
          "sensitive_attributes": [],
          "private": "bnVsbA=="
        },
        {
          "index_key": 78,
          "schema_version": 0,
          "attributes": {
            "id": "-",
            "input": [
              "100000"
            ],
            "keepers": null,
            "result": [
              "100000"
            ],
            "result_count": null,
            "seed": null
          },
          "sensitive_attributes": [],
          "private": "bnVsbA=="
        },
        {
          "index_key": 79,
          "schema_version": 0,
          "attributes": {
            "id": "-",
            "input": [
              "100000"
            ],
            "keepers": null,
            "result": [
              "100000"
            ],
            "result_count": null,
            "seed": null
          },
          "sensitive_attributes": [],
          "private": "bnVsbA=="
        },
        {
          "index_key": 80,
          "schema_version": 0,
          "attributes": {
            "id": "-",
            "input": [
              "100000"
            ],
            "keepers": null,
            "result": [
              "100000"
            ],
            "result_count": null,
            "seed": null
          },
          "sensitive_attributes": [],
          "private": "bnVsbA=="
        },
        {
          "index_key": 81,
          "schema_version": 0,
          "attributes": {
            "id": "-",
            "input": [
              "100000"
            ],
            "keepers": null,
            "result": [
              "100000"
            ],
            "result_count": null,
            "seed": null
          },
          "sensitive_attributes": [],
          "private": "bnVsbA=="
        },
        {
          "index_key": 82,
          "schema_version": 0,
          "attributes": {
            "id": "-",
            "input": [
              "100000"
            ],
            "keepers": null,
            "result": [
              "100000"
            ],
            "result_count": null,
            "seed": null
          },
          "sensitive_attributes": [],
          "private": "bnVsbA=="
        },
        {
          "index_key": 83,
          "schema_version": 0,
          "attributes": {
            "id": "-",
            "input": [
              "100000"
            ],
            "keepers": null,
            "result": [
              "100000"
            ],
            "result_count": null,
            "seed": null
          },
          "sensitive_attributes": [],
          "private": "bnVsbA=="
        },
        {
          "index_key": 84,
          "schema_version": 0,
          "attributes": {
            "id": "-",
            "input": [
              "100000"
            ],
            "keepers": null,
            "result": [
              "100000"
            ],
            "result_count": null,
            "seed": null
          },
          "sensitive_attributes": [],
          "private": "bnVsbA=="
        },
        {
          "index_key": 85,
          "schema_version": 0,
          "attributes": {
            "id": "-",
            "input": [
              "100000"
            ],
            "keepers": null,
            "result": [
              "100000"
            ],
            "result_count": null,
            "seed": null
          },
          "sensitive_attributes": [],
          "private": "bnVsbA=="
        },
        {
          "index_key": 86,
          "schema_version": 0,
          "attributes": {
            "id": "-",
            "input": [
              "100000"
            ],
            "keepers": null,
            "result": [
              "100000"
            ],
            "result_count": null,
            "seed": null
          },
          "sensitive_attributes": [],
          "private": "bnVsbA=="
        },
        {
          "index_key": 87,
          "schema_version": 0,
          "attributes": {
            "id": "-",
            "input": [
              "100000"
            ],
            "keepers": null,
            "result": [
              "100000"
            ],
            "result_count": null,
            "seed": null
          },
          "sensitive_attributes": [],
          "private": "bnVsbA=="
        },
        {
          "index_key": 88,
          "schema_version": 0,
          "attributes": {
            "id": "-",
            "input": [
              "100000"
            ],
            "keepers": null,
            "result": [
              "100000"
            ],
            "result_count": null,
            "seed": null
          },
          "sensitive_attributes": [],
          "private": "bnVsbA=="
        },
        {
          "index_key": 89,
          "schema_version": 0,
          "attributes": {
            "id": "-",
            "input": [
              "100000"
            ],
            "keepers": null,
            "result": [
              "100000"
            ],
            "result_count": null,
            "seed": null
          },
          "sensitive_attributes": [],
          "private": "bnVsbA=="
        },
        {
          "index_key": 90,
          "schema_version": 0,
          "attributes": {
            "id": "-",
            "input": [
              "100000"
            ],
            "keepers": null,
            "result": [
              "100000"
            ],
            "result_count": null,
            "seed": null
          },
          "sensitive_attributes": [],
          "private": "bnVsbA=="
        },
        {
          "index_key": 91,
          "schema_version": 0,
          "attributes": {
            "id": "-",
            "input": [
              "100000"
            ],
            "keepers": null,
            "result": [
              "100000"
            ],
            "result_count": null,
            "seed": null
          },
          "sensitive_attributes": [],
          "private": "bnVsbA=="
        },
        {
          "index_key": 92,
          "schema_version": 0,
          "attributes": {
            "id": "-",
            "input": [
              "100000"
            ],
            "keepers": null,
            "result": [
              "100000"
            ],
            "result_count": null,
            "seed": null
          },
          "sensitive_attributes": [],
          "private": "bnVsbA=="
        },
        {
          "index_key": 93,
          "schema_version": 0,
          "attributes": {
            "id": "-",
            "input": [
              "100000"
            ],
            "keepers": null,
            "result": [
              "100000"
            ],
            "result_count": null,
            "seed": null
          },
          "sensitive_attributes": [],
          "private": "bnVsbA=="
        },
        {
          "index_key": 94,
          "schema_version": 0,
          "attributes": {
            "id": "-",
            "input": [
              "100000"
            ],
            "keepers": null,
            "result": [
              "100000"
            ],
            "result_count": null,
            "seed": null
          },
          "sensitive_attributes": [],
          "private": "bnVsbA=="
        },
        {
          "index_key": 95,
          "schema_version": 0,
          "attributes": {
            "id": "-",
            "input": [
              "100000"
            ],
            "keepers": null,
            "result": [
              "100000"
            ],
            "result_count": null,
            "seed": null
          },
          "sensitive_attributes": [],
          "private": "bnVsbA=="
        },
        {
          "index_key": 96,
          "schema_version": 0,
          "attributes": {
            "id": "-",
            "input": [
              "100000"
            ],
            "keepers": null,
            "result": [
              "100000"
            ],
            "result_count": null,
            "seed": null
          },
          "sensitive_attributes": [],
          "private": "bnVsbA=="
        },
        {
          "index_key": 97,
          "schema_version": 0,
          "attributes": {
            "id": "-",
            "input": [
              "100000"
            ],
            "keepers": null,
            "result": [
              "100000"
            ],
            "result_count": null,
            "seed": null
          },
          "sensitive_attributes": [],
          "private": "bnVsbA=="
        },
        {
          "index_key": 98,
          "schema_version": 0,
          "attributes": {
            "id": "-",
            "input": [
              "100000"
            ],
            "keepers": null,
            "result": [
              "100000"
            ],
            "result_count": null,
            "seed": null
          },
          "sensitive_attributes": [],
          "private": "bnVsbA=="
        },
        {
          "index_key": 99,
          "schema_version": 0,
          "attributes": {
            "id": "-",
            "input": [
              "100000"
            ],
            "keepers": null,
            "result": [
              "100000"
            ],
            "result_count": null,
            "seed": null
          },
          "sensitive_attributes": [],
          "private": "bnVsbA=="
        }
      ]
    },
    {
      "mode": "managed",
      "type": "random_shuffle",
      "name": "random_verbs",
      "provider": "provider[\"registry.terraform.io/hashicorp/random\"]",
      "instances": [
        {
          "index_key": 0,
          "schema_version": 0,
          "attributes": {
            "id": "-",
            "input": [
              "RAM",
              "RAM1"
            ],
            "keepers": null,
            "result": [
              "RAM1",
              "RAM"
            ],
            "result_count": null,
            "seed": null
          },
          "sensitive_attributes": [],
          "private": "bnVsbA=="
        },
        {
          "index_key": 1,
          "schema_version": 0,
          "attributes": {
            "id": "-",
            "input": [
              "RAM",
              "RAM1"
            ],
            "keepers": null,
            "result": [
              "RAM",
              "RAM1"
            ],
            "result_count": null,
            "seed": null
          },
          "sensitive_attributes": [],
          "private": "bnVsbA=="
        },
        {
          "index_key": 2,
          "schema_version": 0,
          "attributes": {
            "id": "-",
            "input": [
              "RAM",
              "RAM1"
            ],
            "keepers": null,
            "result": [
              "RAM",
              "RAM1"
            ],
            "result_count": null,
            "seed": null
          },
          "sensitive_attributes": [],
          "private": "bnVsbA=="
        },
        {
          "index_key": 3,
          "schema_version": 0,
          "attributes": {
            "id": "-",
            "input": [
              "RAM",
              "RAM1"
            ],
            "keepers": null,
            "result": [
              "RAM1",
              "RAM"
            ],
            "result_count": null,
            "seed": null
          },
          "sensitive_attributes": [],
          "private": "bnVsbA=="
        },
        {
          "index_key": 4,
          "schema_version": 0,
          "attributes": {
            "id": "-",
            "input": [
              "RAM",
              "RAM1"
            ],
            "keepers": null,
            "result": [
              "RAM",
              "RAM1"
            ],
            "result_count": null,
            "seed": null
          },
          "sensitive_attributes": [],
          "private": "bnVsbA=="
        },
        {
          "index_key": 5,
          "schema_version": 0,
          "attributes": {
            "id": "-",
            "input": [
              "RAM",
              "RAM1"
            ],
            "keepers": null,
            "result": [
              "RAM1",
              "RAM"
            ],
            "result_count": null,
            "seed": null
          },
          "sensitive_attributes": [],
          "private": "bnVsbA=="
        },
        {
          "index_key": 6,
          "schema_version": 0,
          "attributes": {
            "id": "-",
            "input": [
              "RAM",
              "RAM1"
            ],
            "keepers": null,
            "result": [
              "RAM1",
              "RAM"
            ],
            "result_count": null,
            "seed": null
          },
          "sensitive_attributes": [],
          "private": "bnVsbA=="
        },
        {
          "index_key": 7,
          "schema_version": 0,
          "attributes": {
            "id": "-",
            "input": [
              "RAM",
              "RAM1"
            ],
            "keepers": null,
            "result": [
              "RAM1",
              "RAM"
            ],
            "result_count": null,
            "seed": null
          },
          "sensitive_attributes": [],
          "private": "bnVsbA=="
        },
        {
          "index_key": 8,
          "schema_version": 0,
          "attributes": {
            "id": "-",
            "input": [
              "RAM",
              "RAM1"
            ],
            "keepers": null,
            "result": [
              "RAM1",
              "RAM"
            ],
            "result_count": null,
            "seed": null
          },
          "sensitive_attributes": [],
          "private": "bnVsbA=="
        },
        {
          "index_key": 9,
          "schema_version": 0,
          "attributes": {
            "id": "-",
            "input": [
              "RAM",
              "RAM1"
            ],
            "keepers": null,
            "result": [
              "RAM1",
              "RAM"
            ],
            "result_count": null,
            "seed": null
          },
          "sensitive_attributes": [],
          "private": "bnVsbA=="
        },
        {
          "index_key": 10,
          "schema_version": 0,
          "attributes": {
            "id": "-",
            "input": [
              "RAM",
              "RAM1"
            ],
            "keepers": null,
            "result": [
              "RAM1",
              "RAM"
            ],
            "result_count": null,
            "seed": null
          },
          "sensitive_attributes": [],
          "private": "bnVsbA=="
        },
        {
          "index_key": 11,
          "schema_version": 0,
          "attributes": {
            "id": "-",
            "input": [
              "RAM",
              "RAM1"
            ],
            "keepers": null,
            "result": [
              "RAM",
              "RAM1"
            ],
            "result_count": null,
            "seed": null
          },
          "sensitive_attributes": [],
          "private": "bnVsbA=="
        },
        {
          "index_key": 12,
          "schema_version": 0,
          "attributes": {
            "id": "-",
            "input": [
              "RAM",
              "RAM1"
            ],
            "keepers": null,
            "result": [
              "RAM1",
              "RAM"
            ],
            "result_count": null,
            "seed": null
          },
          "sensitive_attributes": [],
          "private": "bnVsbA=="
        },
        {
          "index_key": 13,
          "schema_version": 0,
          "attributes": {
            "id": "-",
            "input": [
              "RAM",
              "RAM1"
            ],
            "keepers": null,
            "result": [
              "RAM",
              "RAM1"
            ],
            "result_count": null,
            "seed": null
          },
          "sensitive_attributes": [],
          "private": "bnVsbA=="
        },
        {
          "index_key": 14,
          "schema_version": 0,
          "attributes": {
            "id": "-",
            "input": [
              "RAM",
              "RAM1"
            ],
            "keepers": null,
            "result": [
              "RAM1",
              "RAM"
            ],
            "result_count": null,
            "seed": null
          },
          "sensitive_attributes": [],
          "private": "bnVsbA=="
        },
        {
          "index_key": 15,
          "schema_version": 0,
          "attributes": {
            "id": "-",
            "input": [
              "RAM",
              "RAM1"
            ],
            "keepers": null,
            "result": [
              "RAM1",
              "RAM"
            ],
            "result_count": null,
            "seed": null
          },
          "sensitive_attributes": [],
          "private": "bnVsbA=="
        },
        {
          "index_key": 16,
          "schema_version": 0,
          "attributes": {
            "id": "-",
            "input": [
              "RAM",
              "RAM1"
            ],
            "keepers": null,
            "result": [
              "RAM",
              "RAM1"
            ],
            "result_count": null,
            "seed": null
          },
          "sensitive_attributes": [],
          "private": "bnVsbA=="
        },
        {
          "index_key": 17,
          "schema_version": 0,
          "attributes": {
            "id": "-",
            "input": [
              "RAM",
              "RAM1"
            ],
            "keepers": null,
            "result": [
              "RAM1",
              "RAM"
            ],
            "result_count": null,
            "seed": null
          },
          "sensitive_attributes": [],
          "private": "bnVsbA=="
        },
        {
          "index_key": 18,
          "schema_version": 0,
          "attributes": {
            "id": "-",
            "input": [
              "RAM",
              "RAM1"
            ],
            "keepers": null,
            "result": [
              "RAM",
              "RAM1"
            ],
            "result_count": null,
            "seed": null
          },
          "sensitive_attributes": [],
          "private": "bnVsbA=="
        },
        {
          "index_key": 19,
          "schema_version": 0,
          "attributes": {
            "id": "-",
            "input": [
              "RAM",
              "RAM1"
            ],
            "keepers": null,
            "result": [
              "RAM1",
              "RAM"
            ],
            "result_count": null,
            "seed": null
          },
          "sensitive_attributes": [],
          "private": "bnVsbA=="
        },
        {
          "index_key": 20,
          "schema_version": 0,
          "attributes": {
            "id": "-",
            "input": [
              "RAM",
              "RAM1"
            ],
            "keepers": null,
            "result": [
              "RAM1",
              "RAM"
            ],
            "result_count": null,
            "seed": null
          },
          "sensitive_attributes": [],
          "private": "bnVsbA=="
        },
        {
          "index_key": 21,
          "schema_version": 0,
          "attributes": {
            "id": "-",
            "input": [
              "RAM",
              "RAM1"
            ],
            "keepers": null,
            "result": [
              "RAM",
              "RAM1"
            ],
            "result_count": null,
            "seed": null
          },
          "sensitive_attributes": [],
          "private": "bnVsbA=="
        },
        {
          "index_key": 22,
          "schema_version": 0,
          "attributes": {
            "id": "-",
            "input": [
              "RAM",
              "RAM1"
            ],
            "keepers": null,
            "result": [
              "RAM1",
              "RAM"
            ],
            "result_count": null,
            "seed": null
          },
          "sensitive_attributes": [],
          "private": "bnVsbA=="
        },
        {
          "index_key": 23,
          "schema_version": 0,
          "attributes": {
            "id": "-",
            "input": [
              "RAM",
              "RAM1"
            ],
            "keepers": null,
            "result": [
              "RAM1",
              "RAM"
            ],
            "result_count": null,
            "seed": null
          },
          "sensitive_attributes": [],
          "private": "bnVsbA=="
        },
        {
          "index_key": 24,
          "schema_version": 0,
          "attributes": {
            "id": "-",
            "input": [
              "RAM",
              "RAM1"
            ],
            "keepers": null,
            "result": [
              "RAM1",
              "RAM"
            ],
            "result_count": null,
            "seed": null
          },
          "sensitive_attributes": [],
          "private": "bnVsbA=="
        },
        {
          "index_key": 25,
          "schema_version": 0,
          "attributes": {
            "id": "-",
            "input": [
              "RAM",
              "RAM1"
            ],
            "keepers": null,
            "result": [
              "RAM1",
              "RAM"
            ],
            "result_count": null,
            "seed": null
          },
          "sensitive_attributes": [],
          "private": "bnVsbA=="
        },
        {
          "index_key": 26,
          "schema_version": 0,
          "attributes": {
            "id": "-",
            "input": [
              "RAM",
              "RAM1"
            ],
            "keepers": null,
            "result": [
              "RAM",
              "RAM1"
            ],
            "result_count": null,
            "seed": null
          },
          "sensitive_attributes": [],
          "private": "bnVsbA=="
        },
        {
          "index_key": 27,
          "schema_version": 0,
          "attributes": {
            "id": "-",
            "input": [
              "RAM",
              "RAM1"
            ],
            "keepers": null,
            "result": [
              "RAM1",
              "RAM"
            ],
            "result_count": null,
            "seed": null
          },
          "sensitive_attributes": [],
          "private": "bnVsbA=="
        },
        {
          "index_key": 28,
          "schema_version": 0,
          "attributes": {
            "id": "-",
            "input": [
              "RAM",
              "RAM1"
            ],
            "keepers": null,
            "result": [
              "RAM",
              "RAM1"
            ],
            "result_count": null,
            "seed": null
          },
          "sensitive_attributes": [],
          "private": "bnVsbA=="
        },
        {
          "index_key": 29,
          "schema_version": 0,
          "attributes": {
            "id": "-",
            "input": [
              "RAM",
              "RAM1"
            ],
            "keepers": null,
            "result": [
              "RAM",
              "RAM1"
            ],
            "result_count": null,
            "seed": null
          },
          "sensitive_attributes": [],
          "private": "bnVsbA=="
        },
        {
          "index_key": 30,
          "schema_version": 0,
          "attributes": {
            "id": "-",
            "input": [
              "RAM",
              "RAM1"
            ],
            "keepers": null,
            "result": [
              "RAM",
              "RAM1"
            ],
            "result_count": null,
            "seed": null
          },
          "sensitive_attributes": [],
          "private": "bnVsbA=="
        },
        {
          "index_key": 31,
          "schema_version": 0,
          "attributes": {
            "id": "-",
            "input": [
              "RAM",
              "RAM1"
            ],
            "keepers": null,
            "result": [
              "RAM1",
              "RAM"
            ],
            "result_count": null,
            "seed": null
          },
          "sensitive_attributes": [],
          "private": "bnVsbA=="
        },
        {
          "index_key": 32,
          "schema_version": 0,
          "attributes": {
            "id": "-",
            "input": [
              "RAM",
              "RAM1"
            ],
            "keepers": null,
            "result": [
              "RAM",
              "RAM1"
            ],
            "result_count": null,
            "seed": null
          },
          "sensitive_attributes": [],
          "private": "bnVsbA=="
        },
        {
          "index_key": 33,
          "schema_version": 0,
          "attributes": {
            "id": "-",
            "input": [
              "RAM",
              "RAM1"
            ],
            "keepers": null,
            "result": [
              "RAM1",
              "RAM"
            ],
            "result_count": null,
            "seed": null
          },
          "sensitive_attributes": [],
          "private": "bnVsbA=="
        },
        {
          "index_key": 34,
          "schema_version": 0,
          "attributes": {
            "id": "-",
            "input": [
              "RAM",
              "RAM1"
            ],
            "keepers": null,
            "result": [
              "RAM",
              "RAM1"
            ],
            "result_count": null,
            "seed": null
          },
          "sensitive_attributes": [],
          "private": "bnVsbA=="
        },
        {
          "index_key": 35,
          "schema_version": 0,
          "attributes": {
            "id": "-",
            "input": [
              "RAM",
              "RAM1"
            ],
            "keepers": null,
            "result": [
              "RAM",
              "RAM1"
            ],
            "result_count": null,
            "seed": null
          },
          "sensitive_attributes": [],
          "private": "bnVsbA=="
        },
        {
          "index_key": 36,
          "schema_version": 0,
          "attributes": {
            "id": "-",
            "input": [
              "RAM",
              "RAM1"
            ],
            "keepers": null,
            "result": [
              "RAM1",
              "RAM"
            ],
            "result_count": null,
            "seed": null
          },
          "sensitive_attributes": [],
          "private": "bnVsbA=="
        },
        {
          "index_key": 37,
          "schema_version": 0,
          "attributes": {
            "id": "-",
            "input": [
              "RAM",
              "RAM1"
            ],
            "keepers": null,
            "result": [
              "RAM1",
              "RAM"
            ],
            "result_count": null,
            "seed": null
          },
          "sensitive_attributes": [],
          "private": "bnVsbA=="
        },
        {
          "index_key": 38,
          "schema_version": 0,
          "attributes": {
            "id": "-",
            "input": [
              "RAM",
              "RAM1"
            ],
            "keepers": null,
            "result": [
              "RAM1",
              "RAM"
            ],
            "result_count": null,
            "seed": null
          },
          "sensitive_attributes": [],
          "private": "bnVsbA=="
        },
        {
          "index_key": 39,
          "schema_version": 0,
          "attributes": {
            "id": "-",
            "input": [
              "RAM",
              "RAM1"
            ],
            "keepers": null,
            "result": [
              "RAM",
              "RAM1"
            ],
            "result_count": null,
            "seed": null
          },
          "sensitive_attributes": [],
          "private": "bnVsbA=="
        },
        {
          "index_key": 40,
          "schema_version": 0,
          "attributes": {
            "id": "-",
            "input": [
              "RAM",
              "RAM1"
            ],
            "keepers": null,
            "result": [
              "RAM",
              "RAM1"
            ],
            "result_count": null,
            "seed": null
          },
          "sensitive_attributes": [],
          "private": "bnVsbA=="
        },
        {
          "index_key": 41,
          "schema_version": 0,
          "attributes": {
            "id": "-",
            "input": [
              "RAM",
              "RAM1"
            ],
            "keepers": null,
            "result": [
              "RAM",
              "RAM1"
            ],
            "result_count": null,
            "seed": null
          },
          "sensitive_attributes": [],
          "private": "bnVsbA=="
        },
        {
          "index_key": 42,
          "schema_version": 0,
          "attributes": {
            "id": "-",
            "input": [
              "RAM",
              "RAM1"
            ],
            "keepers": null,
            "result": [
              "RAM1",
              "RAM"
            ],
            "result_count": null,
            "seed": null
          },
          "sensitive_attributes": [],
          "private": "bnVsbA=="
        },
        {
          "index_key": 43,
          "schema_version": 0,
          "attributes": {
            "id": "-",
            "input": [
              "RAM",
              "RAM1"
            ],
            "keepers": null,
            "result": [
              "RAM1",
              "RAM"
            ],
            "result_count": null,
            "seed": null
          },
          "sensitive_attributes": [],
          "private": "bnVsbA=="
        },
        {
          "index_key": 44,
          "schema_version": 0,
          "attributes": {
            "id": "-",
            "input": [
              "RAM",
              "RAM1"
            ],
            "keepers": null,
            "result": [
              "RAM",
              "RAM1"
            ],
            "result_count": null,
            "seed": null
          },
          "sensitive_attributes": [],
          "private": "bnVsbA=="
        },
        {
          "index_key": 45,
          "schema_version": 0,
          "attributes": {
            "id": "-",
            "input": [
              "RAM",
              "RAM1"
            ],
            "keepers": null,
            "result": [
              "RAM1",
              "RAM"
            ],
            "result_count": null,
            "seed": null
          },
          "sensitive_attributes": [],
          "private": "bnVsbA=="
        },
        {
          "index_key": 46,
          "schema_version": 0,
          "attributes": {
            "id": "-",
            "input": [
              "RAM",
              "RAM1"
            ],
            "keepers": null,
            "result": [
              "RAM1",
              "RAM"
            ],
            "result_count": null,
            "seed": null
          },
          "sensitive_attributes": [],
          "private": "bnVsbA=="
        },
        {
          "index_key": 47,
          "schema_version": 0,
          "attributes": {
            "id": "-",
            "input": [
              "RAM",
              "RAM1"
            ],
            "keepers": null,
            "result": [
              "RAM1",
              "RAM"
            ],
            "result_count": null,
            "seed": null
          },
          "sensitive_attributes": [],
          "private": "bnVsbA=="
        },
        {
          "index_key": 48,
          "schema_version": 0,
          "attributes": {
            "id": "-",
            "input": [
              "RAM",
              "RAM1"
            ],
            "keepers": null,
            "result": [
              "RAM",
              "RAM1"
            ],
            "result_count": null,
            "seed": null
          },
          "sensitive_attributes": [],
          "private": "bnVsbA=="
        },
        {
          "index_key": 49,
          "schema_version": 0,
          "attributes": {
            "id": "-",
            "input": [
              "RAM",
              "RAM1"
            ],
            "keepers": null,
            "result": [
              "RAM1",
              "RAM"
            ],
            "result_count": null,
            "seed": null
          },
          "sensitive_attributes": [],
          "private": "bnVsbA=="
        },
        {
          "index_key": 50,
          "schema_version": 0,
          "attributes": {
            "id": "-",
            "input": [
              "RAM",
              "RAM1"
            ],
            "keepers": null,
            "result": [
              "RAM",
              "RAM1"
            ],
            "result_count": null,
            "seed": null
          },
          "sensitive_attributes": [],
          "private": "bnVsbA=="
        },
        {
          "index_key": 51,
          "schema_version": 0,
          "attributes": {
            "id": "-",
            "input": [
              "RAM",
              "RAM1"
            ],
            "keepers": null,
            "result": [
              "RAM",
              "RAM1"
            ],
            "result_count": null,
            "seed": null
          },
          "sensitive_attributes": [],
          "private": "bnVsbA=="
        },
        {
          "index_key": 52,
          "schema_version": 0,
          "attributes": {
            "id": "-",
            "input": [
              "RAM",
              "RAM1"
            ],
            "keepers": null,
            "result": [
              "RAM",
              "RAM1"
            ],
            "result_count": null,
            "seed": null
          },
          "sensitive_attributes": [],
          "private": "bnVsbA=="
        },
        {
          "index_key": 53,
          "schema_version": 0,
          "attributes": {
            "id": "-",
            "input": [
              "RAM",
              "RAM1"
            ],
            "keepers": null,
            "result": [
              "RAM1",
              "RAM"
            ],
            "result_count": null,
            "seed": null
          },
          "sensitive_attributes": [],
          "private": "bnVsbA=="
        },
        {
          "index_key": 54,
          "schema_version": 0,
          "attributes": {
            "id": "-",
            "input": [
              "RAM",
              "RAM1"
            ],
            "keepers": null,
            "result": [
              "RAM1",
              "RAM"
            ],
            "result_count": null,
            "seed": null
          },
          "sensitive_attributes": [],
          "private": "bnVsbA=="
        },
        {
          "index_key": 55,
          "schema_version": 0,
          "attributes": {
            "id": "-",
            "input": [
              "RAM",
              "RAM1"
            ],
            "keepers": null,
            "result": [
              "RAM",
              "RAM1"
            ],
            "result_count": null,
            "seed": null
          },
          "sensitive_attributes": [],
          "private": "bnVsbA=="
        },
        {
          "index_key": 56,
          "schema_version": 0,
          "attributes": {
            "id": "-",
            "input": [
              "RAM",
              "RAM1"
            ],
            "keepers": null,
            "result": [
              "RAM",
              "RAM1"
            ],
            "result_count": null,
            "seed": null
          },
          "sensitive_attributes": [],
          "private": "bnVsbA=="
        },
        {
          "index_key": 57,
          "schema_version": 0,
          "attributes": {
            "id": "-",
            "input": [
              "RAM",
              "RAM1"
            ],
            "keepers": null,
            "result": [
              "RAM1",
              "RAM"
            ],
            "result_count": null,
            "seed": null
          },
          "sensitive_attributes": [],
          "private": "bnVsbA=="
        },
        {
          "index_key": 58,
          "schema_version": 0,
          "attributes": {
            "id": "-",
            "input": [
              "RAM",
              "RAM1"
            ],
            "keepers": null,
            "result": [
              "RAM1",
              "RAM"
            ],
            "result_count": null,
            "seed": null
          },
          "sensitive_attributes": [],
          "private": "bnVsbA=="
        },
        {
          "index_key": 59,
          "schema_version": 0,
          "attributes": {
            "id": "-",
            "input": [
              "RAM",
              "RAM1"
            ],
            "keepers": null,
            "result": [
              "RAM1",
              "RAM"
            ],
            "result_count": null,
            "seed": null
          },
          "sensitive_attributes": [],
          "private": "bnVsbA=="
        },
        {
          "index_key": 60,
          "schema_version": 0,
          "attributes": {
            "id": "-",
            "input": [
              "RAM",
              "RAM1"
            ],
            "keepers": null,
            "result": [
              "RAM1",
              "RAM"
            ],
            "result_count": null,
            "seed": null
          },
          "sensitive_attributes": [],
          "private": "bnVsbA=="
        },
        {
          "index_key": 61,
          "schema_version": 0,
          "attributes": {
            "id": "-",
            "input": [
              "RAM",
              "RAM1"
            ],
            "keepers": null,
            "result": [
              "RAM1",
              "RAM"
            ],
            "result_count": null,
            "seed": null
          },
          "sensitive_attributes": [],
          "private": "bnVsbA=="
        },
        {
          "index_key": 62,
          "schema_version": 0,
          "attributes": {
            "id": "-",
            "input": [
              "RAM",
              "RAM1"
            ],
            "keepers": null,
            "result": [
              "RAM1",
              "RAM"
            ],
            "result_count": null,
            "seed": null
          },
          "sensitive_attributes": [],
          "private": "bnVsbA=="
        },
        {
          "index_key": 63,
          "schema_version": 0,
          "attributes": {
            "id": "-",
            "input": [
              "RAM",
              "RAM1"
            ],
            "keepers": null,
            "result": [
              "RAM1",
              "RAM"
            ],
            "result_count": null,
            "seed": null
          },
          "sensitive_attributes": [],
          "private": "bnVsbA=="
        },
        {
          "index_key": 64,
          "schema_version": 0,
          "attributes": {
            "id": "-",
            "input": [
              "RAM",
              "RAM1"
            ],
            "keepers": null,
            "result": [
              "RAM1",
              "RAM"
            ],
            "result_count": null,
            "seed": null
          },
          "sensitive_attributes": [],
          "private": "bnVsbA=="
        },
        {
          "index_key": 65,
          "schema_version": 0,
          "attributes": {
            "id": "-",
            "input": [
              "RAM",
              "RAM1"
            ],
            "keepers": null,
            "result": [
              "RAM",
              "RAM1"
            ],
            "result_count": null,
            "seed": null
          },
          "sensitive_attributes": [],
          "private": "bnVsbA=="
        },
        {
          "index_key": 66,
          "schema_version": 0,
          "attributes": {
            "id": "-",
            "input": [
              "RAM",
              "RAM1"
            ],
            "keepers": null,
            "result": [
              "RAM",
              "RAM1"
            ],
            "result_count": null,
            "seed": null
          },
          "sensitive_attributes": [],
          "private": "bnVsbA=="
        },
        {
          "index_key": 67,
          "schema_version": 0,
          "attributes": {
            "id": "-",
            "input": [
              "RAM",
              "RAM1"
            ],
            "keepers": null,
            "result": [
              "RAM",
              "RAM1"
            ],
            "result_count": null,
            "seed": null
          },
          "sensitive_attributes": [],
          "private": "bnVsbA=="
        },
        {
          "index_key": 68,
          "schema_version": 0,
          "attributes": {
            "id": "-",
            "input": [
              "RAM",
              "RAM1"
            ],
            "keepers": null,
            "result": [
              "RAM1",
              "RAM"
            ],
            "result_count": null,
            "seed": null
          },
          "sensitive_attributes": [],
          "private": "bnVsbA=="
        },
        {
          "index_key": 69,
          "schema_version": 0,
          "attributes": {
            "id": "-",
            "input": [
              "RAM",
              "RAM1"
            ],
            "keepers": null,
            "result": [
              "RAM",
              "RAM1"
            ],
            "result_count": null,
            "seed": null
          },
          "sensitive_attributes": [],
          "private": "bnVsbA=="
        },
        {
          "index_key": 70,
          "schema_version": 0,
          "attributes": {
            "id": "-",
            "input": [
              "RAM",
              "RAM1"
            ],
            "keepers": null,
            "result": [
              "RAM",
              "RAM1"
            ],
            "result_count": null,
            "seed": null
          },
          "sensitive_attributes": [],
          "private": "bnVsbA=="
        },
        {
          "index_key": 71,
          "schema_version": 0,
          "attributes": {
            "id": "-",
            "input": [
              "RAM",
              "RAM1"
            ],
            "keepers": null,
            "result": [
              "RAM1",
              "RAM"
            ],
            "result_count": null,
            "seed": null
          },
          "sensitive_attributes": [],
          "private": "bnVsbA=="
        },
        {
          "index_key": 72,
          "schema_version": 0,
          "attributes": {
            "id": "-",
            "input": [
              "RAM",
              "RAM1"
            ],
            "keepers": null,
            "result": [
              "RAM1",
              "RAM"
            ],
            "result_count": null,
            "seed": null
          },
          "sensitive_attributes": [],
          "private": "bnVsbA=="
        },
        {
          "index_key": 73,
          "schema_version": 0,
          "attributes": {
            "id": "-",
            "input": [
              "RAM",
              "RAM1"
            ],
            "keepers": null,
            "result": [
              "RAM1",
              "RAM"
            ],
            "result_count": null,
            "seed": null
          },
          "sensitive_attributes": [],
          "private": "bnVsbA=="
        },
        {
          "index_key": 74,
          "schema_version": 0,
          "attributes": {
            "id": "-",
            "input": [
              "RAM",
              "RAM1"
            ],
            "keepers": null,
            "result": [
              "RAM",
              "RAM1"
            ],
            "result_count": null,
            "seed": null
          },
          "sensitive_attributes": [],
          "private": "bnVsbA=="
        },
        {
          "index_key": 75,
          "schema_version": 0,
          "attributes": {
            "id": "-",
            "input": [
              "RAM",
              "RAM1"
            ],
            "keepers": null,
            "result": [
              "RAM",
              "RAM1"
            ],
            "result_count": null,
            "seed": null
          },
          "sensitive_attributes": [],
          "private": "bnVsbA=="
        },
        {
          "index_key": 76,
          "schema_version": 0,
          "attributes": {
            "id": "-",
            "input": [
              "RAM",
              "RAM1"
            ],
            "keepers": null,
            "result": [
              "RAM1",
              "RAM"
            ],
            "result_count": null,
            "seed": null
          },
          "sensitive_attributes": [],
          "private": "bnVsbA=="
        },
        {
          "index_key": 77,
          "schema_version": 0,
          "attributes": {
            "id": "-",
            "input": [
              "RAM",
              "RAM1"
            ],
            "keepers": null,
            "result": [
              "RAM",
              "RAM1"
            ],
            "result_count": null,
            "seed": null
          },
          "sensitive_attributes": [],
          "private": "bnVsbA=="
        },
        {
          "index_key": 78,
          "schema_version": 0,
          "attributes": {
            "id": "-",
            "input": [
              "RAM",
              "RAM1"
            ],
            "keepers": null,
            "result": [
              "RAM",
              "RAM1"
            ],
            "result_count": null,
            "seed": null
          },
          "sensitive_attributes": [],
          "private": "bnVsbA=="
        },
        {
          "index_key": 79,
          "schema_version": 0,
          "attributes": {
            "id": "-",
            "input": [
              "RAM",
              "RAM1"
            ],
            "keepers": null,
            "result": [
              "RAM",
              "RAM1"
            ],
            "result_count": null,
            "seed": null
          },
          "sensitive_attributes": [],
          "private": "bnVsbA=="
        },
        {
          "index_key": 80,
          "schema_version": 0,
          "attributes": {
            "id": "-",
            "input": [
              "RAM",
              "RAM1"
            ],
            "keepers": null,
            "result": [
              "RAM1",
              "RAM"
            ],
            "result_count": null,
            "seed": null
          },
          "sensitive_attributes": [],
          "private": "bnVsbA=="
        },
        {
          "index_key": 81,
          "schema_version": 0,
          "attributes": {
            "id": "-",
            "input": [
              "RAM",
              "RAM1"
            ],
            "keepers": null,
            "result": [
              "RAM1",
              "RAM"
            ],
            "result_count": null,
            "seed": null
          },
          "sensitive_attributes": [],
          "private": "bnVsbA=="
        },
        {
          "index_key": 82,
          "schema_version": 0,
          "attributes": {
            "id": "-",
            "input": [
              "RAM",
              "RAM1"
            ],
            "keepers": null,
            "result": [
              "RAM",
              "RAM1"
            ],
            "result_count": null,
            "seed": null
          },
          "sensitive_attributes": [],
          "private": "bnVsbA=="
        },
        {
          "index_key": 83,
          "schema_version": 0,
          "attributes": {
            "id": "-",
            "input": [
              "RAM",
              "RAM1"
            ],
            "keepers": null,
            "result": [
              "RAM",
              "RAM1"
            ],
            "result_count": null,
            "seed": null
          },
          "sensitive_attributes": [],
          "private": "bnVsbA=="
        },
        {
          "index_key": 84,
          "schema_version": 0,
          "attributes": {
            "id": "-",
            "input": [
              "RAM",
              "RAM1"
            ],
            "keepers": null,
            "result": [
              "RAM1",
              "RAM"
            ],
            "result_count": null,
            "seed": null
          },
          "sensitive_attributes": [],
          "private": "bnVsbA=="
        },
        {
          "index_key": 85,
          "schema_version": 0,
          "attributes": {
            "id": "-",
            "input": [
              "RAM",
              "RAM1"
            ],
            "keepers": null,
            "result": [
              "RAM1",
              "RAM"
            ],
            "result_count": null,
            "seed": null
          },
          "sensitive_attributes": [],
          "private": "bnVsbA=="
        },
        {
          "index_key": 86,
          "schema_version": 0,
          "attributes": {
            "id": "-",
            "input": [
              "RAM",
              "RAM1"
            ],
            "keepers": null,
            "result": [
              "RAM",
              "RAM1"
            ],
            "result_count": null,
            "seed": null
          },
          "sensitive_attributes": [],
          "private": "bnVsbA=="
        },
        {
          "index_key": 87,
          "schema_version": 0,
          "attributes": {
            "id": "-",
            "input": [
              "RAM",
              "RAM1"
            ],
            "keepers": null,
            "result": [
              "RAM",
              "RAM1"
            ],
            "result_count": null,
            "seed": null
          },
          "sensitive_attributes": [],
          "private": "bnVsbA=="
        },
        {
          "index_key": 88,
          "schema_version": 0,
          "attributes": {
            "id": "-",
            "input": [
              "RAM",
              "RAM1"
            ],
            "keepers": null,
            "result": [
              "RAM1",
              "RAM"
            ],
            "result_count": null,
            "seed": null
          },
          "sensitive_attributes": [],
          "private": "bnVsbA=="
        },
        {
          "index_key": 89,
          "schema_version": 0,
          "attributes": {
            "id": "-",
            "input": [
              "RAM",
              "RAM1"
            ],
            "keepers": null,
            "result": [
              "RAM",
              "RAM1"
            ],
            "result_count": null,
            "seed": null
          },
          "sensitive_attributes": [],
          "private": "bnVsbA=="
        },
        {
          "index_key": 90,
          "schema_version": 0,
          "attributes": {
            "id": "-",
            "input": [
              "RAM",
              "RAM1"
            ],
            "keepers": null,
            "result": [
              "RAM1",
              "RAM"
            ],
            "result_count": null,
            "seed": null
          },
          "sensitive_attributes": [],
          "private": "bnVsbA=="
        },
        {
          "index_key": 91,
          "schema_version": 0,
          "attributes": {
            "id": "-",
            "input": [
              "RAM",
              "RAM1"
            ],
            "keepers": null,
            "result": [
              "RAM",
              "RAM1"
            ],
            "result_count": null,
            "seed": null
          },
          "sensitive_attributes": [],
          "private": "bnVsbA=="
        },
        {
          "index_key": 92,
          "schema_version": 0,
          "attributes": {
            "id": "-",
            "input": [
              "RAM",
              "RAM1"
            ],
            "keepers": null,
            "result": [
              "RAM",
              "RAM1"
            ],
            "result_count": null,
            "seed": null
          },
          "sensitive_attributes": [],
          "private": "bnVsbA=="
        },
        {
          "index_key": 93,
          "schema_version": 0,
          "attributes": {
            "id": "-",
            "input": [
              "RAM",
              "RAM1"
            ],
            "keepers": null,
            "result": [
              "RAM",
              "RAM1"
            ],
            "result_count": null,
            "seed": null
          },
          "sensitive_attributes": [],
          "private": "bnVsbA=="
        },
        {
          "index_key": 94,
          "schema_version": 0,
          "attributes": {
            "id": "-",
            "input": [
              "RAM",
              "RAM1"
            ],
            "keepers": null,
            "result": [
              "RAM1",
              "RAM"
            ],
            "result_count": null,
            "seed": null
          },
          "sensitive_attributes": [],
          "private": "bnVsbA=="
        },
        {
          "index_key": 95,
          "schema_version": 0,
          "attributes": {
            "id": "-",
            "input": [
              "RAM",
              "RAM1"
            ],
            "keepers": null,
            "result": [
              "RAM",
              "RAM1"
            ],
            "result_count": null,
            "seed": null
          },
          "sensitive_attributes": [],
          "private": "bnVsbA=="
        },
        {
          "index_key": 96,
          "schema_version": 0,
          "attributes": {
            "id": "-",
            "input": [
              "RAM",
              "RAM1"
            ],
            "keepers": null,
            "result": [
              "RAM1",
              "RAM"
            ],
            "result_count": null,
            "seed": null
          },
          "sensitive_attributes": [],
          "private": "bnVsbA=="
        },
        {
          "index_key": 97,
          "schema_version": 0,
          "attributes": {
            "id": "-",
            "input": [
              "RAM",
              "RAM1"
            ],
            "keepers": null,
            "result": [
              "RAM1",
              "RAM"
            ],
            "result_count": null,
            "seed": null
          },
          "sensitive_attributes": [],
          "private": "bnVsbA=="
        },
        {
          "index_key": 98,
          "schema_version": 0,
          "attributes": {
            "id": "-",
            "input": [
              "RAM",
              "RAM1"
            ],
            "keepers": null,
            "result": [
              "RAM",
              "RAM1"
            ],
            "result_count": null,
            "seed": null
          },
          "sensitive_attributes": [],
          "private": "bnVsbA=="
        },
        {
          "index_key": 99,
          "schema_version": 0,
          "attributes": {
            "id": "-",
            "input": [
              "RAM",
              "RAM1"
            ],
            "keepers": null,
            "result": [
              "RAM1",
              "RAM"
            ],
            "result_count": null,
            "seed": null
          },
          "sensitive_attributes": [],
          "private": "bnVsbA=="
        }
      ]
    }
  ]
}
