{
  "version": 4,
  "terraform_version": "1.0.10",
  "serial": 501,
  "lineage": "6f7a4c44-0dd1-2f44-245d-de2d9f0f265d",
  "outputs": {},
  "resources": [
    {
      "mode": "data",
      "type": "archive_file",
      "name": "mad_libs",
      "provider": "provider[\"registry.terraform.io/hashicorp/archive\"]",
      "instances": []
    },
    {
      "mode": "managed",
      "type": "local_file",
      "name": "mad_libs",
      "provider": "provider[\"registry.terraform.io/hashicorp/local\"]",
      "instances": []
    },
    {
      "mode": "managed",
      "type": "random_shuffle",
      "name": "random_adjectives",
      "provider": "provider[\"registry.terraform.io/hashicorp/random\"]",
      "instances": [
        {
          "index_key": 0,
          "schema_version": 0,
          "attributes": {
            "id": "-",
            "input": [
              "YASH"
            ],
            "keepers": null,
            "result": [
              "YASH"
            ],
            "result_count": null,
            "seed": null
          },
          "sensitive_attributes": [],
          "private": "bnVsbA=="
        },
        {
          "index_key": 1,
          "schema_version": 0,
          "attributes": {
            "id": "-",
            "input": [
              "YASH"
            ],
            "keepers": null,
            "result": [
              "YASH"
            ],
            "result_count": null,
            "seed": null
          },
          "sensitive_attributes": [],
          "private": "bnVsbA=="
        },
        {
          "index_key": 2,
          "schema_version": 0,
          "attributes": {
            "id": "-",
            "input": [
              "YASH"
            ],
            "keepers": null,
            "result": [
              "YASH"
            ],
            "result_count": null,
            "seed": null
          },
          "sensitive_attributes": [],
          "private": "bnVsbA=="
        },
        {
          "index_key": 3,
          "schema_version": 0,
          "attributes": {
            "id": "-",
            "input": [
              "YASH"
            ],
            "keepers": null,
            "result": [
              "YASH"
            ],
            "result_count": null,
            "seed": null
          },
          "sensitive_attributes": [],
          "private": "bnVsbA=="
        },
        {
          "index_key": 4,
          "schema_version": 0,
          "attributes": {
            "id": "-",
            "input": [
              "YASH"
            ],
            "keepers": null,
            "result": [
              "YASH"
            ],
            "result_count": null,
            "seed": null
          },
          "sensitive_attributes": [],
          "private": "bnVsbA=="
        },
        {
          "index_key": 5,
          "schema_version": 0,
          "attributes": {
            "id": "-",
            "input": [
              "YASH"
            ],
            "keepers": null,
            "result": [
              "YASH"
            ],
            "result_count": null,
            "seed": null
          },
          "sensitive_attributes": [],
          "private": "bnVsbA=="
        },
        {
          "index_key": 6,
          "schema_version": 0,
          "attributes": {
            "id": "-",
            "input": [
              "YASH"
            ],
            "keepers": null,
            "result": [
              "YASH"
            ],
            "result_count": null,
            "seed": null
          },
          "sensitive_attributes": [],
          "private": "bnVsbA=="
        },
        {
          "index_key": 7,
          "schema_version": 0,
          "attributes": {
            "id": "-",
            "input": [
              "YASH"
            ],
            "keepers": null,
            "result": [
              "YASH"
            ],
            "result_count": null,
            "seed": null
          },
          "sensitive_attributes": [],
          "private": "bnVsbA=="
        },
        {
          "index_key": 8,
          "schema_version": 0,
          "attributes": {
            "id": "-",
            "input": [
              "YASH"
            ],
            "keepers": null,
            "result": [
              "YASH"
            ],
            "result_count": null,
            "seed": null
          },
          "sensitive_attributes": [],
          "private": "bnVsbA=="
        },
        {
          "index_key": 9,
          "schema_version": 0,
          "attributes": {
            "id": "-",
            "input": [
              "YASH"
            ],
            "keepers": null,
            "result": [
              "YASH"
            ],
            "result_count": null,
            "seed": null
          },
          "sensitive_attributes": [],
          "private": "bnVsbA=="
        },
        {
          "index_key": 10,
          "schema_version": 0,
          "attributes": {
            "id": "-",
            "input": [
              "YASH"
            ],
            "keepers": null,
            "result": [
              "YASH"
            ],
            "result_count": null,
            "seed": null
          },
          "sensitive_attributes": [],
          "private": "bnVsbA=="
        },
        {
          "index_key": 11,
          "schema_version": 0,
          "attributes": {
            "id": "-",
            "input": [
              "YASH"
            ],
            "keepers": null,
            "result": [
              "YASH"
            ],
            "result_count": null,
            "seed": null
          },
          "sensitive_attributes": [],
          "private": "bnVsbA=="
        },
        {
          "index_key": 12,
          "schema_version": 0,
          "attributes": {
            "id": "-",
            "input": [
              "YASH"
            ],
            "keepers": null,
            "result": [
              "YASH"
            ],
            "result_count": null,
            "seed": null
          },
          "sensitive_attributes": [],
          "private": "bnVsbA=="
        },
        {
          "index_key": 13,
          "schema_version": 0,
          "attributes": {
            "id": "-",
            "input": [
              "YASH"
            ],
            "keepers": null,
            "result": [
              "YASH"
            ],
            "result_count": null,
            "seed": null
          },
          "sensitive_attributes": [],
          "private": "bnVsbA=="
        },
        {
          "index_key": 14,
          "schema_version": 0,
          "attributes": {
            "id": "-",
            "input": [
              "YASH"
            ],
            "keepers": null,
            "result": [
              "YASH"
            ],
            "result_count": null,
            "seed": null
          },
          "sensitive_attributes": [],
          "private": "bnVsbA=="
        },
        {
          "index_key": 15,
          "schema_version": 0,
          "attributes": {
            "id": "-",
            "input": [
              "YASH"
            ],
            "keepers": null,
            "result": [
              "YASH"
            ],
            "result_count": null,
            "seed": null
          },
          "sensitive_attributes": [],
          "private": "bnVsbA=="
        },
        {
          "index_key": 16,
          "schema_version": 0,
          "attributes": {
            "id": "-",
            "input": [
              "YASH"
            ],
            "keepers": null,
            "result": [
              "YASH"
            ],
            "result_count": null,
            "seed": null
          },
          "sensitive_attributes": [],
          "private": "bnVsbA=="
        },
        {
          "index_key": 17,
          "schema_version": 0,
          "attributes": {
            "id": "-",
            "input": [
              "YASH"
            ],
            "keepers": null,
            "result": [
              "YASH"
            ],
            "result_count": null,
            "seed": null
          },
          "sensitive_attributes": [],
          "private": "bnVsbA=="
        },
        {
          "index_key": 18,
          "schema_version": 0,
          "attributes": {
            "id": "-",
            "input": [
              "YASH"
            ],
            "keepers": null,
            "result": [
              "YASH"
            ],
            "result_count": null,
            "seed": null
          },
          "sensitive_attributes": [],
          "private": "bnVsbA=="
        },
        {
          "index_key": 19,
          "schema_version": 0,
          "attributes": {
            "id": "-",
            "input": [
              "YASH"
            ],
            "keepers": null,
            "result": [
              "YASH"
            ],
            "result_count": null,
            "seed": null
          },
          "sensitive_attributes": [],
          "private": "bnVsbA=="
        },
        {
          "index_key": 20,
          "schema_version": 0,
          "attributes": {
            "id": "-",
            "input": [
              "YASH"
            ],
            "keepers": null,
            "result": [
              "YASH"
            ],
            "result_count": null,
            "seed": null
          },
          "sensitive_attributes": [],
          "private": "bnVsbA=="
        },
        {
          "index_key": 21,
          "schema_version": 0,
          "attributes": {
            "id": "-",
            "input": [
              "YASH"
            ],
            "keepers": null,
            "result": [
              "YASH"
            ],
            "result_count": null,
            "seed": null
          },
          "sensitive_attributes": [],
          "private": "bnVsbA=="
        },
        {
          "index_key": 22,
          "schema_version": 0,
          "attributes": {
            "id": "-",
            "input": [
              "YASH"
            ],
            "keepers": null,
            "result": [
              "YASH"
            ],
            "result_count": null,
            "seed": null
          },
          "sensitive_attributes": [],
          "private": "bnVsbA=="
        },
        {
          "index_key": 23,
          "schema_version": 0,
          "attributes": {
            "id": "-",
            "input": [
              "YASH"
            ],
            "keepers": null,
            "result": [
              "YASH"
            ],
            "result_count": null,
            "seed": null
          },
          "sensitive_attributes": [],
          "private": "bnVsbA=="
        },
        {
          "index_key": 24,
          "schema_version": 0,
          "attributes": {
            "id": "-",
            "input": [
              "YASH"
            ],
            "keepers": null,
            "result": [
              "YASH"
            ],
            "result_count": null,
            "seed": null
          },
          "sensitive_attributes": [],
          "private": "bnVsbA=="
        },
        {
          "index_key": 25,
          "schema_version": 0,
          "attributes": {
            "id": "-",
            "input": [
              "YASH"
            ],
            "keepers": null,
            "result": [
              "YASH"
            ],
            "result_count": null,
            "seed": null
          },
          "sensitive_attributes": [],
          "private": "bnVsbA=="
        },
        {
          "index_key": 26,
          "schema_version": 0,
          "attributes": {
            "id": "-",
            "input": [
              "YASH"
            ],
            "keepers": null,
            "result": [
              "YASH"
            ],
            "result_count": null,
            "seed": null
          },
          "sensitive_attributes": [],
          "private": "bnVsbA=="
        },
        {
          "index_key": 27,
          "schema_version": 0,
          "attributes": {
            "id": "-",
            "input": [
              "YASH"
            ],
            "keepers": null,
            "result": [
              "YASH"
            ],
            "result_count": null,
            "seed": null
          },
          "sensitive_attributes": [],
          "private": "bnVsbA=="
        },
        {
          "index_key": 28,
          "schema_version": 0,
          "attributes": {
            "id": "-",
            "input": [
              "YASH"
            ],
            "keepers": null,
            "result": [
              "YASH"
            ],
            "result_count": null,
            "seed": null
          },
          "sensitive_attributes": [],
          "private": "bnVsbA=="
        },
        {
          "index_key": 29,
          "schema_version": 0,
          "attributes": {
            "id": "-",
            "input": [
              "YASH"
            ],
            "keepers": null,
            "result": [
              "YASH"
            ],
            "result_count": null,
            "seed": null
          },
          "sensitive_attributes": [],
          "private": "bnVsbA=="
        },
        {
          "index_key": 30,
          "schema_version": 0,
          "attributes": {
            "id": "-",
            "input": [
              "YASH"
            ],
            "keepers": null,
            "result": [
              "YASH"
            ],
            "result_count": null,
            "seed": null
          },
          "sensitive_attributes": [],
          "private": "bnVsbA=="
        },
        {
          "index_key": 31,
          "schema_version": 0,
          "attributes": {
            "id": "-",
            "input": [
              "YASH"
            ],
            "keepers": null,
            "result": [
              "YASH"
            ],
            "result_count": null,
            "seed": null
          },
          "sensitive_attributes": [],
          "private": "bnVsbA=="
        },
        {
          "index_key": 32,
          "schema_version": 0,
          "attributes": {
            "id": "-",
            "input": [
              "YASH"
            ],
            "keepers": null,
            "result": [
              "YASH"
            ],
            "result_count": null,
            "seed": null
          },
          "sensitive_attributes": [],
          "private": "bnVsbA=="
        },
        {
          "index_key": 33,
          "schema_version": 0,
          "attributes": {
            "id": "-",
            "input": [
              "YASH"
            ],
            "keepers": null,
            "result": [
              "YASH"
            ],
            "result_count": null,
            "seed": null
          },
          "sensitive_attributes": [],
          "private": "bnVsbA=="
        },
        {
          "index_key": 34,
          "schema_version": 0,
          "attributes": {
            "id": "-",
            "input": [
              "YASH"
            ],
            "keepers": null,
            "result": [
              "YASH"
            ],
            "result_count": null,
            "seed": null
          },
          "sensitive_attributes": [],
          "private": "bnVsbA=="
        },
        {
          "index_key": 35,
          "schema_version": 0,
          "attributes": {
            "id": "-",
            "input": [
              "YASH"
            ],
            "keepers": null,
            "result": [
              "YASH"
            ],
            "result_count": null,
            "seed": null
          },
          "sensitive_attributes": [],
          "private": "bnVsbA=="
        },
        {
          "index_key": 36,
          "schema_version": 0,
          "attributes": {
            "id": "-",
            "input": [
              "YASH"
            ],
            "keepers": null,
            "result": [
              "YASH"
            ],
            "result_count": null,
            "seed": null
          },
          "sensitive_attributes": [],
          "private": "bnVsbA=="
        },
        {
          "index_key": 37,
          "schema_version": 0,
          "attributes": {
            "id": "-",
            "input": [
              "YASH"
            ],
            "keepers": null,
            "result": [
              "YASH"
            ],
            "result_count": null,
            "seed": null
          },
          "sensitive_attributes": [],
          "private": "bnVsbA=="
        },
        {
          "index_key": 38,
          "schema_version": 0,
          "attributes": {
            "id": "-",
            "input": [
              "YASH"
            ],
            "keepers": null,
            "result": [
              "YASH"
            ],
            "result_count": null,
            "seed": null
          },
          "sensitive_attributes": [],
          "private": "bnVsbA=="
        },
        {
          "index_key": 39,
          "schema_version": 0,
          "attributes": {
            "id": "-",
            "input": [
              "YASH"
            ],
            "keepers": null,
            "result": [
              "YASH"
            ],
            "result_count": null,
            "seed": null
          },
          "sensitive_attributes": [],
          "private": "bnVsbA=="
        },
        {
          "index_key": 40,
          "schema_version": 0,
          "attributes": {
            "id": "-",
            "input": [
              "YASH"
            ],
            "keepers": null,
            "result": [
              "YASH"
            ],
            "result_count": null,
            "seed": null
          },
          "sensitive_attributes": [],
          "private": "bnVsbA=="
        },
        {
          "index_key": 41,
          "schema_version": 0,
          "attributes": {
            "id": "-",
            "input": [
              "YASH"
            ],
            "keepers": null,
            "result": [
              "YASH"
            ],
            "result_count": null,
            "seed": null
          },
          "sensitive_attributes": [],
          "private": "bnVsbA=="
        },
        {
          "index_key": 42,
          "schema_version": 0,
          "attributes": {
            "id": "-",
            "input": [
              "YASH"
            ],
            "keepers": null,
            "result": [
              "YASH"
            ],
            "result_count": null,
            "seed": null
          },
          "sensitive_attributes": [],
          "private": "bnVsbA=="
        },
        {
          "index_key": 43,
          "schema_version": 0,
          "attributes": {
            "id": "-",
            "input": [
              "YASH"
            ],
            "keepers": null,
            "result": [
              "YASH"
            ],
            "result_count": null,
            "seed": null
          },
          "sensitive_attributes": [],
          "private": "bnVsbA=="
        },
        {
          "index_key": 44,
          "schema_version": 0,
          "attributes": {
            "id": "-",
            "input": [
              "YASH"
            ],
            "keepers": null,
            "result": [
              "YASH"
            ],
            "result_count": null,
            "seed": null
          },
          "sensitive_attributes": [],
          "private": "bnVsbA=="
        },
        {
          "index_key": 45,
          "schema_version": 0,
          "attributes": {
            "id": "-",
            "input": [
              "YASH"
            ],
            "keepers": null,
            "result": [
              "YASH"
            ],
            "result_count": null,
            "seed": null
          },
          "sensitive_attributes": [],
          "private": "bnVsbA=="
        },
        {
          "index_key": 46,
          "schema_version": 0,
          "attributes": {
            "id": "-",
            "input": [
              "YASH"
            ],
            "keepers": null,
            "result": [
              "YASH"
            ],
            "result_count": null,
            "seed": null
          },
          "sensitive_attributes": [],
          "private": "bnVsbA=="
        },
        {
          "index_key": 47,
          "schema_version": 0,
          "attributes": {
            "id": "-",
            "input": [
              "YASH"
            ],
            "keepers": null,
            "result": [
              "YASH"
            ],
            "result_count": null,
            "seed": null
          },
          "sensitive_attributes": [],
          "private": "bnVsbA=="
        },
        {
          "index_key": 48,
          "schema_version": 0,
          "attributes": {
            "id": "-",
            "input": [
              "YASH"
            ],
            "keepers": null,
            "result": [
              "YASH"
            ],
            "result_count": null,
            "seed": null
          },
          "sensitive_attributes": [],
          "private": "bnVsbA=="
        },
        {
          "index_key": 49,
          "schema_version": 0,
          "attributes": {
            "id": "-",
            "input": [
              "YASH"
            ],
            "keepers": null,
            "result": [
              "YASH"
            ],
            "result_count": null,
            "seed": null
          },
          "sensitive_attributes": [],
          "private": "bnVsbA=="
        },
        {
          "index_key": 50,
          "schema_version": 0,
          "attributes": {
            "id": "-",
            "input": [
              "YASH"
            ],
            "keepers": null,
            "result": [
              "YASH"
            ],
            "result_count": null,
            "seed": null
          },
          "sensitive_attributes": [],
          "private": "bnVsbA=="
        },
        {
          "index_key": 51,
          "schema_version": 0,
          "attributes": {
            "id": "-",
            "input": [
              "YASH"
            ],
            "keepers": null,
            "result": [
              "YASH"
            ],
            "result_count": null,
            "seed": null
          },
          "sensitive_attributes": [],
          "private": "bnVsbA=="
        },
        {
          "index_key": 52,
          "schema_version": 0,
          "attributes": {
            "id": "-",
            "input": [
              "YASH"
            ],
            "keepers": null,
            "result": [
              "YASH"
            ],
            "result_count": null,
            "seed": null
          },
          "sensitive_attributes": [],
          "private": "bnVsbA=="
        },
        {
          "index_key": 53,
          "schema_version": 0,
          "attributes": {
            "id": "-",
            "input": [
              "YASH"
            ],
            "keepers": null,
            "result": [
              "YASH"
            ],
            "result_count": null,
            "seed": null
          },
          "sensitive_attributes": [],
          "private": "bnVsbA=="
        },
        {
          "index_key": 54,
          "schema_version": 0,
          "attributes": {
            "id": "-",
            "input": [
              "YASH"
            ],
            "keepers": null,
            "result": [
              "YASH"
            ],
            "result_count": null,
            "seed": null
          },
          "sensitive_attributes": [],
          "private": "bnVsbA=="
        },
        {
          "index_key": 55,
          "schema_version": 0,
          "attributes": {
            "id": "-",
            "input": [
              "YASH"
            ],
            "keepers": null,
            "result": [
              "YASH"
            ],
            "result_count": null,
            "seed": null
          },
          "sensitive_attributes": [],
          "private": "bnVsbA=="
        },
        {
          "index_key": 56,
          "schema_version": 0,
          "attributes": {
            "id": "-",
            "input": [
              "YASH"
            ],
            "keepers": null,
            "result": [
              "YASH"
            ],
            "result_count": null,
            "seed": null
          },
          "sensitive_attributes": [],
          "private": "bnVsbA=="
        },
        {
          "index_key": 57,
          "schema_version": 0,
          "attributes": {
            "id": "-",
            "input": [
              "YASH"
            ],
            "keepers": null,
            "result": [
              "YASH"
            ],
            "result_count": null,
            "seed": null
          },
          "sensitive_attributes": [],
          "private": "bnVsbA=="
        },
        {
          "index_key": 58,
          "schema_version": 0,
          "attributes": {
            "id": "-",
            "input": [
              "YASH"
            ],
            "keepers": null,
            "result": [
              "YASH"
            ],
            "result_count": null,
            "seed": null
          },
          "sensitive_attributes": [],
          "private": "bnVsbA=="
        },
        {
          "index_key": 59,
          "schema_version": 0,
          "attributes": {
            "id": "-",
            "input": [
              "YASH"
            ],
            "keepers": null,
            "result": [
              "YASH"
            ],
            "result_count": null,
            "seed": null
          },
          "sensitive_attributes": [],
          "private": "bnVsbA=="
        },
        {
          "index_key": 60,
          "schema_version": 0,
          "attributes": {
            "id": "-",
            "input": [
              "YASH"
            ],
            "keepers": null,
            "result": [
              "YASH"
            ],
            "result_count": null,
            "seed": null
          },
          "sensitive_attributes": [],
          "private": "bnVsbA=="
        },
        {
          "index_key": 61,
          "schema_version": 0,
          "attributes": {
            "id": "-",
            "input": [
              "YASH"
            ],
            "keepers": null,
            "result": [
              "YASH"
            ],
            "result_count": null,
            "seed": null
          },
          "sensitive_attributes": [],
          "private": "bnVsbA=="
        },
        {
          "index_key": 62,
          "schema_version": 0,
          "attributes": {
            "id": "-",
            "input": [
              "YASH"
            ],
            "keepers": null,
            "result": [
              "YASH"
            ],
            "result_count": null,
            "seed": null
          },
          "sensitive_attributes": [],
          "private": "bnVsbA=="
        },
        {
          "index_key": 63,
          "schema_version": 0,
          "attributes": {
            "id": "-",
            "input": [
              "YASH"
            ],
            "keepers": null,
            "result": [
              "YASH"
            ],
            "result_count": null,
            "seed": null
          },
          "sensitive_attributes": [],
          "private": "bnVsbA=="
        },
        {
          "index_key": 64,
          "schema_version": 0,
          "attributes": {
            "id": "-",
            "input": [
              "YASH"
            ],
            "keepers": null,
            "result": [
              "YASH"
            ],
            "result_count": null,
            "seed": null
          },
          "sensitive_attributes": [],
          "private": "bnVsbA=="
        },
        {
          "index_key": 65,
          "schema_version": 0,
          "attributes": {
            "id": "-",
            "input": [
              "YASH"
            ],
            "keepers": null,
            "result": [
              "YASH"
            ],
            "result_count": null,
            "seed": null
          },
          "sensitive_attributes": [],
          "private": "bnVsbA=="
        },
        {
          "index_key": 66,
          "schema_version": 0,
          "attributes": {
            "id": "-",
            "input": [
              "YASH"
            ],
            "keepers": null,
            "result": [
              "YASH"
            ],
            "result_count": null,
            "seed": null
          },
          "sensitive_attributes": [],
          "private": "bnVsbA=="
        },
        {
          "index_key": 67,
          "schema_version": 0,
          "attributes": {
            "id": "-",
            "input": [
              "YASH"
            ],
            "keepers": null,
            "result": [
              "YASH"
            ],
            "result_count": null,
            "seed": null
          },
          "sensitive_attributes": [],
          "private": "bnVsbA=="
        },
        {
          "index_key": 68,
          "schema_version": 0,
          "attributes": {
            "id": "-",
            "input": [
              "YASH"
            ],
            "keepers": null,
            "result": [
              "YASH"
            ],
            "result_count": null,
            "seed": null
          },
          "sensitive_attributes": [],
          "private": "bnVsbA=="
        },
        {
          "index_key": 69,
          "schema_version": 0,
          "attributes": {
            "id": "-",
            "input": [
              "YASH"
            ],
            "keepers": null,
            "result": [
              "YASH"
            ],
            "result_count": null,
            "seed": null
          },
          "sensitive_attributes": [],
          "private": "bnVsbA=="
        },
        {
          "index_key": 70,
          "schema_version": 0,
          "attributes": {
            "id": "-",
            "input": [
              "YASH"
            ],
            "keepers": null,
            "result": [
              "YASH"
            ],
            "result_count": null,
            "seed": null
          },
          "sensitive_attributes": [],
          "private": "bnVsbA=="
        },
        {
          "index_key": 71,
          "schema_version": 0,
          "attributes": {
            "id": "-",
            "input": [
              "YASH"
            ],
            "keepers": null,
            "result": [
              "YASH"
            ],
            "result_count": null,
            "seed": null
          },
          "sensitive_attributes": [],
          "private": "bnVsbA=="
        },
        {
          "index_key": 72,
          "schema_version": 0,
          "attributes": {
            "id": "-",
            "input": [
              "YASH"
            ],
            "keepers": null,
            "result": [
              "YASH"
            ],
            "result_count": null,
            "seed": null
          },
          "sensitive_attributes": [],
          "private": "bnVsbA=="
        },
        {
          "index_key": 73,
          "schema_version": 0,
          "attributes": {
            "id": "-",
            "input": [
              "YASH"
            ],
            "keepers": null,
            "result": [
              "YASH"
            ],
            "result_count": null,
            "seed": null
          },
          "sensitive_attributes": [],
          "private": "bnVsbA=="
        },
        {
          "index_key": 74,
          "schema_version": 0,
          "attributes": {
            "id": "-",
            "input": [
              "YASH"
            ],
            "keepers": null,
            "result": [
              "YASH"
            ],
            "result_count": null,
            "seed": null
          },
          "sensitive_attributes": [],
          "private": "bnVsbA=="
        },
        {
          "index_key": 75,
          "schema_version": 0,
          "attributes": {
            "id": "-",
            "input": [
              "YASH"
            ],
            "keepers": null,
            "result": [
              "YASH"
            ],
            "result_count": null,
            "seed": null
          },
          "sensitive_attributes": [],
          "private": "bnVsbA=="
        },
        {
          "index_key": 76,
          "schema_version": 0,
          "attributes": {
            "id": "-",
            "input": [
              "YASH"
            ],
            "keepers": null,
            "result": [
              "YASH"
            ],
            "result_count": null,
            "seed": null
          },
          "sensitive_attributes": [],
          "private": "bnVsbA=="
        },
        {
          "index_key": 77,
          "schema_version": 0,
          "attributes": {
            "id": "-",
            "input": [
              "YASH"
            ],
            "keepers": null,
            "result": [
              "YASH"
            ],
            "result_count": null,
            "seed": null
          },
          "sensitive_attributes": [],
          "private": "bnVsbA=="
        },
        {
          "index_key": 78,
          "schema_version": 0,
          "attributes": {
            "id": "-",
            "input": [
              "YASH"
            ],
            "keepers": null,
            "result": [
              "YASH"
            ],
            "result_count": null,
            "seed": null
          },
          "sensitive_attributes": [],
          "private": "bnVsbA=="
        },
        {
          "index_key": 79,
          "schema_version": 0,
          "attributes": {
            "id": "-",
            "input": [
              "YASH"
            ],
            "keepers": null,
            "result": [
              "YASH"
            ],
            "result_count": null,
            "seed": null
          },
          "sensitive_attributes": [],
          "private": "bnVsbA=="
        },
        {
          "index_key": 80,
          "schema_version": 0,
          "attributes": {
            "id": "-",
            "input": [
              "YASH"
            ],
            "keepers": null,
            "result": [
              "YASH"
            ],
            "result_count": null,
            "seed": null
          },
          "sensitive_attributes": [],
          "private": "bnVsbA=="
        },
        {
          "index_key": 81,
          "schema_version": 0,
          "attributes": {
            "id": "-",
            "input": [
              "YASH"
            ],
            "keepers": null,
            "result": [
              "YASH"
            ],
            "result_count": null,
            "seed": null
          },
          "sensitive_attributes": [],
          "private": "bnVsbA=="
        },
        {
          "index_key": 82,
          "schema_version": 0,
          "attributes": {
            "id": "-",
            "input": [
              "YASH"
            ],
            "keepers": null,
            "result": [
              "YASH"
            ],
            "result_count": null,
            "seed": null
          },
          "sensitive_attributes": [],
          "private": "bnVsbA=="
        },
        {
          "index_key": 83,
          "schema_version": 0,
          "attributes": {
            "id": "-",
            "input": [
              "YASH"
            ],
            "keepers": null,
            "result": [
              "YASH"
            ],
            "result_count": null,
            "seed": null
          },
          "sensitive_attributes": [],
          "private": "bnVsbA=="
        },
        {
          "index_key": 84,
          "schema_version": 0,
          "attributes": {
            "id": "-",
            "input": [
              "YASH"
            ],
            "keepers": null,
            "result": [
              "YASH"
            ],
            "result_count": null,
            "seed": null
          },
          "sensitive_attributes": [],
          "private": "bnVsbA=="
        },
        {
          "index_key": 85,
          "schema_version": 0,
          "attributes": {
            "id": "-",
            "input": [
              "YASH"
            ],
            "keepers": null,
            "result": [
              "YASH"
            ],
            "result_count": null,
            "seed": null
          },
          "sensitive_attributes": [],
          "private": "bnVsbA=="
        },
        {
          "index_key": 86,
          "schema_version": 0,
          "attributes": {
            "id": "-",
            "input": [
              "YASH"
            ],
            "keepers": null,
            "result": [
              "YASH"
            ],
            "result_count": null,
            "seed": null
          },
          "sensitive_attributes": [],
          "private": "bnVsbA=="
        },
        {
          "index_key": 87,
          "schema_version": 0,
          "attributes": {
            "id": "-",
            "input": [
              "YASH"
            ],
            "keepers": null,
            "result": [
              "YASH"
            ],
            "result_count": null,
            "seed": null
          },
          "sensitive_attributes": [],
          "private": "bnVsbA=="
        },
        {
          "index_key": 88,
          "schema_version": 0,
          "attributes": {
            "id": "-",
            "input": [
              "YASH"
            ],
            "keepers": null,
            "result": [
              "YASH"
            ],
            "result_count": null,
            "seed": null
          },
          "sensitive_attributes": [],
          "private": "bnVsbA=="
        },
        {
          "index_key": 89,
          "schema_version": 0,
          "attributes": {
            "id": "-",
            "input": [
              "YASH"
            ],
            "keepers": null,
            "result": [
              "YASH"
            ],
            "result_count": null,
            "seed": null
          },
          "sensitive_attributes": [],
          "private": "bnVsbA=="
        },
        {
          "index_key": 90,
          "schema_version": 0,
          "attributes": {
            "id": "-",
            "input": [
              "YASH"
            ],
            "keepers": null,
            "result": [
              "YASH"
            ],
            "result_count": null,
            "seed": null
          },
          "sensitive_attributes": [],
          "private": "bnVsbA=="
        },
        {
          "index_key": 91,
          "schema_version": 0,
          "attributes": {
            "id": "-",
            "input": [
              "YASH"
            ],
            "keepers": null,
            "result": [
              "YASH"
            ],
            "result_count": null,
            "seed": null
          },
          "sensitive_attributes": [],
          "private": "bnVsbA=="
        },
        {
          "index_key": 92,
          "schema_version": 0,
          "attributes": {
            "id": "-",
            "input": [
              "YASH"
            ],
            "keepers": null,
            "result": [
              "YASH"
            ],
            "result_count": null,
            "seed": null
          },
          "sensitive_attributes": [],
          "private": "bnVsbA=="
        },
        {
          "index_key": 93,
          "schema_version": 0,
          "attributes": {
            "id": "-",
            "input": [
              "YASH"
            ],
            "keepers": null,
            "result": [
              "YASH"
            ],
            "result_count": null,
            "seed": null
          },
          "sensitive_attributes": [],
          "private": "bnVsbA=="
        },
        {
          "index_key": 94,
          "schema_version": 0,
          "attributes": {
            "id": "-",
            "input": [
              "YASH"
            ],
            "keepers": null,
            "result": [
              "YASH"
            ],
            "result_count": null,
            "seed": null
          },
          "sensitive_attributes": [],
          "private": "bnVsbA=="
        },
        {
          "index_key": 95,
          "schema_version": 0,
          "attributes": {
            "id": "-",
            "input": [
              "YASH"
            ],
            "keepers": null,
            "result": [
              "YASH"
            ],
            "result_count": null,
            "seed": null
          },
          "sensitive_attributes": [],
          "private": "bnVsbA=="
        },
        {
          "index_key": 96,
          "schema_version": 0,
          "attributes": {
            "id": "-",
            "input": [
              "YASH"
            ],
            "keepers": null,
            "result": [
              "YASH"
            ],
            "result_count": null,
            "seed": null
          },
          "sensitive_attributes": [],
          "private": "bnVsbA=="
        },
        {
          "index_key": 97,
          "schema_version": 0,
          "attributes": {
            "id": "-",
            "input": [
              "YASH"
            ],
            "keepers": null,
            "result": [
              "YASH"
            ],
            "result_count": null,
            "seed": null
          },
          "sensitive_attributes": [],
          "private": "bnVsbA=="
        },
        {
          "index_key": 98,
          "schema_version": 0,
          "attributes": {
            "id": "-",
            "input": [
              "YASH"
            ],
            "keepers": null,
            "result": [
              "YASH"
            ],
            "result_count": null,
            "seed": null
          },
          "sensitive_attributes": [],
          "private": "bnVsbA=="
        },
        {
          "index_key": 99,
          "schema_version": 0,
          "attributes": {
            "id": "-",
            "input": [
              "YASH"
            ],
            "keepers": null,
            "result": [
              "YASH"
            ],
            "result_count": null,
            "seed": null
          },
          "sensitive_attributes": [],
          "private": "bnVsbA=="
        }
      ]
    },
    {
      "mode": "managed",
      "type": "random_shuffle",
      "name": "random_adverbs",
      "provider": "provider[\"registry.terraform.io/hashicorp/random\"]",
      "instances": [
        {
          "index_key": 0,
          "schema_version": 0,
          "attributes": {
            "id": "-",
            "input": [
              "SHARMA"
            ],
            "keepers": null,
            "result": [
              "SHARMA"
            ],
            "result_count": null,
            "seed": null
          },
          "sensitive_attributes": [],
          "private": "bnVsbA=="
        },
        {
          "index_key": 1,
          "schema_version": 0,
          "attributes": {
            "id": "-",
            "input": [
              "SHARMA"
            ],
            "keepers": null,
            "result": [
              "SHARMA"
            ],
            "result_count": null,
            "seed": null
          },
          "sensitive_attributes": [],
          "private": "bnVsbA=="
        },
        {
          "index_key": 2,
          "schema_version": 0,
          "attributes": {
            "id": "-",
            "input": [
              "SHARMA"
            ],
            "keepers": null,
            "result": [
              "SHARMA"
            ],
            "result_count": null,
            "seed": null
          },
          "sensitive_attributes": [],
          "private": "bnVsbA=="
        },
        {
          "index_key": 3,
          "schema_version": 0,
          "attributes": {
            "id": "-",
            "input": [
              "SHARMA"
            ],
            "keepers": null,
            "result": [
              "SHARMA"
            ],
            "result_count": null,
            "seed": null
          },
          "sensitive_attributes": [],
          "private": "bnVsbA=="
        },
        {
          "index_key": 4,
          "schema_version": 0,
          "attributes": {
            "id": "-",
            "input": [
              "SHARMA"
            ],
            "keepers": null,
            "result": [
              "SHARMA"
            ],
            "result_count": null,
            "seed": null
          },
          "sensitive_attributes": [],
          "private": "bnVsbA=="
        },
        {
          "index_key": 5,
          "schema_version": 0,
          "attributes": {
            "id": "-",
            "input": [
              "SHARMA"
            ],
            "keepers": null,
            "result": [
              "SHARMA"
            ],
            "result_count": null,
            "seed": null
          },
          "sensitive_attributes": [],
          "private": "bnVsbA=="
        },
        {
          "index_key": 6,
          "schema_version": 0,
          "attributes": {
            "id": "-",
            "input": [
              "SHARMA"
            ],
            "keepers": null,
            "result": [
              "SHARMA"
            ],
            "result_count": null,
            "seed": null
          },
          "sensitive_attributes": [],
          "private": "bnVsbA=="
        },
        {
          "index_key": 7,
          "schema_version": 0,
          "attributes": {
            "id": "-",
            "input": [
              "SHARMA"
            ],
            "keepers": null,
            "result": [
              "SHARMA"
            ],
            "result_count": null,
            "seed": null
          },
          "sensitive_attributes": [],
          "private": "bnVsbA=="
        },
        {
          "index_key": 8,
          "schema_version": 0,
          "attributes": {
            "id": "-",
            "input": [
              "SHARMA"
            ],
            "keepers": null,
            "result": [
              "SHARMA"
            ],
            "result_count": null,
            "seed": null
          },
          "sensitive_attributes": [],
          "private": "bnVsbA=="
        },
        {
          "index_key": 9,
          "schema_version": 0,
          "attributes": {
            "id": "-",
            "input": [
              "SHARMA"
            ],
            "keepers": null,
            "result": [
              "SHARMA"
            ],
            "result_count": null,
            "seed": null
          },
          "sensitive_attributes": [],
          "private": "bnVsbA=="
        },
        {
          "index_key": 10,
          "schema_version": 0,
          "attributes": {
            "id": "-",
            "input": [
              "SHARMA"
            ],
            "keepers": null,
            "result": [
              "SHARMA"
            ],
            "result_count": null,
            "seed": null
          },
          "sensitive_attributes": [],
          "private": "bnVsbA=="
        },
        {
          "index_key": 11,
          "schema_version": 0,
          "attributes": {
            "id": "-",
            "input": [
              "SHARMA"
            ],
            "keepers": null,
            "result": [
              "SHARMA"
            ],
            "result_count": null,
            "seed": null
          },
          "sensitive_attributes": [],
          "private": "bnVsbA=="
        },
        {
          "index_key": 12,
          "schema_version": 0,
          "attributes": {
            "id": "-",
            "input": [
              "SHARMA"
            ],
            "keepers": null,
            "result": [
              "SHARMA"
            ],
            "result_count": null,
            "seed": null
          },
          "sensitive_attributes": [],
          "private": "bnVsbA=="
        },
        {
          "index_key": 13,
          "schema_version": 0,
          "attributes": {
            "id": "-",
            "input": [
              "SHARMA"
            ],
            "keepers": null,
            "result": [
              "SHARMA"
            ],
            "result_count": null,
            "seed": null
          },
          "sensitive_attributes": [],
          "private": "bnVsbA=="
        },
        {
          "index_key": 14,
          "schema_version": 0,
          "attributes": {
            "id": "-",
            "input": [
              "SHARMA"
            ],
            "keepers": null,
            "result": [
              "SHARMA"
            ],
            "result_count": null,
            "seed": null
          },
          "sensitive_attributes": [],
          "private": "bnVsbA=="
        },
        {
          "index_key": 15,
          "schema_version": 0,
          "attributes": {
            "id": "-",
            "input": [
              "SHARMA"
            ],
            "keepers": null,
            "result": [
              "SHARMA"
            ],
            "result_count": null,
            "seed": null
          },
          "sensitive_attributes": [],
          "private": "bnVsbA=="
        },
        {
          "index_key": 16,
          "schema_version": 0,
          "attributes": {
            "id": "-",
            "input": [
              "SHARMA"
            ],
            "keepers": null,
            "result": [
              "SHARMA"
            ],
            "result_count": null,
            "seed": null
          },
          "sensitive_attributes": [],
          "private": "bnVsbA=="
        },
        {
          "index_key": 17,
          "schema_version": 0,
          "attributes": {
            "id": "-",
            "input": [
              "SHARMA"
            ],
            "keepers": null,
            "result": [
              "SHARMA"
            ],
            "result_count": null,
            "seed": null
          },
          "sensitive_attributes": [],
          "private": "bnVsbA=="
        },
        {
          "index_key": 18,
          "schema_version": 0,
          "attributes": {
            "id": "-",
            "input": [
              "SHARMA"
            ],
            "keepers": null,
            "result": [
              "SHARMA"
            ],
            "result_count": null,
            "seed": null
          },
          "sensitive_attributes": [],
          "private": "bnVsbA=="
        },
        {
          "index_key": 19,
          "schema_version": 0,
          "attributes": {
            "id": "-",
            "input": [
              "SHARMA"
            ],
            "keepers": null,
            "result": [
              "SHARMA"
            ],
            "result_count": null,
            "seed": null
          },
          "sensitive_attributes": [],
          "private": "bnVsbA=="
        },
        {
          "index_key": 20,
          "schema_version": 0,
          "attributes": {
            "id": "-",
            "input": [
              "SHARMA"
            ],
            "keepers": null,
            "result": [
              "SHARMA"
            ],
            "result_count": null,
            "seed": null
          },
          "sensitive_attributes": [],
          "private": "bnVsbA=="
        },
        {
          "index_key": 21,
          "schema_version": 0,
          "attributes": {
            "id": "-",
            "input": [
              "SHARMA"
            ],
            "keepers": null,
            "result": [
              "SHARMA"
            ],
            "result_count": null,
            "seed": null
          },
          "sensitive_attributes": [],
          "private": "bnVsbA=="
        },
        {
          "index_key": 22,
          "schema_version": 0,
          "attributes": {
            "id": "-",
            "input": [
              "SHARMA"
            ],
            "keepers": null,
            "result": [
              "SHARMA"
            ],
            "result_count": null,
            "seed": null
          },
          "sensitive_attributes": [],
          "private": "bnVsbA=="
        },
        {
          "index_key": 23,
          "schema_version": 0,
          "attributes": {
            "id": "-",
            "input": [
              "SHARMA"
            ],
            "keepers": null,
            "result": [
              "SHARMA"
            ],
            "result_count": null,
            "seed": null
          },
          "sensitive_attributes": [],
          "private": "bnVsbA=="
        },
        {
          "index_key": 24,
          "schema_version": 0,
          "attributes": {
            "id": "-",
            "input": [
              "SHARMA"
            ],
            "keepers": null,
            "result": [
              "SHARMA"
            ],
            "result_count": null,
            "seed": null
          },
          "sensitive_attributes": [],
          "private": "bnVsbA=="
        },
        {
          "index_key": 25,
          "schema_version": 0,
          "attributes": {
            "id": "-",
            "input": [
              "SHARMA"
            ],
            "keepers": null,
            "result": [
              "SHARMA"
            ],
            "result_count": null,
            "seed": null
          },
          "sensitive_attributes": [],
          "private": "bnVsbA=="
        },
        {
          "index_key": 26,
          "schema_version": 0,
          "attributes": {
            "id": "-",
            "input": [
              "SHARMA"
            ],
            "keepers": null,
            "result": [
              "SHARMA"
            ],
            "result_count": null,
            "seed": null
          },
          "sensitive_attributes": [],
          "private": "bnVsbA=="
        },
        {
          "index_key": 27,
          "schema_version": 0,
          "attributes": {
            "id": "-",
            "input": [
              "SHARMA"
            ],
            "keepers": null,
            "result": [
              "SHARMA"
            ],
            "result_count": null,
            "seed": null
          },
          "sensitive_attributes": [],
          "private": "bnVsbA=="
        },
        {
          "index_key": 28,
          "schema_version": 0,
          "attributes": {
            "id": "-",
            "input": [
              "SHARMA"
            ],
            "keepers": null,
            "result": [
              "SHARMA"
            ],
            "result_count": null,
            "seed": null
          },
          "sensitive_attributes": [],
          "private": "bnVsbA=="
        },
        {
          "index_key": 29,
          "schema_version": 0,
          "attributes": {
            "id": "-",
            "input": [
              "SHARMA"
            ],
            "keepers": null,
            "result": [
              "SHARMA"
            ],
            "result_count": null,
            "seed": null
          },
          "sensitive_attributes": [],
          "private": "bnVsbA=="
        },
        {
          "index_key": 30,
          "schema_version": 0,
          "attributes": {
            "id": "-",
            "input": [
              "SHARMA"
            ],
            "keepers": null,
            "result": [
              "SHARMA"
            ],
            "result_count": null,
            "seed": null
          },
          "sensitive_attributes": [],
          "private": "bnVsbA=="
        },
        {
          "index_key": 31,
          "schema_version": 0,
          "attributes": {
            "id": "-",
            "input": [
              "SHARMA"
            ],
            "keepers": null,
            "result": [
              "SHARMA"
            ],
            "result_count": null,
            "seed": null
          },
          "sensitive_attributes": [],
          "private": "bnVsbA=="
        },
        {
          "index_key": 32,
          "schema_version": 0,
          "attributes": {
            "id": "-",
            "input": [
              "SHARMA"
            ],
            "keepers": null,
            "result": [
              "SHARMA"
            ],
            "result_count": null,
            "seed": null
          },
          "sensitive_attributes": [],
          "private": "bnVsbA=="
        },
        {
          "index_key": 33,
          "schema_version": 0,
          "attributes": {
            "id": "-",
            "input": [
              "SHARMA"
            ],
            "keepers": null,
            "result": [
              "SHARMA"
            ],
            "result_count": null,
            "seed": null
          },
          "sensitive_attributes": [],
          "private": "bnVsbA=="
        },
        {
          "index_key": 34,
          "schema_version": 0,
          "attributes": {
            "id": "-",
            "input": [
              "SHARMA"
            ],
            "keepers": null,
            "result": [
              "SHARMA"
            ],
            "result_count": null,
            "seed": null
          },
          "sensitive_attributes": [],
          "private": "bnVsbA=="
        },
        {
          "index_key": 35,
          "schema_version": 0,
          "attributes": {
            "id": "-",
            "input": [
              "SHARMA"
            ],
            "keepers": null,
            "result": [
              "SHARMA"
            ],
            "result_count": null,
            "seed": null
          },
          "sensitive_attributes": [],
          "private": "bnVsbA=="
        },
        {
          "index_key": 36,
          "schema_version": 0,
          "attributes": {
            "id": "-",
            "input": [
              "SHARMA"
            ],
            "keepers": null,
            "result": [
              "SHARMA"
            ],
            "result_count": null,
            "seed": null
          },
          "sensitive_attributes": [],
          "private": "bnVsbA=="
        },
        {
          "index_key": 37,
          "schema_version": 0,
          "attributes": {
            "id": "-",
            "input": [
              "SHARMA"
            ],
            "keepers": null,
            "result": [
              "SHARMA"
            ],
            "result_count": null,
            "seed": null
          },
          "sensitive_attributes": [],
          "private": "bnVsbA=="
        },
        {
          "index_key": 38,
          "schema_version": 0,
          "attributes": {
            "id": "-",
            "input": [
              "SHARMA"
            ],
            "keepers": null,
            "result": [
              "SHARMA"
            ],
            "result_count": null,
            "seed": null
          },
          "sensitive_attributes": [],
          "private": "bnVsbA=="
        },
        {
          "index_key": 39,
          "schema_version": 0,
          "attributes": {
            "id": "-",
            "input": [
              "SHARMA"
            ],
            "keepers": null,
            "result": [
              "SHARMA"
            ],
            "result_count": null,
            "seed": null
          },
          "sensitive_attributes": [],
          "private": "bnVsbA=="
        },
        {
          "index_key": 40,
          "schema_version": 0,
          "attributes": {
            "id": "-",
            "input": [
              "SHARMA"
            ],
            "keepers": null,
            "result": [
              "SHARMA"
            ],
            "result_count": null,
            "seed": null
          },
          "sensitive_attributes": [],
          "private": "bnVsbA=="
        },
        {
          "index_key": 41,
          "schema_version": 0,
          "attributes": {
            "id": "-",
            "input": [
              "SHARMA"
            ],
            "keepers": null,
            "result": [
              "SHARMA"
            ],
            "result_count": null,
            "seed": null
          },
          "sensitive_attributes": [],
          "private": "bnVsbA=="
        },
        {
          "index_key": 42,
          "schema_version": 0,
          "attributes": {
            "id": "-",
            "input": [
              "SHARMA"
            ],
            "keepers": null,
            "result": [
              "SHARMA"
            ],
            "result_count": null,
            "seed": null
          },
          "sensitive_attributes": [],
          "private": "bnVsbA=="
        },
        {
          "index_key": 43,
          "schema_version": 0,
          "attributes": {
            "id": "-",
            "input": [
              "SHARMA"
            ],
            "keepers": null,
            "result": [
              "SHARMA"
            ],
            "result_count": null,
            "seed": null
          },
          "sensitive_attributes": [],
          "private": "bnVsbA=="
        },
        {
          "index_key": 44,
          "schema_version": 0,
          "attributes": {
            "id": "-",
            "input": [
              "SHARMA"
            ],
            "keepers": null,
            "result": [
              "SHARMA"
            ],
            "result_count": null,
            "seed": null
          },
          "sensitive_attributes": [],
          "private": "bnVsbA=="
        },
        {
          "index_key": 45,
          "schema_version": 0,
          "attributes": {
            "id": "-",
            "input": [
              "SHARMA"
            ],
            "keepers": null,
            "result": [
              "SHARMA"
            ],
            "result_count": null,
            "seed": null
          },
          "sensitive_attributes": [],
          "private": "bnVsbA=="
        },
        {
          "index_key": 46,
          "schema_version": 0,
          "attributes": {
            "id": "-",
            "input": [
              "SHARMA"
            ],
            "keepers": null,
            "result": [
              "SHARMA"
            ],
            "result_count": null,
            "seed": null
          },
          "sensitive_attributes": [],
          "private": "bnVsbA=="
        },
        {
          "index_key": 47,
          "schema_version": 0,
          "attributes": {
            "id": "-",
            "input": [
              "SHARMA"
            ],
            "keepers": null,
            "result": [
              "SHARMA"
            ],
            "result_count": null,
            "seed": null
          },
          "sensitive_attributes": [],
          "private": "bnVsbA=="
        },
        {
          "index_key": 48,
          "schema_version": 0,
          "attributes": {
            "id": "-",
            "input": [
              "SHARMA"
            ],
            "keepers": null,
            "result": [
              "SHARMA"
            ],
            "result_count": null,
            "seed": null
          },
          "sensitive_attributes": [],
          "private": "bnVsbA=="
        },
        {
          "index_key": 49,
          "schema_version": 0,
          "attributes": {
            "id": "-",
            "input": [
              "SHARMA"
            ],
            "keepers": null,
            "result": [
              "SHARMA"
            ],
            "result_count": null,
            "seed": null
          },
          "sensitive_attributes": [],
          "private": "bnVsbA=="
        },
        {
          "index_key": 50,
          "schema_version": 0,
          "attributes": {
            "id": "-",
            "input": [
              "SHARMA"
            ],
            "keepers": null,
            "result": [
              "SHARMA"
            ],
            "result_count": null,
            "seed": null
          },
          "sensitive_attributes": [],
          "private": "bnVsbA=="
        },
        {
          "index_key": 51,
          "schema_version": 0,
          "attributes": {
            "id": "-",
            "input": [
              "SHARMA"
            ],
            "keepers": null,
            "result": [
              "SHARMA"
            ],
            "result_count": null,
            "seed": null
          },
          "sensitive_attributes": [],
          "private": "bnVsbA=="
        },
        {
          "index_key": 52,
          "schema_version": 0,
          "attributes": {
            "id": "-",
            "input": [
              "SHARMA"
            ],
            "keepers": null,
            "result": [
              "SHARMA"
            ],
            "result_count": null,
            "seed": null
          },
          "sensitive_attributes": [],
          "private": "bnVsbA=="
        },
        {
          "index_key": 53,
          "schema_version": 0,
          "attributes": {
            "id": "-",
            "input": [
              "SHARMA"
            ],
            "keepers": null,
            "result": [
              "SHARMA"
            ],
            "result_count": null,
            "seed": null
          },
          "sensitive_attributes": [],
          "private": "bnVsbA=="
        },
        {
          "index_key": 54,
          "schema_version": 0,
          "attributes": {
            "id": "-",
            "input": [
              "SHARMA"
            ],
            "keepers": null,
            "result": [
              "SHARMA"
            ],
            "result_count": null,
            "seed": null
          },
          "sensitive_attributes": [],
          "private": "bnVsbA=="
        },
        {
          "index_key": 55,
          "schema_version": 0,
          "attributes": {
            "id": "-",
            "input": [
              "SHARMA"
            ],
            "keepers": null,
            "result": [
              "SHARMA"
            ],
            "result_count": null,
            "seed": null
          },
          "sensitive_attributes": [],
          "private": "bnVsbA=="
        },
        {
          "index_key": 56,
          "schema_version": 0,
          "attributes": {
            "id": "-",
            "input": [
              "SHARMA"
            ],
            "keepers": null,
            "result": [
              "SHARMA"
            ],
            "result_count": null,
            "seed": null
          },
          "sensitive_attributes": [],
          "private": "bnVsbA=="
        },
        {
          "index_key": 57,
          "schema_version": 0,
          "attributes": {
            "id": "-",
            "input": [
              "SHARMA"
            ],
            "keepers": null,
            "result": [
              "SHARMA"
            ],
            "result_count": null,
            "seed": null
          },
          "sensitive_attributes": [],
          "private": "bnVsbA=="
        },
        {
          "index_key": 58,
          "schema_version": 0,
          "attributes": {
            "id": "-",
            "input": [
              "SHARMA"
            ],
            "keepers": null,
            "result": [
              "SHARMA"
            ],
            "result_count": null,
            "seed": null
          },
          "sensitive_attributes": [],
          "private": "bnVsbA=="
        },
        {
          "index_key": 59,
          "schema_version": 0,
          "attributes": {
            "id": "-",
            "input": [
              "SHARMA"
            ],
            "keepers": null,
            "result": [
              "SHARMA"
            ],
            "result_count": null,
            "seed": null
          },
          "sensitive_attributes": [],
          "private": "bnVsbA=="
        },
        {
          "index_key": 60,
          "schema_version": 0,
          "attributes": {
            "id": "-",
            "input": [
              "SHARMA"
            ],
            "keepers": null,
            "result": [
              "SHARMA"
            ],
            "result_count": null,
            "seed": null
          },
          "sensitive_attributes": [],
          "private": "bnVsbA=="
        },
        {
          "index_key": 61,
          "schema_version": 0,
          "attributes": {
            "id": "-",
            "input": [
              "SHARMA"
            ],
            "keepers": null,
            "result": [
              "SHARMA"
            ],
            "result_count": null,
            "seed": null
          },
          "sensitive_attributes": [],
          "private": "bnVsbA=="
        },
        {
          "index_key": 62,
          "schema_version": 0,
          "attributes": {
            "id": "-",
            "input": [
              "SHARMA"
            ],
            "keepers": null,
            "result": [
              "SHARMA"
            ],
            "result_count": null,
            "seed": null
          },
          "sensitive_attributes": [],
          "private": "bnVsbA=="
        },
        {
          "index_key": 63,
          "schema_version": 0,
          "attributes": {
            "id": "-",
            "input": [
              "SHARMA"
            ],
            "keepers": null,
            "result": [
              "SHARMA"
            ],
            "result_count": null,
            "seed": null
          },
          "sensitive_attributes": [],
          "private": "bnVsbA=="
        },
        {
          "index_key": 64,
          "schema_version": 0,
          "attributes": {
            "id": "-",
            "input": [
              "SHARMA"
            ],
            "keepers": null,
            "result": [
              "SHARMA"
            ],
            "result_count": null,
            "seed": null
          },
          "sensitive_attributes": [],
          "private": "bnVsbA=="
        },
        {
          "index_key": 65,
          "schema_version": 0,
          "attributes": {
            "id": "-",
            "input": [
              "SHARMA"
            ],
            "keepers": null,
            "result": [
              "SHARMA"
            ],
            "result_count": null,
            "seed": null
          },
          "sensitive_attributes": [],
          "private": "bnVsbA=="
        },
        {
          "index_key": 66,
          "schema_version": 0,
          "attributes": {
            "id": "-",
            "input": [
              "SHARMA"
            ],
            "keepers": null,
            "result": [
              "SHARMA"
            ],
            "result_count": null,
            "seed": null
          },
          "sensitive_attributes": [],
          "private": "bnVsbA=="
        },
        {
          "index_key": 67,
          "schema_version": 0,
          "attributes": {
            "id": "-",
            "input": [
              "SHARMA"
            ],
            "keepers": null,
            "result": [
              "SHARMA"
            ],
            "result_count": null,
            "seed": null
          },
          "sensitive_attributes": [],
          "private": "bnVsbA=="
        },
        {
          "index_key": 68,
          "schema_version": 0,
          "attributes": {
            "id": "-",
            "input": [
              "SHARMA"
            ],
            "keepers": null,
            "result": [
              "SHARMA"
            ],
            "result_count": null,
            "seed": null
          },
          "sensitive_attributes": [],
          "private": "bnVsbA=="
        },
        {
          "index_key": 69,
          "schema_version": 0,
          "attributes": {
            "id": "-",
            "input": [
              "SHARMA"
            ],
            "keepers": null,
            "result": [
              "SHARMA"
            ],
            "result_count": null,
            "seed": null
          },
          "sensitive_attributes": [],
          "private": "bnVsbA=="
        },
        {
          "index_key": 70,
          "schema_version": 0,
          "attributes": {
            "id": "-",
            "input": [
              "SHARMA"
            ],
            "keepers": null,
            "result": [
              "SHARMA"
            ],
            "result_count": null,
            "seed": null
          },
          "sensitive_attributes": [],
          "private": "bnVsbA=="
        },
        {
          "index_key": 71,
          "schema_version": 0,
          "attributes": {
            "id": "-",
            "input": [
              "SHARMA"
            ],
            "keepers": null,
            "result": [
              "SHARMA"
            ],
            "result_count": null,
            "seed": null
          },
          "sensitive_attributes": [],
          "private": "bnVsbA=="
        },
        {
          "index_key": 72,
          "schema_version": 0,
          "attributes": {
            "id": "-",
            "input": [
              "SHARMA"
            ],
            "keepers": null,
            "result": [
              "SHARMA"
            ],
            "result_count": null,
            "seed": null
          },
          "sensitive_attributes": [],
          "private": "bnVsbA=="
        },
        {
          "index_key": 73,
          "schema_version": 0,
          "attributes": {
            "id": "-",
            "input": [
              "SHARMA"
            ],
            "keepers": null,
            "result": [
              "SHARMA"
            ],
            "result_count": null,
            "seed": null
          },
          "sensitive_attributes": [],
          "private": "bnVsbA=="
        },
        {
          "index_key": 74,
          "schema_version": 0,
          "attributes": {
            "id": "-",
            "input": [
              "SHARMA"
            ],
            "keepers": null,
            "result": [
              "SHARMA"
            ],
            "result_count": null,
            "seed": null
          },
          "sensitive_attributes": [],
          "private": "bnVsbA=="
        },
        {
          "index_key": 75,
          "schema_version": 0,
          "attributes": {
            "id": "-",
            "input": [
              "SHARMA"
            ],
            "keepers": null,
            "result": [
              "SHARMA"
            ],
            "result_count": null,
            "seed": null
          },
          "sensitive_attributes": [],
          "private": "bnVsbA=="
        },
        {
          "index_key": 76,
          "schema_version": 0,
          "attributes": {
            "id": "-",
            "input": [
              "SHARMA"
            ],
            "keepers": null,
            "result": [
              "SHARMA"
            ],
            "result_count": null,
            "seed": null
          },
          "sensitive_attributes": [],
          "private": "bnVsbA=="
        },
        {
          "index_key": 77,
          "schema_version": 0,
          "attributes": {
            "id": "-",
            "input": [
              "SHARMA"
            ],
            "keepers": null,
            "result": [
              "SHARMA"
            ],
            "result_count": null,
            "seed": null
          },
          "sensitive_attributes": [],
          "private": "bnVsbA=="
        },
        {
          "index_key": 78,
          "schema_version": 0,
          "attributes": {
            "id": "-",
            "input": [
              "SHARMA"
            ],
            "keepers": null,
            "result": [
              "SHARMA"
            ],
            "result_count": null,
            "seed": null
          },
          "sensitive_attributes": [],
          "private": "bnVsbA=="
        },
        {
          "index_key": 79,
          "schema_version": 0,
          "attributes": {
            "id": "-",
            "input": [
              "SHARMA"
            ],
            "keepers": null,
            "result": [
              "SHARMA"
            ],
            "result_count": null,
            "seed": null
          },
          "sensitive_attributes": [],
          "private": "bnVsbA=="
        },
        {
          "index_key": 80,
          "schema_version": 0,
          "attributes": {
            "id": "-",
            "input": [
              "SHARMA"
            ],
            "keepers": null,
            "result": [
              "SHARMA"
            ],
            "result_count": null,
            "seed": null
          },
          "sensitive_attributes": [],
          "private": "bnVsbA=="
        },
        {
          "index_key": 81,
          "schema_version": 0,
          "attributes": {
            "id": "-",
            "input": [
              "SHARMA"
            ],
            "keepers": null,
            "result": [
              "SHARMA"
            ],
            "result_count": null,
            "seed": null
          },
          "sensitive_attributes": [],
          "private": "bnVsbA=="
        },
        {
          "index_key": 82,
          "schema_version": 0,
          "attributes": {
            "id": "-",
            "input": [
              "SHARMA"
            ],
            "keepers": null,
            "result": [
              "SHARMA"
            ],
            "result_count": null,
            "seed": null
          },
          "sensitive_attributes": [],
          "private": "bnVsbA=="
        },
        {
          "index_key": 83,
          "schema_version": 0,
          "attributes": {
            "id": "-",
            "input": [
              "SHARMA"
            ],
            "keepers": null,
            "result": [
              "SHARMA"
            ],
            "result_count": null,
            "seed": null
          },
          "sensitive_attributes": [],
          "private": "bnVsbA=="
        },
        {
          "index_key": 84,
          "schema_version": 0,
          "attributes": {
            "id": "-",
            "input": [
              "SHARMA"
            ],
            "keepers": null,
            "result": [
              "SHARMA"
            ],
            "result_count": null,
            "seed": null
          },
          "sensitive_attributes": [],
          "private": "bnVsbA=="
        },
        {
          "index_key": 85,
          "schema_version": 0,
          "attributes": {
            "id": "-",
            "input": [
              "SHARMA"
            ],
            "keepers": null,
            "result": [
              "SHARMA"
            ],
            "result_count": null,
            "seed": null
          },
          "sensitive_attributes": [],
          "private": "bnVsbA=="
        },
        {
          "index_key": 86,
          "schema_version": 0,
          "attributes": {
            "id": "-",
            "input": [
              "SHARMA"
            ],
            "keepers": null,
            "result": [
              "SHARMA"
            ],
            "result_count": null,
            "seed": null
          },
          "sensitive_attributes": [],
          "private": "bnVsbA=="
        },
        {
          "index_key": 87,
          "schema_version": 0,
          "attributes": {
            "id": "-",
            "input": [
              "SHARMA"
            ],
            "keepers": null,
            "result": [
              "SHARMA"
            ],
            "result_count": null,
            "seed": null
          },
          "sensitive_attributes": [],
          "private": "bnVsbA=="
        },
        {
          "index_key": 88,
          "schema_version": 0,
          "attributes": {
            "id": "-",
            "input": [
              "SHARMA"
            ],
            "keepers": null,
            "result": [
              "SHARMA"
            ],
            "result_count": null,
            "seed": null
          },
          "sensitive_attributes": [],
          "private": "bnVsbA=="
        },
        {
          "index_key": 89,
          "schema_version": 0,
          "attributes": {
            "id": "-",
            "input": [
              "SHARMA"
            ],
            "keepers": null,
            "result": [
              "SHARMA"
            ],
            "result_count": null,
            "seed": null
          },
          "sensitive_attributes": [],
          "private": "bnVsbA=="
        },
        {
          "index_key": 90,
          "schema_version": 0,
          "attributes": {
            "id": "-",
            "input": [
              "SHARMA"
            ],
            "keepers": null,
            "result": [
              "SHARMA"
            ],
            "result_count": null,
            "seed": null
          },
          "sensitive_attributes": [],
          "private": "bnVsbA=="
        },
        {
          "index_key": 91,
          "schema_version": 0,
          "attributes": {
            "id": "-",
            "input": [
              "SHARMA"
            ],
            "keepers": null,
            "result": [
              "SHARMA"
            ],
            "result_count": null,
            "seed": null
          },
          "sensitive_attributes": [],
          "private": "bnVsbA=="
        },
        {
          "index_key": 92,
          "schema_version": 0,
          "attributes": {
            "id": "-",
            "input": [
              "SHARMA"
            ],
            "keepers": null,
            "result": [
              "SHARMA"
            ],
            "result_count": null,
            "seed": null
          },
          "sensitive_attributes": [],
          "private": "bnVsbA=="
        },
        {
          "index_key": 93,
          "schema_version": 0,
          "attributes": {
            "id": "-",
            "input": [
              "SHARMA"
            ],
            "keepers": null,
            "result": [
              "SHARMA"
            ],
            "result_count": null,
            "seed": null
          },
          "sensitive_attributes": [],
          "private": "bnVsbA=="
        },
        {
          "index_key": 94,
          "schema_version": 0,
          "attributes": {
            "id": "-",
            "input": [
              "SHARMA"
            ],
            "keepers": null,
            "result": [
              "SHARMA"
            ],
            "result_count": null,
            "seed": null
          },
          "sensitive_attributes": [],
          "private": "bnVsbA=="
        },
        {
          "index_key": 95,
          "schema_version": 0,
          "attributes": {
            "id": "-",
            "input": [
              "SHARMA"
            ],
            "keepers": null,
            "result": [
              "SHARMA"
            ],
            "result_count": null,
            "seed": null
          },
          "sensitive_attributes": [],
          "private": "bnVsbA=="
        },
        {
          "index_key": 96,
          "schema_version": 0,
          "attributes": {
            "id": "-",
            "input": [
              "SHARMA"
            ],
            "keepers": null,
            "result": [
              "SHARMA"
            ],
            "result_count": null,
            "seed": null
          },
          "sensitive_attributes": [],
          "private": "bnVsbA=="
        },
        {
          "index_key": 97,
          "schema_version": 0,
          "attributes": {
            "id": "-",
            "input": [
              "SHARMA"
            ],
            "keepers": null,
            "result": [
              "SHARMA"
            ],
            "result_count": null,
            "seed": null
          },
          "sensitive_attributes": [],
          "private": "bnVsbA=="
        },
        {
          "index_key": 98,
          "schema_version": 0,
          "attributes": {
            "id": "-",
            "input": [
              "SHARMA"
            ],
            "keepers": null,
            "result": [
              "SHARMA"
            ],
            "result_count": null,
            "seed": null
          },
          "sensitive_attributes": [],
          "private": "bnVsbA=="
        },
        {
          "index_key": 99,
          "schema_version": 0,
          "attributes": {
            "id": "-",
            "input": [
              "SHARMA"
            ],
            "keepers": null,
            "result": [
              "SHARMA"
            ],
            "result_count": null,
            "seed": null
          },
          "sensitive_attributes": [],
          "private": "bnVsbA=="
        }
      ]
    },
    {
      "mode": "managed",
      "type": "random_shuffle",
      "name": "random_nouns",
      "provider": "provider[\"registry.terraform.io/hashicorp/random\"]",
      "instances": [
        {
          "index_key": 0,
          "schema_version": 0,
          "attributes": {
            "id": "-",
            "input": [
              "RAJU"
            ],
            "keepers": null,
            "result": [
              "RAJU"
            ],
            "result_count": null,
            "seed": null
          },
          "sensitive_attributes": [],
          "private": "bnVsbA=="
        },
        {
          "index_key": 1,
          "schema_version": 0,
          "attributes": {
            "id": "-",
            "input": [
              "RAJU"
            ],
            "keepers": null,
            "result": [
              "RAJU"
            ],
            "result_count": null,
            "seed": null
          },
          "sensitive_attributes": [],
          "private": "bnVsbA=="
        },
        {
          "index_key": 2,
          "schema_version": 0,
          "attributes": {
            "id": "-",
            "input": [
              "RAJU"
            ],
            "keepers": null,
            "result": [
              "RAJU"
            ],
            "result_count": null,
            "seed": null
          },
          "sensitive_attributes": [],
          "private": "bnVsbA=="
        },
        {
          "index_key": 3,
          "schema_version": 0,
          "attributes": {
            "id": "-",
            "input": [
              "RAJU"
            ],
            "keepers": null,
            "result": [
              "RAJU"
            ],
            "result_count": null,
            "seed": null
          },
          "sensitive_attributes": [],
          "private": "bnVsbA=="
        },
        {
          "index_key": 4,
          "schema_version": 0,
          "attributes": {
            "id": "-",
            "input": [
              "RAJU"
            ],
            "keepers": null,
            "result": [
              "RAJU"
            ],
            "result_count": null,
            "seed": null
          },
          "sensitive_attributes": [],
          "private": "bnVsbA=="
        },
        {
          "index_key": 5,
          "schema_version": 0,
          "attributes": {
            "id": "-",
            "input": [
              "RAJU"
            ],
            "keepers": null,
            "result": [
              "RAJU"
            ],
            "result_count": null,
            "seed": null
          },
          "sensitive_attributes": [],
          "private": "bnVsbA=="
        },
        {
          "index_key": 6,
          "schema_version": 0,
          "attributes": {
            "id": "-",
            "input": [
              "RAJU"
            ],
            "keepers": null,
            "result": [
              "RAJU"
            ],
            "result_count": null,
            "seed": null
          },
          "sensitive_attributes": [],
          "private": "bnVsbA=="
        },
        {
          "index_key": 7,
          "schema_version": 0,
          "attributes": {
            "id": "-",
            "input": [
              "RAJU"
            ],
            "keepers": null,
            "result": [
              "RAJU"
            ],
            "result_count": null,
            "seed": null
          },
          "sensitive_attributes": [],
          "private": "bnVsbA=="
        },
        {
          "index_key": 8,
          "schema_version": 0,
          "attributes": {
            "id": "-",
            "input": [
              "RAJU"
            ],
            "keepers": null,
            "result": [
              "RAJU"
            ],
            "result_count": null,
            "seed": null
          },
          "sensitive_attributes": [],
          "private": "bnVsbA=="
        },
        {
          "index_key": 9,
          "schema_version": 0,
          "attributes": {
            "id": "-",
            "input": [
              "RAJU"
            ],
            "keepers": null,
            "result": [
              "RAJU"
            ],
            "result_count": null,
            "seed": null
          },
          "sensitive_attributes": [],
          "private": "bnVsbA=="
        },
        {
          "index_key": 10,
          "schema_version": 0,
          "attributes": {
            "id": "-",
            "input": [
              "RAJU"
            ],
            "keepers": null,
            "result": [
              "RAJU"
            ],
            "result_count": null,
            "seed": null
          },
          "sensitive_attributes": [],
          "private": "bnVsbA=="
        },
        {
          "index_key": 11,
          "schema_version": 0,
          "attributes": {
            "id": "-",
            "input": [
              "RAJU"
            ],
            "keepers": null,
            "result": [
              "RAJU"
            ],
            "result_count": null,
            "seed": null
          },
          "sensitive_attributes": [],
          "private": "bnVsbA=="
        },
        {
          "index_key": 12,
          "schema_version": 0,
          "attributes": {
            "id": "-",
            "input": [
              "RAJU"
            ],
            "keepers": null,
            "result": [
              "RAJU"
            ],
            "result_count": null,
            "seed": null
          },
          "sensitive_attributes": [],
          "private": "bnVsbA=="
        },
        {
          "index_key": 13,
          "schema_version": 0,
          "attributes": {
            "id": "-",
            "input": [
              "RAJU"
            ],
            "keepers": null,
            "result": [
              "RAJU"
            ],
            "result_count": null,
            "seed": null
          },
          "sensitive_attributes": [],
          "private": "bnVsbA=="
        },
        {
          "index_key": 14,
          "schema_version": 0,
          "attributes": {
            "id": "-",
            "input": [
              "RAJU"
            ],
            "keepers": null,
            "result": [
              "RAJU"
            ],
            "result_count": null,
            "seed": null
          },
          "sensitive_attributes": [],
          "private": "bnVsbA=="
        },
        {
          "index_key": 15,
          "schema_version": 0,
          "attributes": {
            "id": "-",
            "input": [
              "RAJU"
            ],
            "keepers": null,
            "result": [
              "RAJU"
            ],
            "result_count": null,
            "seed": null
          },
          "sensitive_attributes": [],
          "private": "bnVsbA=="
        },
        {
          "index_key": 16,
          "schema_version": 0,
          "attributes": {
            "id": "-",
            "input": [
              "RAJU"
            ],
            "keepers": null,
            "result": [
              "RAJU"
            ],
            "result_count": null,
            "seed": null
          },
          "sensitive_attributes": [],
          "private": "bnVsbA=="
        },
        {
          "index_key": 17,
          "schema_version": 0,
          "attributes": {
            "id": "-",
            "input": [
              "RAJU"
            ],
            "keepers": null,
            "result": [
              "RAJU"
            ],
            "result_count": null,
            "seed": null
          },
          "sensitive_attributes": [],
          "private": "bnVsbA=="
        },
        {
          "index_key": 18,
          "schema_version": 0,
          "attributes": {
            "id": "-",
            "input": [
              "RAJU"
            ],
            "keepers": null,
            "result": [
              "RAJU"
            ],
            "result_count": null,
            "seed": null
          },
          "sensitive_attributes": [],
          "private": "bnVsbA=="
        },
        {
          "index_key": 19,
          "schema_version": 0,
          "attributes": {
            "id": "-",
            "input": [
              "RAJU"
            ],
            "keepers": null,
            "result": [
              "RAJU"
            ],
            "result_count": null,
            "seed": null
          },
          "sensitive_attributes": [],
          "private": "bnVsbA=="
        },
        {
          "index_key": 20,
          "schema_version": 0,
          "attributes": {
            "id": "-",
            "input": [
              "RAJU"
            ],
            "keepers": null,
            "result": [
              "RAJU"
            ],
            "result_count": null,
            "seed": null
          },
          "sensitive_attributes": [],
          "private": "bnVsbA=="
        },
        {
          "index_key": 21,
          "schema_version": 0,
          "attributes": {
            "id": "-",
            "input": [
              "RAJU"
            ],
            "keepers": null,
            "result": [
              "RAJU"
            ],
            "result_count": null,
            "seed": null
          },
          "sensitive_attributes": [],
          "private": "bnVsbA=="
        },
        {
          "index_key": 22,
          "schema_version": 0,
          "attributes": {
            "id": "-",
            "input": [
              "RAJU"
            ],
            "keepers": null,
            "result": [
              "RAJU"
            ],
            "result_count": null,
            "seed": null
          },
          "sensitive_attributes": [],
          "private": "bnVsbA=="
        },
        {
          "index_key": 23,
          "schema_version": 0,
          "attributes": {
            "id": "-",
            "input": [
              "RAJU"
            ],
            "keepers": null,
            "result": [
              "RAJU"
            ],
            "result_count": null,
            "seed": null
          },
          "sensitive_attributes": [],
          "private": "bnVsbA=="
        },
        {
          "index_key": 24,
          "schema_version": 0,
          "attributes": {
            "id": "-",
            "input": [
              "RAJU"
            ],
            "keepers": null,
            "result": [
              "RAJU"
            ],
            "result_count": null,
            "seed": null
          },
          "sensitive_attributes": [],
          "private": "bnVsbA=="
        },
        {
          "index_key": 25,
          "schema_version": 0,
          "attributes": {
            "id": "-",
            "input": [
              "RAJU"
            ],
            "keepers": null,
            "result": [
              "RAJU"
            ],
            "result_count": null,
            "seed": null
          },
          "sensitive_attributes": [],
          "private": "bnVsbA=="
        },
        {
          "index_key": 26,
          "schema_version": 0,
          "attributes": {
            "id": "-",
            "input": [
              "RAJU"
            ],
            "keepers": null,
            "result": [
              "RAJU"
            ],
            "result_count": null,
            "seed": null
          },
          "sensitive_attributes": [],
          "private": "bnVsbA=="
        },
        {
          "index_key": 27,
          "schema_version": 0,
          "attributes": {
            "id": "-",
            "input": [
              "RAJU"
            ],
            "keepers": null,
            "result": [
              "RAJU"
            ],
            "result_count": null,
            "seed": null
          },
          "sensitive_attributes": [],
          "private": "bnVsbA=="
        },
        {
          "index_key": 28,
          "schema_version": 0,
          "attributes": {
            "id": "-",
            "input": [
              "RAJU"
            ],
            "keepers": null,
            "result": [
              "RAJU"
            ],
            "result_count": null,
            "seed": null
          },
          "sensitive_attributes": [],
          "private": "bnVsbA=="
        },
        {
          "index_key": 29,
          "schema_version": 0,
          "attributes": {
            "id": "-",
            "input": [
              "RAJU"
            ],
            "keepers": null,
            "result": [
              "RAJU"
            ],
            "result_count": null,
            "seed": null
          },
          "sensitive_attributes": [],
          "private": "bnVsbA=="
        },
        {
          "index_key": 30,
          "schema_version": 0,
          "attributes": {
            "id": "-",
            "input": [
              "RAJU"
            ],
            "keepers": null,
            "result": [
              "RAJU"
            ],
            "result_count": null,
            "seed": null
          },
          "sensitive_attributes": [],
          "private": "bnVsbA=="
        },
        {
          "index_key": 31,
          "schema_version": 0,
          "attributes": {
            "id": "-",
            "input": [
              "RAJU"
            ],
            "keepers": null,
            "result": [
              "RAJU"
            ],
            "result_count": null,
            "seed": null
          },
          "sensitive_attributes": [],
          "private": "bnVsbA=="
        },
        {
          "index_key": 32,
          "schema_version": 0,
          "attributes": {
            "id": "-",
            "input": [
              "RAJU"
            ],
            "keepers": null,
            "result": [
              "RAJU"
            ],
            "result_count": null,
            "seed": null
          },
          "sensitive_attributes": [],
          "private": "bnVsbA=="
        },
        {
          "index_key": 33,
          "schema_version": 0,
          "attributes": {
            "id": "-",
            "input": [
              "RAJU"
            ],
            "keepers": null,
            "result": [
              "RAJU"
            ],
            "result_count": null,
            "seed": null
          },
          "sensitive_attributes": [],
          "private": "bnVsbA=="
        },
        {
          "index_key": 34,
          "schema_version": 0,
          "attributes": {
            "id": "-",
            "input": [
              "RAJU"
            ],
            "keepers": null,
            "result": [
              "RAJU"
            ],
            "result_count": null,
            "seed": null
          },
          "sensitive_attributes": [],
          "private": "bnVsbA=="
        },
        {
          "index_key": 35,
          "schema_version": 0,
          "attributes": {
            "id": "-",
            "input": [
              "RAJU"
            ],
            "keepers": null,
            "result": [
              "RAJU"
            ],
            "result_count": null,
            "seed": null
          },
          "sensitive_attributes": [],
          "private": "bnVsbA=="
        },
        {
          "index_key": 36,
          "schema_version": 0,
          "attributes": {
            "id": "-",
            "input": [
              "RAJU"
            ],
            "keepers": null,
            "result": [
              "RAJU"
            ],
            "result_count": null,
            "seed": null
          },
          "sensitive_attributes": [],
          "private": "bnVsbA=="
        },
        {
          "index_key": 37,
          "schema_version": 0,
          "attributes": {
            "id": "-",
            "input": [
              "RAJU"
            ],
            "keepers": null,
            "result": [
              "RAJU"
            ],
            "result_count": null,
            "seed": null
          },
          "sensitive_attributes": [],
          "private": "bnVsbA=="
        },
        {
          "index_key": 38,
          "schema_version": 0,
          "attributes": {
            "id": "-",
            "input": [
              "RAJU"
            ],
            "keepers": null,
            "result": [
              "RAJU"
            ],
            "result_count": null,
            "seed": null
          },
          "sensitive_attributes": [],
          "private": "bnVsbA=="
        },
        {
          "index_key": 39,
          "schema_version": 0,
          "attributes": {
            "id": "-",
            "input": [
              "RAJU"
            ],
            "keepers": null,
            "result": [
              "RAJU"
            ],
            "result_count": null,
            "seed": null
          },
          "sensitive_attributes": [],
          "private": "bnVsbA=="
        },
        {
          "index_key": 40,
          "schema_version": 0,
          "attributes": {
            "id": "-",
            "input": [
              "RAJU"
            ],
            "keepers": null,
            "result": [
              "RAJU"
            ],
            "result_count": null,
            "seed": null
          },
          "sensitive_attributes": [],
          "private": "bnVsbA=="
        },
        {
          "index_key": 41,
          "schema_version": 0,
          "attributes": {
            "id": "-",
            "input": [
              "RAJU"
            ],
            "keepers": null,
            "result": [
              "RAJU"
            ],
            "result_count": null,
            "seed": null
          },
          "sensitive_attributes": [],
          "private": "bnVsbA=="
        },
        {
          "index_key": 42,
          "schema_version": 0,
          "attributes": {
            "id": "-",
            "input": [
              "RAJU"
            ],
            "keepers": null,
            "result": [
              "RAJU"
            ],
            "result_count": null,
            "seed": null
          },
          "sensitive_attributes": [],
          "private": "bnVsbA=="
        },
        {
          "index_key": 43,
          "schema_version": 0,
          "attributes": {
            "id": "-",
            "input": [
              "RAJU"
            ],
            "keepers": null,
            "result": [
              "RAJU"
            ],
            "result_count": null,
            "seed": null
          },
          "sensitive_attributes": [],
          "private": "bnVsbA=="
        },
        {
          "index_key": 44,
          "schema_version": 0,
          "attributes": {
            "id": "-",
            "input": [
              "RAJU"
            ],
            "keepers": null,
            "result": [
              "RAJU"
            ],
            "result_count": null,
            "seed": null
          },
          "sensitive_attributes": [],
          "private": "bnVsbA=="
        },
        {
          "index_key": 45,
          "schema_version": 0,
          "attributes": {
            "id": "-",
            "input": [
              "RAJU"
            ],
            "keepers": null,
            "result": [
              "RAJU"
            ],
            "result_count": null,
            "seed": null
          },
          "sensitive_attributes": [],
          "private": "bnVsbA=="
        },
        {
          "index_key": 46,
          "schema_version": 0,
          "attributes": {
            "id": "-",
            "input": [
              "RAJU"
            ],
            "keepers": null,
            "result": [
              "RAJU"
            ],
            "result_count": null,
            "seed": null
          },
          "sensitive_attributes": [],
          "private": "bnVsbA=="
        },
        {
          "index_key": 47,
          "schema_version": 0,
          "attributes": {
            "id": "-",
            "input": [
              "RAJU"
            ],
            "keepers": null,
            "result": [
              "RAJU"
            ],
            "result_count": null,
            "seed": null
          },
          "sensitive_attributes": [],
          "private": "bnVsbA=="
        },
        {
          "index_key": 48,
          "schema_version": 0,
          "attributes": {
            "id": "-",
            "input": [
              "RAJU"
            ],
            "keepers": null,
            "result": [
              "RAJU"
            ],
            "result_count": null,
            "seed": null
          },
          "sensitive_attributes": [],
          "private": "bnVsbA=="
        },
        {
          "index_key": 49,
          "schema_version": 0,
          "attributes": {
            "id": "-",
            "input": [
              "RAJU"
            ],
            "keepers": null,
            "result": [
              "RAJU"
            ],
            "result_count": null,
            "seed": null
          },
          "sensitive_attributes": [],
          "private": "bnVsbA=="
        },
        {
          "index_key": 50,
          "schema_version": 0,
          "attributes": {
            "id": "-",
            "input": [
              "RAJU"
            ],
            "keepers": null,
            "result": [
              "RAJU"
            ],
            "result_count": null,
            "seed": null
          },
          "sensitive_attributes": [],
          "private": "bnVsbA=="
        },
        {
          "index_key": 51,
          "schema_version": 0,
          "attributes": {
            "id": "-",
            "input": [
              "RAJU"
            ],
            "keepers": null,
            "result": [
              "RAJU"
            ],
            "result_count": null,
            "seed": null
          },
          "sensitive_attributes": [],
          "private": "bnVsbA=="
        },
        {
          "index_key": 52,
          "schema_version": 0,
          "attributes": {
            "id": "-",
            "input": [
              "RAJU"
            ],
            "keepers": null,
            "result": [
              "RAJU"
            ],
            "result_count": null,
            "seed": null
          },
          "sensitive_attributes": [],
          "private": "bnVsbA=="
        },
        {
          "index_key": 53,
          "schema_version": 0,
          "attributes": {
            "id": "-",
            "input": [
              "RAJU"
            ],
            "keepers": null,
            "result": [
              "RAJU"
            ],
            "result_count": null,
            "seed": null
          },
          "sensitive_attributes": [],
          "private": "bnVsbA=="
        },
        {
          "index_key": 54,
          "schema_version": 0,
          "attributes": {
            "id": "-",
            "input": [
              "RAJU"
            ],
            "keepers": null,
            "result": [
              "RAJU"
            ],
            "result_count": null,
            "seed": null
          },
          "sensitive_attributes": [],
          "private": "bnVsbA=="
        },
        {
          "index_key": 55,
          "schema_version": 0,
          "attributes": {
            "id": "-",
            "input": [
              "RAJU"
            ],
            "keepers": null,
            "result": [
              "RAJU"
            ],
            "result_count": null,
            "seed": null
          },
          "sensitive_attributes": [],
          "private": "bnVsbA=="
        },
        {
          "index_key": 56,
          "schema_version": 0,
          "attributes": {
            "id": "-",
            "input": [
              "RAJU"
            ],
            "keepers": null,
            "result": [
              "RAJU"
            ],
            "result_count": null,
            "seed": null
          },
          "sensitive_attributes": [],
          "private": "bnVsbA=="
        },
        {
          "index_key": 57,
          "schema_version": 0,
          "attributes": {
            "id": "-",
            "input": [
              "RAJU"
            ],
            "keepers": null,
            "result": [
              "RAJU"
            ],
            "result_count": null,
            "seed": null
          },
          "sensitive_attributes": [],
          "private": "bnVsbA=="
        },
        {
          "index_key": 58,
          "schema_version": 0,
          "attributes": {
            "id": "-",
            "input": [
              "RAJU"
            ],
            "keepers": null,
            "result": [
              "RAJU"
            ],
            "result_count": null,
            "seed": null
          },
          "sensitive_attributes": [],
          "private": "bnVsbA=="
        },
        {
          "index_key": 59,
          "schema_version": 0,
          "attributes": {
            "id": "-",
            "input": [
              "RAJU"
            ],
            "keepers": null,
            "result": [
              "RAJU"
            ],
            "result_count": null,
            "seed": null
          },
          "sensitive_attributes": [],
          "private": "bnVsbA=="
        },
        {
          "index_key": 60,
          "schema_version": 0,
          "attributes": {
            "id": "-",
            "input": [
              "RAJU"
            ],
            "keepers": null,
            "result": [
              "RAJU"
            ],
            "result_count": null,
            "seed": null
          },
          "sensitive_attributes": [],
          "private": "bnVsbA=="
        },
        {
          "index_key": 61,
          "schema_version": 0,
          "attributes": {
            "id": "-",
            "input": [
              "RAJU"
            ],
            "keepers": null,
            "result": [
              "RAJU"
            ],
            "result_count": null,
            "seed": null
          },
          "sensitive_attributes": [],
          "private": "bnVsbA=="
        },
        {
          "index_key": 62,
          "schema_version": 0,
          "attributes": {
            "id": "-",
            "input": [
              "RAJU"
            ],
            "keepers": null,
            "result": [
              "RAJU"
            ],
            "result_count": null,
            "seed": null
          },
          "sensitive_attributes": [],
          "private": "bnVsbA=="
        },
        {
          "index_key": 63,
          "schema_version": 0,
          "attributes": {
            "id": "-",
            "input": [
              "RAJU"
            ],
            "keepers": null,
            "result": [
              "RAJU"
            ],
            "result_count": null,
            "seed": null
          },
          "sensitive_attributes": [],
          "private": "bnVsbA=="
        },
        {
          "index_key": 64,
          "schema_version": 0,
          "attributes": {
            "id": "-",
            "input": [
              "RAJU"
            ],
            "keepers": null,
            "result": [
              "RAJU"
            ],
            "result_count": null,
            "seed": null
          },
          "sensitive_attributes": [],
          "private": "bnVsbA=="
        },
        {
          "index_key": 65,
          "schema_version": 0,
          "attributes": {
            "id": "-",
            "input": [
              "RAJU"
            ],
            "keepers": null,
            "result": [
              "RAJU"
            ],
            "result_count": null,
            "seed": null
          },
          "sensitive_attributes": [],
          "private": "bnVsbA=="
        },
        {
          "index_key": 66,
          "schema_version": 0,
          "attributes": {
            "id": "-",
            "input": [
              "RAJU"
            ],
            "keepers": null,
            "result": [
              "RAJU"
            ],
            "result_count": null,
            "seed": null
          },
          "sensitive_attributes": [],
          "private": "bnVsbA=="
        },
        {
          "index_key": 67,
          "schema_version": 0,
          "attributes": {
            "id": "-",
            "input": [
              "RAJU"
            ],
            "keepers": null,
            "result": [
              "RAJU"
            ],
            "result_count": null,
            "seed": null
          },
          "sensitive_attributes": [],
          "private": "bnVsbA=="
        },
        {
          "index_key": 68,
          "schema_version": 0,
          "attributes": {
            "id": "-",
            "input": [
              "RAJU"
            ],
            "keepers": null,
            "result": [
              "RAJU"
            ],
            "result_count": null,
            "seed": null
          },
          "sensitive_attributes": [],
          "private": "bnVsbA=="
        },
        {
          "index_key": 69,
          "schema_version": 0,
          "attributes": {
            "id": "-",
            "input": [
              "RAJU"
            ],
            "keepers": null,
            "result": [
              "RAJU"
            ],
            "result_count": null,
            "seed": null
          },
          "sensitive_attributes": [],
          "private": "bnVsbA=="
        },
        {
          "index_key": 70,
          "schema_version": 0,
          "attributes": {
            "id": "-",
            "input": [
              "RAJU"
            ],
            "keepers": null,
            "result": [
              "RAJU"
            ],
            "result_count": null,
            "seed": null
          },
          "sensitive_attributes": [],
          "private": "bnVsbA=="
        },
        {
          "index_key": 71,
          "schema_version": 0,
          "attributes": {
            "id": "-",
            "input": [
              "RAJU"
            ],
            "keepers": null,
            "result": [
              "RAJU"
            ],
            "result_count": null,
            "seed": null
          },
          "sensitive_attributes": [],
          "private": "bnVsbA=="
        },
        {
          "index_key": 72,
          "schema_version": 0,
          "attributes": {
            "id": "-",
            "input": [
              "RAJU"
            ],
            "keepers": null,
            "result": [
              "RAJU"
            ],
            "result_count": null,
            "seed": null
          },
          "sensitive_attributes": [],
          "private": "bnVsbA=="
        },
        {
          "index_key": 73,
          "schema_version": 0,
          "attributes": {
            "id": "-",
            "input": [
              "RAJU"
            ],
            "keepers": null,
            "result": [
              "RAJU"
            ],
            "result_count": null,
            "seed": null
          },
          "sensitive_attributes": [],
          "private": "bnVsbA=="
        },
        {
          "index_key": 74,
          "schema_version": 0,
          "attributes": {
            "id": "-",
            "input": [
              "RAJU"
            ],
            "keepers": null,
            "result": [
              "RAJU"
            ],
            "result_count": null,
            "seed": null
          },
          "sensitive_attributes": [],
          "private": "bnVsbA=="
        },
        {
          "index_key": 75,
          "schema_version": 0,
          "attributes": {
            "id": "-",
            "input": [
              "RAJU"
            ],
            "keepers": null,
            "result": [
              "RAJU"
            ],
            "result_count": null,
            "seed": null
          },
          "sensitive_attributes": [],
          "private": "bnVsbA=="
        },
        {
          "index_key": 76,
          "schema_version": 0,
          "attributes": {
            "id": "-",
            "input": [
              "RAJU"
            ],
            "keepers": null,
            "result": [
              "RAJU"
            ],
            "result_count": null,
            "seed": null
          },
          "sensitive_attributes": [],
          "private": "bnVsbA=="
        },
        {
          "index_key": 77,
          "schema_version": 0,
          "attributes": {
            "id": "-",
            "input": [
              "RAJU"
            ],
            "keepers": null,
            "result": [
              "RAJU"
            ],
            "result_count": null,
            "seed": null
          },
          "sensitive_attributes": [],
          "private": "bnVsbA=="
        },
        {
          "index_key": 78,
          "schema_version": 0,
          "attributes": {
            "id": "-",
            "input": [
              "RAJU"
            ],
            "keepers": null,
            "result": [
              "RAJU"
            ],
            "result_count": null,
            "seed": null
          },
          "sensitive_attributes": [],
          "private": "bnVsbA=="
        },
        {
          "index_key": 79,
          "schema_version": 0,
          "attributes": {
            "id": "-",
            "input": [
              "RAJU"
            ],
            "keepers": null,
            "result": [
              "RAJU"
            ],
            "result_count": null,
            "seed": null
          },
          "sensitive_attributes": [],
          "private": "bnVsbA=="
        },
        {
          "index_key": 80,
          "schema_version": 0,
          "attributes": {
            "id": "-",
            "input": [
              "RAJU"
            ],
            "keepers": null,
            "result": [
              "RAJU"
            ],
            "result_count": null,
            "seed": null
          },
          "sensitive_attributes": [],
          "private": "bnVsbA=="
        },
        {
          "index_key": 81,
          "schema_version": 0,
          "attributes": {
            "id": "-",
            "input": [
              "RAJU"
            ],
            "keepers": null,
            "result": [
              "RAJU"
            ],
            "result_count": null,
            "seed": null
          },
          "sensitive_attributes": [],
          "private": "bnVsbA=="
        },
        {
          "index_key": 82,
          "schema_version": 0,
          "attributes": {
            "id": "-",
            "input": [
              "RAJU"
            ],
            "keepers": null,
            "result": [
              "RAJU"
            ],
            "result_count": null,
            "seed": null
          },
          "sensitive_attributes": [],
          "private": "bnVsbA=="
        },
        {
          "index_key": 83,
          "schema_version": 0,
          "attributes": {
            "id": "-",
            "input": [
              "RAJU"
            ],
            "keepers": null,
            "result": [
              "RAJU"
            ],
            "result_count": null,
            "seed": null
          },
          "sensitive_attributes": [],
          "private": "bnVsbA=="
        },
        {
          "index_key": 84,
          "schema_version": 0,
          "attributes": {
            "id": "-",
            "input": [
              "RAJU"
            ],
            "keepers": null,
            "result": [
              "RAJU"
            ],
            "result_count": null,
            "seed": null
          },
          "sensitive_attributes": [],
          "private": "bnVsbA=="
        },
        {
          "index_key": 85,
          "schema_version": 0,
          "attributes": {
            "id": "-",
            "input": [
              "RAJU"
            ],
            "keepers": null,
            "result": [
              "RAJU"
            ],
            "result_count": null,
            "seed": null
          },
          "sensitive_attributes": [],
          "private": "bnVsbA=="
        },
        {
          "index_key": 86,
          "schema_version": 0,
          "attributes": {
            "id": "-",
            "input": [
              "RAJU"
            ],
            "keepers": null,
            "result": [
              "RAJU"
            ],
            "result_count": null,
            "seed": null
          },
          "sensitive_attributes": [],
          "private": "bnVsbA=="
        },
        {
          "index_key": 87,
          "schema_version": 0,
          "attributes": {
            "id": "-",
            "input": [
              "RAJU"
            ],
            "keepers": null,
            "result": [
              "RAJU"
            ],
            "result_count": null,
            "seed": null
          },
          "sensitive_attributes": [],
          "private": "bnVsbA=="
        },
        {
          "index_key": 88,
          "schema_version": 0,
          "attributes": {
            "id": "-",
            "input": [
              "RAJU"
            ],
            "keepers": null,
            "result": [
              "RAJU"
            ],
            "result_count": null,
            "seed": null
          },
          "sensitive_attributes": [],
          "private": "bnVsbA=="
        },
        {
          "index_key": 89,
          "schema_version": 0,
          "attributes": {
            "id": "-",
            "input": [
              "RAJU"
            ],
            "keepers": null,
            "result": [
              "RAJU"
            ],
            "result_count": null,
            "seed": null
          },
          "sensitive_attributes": [],
          "private": "bnVsbA=="
        },
        {
          "index_key": 90,
          "schema_version": 0,
          "attributes": {
            "id": "-",
            "input": [
              "RAJU"
            ],
            "keepers": null,
            "result": [
              "RAJU"
            ],
            "result_count": null,
            "seed": null
          },
          "sensitive_attributes": [],
          "private": "bnVsbA=="
        },
        {
          "index_key": 91,
          "schema_version": 0,
          "attributes": {
            "id": "-",
            "input": [
              "RAJU"
            ],
            "keepers": null,
            "result": [
              "RAJU"
            ],
            "result_count": null,
            "seed": null
          },
          "sensitive_attributes": [],
          "private": "bnVsbA=="
        },
        {
          "index_key": 92,
          "schema_version": 0,
          "attributes": {
            "id": "-",
            "input": [
              "RAJU"
            ],
            "keepers": null,
            "result": [
              "RAJU"
            ],
            "result_count": null,
            "seed": null
          },
          "sensitive_attributes": [],
          "private": "bnVsbA=="
        },
        {
          "index_key": 93,
          "schema_version": 0,
          "attributes": {
            "id": "-",
            "input": [
              "RAJU"
            ],
            "keepers": null,
            "result": [
              "RAJU"
            ],
            "result_count": null,
            "seed": null
          },
          "sensitive_attributes": [],
          "private": "bnVsbA=="
        },
        {
          "index_key": 94,
          "schema_version": 0,
          "attributes": {
            "id": "-",
            "input": [
              "RAJU"
            ],
            "keepers": null,
            "result": [
              "RAJU"
            ],
            "result_count": null,
            "seed": null
          },
          "sensitive_attributes": [],
          "private": "bnVsbA=="
        },
        {
          "index_key": 95,
          "schema_version": 0,
          "attributes": {
            "id": "-",
            "input": [
              "RAJU"
            ],
            "keepers": null,
            "result": [
              "RAJU"
            ],
            "result_count": null,
            "seed": null
          },
          "sensitive_attributes": [],
          "private": "bnVsbA=="
        },
        {
          "index_key": 96,
          "schema_version": 0,
          "attributes": {
            "id": "-",
            "input": [
              "RAJU"
            ],
            "keepers": null,
            "result": [
              "RAJU"
            ],
            "result_count": null,
            "seed": null
          },
          "sensitive_attributes": [],
          "private": "bnVsbA=="
        },
        {
          "index_key": 97,
          "schema_version": 0,
          "attributes": {
            "id": "-",
            "input": [
              "RAJU"
            ],
            "keepers": null,
            "result": [
              "RAJU"
            ],
            "result_count": null,
            "seed": null
          },
          "sensitive_attributes": [],
          "private": "bnVsbA=="
        },
        {
          "index_key": 98,
          "schema_version": 0,
          "attributes": {
            "id": "-",
            "input": [
              "RAJU"
            ],
            "keepers": null,
            "result": [
              "RAJU"
            ],
            "result_count": null,
            "seed": null
          },
          "sensitive_attributes": [],
          "private": "bnVsbA=="
        },
        {
          "index_key": 99,
          "schema_version": 0,
          "attributes": {
            "id": "-",
            "input": [
              "RAJU"
            ],
            "keepers": null,
            "result": [
              "RAJU"
            ],
            "result_count": null,
            "seed": null
          },
          "sensitive_attributes": [],
          "private": "bnVsbA=="
        }
      ]
    },
    {
      "mode": "managed",
      "type": "random_shuffle",
      "name": "random_numbers",
      "provider": "provider[\"registry.terraform.io/hashicorp/random\"]",
      "instances": [
        {
          "index_key": 0,
          "schema_version": 0,
          "attributes": {
            "id": "-",
            "input": [
              "100000"
            ],
            "keepers": null,
            "result": [
              "100000"
            ],
            "result_count": null,
            "seed": null
          },
          "sensitive_attributes": [],
          "private": "bnVsbA=="
        },
        {
          "index_key": 1,
          "schema_version": 0,
          "attributes": {
            "id": "-",
            "input": [
              "100000"
            ],
            "keepers": null,
            "result": [
              "100000"
            ],
            "result_count": null,
            "seed": null
          },
          "sensitive_attributes": [],
          "private": "bnVsbA=="
        },
        {
          "index_key": 2,
          "schema_version": 0,
          "attributes": {
            "id": "-",
            "input": [
              "100000"
            ],
            "keepers": null,
            "result": [
              "100000"
            ],
            "result_count": null,
            "seed": null
          },
          "sensitive_attributes": [],
          "private": "bnVsbA=="
        },
        {
          "index_key": 3,
          "schema_version": 0,
          "attributes": {
            "id": "-",
            "input": [
              "100000"
            ],
            "keepers": null,
            "result": [
              "100000"
            ],
            "result_count": null,
            "seed": null
          },
          "sensitive_attributes": [],
          "private": "bnVsbA=="
        },
        {
          "index_key": 4,
          "schema_version": 0,
          "attributes": {
            "id": "-",
            "input": [
              "100000"
            ],
            "keepers": null,
            "result": [
              "100000"
            ],
            "result_count": null,
            "seed": null
          },
          "sensitive_attributes": [],
          "private": "bnVsbA=="
        },
        {
          "index_key": 5,
          "schema_version": 0,
          "attributes": {
            "id": "-",
            "input": [
              "100000"
            ],
            "keepers": null,
            "result": [
              "100000"
            ],
            "result_count": null,
            "seed": null
          },
          "sensitive_attributes": [],
          "private": "bnVsbA=="
        },
        {
          "index_key": 6,
          "schema_version": 0,
          "attributes": {
            "id": "-",
            "input": [
              "100000"
            ],
            "keepers": null,
            "result": [
              "100000"
            ],
            "result_count": null,
            "seed": null
          },
          "sensitive_attributes": [],
          "private": "bnVsbA=="
        },
        {
          "index_key": 7,
          "schema_version": 0,
          "attributes": {
            "id": "-",
            "input": [
              "100000"
            ],
            "keepers": null,
            "result": [
              "100000"
            ],
            "result_count": null,
            "seed": null
          },
          "sensitive_attributes": [],
          "private": "bnVsbA=="
        },
        {
          "index_key": 8,
          "schema_version": 0,
          "attributes": {
            "id": "-",
            "input": [
              "100000"
            ],
            "keepers": null,
            "result": [
              "100000"
            ],
            "result_count": null,
            "seed": null
          },
          "sensitive_attributes": [],
          "private": "bnVsbA=="
        },
        {
          "index_key": 9,
          "schema_version": 0,
          "attributes": {
            "id": "-",
            "input": [
              "100000"
            ],
            "keepers": null,
            "result": [
              "100000"
            ],
            "result_count": null,
            "seed": null
          },
          "sensitive_attributes": [],
          "private": "bnVsbA=="
        },
        {
          "index_key": 10,
          "schema_version": 0,
          "attributes": {
            "id": "-",
            "input": [
              "100000"
            ],
            "keepers": null,
            "result": [
              "100000"
            ],
            "result_count": null,
            "seed": null
          },
          "sensitive_attributes": [],
          "private": "bnVsbA=="
        },
        {
          "index_key": 11,
          "schema_version": 0,
          "attributes": {
            "id": "-",
            "input": [
              "100000"
            ],
            "keepers": null,
            "result": [
              "100000"
            ],
            "result_count": null,
            "seed": null
          },
          "sensitive_attributes": [],
          "private": "bnVsbA=="
        },
        {
          "index_key": 12,
          "schema_version": 0,
          "attributes": {
            "id": "-",
            "input": [
              "100000"
            ],
            "keepers": null,
            "result": [
              "100000"
            ],
            "result_count": null,
            "seed": null
          },
          "sensitive_attributes": [],
          "private": "bnVsbA=="
        },
        {
          "index_key": 13,
          "schema_version": 0,
          "attributes": {
            "id": "-",
            "input": [
              "100000"
            ],
            "keepers": null,
            "result": [
              "100000"
            ],
            "result_count": null,
            "seed": null
          },
          "sensitive_attributes": [],
          "private": "bnVsbA=="
        },
        {
          "index_key": 14,
          "schema_version": 0,
          "attributes": {
            "id": "-",
            "input": [
              "100000"
            ],
            "keepers": null,
            "result": [
              "100000"
            ],
            "result_count": null,
            "seed": null
          },
          "sensitive_attributes": [],
          "private": "bnVsbA=="
        },
        {
          "index_key": 15,
          "schema_version": 0,
          "attributes": {
            "id": "-",
            "input": [
              "100000"
            ],
            "keepers": null,
            "result": [
              "100000"
            ],
            "result_count": null,
            "seed": null
          },
          "sensitive_attributes": [],
          "private": "bnVsbA=="
        },
        {
          "index_key": 16,
          "schema_version": 0,
          "attributes": {
            "id": "-",
            "input": [
              "100000"
            ],
            "keepers": null,
            "result": [
              "100000"
            ],
            "result_count": null,
            "seed": null
          },
          "sensitive_attributes": [],
          "private": "bnVsbA=="
        },
        {
          "index_key": 17,
          "schema_version": 0,
          "attributes": {
            "id": "-",
            "input": [
              "100000"
            ],
            "keepers": null,
            "result": [
              "100000"
            ],
            "result_count": null,
            "seed": null
          },
          "sensitive_attributes": [],
          "private": "bnVsbA=="
        },
        {
          "index_key": 18,
          "schema_version": 0,
          "attributes": {
            "id": "-",
            "input": [
              "100000"
            ],
            "keepers": null,
            "result": [
              "100000"
            ],
            "result_count": null,
            "seed": null
          },
          "sensitive_attributes": [],
          "private": "bnVsbA=="
        },
        {
          "index_key": 19,
          "schema_version": 0,
          "attributes": {
            "id": "-",
            "input": [
              "100000"
            ],
            "keepers": null,
            "result": [
              "100000"
            ],
            "result_count": null,
            "seed": null
          },
          "sensitive_attributes": [],
          "private": "bnVsbA=="
        },
        {
          "index_key": 20,
          "schema_version": 0,
          "attributes": {
            "id": "-",
            "input": [
              "100000"
            ],
            "keepers": null,
            "result": [
              "100000"
            ],
            "result_count": null,
            "seed": null
          },
          "sensitive_attributes": [],
          "private": "bnVsbA=="
        },
        {
          "index_key": 21,
          "schema_version": 0,
          "attributes": {
            "id": "-",
            "input": [
              "100000"
            ],
            "keepers": null,
            "result": [
              "100000"
            ],
            "result_count": null,
            "seed": null
          },
          "sensitive_attributes": [],
          "private": "bnVsbA=="
        },
        {
          "index_key": 22,
          "schema_version": 0,
          "attributes": {
            "id": "-",
            "input": [
              "100000"
            ],
            "keepers": null,
            "result": [
              "100000"
            ],
            "result_count": null,
            "seed": null
          },
          "sensitive_attributes": [],
          "private": "bnVsbA=="
        },
        {
          "index_key": 23,
          "schema_version": 0,
          "attributes": {
            "id": "-",
            "input": [
              "100000"
            ],
            "keepers": null,
            "result": [
              "100000"
            ],
            "result_count": null,
            "seed": null
          },
          "sensitive_attributes": [],
          "private": "bnVsbA=="
        },
        {
          "index_key": 24,
          "schema_version": 0,
          "attributes": {
            "id": "-",
            "input": [
              "100000"
            ],
            "keepers": null,
            "result": [
              "100000"
            ],
            "result_count": null,
            "seed": null
          },
          "sensitive_attributes": [],
          "private": "bnVsbA=="
        },
        {
          "index_key": 25,
          "schema_version": 0,
          "attributes": {
            "id": "-",
            "input": [
              "100000"
            ],
            "keepers": null,
            "result": [
              "100000"
            ],
            "result_count": null,
            "seed": null
          },
          "sensitive_attributes": [],
          "private": "bnVsbA=="
        },
        {
          "index_key": 26,
          "schema_version": 0,
          "attributes": {
            "id": "-",
            "input": [
              "100000"
            ],
            "keepers": null,
            "result": [
              "100000"
            ],
            "result_count": null,
            "seed": null
          },
          "sensitive_attributes": [],
          "private": "bnVsbA=="
        },
        {
          "index_key": 27,
          "schema_version": 0,
          "attributes": {
            "id": "-",
            "input": [
              "100000"
            ],
            "keepers": null,
            "result": [
              "100000"
            ],
            "result_count": null,
            "seed": null
          },
          "sensitive_attributes": [],
          "private": "bnVsbA=="
        },
        {
          "index_key": 28,
          "schema_version": 0,
          "attributes": {
            "id": "-",
            "input": [
              "100000"
            ],
            "keepers": null,
            "result": [
              "100000"
            ],
            "result_count": null,
            "seed": null
          },
          "sensitive_attributes": [],
          "private": "bnVsbA=="
        },
        {
          "index_key": 29,
          "schema_version": 0,
          "attributes": {
            "id": "-",
            "input": [
              "100000"
            ],
            "keepers": null,
            "result": [
              "100000"
            ],
            "result_count": null,
            "seed": null
          },
          "sensitive_attributes": [],
          "private": "bnVsbA=="
        },
        {
          "index_key": 30,
          "schema_version": 0,
          "attributes": {
            "id": "-",
            "input": [
              "100000"
            ],
            "keepers": null,
            "result": [
              "100000"
            ],
            "result_count": null,
            "seed": null
          },
          "sensitive_attributes": [],
          "private": "bnVsbA=="
        },
        {
          "index_key": 31,
          "schema_version": 0,
          "attributes": {
            "id": "-",
            "input": [
              "100000"
            ],
            "keepers": null,
            "result": [
              "100000"
            ],
            "result_count": null,
            "seed": null
          },
          "sensitive_attributes": [],
          "private": "bnVsbA=="
        },
        {
          "index_key": 32,
          "schema_version": 0,
          "attributes": {
            "id": "-",
            "input": [
              "100000"
            ],
            "keepers": null,
            "result": [
              "100000"
            ],
            "result_count": null,
            "seed": null
          },
          "sensitive_attributes": [],
          "private": "bnVsbA=="
        },
        {
          "index_key": 33,
          "schema_version": 0,
          "attributes": {
            "id": "-",
            "input": [
              "100000"
            ],
            "keepers": null,
            "result": [
              "100000"
            ],
            "result_count": null,
            "seed": null
          },
          "sensitive_attributes": [],
          "private": "bnVsbA=="
        },
        {
          "index_key": 34,
          "schema_version": 0,
          "attributes": {
            "id": "-",
            "input": [
              "100000"
            ],
            "keepers": null,
            "result": [
              "100000"
            ],
            "result_count": null,
            "seed": null
          },
          "sensitive_attributes": [],
          "private": "bnVsbA=="
        },
        {
          "index_key": 35,
          "schema_version": 0,
          "attributes": {
            "id": "-",
            "input": [
              "100000"
            ],
            "keepers": null,
            "result": [
              "100000"
            ],
            "result_count": null,
            "seed": null
          },
          "sensitive_attributes": [],
          "private": "bnVsbA=="
        },
        {
          "index_key": 36,
          "schema_version": 0,
          "attributes": {
            "id": "-",
            "input": [
              "100000"
            ],
            "keepers": null,
            "result": [
              "100000"
            ],
            "result_count": null,
            "seed": null
          },
          "sensitive_attributes": [],
          "private": "bnVsbA=="
        },
        {
          "index_key": 37,
          "schema_version": 0,
          "attributes": {
            "id": "-",
            "input": [
              "100000"
            ],
            "keepers": null,
            "result": [
              "100000"
            ],
            "result_count": null,
            "seed": null
          },
          "sensitive_attributes": [],
          "private": "bnVsbA=="
        },
        {
          "index_key": 38,
          "schema_version": 0,
          "attributes": {
            "id": "-",
            "input": [
              "100000"
            ],
            "keepers": null,
            "result": [
              "100000"
            ],
            "result_count": null,
            "seed": null
          },
          "sensitive_attributes": [],
          "private": "bnVsbA=="
        },
        {
          "index_key": 39,
          "schema_version": 0,
          "attributes": {
            "id": "-",
            "input": [
              "100000"
            ],
            "keepers": null,
            "result": [
              "100000"
            ],
            "result_count": null,
            "seed": null
          },
          "sensitive_attributes": [],
          "private": "bnVsbA=="
        },
        {
          "index_key": 40,
          "schema_version": 0,
          "attributes": {
            "id": "-",
            "input": [
              "100000"
            ],
            "keepers": null,
            "result": [
              "100000"
            ],
            "result_count": null,
            "seed": null
          },
          "sensitive_attributes": [],
          "private": "bnVsbA=="
        },
        {
          "index_key": 41,
          "schema_version": 0,
          "attributes": {
            "id": "-",
            "input": [
              "100000"
            ],
            "keepers": null,
            "result": [
              "100000"
            ],
            "result_count": null,
            "seed": null
          },
          "sensitive_attributes": [],
          "private": "bnVsbA=="
        },
        {
          "index_key": 42,
          "schema_version": 0,
          "attributes": {
            "id": "-",
            "input": [
              "100000"
            ],
            "keepers": null,
            "result": [
              "100000"
            ],
            "result_count": null,
            "seed": null
          },
          "sensitive_attributes": [],
          "private": "bnVsbA=="
        },
        {
          "index_key": 43,
          "schema_version": 0,
          "attributes": {
            "id": "-",
            "input": [
              "100000"
            ],
            "keepers": null,
            "result": [
              "100000"
            ],
            "result_count": null,
            "seed": null
          },
          "sensitive_attributes": [],
          "private": "bnVsbA=="
        },
        {
          "index_key": 44,
          "schema_version": 0,
          "attributes": {
            "id": "-",
            "input": [
              "100000"
            ],
            "keepers": null,
            "result": [
              "100000"
            ],
            "result_count": null,
            "seed": null
          },
          "sensitive_attributes": [],
          "private": "bnVsbA=="
        },
        {
          "index_key": 45,
          "schema_version": 0,
          "attributes": {
            "id": "-",
            "input": [
              "100000"
            ],
            "keepers": null,
            "result": [
              "100000"
            ],
            "result_count": null,
            "seed": null
          },
          "sensitive_attributes": [],
          "private": "bnVsbA=="
        },
        {
          "index_key": 46,
          "schema_version": 0,
          "attributes": {
            "id": "-",
            "input": [
              "100000"
            ],
            "keepers": null,
            "result": [
              "100000"
            ],
            "result_count": null,
            "seed": null
          },
          "sensitive_attributes": [],
          "private": "bnVsbA=="
        },
        {
          "index_key": 47,
          "schema_version": 0,
          "attributes": {
            "id": "-",
            "input": [
              "100000"
            ],
            "keepers": null,
            "result": [
              "100000"
            ],
            "result_count": null,
            "seed": null
          },
          "sensitive_attributes": [],
          "private": "bnVsbA=="
        },
        {
          "index_key": 48,
          "schema_version": 0,
          "attributes": {
            "id": "-",
            "input": [
              "100000"
            ],
            "keepers": null,
            "result": [
              "100000"
            ],
            "result_count": null,
            "seed": null
          },
          "sensitive_attributes": [],
          "private": "bnVsbA=="
        },
        {
          "index_key": 49,
          "schema_version": 0,
          "attributes": {
            "id": "-",
            "input": [
              "100000"
            ],
            "keepers": null,
            "result": [
              "100000"
            ],
            "result_count": null,
            "seed": null
          },
          "sensitive_attributes": [],
          "private": "bnVsbA=="
        },
        {
          "index_key": 50,
          "schema_version": 0,
          "attributes": {
            "id": "-",
            "input": [
              "100000"
            ],
            "keepers": null,
            "result": [
              "100000"
            ],
            "result_count": null,
            "seed": null
          },
          "sensitive_attributes": [],
          "private": "bnVsbA=="
        },
        {
          "index_key": 51,
          "schema_version": 0,
          "attributes": {
            "id": "-",
            "input": [
              "100000"
            ],
            "keepers": null,
            "result": [
              "100000"
            ],
            "result_count": null,
            "seed": null
          },
          "sensitive_attributes": [],
          "private": "bnVsbA=="
        },
        {
          "index_key": 52,
          "schema_version": 0,
          "attributes": {
            "id": "-",
            "input": [
              "100000"
            ],
            "keepers": null,
            "result": [
              "100000"
            ],
            "result_count": null,
            "seed": null
          },
          "sensitive_attributes": [],
          "private": "bnVsbA=="
        },
        {
          "index_key": 53,
          "schema_version": 0,
          "attributes": {
            "id": "-",
            "input": [
              "100000"
            ],
            "keepers": null,
            "result": [
              "100000"
            ],
            "result_count": null,
            "seed": null
          },
          "sensitive_attributes": [],
          "private": "bnVsbA=="
        },
        {
          "index_key": 54,
          "schema_version": 0,
          "attributes": {
            "id": "-",
            "input": [
              "100000"
            ],
            "keepers": null,
            "result": [
              "100000"
            ],
            "result_count": null,
            "seed": null
          },
          "sensitive_attributes": [],
          "private": "bnVsbA=="
        },
        {
          "index_key": 55,
          "schema_version": 0,
          "attributes": {
            "id": "-",
            "input": [
              "100000"
            ],
            "keepers": null,
            "result": [
              "100000"
            ],
            "result_count": null,
            "seed": null
          },
          "sensitive_attributes": [],
          "private": "bnVsbA=="
        },
        {
          "index_key": 56,
          "schema_version": 0,
          "attributes": {
            "id": "-",
            "input": [
              "100000"
            ],
            "keepers": null,
            "result": [
              "100000"
            ],
            "result_count": null,
            "seed": null
          },
          "sensitive_attributes": [],
          "private": "bnVsbA=="
        },
        {
          "index_key": 57,
          "schema_version": 0,
          "attributes": {
            "id": "-",
            "input": [
              "100000"
            ],
            "keepers": null,
            "result": [
              "100000"
            ],
            "result_count": null,
            "seed": null
          },
          "sensitive_attributes": [],
          "private": "bnVsbA=="
        },
        {
          "index_key": 58,
          "schema_version": 0,
          "attributes": {
            "id": "-",
            "input": [
              "100000"
            ],
            "keepers": null,
            "result": [
              "100000"
            ],
            "result_count": null,
            "seed": null
          },
          "sensitive_attributes": [],
          "private": "bnVsbA=="
        },
        {
          "index_key": 59,
          "schema_version": 0,
          "attributes": {
            "id": "-",
            "input": [
              "100000"
            ],
            "keepers": null,
            "result": [
              "100000"
            ],
            "result_count": null,
            "seed": null
          },
          "sensitive_attributes": [],
          "private": "bnVsbA=="
        },
        {
          "index_key": 60,
          "schema_version": 0,
          "attributes": {
            "id": "-",
            "input": [
              "100000"
            ],
            "keepers": null,
            "result": [
              "100000"
            ],
            "result_count": null,
            "seed": null
          },
          "sensitive_attributes": [],
          "private": "bnVsbA=="
        },
        {
          "index_key": 61,
          "schema_version": 0,
          "attributes": {
            "id": "-",
            "input": [
              "100000"
            ],
            "keepers": null,
            "result": [
              "100000"
            ],
            "result_count": null,
            "seed": null
          },
          "sensitive_attributes": [],
          "private": "bnVsbA=="
        },
        {
          "index_key": 62,
          "schema_version": 0,
          "attributes": {
            "id": "-",
            "input": [
              "100000"
            ],
            "keepers": null,
            "result": [
              "100000"
            ],
            "result_count": null,
            "seed": null
          },
          "sensitive_attributes": [],
          "private": "bnVsbA=="
        },
        {
          "index_key": 63,
          "schema_version": 0,
          "attributes": {
            "id": "-",
            "input": [
              "100000"
            ],
            "keepers": null,
            "result": [
              "100000"
            ],
            "result_count": null,
            "seed": null
          },
          "sensitive_attributes": [],
          "private": "bnVsbA=="
        },
        {
          "index_key": 64,
          "schema_version": 0,
          "attributes": {
            "id": "-",
            "input": [
              "100000"
            ],
            "keepers": null,
            "result": [
              "100000"
            ],
            "result_count": null,
            "seed": null
          },
          "sensitive_attributes": [],
          "private": "bnVsbA=="
        },
        {
          "index_key": 65,
          "schema_version": 0,
          "attributes": {
            "id": "-",
            "input": [
              "100000"
            ],
            "keepers": null,
            "result": [
              "100000"
            ],
            "result_count": null,
            "seed": null
          },
          "sensitive_attributes": [],
          "private": "bnVsbA=="
        },
        {
          "index_key": 66,
          "schema_version": 0,
          "attributes": {
            "id": "-",
            "input": [
              "100000"
            ],
            "keepers": null,
            "result": [
              "100000"
            ],
            "result_count": null,
            "seed": null
          },
          "sensitive_attributes": [],
          "private": "bnVsbA=="
        },
        {
          "index_key": 67,
          "schema_version": 0,
          "attributes": {
            "id": "-",
            "input": [
              "100000"
            ],
            "keepers": null,
            "result": [
              "100000"
            ],
            "result_count": null,
            "seed": null
          },
          "sensitive_attributes": [],
          "private": "bnVsbA=="
        },
        {
          "index_key": 68,
          "schema_version": 0,
          "attributes": {
            "id": "-",
            "input": [
              "100000"
            ],
            "keepers": null,
            "result": [
              "100000"
            ],
            "result_count": null,
            "seed": null
          },
          "sensitive_attributes": [],
          "private": "bnVsbA=="
        },
        {
          "index_key": 69,
          "schema_version": 0,
          "attributes": {
            "id": "-",
            "input": [
              "100000"
            ],
            "keepers": null,
            "result": [
              "100000"
            ],
            "result_count": null,
            "seed": null
          },
          "sensitive_attributes": [],
          "private": "bnVsbA=="
        },
        {
          "index_key": 70,
          "schema_version": 0,
          "attributes": {
            "id": "-",
            "input": [
              "100000"
            ],
            "keepers": null,
            "result": [
              "100000"
            ],
            "result_count": null,
            "seed": null
          },
          "sensitive_attributes": [],
          "private": "bnVsbA=="
        },
        {
          "index_key": 71,
          "schema_version": 0,
          "attributes": {
            "id": "-",
            "input": [
              "100000"
            ],
            "keepers": null,
            "result": [
              "100000"
            ],
            "result_count": null,
            "seed": null
          },
          "sensitive_attributes": [],
          "private": "bnVsbA=="
        },
        {
          "index_key": 72,
          "schema_version": 0,
          "attributes": {
            "id": "-",
            "input": [
              "100000"
            ],
            "keepers": null,
            "result": [
              "100000"
            ],
            "result_count": null,
            "seed": null
          },
          "sensitive_attributes": [],
          "private": "bnVsbA=="
        },
        {
          "index_key": 73,
          "schema_version": 0,
          "attributes": {
            "id": "-",
            "input": [
              "100000"
            ],
            "keepers": null,
            "result": [
              "100000"
            ],
            "result_count": null,
            "seed": null
          },
          "sensitive_attributes": [],
          "private": "bnVsbA=="
        },
        {
          "index_key": 74,
          "schema_version": 0,
          "attributes": {
            "id": "-",
            "input": [
              "100000"
            ],
            "keepers": null,
            "result": [
              "100000"
            ],
            "result_count": null,
            "seed": null
          },
          "sensitive_attributes": [],
          "private": "bnVsbA=="
        },
        {
          "index_key": 75,
          "schema_version": 0,
          "attributes": {
            "id": "-",
            "input": [
              "100000"
            ],
            "keepers": null,
            "result": [
              "100000"
            ],
            "result_count": null,
            "seed": null
          },
          "sensitive_attributes": [],
          "private": "bnVsbA=="
        },
        {
          "index_key": 76,
          "schema_version": 0,
          "attributes": {
            "id": "-",
            "input": [
              "100000"
            ],
            "keepers": null,
            "result": [
              "100000"
            ],
            "result_count": null,
            "seed": null
          },
          "sensitive_attributes": [],
          "private": "bnVsbA=="
        },
        {
          "index_key": 77,
          "schema_version": 0,
          "attributes": {
            "id": "-",
            "input": [
              "100000"
            ],
            "keepers": null,
            "result": [
              "100000"
            ],
            "result_count": null,
            "seed": null
          },
          "sensitive_attributes": [],
          "private": "bnVsbA=="
        },
        {
          "index_key": 78,
          "schema_version": 0,
          "attributes": {
            "id": "-",
            "input": [
              "100000"
            ],
            "keepers": null,
            "result": [
              "100000"
            ],
            "result_count": null,
            "seed": null
          },
          "sensitive_attributes": [],
          "private": "bnVsbA=="
        },
        {
          "index_key": 79,
          "schema_version": 0,
          "attributes": {
            "id": "-",
            "input": [
              "100000"
            ],
            "keepers": null,
            "result": [
              "100000"
            ],
            "result_count": null,
            "seed": null
          },
          "sensitive_attributes": [],
          "private": "bnVsbA=="
        },
        {
          "index_key": 80,
          "schema_version": 0,
          "attributes": {
            "id": "-",
            "input": [
              "100000"
            ],
            "keepers": null,
            "result": [
              "100000"
            ],
            "result_count": null,
            "seed": null
          },
          "sensitive_attributes": [],
          "private": "bnVsbA=="
        },
        {
          "index_key": 81,
          "schema_version": 0,
          "attributes": {
            "id": "-",
            "input": [
              "100000"
            ],
            "keepers": null,
            "result": [
              "100000"
            ],
            "result_count": null,
            "seed": null
          },
          "sensitive_attributes": [],
          "private": "bnVsbA=="
        },
        {
          "index_key": 82,
          "schema_version": 0,
          "attributes": {
            "id": "-",
            "input": [
              "100000"
            ],
            "keepers": null,
            "result": [
              "100000"
            ],
            "result_count": null,
            "seed": null
          },
          "sensitive_attributes": [],
          "private": "bnVsbA=="
        },
        {
          "index_key": 83,
          "schema_version": 0,
          "attributes": {
            "id": "-",
            "input": [
              "100000"
            ],
            "keepers": null,
            "result": [
              "100000"
            ],
            "result_count": null,
            "seed": null
          },
          "sensitive_attributes": [],
          "private": "bnVsbA=="
        },
        {
          "index_key": 84,
          "schema_version": 0,
          "attributes": {
            "id": "-",
            "input": [
              "100000"
            ],
            "keepers": null,
            "result": [
              "100000"
            ],
            "result_count": null,
            "seed": null
          },
          "sensitive_attributes": [],
          "private": "bnVsbA=="
        },
        {
          "index_key": 85,
          "schema_version": 0,
          "attributes": {
            "id": "-",
            "input": [
              "100000"
            ],
            "keepers": null,
            "result": [
              "100000"
            ],
            "result_count": null,
            "seed": null
          },
          "sensitive_attributes": [],
          "private": "bnVsbA=="
        },
        {
          "index_key": 86,
          "schema_version": 0,
          "attributes": {
            "id": "-",
            "input": [
              "100000"
            ],
            "keepers": null,
            "result": [
              "100000"
            ],
            "result_count": null,
            "seed": null
          },
          "sensitive_attributes": [],
          "private": "bnVsbA=="
        },
        {
          "index_key": 87,
          "schema_version": 0,
          "attributes": {
            "id": "-",
            "input": [
              "100000"
            ],
            "keepers": null,
            "result": [
              "100000"
            ],
            "result_count": null,
            "seed": null
          },
          "sensitive_attributes": [],
          "private": "bnVsbA=="
        },
        {
          "index_key": 88,
          "schema_version": 0,
          "attributes": {
            "id": "-",
            "input": [
              "100000"
            ],
            "keepers": null,
            "result": [
              "100000"
            ],
            "result_count": null,
            "seed": null
          },
          "sensitive_attributes": [],
          "private": "bnVsbA=="
        },
        {
          "index_key": 89,
          "schema_version": 0,
          "attributes": {
            "id": "-",
            "input": [
              "100000"
            ],
            "keepers": null,
            "result": [
              "100000"
            ],
            "result_count": null,
            "seed": null
          },
          "sensitive_attributes": [],
          "private": "bnVsbA=="
        },
        {
          "index_key": 90,
          "schema_version": 0,
          "attributes": {
            "id": "-",
            "input": [
              "100000"
            ],
            "keepers": null,
            "result": [
              "100000"
            ],
            "result_count": null,
            "seed": null
          },
          "sensitive_attributes": [],
          "private": "bnVsbA=="
        },
        {
          "index_key": 91,
          "schema_version": 0,
          "attributes": {
            "id": "-",
            "input": [
              "100000"
            ],
            "keepers": null,
            "result": [
              "100000"
            ],
            "result_count": null,
            "seed": null
          },
          "sensitive_attributes": [],
          "private": "bnVsbA=="
        },
        {
          "index_key": 92,
          "schema_version": 0,
          "attributes": {
            "id": "-",
            "input": [
              "100000"
            ],
            "keepers": null,
            "result": [
              "100000"
            ],
            "result_count": null,
            "seed": null
          },
          "sensitive_attributes": [],
          "private": "bnVsbA=="
        },
        {
          "index_key": 93,
          "schema_version": 0,
          "attributes": {
            "id": "-",
            "input": [
              "100000"
            ],
            "keepers": null,
            "result": [
              "100000"
            ],
            "result_count": null,
            "seed": null
          },
          "sensitive_attributes": [],
          "private": "bnVsbA=="
        },
        {
          "index_key": 94,
          "schema_version": 0,
          "attributes": {
            "id": "-",
            "input": [
              "100000"
            ],
            "keepers": null,
            "result": [
              "100000"
            ],
            "result_count": null,
            "seed": null
          },
          "sensitive_attributes": [],
          "private": "bnVsbA=="
        },
        {
          "index_key": 95,
          "schema_version": 0,
          "attributes": {
            "id": "-",
            "input": [
              "100000"
            ],
            "keepers": null,
            "result": [
              "100000"
            ],
            "result_count": null,
            "seed": null
          },
          "sensitive_attributes": [],
          "private": "bnVsbA=="
        },
        {
          "index_key": 96,
          "schema_version": 0,
          "attributes": {
            "id": "-",
            "input": [
              "100000"
            ],
            "keepers": null,
            "result": [
              "100000"
            ],
            "result_count": null,
            "seed": null
          },
          "sensitive_attributes": [],
          "private": "bnVsbA=="
        },
        {
          "index_key": 97,
          "schema_version": 0,
          "attributes": {
            "id": "-",
            "input": [
              "100000"
            ],
            "keepers": null,
            "result": [
              "100000"
            ],
            "result_count": null,
            "seed": null
          },
          "sensitive_attributes": [],
          "private": "bnVsbA=="
        },
        {
          "index_key": 98,
          "schema_version": 0,
          "attributes": {
            "id": "-",
            "input": [
              "100000"
            ],
            "keepers": null,
            "result": [
              "100000"
            ],
            "result_count": null,
            "seed": null
          },
          "sensitive_attributes": [],
          "private": "bnVsbA=="
        },
        {
          "index_key": 99,
          "schema_version": 0,
          "attributes": {
            "id": "-",
            "input": [
              "100000"
            ],
            "keepers": null,
            "result": [
              "100000"
            ],
            "result_count": null,
            "seed": null
          },
          "sensitive_attributes": [],
          "private": "bnVsbA=="
        }
      ]
    },
    {
      "mode": "managed",
      "type": "random_shuffle",
      "name": "random_verbs",
      "provider": "provider[\"registry.terraform.io/hashicorp/random\"]",
      "instances": [
        {
          "index_key": 0,
          "schema_version": 0,
          "attributes": {
            "id": "-",
            "input": [
              "RAM"
            ],
            "keepers": null,
            "result": [
              "RAM"
            ],
            "result_count": null,
            "seed": null
          },
          "sensitive_attributes": [],
          "private": "bnVsbA=="
        },
        {
          "index_key": 1,
          "schema_version": 0,
          "attributes": {
            "id": "-",
            "input": [
              "RAM"
            ],
            "keepers": null,
            "result": [
              "RAM"
            ],
            "result_count": null,
            "seed": null
          },
          "sensitive_attributes": [],
          "private": "bnVsbA=="
        },
        {
          "index_key": 2,
          "schema_version": 0,
          "attributes": {
            "id": "-",
            "input": [
              "RAM"
            ],
            "keepers": null,
            "result": [
              "RAM"
            ],
            "result_count": null,
            "seed": null
          },
          "sensitive_attributes": [],
          "private": "bnVsbA=="
        },
        {
          "index_key": 3,
          "schema_version": 0,
          "attributes": {
            "id": "-",
            "input": [
              "RAM"
            ],
            "keepers": null,
            "result": [
              "RAM"
            ],
            "result_count": null,
            "seed": null
          },
          "sensitive_attributes": [],
          "private": "bnVsbA=="
        },
        {
          "index_key": 4,
          "schema_version": 0,
          "attributes": {
            "id": "-",
            "input": [
              "RAM"
            ],
            "keepers": null,
            "result": [
              "RAM"
            ],
            "result_count": null,
            "seed": null
          },
          "sensitive_attributes": [],
          "private": "bnVsbA=="
        },
        {
          "index_key": 5,
          "schema_version": 0,
          "attributes": {
            "id": "-",
            "input": [
              "RAM"
            ],
            "keepers": null,
            "result": [
              "RAM"
            ],
            "result_count": null,
            "seed": null
          },
          "sensitive_attributes": [],
          "private": "bnVsbA=="
        },
        {
          "index_key": 6,
          "schema_version": 0,
          "attributes": {
            "id": "-",
            "input": [
              "RAM"
            ],
            "keepers": null,
            "result": [
              "RAM"
            ],
            "result_count": null,
            "seed": null
          },
          "sensitive_attributes": [],
          "private": "bnVsbA=="
        },
        {
          "index_key": 7,
          "schema_version": 0,
          "attributes": {
            "id": "-",
            "input": [
              "RAM"
            ],
            "keepers": null,
            "result": [
              "RAM"
            ],
            "result_count": null,
            "seed": null
          },
          "sensitive_attributes": [],
          "private": "bnVsbA=="
        },
        {
          "index_key": 8,
          "schema_version": 0,
          "attributes": {
            "id": "-",
            "input": [
              "RAM"
            ],
            "keepers": null,
            "result": [
              "RAM"
            ],
            "result_count": null,
            "seed": null
          },
          "sensitive_attributes": [],
          "private": "bnVsbA=="
        },
        {
          "index_key": 9,
          "schema_version": 0,
          "attributes": {
            "id": "-",
            "input": [
              "RAM"
            ],
            "keepers": null,
            "result": [
              "RAM"
            ],
            "result_count": null,
            "seed": null
          },
          "sensitive_attributes": [],
          "private": "bnVsbA=="
        },
        {
          "index_key": 10,
          "schema_version": 0,
          "attributes": {
            "id": "-",
            "input": [
              "RAM"
            ],
            "keepers": null,
            "result": [
              "RAM"
            ],
            "result_count": null,
            "seed": null
          },
          "sensitive_attributes": [],
          "private": "bnVsbA=="
        },
        {
          "index_key": 11,
          "schema_version": 0,
          "attributes": {
            "id": "-",
            "input": [
              "RAM"
            ],
            "keepers": null,
            "result": [
              "RAM"
            ],
            "result_count": null,
            "seed": null
          },
          "sensitive_attributes": [],
          "private": "bnVsbA=="
        },
        {
          "index_key": 12,
          "schema_version": 0,
          "attributes": {
            "id": "-",
            "input": [
              "RAM"
            ],
            "keepers": null,
            "result": [
              "RAM"
            ],
            "result_count": null,
            "seed": null
          },
          "sensitive_attributes": [],
          "private": "bnVsbA=="
        },
        {
          "index_key": 13,
          "schema_version": 0,
          "attributes": {
            "id": "-",
            "input": [
              "RAM"
            ],
            "keepers": null,
            "result": [
              "RAM"
            ],
            "result_count": null,
            "seed": null
          },
          "sensitive_attributes": [],
          "private": "bnVsbA=="
        },
        {
          "index_key": 14,
          "schema_version": 0,
          "attributes": {
            "id": "-",
            "input": [
              "RAM"
            ],
            "keepers": null,
            "result": [
              "RAM"
            ],
            "result_count": null,
            "seed": null
          },
          "sensitive_attributes": [],
          "private": "bnVsbA=="
        },
        {
          "index_key": 15,
          "schema_version": 0,
          "attributes": {
            "id": "-",
            "input": [
              "RAM"
            ],
            "keepers": null,
            "result": [
              "RAM"
            ],
            "result_count": null,
            "seed": null
          },
          "sensitive_attributes": [],
          "private": "bnVsbA=="
        },
        {
          "index_key": 16,
          "schema_version": 0,
          "attributes": {
            "id": "-",
            "input": [
              "RAM"
            ],
            "keepers": null,
            "result": [
              "RAM"
            ],
            "result_count": null,
            "seed": null
          },
          "sensitive_attributes": [],
          "private": "bnVsbA=="
        },
        {
          "index_key": 17,
          "schema_version": 0,
          "attributes": {
            "id": "-",
            "input": [
              "RAM"
            ],
            "keepers": null,
            "result": [
              "RAM"
            ],
            "result_count": null,
            "seed": null
          },
          "sensitive_attributes": [],
          "private": "bnVsbA=="
        },
        {
          "index_key": 18,
          "schema_version": 0,
          "attributes": {
            "id": "-",
            "input": [
              "RAM"
            ],
            "keepers": null,
            "result": [
              "RAM"
            ],
            "result_count": null,
            "seed": null
          },
          "sensitive_attributes": [],
          "private": "bnVsbA=="
        },
        {
          "index_key": 19,
          "schema_version": 0,
          "attributes": {
            "id": "-",
            "input": [
              "RAM"
            ],
            "keepers": null,
            "result": [
              "RAM"
            ],
            "result_count": null,
            "seed": null
          },
          "sensitive_attributes": [],
          "private": "bnVsbA=="
        },
        {
          "index_key": 20,
          "schema_version": 0,
          "attributes": {
            "id": "-",
            "input": [
              "RAM"
            ],
            "keepers": null,
            "result": [
              "RAM"
            ],
            "result_count": null,
            "seed": null
          },
          "sensitive_attributes": [],
          "private": "bnVsbA=="
        },
        {
          "index_key": 21,
          "schema_version": 0,
          "attributes": {
            "id": "-",
            "input": [
              "RAM"
            ],
            "keepers": null,
            "result": [
              "RAM"
            ],
            "result_count": null,
            "seed": null
          },
          "sensitive_attributes": [],
          "private": "bnVsbA=="
        },
        {
          "index_key": 22,
          "schema_version": 0,
          "attributes": {
            "id": "-",
            "input": [
              "RAM"
            ],
            "keepers": null,
            "result": [
              "RAM"
            ],
            "result_count": null,
            "seed": null
          },
          "sensitive_attributes": [],
          "private": "bnVsbA=="
        },
        {
          "index_key": 23,
          "schema_version": 0,
          "attributes": {
            "id": "-",
            "input": [
              "RAM"
            ],
            "keepers": null,
            "result": [
              "RAM"
            ],
            "result_count": null,
            "seed": null
          },
          "sensitive_attributes": [],
          "private": "bnVsbA=="
        },
        {
          "index_key": 24,
          "schema_version": 0,
          "attributes": {
            "id": "-",
            "input": [
              "RAM"
            ],
            "keepers": null,
            "result": [
              "RAM"
            ],
            "result_count": null,
            "seed": null
          },
          "sensitive_attributes": [],
          "private": "bnVsbA=="
        },
        {
          "index_key": 25,
          "schema_version": 0,
          "attributes": {
            "id": "-",
            "input": [
              "RAM"
            ],
            "keepers": null,
            "result": [
              "RAM"
            ],
            "result_count": null,
            "seed": null
          },
          "sensitive_attributes": [],
          "private": "bnVsbA=="
        },
        {
          "index_key": 26,
          "schema_version": 0,
          "attributes": {
            "id": "-",
            "input": [
              "RAM"
            ],
            "keepers": null,
            "result": [
              "RAM"
            ],
            "result_count": null,
            "seed": null
          },
          "sensitive_attributes": [],
          "private": "bnVsbA=="
        },
        {
          "index_key": 27,
          "schema_version": 0,
          "attributes": {
            "id": "-",
            "input": [
              "RAM"
            ],
            "keepers": null,
            "result": [
              "RAM"
            ],
            "result_count": null,
            "seed": null
          },
          "sensitive_attributes": [],
          "private": "bnVsbA=="
        },
        {
          "index_key": 28,
          "schema_version": 0,
          "attributes": {
            "id": "-",
            "input": [
              "RAM"
            ],
            "keepers": null,
            "result": [
              "RAM"
            ],
            "result_count": null,
            "seed": null
          },
          "sensitive_attributes": [],
          "private": "bnVsbA=="
        },
        {
          "index_key": 29,
          "schema_version": 0,
          "attributes": {
            "id": "-",
            "input": [
              "RAM"
            ],
            "keepers": null,
            "result": [
              "RAM"
            ],
            "result_count": null,
            "seed": null
          },
          "sensitive_attributes": [],
          "private": "bnVsbA=="
        },
        {
          "index_key": 30,
          "schema_version": 0,
          "attributes": {
            "id": "-",
            "input": [
              "RAM"
            ],
            "keepers": null,
            "result": [
              "RAM"
            ],
            "result_count": null,
            "seed": null
          },
          "sensitive_attributes": [],
          "private": "bnVsbA=="
        },
        {
          "index_key": 31,
          "schema_version": 0,
          "attributes": {
            "id": "-",
            "input": [
              "RAM"
            ],
            "keepers": null,
            "result": [
              "RAM"
            ],
            "result_count": null,
            "seed": null
          },
          "sensitive_attributes": [],
          "private": "bnVsbA=="
        },
        {
          "index_key": 32,
          "schema_version": 0,
          "attributes": {
            "id": "-",
            "input": [
              "RAM"
            ],
            "keepers": null,
            "result": [
              "RAM"
            ],
            "result_count": null,
            "seed": null
          },
          "sensitive_attributes": [],
          "private": "bnVsbA=="
        },
        {
          "index_key": 33,
          "schema_version": 0,
          "attributes": {
            "id": "-",
            "input": [
              "RAM"
            ],
            "keepers": null,
            "result": [
              "RAM"
            ],
            "result_count": null,
            "seed": null
          },
          "sensitive_attributes": [],
          "private": "bnVsbA=="
        },
        {
          "index_key": 34,
          "schema_version": 0,
          "attributes": {
            "id": "-",
            "input": [
              "RAM"
            ],
            "keepers": null,
            "result": [
              "RAM"
            ],
            "result_count": null,
            "seed": null
          },
          "sensitive_attributes": [],
          "private": "bnVsbA=="
        },
        {
          "index_key": 35,
          "schema_version": 0,
          "attributes": {
            "id": "-",
            "input": [
              "RAM"
            ],
            "keepers": null,
            "result": [
              "RAM"
            ],
            "result_count": null,
            "seed": null
          },
          "sensitive_attributes": [],
          "private": "bnVsbA=="
        },
        {
          "index_key": 36,
          "schema_version": 0,
          "attributes": {
            "id": "-",
            "input": [
              "RAM"
            ],
            "keepers": null,
            "result": [
              "RAM"
            ],
            "result_count": null,
            "seed": null
          },
          "sensitive_attributes": [],
          "private": "bnVsbA=="
        },
        {
          "index_key": 37,
          "schema_version": 0,
          "attributes": {
            "id": "-",
            "input": [
              "RAM"
            ],
            "keepers": null,
            "result": [
              "RAM"
            ],
            "result_count": null,
            "seed": null
          },
          "sensitive_attributes": [],
          "private": "bnVsbA=="
        },
        {
          "index_key": 38,
          "schema_version": 0,
          "attributes": {
            "id": "-",
            "input": [
              "RAM"
            ],
            "keepers": null,
            "result": [
              "RAM"
            ],
            "result_count": null,
            "seed": null
          },
          "sensitive_attributes": [],
          "private": "bnVsbA=="
        },
        {
          "index_key": 39,
          "schema_version": 0,
          "attributes": {
            "id": "-",
            "input": [
              "RAM"
            ],
            "keepers": null,
            "result": [
              "RAM"
            ],
            "result_count": null,
            "seed": null
          },
          "sensitive_attributes": [],
          "private": "bnVsbA=="
        },
        {
          "index_key": 40,
          "schema_version": 0,
          "attributes": {
            "id": "-",
            "input": [
              "RAM"
            ],
            "keepers": null,
            "result": [
              "RAM"
            ],
            "result_count": null,
            "seed": null
          },
          "sensitive_attributes": [],
          "private": "bnVsbA=="
        },
        {
          "index_key": 41,
          "schema_version": 0,
          "attributes": {
            "id": "-",
            "input": [
              "RAM"
            ],
            "keepers": null,
            "result": [
              "RAM"
            ],
            "result_count": null,
            "seed": null
          },
          "sensitive_attributes": [],
          "private": "bnVsbA=="
        },
        {
          "index_key": 42,
          "schema_version": 0,
          "attributes": {
            "id": "-",
            "input": [
              "RAM"
            ],
            "keepers": null,
            "result": [
              "RAM"
            ],
            "result_count": null,
            "seed": null
          },
          "sensitive_attributes": [],
          "private": "bnVsbA=="
        },
        {
          "index_key": 43,
          "schema_version": 0,
          "attributes": {
            "id": "-",
            "input": [
              "RAM"
            ],
            "keepers": null,
            "result": [
              "RAM"
            ],
            "result_count": null,
            "seed": null
          },
          "sensitive_attributes": [],
          "private": "bnVsbA=="
        },
        {
          "index_key": 44,
          "schema_version": 0,
          "attributes": {
            "id": "-",
            "input": [
              "RAM"
            ],
            "keepers": null,
            "result": [
              "RAM"
            ],
            "result_count": null,
            "seed": null
          },
          "sensitive_attributes": [],
          "private": "bnVsbA=="
        },
        {
          "index_key": 45,
          "schema_version": 0,
          "attributes": {
            "id": "-",
            "input": [
              "RAM"
            ],
            "keepers": null,
            "result": [
              "RAM"
            ],
            "result_count": null,
            "seed": null
          },
          "sensitive_attributes": [],
          "private": "bnVsbA=="
        },
        {
          "index_key": 46,
          "schema_version": 0,
          "attributes": {
            "id": "-",
            "input": [
              "RAM"
            ],
            "keepers": null,
            "result": [
              "RAM"
            ],
            "result_count": null,
            "seed": null
          },
          "sensitive_attributes": [],
          "private": "bnVsbA=="
        },
        {
          "index_key": 47,
          "schema_version": 0,
          "attributes": {
            "id": "-",
            "input": [
              "RAM"
            ],
            "keepers": null,
            "result": [
              "RAM"
            ],
            "result_count": null,
            "seed": null
          },
          "sensitive_attributes": [],
          "private": "bnVsbA=="
        },
        {
          "index_key": 48,
          "schema_version": 0,
          "attributes": {
            "id": "-",
            "input": [
              "RAM"
            ],
            "keepers": null,
            "result": [
              "RAM"
            ],
            "result_count": null,
            "seed": null
          },
          "sensitive_attributes": [],
          "private": "bnVsbA=="
        },
        {
          "index_key": 49,
          "schema_version": 0,
          "attributes": {
            "id": "-",
            "input": [
              "RAM"
            ],
            "keepers": null,
            "result": [
              "RAM"
            ],
            "result_count": null,
            "seed": null
          },
          "sensitive_attributes": [],
          "private": "bnVsbA=="
        },
        {
          "index_key": 50,
          "schema_version": 0,
          "attributes": {
            "id": "-",
            "input": [
              "RAM"
            ],
            "keepers": null,
            "result": [
              "RAM"
            ],
            "result_count": null,
            "seed": null
          },
          "sensitive_attributes": [],
          "private": "bnVsbA=="
        },
        {
          "index_key": 51,
          "schema_version": 0,
          "attributes": {
            "id": "-",
            "input": [
              "RAM"
            ],
            "keepers": null,
            "result": [
              "RAM"
            ],
            "result_count": null,
            "seed": null
          },
          "sensitive_attributes": [],
          "private": "bnVsbA=="
        },
        {
          "index_key": 52,
          "schema_version": 0,
          "attributes": {
            "id": "-",
            "input": [
              "RAM"
            ],
            "keepers": null,
            "result": [
              "RAM"
            ],
            "result_count": null,
            "seed": null
          },
          "sensitive_attributes": [],
          "private": "bnVsbA=="
        },
        {
          "index_key": 53,
          "schema_version": 0,
          "attributes": {
            "id": "-",
            "input": [
              "RAM"
            ],
            "keepers": null,
            "result": [
              "RAM"
            ],
            "result_count": null,
            "seed": null
          },
          "sensitive_attributes": [],
          "private": "bnVsbA=="
        },
        {
          "index_key": 54,
          "schema_version": 0,
          "attributes": {
            "id": "-",
            "input": [
              "RAM"
            ],
            "keepers": null,
            "result": [
              "RAM"
            ],
            "result_count": null,
            "seed": null
          },
          "sensitive_attributes": [],
          "private": "bnVsbA=="
        },
        {
          "index_key": 55,
          "schema_version": 0,
          "attributes": {
            "id": "-",
            "input": [
              "RAM"
            ],
            "keepers": null,
            "result": [
              "RAM"
            ],
            "result_count": null,
            "seed": null
          },
          "sensitive_attributes": [],
          "private": "bnVsbA=="
        },
        {
          "index_key": 56,
          "schema_version": 0,
          "attributes": {
            "id": "-",
            "input": [
              "RAM"
            ],
            "keepers": null,
            "result": [
              "RAM"
            ],
            "result_count": null,
            "seed": null
          },
          "sensitive_attributes": [],
          "private": "bnVsbA=="
        },
        {
          "index_key": 57,
          "schema_version": 0,
          "attributes": {
            "id": "-",
            "input": [
              "RAM"
            ],
            "keepers": null,
            "result": [
              "RAM"
            ],
            "result_count": null,
            "seed": null
          },
          "sensitive_attributes": [],
          "private": "bnVsbA=="
        },
        {
          "index_key": 58,
          "schema_version": 0,
          "attributes": {
            "id": "-",
            "input": [
              "RAM"
            ],
            "keepers": null,
            "result": [
              "RAM"
            ],
            "result_count": null,
            "seed": null
          },
          "sensitive_attributes": [],
          "private": "bnVsbA=="
        },
        {
          "index_key": 59,
          "schema_version": 0,
          "attributes": {
            "id": "-",
            "input": [
              "RAM"
            ],
            "keepers": null,
            "result": [
              "RAM"
            ],
            "result_count": null,
            "seed": null
          },
          "sensitive_attributes": [],
          "private": "bnVsbA=="
        },
        {
          "index_key": 60,
          "schema_version": 0,
          "attributes": {
            "id": "-",
            "input": [
              "RAM"
            ],
            "keepers": null,
            "result": [
              "RAM"
            ],
            "result_count": null,
            "seed": null
          },
          "sensitive_attributes": [],
          "private": "bnVsbA=="
        },
        {
          "index_key": 61,
          "schema_version": 0,
          "attributes": {
            "id": "-",
            "input": [
              "RAM"
            ],
            "keepers": null,
            "result": [
              "RAM"
            ],
            "result_count": null,
            "seed": null
          },
          "sensitive_attributes": [],
          "private": "bnVsbA=="
        },
        {
          "index_key": 62,
          "schema_version": 0,
          "attributes": {
            "id": "-",
            "input": [
              "RAM"
            ],
            "keepers": null,
            "result": [
              "RAM"
            ],
            "result_count": null,
            "seed": null
          },
          "sensitive_attributes": [],
          "private": "bnVsbA=="
        },
        {
          "index_key": 63,
          "schema_version": 0,
          "attributes": {
            "id": "-",
            "input": [
              "RAM"
            ],
            "keepers": null,
            "result": [
              "RAM"
            ],
            "result_count": null,
            "seed": null
          },
          "sensitive_attributes": [],
          "private": "bnVsbA=="
        },
        {
          "index_key": 64,
          "schema_version": 0,
          "attributes": {
            "id": "-",
            "input": [
              "RAM"
            ],
            "keepers": null,
            "result": [
              "RAM"
            ],
            "result_count": null,
            "seed": null
          },
          "sensitive_attributes": [],
          "private": "bnVsbA=="
        },
        {
          "index_key": 65,
          "schema_version": 0,
          "attributes": {
            "id": "-",
            "input": [
              "RAM"
            ],
            "keepers": null,
            "result": [
              "RAM"
            ],
            "result_count": null,
            "seed": null
          },
          "sensitive_attributes": [],
          "private": "bnVsbA=="
        },
        {
          "index_key": 66,
          "schema_version": 0,
          "attributes": {
            "id": "-",
            "input": [
              "RAM"
            ],
            "keepers": null,
            "result": [
              "RAM"
            ],
            "result_count": null,
            "seed": null
          },
          "sensitive_attributes": [],
          "private": "bnVsbA=="
        },
        {
          "index_key": 67,
          "schema_version": 0,
          "attributes": {
            "id": "-",
            "input": [
              "RAM"
            ],
            "keepers": null,
            "result": [
              "RAM"
            ],
            "result_count": null,
            "seed": null
          },
          "sensitive_attributes": [],
          "private": "bnVsbA=="
        },
        {
          "index_key": 68,
          "schema_version": 0,
          "attributes": {
            "id": "-",
            "input": [
              "RAM"
            ],
            "keepers": null,
            "result": [
              "RAM"
            ],
            "result_count": null,
            "seed": null
          },
          "sensitive_attributes": [],
          "private": "bnVsbA=="
        },
        {
          "index_key": 69,
          "schema_version": 0,
          "attributes": {
            "id": "-",
            "input": [
              "RAM"
            ],
            "keepers": null,
            "result": [
              "RAM"
            ],
            "result_count": null,
            "seed": null
          },
          "sensitive_attributes": [],
          "private": "bnVsbA=="
        },
        {
          "index_key": 70,
          "schema_version": 0,
          "attributes": {
            "id": "-",
            "input": [
              "RAM"
            ],
            "keepers": null,
            "result": [
              "RAM"
            ],
            "result_count": null,
            "seed": null
          },
          "sensitive_attributes": [],
          "private": "bnVsbA=="
        },
        {
          "index_key": 71,
          "schema_version": 0,
          "attributes": {
            "id": "-",
            "input": [
              "RAM"
            ],
            "keepers": null,
            "result": [
              "RAM"
            ],
            "result_count": null,
            "seed": null
          },
          "sensitive_attributes": [],
          "private": "bnVsbA=="
        },
        {
          "index_key": 72,
          "schema_version": 0,
          "attributes": {
            "id": "-",
            "input": [
              "RAM"
            ],
            "keepers": null,
            "result": [
              "RAM"
            ],
            "result_count": null,
            "seed": null
          },
          "sensitive_attributes": [],
          "private": "bnVsbA=="
        },
        {
          "index_key": 73,
          "schema_version": 0,
          "attributes": {
            "id": "-",
            "input": [
              "RAM"
            ],
            "keepers": null,
            "result": [
              "RAM"
            ],
            "result_count": null,
            "seed": null
          },
          "sensitive_attributes": [],
          "private": "bnVsbA=="
        },
        {
          "index_key": 74,
          "schema_version": 0,
          "attributes": {
            "id": "-",
            "input": [
              "RAM"
            ],
            "keepers": null,
            "result": [
              "RAM"
            ],
            "result_count": null,
            "seed": null
          },
          "sensitive_attributes": [],
          "private": "bnVsbA=="
        },
        {
          "index_key": 75,
          "schema_version": 0,
          "attributes": {
            "id": "-",
            "input": [
              "RAM"
            ],
            "keepers": null,
            "result": [
              "RAM"
            ],
            "result_count": null,
            "seed": null
          },
          "sensitive_attributes": [],
          "private": "bnVsbA=="
        },
        {
          "index_key": 76,
          "schema_version": 0,
          "attributes": {
            "id": "-",
            "input": [
              "RAM"
            ],
            "keepers": null,
            "result": [
              "RAM"
            ],
            "result_count": null,
            "seed": null
          },
          "sensitive_attributes": [],
          "private": "bnVsbA=="
        },
        {
          "index_key": 77,
          "schema_version": 0,
          "attributes": {
            "id": "-",
            "input": [
              "RAM"
            ],
            "keepers": null,
            "result": [
              "RAM"
            ],
            "result_count": null,
            "seed": null
          },
          "sensitive_attributes": [],
          "private": "bnVsbA=="
        },
        {
          "index_key": 78,
          "schema_version": 0,
          "attributes": {
            "id": "-",
            "input": [
              "RAM"
            ],
            "keepers": null,
            "result": [
              "RAM"
            ],
            "result_count": null,
            "seed": null
          },
          "sensitive_attributes": [],
          "private": "bnVsbA=="
        },
        {
          "index_key": 79,
          "schema_version": 0,
          "attributes": {
            "id": "-",
            "input": [
              "RAM"
            ],
            "keepers": null,
            "result": [
              "RAM"
            ],
            "result_count": null,
            "seed": null
          },
          "sensitive_attributes": [],
          "private": "bnVsbA=="
        },
        {
          "index_key": 80,
          "schema_version": 0,
          "attributes": {
            "id": "-",
            "input": [
              "RAM"
            ],
            "keepers": null,
            "result": [
              "RAM"
            ],
            "result_count": null,
            "seed": null
          },
          "sensitive_attributes": [],
          "private": "bnVsbA=="
        },
        {
          "index_key": 81,
          "schema_version": 0,
          "attributes": {
            "id": "-",
            "input": [
              "RAM"
            ],
            "keepers": null,
            "result": [
              "RAM"
            ],
            "result_count": null,
            "seed": null
          },
          "sensitive_attributes": [],
          "private": "bnVsbA=="
        },
        {
          "index_key": 82,
          "schema_version": 0,
          "attributes": {
            "id": "-",
            "input": [
              "RAM"
            ],
            "keepers": null,
            "result": [
              "RAM"
            ],
            "result_count": null,
            "seed": null
          },
          "sensitive_attributes": [],
          "private": "bnVsbA=="
        },
        {
          "index_key": 83,
          "schema_version": 0,
          "attributes": {
            "id": "-",
            "input": [
              "RAM"
            ],
            "keepers": null,
            "result": [
              "RAM"
            ],
            "result_count": null,
            "seed": null
          },
          "sensitive_attributes": [],
          "private": "bnVsbA=="
        },
        {
          "index_key": 84,
          "schema_version": 0,
          "attributes": {
            "id": "-",
            "input": [
              "RAM"
            ],
            "keepers": null,
            "result": [
              "RAM"
            ],
            "result_count": null,
            "seed": null
          },
          "sensitive_attributes": [],
          "private": "bnVsbA=="
        },
        {
          "index_key": 85,
          "schema_version": 0,
          "attributes": {
            "id": "-",
            "input": [
              "RAM"
            ],
            "keepers": null,
            "result": [
              "RAM"
            ],
            "result_count": null,
            "seed": null
          },
          "sensitive_attributes": [],
          "private": "bnVsbA=="
        },
        {
          "index_key": 86,
          "schema_version": 0,
          "attributes": {
            "id": "-",
            "input": [
              "RAM"
            ],
            "keepers": null,
            "result": [
              "RAM"
            ],
            "result_count": null,
            "seed": null
          },
          "sensitive_attributes": [],
          "private": "bnVsbA=="
        },
        {
          "index_key": 87,
          "schema_version": 0,
          "attributes": {
            "id": "-",
            "input": [
              "RAM"
            ],
            "keepers": null,
            "result": [
              "RAM"
            ],
            "result_count": null,
            "seed": null
          },
          "sensitive_attributes": [],
          "private": "bnVsbA=="
        },
        {
          "index_key": 88,
          "schema_version": 0,
          "attributes": {
            "id": "-",
            "input": [
              "RAM"
            ],
            "keepers": null,
            "result": [
              "RAM"
            ],
            "result_count": null,
            "seed": null
          },
          "sensitive_attributes": [],
          "private": "bnVsbA=="
        },
        {
          "index_key": 89,
          "schema_version": 0,
          "attributes": {
            "id": "-",
            "input": [
              "RAM"
            ],
            "keepers": null,
            "result": [
              "RAM"
            ],
            "result_count": null,
            "seed": null
          },
          "sensitive_attributes": [],
          "private": "bnVsbA=="
        },
        {
          "index_key": 90,
          "schema_version": 0,
          "attributes": {
            "id": "-",
            "input": [
              "RAM"
            ],
            "keepers": null,
            "result": [
              "RAM"
            ],
            "result_count": null,
            "seed": null
          },
          "sensitive_attributes": [],
          "private": "bnVsbA=="
        },
        {
          "index_key": 91,
          "schema_version": 0,
          "attributes": {
            "id": "-",
            "input": [
              "RAM"
            ],
            "keepers": null,
            "result": [
              "RAM"
            ],
            "result_count": null,
            "seed": null
          },
          "sensitive_attributes": [],
          "private": "bnVsbA=="
        },
        {
          "index_key": 92,
          "schema_version": 0,
          "attributes": {
            "id": "-",
            "input": [
              "RAM"
            ],
            "keepers": null,
            "result": [
              "RAM"
            ],
            "result_count": null,
            "seed": null
          },
          "sensitive_attributes": [],
          "private": "bnVsbA=="
        },
        {
          "index_key": 93,
          "schema_version": 0,
          "attributes": {
            "id": "-",
            "input": [
              "RAM"
            ],
            "keepers": null,
            "result": [
              "RAM"
            ],
            "result_count": null,
            "seed": null
          },
          "sensitive_attributes": [],
          "private": "bnVsbA=="
        },
        {
          "index_key": 94,
          "schema_version": 0,
          "attributes": {
            "id": "-",
            "input": [
              "RAM"
            ],
            "keepers": null,
            "result": [
              "RAM"
            ],
            "result_count": null,
            "seed": null
          },
          "sensitive_attributes": [],
          "private": "bnVsbA=="
        },
        {
          "index_key": 95,
          "schema_version": 0,
          "attributes": {
            "id": "-",
            "input": [
              "RAM"
            ],
            "keepers": null,
            "result": [
              "RAM"
            ],
            "result_count": null,
            "seed": null
          },
          "sensitive_attributes": [],
          "private": "bnVsbA=="
        },
        {
          "index_key": 96,
          "schema_version": 0,
          "attributes": {
            "id": "-",
            "input": [
              "RAM"
            ],
            "keepers": null,
            "result": [
              "RAM"
            ],
            "result_count": null,
            "seed": null
          },
          "sensitive_attributes": [],
          "private": "bnVsbA=="
        },
        {
          "index_key": 97,
          "schema_version": 0,
          "attributes": {
            "id": "-",
            "input": [
              "RAM"
            ],
            "keepers": null,
            "result": [
              "RAM"
            ],
            "result_count": null,
            "seed": null
          },
          "sensitive_attributes": [],
          "private": "bnVsbA=="
        },
        {
          "index_key": 98,
          "schema_version": 0,
          "attributes": {
            "id": "-",
            "input": [
              "RAM"
            ],
            "keepers": null,
            "result": [
              "RAM"
            ],
            "result_count": null,
            "seed": null
          },
          "sensitive_attributes": [],
          "private": "bnVsbA=="
        },
        {
          "index_key": 99,
          "schema_version": 0,
          "attributes": {
            "id": "-",
            "input": [
              "RAM"
            ],
            "keepers": null,
            "result": [
              "RAM"
            ],
            "result_count": null,
            "seed": null
          },
          "sensitive_attributes": [],
          "private": "bnVsbA=="
        }
      ]
    }
  ]
}
