{
  "version": 4,
  "terraform_version": "1.0.10",
  "serial": 1355,
  "lineage": "6f7a4c44-0dd1-2f44-245d-de2d9f0f265d",
  "outputs": {},
  "resources": [
    {
      "mode": "data",
      "type": "archive_file",
      "name": "mad_libs",
      "provider": "provider[\"registry.terraform.io/hashicorp/archive\"]",
      "instances": []
    },
    {
      "mode": "managed",
      "type": "local_file",
      "name": "mad_libs",
      "provider": "provider[\"registry.terraform.io/hashicorp/local\"]",
      "instances": [
        {
          "index_key": 1,
          "schema_version": 0,
          "attributes": {
            "content": "HOW TO BE A PHOTOGRAPHER\r\nMany YASH photographers make big money\r\nphotographing RAJU2s and beautiful RAJU10s. They sell\r\nthe prints to YASH1 magazines or to agencies who use\r\nthem in RAJU7 advertisements. To be a photographer, you\r\nhave to have a RAJU9 camera. You also need an\r\nYASH2 meter and filters and a special close-up\r\nRAJU5. Then you either hire professional RAJU10s or go\r\nout and snap candid pictures of ordinary RAJU1s. But if you\r\nwant to have a career, you must study very SHARMA for at\r\nleast 100000 years.",
            "content_base64": null,
            "directory_permission": "0777",
            "file_permission": "0777",
            "filename": "madlibs/madlibs-1.txt",
            "id": "8c944145cfc46c4eef6ce6283be61570659fd3e7",
            "sensitive_content": null,
            "source": null
          },
          "sensitive_attributes": [],
          "private": "bnVsbA==",
          "dependencies": [
            "random_shuffle.random_adjectives",
            "random_shuffle.random_adverbs",
            "random_shuffle.random_nouns",
            "random_shuffle.random_numbers",
            "random_shuffle.random_verbs"
          ]
        },
        {
          "index_key": 3,
          "schema_version": 0,
          "attributes": {
            "content": "HOW TO BE A PHOTOGRAPHER\r\nMany YASH2 photographers make big money\r\nphotographing RAJU4s and beautiful RAJU6s. They sell\r\nthe prints to YASH1 magazines or to agencies who use\r\nthem in RAJU8 advertisements. To be a photographer, you\r\nhave to have a RAJU7 camera. You also need an\r\nYASH meter and filters and a special close-up\r\nRAJU1. Then you either hire professional RAJU6s or go\r\nout and snap candid pictures of ordinary RAJU5s. But if you\r\nwant to have a career, you must study very SHARMA for at\r\nleast 100000 years.",
            "content_base64": null,
            "directory_permission": "0777",
            "file_permission": "0777",
            "filename": "madlibs/madlibs-3.txt",
            "id": "1a14e6f62be2ab1c270ca2fdc58b26fe117b31c9",
            "sensitive_content": null,
            "source": null
          },
          "sensitive_attributes": [],
          "private": "bnVsbA==",
          "dependencies": [
            "random_shuffle.random_adjectives",
            "random_shuffle.random_adverbs",
            "random_shuffle.random_nouns",
            "random_shuffle.random_numbers",
            "random_shuffle.random_verbs"
          ]
        },
        {
          "index_key": 5,
          "schema_version": 0,
          "attributes": {
            "content": "HOW TO BE A PHOTOGRAPHER\r\nMany YASH2 photographers make big money\r\nphotographing RAJU9s and beautiful RAJU3s. They sell\r\nthe prints to YASH magazines or to agencies who use\r\nthem in RAJU7 advertisements. To be a photographer, you\r\nhave to have a RAJU10 camera. You also need an\r\nYASH1 meter and filters and a special close-up\r\nRAJU8. Then you either hire professional RAJU3s or go\r\nout and snap candid pictures of ordinary RAJU2s. But if you\r\nwant to have a career, you must study very SHARMA for at\r\nleast 100000 years.",
            "content_base64": null,
            "directory_permission": "0777",
            "file_permission": "0777",
            "filename": "madlibs/madlibs-5.txt",
            "id": "2d3de8a24ace7ce5dce8f3607ba14a177166f28b",
            "sensitive_content": null,
            "source": null
          },
          "sensitive_attributes": [],
          "private": "bnVsbA==",
          "dependencies": [
            "random_shuffle.random_adjectives",
            "random_shuffle.random_adverbs",
            "random_shuffle.random_nouns",
            "random_shuffle.random_numbers",
            "random_shuffle.random_verbs"
          ]
        },
        {
          "index_key": 7,
          "schema_version": 0,
          "attributes": {
            "content": "HOW TO BE A PHOTOGRAPHER\r\nMany YASH1 photographers make big money\r\nphotographing RAJU3s and beautiful RAJU4s. They sell\r\nthe prints to YASH magazines or to agencies who use\r\nthem in RAJU7 advertisements. To be a photographer, you\r\nhave to have a RAJU5 camera. You also need an\r\nYASH2 meter and filters and a special close-up\r\nRAJU8. Then you either hire professional RAJU4s or go\r\nout and snap candid pictures of ordinary RAJU6s. But if you\r\nwant to have a career, you must study very SHARMA for at\r\nleast 100000 years.",
            "content_base64": null,
            "directory_permission": "0777",
            "file_permission": "0777",
            "filename": "madlibs/madlibs-7.txt",
            "id": "995a3921cd027955282a80185abab65082163dbd",
            "sensitive_content": null,
            "source": null
          },
          "sensitive_attributes": [],
          "private": "bnVsbA==",
          "dependencies": [
            "random_shuffle.random_adjectives",
            "random_shuffle.random_adverbs",
            "random_shuffle.random_nouns",
            "random_shuffle.random_numbers",
            "random_shuffle.random_verbs"
          ]
        },
        {
          "index_key": 9,
          "schema_version": 0,
          "attributes": {
            "content": "HOW TO BE A PHOTOGRAPHER\r\nMany YASH2 photographers make big money\r\nphotographing RAJU2s and beautiful RAJU4s. They sell\r\nthe prints to YASH magazines or to agencies who use\r\nthem in RAJU3 advertisements. To be a photographer, you\r\nhave to have a RAJU5 camera. You also need an\r\nYASH1 meter and filters and a special close-up\r\nRAJU8. Then you either hire professional RAJU4s or go\r\nout and snap candid pictures of ordinary RAJU1s. But if you\r\nwant to have a career, you must study very SHARMA for at\r\nleast 100000 years.",
            "content_base64": null,
            "directory_permission": "0777",
            "file_permission": "0777",
            "filename": "madlibs/madlibs-9.txt",
            "id": "319b63ba4d2075257d4531de6f4e7ea9e115ae8f",
            "sensitive_content": null,
            "source": null
          },
          "sensitive_attributes": [],
          "private": "bnVsbA==",
          "dependencies": [
            "random_shuffle.random_adjectives",
            "random_shuffle.random_adverbs",
            "random_shuffle.random_nouns",
            "random_shuffle.random_numbers",
            "random_shuffle.random_verbs"
          ]
        },
        {
          "index_key": 11,
          "schema_version": 0,
          "attributes": {
            "content": "HOW TO BE A PHOTOGRAPHER\r\nMany YASH photographers make big money\r\nphotographing RAJU2s and beautiful RAJU3s. They sell\r\nthe prints to YASH2 magazines or to agencies who use\r\nthem in RAJU5 advertisements. To be a photographer, you\r\nhave to have a RAJU4 camera. You also need an\r\nYASH1 meter and filters and a special close-up\r\nRAJU10. Then you either hire professional RAJU3s or go\r\nout and snap candid pictures of ordinary RAJU8s. But if you\r\nwant to have a career, you must study very SHARMA for at\r\nleast 100000 years.",
            "content_base64": null,
            "directory_permission": "0777",
            "file_permission": "0777",
            "filename": "madlibs/madlibs-11.txt",
            "id": "35cd19300dc1fc09ed8ac7e9c479155e485114bf",
            "sensitive_content": null,
            "source": null
          },
          "sensitive_attributes": [],
          "private": "bnVsbA==",
          "dependencies": [
            "random_shuffle.random_adjectives",
            "random_shuffle.random_adverbs",
            "random_shuffle.random_nouns",
            "random_shuffle.random_numbers",
            "random_shuffle.random_verbs"
          ]
        },
        {
          "index_key": 13,
          "schema_version": 0,
          "attributes": {
            "content": "HOW TO BE A PHOTOGRAPHER\r\nMany YASH photographers make big money\r\nphotographing RAJU5s and beautiful RAJU2s. They sell\r\nthe prints to YASH1 magazines or to agencies who use\r\nthem in RAJU6 advertisements. To be a photographer, you\r\nhave to have a RAJU1 camera. You also need an\r\nYASH2 meter and filters and a special close-up\r\nRAJU9. Then you either hire professional RAJU2s or go\r\nout and snap candid pictures of ordinary RAJU8s. But if you\r\nwant to have a career, you must study very SHARMA for at\r\nleast 100000 years.",
            "content_base64": null,
            "directory_permission": "0777",
            "file_permission": "0777",
            "filename": "madlibs/madlibs-13.txt",
            "id": "28d601af6dd30ea33383c0f80da8439b1c2bee26",
            "sensitive_content": null,
            "source": null
          },
          "sensitive_attributes": [],
          "private": "bnVsbA==",
          "dependencies": [
            "random_shuffle.random_adjectives",
            "random_shuffle.random_adverbs",
            "random_shuffle.random_nouns",
            "random_shuffle.random_numbers",
            "random_shuffle.random_verbs"
          ]
        },
        {
          "index_key": 15,
          "schema_version": 0,
          "attributes": {
            "content": "HOW TO BE A PHOTOGRAPHER\r\nMany YASH2 photographers make big money\r\nphotographing RAJU4s and beautiful RAJU10s. They sell\r\nthe prints to YASH magazines or to agencies who use\r\nthem in RAJU3 advertisements. To be a photographer, you\r\nhave to have a RAJU6 camera. You also need an\r\nYASH1 meter and filters and a special close-up\r\nRAJU9. Then you either hire professional RAJU10s or go\r\nout and snap candid pictures of ordinary RAJU2s. But if you\r\nwant to have a career, you must study very SHARMA for at\r\nleast 100000 years.",
            "content_base64": null,
            "directory_permission": "0777",
            "file_permission": "0777",
            "filename": "madlibs/madlibs-15.txt",
            "id": "c1138673afc5360fe67ed675f116c7e27233f2b9",
            "sensitive_content": null,
            "source": null
          },
          "sensitive_attributes": [],
          "private": "bnVsbA==",
          "dependencies": [
            "random_shuffle.random_adjectives",
            "random_shuffle.random_adverbs",
            "random_shuffle.random_nouns",
            "random_shuffle.random_numbers",
            "random_shuffle.random_verbs"
          ]
        },
        {
          "index_key": 17,
          "schema_version": 0,
          "attributes": {
            "content": "HOW TO BE A PHOTOGRAPHER\r\nMany YASH2 photographers make big money\r\nphotographing RAJU5s and beautiful RAJU4s. They sell\r\nthe prints to YASH magazines or to agencies who use\r\nthem in RAJU7 advertisements. To be a photographer, you\r\nhave to have a RAJU3 camera. You also need an\r\nYASH1 meter and filters and a special close-up\r\nRAJU8. Then you either hire professional RAJU4s or go\r\nout and snap candid pictures of ordinary RAJU9s. But if you\r\nwant to have a career, you must study very SHARMA for at\r\nleast 100000 years.",
            "content_base64": null,
            "directory_permission": "0777",
            "file_permission": "0777",
            "filename": "madlibs/madlibs-17.txt",
            "id": "e5edbfd87ca97aa65612118efb6745c83bc4c966",
            "sensitive_content": null,
            "source": null
          },
          "sensitive_attributes": [],
          "private": "bnVsbA==",
          "dependencies": [
            "random_shuffle.random_adjectives",
            "random_shuffle.random_adverbs",
            "random_shuffle.random_nouns",
            "random_shuffle.random_numbers",
            "random_shuffle.random_verbs"
          ]
        },
        {
          "index_key": 19,
          "schema_version": 0,
          "attributes": {
            "content": "HOW TO BE A PHOTOGRAPHER\r\nMany YASH photographers make big money\r\nphotographing RAJU8s and beautiful RAJU1s. They sell\r\nthe prints to YASH1 magazines or to agencies who use\r\nthem in RAJU3 advertisements. To be a photographer, you\r\nhave to have a RAJU6 camera. You also need an\r\nYASH2 meter and filters and a special close-up\r\nRAJU2. Then you either hire professional RAJU1s or go\r\nout and snap candid pictures of ordinary RAJU5s. But if you\r\nwant to have a career, you must study very SHARMA for at\r\nleast 100000 years.",
            "content_base64": null,
            "directory_permission": "0777",
            "file_permission": "0777",
            "filename": "madlibs/madlibs-19.txt",
            "id": "0de4f7d064aeb1a4f27ad0ba78e26d47284cfd8e",
            "sensitive_content": null,
            "source": null
          },
          "sensitive_attributes": [],
          "private": "bnVsbA==",
          "dependencies": [
            "random_shuffle.random_adjectives",
            "random_shuffle.random_adverbs",
            "random_shuffle.random_nouns",
            "random_shuffle.random_numbers",
            "random_shuffle.random_verbs"
          ]
        },
        {
          "index_key": 21,
          "schema_version": 0,
          "attributes": {
            "content": "HOW TO BE A PHOTOGRAPHER\r\nMany YASH1 photographers make big money\r\nphotographing RAJU6s and beautiful RAJU10s. They sell\r\nthe prints to YASH magazines or to agencies who use\r\nthem in RAJU3 advertisements. To be a photographer, you\r\nhave to have a RAJU8 camera. You also need an\r\nYASH2 meter and filters and a special close-up\r\nRAJU2. Then you either hire professional RAJU10s or go\r\nout and snap candid pictures of ordinary RAJU9s. But if you\r\nwant to have a career, you must study very SHARMA for at\r\nleast 100000 years.",
            "content_base64": null,
            "directory_permission": "0777",
            "file_permission": "0777",
            "filename": "madlibs/madlibs-21.txt",
            "id": "960f5c7590f70356e8aeb12d9f28be12d53ad0a7",
            "sensitive_content": null,
            "source": null
          },
          "sensitive_attributes": [],
          "private": "bnVsbA==",
          "dependencies": [
            "random_shuffle.random_adjectives",
            "random_shuffle.random_adverbs",
            "random_shuffle.random_nouns",
            "random_shuffle.random_numbers",
            "random_shuffle.random_verbs"
          ]
        },
        {
          "index_key": 23,
          "schema_version": 0,
          "attributes": {
            "content": "HOW TO BE A PHOTOGRAPHER\r\nMany YASH1 photographers make big money\r\nphotographing RAJU1s and beautiful RAJU2s. They sell\r\nthe prints to YASH magazines or to agencies who use\r\nthem in RAJU6 advertisements. To be a photographer, you\r\nhave to have a RAJU4 camera. You also need an\r\nYASH2 meter and filters and a special close-up\r\nRAJU5. Then you either hire professional RAJU2s or go\r\nout and snap candid pictures of ordinary RAJU3s. But if you\r\nwant to have a career, you must study very SHARMA for at\r\nleast 100000 years.",
            "content_base64": null,
            "directory_permission": "0777",
            "file_permission": "0777",
            "filename": "madlibs/madlibs-23.txt",
            "id": "1780fc44f0b3565d8656ef2f319f13213b7337c5",
            "sensitive_content": null,
            "source": null
          },
          "sensitive_attributes": [],
          "private": "bnVsbA==",
          "dependencies": [
            "random_shuffle.random_adjectives",
            "random_shuffle.random_adverbs",
            "random_shuffle.random_nouns",
            "random_shuffle.random_numbers",
            "random_shuffle.random_verbs"
          ]
        },
        {
          "index_key": 25,
          "schema_version": 0,
          "attributes": {
            "content": "HOW TO BE A PHOTOGRAPHER\r\nMany YASH1 photographers make big money\r\nphotographing RAJU4s and beautiful RAJU1s. They sell\r\nthe prints to YASH2 magazines or to agencies who use\r\nthem in RAJU2 advertisements. To be a photographer, you\r\nhave to have a RAJU8 camera. You also need an\r\nYASH meter and filters and a special close-up\r\nRAJU7. Then you either hire professional RAJU1s or go\r\nout and snap candid pictures of ordinary RAJU9s. But if you\r\nwant to have a career, you must study very SHARMA for at\r\nleast 100000 years.",
            "content_base64": null,
            "directory_permission": "0777",
            "file_permission": "0777",
            "filename": "madlibs/madlibs-25.txt",
            "id": "1cf51cdaaeadffc360cf35bd631b84c3d6ca0aa7",
            "sensitive_content": null,
            "source": null
          },
          "sensitive_attributes": [],
          "private": "bnVsbA==",
          "dependencies": [
            "random_shuffle.random_adjectives",
            "random_shuffle.random_adverbs",
            "random_shuffle.random_nouns",
            "random_shuffle.random_numbers",
            "random_shuffle.random_verbs"
          ]
        },
        {
          "index_key": 27,
          "schema_version": 0,
          "attributes": {
            "content": "HOW TO BE A PHOTOGRAPHER\r\nMany YASH1 photographers make big money\r\nphotographing RAJU1s and beautiful RAJU7s. They sell\r\nthe prints to YASH2 magazines or to agencies who use\r\nthem in RAJU8 advertisements. To be a photographer, you\r\nhave to have a RAJU4 camera. You also need an\r\nYASH meter and filters and a special close-up\r\nRAJU9. Then you either hire professional RAJU7s or go\r\nout and snap candid pictures of ordinary RAJU3s. But if you\r\nwant to have a career, you must study very SHARMA for at\r\nleast 100000 years.",
            "content_base64": null,
            "directory_permission": "0777",
            "file_permission": "0777",
            "filename": "madlibs/madlibs-27.txt",
            "id": "194f0bd04153bebf9fd38cafedc307e9c530be3d",
            "sensitive_content": null,
            "source": null
          },
          "sensitive_attributes": [],
          "private": "bnVsbA==",
          "dependencies": [
            "random_shuffle.random_adjectives",
            "random_shuffle.random_adverbs",
            "random_shuffle.random_nouns",
            "random_shuffle.random_numbers",
            "random_shuffle.random_verbs"
          ]
        },
        {
          "index_key": 29,
          "schema_version": 0,
          "attributes": {
            "content": "HOW TO BE A PHOTOGRAPHER\r\nMany YASH photographers make big money\r\nphotographing RAJU3s and beautiful RAJU7s. They sell\r\nthe prints to YASH2 magazines or to agencies who use\r\nthem in RAJU4 advertisements. To be a photographer, you\r\nhave to have a RAJU5 camera. You also need an\r\nYASH1 meter and filters and a special close-up\r\nRAJU2. Then you either hire professional RAJU7s or go\r\nout and snap candid pictures of ordinary RAJU1s. But if you\r\nwant to have a career, you must study very SHARMA for at\r\nleast 100000 years.",
            "content_base64": null,
            "directory_permission": "0777",
            "file_permission": "0777",
            "filename": "madlibs/madlibs-29.txt",
            "id": "23a271af89ae3b850437b5e1af2ec6b4119791b4",
            "sensitive_content": null,
            "source": null
          },
          "sensitive_attributes": [],
          "private": "bnVsbA==",
          "dependencies": [
            "random_shuffle.random_adjectives",
            "random_shuffle.random_adverbs",
            "random_shuffle.random_nouns",
            "random_shuffle.random_numbers",
            "random_shuffle.random_verbs"
          ]
        },
        {
          "index_key": 31,
          "schema_version": 0,
          "attributes": {
            "content": "HOW TO BE A PHOTOGRAPHER\r\nMany YASH photographers make big money\r\nphotographing RAJU2s and beautiful RAJU8s. They sell\r\nthe prints to YASH2 magazines or to agencies who use\r\nthem in RAJU9 advertisements. To be a photographer, you\r\nhave to have a RAJU5 camera. You also need an\r\nYASH1 meter and filters and a special close-up\r\nRAJU10. Then you either hire professional RAJU8s or go\r\nout and snap candid pictures of ordinary RAJU3s. But if you\r\nwant to have a career, you must study very SHARMA for at\r\nleast 100000 years.",
            "content_base64": null,
            "directory_permission": "0777",
            "file_permission": "0777",
            "filename": "madlibs/madlibs-31.txt",
            "id": "ad4691385c71f5077c1d70504af121b34c4f0853",
            "sensitive_content": null,
            "source": null
          },
          "sensitive_attributes": [],
          "private": "bnVsbA==",
          "dependencies": [
            "random_shuffle.random_adjectives",
            "random_shuffle.random_adverbs",
            "random_shuffle.random_nouns",
            "random_shuffle.random_numbers",
            "random_shuffle.random_verbs"
          ]
        },
        {
          "index_key": 33,
          "schema_version": 0,
          "attributes": {
            "content": "HOW TO BE A PHOTOGRAPHER\r\nMany YASH photographers make big money\r\nphotographing RAJU9s and beautiful RAJU2s. They sell\r\nthe prints to YASH1 magazines or to agencies who use\r\nthem in RAJU7 advertisements. To be a photographer, you\r\nhave to have a RAJU1 camera. You also need an\r\nYASH2 meter and filters and a special close-up\r\nRAJU5. Then you either hire professional RAJU2s or go\r\nout and snap candid pictures of ordinary RAJU6s. But if you\r\nwant to have a career, you must study very SHARMA for at\r\nleast 100000 years.",
            "content_base64": null,
            "directory_permission": "0777",
            "file_permission": "0777",
            "filename": "madlibs/madlibs-33.txt",
            "id": "a3964604d8297b72e8f44b72db71059200a65109",
            "sensitive_content": null,
            "source": null
          },
          "sensitive_attributes": [],
          "private": "bnVsbA==",
          "dependencies": [
            "random_shuffle.random_adjectives",
            "random_shuffle.random_adverbs",
            "random_shuffle.random_nouns",
            "random_shuffle.random_numbers",
            "random_shuffle.random_verbs"
          ]
        },
        {
          "index_key": 35,
          "schema_version": 0,
          "attributes": {
            "content": "HOW TO BE A PHOTOGRAPHER\r\nMany YASH2 photographers make big money\r\nphotographing RAJU4s and beautiful RAJU6s. They sell\r\nthe prints to YASH magazines or to agencies who use\r\nthem in RAJU7 advertisements. To be a photographer, you\r\nhave to have a RAJU3 camera. You also need an\r\nYASH1 meter and filters and a special close-up\r\nRAJU9. Then you either hire professional RAJU6s or go\r\nout and snap candid pictures of ordinary RAJU10s. But if you\r\nwant to have a career, you must study very SHARMA for at\r\nleast 100000 years.",
            "content_base64": null,
            "directory_permission": "0777",
            "file_permission": "0777",
            "filename": "madlibs/madlibs-35.txt",
            "id": "4b70fbf19552c50af71a1a417fdc55c9ec969448",
            "sensitive_content": null,
            "source": null
          },
          "sensitive_attributes": [],
          "private": "bnVsbA==",
          "dependencies": [
            "random_shuffle.random_adjectives",
            "random_shuffle.random_adverbs",
            "random_shuffle.random_nouns",
            "random_shuffle.random_numbers",
            "random_shuffle.random_verbs"
          ]
        },
        {
          "index_key": 37,
          "schema_version": 0,
          "attributes": {
            "content": "HOW TO BE A PHOTOGRAPHER\r\nMany YASH1 photographers make big money\r\nphotographing RAJU8s and beautiful RAJU1s. They sell\r\nthe prints to YASH2 magazines or to agencies who use\r\nthem in RAJU2 advertisements. To be a photographer, you\r\nhave to have a RAJU4 camera. You also need an\r\nYASH meter and filters and a special close-up\r\nRAJU3. Then you either hire professional RAJU1s or go\r\nout and snap candid pictures of ordinary RAJU10s. But if you\r\nwant to have a career, you must study very SHARMA for at\r\nleast 100000 years.",
            "content_base64": null,
            "directory_permission": "0777",
            "file_permission": "0777",
            "filename": "madlibs/madlibs-37.txt",
            "id": "0ed5032e6cf0eaded9981496f959df1b7e331707",
            "sensitive_content": null,
            "source": null
          },
          "sensitive_attributes": [],
          "private": "bnVsbA==",
          "dependencies": [
            "random_shuffle.random_adjectives",
            "random_shuffle.random_adverbs",
            "random_shuffle.random_nouns",
            "random_shuffle.random_numbers",
            "random_shuffle.random_verbs"
          ]
        },
        {
          "index_key": 39,
          "schema_version": 0,
          "attributes": {
            "content": "HOW TO BE A PHOTOGRAPHER\r\nMany YASH1 photographers make big money\r\nphotographing RAJU6s and beautiful RAJU10s. They sell\r\nthe prints to YASH2 magazines or to agencies who use\r\nthem in RAJU9 advertisements. To be a photographer, you\r\nhave to have a RAJU5 camera. You also need an\r\nYASH meter and filters and a special close-up\r\nRAJU3. Then you either hire professional RAJU10s or go\r\nout and snap candid pictures of ordinary RAJU2s. But if you\r\nwant to have a career, you must study very SHARMA for at\r\nleast 100000 years.",
            "content_base64": null,
            "directory_permission": "0777",
            "file_permission": "0777",
            "filename": "madlibs/madlibs-39.txt",
            "id": "e874178dc16b775021fe82bb36fe7fc83c10fc91",
            "sensitive_content": null,
            "source": null
          },
          "sensitive_attributes": [],
          "private": "bnVsbA==",
          "dependencies": [
            "random_shuffle.random_adjectives",
            "random_shuffle.random_adverbs",
            "random_shuffle.random_nouns",
            "random_shuffle.random_numbers",
            "random_shuffle.random_verbs"
          ]
        },
        {
          "index_key": 41,
          "schema_version": 0,
          "attributes": {
            "content": "HOW TO BE A PHOTOGRAPHER\r\nMany YASH2 photographers make big money\r\nphotographing RAJU3s and beautiful RAJU1s. They sell\r\nthe prints to YASH1 magazines or to agencies who use\r\nthem in RAJU4 advertisements. To be a photographer, you\r\nhave to have a RAJU10 camera. You also need an\r\nYASH meter and filters and a special close-up\r\nRAJU2. Then you either hire professional RAJU1s or go\r\nout and snap candid pictures of ordinary RAJU7s. But if you\r\nwant to have a career, you must study very SHARMA for at\r\nleast 100000 years.",
            "content_base64": null,
            "directory_permission": "0777",
            "file_permission": "0777",
            "filename": "madlibs/madlibs-41.txt",
            "id": "5b1b03e1c631387e1bd1cc2556772ef7580cf932",
            "sensitive_content": null,
            "source": null
          },
          "sensitive_attributes": [],
          "private": "bnVsbA==",
          "dependencies": [
            "random_shuffle.random_adjectives",
            "random_shuffle.random_adverbs",
            "random_shuffle.random_nouns",
            "random_shuffle.random_numbers",
            "random_shuffle.random_verbs"
          ]
        },
        {
          "index_key": 43,
          "schema_version": 0,
          "attributes": {
            "content": "HOW TO BE A PHOTOGRAPHER\r\nMany YASH1 photographers make big money\r\nphotographing RAJU7s and beautiful RAJU2s. They sell\r\nthe prints to YASH2 magazines or to agencies who use\r\nthem in RAJU3 advertisements. To be a photographer, you\r\nhave to have a RAJU5 camera. You also need an\r\nYASH meter and filters and a special close-up\r\nRAJU9. Then you either hire professional RAJU2s or go\r\nout and snap candid pictures of ordinary RAJU4s. But if you\r\nwant to have a career, you must study very SHARMA for at\r\nleast 100000 years.",
            "content_base64": null,
            "directory_permission": "0777",
            "file_permission": "0777",
            "filename": "madlibs/madlibs-43.txt",
            "id": "d43b8ce0a58379c9acbab9a5014d8768c92a54c8",
            "sensitive_content": null,
            "source": null
          },
          "sensitive_attributes": [],
          "private": "bnVsbA==",
          "dependencies": [
            "random_shuffle.random_adjectives",
            "random_shuffle.random_adverbs",
            "random_shuffle.random_nouns",
            "random_shuffle.random_numbers",
            "random_shuffle.random_verbs"
          ]
        },
        {
          "index_key": 45,
          "schema_version": 0,
          "attributes": {
            "content": "HOW TO BE A PHOTOGRAPHER\r\nMany YASH1 photographers make big money\r\nphotographing RAJU2s and beautiful RAJU5s. They sell\r\nthe prints to YASH2 magazines or to agencies who use\r\nthem in RAJU9 advertisements. To be a photographer, you\r\nhave to have a RAJU8 camera. You also need an\r\nYASH meter and filters and a special close-up\r\nRAJU10. Then you either hire professional RAJU5s or go\r\nout and snap candid pictures of ordinary RAJU6s. But if you\r\nwant to have a career, you must study very SHARMA for at\r\nleast 100000 years.",
            "content_base64": null,
            "directory_permission": "0777",
            "file_permission": "0777",
            "filename": "madlibs/madlibs-45.txt",
            "id": "10531b1c738aabc33db56dae7c6454ad2f371be2",
            "sensitive_content": null,
            "source": null
          },
          "sensitive_attributes": [],
          "private": "bnVsbA==",
          "dependencies": [
            "random_shuffle.random_adjectives",
            "random_shuffle.random_adverbs",
            "random_shuffle.random_nouns",
            "random_shuffle.random_numbers",
            "random_shuffle.random_verbs"
          ]
        },
        {
          "index_key": 47,
          "schema_version": 0,
          "attributes": {
            "content": "HOW TO BE A PHOTOGRAPHER\r\nMany YASH1 photographers make big money\r\nphotographing RAJU10s and beautiful RAJU5s. They sell\r\nthe prints to YASH2 magazines or to agencies who use\r\nthem in RAJU9 advertisements. To be a photographer, you\r\nhave to have a RAJU6 camera. You also need an\r\nYASH meter and filters and a special close-up\r\nRAJU4. Then you either hire professional RAJU5s or go\r\nout and snap candid pictures of ordinary RAJU2s. But if you\r\nwant to have a career, you must study very SHARMA for at\r\nleast 100000 years.",
            "content_base64": null,
            "directory_permission": "0777",
            "file_permission": "0777",
            "filename": "madlibs/madlibs-47.txt",
            "id": "9edee47d2005ef3b0a175e3d5f955a73de54a952",
            "sensitive_content": null,
            "source": null
          },
          "sensitive_attributes": [],
          "private": "bnVsbA==",
          "dependencies": [
            "random_shuffle.random_adjectives",
            "random_shuffle.random_adverbs",
            "random_shuffle.random_nouns",
            "random_shuffle.random_numbers",
            "random_shuffle.random_verbs"
          ]
        },
        {
          "index_key": 49,
          "schema_version": 0,
          "attributes": {
            "content": "HOW TO BE A PHOTOGRAPHER\r\nMany YASH2 photographers make big money\r\nphotographing RAJU8s and beautiful RAJU10s. They sell\r\nthe prints to YASH magazines or to agencies who use\r\nthem in RAJU7 advertisements. To be a photographer, you\r\nhave to have a RAJU5 camera. You also need an\r\nYASH1 meter and filters and a special close-up\r\nRAJU9. Then you either hire professional RAJU10s or go\r\nout and snap candid pictures of ordinary RAJU3s. But if you\r\nwant to have a career, you must study very SHARMA for at\r\nleast 100000 years.",
            "content_base64": null,
            "directory_permission": "0777",
            "file_permission": "0777",
            "filename": "madlibs/madlibs-49.txt",
            "id": "125ca914b5627f4e1f80ea4baa689067259b5606",
            "sensitive_content": null,
            "source": null
          },
          "sensitive_attributes": [],
          "private": "bnVsbA==",
          "dependencies": [
            "random_shuffle.random_adjectives",
            "random_shuffle.random_adverbs",
            "random_shuffle.random_nouns",
            "random_shuffle.random_numbers",
            "random_shuffle.random_verbs"
          ]
        },
        {
          "index_key": 51,
          "schema_version": 0,
          "attributes": {
            "content": "HOW TO BE A PHOTOGRAPHER\r\nMany YASH photographers make big money\r\nphotographing RAJU1s and beautiful RAJU10s. They sell\r\nthe prints to YASH2 magazines or to agencies who use\r\nthem in RAJU6 advertisements. To be a photographer, you\r\nhave to have a RAJU4 camera. You also need an\r\nYASH1 meter and filters and a special close-up\r\nRAJU7. Then you either hire professional RAJU10s or go\r\nout and snap candid pictures of ordinary RAJU3s. But if you\r\nwant to have a career, you must study very SHARMA for at\r\nleast 100000 years.",
            "content_base64": null,
            "directory_permission": "0777",
            "file_permission": "0777",
            "filename": "madlibs/madlibs-51.txt",
            "id": "79ba2ea71cf48f0da75e08d4a4afb18c121a2ba1",
            "sensitive_content": null,
            "source": null
          },
          "sensitive_attributes": [],
          "private": "bnVsbA==",
          "dependencies": [
            "random_shuffle.random_adjectives",
            "random_shuffle.random_adverbs",
            "random_shuffle.random_nouns",
            "random_shuffle.random_numbers",
            "random_shuffle.random_verbs"
          ]
        },
        {
          "index_key": 53,
          "schema_version": 0,
          "attributes": {
            "content": "HOW TO BE A PHOTOGRAPHER\r\nMany YASH1 photographers make big money\r\nphotographing RAJU10s and beautiful RAJU9s. They sell\r\nthe prints to YASH2 magazines or to agencies who use\r\nthem in RAJU6 advertisements. To be a photographer, you\r\nhave to have a RAJU1 camera. You also need an\r\nYASH meter and filters and a special close-up\r\nRAJU4. Then you either hire professional RAJU9s or go\r\nout and snap candid pictures of ordinary RAJU8s. But if you\r\nwant to have a career, you must study very SHARMA for at\r\nleast 100000 years.",
            "content_base64": null,
            "directory_permission": "0777",
            "file_permission": "0777",
            "filename": "madlibs/madlibs-53.txt",
            "id": "ea77cec211876a07e7b25857f1a22d872d0e2e6d",
            "sensitive_content": null,
            "source": null
          },
          "sensitive_attributes": [],
          "private": "bnVsbA==",
          "dependencies": [
            "random_shuffle.random_adjectives",
            "random_shuffle.random_adverbs",
            "random_shuffle.random_nouns",
            "random_shuffle.random_numbers",
            "random_shuffle.random_verbs"
          ]
        },
        {
          "index_key": 55,
          "schema_version": 0,
          "attributes": {
            "content": "HOW TO BE A PHOTOGRAPHER\r\nMany YASH1 photographers make big money\r\nphotographing RAJU5s and beautiful RAJU6s. They sell\r\nthe prints to YASH2 magazines or to agencies who use\r\nthem in RAJU2 advertisements. To be a photographer, you\r\nhave to have a RAJU4 camera. You also need an\r\nYASH meter and filters and a special close-up\r\nRAJU7. Then you either hire professional RAJU6s or go\r\nout and snap candid pictures of ordinary RAJU10s. But if you\r\nwant to have a career, you must study very SHARMA for at\r\nleast 100000 years.",
            "content_base64": null,
            "directory_permission": "0777",
            "file_permission": "0777",
            "filename": "madlibs/madlibs-55.txt",
            "id": "c6fdda57ea2493899cfd0318d5ae656d702f88ce",
            "sensitive_content": null,
            "source": null
          },
          "sensitive_attributes": [],
          "private": "bnVsbA==",
          "dependencies": [
            "random_shuffle.random_adjectives",
            "random_shuffle.random_adverbs",
            "random_shuffle.random_nouns",
            "random_shuffle.random_numbers",
            "random_shuffle.random_verbs"
          ]
        },
        {
          "index_key": 57,
          "schema_version": 0,
          "attributes": {
            "content": "HOW TO BE A PHOTOGRAPHER\r\nMany YASH2 photographers make big money\r\nphotographing RAJU9s and beautiful RAJU1s. They sell\r\nthe prints to YASH magazines or to agencies who use\r\nthem in RAJU10 advertisements. To be a photographer, you\r\nhave to have a RAJU2 camera. You also need an\r\nYASH1 meter and filters and a special close-up\r\nRAJU6. Then you either hire professional RAJU1s or go\r\nout and snap candid pictures of ordinary RAJU5s. But if you\r\nwant to have a career, you must study very SHARMA for at\r\nleast 100000 years.",
            "content_base64": null,
            "directory_permission": "0777",
            "file_permission": "0777",
            "filename": "madlibs/madlibs-57.txt",
            "id": "9cba6b6640932ce62456adc2e2ed915dc214b1e7",
            "sensitive_content": null,
            "source": null
          },
          "sensitive_attributes": [],
          "private": "bnVsbA==",
          "dependencies": [
            "random_shuffle.random_adjectives",
            "random_shuffle.random_adverbs",
            "random_shuffle.random_nouns",
            "random_shuffle.random_numbers",
            "random_shuffle.random_verbs"
          ]
        },
        {
          "index_key": 59,
          "schema_version": 0,
          "attributes": {
            "content": "HOW TO BE A PHOTOGRAPHER\r\nMany YASH2 photographers make big money\r\nphotographing RAJU8s and beautiful RAJU6s. They sell\r\nthe prints to YASH magazines or to agencies who use\r\nthem in RAJU3 advertisements. To be a photographer, you\r\nhave to have a RAJU5 camera. You also need an\r\nYASH1 meter and filters and a special close-up\r\nRAJU10. Then you either hire professional RAJU6s or go\r\nout and snap candid pictures of ordinary RAJU1s. But if you\r\nwant to have a career, you must study very SHARMA for at\r\nleast 100000 years.",
            "content_base64": null,
            "directory_permission": "0777",
            "file_permission": "0777",
            "filename": "madlibs/madlibs-59.txt",
            "id": "5ed4989a92eb1598d1643ee4f2f8c0a3c6001a95",
            "sensitive_content": null,
            "source": null
          },
          "sensitive_attributes": [],
          "private": "bnVsbA==",
          "dependencies": [
            "random_shuffle.random_adjectives",
            "random_shuffle.random_adverbs",
            "random_shuffle.random_nouns",
            "random_shuffle.random_numbers",
            "random_shuffle.random_verbs"
          ]
        },
        {
          "index_key": 61,
          "schema_version": 0,
          "attributes": {
            "content": "HOW TO BE A PHOTOGRAPHER\r\nMany YASH2 photographers make big money\r\nphotographing RAJU3s and beautiful RAJU7s. They sell\r\nthe prints to YASH1 magazines or to agencies who use\r\nthem in RAJU6 advertisements. To be a photographer, you\r\nhave to have a RAJU10 camera. You also need an\r\nYASH meter and filters and a special close-up\r\nRAJU2. Then you either hire professional RAJU7s or go\r\nout and snap candid pictures of ordinary RAJU1s. But if you\r\nwant to have a career, you must study very SHARMA for at\r\nleast 100000 years.",
            "content_base64": null,
            "directory_permission": "0777",
            "file_permission": "0777",
            "filename": "madlibs/madlibs-61.txt",
            "id": "2c04a1f4e51d3f1ad589dac9ff597a663af76220",
            "sensitive_content": null,
            "source": null
          },
          "sensitive_attributes": [],
          "private": "bnVsbA==",
          "dependencies": [
            "random_shuffle.random_adjectives",
            "random_shuffle.random_adverbs",
            "random_shuffle.random_nouns",
            "random_shuffle.random_numbers",
            "random_shuffle.random_verbs"
          ]
        },
        {
          "index_key": 63,
          "schema_version": 0,
          "attributes": {
            "content": "HOW TO BE A PHOTOGRAPHER\r\nMany YASH photographers make big money\r\nphotographing RAJU9s and beautiful RAJU3s. They sell\r\nthe prints to YASH1 magazines or to agencies who use\r\nthem in RAJU8 advertisements. To be a photographer, you\r\nhave to have a RAJU7 camera. You also need an\r\nYASH2 meter and filters and a special close-up\r\nRAJU6. Then you either hire professional RAJU3s or go\r\nout and snap candid pictures of ordinary RAJU10s. But if you\r\nwant to have a career, you must study very SHARMA for at\r\nleast 100000 years.",
            "content_base64": null,
            "directory_permission": "0777",
            "file_permission": "0777",
            "filename": "madlibs/madlibs-63.txt",
            "id": "2d02a1a929aadb325573e2d9f489ebfbca03e7df",
            "sensitive_content": null,
            "source": null
          },
          "sensitive_attributes": [],
          "private": "bnVsbA==",
          "dependencies": [
            "random_shuffle.random_adjectives",
            "random_shuffle.random_adverbs",
            "random_shuffle.random_nouns",
            "random_shuffle.random_numbers",
            "random_shuffle.random_verbs"
          ]
        },
        {
          "index_key": 65,
          "schema_version": 0,
          "attributes": {
            "content": "HOW TO BE A PHOTOGRAPHER\r\nMany YASH1 photographers make big money\r\nphotographing RAJU2s and beautiful RAJU4s. They sell\r\nthe prints to YASH2 magazines or to agencies who use\r\nthem in RAJU10 advertisements. To be a photographer, you\r\nhave to have a RAJU3 camera. You also need an\r\nYASH meter and filters and a special close-up\r\nRAJU9. Then you either hire professional RAJU4s or go\r\nout and snap candid pictures of ordinary RAJU1s. But if you\r\nwant to have a career, you must study very SHARMA for at\r\nleast 100000 years.",
            "content_base64": null,
            "directory_permission": "0777",
            "file_permission": "0777",
            "filename": "madlibs/madlibs-65.txt",
            "id": "74019a98564faca8098fa0e0b5099a013078c0bb",
            "sensitive_content": null,
            "source": null
          },
          "sensitive_attributes": [],
          "private": "bnVsbA==",
          "dependencies": [
            "random_shuffle.random_adjectives",
            "random_shuffle.random_adverbs",
            "random_shuffle.random_nouns",
            "random_shuffle.random_numbers",
            "random_shuffle.random_verbs"
          ]
        },
        {
          "index_key": 67,
          "schema_version": 0,
          "attributes": {
            "content": "HOW TO BE A PHOTOGRAPHER\r\nMany YASH2 photographers make big money\r\nphotographing RAJU1s and beautiful RAJU8s. They sell\r\nthe prints to YASH magazines or to agencies who use\r\nthem in RAJU2 advertisements. To be a photographer, you\r\nhave to have a RAJU7 camera. You also need an\r\nYASH1 meter and filters and a special close-up\r\nRAJU3. Then you either hire professional RAJU8s or go\r\nout and snap candid pictures of ordinary RAJU6s. But if you\r\nwant to have a career, you must study very SHARMA for at\r\nleast 100000 years.",
            "content_base64": null,
            "directory_permission": "0777",
            "file_permission": "0777",
            "filename": "madlibs/madlibs-67.txt",
            "id": "fb553c5b606cc5f2e78e22d09e4a1414062d61c6",
            "sensitive_content": null,
            "source": null
          },
          "sensitive_attributes": [],
          "private": "bnVsbA==",
          "dependencies": [
            "random_shuffle.random_adjectives",
            "random_shuffle.random_adverbs",
            "random_shuffle.random_nouns",
            "random_shuffle.random_numbers",
            "random_shuffle.random_verbs"
          ]
        },
        {
          "index_key": 69,
          "schema_version": 0,
          "attributes": {
            "content": "HOW TO BE A PHOTOGRAPHER\r\nMany YASH2 photographers make big money\r\nphotographing RAJU8s and beautiful RAJU2s. They sell\r\nthe prints to YASH1 magazines or to agencies who use\r\nthem in RAJU7 advertisements. To be a photographer, you\r\nhave to have a RAJU10 camera. You also need an\r\nYASH meter and filters and a special close-up\r\nRAJU1. Then you either hire professional RAJU2s or go\r\nout and snap candid pictures of ordinary RAJU5s. But if you\r\nwant to have a career, you must study very SHARMA for at\r\nleast 100000 years.",
            "content_base64": null,
            "directory_permission": "0777",
            "file_permission": "0777",
            "filename": "madlibs/madlibs-69.txt",
            "id": "24efd5cbb31f43e02dc2e765caa801512896ef1d",
            "sensitive_content": null,
            "source": null
          },
          "sensitive_attributes": [],
          "private": "bnVsbA==",
          "dependencies": [
            "random_shuffle.random_adjectives",
            "random_shuffle.random_adverbs",
            "random_shuffle.random_nouns",
            "random_shuffle.random_numbers",
            "random_shuffle.random_verbs"
          ]
        },
        {
          "index_key": 71,
          "schema_version": 0,
          "attributes": {
            "content": "HOW TO BE A PHOTOGRAPHER\r\nMany YASH2 photographers make big money\r\nphotographing RAJU2s and beautiful RAJU5s. They sell\r\nthe prints to YASH magazines or to agencies who use\r\nthem in RAJU9 advertisements. To be a photographer, you\r\nhave to have a RAJU4 camera. You also need an\r\nYASH1 meter and filters and a special close-up\r\nRAJU8. Then you either hire professional RAJU5s or go\r\nout and snap candid pictures of ordinary RAJU1s. But if you\r\nwant to have a career, you must study very SHARMA for at\r\nleast 100000 years.",
            "content_base64": null,
            "directory_permission": "0777",
            "file_permission": "0777",
            "filename": "madlibs/madlibs-71.txt",
            "id": "24ef91b336db75a657515890e36a731f55f44fcb",
            "sensitive_content": null,
            "source": null
          },
          "sensitive_attributes": [],
          "private": "bnVsbA==",
          "dependencies": [
            "random_shuffle.random_adjectives",
            "random_shuffle.random_adverbs",
            "random_shuffle.random_nouns",
            "random_shuffle.random_numbers",
            "random_shuffle.random_verbs"
          ]
        },
        {
          "index_key": 73,
          "schema_version": 0,
          "attributes": {
            "content": "HOW TO BE A PHOTOGRAPHER\r\nMany YASH2 photographers make big money\r\nphotographing RAJU7s and beautiful RAJU5s. They sell\r\nthe prints to YASH1 magazines or to agencies who use\r\nthem in RAJU6 advertisements. To be a photographer, you\r\nhave to have a RAJU1 camera. You also need an\r\nYASH meter and filters and a special close-up\r\nRAJU8. Then you either hire professional RAJU5s or go\r\nout and snap candid pictures of ordinary RAJU4s. But if you\r\nwant to have a career, you must study very SHARMA for at\r\nleast 100000 years.",
            "content_base64": null,
            "directory_permission": "0777",
            "file_permission": "0777",
            "filename": "madlibs/madlibs-73.txt",
            "id": "616ffd023a9cc6ad93b63f4a73498871b27436de",
            "sensitive_content": null,
            "source": null
          },
          "sensitive_attributes": [],
          "private": "bnVsbA==",
          "dependencies": [
            "random_shuffle.random_adjectives",
            "random_shuffle.random_adverbs",
            "random_shuffle.random_nouns",
            "random_shuffle.random_numbers",
            "random_shuffle.random_verbs"
          ]
        },
        {
          "index_key": 75,
          "schema_version": 0,
          "attributes": {
            "content": "HOW TO BE A PHOTOGRAPHER\r\nMany YASH2 photographers make big money\r\nphotographing RAJU5s and beautiful RAJU6s. They sell\r\nthe prints to YASH magazines or to agencies who use\r\nthem in RAJU4 advertisements. To be a photographer, you\r\nhave to have a RAJU1 camera. You also need an\r\nYASH1 meter and filters and a special close-up\r\nRAJU10. Then you either hire professional RAJU6s or go\r\nout and snap candid pictures of ordinary RAJU7s. But if you\r\nwant to have a career, you must study very SHARMA for at\r\nleast 100000 years.",
            "content_base64": null,
            "directory_permission": "0777",
            "file_permission": "0777",
            "filename": "madlibs/madlibs-75.txt",
            "id": "157367bfc68e1451c0d76998b521042e73ca804a",
            "sensitive_content": null,
            "source": null
          },
          "sensitive_attributes": [],
          "private": "bnVsbA==",
          "dependencies": [
            "random_shuffle.random_adjectives",
            "random_shuffle.random_adverbs",
            "random_shuffle.random_nouns",
            "random_shuffle.random_numbers",
            "random_shuffle.random_verbs"
          ]
        },
        {
          "index_key": 77,
          "schema_version": 0,
          "attributes": {
            "content": "HOW TO BE A PHOTOGRAPHER\r\nMany YASH photographers make big money\r\nphotographing RAJU9s and beautiful RAJU3s. They sell\r\nthe prints to YASH1 magazines or to agencies who use\r\nthem in RAJU6 advertisements. To be a photographer, you\r\nhave to have a RAJU8 camera. You also need an\r\nYASH2 meter and filters and a special close-up\r\nRAJU10. Then you either hire professional RAJU3s or go\r\nout and snap candid pictures of ordinary RAJU4s. But if you\r\nwant to have a career, you must study very SHARMA for at\r\nleast 100000 years.",
            "content_base64": null,
            "directory_permission": "0777",
            "file_permission": "0777",
            "filename": "madlibs/madlibs-77.txt",
            "id": "4671c511c3b95b823d5306e5274d36f5ed638d7c",
            "sensitive_content": null,
            "source": null
          },
          "sensitive_attributes": [],
          "private": "bnVsbA==",
          "dependencies": [
            "random_shuffle.random_adjectives",
            "random_shuffle.random_adverbs",
            "random_shuffle.random_nouns",
            "random_shuffle.random_numbers",
            "random_shuffle.random_verbs"
          ]
        },
        {
          "index_key": 79,
          "schema_version": 0,
          "attributes": {
            "content": "HOW TO BE A PHOTOGRAPHER\r\nMany YASH2 photographers make big money\r\nphotographing RAJU9s and beautiful RAJU10s. They sell\r\nthe prints to YASH1 magazines or to agencies who use\r\nthem in RAJU1 advertisements. To be a photographer, you\r\nhave to have a RAJU2 camera. You also need an\r\nYASH meter and filters and a special close-up\r\nRAJU8. Then you either hire professional RAJU10s or go\r\nout and snap candid pictures of ordinary RAJU5s. But if you\r\nwant to have a career, you must study very SHARMA for at\r\nleast 100000 years.",
            "content_base64": null,
            "directory_permission": "0777",
            "file_permission": "0777",
            "filename": "madlibs/madlibs-79.txt",
            "id": "66087f268fed5e0dad317988804848aac2cf7297",
            "sensitive_content": null,
            "source": null
          },
          "sensitive_attributes": [],
          "private": "bnVsbA==",
          "dependencies": [
            "random_shuffle.random_adjectives",
            "random_shuffle.random_adverbs",
            "random_shuffle.random_nouns",
            "random_shuffle.random_numbers",
            "random_shuffle.random_verbs"
          ]
        },
        {
          "index_key": 81,
          "schema_version": 0,
          "attributes": {
            "content": "HOW TO BE A PHOTOGRAPHER\r\nMany YASH2 photographers make big money\r\nphotographing RAJU4s and beautiful RAJU5s. They sell\r\nthe prints to YASH magazines or to agencies who use\r\nthem in RAJU7 advertisements. To be a photographer, you\r\nhave to have a RAJU2 camera. You also need an\r\nYASH1 meter and filters and a special close-up\r\nRAJU8. Then you either hire professional RAJU5s or go\r\nout and snap candid pictures of ordinary RAJU3s. But if you\r\nwant to have a career, you must study very SHARMA for at\r\nleast 100000 years.",
            "content_base64": null,
            "directory_permission": "0777",
            "file_permission": "0777",
            "filename": "madlibs/madlibs-81.txt",
            "id": "926539172325ca3daf1d9a0cf00be739658b7866",
            "sensitive_content": null,
            "source": null
          },
          "sensitive_attributes": [],
          "private": "bnVsbA==",
          "dependencies": [
            "random_shuffle.random_adjectives",
            "random_shuffle.random_adverbs",
            "random_shuffle.random_nouns",
            "random_shuffle.random_numbers",
            "random_shuffle.random_verbs"
          ]
        },
        {
          "index_key": 83,
          "schema_version": 0,
          "attributes": {
            "content": "HOW TO BE A PHOTOGRAPHER\r\nMany YASH1 photographers make big money\r\nphotographing RAJU9s and beautiful RAJU7s. They sell\r\nthe prints to YASH magazines or to agencies who use\r\nthem in RAJU8 advertisements. To be a photographer, you\r\nhave to have a RAJU2 camera. You also need an\r\nYASH2 meter and filters and a special close-up\r\nRAJU3. Then you either hire professional RAJU7s or go\r\nout and snap candid pictures of ordinary RAJU6s. But if you\r\nwant to have a career, you must study very SHARMA for at\r\nleast 100000 years.",
            "content_base64": null,
            "directory_permission": "0777",
            "file_permission": "0777",
            "filename": "madlibs/madlibs-83.txt",
            "id": "685a2c4511fc5a95ee382223b31b43160af30de4",
            "sensitive_content": null,
            "source": null
          },
          "sensitive_attributes": [],
          "private": "bnVsbA==",
          "dependencies": [
            "random_shuffle.random_adjectives",
            "random_shuffle.random_adverbs",
            "random_shuffle.random_nouns",
            "random_shuffle.random_numbers",
            "random_shuffle.random_verbs"
          ]
        },
        {
          "index_key": 85,
          "schema_version": 0,
          "attributes": {
            "content": "HOW TO BE A PHOTOGRAPHER\r\nMany YASH1 photographers make big money\r\nphotographing RAJU2s and beautiful RAJU7s. They sell\r\nthe prints to YASH2 magazines or to agencies who use\r\nthem in RAJU9 advertisements. To be a photographer, you\r\nhave to have a RAJU3 camera. You also need an\r\nYASH meter and filters and a special close-up\r\nRAJU1. Then you either hire professional RAJU7s or go\r\nout and snap candid pictures of ordinary RAJU5s. But if you\r\nwant to have a career, you must study very SHARMA for at\r\nleast 100000 years.",
            "content_base64": null,
            "directory_permission": "0777",
            "file_permission": "0777",
            "filename": "madlibs/madlibs-85.txt",
            "id": "bf244da321b2e04fd5758c6be6ab7d22099598a0",
            "sensitive_content": null,
            "source": null
          },
          "sensitive_attributes": [],
          "private": "bnVsbA==",
          "dependencies": [
            "random_shuffle.random_adjectives",
            "random_shuffle.random_adverbs",
            "random_shuffle.random_nouns",
            "random_shuffle.random_numbers",
            "random_shuffle.random_verbs"
          ]
        },
        {
          "index_key": 87,
          "schema_version": 0,
          "attributes": {
            "content": "HOW TO BE A PHOTOGRAPHER\r\nMany YASH1 photographers make big money\r\nphotographing RAJU7s and beautiful RAJU3s. They sell\r\nthe prints to YASH magazines or to agencies who use\r\nthem in RAJU1 advertisements. To be a photographer, you\r\nhave to have a RAJU6 camera. You also need an\r\nYASH2 meter and filters and a special close-up\r\nRAJU8. Then you either hire professional RAJU3s or go\r\nout and snap candid pictures of ordinary RAJU5s. But if you\r\nwant to have a career, you must study very SHARMA for at\r\nleast 100000 years.",
            "content_base64": null,
            "directory_permission": "0777",
            "file_permission": "0777",
            "filename": "madlibs/madlibs-87.txt",
            "id": "ce933ec2d2251cdd2cbf02063956788e0b759a63",
            "sensitive_content": null,
            "source": null
          },
          "sensitive_attributes": [],
          "private": "bnVsbA==",
          "dependencies": [
            "random_shuffle.random_adjectives",
            "random_shuffle.random_adverbs",
            "random_shuffle.random_nouns",
            "random_shuffle.random_numbers",
            "random_shuffle.random_verbs"
          ]
        },
        {
          "index_key": 89,
          "schema_version": 0,
          "attributes": {
            "content": "HOW TO BE A PHOTOGRAPHER\r\nMany YASH2 photographers make big money\r\nphotographing RAJU10s and beautiful RAJU6s. They sell\r\nthe prints to YASH1 magazines or to agencies who use\r\nthem in RAJU7 advertisements. To be a photographer, you\r\nhave to have a RAJU9 camera. You also need an\r\nYASH meter and filters and a special close-up\r\nRAJU3. Then you either hire professional RAJU6s or go\r\nout and snap candid pictures of ordinary RAJU1s. But if you\r\nwant to have a career, you must study very SHARMA for at\r\nleast 100000 years.",
            "content_base64": null,
            "directory_permission": "0777",
            "file_permission": "0777",
            "filename": "madlibs/madlibs-89.txt",
            "id": "b576eb47d34d0ccb8031756c85c3d4f7e57aea35",
            "sensitive_content": null,
            "source": null
          },
          "sensitive_attributes": [],
          "private": "bnVsbA==",
          "dependencies": [
            "random_shuffle.random_adjectives",
            "random_shuffle.random_adverbs",
            "random_shuffle.random_nouns",
            "random_shuffle.random_numbers",
            "random_shuffle.random_verbs"
          ]
        },
        {
          "index_key": 91,
          "schema_version": 0,
          "attributes": {
            "content": "HOW TO BE A PHOTOGRAPHER\r\nMany YASH photographers make big money\r\nphotographing RAJU4s and beautiful RAJU6s. They sell\r\nthe prints to YASH1 magazines or to agencies who use\r\nthem in RAJU3 advertisements. To be a photographer, you\r\nhave to have a RAJU9 camera. You also need an\r\nYASH2 meter and filters and a special close-up\r\nRAJU5. Then you either hire professional RAJU6s or go\r\nout and snap candid pictures of ordinary RAJU2s. But if you\r\nwant to have a career, you must study very SHARMA for at\r\nleast 100000 years.",
            "content_base64": null,
            "directory_permission": "0777",
            "file_permission": "0777",
            "filename": "madlibs/madlibs-91.txt",
            "id": "e28be4f1ca9a4d5e0a56b1a6fbec95141dee563e",
            "sensitive_content": null,
            "source": null
          },
          "sensitive_attributes": [],
          "private": "bnVsbA==",
          "dependencies": [
            "random_shuffle.random_adjectives",
            "random_shuffle.random_adverbs",
            "random_shuffle.random_nouns",
            "random_shuffle.random_numbers",
            "random_shuffle.random_verbs"
          ]
        },
        {
          "index_key": 93,
          "schema_version": 0,
          "attributes": {
            "content": "HOW TO BE A PHOTOGRAPHER\r\nMany YASH photographers make big money\r\nphotographing RAJU2s and beautiful RAJU5s. They sell\r\nthe prints to YASH2 magazines or to agencies who use\r\nthem in RAJU9 advertisements. To be a photographer, you\r\nhave to have a RAJU10 camera. You also need an\r\nYASH1 meter and filters and a special close-up\r\nRAJU8. Then you either hire professional RAJU5s or go\r\nout and snap candid pictures of ordinary RAJU7s. But if you\r\nwant to have a career, you must study very SHARMA for at\r\nleast 100000 years.",
            "content_base64": null,
            "directory_permission": "0777",
            "file_permission": "0777",
            "filename": "madlibs/madlibs-93.txt",
            "id": "0f5c2f40bffa96ce16f038b1ddcb0e7d59dcc310",
            "sensitive_content": null,
            "source": null
          },
          "sensitive_attributes": [],
          "private": "bnVsbA==",
          "dependencies": [
            "random_shuffle.random_adjectives",
            "random_shuffle.random_adverbs",
            "random_shuffle.random_nouns",
            "random_shuffle.random_numbers",
            "random_shuffle.random_verbs"
          ]
        },
        {
          "index_key": 95,
          "schema_version": 0,
          "attributes": {
            "content": "HOW TO BE A PHOTOGRAPHER\r\nMany YASH photographers make big money\r\nphotographing RAJU6s and beautiful RAJU5s. They sell\r\nthe prints to YASH1 magazines or to agencies who use\r\nthem in RAJU4 advertisements. To be a photographer, you\r\nhave to have a RAJU1 camera. You also need an\r\nYASH2 meter and filters and a special close-up\r\nRAJU7. Then you either hire professional RAJU5s or go\r\nout and snap candid pictures of ordinary RAJU3s. But if you\r\nwant to have a career, you must study very SHARMA for at\r\nleast 100000 years.",
            "content_base64": null,
            "directory_permission": "0777",
            "file_permission": "0777",
            "filename": "madlibs/madlibs-95.txt",
            "id": "75d8c54556ef527fdca1044d7d432c08a23ec03f",
            "sensitive_content": null,
            "source": null
          },
          "sensitive_attributes": [],
          "private": "bnVsbA==",
          "dependencies": [
            "random_shuffle.random_adjectives",
            "random_shuffle.random_adverbs",
            "random_shuffle.random_nouns",
            "random_shuffle.random_numbers",
            "random_shuffle.random_verbs"
          ]
        },
        {
          "index_key": 97,
          "schema_version": 0,
          "attributes": {
            "content": "HOW TO BE A PHOTOGRAPHER\r\nMany YASH1 photographers make big money\r\nphotographing RAJU7s and beautiful RAJU10s. They sell\r\nthe prints to YASH2 magazines or to agencies who use\r\nthem in RAJU3 advertisements. To be a photographer, you\r\nhave to have a RAJU4 camera. You also need an\r\nYASH meter and filters and a special close-up\r\nRAJU1. Then you either hire professional RAJU10s or go\r\nout and snap candid pictures of ordinary RAJU9s. But if you\r\nwant to have a career, you must study very SHARMA for at\r\nleast 100000 years.",
            "content_base64": null,
            "directory_permission": "0777",
            "file_permission": "0777",
            "filename": "madlibs/madlibs-97.txt",
            "id": "9bb10e36fe8b8db70ae5b87e0de0e4c9bdcd3516",
            "sensitive_content": null,
            "source": null
          },
          "sensitive_attributes": [],
          "private": "bnVsbA==",
          "dependencies": [
            "random_shuffle.random_adjectives",
            "random_shuffle.random_adverbs",
            "random_shuffle.random_nouns",
            "random_shuffle.random_numbers",
            "random_shuffle.random_verbs"
          ]
        },
        {
          "index_key": 99,
          "schema_version": 0,
          "attributes": {
            "content": "HOW TO BE A PHOTOGRAPHER\r\nMany YASH2 photographers make big money\r\nphotographing RAJU8s and beautiful RAJU4s. They sell\r\nthe prints to YASH1 magazines or to agencies who use\r\nthem in RAJU9 advertisements. To be a photographer, you\r\nhave to have a RAJU10 camera. You also need an\r\nYASH meter and filters and a special close-up\r\nRAJU3. Then you either hire professional RAJU4s or go\r\nout and snap candid pictures of ordinary RAJU1s. But if you\r\nwant to have a career, you must study very SHARMA for at\r\nleast 100000 years.",
            "content_base64": null,
            "directory_permission": "0777",
            "file_permission": "0777",
            "filename": "madlibs/madlibs-99.txt",
            "id": "ceb0f550e1ed5511d8bf2a9068a4a8f22b03350e",
            "sensitive_content": null,
            "source": null
          },
          "sensitive_attributes": [],
          "private": "bnVsbA==",
          "dependencies": [
            "random_shuffle.random_adjectives",
            "random_shuffle.random_adverbs",
            "random_shuffle.random_nouns",
            "random_shuffle.random_numbers",
            "random_shuffle.random_verbs"
          ]
        }
      ]
    },
    {
      "mode": "managed",
      "type": "random_shuffle",
      "name": "random_adjectives",
      "provider": "provider[\"registry.terraform.io/hashicorp/random\"]",
      "instances": [
        {
          "index_key": 0,
          "schema_version": 0,
          "attributes": {
            "id": "-",
            "input": [
              "YASH",
              "YASH1",
              "YASH2"
            ],
            "keepers": null,
            "result": [
              "YASH2",
              "YASH",
              "YASH1"
            ],
            "result_count": null,
            "seed": null
          },
          "sensitive_attributes": [],
          "private": "bnVsbA=="
        },
        {
          "index_key": 1,
          "schema_version": 0,
          "attributes": {
            "id": "-",
            "input": [
              "YASH",
              "YASH1",
              "YASH2"
            ],
            "keepers": null,
            "result": [
              "YASH",
              "YASH1",
              "YASH2"
            ],
            "result_count": null,
            "seed": null
          },
          "sensitive_attributes": [],
          "private": "bnVsbA=="
        },
        {
          "index_key": 2,
          "schema_version": 0,
          "attributes": {
            "id": "-",
            "input": [
              "YASH",
              "YASH1",
              "YASH2"
            ],
            "keepers": null,
            "result": [
              "YASH",
              "YASH1",
              "YASH2"
            ],
            "result_count": null,
            "seed": null
          },
          "sensitive_attributes": [],
          "private": "bnVsbA=="
        },
        {
          "index_key": 3,
          "schema_version": 0,
          "attributes": {
            "id": "-",
            "input": [
              "YASH",
              "YASH1",
              "YASH2"
            ],
            "keepers": null,
            "result": [
              "YASH2",
              "YASH1",
              "YASH"
            ],
            "result_count": null,
            "seed": null
          },
          "sensitive_attributes": [],
          "private": "bnVsbA=="
        },
        {
          "index_key": 4,
          "schema_version": 0,
          "attributes": {
            "id": "-",
            "input": [
              "YASH",
              "YASH1",
              "YASH2"
            ],
            "keepers": null,
            "result": [
              "YASH",
              "YASH2",
              "YASH1"
            ],
            "result_count": null,
            "seed": null
          },
          "sensitive_attributes": [],
          "private": "bnVsbA=="
        },
        {
          "index_key": 5,
          "schema_version": 0,
          "attributes": {
            "id": "-",
            "input": [
              "YASH",
              "YASH1",
              "YASH2"
            ],
            "keepers": null,
            "result": [
              "YASH2",
              "YASH",
              "YASH1"
            ],
            "result_count": null,
            "seed": null
          },
          "sensitive_attributes": [],
          "private": "bnVsbA=="
        },
        {
          "index_key": 6,
          "schema_version": 0,
          "attributes": {
            "id": "-",
            "input": [
              "YASH",
              "YASH1",
              "YASH2"
            ],
            "keepers": null,
            "result": [
              "YASH",
              "YASH1",
              "YASH2"
            ],
            "result_count": null,
            "seed": null
          },
          "sensitive_attributes": [],
          "private": "bnVsbA=="
        },
        {
          "index_key": 7,
          "schema_version": 0,
          "attributes": {
            "id": "-",
            "input": [
              "YASH",
              "YASH1",
              "YASH2"
            ],
            "keepers": null,
            "result": [
              "YASH1",
              "YASH",
              "YASH2"
            ],
            "result_count": null,
            "seed": null
          },
          "sensitive_attributes": [],
          "private": "bnVsbA=="
        },
        {
          "index_key": 8,
          "schema_version": 0,
          "attributes": {
            "id": "-",
            "input": [
              "YASH",
              "YASH1",
              "YASH2"
            ],
            "keepers": null,
            "result": [
              "YASH2",
              "YASH1",
              "YASH"
            ],
            "result_count": null,
            "seed": null
          },
          "sensitive_attributes": [],
          "private": "bnVsbA=="
        },
        {
          "index_key": 9,
          "schema_version": 0,
          "attributes": {
            "id": "-",
            "input": [
              "YASH",
              "YASH1",
              "YASH2"
            ],
            "keepers": null,
            "result": [
              "YASH2",
              "YASH",
              "YASH1"
            ],
            "result_count": null,
            "seed": null
          },
          "sensitive_attributes": [],
          "private": "bnVsbA=="
        },
        {
          "index_key": 10,
          "schema_version": 0,
          "attributes": {
            "id": "-",
            "input": [
              "YASH",
              "YASH1",
              "YASH2"
            ],
            "keepers": null,
            "result": [
              "YASH1",
              "YASH",
              "YASH2"
            ],
            "result_count": null,
            "seed": null
          },
          "sensitive_attributes": [],
          "private": "bnVsbA=="
        },
        {
          "index_key": 11,
          "schema_version": 0,
          "attributes": {
            "id": "-",
            "input": [
              "YASH",
              "YASH1",
              "YASH2"
            ],
            "keepers": null,
            "result": [
              "YASH",
              "YASH2",
              "YASH1"
            ],
            "result_count": null,
            "seed": null
          },
          "sensitive_attributes": [],
          "private": "bnVsbA=="
        },
        {
          "index_key": 12,
          "schema_version": 0,
          "attributes": {
            "id": "-",
            "input": [
              "YASH",
              "YASH1",
              "YASH2"
            ],
            "keepers": null,
            "result": [
              "YASH2",
              "YASH",
              "YASH1"
            ],
            "result_count": null,
            "seed": null
          },
          "sensitive_attributes": [],
          "private": "bnVsbA=="
        },
        {
          "index_key": 13,
          "schema_version": 0,
          "attributes": {
            "id": "-",
            "input": [
              "YASH",
              "YASH1",
              "YASH2"
            ],
            "keepers": null,
            "result": [
              "YASH",
              "YASH1",
              "YASH2"
            ],
            "result_count": null,
            "seed": null
          },
          "sensitive_attributes": [],
          "private": "bnVsbA=="
        },
        {
          "index_key": 14,
          "schema_version": 0,
          "attributes": {
            "id": "-",
            "input": [
              "YASH",
              "YASH1",
              "YASH2"
            ],
            "keepers": null,
            "result": [
              "YASH2",
              "YASH",
              "YASH1"
            ],
            "result_count": null,
            "seed": null
          },
          "sensitive_attributes": [],
          "private": "bnVsbA=="
        },
        {
          "index_key": 15,
          "schema_version": 0,
          "attributes": {
            "id": "-",
            "input": [
              "YASH",
              "YASH1",
              "YASH2"
            ],
            "keepers": null,
            "result": [
              "YASH2",
              "YASH",
              "YASH1"
            ],
            "result_count": null,
            "seed": null
          },
          "sensitive_attributes": [],
          "private": "bnVsbA=="
        },
        {
          "index_key": 16,
          "schema_version": 0,
          "attributes": {
            "id": "-",
            "input": [
              "YASH",
              "YASH1",
              "YASH2"
            ],
            "keepers": null,
            "result": [
              "YASH2",
              "YASH1",
              "YASH"
            ],
            "result_count": null,
            "seed": null
          },
          "sensitive_attributes": [],
          "private": "bnVsbA=="
        },
        {
          "index_key": 17,
          "schema_version": 0,
          "attributes": {
            "id": "-",
            "input": [
              "YASH",
              "YASH1",
              "YASH2"
            ],
            "keepers": null,
            "result": [
              "YASH2",
              "YASH",
              "YASH1"
            ],
            "result_count": null,
            "seed": null
          },
          "sensitive_attributes": [],
          "private": "bnVsbA=="
        },
        {
          "index_key": 18,
          "schema_version": 0,
          "attributes": {
            "id": "-",
            "input": [
              "YASH",
              "YASH1",
              "YASH2"
            ],
            "keepers": null,
            "result": [
              "YASH",
              "YASH2",
              "YASH1"
            ],
            "result_count": null,
            "seed": null
          },
          "sensitive_attributes": [],
          "private": "bnVsbA=="
        },
        {
          "index_key": 19,
          "schema_version": 0,
          "attributes": {
            "id": "-",
            "input": [
              "YASH",
              "YASH1",
              "YASH2"
            ],
            "keepers": null,
            "result": [
              "YASH",
              "YASH1",
              "YASH2"
            ],
            "result_count": null,
            "seed": null
          },
          "sensitive_attributes": [],
          "private": "bnVsbA=="
        },
        {
          "index_key": 20,
          "schema_version": 0,
          "attributes": {
            "id": "-",
            "input": [
              "YASH",
              "YASH1",
              "YASH2"
            ],
            "keepers": null,
            "result": [
              "YASH2",
              "YASH",
              "YASH1"
            ],
            "result_count": null,
            "seed": null
          },
          "sensitive_attributes": [],
          "private": "bnVsbA=="
        },
        {
          "index_key": 21,
          "schema_version": 0,
          "attributes": {
            "id": "-",
            "input": [
              "YASH",
              "YASH1",
              "YASH2"
            ],
            "keepers": null,
            "result": [
              "YASH1",
              "YASH",
              "YASH2"
            ],
            "result_count": null,
            "seed": null
          },
          "sensitive_attributes": [],
          "private": "bnVsbA=="
        },
        {
          "index_key": 22,
          "schema_version": 0,
          "attributes": {
            "id": "-",
            "input": [
              "YASH",
              "YASH1",
              "YASH2"
            ],
            "keepers": null,
            "result": [
              "YASH",
              "YASH1",
              "YASH2"
            ],
            "result_count": null,
            "seed": null
          },
          "sensitive_attributes": [],
          "private": "bnVsbA=="
        },
        {
          "index_key": 23,
          "schema_version": 0,
          "attributes": {
            "id": "-",
            "input": [
              "YASH",
              "YASH1",
              "YASH2"
            ],
            "keepers": null,
            "result": [
              "YASH1",
              "YASH",
              "YASH2"
            ],
            "result_count": null,
            "seed": null
          },
          "sensitive_attributes": [],
          "private": "bnVsbA=="
        },
        {
          "index_key": 24,
          "schema_version": 0,
          "attributes": {
            "id": "-",
            "input": [
              "YASH",
              "YASH1",
              "YASH2"
            ],
            "keepers": null,
            "result": [
              "YASH1",
              "YASH2",
              "YASH"
            ],
            "result_count": null,
            "seed": null
          },
          "sensitive_attributes": [],
          "private": "bnVsbA=="
        },
        {
          "index_key": 25,
          "schema_version": 0,
          "attributes": {
            "id": "-",
            "input": [
              "YASH",
              "YASH1",
              "YASH2"
            ],
            "keepers": null,
            "result": [
              "YASH1",
              "YASH2",
              "YASH"
            ],
            "result_count": null,
            "seed": null
          },
          "sensitive_attributes": [],
          "private": "bnVsbA=="
        },
        {
          "index_key": 26,
          "schema_version": 0,
          "attributes": {
            "id": "-",
            "input": [
              "YASH",
              "YASH1",
              "YASH2"
            ],
            "keepers": null,
            "result": [
              "YASH1",
              "YASH",
              "YASH2"
            ],
            "result_count": null,
            "seed": null
          },
          "sensitive_attributes": [],
          "private": "bnVsbA=="
        },
        {
          "index_key": 27,
          "schema_version": 0,
          "attributes": {
            "id": "-",
            "input": [
              "YASH",
              "YASH1",
              "YASH2"
            ],
            "keepers": null,
            "result": [
              "YASH1",
              "YASH2",
              "YASH"
            ],
            "result_count": null,
            "seed": null
          },
          "sensitive_attributes": [],
          "private": "bnVsbA=="
        },
        {
          "index_key": 28,
          "schema_version": 0,
          "attributes": {
            "id": "-",
            "input": [
              "YASH",
              "YASH1",
              "YASH2"
            ],
            "keepers": null,
            "result": [
              "YASH",
              "YASH1",
              "YASH2"
            ],
            "result_count": null,
            "seed": null
          },
          "sensitive_attributes": [],
          "private": "bnVsbA=="
        },
        {
          "index_key": 29,
          "schema_version": 0,
          "attributes": {
            "id": "-",
            "input": [
              "YASH",
              "YASH1",
              "YASH2"
            ],
            "keepers": null,
            "result": [
              "YASH",
              "YASH2",
              "YASH1"
            ],
            "result_count": null,
            "seed": null
          },
          "sensitive_attributes": [],
          "private": "bnVsbA=="
        },
        {
          "index_key": 30,
          "schema_version": 0,
          "attributes": {
            "id": "-",
            "input": [
              "YASH",
              "YASH1",
              "YASH2"
            ],
            "keepers": null,
            "result": [
              "YASH",
              "YASH2",
              "YASH1"
            ],
            "result_count": null,
            "seed": null
          },
          "sensitive_attributes": [],
          "private": "bnVsbA=="
        },
        {
          "index_key": 31,
          "schema_version": 0,
          "attributes": {
            "id": "-",
            "input": [
              "YASH",
              "YASH1",
              "YASH2"
            ],
            "keepers": null,
            "result": [
              "YASH",
              "YASH2",
              "YASH1"
            ],
            "result_count": null,
            "seed": null
          },
          "sensitive_attributes": [],
          "private": "bnVsbA=="
        },
        {
          "index_key": 32,
          "schema_version": 0,
          "attributes": {
            "id": "-",
            "input": [
              "YASH",
              "YASH1",
              "YASH2"
            ],
            "keepers": null,
            "result": [
              "YASH",
              "YASH1",
              "YASH2"
            ],
            "result_count": null,
            "seed": null
          },
          "sensitive_attributes": [],
          "private": "bnVsbA=="
        },
        {
          "index_key": 33,
          "schema_version": 0,
          "attributes": {
            "id": "-",
            "input": [
              "YASH",
              "YASH1",
              "YASH2"
            ],
            "keepers": null,
            "result": [
              "YASH",
              "YASH1",
              "YASH2"
            ],
            "result_count": null,
            "seed": null
          },
          "sensitive_attributes": [],
          "private": "bnVsbA=="
        },
        {
          "index_key": 34,
          "schema_version": 0,
          "attributes": {
            "id": "-",
            "input": [
              "YASH",
              "YASH1",
              "YASH2"
            ],
            "keepers": null,
            "result": [
              "YASH2",
              "YASH",
              "YASH1"
            ],
            "result_count": null,
            "seed": null
          },
          "sensitive_attributes": [],
          "private": "bnVsbA=="
        },
        {
          "index_key": 35,
          "schema_version": 0,
          "attributes": {
            "id": "-",
            "input": [
              "YASH",
              "YASH1",
              "YASH2"
            ],
            "keepers": null,
            "result": [
              "YASH2",
              "YASH",
              "YASH1"
            ],
            "result_count": null,
            "seed": null
          },
          "sensitive_attributes": [],
          "private": "bnVsbA=="
        },
        {
          "index_key": 36,
          "schema_version": 0,
          "attributes": {
            "id": "-",
            "input": [
              "YASH",
              "YASH1",
              "YASH2"
            ],
            "keepers": null,
            "result": [
              "YASH2",
              "YASH",
              "YASH1"
            ],
            "result_count": null,
            "seed": null
          },
          "sensitive_attributes": [],
          "private": "bnVsbA=="
        },
        {
          "index_key": 37,
          "schema_version": 0,
          "attributes": {
            "id": "-",
            "input": [
              "YASH",
              "YASH1",
              "YASH2"
            ],
            "keepers": null,
            "result": [
              "YASH1",
              "YASH2",
              "YASH"
            ],
            "result_count": null,
            "seed": null
          },
          "sensitive_attributes": [],
          "private": "bnVsbA=="
        },
        {
          "index_key": 38,
          "schema_version": 0,
          "attributes": {
            "id": "-",
            "input": [
              "YASH",
              "YASH1",
              "YASH2"
            ],
            "keepers": null,
            "result": [
              "YASH1",
              "YASH",
              "YASH2"
            ],
            "result_count": null,
            "seed": null
          },
          "sensitive_attributes": [],
          "private": "bnVsbA=="
        },
        {
          "index_key": 39,
          "schema_version": 0,
          "attributes": {
            "id": "-",
            "input": [
              "YASH",
              "YASH1",
              "YASH2"
            ],
            "keepers": null,
            "result": [
              "YASH1",
              "YASH2",
              "YASH"
            ],
            "result_count": null,
            "seed": null
          },
          "sensitive_attributes": [],
          "private": "bnVsbA=="
        },
        {
          "index_key": 40,
          "schema_version": 0,
          "attributes": {
            "id": "-",
            "input": [
              "YASH",
              "YASH1",
              "YASH2"
            ],
            "keepers": null,
            "result": [
              "YASH2",
              "YASH",
              "YASH1"
            ],
            "result_count": null,
            "seed": null
          },
          "sensitive_attributes": [],
          "private": "bnVsbA=="
        },
        {
          "index_key": 41,
          "schema_version": 0,
          "attributes": {
            "id": "-",
            "input": [
              "YASH",
              "YASH1",
              "YASH2"
            ],
            "keepers": null,
            "result": [
              "YASH2",
              "YASH1",
              "YASH"
            ],
            "result_count": null,
            "seed": null
          },
          "sensitive_attributes": [],
          "private": "bnVsbA=="
        },
        {
          "index_key": 42,
          "schema_version": 0,
          "attributes": {
            "id": "-",
            "input": [
              "YASH",
              "YASH1",
              "YASH2"
            ],
            "keepers": null,
            "result": [
              "YASH",
              "YASH1",
              "YASH2"
            ],
            "result_count": null,
            "seed": null
          },
          "sensitive_attributes": [],
          "private": "bnVsbA=="
        },
        {
          "index_key": 43,
          "schema_version": 0,
          "attributes": {
            "id": "-",
            "input": [
              "YASH",
              "YASH1",
              "YASH2"
            ],
            "keepers": null,
            "result": [
              "YASH1",
              "YASH2",
              "YASH"
            ],
            "result_count": null,
            "seed": null
          },
          "sensitive_attributes": [],
          "private": "bnVsbA=="
        },
        {
          "index_key": 44,
          "schema_version": 0,
          "attributes": {
            "id": "-",
            "input": [
              "YASH",
              "YASH1",
              "YASH2"
            ],
            "keepers": null,
            "result": [
              "YASH",
              "YASH1",
              "YASH2"
            ],
            "result_count": null,
            "seed": null
          },
          "sensitive_attributes": [],
          "private": "bnVsbA=="
        },
        {
          "index_key": 45,
          "schema_version": 0,
          "attributes": {
            "id": "-",
            "input": [
              "YASH",
              "YASH1",
              "YASH2"
            ],
            "keepers": null,
            "result": [
              "YASH1",
              "YASH2",
              "YASH"
            ],
            "result_count": null,
            "seed": null
          },
          "sensitive_attributes": [],
          "private": "bnVsbA=="
        },
        {
          "index_key": 46,
          "schema_version": 0,
          "attributes": {
            "id": "-",
            "input": [
              "YASH",
              "YASH1",
              "YASH2"
            ],
            "keepers": null,
            "result": [
              "YASH",
              "YASH2",
              "YASH1"
            ],
            "result_count": null,
            "seed": null
          },
          "sensitive_attributes": [],
          "private": "bnVsbA=="
        },
        {
          "index_key": 47,
          "schema_version": 0,
          "attributes": {
            "id": "-",
            "input": [
              "YASH",
              "YASH1",
              "YASH2"
            ],
            "keepers": null,
            "result": [
              "YASH1",
              "YASH2",
              "YASH"
            ],
            "result_count": null,
            "seed": null
          },
          "sensitive_attributes": [],
          "private": "bnVsbA=="
        },
        {
          "index_key": 48,
          "schema_version": 0,
          "attributes": {
            "id": "-",
            "input": [
              "YASH",
              "YASH1",
              "YASH2"
            ],
            "keepers": null,
            "result": [
              "YASH2",
              "YASH",
              "YASH1"
            ],
            "result_count": null,
            "seed": null
          },
          "sensitive_attributes": [],
          "private": "bnVsbA=="
        },
        {
          "index_key": 49,
          "schema_version": 0,
          "attributes": {
            "id": "-",
            "input": [
              "YASH",
              "YASH1",
              "YASH2"
            ],
            "keepers": null,
            "result": [
              "YASH2",
              "YASH",
              "YASH1"
            ],
            "result_count": null,
            "seed": null
          },
          "sensitive_attributes": [],
          "private": "bnVsbA=="
        },
        {
          "index_key": 50,
          "schema_version": 0,
          "attributes": {
            "id": "-",
            "input": [
              "YASH",
              "YASH1",
              "YASH2"
            ],
            "keepers": null,
            "result": [
              "YASH",
              "YASH2",
              "YASH1"
            ],
            "result_count": null,
            "seed": null
          },
          "sensitive_attributes": [],
          "private": "bnVsbA=="
        },
        {
          "index_key": 51,
          "schema_version": 0,
          "attributes": {
            "id": "-",
            "input": [
              "YASH",
              "YASH1",
              "YASH2"
            ],
            "keepers": null,
            "result": [
              "YASH",
              "YASH2",
              "YASH1"
            ],
            "result_count": null,
            "seed": null
          },
          "sensitive_attributes": [],
          "private": "bnVsbA=="
        },
        {
          "index_key": 52,
          "schema_version": 0,
          "attributes": {
            "id": "-",
            "input": [
              "YASH",
              "YASH1",
              "YASH2"
            ],
            "keepers": null,
            "result": [
              "YASH",
              "YASH2",
              "YASH1"
            ],
            "result_count": null,
            "seed": null
          },
          "sensitive_attributes": [],
          "private": "bnVsbA=="
        },
        {
          "index_key": 53,
          "schema_version": 0,
          "attributes": {
            "id": "-",
            "input": [
              "YASH",
              "YASH1",
              "YASH2"
            ],
            "keepers": null,
            "result": [
              "YASH1",
              "YASH2",
              "YASH"
            ],
            "result_count": null,
            "seed": null
          },
          "sensitive_attributes": [],
          "private": "bnVsbA=="
        },
        {
          "index_key": 54,
          "schema_version": 0,
          "attributes": {
            "id": "-",
            "input": [
              "YASH",
              "YASH1",
              "YASH2"
            ],
            "keepers": null,
            "result": [
              "YASH",
              "YASH1",
              "YASH2"
            ],
            "result_count": null,
            "seed": null
          },
          "sensitive_attributes": [],
          "private": "bnVsbA=="
        },
        {
          "index_key": 55,
          "schema_version": 0,
          "attributes": {
            "id": "-",
            "input": [
              "YASH",
              "YASH1",
              "YASH2"
            ],
            "keepers": null,
            "result": [
              "YASH1",
              "YASH2",
              "YASH"
            ],
            "result_count": null,
            "seed": null
          },
          "sensitive_attributes": [],
          "private": "bnVsbA=="
        },
        {
          "index_key": 56,
          "schema_version": 0,
          "attributes": {
            "id": "-",
            "input": [
              "YASH",
              "YASH1",
              "YASH2"
            ],
            "keepers": null,
            "result": [
              "YASH2",
              "YASH",
              "YASH1"
            ],
            "result_count": null,
            "seed": null
          },
          "sensitive_attributes": [],
          "private": "bnVsbA=="
        },
        {
          "index_key": 57,
          "schema_version": 0,
          "attributes": {
            "id": "-",
            "input": [
              "YASH",
              "YASH1",
              "YASH2"
            ],
            "keepers": null,
            "result": [
              "YASH2",
              "YASH",
              "YASH1"
            ],
            "result_count": null,
            "seed": null
          },
          "sensitive_attributes": [],
          "private": "bnVsbA=="
        },
        {
          "index_key": 58,
          "schema_version": 0,
          "attributes": {
            "id": "-",
            "input": [
              "YASH",
              "YASH1",
              "YASH2"
            ],
            "keepers": null,
            "result": [
              "YASH",
              "YASH1",
              "YASH2"
            ],
            "result_count": null,
            "seed": null
          },
          "sensitive_attributes": [],
          "private": "bnVsbA=="
        },
        {
          "index_key": 59,
          "schema_version": 0,
          "attributes": {
            "id": "-",
            "input": [
              "YASH",
              "YASH1",
              "YASH2"
            ],
            "keepers": null,
            "result": [
              "YASH2",
              "YASH",
              "YASH1"
            ],
            "result_count": null,
            "seed": null
          },
          "sensitive_attributes": [],
          "private": "bnVsbA=="
        },
        {
          "index_key": 60,
          "schema_version": 0,
          "attributes": {
            "id": "-",
            "input": [
              "YASH",
              "YASH1",
              "YASH2"
            ],
            "keepers": null,
            "result": [
              "YASH2",
              "YASH1",
              "YASH"
            ],
            "result_count": null,
            "seed": null
          },
          "sensitive_attributes": [],
          "private": "bnVsbA=="
        },
        {
          "index_key": 61,
          "schema_version": 0,
          "attributes": {
            "id": "-",
            "input": [
              "YASH",
              "YASH1",
              "YASH2"
            ],
            "keepers": null,
            "result": [
              "YASH2",
              "YASH1",
              "YASH"
            ],
            "result_count": null,
            "seed": null
          },
          "sensitive_attributes": [],
          "private": "bnVsbA=="
        },
        {
          "index_key": 62,
          "schema_version": 0,
          "attributes": {
            "id": "-",
            "input": [
              "YASH",
              "YASH1",
              "YASH2"
            ],
            "keepers": null,
            "result": [
              "YASH2",
              "YASH1",
              "YASH"
            ],
            "result_count": null,
            "seed": null
          },
          "sensitive_attributes": [],
          "private": "bnVsbA=="
        },
        {
          "index_key": 63,
          "schema_version": 0,
          "attributes": {
            "id": "-",
            "input": [
              "YASH",
              "YASH1",
              "YASH2"
            ],
            "keepers": null,
            "result": [
              "YASH",
              "YASH1",
              "YASH2"
            ],
            "result_count": null,
            "seed": null
          },
          "sensitive_attributes": [],
          "private": "bnVsbA=="
        },
        {
          "index_key": 64,
          "schema_version": 0,
          "attributes": {
            "id": "-",
            "input": [
              "YASH",
              "YASH1",
              "YASH2"
            ],
            "keepers": null,
            "result": [
              "YASH1",
              "YASH",
              "YASH2"
            ],
            "result_count": null,
            "seed": null
          },
          "sensitive_attributes": [],
          "private": "bnVsbA=="
        },
        {
          "index_key": 65,
          "schema_version": 0,
          "attributes": {
            "id": "-",
            "input": [
              "YASH",
              "YASH1",
              "YASH2"
            ],
            "keepers": null,
            "result": [
              "YASH1",
              "YASH2",
              "YASH"
            ],
            "result_count": null,
            "seed": null
          },
          "sensitive_attributes": [],
          "private": "bnVsbA=="
        },
        {
          "index_key": 66,
          "schema_version": 0,
          "attributes": {
            "id": "-",
            "input": [
              "YASH",
              "YASH1",
              "YASH2"
            ],
            "keepers": null,
            "result": [
              "YASH",
              "YASH1",
              "YASH2"
            ],
            "result_count": null,
            "seed": null
          },
          "sensitive_attributes": [],
          "private": "bnVsbA=="
        },
        {
          "index_key": 67,
          "schema_version": 0,
          "attributes": {
            "id": "-",
            "input": [
              "YASH",
              "YASH1",
              "YASH2"
            ],
            "keepers": null,
            "result": [
              "YASH2",
              "YASH",
              "YASH1"
            ],
            "result_count": null,
            "seed": null
          },
          "sensitive_attributes": [],
          "private": "bnVsbA=="
        },
        {
          "index_key": 68,
          "schema_version": 0,
          "attributes": {
            "id": "-",
            "input": [
              "YASH",
              "YASH1",
              "YASH2"
            ],
            "keepers": null,
            "result": [
              "YASH2",
              "YASH",
              "YASH1"
            ],
            "result_count": null,
            "seed": null
          },
          "sensitive_attributes": [],
          "private": "bnVsbA=="
        },
        {
          "index_key": 69,
          "schema_version": 0,
          "attributes": {
            "id": "-",
            "input": [
              "YASH",
              "YASH1",
              "YASH2"
            ],
            "keepers": null,
            "result": [
              "YASH2",
              "YASH1",
              "YASH"
            ],
            "result_count": null,
            "seed": null
          },
          "sensitive_attributes": [],
          "private": "bnVsbA=="
        },
        {
          "index_key": 70,
          "schema_version": 0,
          "attributes": {
            "id": "-",
            "input": [
              "YASH",
              "YASH1",
              "YASH2"
            ],
            "keepers": null,
            "result": [
              "YASH2",
              "YASH1",
              "YASH"
            ],
            "result_count": null,
            "seed": null
          },
          "sensitive_attributes": [],
          "private": "bnVsbA=="
        },
        {
          "index_key": 71,
          "schema_version": 0,
          "attributes": {
            "id": "-",
            "input": [
              "YASH",
              "YASH1",
              "YASH2"
            ],
            "keepers": null,
            "result": [
              "YASH2",
              "YASH",
              "YASH1"
            ],
            "result_count": null,
            "seed": null
          },
          "sensitive_attributes": [],
          "private": "bnVsbA=="
        },
        {
          "index_key": 72,
          "schema_version": 0,
          "attributes": {
            "id": "-",
            "input": [
              "YASH",
              "YASH1",
              "YASH2"
            ],
            "keepers": null,
            "result": [
              "YASH",
              "YASH2",
              "YASH1"
            ],
            "result_count": null,
            "seed": null
          },
          "sensitive_attributes": [],
          "private": "bnVsbA=="
        },
        {
          "index_key": 73,
          "schema_version": 0,
          "attributes": {
            "id": "-",
            "input": [
              "YASH",
              "YASH1",
              "YASH2"
            ],
            "keepers": null,
            "result": [
              "YASH2",
              "YASH1",
              "YASH"
            ],
            "result_count": null,
            "seed": null
          },
          "sensitive_attributes": [],
          "private": "bnVsbA=="
        },
        {
          "index_key": 74,
          "schema_version": 0,
          "attributes": {
            "id": "-",
            "input": [
              "YASH",
              "YASH1",
              "YASH2"
            ],
            "keepers": null,
            "result": [
              "YASH1",
              "YASH2",
              "YASH"
            ],
            "result_count": null,
            "seed": null
          },
          "sensitive_attributes": [],
          "private": "bnVsbA=="
        },
        {
          "index_key": 75,
          "schema_version": 0,
          "attributes": {
            "id": "-",
            "input": [
              "YASH",
              "YASH1",
              "YASH2"
            ],
            "keepers": null,
            "result": [
              "YASH2",
              "YASH",
              "YASH1"
            ],
            "result_count": null,
            "seed": null
          },
          "sensitive_attributes": [],
          "private": "bnVsbA=="
        },
        {
          "index_key": 76,
          "schema_version": 0,
          "attributes": {
            "id": "-",
            "input": [
              "YASH",
              "YASH1",
              "YASH2"
            ],
            "keepers": null,
            "result": [
              "YASH2",
              "YASH",
              "YASH1"
            ],
            "result_count": null,
            "seed": null
          },
          "sensitive_attributes": [],
          "private": "bnVsbA=="
        },
        {
          "index_key": 77,
          "schema_version": 0,
          "attributes": {
            "id": "-",
            "input": [
              "YASH",
              "YASH1",
              "YASH2"
            ],
            "keepers": null,
            "result": [
              "YASH",
              "YASH1",
              "YASH2"
            ],
            "result_count": null,
            "seed": null
          },
          "sensitive_attributes": [],
          "private": "bnVsbA=="
        },
        {
          "index_key": 78,
          "schema_version": 0,
          "attributes": {
            "id": "-",
            "input": [
              "YASH",
              "YASH1",
              "YASH2"
            ],
            "keepers": null,
            "result": [
              "YASH1",
              "YASH2",
              "YASH"
            ],
            "result_count": null,
            "seed": null
          },
          "sensitive_attributes": [],
          "private": "bnVsbA=="
        },
        {
          "index_key": 79,
          "schema_version": 0,
          "attributes": {
            "id": "-",
            "input": [
              "YASH",
              "YASH1",
              "YASH2"
            ],
            "keepers": null,
            "result": [
              "YASH2",
              "YASH1",
              "YASH"
            ],
            "result_count": null,
            "seed": null
          },
          "sensitive_attributes": [],
          "private": "bnVsbA=="
        },
        {
          "index_key": 80,
          "schema_version": 0,
          "attributes": {
            "id": "-",
            "input": [
              "YASH",
              "YASH1",
              "YASH2"
            ],
            "keepers": null,
            "result": [
              "YASH2",
              "YASH1",
              "YASH"
            ],
            "result_count": null,
            "seed": null
          },
          "sensitive_attributes": [],
          "private": "bnVsbA=="
        },
        {
          "index_key": 81,
          "schema_version": 0,
          "attributes": {
            "id": "-",
            "input": [
              "YASH",
              "YASH1",
              "YASH2"
            ],
            "keepers": null,
            "result": [
              "YASH2",
              "YASH",
              "YASH1"
            ],
            "result_count": null,
            "seed": null
          },
          "sensitive_attributes": [],
          "private": "bnVsbA=="
        },
        {
          "index_key": 82,
          "schema_version": 0,
          "attributes": {
            "id": "-",
            "input": [
              "YASH",
              "YASH1",
              "YASH2"
            ],
            "keepers": null,
            "result": [
              "YASH",
              "YASH1",
              "YASH2"
            ],
            "result_count": null,
            "seed": null
          },
          "sensitive_attributes": [],
          "private": "bnVsbA=="
        },
        {
          "index_key": 83,
          "schema_version": 0,
          "attributes": {
            "id": "-",
            "input": [
              "YASH",
              "YASH1",
              "YASH2"
            ],
            "keepers": null,
            "result": [
              "YASH1",
              "YASH",
              "YASH2"
            ],
            "result_count": null,
            "seed": null
          },
          "sensitive_attributes": [],
          "private": "bnVsbA=="
        },
        {
          "index_key": 84,
          "schema_version": 0,
          "attributes": {
            "id": "-",
            "input": [
              "YASH",
              "YASH1",
              "YASH2"
            ],
            "keepers": null,
            "result": [
              "YASH2",
              "YASH",
              "YASH1"
            ],
            "result_count": null,
            "seed": null
          },
          "sensitive_attributes": [],
          "private": "bnVsbA=="
        },
        {
          "index_key": 85,
          "schema_version": 0,
          "attributes": {
            "id": "-",
            "input": [
              "YASH",
              "YASH1",
              "YASH2"
            ],
            "keepers": null,
            "result": [
              "YASH1",
              "YASH2",
              "YASH"
            ],
            "result_count": null,
            "seed": null
          },
          "sensitive_attributes": [],
          "private": "bnVsbA=="
        },
        {
          "index_key": 86,
          "schema_version": 0,
          "attributes": {
            "id": "-",
            "input": [
              "YASH",
              "YASH1",
              "YASH2"
            ],
            "keepers": null,
            "result": [
              "YASH",
              "YASH2",
              "YASH1"
            ],
            "result_count": null,
            "seed": null
          },
          "sensitive_attributes": [],
          "private": "bnVsbA=="
        },
        {
          "index_key": 87,
          "schema_version": 0,
          "attributes": {
            "id": "-",
            "input": [
              "YASH",
              "YASH1",
              "YASH2"
            ],
            "keepers": null,
            "result": [
              "YASH1",
              "YASH",
              "YASH2"
            ],
            "result_count": null,
            "seed": null
          },
          "sensitive_attributes": [],
          "private": "bnVsbA=="
        },
        {
          "index_key": 88,
          "schema_version": 0,
          "attributes": {
            "id": "-",
            "input": [
              "YASH",
              "YASH1",
              "YASH2"
            ],
            "keepers": null,
            "result": [
              "YASH2",
              "YASH1",
              "YASH"
            ],
            "result_count": null,
            "seed": null
          },
          "sensitive_attributes": [],
          "private": "bnVsbA=="
        },
        {
          "index_key": 89,
          "schema_version": 0,
          "attributes": {
            "id": "-",
            "input": [
              "YASH",
              "YASH1",
              "YASH2"
            ],
            "keepers": null,
            "result": [
              "YASH2",
              "YASH1",
              "YASH"
            ],
            "result_count": null,
            "seed": null
          },
          "sensitive_attributes": [],
          "private": "bnVsbA=="
        },
        {
          "index_key": 90,
          "schema_version": 0,
          "attributes": {
            "id": "-",
            "input": [
              "YASH",
              "YASH1",
              "YASH2"
            ],
            "keepers": null,
            "result": [
              "YASH2",
              "YASH1",
              "YASH"
            ],
            "result_count": null,
            "seed": null
          },
          "sensitive_attributes": [],
          "private": "bnVsbA=="
        },
        {
          "index_key": 91,
          "schema_version": 0,
          "attributes": {
            "id": "-",
            "input": [
              "YASH",
              "YASH1",
              "YASH2"
            ],
            "keepers": null,
            "result": [
              "YASH",
              "YASH1",
              "YASH2"
            ],
            "result_count": null,
            "seed": null
          },
          "sensitive_attributes": [],
          "private": "bnVsbA=="
        },
        {
          "index_key": 92,
          "schema_version": 0,
          "attributes": {
            "id": "-",
            "input": [
              "YASH",
              "YASH1",
              "YASH2"
            ],
            "keepers": null,
            "result": [
              "YASH",
              "YASH1",
              "YASH2"
            ],
            "result_count": null,
            "seed": null
          },
          "sensitive_attributes": [],
          "private": "bnVsbA=="
        },
        {
          "index_key": 93,
          "schema_version": 0,
          "attributes": {
            "id": "-",
            "input": [
              "YASH",
              "YASH1",
              "YASH2"
            ],
            "keepers": null,
            "result": [
              "YASH",
              "YASH2",
              "YASH1"
            ],
            "result_count": null,
            "seed": null
          },
          "sensitive_attributes": [],
          "private": "bnVsbA=="
        },
        {
          "index_key": 94,
          "schema_version": 0,
          "attributes": {
            "id": "-",
            "input": [
              "YASH",
              "YASH1",
              "YASH2"
            ],
            "keepers": null,
            "result": [
              "YASH",
              "YASH1",
              "YASH2"
            ],
            "result_count": null,
            "seed": null
          },
          "sensitive_attributes": [],
          "private": "bnVsbA=="
        },
        {
          "index_key": 95,
          "schema_version": 0,
          "attributes": {
            "id": "-",
            "input": [
              "YASH",
              "YASH1",
              "YASH2"
            ],
            "keepers": null,
            "result": [
              "YASH",
              "YASH1",
              "YASH2"
            ],
            "result_count": null,
            "seed": null
          },
          "sensitive_attributes": [],
          "private": "bnVsbA=="
        },
        {
          "index_key": 96,
          "schema_version": 0,
          "attributes": {
            "id": "-",
            "input": [
              "YASH",
              "YASH1",
              "YASH2"
            ],
            "keepers": null,
            "result": [
              "YASH2",
              "YASH1",
              "YASH"
            ],
            "result_count": null,
            "seed": null
          },
          "sensitive_attributes": [],
          "private": "bnVsbA=="
        },
        {
          "index_key": 97,
          "schema_version": 0,
          "attributes": {
            "id": "-",
            "input": [
              "YASH",
              "YASH1",
              "YASH2"
            ],
            "keepers": null,
            "result": [
              "YASH1",
              "YASH2",
              "YASH"
            ],
            "result_count": null,
            "seed": null
          },
          "sensitive_attributes": [],
          "private": "bnVsbA=="
        },
        {
          "index_key": 98,
          "schema_version": 0,
          "attributes": {
            "id": "-",
            "input": [
              "YASH",
              "YASH1",
              "YASH2"
            ],
            "keepers": null,
            "result": [
              "YASH2",
              "YASH1",
              "YASH"
            ],
            "result_count": null,
            "seed": null
          },
          "sensitive_attributes": [],
          "private": "bnVsbA=="
        },
        {
          "index_key": 99,
          "schema_version": 0,
          "attributes": {
            "id": "-",
            "input": [
              "YASH",
              "YASH1",
              "YASH2"
            ],
            "keepers": null,
            "result": [
              "YASH2",
              "YASH1",
              "YASH"
            ],
            "result_count": null,
            "seed": null
          },
          "sensitive_attributes": [],
          "private": "bnVsbA=="
        }
      ]
    },
    {
      "mode": "managed",
      "type": "random_shuffle",
      "name": "random_adverbs",
      "provider": "provider[\"registry.terraform.io/hashicorp/random\"]",
      "instances": [
        {
          "index_key": 0,
          "schema_version": 0,
          "attributes": {
            "id": "-",
            "input": [
              "SHARMA"
            ],
            "keepers": null,
            "result": [
              "SHARMA"
            ],
            "result_count": null,
            "seed": null
          },
          "sensitive_attributes": [],
          "private": "bnVsbA=="
        },
        {
          "index_key": 1,
          "schema_version": 0,
          "attributes": {
            "id": "-",
            "input": [
              "SHARMA"
            ],
            "keepers": null,
            "result": [
              "SHARMA"
            ],
            "result_count": null,
            "seed": null
          },
          "sensitive_attributes": [],
          "private": "bnVsbA=="
        },
        {
          "index_key": 2,
          "schema_version": 0,
          "attributes": {
            "id": "-",
            "input": [
              "SHARMA"
            ],
            "keepers": null,
            "result": [
              "SHARMA"
            ],
            "result_count": null,
            "seed": null
          },
          "sensitive_attributes": [],
          "private": "bnVsbA=="
        },
        {
          "index_key": 3,
          "schema_version": 0,
          "attributes": {
            "id": "-",
            "input": [
              "SHARMA"
            ],
            "keepers": null,
            "result": [
              "SHARMA"
            ],
            "result_count": null,
            "seed": null
          },
          "sensitive_attributes": [],
          "private": "bnVsbA=="
        },
        {
          "index_key": 4,
          "schema_version": 0,
          "attributes": {
            "id": "-",
            "input": [
              "SHARMA"
            ],
            "keepers": null,
            "result": [
              "SHARMA"
            ],
            "result_count": null,
            "seed": null
          },
          "sensitive_attributes": [],
          "private": "bnVsbA=="
        },
        {
          "index_key": 5,
          "schema_version": 0,
          "attributes": {
            "id": "-",
            "input": [
              "SHARMA"
            ],
            "keepers": null,
            "result": [
              "SHARMA"
            ],
            "result_count": null,
            "seed": null
          },
          "sensitive_attributes": [],
          "private": "bnVsbA=="
        },
        {
          "index_key": 6,
          "schema_version": 0,
          "attributes": {
            "id": "-",
            "input": [
              "SHARMA"
            ],
            "keepers": null,
            "result": [
              "SHARMA"
            ],
            "result_count": null,
            "seed": null
          },
          "sensitive_attributes": [],
          "private": "bnVsbA=="
        },
        {
          "index_key": 7,
          "schema_version": 0,
          "attributes": {
            "id": "-",
            "input": [
              "SHARMA"
            ],
            "keepers": null,
            "result": [
              "SHARMA"
            ],
            "result_count": null,
            "seed": null
          },
          "sensitive_attributes": [],
          "private": "bnVsbA=="
        },
        {
          "index_key": 8,
          "schema_version": 0,
          "attributes": {
            "id": "-",
            "input": [
              "SHARMA"
            ],
            "keepers": null,
            "result": [
              "SHARMA"
            ],
            "result_count": null,
            "seed": null
          },
          "sensitive_attributes": [],
          "private": "bnVsbA=="
        },
        {
          "index_key": 9,
          "schema_version": 0,
          "attributes": {
            "id": "-",
            "input": [
              "SHARMA"
            ],
            "keepers": null,
            "result": [
              "SHARMA"
            ],
            "result_count": null,
            "seed": null
          },
          "sensitive_attributes": [],
          "private": "bnVsbA=="
        },
        {
          "index_key": 10,
          "schema_version": 0,
          "attributes": {
            "id": "-",
            "input": [
              "SHARMA"
            ],
            "keepers": null,
            "result": [
              "SHARMA"
            ],
            "result_count": null,
            "seed": null
          },
          "sensitive_attributes": [],
          "private": "bnVsbA=="
        },
        {
          "index_key": 11,
          "schema_version": 0,
          "attributes": {
            "id": "-",
            "input": [
              "SHARMA"
            ],
            "keepers": null,
            "result": [
              "SHARMA"
            ],
            "result_count": null,
            "seed": null
          },
          "sensitive_attributes": [],
          "private": "bnVsbA=="
        },
        {
          "index_key": 12,
          "schema_version": 0,
          "attributes": {
            "id": "-",
            "input": [
              "SHARMA"
            ],
            "keepers": null,
            "result": [
              "SHARMA"
            ],
            "result_count": null,
            "seed": null
          },
          "sensitive_attributes": [],
          "private": "bnVsbA=="
        },
        {
          "index_key": 13,
          "schema_version": 0,
          "attributes": {
            "id": "-",
            "input": [
              "SHARMA"
            ],
            "keepers": null,
            "result": [
              "SHARMA"
            ],
            "result_count": null,
            "seed": null
          },
          "sensitive_attributes": [],
          "private": "bnVsbA=="
        },
        {
          "index_key": 14,
          "schema_version": 0,
          "attributes": {
            "id": "-",
            "input": [
              "SHARMA"
            ],
            "keepers": null,
            "result": [
              "SHARMA"
            ],
            "result_count": null,
            "seed": null
          },
          "sensitive_attributes": [],
          "private": "bnVsbA=="
        },
        {
          "index_key": 15,
          "schema_version": 0,
          "attributes": {
            "id": "-",
            "input": [
              "SHARMA"
            ],
            "keepers": null,
            "result": [
              "SHARMA"
            ],
            "result_count": null,
            "seed": null
          },
          "sensitive_attributes": [],
          "private": "bnVsbA=="
        },
        {
          "index_key": 16,
          "schema_version": 0,
          "attributes": {
            "id": "-",
            "input": [
              "SHARMA"
            ],
            "keepers": null,
            "result": [
              "SHARMA"
            ],
            "result_count": null,
            "seed": null
          },
          "sensitive_attributes": [],
          "private": "bnVsbA=="
        },
        {
          "index_key": 17,
          "schema_version": 0,
          "attributes": {
            "id": "-",
            "input": [
              "SHARMA"
            ],
            "keepers": null,
            "result": [
              "SHARMA"
            ],
            "result_count": null,
            "seed": null
          },
          "sensitive_attributes": [],
          "private": "bnVsbA=="
        },
        {
          "index_key": 18,
          "schema_version": 0,
          "attributes": {
            "id": "-",
            "input": [
              "SHARMA"
            ],
            "keepers": null,
            "result": [
              "SHARMA"
            ],
            "result_count": null,
            "seed": null
          },
          "sensitive_attributes": [],
          "private": "bnVsbA=="
        },
        {
          "index_key": 19,
          "schema_version": 0,
          "attributes": {
            "id": "-",
            "input": [
              "SHARMA"
            ],
            "keepers": null,
            "result": [
              "SHARMA"
            ],
            "result_count": null,
            "seed": null
          },
          "sensitive_attributes": [],
          "private": "bnVsbA=="
        },
        {
          "index_key": 20,
          "schema_version": 0,
          "attributes": {
            "id": "-",
            "input": [
              "SHARMA"
            ],
            "keepers": null,
            "result": [
              "SHARMA"
            ],
            "result_count": null,
            "seed": null
          },
          "sensitive_attributes": [],
          "private": "bnVsbA=="
        },
        {
          "index_key": 21,
          "schema_version": 0,
          "attributes": {
            "id": "-",
            "input": [
              "SHARMA"
            ],
            "keepers": null,
            "result": [
              "SHARMA"
            ],
            "result_count": null,
            "seed": null
          },
          "sensitive_attributes": [],
          "private": "bnVsbA=="
        },
        {
          "index_key": 22,
          "schema_version": 0,
          "attributes": {
            "id": "-",
            "input": [
              "SHARMA"
            ],
            "keepers": null,
            "result": [
              "SHARMA"
            ],
            "result_count": null,
            "seed": null
          },
          "sensitive_attributes": [],
          "private": "bnVsbA=="
        },
        {
          "index_key": 23,
          "schema_version": 0,
          "attributes": {
            "id": "-",
            "input": [
              "SHARMA"
            ],
            "keepers": null,
            "result": [
              "SHARMA"
            ],
            "result_count": null,
            "seed": null
          },
          "sensitive_attributes": [],
          "private": "bnVsbA=="
        },
        {
          "index_key": 24,
          "schema_version": 0,
          "attributes": {
            "id": "-",
            "input": [
              "SHARMA"
            ],
            "keepers": null,
            "result": [
              "SHARMA"
            ],
            "result_count": null,
            "seed": null
          },
          "sensitive_attributes": [],
          "private": "bnVsbA=="
        },
        {
          "index_key": 25,
          "schema_version": 0,
          "attributes": {
            "id": "-",
            "input": [
              "SHARMA"
            ],
            "keepers": null,
            "result": [
              "SHARMA"
            ],
            "result_count": null,
            "seed": null
          },
          "sensitive_attributes": [],
          "private": "bnVsbA=="
        },
        {
          "index_key": 26,
          "schema_version": 0,
          "attributes": {
            "id": "-",
            "input": [
              "SHARMA"
            ],
            "keepers": null,
            "result": [
              "SHARMA"
            ],
            "result_count": null,
            "seed": null
          },
          "sensitive_attributes": [],
          "private": "bnVsbA=="
        },
        {
          "index_key": 27,
          "schema_version": 0,
          "attributes": {
            "id": "-",
            "input": [
              "SHARMA"
            ],
            "keepers": null,
            "result": [
              "SHARMA"
            ],
            "result_count": null,
            "seed": null
          },
          "sensitive_attributes": [],
          "private": "bnVsbA=="
        },
        {
          "index_key": 28,
          "schema_version": 0,
          "attributes": {
            "id": "-",
            "input": [
              "SHARMA"
            ],
            "keepers": null,
            "result": [
              "SHARMA"
            ],
            "result_count": null,
            "seed": null
          },
          "sensitive_attributes": [],
          "private": "bnVsbA=="
        },
        {
          "index_key": 29,
          "schema_version": 0,
          "attributes": {
            "id": "-",
            "input": [
              "SHARMA"
            ],
            "keepers": null,
            "result": [
              "SHARMA"
            ],
            "result_count": null,
            "seed": null
          },
          "sensitive_attributes": [],
          "private": "bnVsbA=="
        },
        {
          "index_key": 30,
          "schema_version": 0,
          "attributes": {
            "id": "-",
            "input": [
              "SHARMA"
            ],
            "keepers": null,
            "result": [
              "SHARMA"
            ],
            "result_count": null,
            "seed": null
          },
          "sensitive_attributes": [],
          "private": "bnVsbA=="
        },
        {
          "index_key": 31,
          "schema_version": 0,
          "attributes": {
            "id": "-",
            "input": [
              "SHARMA"
            ],
            "keepers": null,
            "result": [
              "SHARMA"
            ],
            "result_count": null,
            "seed": null
          },
          "sensitive_attributes": [],
          "private": "bnVsbA=="
        },
        {
          "index_key": 32,
          "schema_version": 0,
          "attributes": {
            "id": "-",
            "input": [
              "SHARMA"
            ],
            "keepers": null,
            "result": [
              "SHARMA"
            ],
            "result_count": null,
            "seed": null
          },
          "sensitive_attributes": [],
          "private": "bnVsbA=="
        },
        {
          "index_key": 33,
          "schema_version": 0,
          "attributes": {
            "id": "-",
            "input": [
              "SHARMA"
            ],
            "keepers": null,
            "result": [
              "SHARMA"
            ],
            "result_count": null,
            "seed": null
          },
          "sensitive_attributes": [],
          "private": "bnVsbA=="
        },
        {
          "index_key": 34,
          "schema_version": 0,
          "attributes": {
            "id": "-",
            "input": [
              "SHARMA"
            ],
            "keepers": null,
            "result": [
              "SHARMA"
            ],
            "result_count": null,
            "seed": null
          },
          "sensitive_attributes": [],
          "private": "bnVsbA=="
        },
        {
          "index_key": 35,
          "schema_version": 0,
          "attributes": {
            "id": "-",
            "input": [
              "SHARMA"
            ],
            "keepers": null,
            "result": [
              "SHARMA"
            ],
            "result_count": null,
            "seed": null
          },
          "sensitive_attributes": [],
          "private": "bnVsbA=="
        },
        {
          "index_key": 36,
          "schema_version": 0,
          "attributes": {
            "id": "-",
            "input": [
              "SHARMA"
            ],
            "keepers": null,
            "result": [
              "SHARMA"
            ],
            "result_count": null,
            "seed": null
          },
          "sensitive_attributes": [],
          "private": "bnVsbA=="
        },
        {
          "index_key": 37,
          "schema_version": 0,
          "attributes": {
            "id": "-",
            "input": [
              "SHARMA"
            ],
            "keepers": null,
            "result": [
              "SHARMA"
            ],
            "result_count": null,
            "seed": null
          },
          "sensitive_attributes": [],
          "private": "bnVsbA=="
        },
        {
          "index_key": 38,
          "schema_version": 0,
          "attributes": {
            "id": "-",
            "input": [
              "SHARMA"
            ],
            "keepers": null,
            "result": [
              "SHARMA"
            ],
            "result_count": null,
            "seed": null
          },
          "sensitive_attributes": [],
          "private": "bnVsbA=="
        },
        {
          "index_key": 39,
          "schema_version": 0,
          "attributes": {
            "id": "-",
            "input": [
              "SHARMA"
            ],
            "keepers": null,
            "result": [
              "SHARMA"
            ],
            "result_count": null,
            "seed": null
          },
          "sensitive_attributes": [],
          "private": "bnVsbA=="
        },
        {
          "index_key": 40,
          "schema_version": 0,
          "attributes": {
            "id": "-",
            "input": [
              "SHARMA"
            ],
            "keepers": null,
            "result": [
              "SHARMA"
            ],
            "result_count": null,
            "seed": null
          },
          "sensitive_attributes": [],
          "private": "bnVsbA=="
        },
        {
          "index_key": 41,
          "schema_version": 0,
          "attributes": {
            "id": "-",
            "input": [
              "SHARMA"
            ],
            "keepers": null,
            "result": [
              "SHARMA"
            ],
            "result_count": null,
            "seed": null
          },
          "sensitive_attributes": [],
          "private": "bnVsbA=="
        },
        {
          "index_key": 42,
          "schema_version": 0,
          "attributes": {
            "id": "-",
            "input": [
              "SHARMA"
            ],
            "keepers": null,
            "result": [
              "SHARMA"
            ],
            "result_count": null,
            "seed": null
          },
          "sensitive_attributes": [],
          "private": "bnVsbA=="
        },
        {
          "index_key": 43,
          "schema_version": 0,
          "attributes": {
            "id": "-",
            "input": [
              "SHARMA"
            ],
            "keepers": null,
            "result": [
              "SHARMA"
            ],
            "result_count": null,
            "seed": null
          },
          "sensitive_attributes": [],
          "private": "bnVsbA=="
        },
        {
          "index_key": 44,
          "schema_version": 0,
          "attributes": {
            "id": "-",
            "input": [
              "SHARMA"
            ],
            "keepers": null,
            "result": [
              "SHARMA"
            ],
            "result_count": null,
            "seed": null
          },
          "sensitive_attributes": [],
          "private": "bnVsbA=="
        },
        {
          "index_key": 45,
          "schema_version": 0,
          "attributes": {
            "id": "-",
            "input": [
              "SHARMA"
            ],
            "keepers": null,
            "result": [
              "SHARMA"
            ],
            "result_count": null,
            "seed": null
          },
          "sensitive_attributes": [],
          "private": "bnVsbA=="
        },
        {
          "index_key": 46,
          "schema_version": 0,
          "attributes": {
            "id": "-",
            "input": [
              "SHARMA"
            ],
            "keepers": null,
            "result": [
              "SHARMA"
            ],
            "result_count": null,
            "seed": null
          },
          "sensitive_attributes": [],
          "private": "bnVsbA=="
        },
        {
          "index_key": 47,
          "schema_version": 0,
          "attributes": {
            "id": "-",
            "input": [
              "SHARMA"
            ],
            "keepers": null,
            "result": [
              "SHARMA"
            ],
            "result_count": null,
            "seed": null
          },
          "sensitive_attributes": [],
          "private": "bnVsbA=="
        },
        {
          "index_key": 48,
          "schema_version": 0,
          "attributes": {
            "id": "-",
            "input": [
              "SHARMA"
            ],
            "keepers": null,
            "result": [
              "SHARMA"
            ],
            "result_count": null,
            "seed": null
          },
          "sensitive_attributes": [],
          "private": "bnVsbA=="
        },
        {
          "index_key": 49,
          "schema_version": 0,
          "attributes": {
            "id": "-",
            "input": [
              "SHARMA"
            ],
            "keepers": null,
            "result": [
              "SHARMA"
            ],
            "result_count": null,
            "seed": null
          },
          "sensitive_attributes": [],
          "private": "bnVsbA=="
        },
        {
          "index_key": 50,
          "schema_version": 0,
          "attributes": {
            "id": "-",
            "input": [
              "SHARMA"
            ],
            "keepers": null,
            "result": [
              "SHARMA"
            ],
            "result_count": null,
            "seed": null
          },
          "sensitive_attributes": [],
          "private": "bnVsbA=="
        },
        {
          "index_key": 51,
          "schema_version": 0,
          "attributes": {
            "id": "-",
            "input": [
              "SHARMA"
            ],
            "keepers": null,
            "result": [
              "SHARMA"
            ],
            "result_count": null,
            "seed": null
          },
          "sensitive_attributes": [],
          "private": "bnVsbA=="
        },
        {
          "index_key": 52,
          "schema_version": 0,
          "attributes": {
            "id": "-",
            "input": [
              "SHARMA"
            ],
            "keepers": null,
            "result": [
              "SHARMA"
            ],
            "result_count": null,
            "seed": null
          },
          "sensitive_attributes": [],
          "private": "bnVsbA=="
        },
        {
          "index_key": 53,
          "schema_version": 0,
          "attributes": {
            "id": "-",
            "input": [
              "SHARMA"
            ],
            "keepers": null,
            "result": [
              "SHARMA"
            ],
            "result_count": null,
            "seed": null
          },
          "sensitive_attributes": [],
          "private": "bnVsbA=="
        },
        {
          "index_key": 54,
          "schema_version": 0,
          "attributes": {
            "id": "-",
            "input": [
              "SHARMA"
            ],
            "keepers": null,
            "result": [
              "SHARMA"
            ],
            "result_count": null,
            "seed": null
          },
          "sensitive_attributes": [],
          "private": "bnVsbA=="
        },
        {
          "index_key": 55,
          "schema_version": 0,
          "attributes": {
            "id": "-",
            "input": [
              "SHARMA"
            ],
            "keepers": null,
            "result": [
              "SHARMA"
            ],
            "result_count": null,
            "seed": null
          },
          "sensitive_attributes": [],
          "private": "bnVsbA=="
        },
        {
          "index_key": 56,
          "schema_version": 0,
          "attributes": {
            "id": "-",
            "input": [
              "SHARMA"
            ],
            "keepers": null,
            "result": [
              "SHARMA"
            ],
            "result_count": null,
            "seed": null
          },
          "sensitive_attributes": [],
          "private": "bnVsbA=="
        },
        {
          "index_key": 57,
          "schema_version": 0,
          "attributes": {
            "id": "-",
            "input": [
              "SHARMA"
            ],
            "keepers": null,
            "result": [
              "SHARMA"
            ],
            "result_count": null,
            "seed": null
          },
          "sensitive_attributes": [],
          "private": "bnVsbA=="
        },
        {
          "index_key": 58,
          "schema_version": 0,
          "attributes": {
            "id": "-",
            "input": [
              "SHARMA"
            ],
            "keepers": null,
            "result": [
              "SHARMA"
            ],
            "result_count": null,
            "seed": null
          },
          "sensitive_attributes": [],
          "private": "bnVsbA=="
        },
        {
          "index_key": 59,
          "schema_version": 0,
          "attributes": {
            "id": "-",
            "input": [
              "SHARMA"
            ],
            "keepers": null,
            "result": [
              "SHARMA"
            ],
            "result_count": null,
            "seed": null
          },
          "sensitive_attributes": [],
          "private": "bnVsbA=="
        },
        {
          "index_key": 60,
          "schema_version": 0,
          "attributes": {
            "id": "-",
            "input": [
              "SHARMA"
            ],
            "keepers": null,
            "result": [
              "SHARMA"
            ],
            "result_count": null,
            "seed": null
          },
          "sensitive_attributes": [],
          "private": "bnVsbA=="
        },
        {
          "index_key": 61,
          "schema_version": 0,
          "attributes": {
            "id": "-",
            "input": [
              "SHARMA"
            ],
            "keepers": null,
            "result": [
              "SHARMA"
            ],
            "result_count": null,
            "seed": null
          },
          "sensitive_attributes": [],
          "private": "bnVsbA=="
        },
        {
          "index_key": 62,
          "schema_version": 0,
          "attributes": {
            "id": "-",
            "input": [
              "SHARMA"
            ],
            "keepers": null,
            "result": [
              "SHARMA"
            ],
            "result_count": null,
            "seed": null
          },
          "sensitive_attributes": [],
          "private": "bnVsbA=="
        },
        {
          "index_key": 63,
          "schema_version": 0,
          "attributes": {
            "id": "-",
            "input": [
              "SHARMA"
            ],
            "keepers": null,
            "result": [
              "SHARMA"
            ],
            "result_count": null,
            "seed": null
          },
          "sensitive_attributes": [],
          "private": "bnVsbA=="
        },
        {
          "index_key": 64,
          "schema_version": 0,
          "attributes": {
            "id": "-",
            "input": [
              "SHARMA"
            ],
            "keepers": null,
            "result": [
              "SHARMA"
            ],
            "result_count": null,
            "seed": null
          },
          "sensitive_attributes": [],
          "private": "bnVsbA=="
        },
        {
          "index_key": 65,
          "schema_version": 0,
          "attributes": {
            "id": "-",
            "input": [
              "SHARMA"
            ],
            "keepers": null,
            "result": [
              "SHARMA"
            ],
            "result_count": null,
            "seed": null
          },
          "sensitive_attributes": [],
          "private": "bnVsbA=="
        },
        {
          "index_key": 66,
          "schema_version": 0,
          "attributes": {
            "id": "-",
            "input": [
              "SHARMA"
            ],
            "keepers": null,
            "result": [
              "SHARMA"
            ],
            "result_count": null,
            "seed": null
          },
          "sensitive_attributes": [],
          "private": "bnVsbA=="
        },
        {
          "index_key": 67,
          "schema_version": 0,
          "attributes": {
            "id": "-",
            "input": [
              "SHARMA"
            ],
            "keepers": null,
            "result": [
              "SHARMA"
            ],
            "result_count": null,
            "seed": null
          },
          "sensitive_attributes": [],
          "private": "bnVsbA=="
        },
        {
          "index_key": 68,
          "schema_version": 0,
          "attributes": {
            "id": "-",
            "input": [
              "SHARMA"
            ],
            "keepers": null,
            "result": [
              "SHARMA"
            ],
            "result_count": null,
            "seed": null
          },
          "sensitive_attributes": [],
          "private": "bnVsbA=="
        },
        {
          "index_key": 69,
          "schema_version": 0,
          "attributes": {
            "id": "-",
            "input": [
              "SHARMA"
            ],
            "keepers": null,
            "result": [
              "SHARMA"
            ],
            "result_count": null,
            "seed": null
          },
          "sensitive_attributes": [],
          "private": "bnVsbA=="
        },
        {
          "index_key": 70,
          "schema_version": 0,
          "attributes": {
            "id": "-",
            "input": [
              "SHARMA"
            ],
            "keepers": null,
            "result": [
              "SHARMA"
            ],
            "result_count": null,
            "seed": null
          },
          "sensitive_attributes": [],
          "private": "bnVsbA=="
        },
        {
          "index_key": 71,
          "schema_version": 0,
          "attributes": {
            "id": "-",
            "input": [
              "SHARMA"
            ],
            "keepers": null,
            "result": [
              "SHARMA"
            ],
            "result_count": null,
            "seed": null
          },
          "sensitive_attributes": [],
          "private": "bnVsbA=="
        },
        {
          "index_key": 72,
          "schema_version": 0,
          "attributes": {
            "id": "-",
            "input": [
              "SHARMA"
            ],
            "keepers": null,
            "result": [
              "SHARMA"
            ],
            "result_count": null,
            "seed": null
          },
          "sensitive_attributes": [],
          "private": "bnVsbA=="
        },
        {
          "index_key": 73,
          "schema_version": 0,
          "attributes": {
            "id": "-",
            "input": [
              "SHARMA"
            ],
            "keepers": null,
            "result": [
              "SHARMA"
            ],
            "result_count": null,
            "seed": null
          },
          "sensitive_attributes": [],
          "private": "bnVsbA=="
        },
        {
          "index_key": 74,
          "schema_version": 0,
          "attributes": {
            "id": "-",
            "input": [
              "SHARMA"
            ],
            "keepers": null,
            "result": [
              "SHARMA"
            ],
            "result_count": null,
            "seed": null
          },
          "sensitive_attributes": [],
          "private": "bnVsbA=="
        },
        {
          "index_key": 75,
          "schema_version": 0,
          "attributes": {
            "id": "-",
            "input": [
              "SHARMA"
            ],
            "keepers": null,
            "result": [
              "SHARMA"
            ],
            "result_count": null,
            "seed": null
          },
          "sensitive_attributes": [],
          "private": "bnVsbA=="
        },
        {
          "index_key": 76,
          "schema_version": 0,
          "attributes": {
            "id": "-",
            "input": [
              "SHARMA"
            ],
            "keepers": null,
            "result": [
              "SHARMA"
            ],
            "result_count": null,
            "seed": null
          },
          "sensitive_attributes": [],
          "private": "bnVsbA=="
        },
        {
          "index_key": 77,
          "schema_version": 0,
          "attributes": {
            "id": "-",
            "input": [
              "SHARMA"
            ],
            "keepers": null,
            "result": [
              "SHARMA"
            ],
            "result_count": null,
            "seed": null
          },
          "sensitive_attributes": [],
          "private": "bnVsbA=="
        },
        {
          "index_key": 78,
          "schema_version": 0,
          "attributes": {
            "id": "-",
            "input": [
              "SHARMA"
            ],
            "keepers": null,
            "result": [
              "SHARMA"
            ],
            "result_count": null,
            "seed": null
          },
          "sensitive_attributes": [],
          "private": "bnVsbA=="
        },
        {
          "index_key": 79,
          "schema_version": 0,
          "attributes": {
            "id": "-",
            "input": [
              "SHARMA"
            ],
            "keepers": null,
            "result": [
              "SHARMA"
            ],
            "result_count": null,
            "seed": null
          },
          "sensitive_attributes": [],
          "private": "bnVsbA=="
        },
        {
          "index_key": 80,
          "schema_version": 0,
          "attributes": {
            "id": "-",
            "input": [
              "SHARMA"
            ],
            "keepers": null,
            "result": [
              "SHARMA"
            ],
            "result_count": null,
            "seed": null
          },
          "sensitive_attributes": [],
          "private": "bnVsbA=="
        },
        {
          "index_key": 81,
          "schema_version": 0,
          "attributes": {
            "id": "-",
            "input": [
              "SHARMA"
            ],
            "keepers": null,
            "result": [
              "SHARMA"
            ],
            "result_count": null,
            "seed": null
          },
          "sensitive_attributes": [],
          "private": "bnVsbA=="
        },
        {
          "index_key": 82,
          "schema_version": 0,
          "attributes": {
            "id": "-",
            "input": [
              "SHARMA"
            ],
            "keepers": null,
            "result": [
              "SHARMA"
            ],
            "result_count": null,
            "seed": null
          },
          "sensitive_attributes": [],
          "private": "bnVsbA=="
        },
        {
          "index_key": 83,
          "schema_version": 0,
          "attributes": {
            "id": "-",
            "input": [
              "SHARMA"
            ],
            "keepers": null,
            "result": [
              "SHARMA"
            ],
            "result_count": null,
            "seed": null
          },
          "sensitive_attributes": [],
          "private": "bnVsbA=="
        },
        {
          "index_key": 84,
          "schema_version": 0,
          "attributes": {
            "id": "-",
            "input": [
              "SHARMA"
            ],
            "keepers": null,
            "result": [
              "SHARMA"
            ],
            "result_count": null,
            "seed": null
          },
          "sensitive_attributes": [],
          "private": "bnVsbA=="
        },
        {
          "index_key": 85,
          "schema_version": 0,
          "attributes": {
            "id": "-",
            "input": [
              "SHARMA"
            ],
            "keepers": null,
            "result": [
              "SHARMA"
            ],
            "result_count": null,
            "seed": null
          },
          "sensitive_attributes": [],
          "private": "bnVsbA=="
        },
        {
          "index_key": 86,
          "schema_version": 0,
          "attributes": {
            "id": "-",
            "input": [
              "SHARMA"
            ],
            "keepers": null,
            "result": [
              "SHARMA"
            ],
            "result_count": null,
            "seed": null
          },
          "sensitive_attributes": [],
          "private": "bnVsbA=="
        },
        {
          "index_key": 87,
          "schema_version": 0,
          "attributes": {
            "id": "-",
            "input": [
              "SHARMA"
            ],
            "keepers": null,
            "result": [
              "SHARMA"
            ],
            "result_count": null,
            "seed": null
          },
          "sensitive_attributes": [],
          "private": "bnVsbA=="
        },
        {
          "index_key": 88,
          "schema_version": 0,
          "attributes": {
            "id": "-",
            "input": [
              "SHARMA"
            ],
            "keepers": null,
            "result": [
              "SHARMA"
            ],
            "result_count": null,
            "seed": null
          },
          "sensitive_attributes": [],
          "private": "bnVsbA=="
        },
        {
          "index_key": 89,
          "schema_version": 0,
          "attributes": {
            "id": "-",
            "input": [
              "SHARMA"
            ],
            "keepers": null,
            "result": [
              "SHARMA"
            ],
            "result_count": null,
            "seed": null
          },
          "sensitive_attributes": [],
          "private": "bnVsbA=="
        },
        {
          "index_key": 90,
          "schema_version": 0,
          "attributes": {
            "id": "-",
            "input": [
              "SHARMA"
            ],
            "keepers": null,
            "result": [
              "SHARMA"
            ],
            "result_count": null,
            "seed": null
          },
          "sensitive_attributes": [],
          "private": "bnVsbA=="
        },
        {
          "index_key": 91,
          "schema_version": 0,
          "attributes": {
            "id": "-",
            "input": [
              "SHARMA"
            ],
            "keepers": null,
            "result": [
              "SHARMA"
            ],
            "result_count": null,
            "seed": null
          },
          "sensitive_attributes": [],
          "private": "bnVsbA=="
        },
        {
          "index_key": 92,
          "schema_version": 0,
          "attributes": {
            "id": "-",
            "input": [
              "SHARMA"
            ],
            "keepers": null,
            "result": [
              "SHARMA"
            ],
            "result_count": null,
            "seed": null
          },
          "sensitive_attributes": [],
          "private": "bnVsbA=="
        },
        {
          "index_key": 93,
          "schema_version": 0,
          "attributes": {
            "id": "-",
            "input": [
              "SHARMA"
            ],
            "keepers": null,
            "result": [
              "SHARMA"
            ],
            "result_count": null,
            "seed": null
          },
          "sensitive_attributes": [],
          "private": "bnVsbA=="
        },
        {
          "index_key": 94,
          "schema_version": 0,
          "attributes": {
            "id": "-",
            "input": [
              "SHARMA"
            ],
            "keepers": null,
            "result": [
              "SHARMA"
            ],
            "result_count": null,
            "seed": null
          },
          "sensitive_attributes": [],
          "private": "bnVsbA=="
        },
        {
          "index_key": 95,
          "schema_version": 0,
          "attributes": {
            "id": "-",
            "input": [
              "SHARMA"
            ],
            "keepers": null,
            "result": [
              "SHARMA"
            ],
            "result_count": null,
            "seed": null
          },
          "sensitive_attributes": [],
          "private": "bnVsbA=="
        },
        {
          "index_key": 96,
          "schema_version": 0,
          "attributes": {
            "id": "-",
            "input": [
              "SHARMA"
            ],
            "keepers": null,
            "result": [
              "SHARMA"
            ],
            "result_count": null,
            "seed": null
          },
          "sensitive_attributes": [],
          "private": "bnVsbA=="
        },
        {
          "index_key": 97,
          "schema_version": 0,
          "attributes": {
            "id": "-",
            "input": [
              "SHARMA"
            ],
            "keepers": null,
            "result": [
              "SHARMA"
            ],
            "result_count": null,
            "seed": null
          },
          "sensitive_attributes": [],
          "private": "bnVsbA=="
        },
        {
          "index_key": 98,
          "schema_version": 0,
          "attributes": {
            "id": "-",
            "input": [
              "SHARMA"
            ],
            "keepers": null,
            "result": [
              "SHARMA"
            ],
            "result_count": null,
            "seed": null
          },
          "sensitive_attributes": [],
          "private": "bnVsbA=="
        },
        {
          "index_key": 99,
          "schema_version": 0,
          "attributes": {
            "id": "-",
            "input": [
              "SHARMA"
            ],
            "keepers": null,
            "result": [
              "SHARMA"
            ],
            "result_count": null,
            "seed": null
          },
          "sensitive_attributes": [],
          "private": "bnVsbA=="
        }
      ]
    },
    {
      "mode": "managed",
      "type": "random_shuffle",
      "name": "random_nouns",
      "provider": "provider[\"registry.terraform.io/hashicorp/random\"]",
      "instances": [
        {
          "index_key": 0,
          "schema_version": 0,
          "attributes": {
            "id": "-",
            "input": [
              "RAJU1",
              "RAJU2",
              "RAJU3",
              "RAJU4",
              "RAJU5",
              "RAJU6",
              "RAJU7",
              "RAJU8",
              "RAJU9",
              "RAJU10"
            ],
            "keepers": null,
            "result": [
              "RAJU8",
              "RAJU10",
              "RAJU4",
              "RAJU1",
              "RAJU2",
              "RAJU5",
              "RAJU6",
              "RAJU3",
              "RAJU9",
              "RAJU7"
            ],
            "result_count": null,
            "seed": null
          },
          "sensitive_attributes": [],
          "private": "bnVsbA=="
        },
        {
          "index_key": 1,
          "schema_version": 0,
          "attributes": {
            "id": "-",
            "input": [
              "RAJU1",
              "RAJU2",
              "RAJU3",
              "RAJU4",
              "RAJU5",
              "RAJU6",
              "RAJU7",
              "RAJU8",
              "RAJU9",
              "RAJU10"
            ],
            "keepers": null,
            "result": [
              "RAJU2",
              "RAJU10",
              "RAJU7",
              "RAJU9",
              "RAJU5",
              "RAJU1",
              "RAJU8",
              "RAJU3",
              "RAJU4",
              "RAJU6"
            ],
            "result_count": null,
            "seed": null
          },
          "sensitive_attributes": [],
          "private": "bnVsbA=="
        },
        {
          "index_key": 2,
          "schema_version": 0,
          "attributes": {
            "id": "-",
            "input": [
              "RAJU1",
              "RAJU2",
              "RAJU3",
              "RAJU4",
              "RAJU5",
              "RAJU6",
              "RAJU7",
              "RAJU8",
              "RAJU9",
              "RAJU10"
            ],
            "keepers": null,
            "result": [
              "RAJU9",
              "RAJU4",
              "RAJU6",
              "RAJU8",
              "RAJU1",
              "RAJU3",
              "RAJU10",
              "RAJU5",
              "RAJU7",
              "RAJU2"
            ],
            "result_count": null,
            "seed": null
          },
          "sensitive_attributes": [],
          "private": "bnVsbA=="
        },
        {
          "index_key": 3,
          "schema_version": 0,
          "attributes": {
            "id": "-",
            "input": [
              "RAJU1",
              "RAJU2",
              "RAJU3",
              "RAJU4",
              "RAJU5",
              "RAJU6",
              "RAJU7",
              "RAJU8",
              "RAJU9",
              "RAJU10"
            ],
            "keepers": null,
            "result": [
              "RAJU4",
              "RAJU6",
              "RAJU8",
              "RAJU7",
              "RAJU1",
              "RAJU5",
              "RAJU3",
              "RAJU9",
              "RAJU10",
              "RAJU2"
            ],
            "result_count": null,
            "seed": null
          },
          "sensitive_attributes": [],
          "private": "bnVsbA=="
        },
        {
          "index_key": 4,
          "schema_version": 0,
          "attributes": {
            "id": "-",
            "input": [
              "RAJU1",
              "RAJU2",
              "RAJU3",
              "RAJU4",
              "RAJU5",
              "RAJU6",
              "RAJU7",
              "RAJU8",
              "RAJU9",
              "RAJU10"
            ],
            "keepers": null,
            "result": [
              "RAJU7",
              "RAJU4",
              "RAJU9",
              "RAJU5",
              "RAJU3",
              "RAJU8",
              "RAJU6",
              "RAJU2",
              "RAJU1",
              "RAJU10"
            ],
            "result_count": null,
            "seed": null
          },
          "sensitive_attributes": [],
          "private": "bnVsbA=="
        },
        {
          "index_key": 5,
          "schema_version": 0,
          "attributes": {
            "id": "-",
            "input": [
              "RAJU1",
              "RAJU2",
              "RAJU3",
              "RAJU4",
              "RAJU5",
              "RAJU6",
              "RAJU7",
              "RAJU8",
              "RAJU9",
              "RAJU10"
            ],
            "keepers": null,
            "result": [
              "RAJU9",
              "RAJU3",
              "RAJU7",
              "RAJU10",
              "RAJU8",
              "RAJU2",
              "RAJU1",
              "RAJU4",
              "RAJU5",
              "RAJU6"
            ],
            "result_count": null,
            "seed": null
          },
          "sensitive_attributes": [],
          "private": "bnVsbA=="
        },
        {
          "index_key": 6,
          "schema_version": 0,
          "attributes": {
            "id": "-",
            "input": [
              "RAJU1",
              "RAJU2",
              "RAJU3",
              "RAJU4",
              "RAJU5",
              "RAJU6",
              "RAJU7",
              "RAJU8",
              "RAJU9",
              "RAJU10"
            ],
            "keepers": null,
            "result": [
              "RAJU10",
              "RAJU6",
              "RAJU7",
              "RAJU5",
              "RAJU9",
              "RAJU3",
              "RAJU1",
              "RAJU2",
              "RAJU8",
              "RAJU4"
            ],
            "result_count": null,
            "seed": null
          },
          "sensitive_attributes": [],
          "private": "bnVsbA=="
        },
        {
          "index_key": 7,
          "schema_version": 0,
          "attributes": {
            "id": "-",
            "input": [
              "RAJU1",
              "RAJU2",
              "RAJU3",
              "RAJU4",
              "RAJU5",
              "RAJU6",
              "RAJU7",
              "RAJU8",
              "RAJU9",
              "RAJU10"
            ],
            "keepers": null,
            "result": [
              "RAJU3",
              "RAJU4",
              "RAJU7",
              "RAJU5",
              "RAJU8",
              "RAJU6",
              "RAJU1",
              "RAJU9",
              "RAJU2",
              "RAJU10"
            ],
            "result_count": null,
            "seed": null
          },
          "sensitive_attributes": [],
          "private": "bnVsbA=="
        },
        {
          "index_key": 8,
          "schema_version": 0,
          "attributes": {
            "id": "-",
            "input": [
              "RAJU1",
              "RAJU2",
              "RAJU3",
              "RAJU4",
              "RAJU5",
              "RAJU6",
              "RAJU7",
              "RAJU8",
              "RAJU9",
              "RAJU10"
            ],
            "keepers": null,
            "result": [
              "RAJU6",
              "RAJU7",
              "RAJU9",
              "RAJU8",
              "RAJU3",
              "RAJU2",
              "RAJU4",
              "RAJU5",
              "RAJU10",
              "RAJU1"
            ],
            "result_count": null,
            "seed": null
          },
          "sensitive_attributes": [],
          "private": "bnVsbA=="
        },
        {
          "index_key": 9,
          "schema_version": 0,
          "attributes": {
            "id": "-",
            "input": [
              "RAJU1",
              "RAJU2",
              "RAJU3",
              "RAJU4",
              "RAJU5",
              "RAJU6",
              "RAJU7",
              "RAJU8",
              "RAJU9",
              "RAJU10"
            ],
            "keepers": null,
            "result": [
              "RAJU2",
              "RAJU4",
              "RAJU3",
              "RAJU5",
              "RAJU8",
              "RAJU1",
              "RAJU10",
              "RAJU7",
              "RAJU6",
              "RAJU9"
            ],
            "result_count": null,
            "seed": null
          },
          "sensitive_attributes": [],
          "private": "bnVsbA=="
        },
        {
          "index_key": 10,
          "schema_version": 0,
          "attributes": {
            "id": "-",
            "input": [
              "RAJU1",
              "RAJU2",
              "RAJU3",
              "RAJU4",
              "RAJU5",
              "RAJU6",
              "RAJU7",
              "RAJU8",
              "RAJU9",
              "RAJU10"
            ],
            "keepers": null,
            "result": [
              "RAJU8",
              "RAJU9",
              "RAJU2",
              "RAJU3",
              "RAJU10",
              "RAJU6",
              "RAJU1",
              "RAJU4",
              "RAJU7",
              "RAJU5"
            ],
            "result_count": null,
            "seed": null
          },
          "sensitive_attributes": [],
          "private": "bnVsbA=="
        },
        {
          "index_key": 11,
          "schema_version": 0,
          "attributes": {
            "id": "-",
            "input": [
              "RAJU1",
              "RAJU2",
              "RAJU3",
              "RAJU4",
              "RAJU5",
              "RAJU6",
              "RAJU7",
              "RAJU8",
              "RAJU9",
              "RAJU10"
            ],
            "keepers": null,
            "result": [
              "RAJU2",
              "RAJU3",
              "RAJU5",
              "RAJU4",
              "RAJU10",
              "RAJU8",
              "RAJU9",
              "RAJU1",
              "RAJU6",
              "RAJU7"
            ],
            "result_count": null,
            "seed": null
          },
          "sensitive_attributes": [],
          "private": "bnVsbA=="
        },
        {
          "index_key": 12,
          "schema_version": 0,
          "attributes": {
            "id": "-",
            "input": [
              "RAJU1",
              "RAJU2",
              "RAJU3",
              "RAJU4",
              "RAJU5",
              "RAJU6",
              "RAJU7",
              "RAJU8",
              "RAJU9",
              "RAJU10"
            ],
            "keepers": null,
            "result": [
              "RAJU6",
              "RAJU10",
              "RAJU9",
              "RAJU5",
              "RAJU3",
              "RAJU2",
              "RAJU4",
              "RAJU8",
              "RAJU1",
              "RAJU7"
            ],
            "result_count": null,
            "seed": null
          },
          "sensitive_attributes": [],
          "private": "bnVsbA=="
        },
        {
          "index_key": 13,
          "schema_version": 0,
          "attributes": {
            "id": "-",
            "input": [
              "RAJU1",
              "RAJU2",
              "RAJU3",
              "RAJU4",
              "RAJU5",
              "RAJU6",
              "RAJU7",
              "RAJU8",
              "RAJU9",
              "RAJU10"
            ],
            "keepers": null,
            "result": [
              "RAJU5",
              "RAJU2",
              "RAJU6",
              "RAJU1",
              "RAJU9",
              "RAJU8",
              "RAJU3",
              "RAJU7",
              "RAJU10",
              "RAJU4"
            ],
            "result_count": null,
            "seed": null
          },
          "sensitive_attributes": [],
          "private": "bnVsbA=="
        },
        {
          "index_key": 14,
          "schema_version": 0,
          "attributes": {
            "id": "-",
            "input": [
              "RAJU1",
              "RAJU2",
              "RAJU3",
              "RAJU4",
              "RAJU5",
              "RAJU6",
              "RAJU7",
              "RAJU8",
              "RAJU9",
              "RAJU10"
            ],
            "keepers": null,
            "result": [
              "RAJU4",
              "RAJU8",
              "RAJU7",
              "RAJU9",
              "RAJU2",
              "RAJU3",
              "RAJU10",
              "RAJU6",
              "RAJU1",
              "RAJU5"
            ],
            "result_count": null,
            "seed": null
          },
          "sensitive_attributes": [],
          "private": "bnVsbA=="
        },
        {
          "index_key": 15,
          "schema_version": 0,
          "attributes": {
            "id": "-",
            "input": [
              "RAJU1",
              "RAJU2",
              "RAJU3",
              "RAJU4",
              "RAJU5",
              "RAJU6",
              "RAJU7",
              "RAJU8",
              "RAJU9",
              "RAJU10"
            ],
            "keepers": null,
            "result": [
              "RAJU4",
              "RAJU10",
              "RAJU3",
              "RAJU6",
              "RAJU9",
              "RAJU2",
              "RAJU5",
              "RAJU8",
              "RAJU1",
              "RAJU7"
            ],
            "result_count": null,
            "seed": null
          },
          "sensitive_attributes": [],
          "private": "bnVsbA=="
        },
        {
          "index_key": 16,
          "schema_version": 0,
          "attributes": {
            "id": "-",
            "input": [
              "RAJU1",
              "RAJU2",
              "RAJU3",
              "RAJU4",
              "RAJU5",
              "RAJU6",
              "RAJU7",
              "RAJU8",
              "RAJU9",
              "RAJU10"
            ],
            "keepers": null,
            "result": [
              "RAJU2",
              "RAJU6",
              "RAJU5",
              "RAJU7",
              "RAJU1",
              "RAJU10",
              "RAJU8",
              "RAJU3",
              "RAJU4",
              "RAJU9"
            ],
            "result_count": null,
            "seed": null
          },
          "sensitive_attributes": [],
          "private": "bnVsbA=="
        },
        {
          "index_key": 17,
          "schema_version": 0,
          "attributes": {
            "id": "-",
            "input": [
              "RAJU1",
              "RAJU2",
              "RAJU3",
              "RAJU4",
              "RAJU5",
              "RAJU6",
              "RAJU7",
              "RAJU8",
              "RAJU9",
              "RAJU10"
            ],
            "keepers": null,
            "result": [
              "RAJU5",
              "RAJU4",
              "RAJU7",
              "RAJU3",
              "RAJU8",
              "RAJU9",
              "RAJU1",
              "RAJU10",
              "RAJU2",
              "RAJU6"
            ],
            "result_count": null,
            "seed": null
          },
          "sensitive_attributes": [],
          "private": "bnVsbA=="
        },
        {
          "index_key": 18,
          "schema_version": 0,
          "attributes": {
            "id": "-",
            "input": [
              "RAJU1",
              "RAJU2",
              "RAJU3",
              "RAJU4",
              "RAJU5",
              "RAJU6",
              "RAJU7",
              "RAJU8",
              "RAJU9",
              "RAJU10"
            ],
            "keepers": null,
            "result": [
              "RAJU1",
              "RAJU4",
              "RAJU2",
              "RAJU10",
              "RAJU9",
              "RAJU7",
              "RAJU6",
              "RAJU8",
              "RAJU3",
              "RAJU5"
            ],
            "result_count": null,
            "seed": null
          },
          "sensitive_attributes": [],
          "private": "bnVsbA=="
        },
        {
          "index_key": 19,
          "schema_version": 0,
          "attributes": {
            "id": "-",
            "input": [
              "RAJU1",
              "RAJU2",
              "RAJU3",
              "RAJU4",
              "RAJU5",
              "RAJU6",
              "RAJU7",
              "RAJU8",
              "RAJU9",
              "RAJU10"
            ],
            "keepers": null,
            "result": [
              "RAJU8",
              "RAJU1",
              "RAJU3",
              "RAJU6",
              "RAJU2",
              "RAJU5",
              "RAJU10",
              "RAJU4",
              "RAJU7",
              "RAJU9"
            ],
            "result_count": null,
            "seed": null
          },
          "sensitive_attributes": [],
          "private": "bnVsbA=="
        },
        {
          "index_key": 20,
          "schema_version": 0,
          "attributes": {
            "id": "-",
            "input": [
              "RAJU1",
              "RAJU2",
              "RAJU3",
              "RAJU4",
              "RAJU5",
              "RAJU6",
              "RAJU7",
              "RAJU8",
              "RAJU9",
              "RAJU10"
            ],
            "keepers": null,
            "result": [
              "RAJU7",
              "RAJU8",
              "RAJU9",
              "RAJU2",
              "RAJU3",
              "RAJU5",
              "RAJU4",
              "RAJU6",
              "RAJU10",
              "RAJU1"
            ],
            "result_count": null,
            "seed": null
          },
          "sensitive_attributes": [],
          "private": "bnVsbA=="
        },
        {
          "index_key": 21,
          "schema_version": 0,
          "attributes": {
            "id": "-",
            "input": [
              "RAJU1",
              "RAJU2",
              "RAJU3",
              "RAJU4",
              "RAJU5",
              "RAJU6",
              "RAJU7",
              "RAJU8",
              "RAJU9",
              "RAJU10"
            ],
            "keepers": null,
            "result": [
              "RAJU6",
              "RAJU10",
              "RAJU3",
              "RAJU8",
              "RAJU2",
              "RAJU9",
              "RAJU1",
              "RAJU4",
              "RAJU5",
              "RAJU7"
            ],
            "result_count": null,
            "seed": null
          },
          "sensitive_attributes": [],
          "private": "bnVsbA=="
        },
        {
          "index_key": 22,
          "schema_version": 0,
          "attributes": {
            "id": "-",
            "input": [
              "RAJU1",
              "RAJU2",
              "RAJU3",
              "RAJU4",
              "RAJU5",
              "RAJU6",
              "RAJU7",
              "RAJU8",
              "RAJU9",
              "RAJU10"
            ],
            "keepers": null,
            "result": [
              "RAJU9",
              "RAJU3",
              "RAJU1",
              "RAJU10",
              "RAJU6",
              "RAJU2",
              "RAJU5",
              "RAJU8",
              "RAJU4",
              "RAJU7"
            ],
            "result_count": null,
            "seed": null
          },
          "sensitive_attributes": [],
          "private": "bnVsbA=="
        },
        {
          "index_key": 23,
          "schema_version": 0,
          "attributes": {
            "id": "-",
            "input": [
              "RAJU1",
              "RAJU2",
              "RAJU3",
              "RAJU4",
              "RAJU5",
              "RAJU6",
              "RAJU7",
              "RAJU8",
              "RAJU9",
              "RAJU10"
            ],
            "keepers": null,
            "result": [
              "RAJU1",
              "RAJU2",
              "RAJU6",
              "RAJU4",
              "RAJU5",
              "RAJU3",
              "RAJU7",
              "RAJU10",
              "RAJU9",
              "RAJU8"
            ],
            "result_count": null,
            "seed": null
          },
          "sensitive_attributes": [],
          "private": "bnVsbA=="
        },
        {
          "index_key": 24,
          "schema_version": 0,
          "attributes": {
            "id": "-",
            "input": [
              "RAJU1",
              "RAJU2",
              "RAJU3",
              "RAJU4",
              "RAJU5",
              "RAJU6",
              "RAJU7",
              "RAJU8",
              "RAJU9",
              "RAJU10"
            ],
            "keepers": null,
            "result": [
              "RAJU2",
              "RAJU10",
              "RAJU3",
              "RAJU1",
              "RAJU4",
              "RAJU5",
              "RAJU7",
              "RAJU8",
              "RAJU6",
              "RAJU9"
            ],
            "result_count": null,
            "seed": null
          },
          "sensitive_attributes": [],
          "private": "bnVsbA=="
        },
        {
          "index_key": 25,
          "schema_version": 0,
          "attributes": {
            "id": "-",
            "input": [
              "RAJU1",
              "RAJU2",
              "RAJU3",
              "RAJU4",
              "RAJU5",
              "RAJU6",
              "RAJU7",
              "RAJU8",
              "RAJU9",
              "RAJU10"
            ],
            "keepers": null,
            "result": [
              "RAJU4",
              "RAJU1",
              "RAJU2",
              "RAJU8",
              "RAJU7",
              "RAJU9",
              "RAJU6",
              "RAJU5",
              "RAJU10",
              "RAJU3"
            ],
            "result_count": null,
            "seed": null
          },
          "sensitive_attributes": [],
          "private": "bnVsbA=="
        },
        {
          "index_key": 26,
          "schema_version": 0,
          "attributes": {
            "id": "-",
            "input": [
              "RAJU1",
              "RAJU2",
              "RAJU3",
              "RAJU4",
              "RAJU5",
              "RAJU6",
              "RAJU7",
              "RAJU8",
              "RAJU9",
              "RAJU10"
            ],
            "keepers": null,
            "result": [
              "RAJU6",
              "RAJU4",
              "RAJU3",
              "RAJU9",
              "RAJU7",
              "RAJU1",
              "RAJU8",
              "RAJU5",
              "RAJU2",
              "RAJU10"
            ],
            "result_count": null,
            "seed": null
          },
          "sensitive_attributes": [],
          "private": "bnVsbA=="
        },
        {
          "index_key": 27,
          "schema_version": 0,
          "attributes": {
            "id": "-",
            "input": [
              "RAJU1",
              "RAJU2",
              "RAJU3",
              "RAJU4",
              "RAJU5",
              "RAJU6",
              "RAJU7",
              "RAJU8",
              "RAJU9",
              "RAJU10"
            ],
            "keepers": null,
            "result": [
              "RAJU1",
              "RAJU7",
              "RAJU8",
              "RAJU4",
              "RAJU9",
              "RAJU3",
              "RAJU2",
              "RAJU6",
              "RAJU5",
              "RAJU10"
            ],
            "result_count": null,
            "seed": null
          },
          "sensitive_attributes": [],
          "private": "bnVsbA=="
        },
        {
          "index_key": 28,
          "schema_version": 0,
          "attributes": {
            "id": "-",
            "input": [
              "RAJU1",
              "RAJU2",
              "RAJU3",
              "RAJU4",
              "RAJU5",
              "RAJU6",
              "RAJU7",
              "RAJU8",
              "RAJU9",
              "RAJU10"
            ],
            "keepers": null,
            "result": [
              "RAJU8",
              "RAJU2",
              "RAJU10",
              "RAJU9",
              "RAJU3",
              "RAJU7",
              "RAJU5",
              "RAJU4",
              "RAJU1",
              "RAJU6"
            ],
            "result_count": null,
            "seed": null
          },
          "sensitive_attributes": [],
          "private": "bnVsbA=="
        },
        {
          "index_key": 29,
          "schema_version": 0,
          "attributes": {
            "id": "-",
            "input": [
              "RAJU1",
              "RAJU2",
              "RAJU3",
              "RAJU4",
              "RAJU5",
              "RAJU6",
              "RAJU7",
              "RAJU8",
              "RAJU9",
              "RAJU10"
            ],
            "keepers": null,
            "result": [
              "RAJU3",
              "RAJU7",
              "RAJU4",
              "RAJU5",
              "RAJU2",
              "RAJU1",
              "RAJU9",
              "RAJU10",
              "RAJU6",
              "RAJU8"
            ],
            "result_count": null,
            "seed": null
          },
          "sensitive_attributes": [],
          "private": "bnVsbA=="
        },
        {
          "index_key": 30,
          "schema_version": 0,
          "attributes": {
            "id": "-",
            "input": [
              "RAJU1",
              "RAJU2",
              "RAJU3",
              "RAJU4",
              "RAJU5",
              "RAJU6",
              "RAJU7",
              "RAJU8",
              "RAJU9",
              "RAJU10"
            ],
            "keepers": null,
            "result": [
              "RAJU7",
              "RAJU3",
              "RAJU1",
              "RAJU6",
              "RAJU8",
              "RAJU5",
              "RAJU9",
              "RAJU2",
              "RAJU10",
              "RAJU4"
            ],
            "result_count": null,
            "seed": null
          },
          "sensitive_attributes": [],
          "private": "bnVsbA=="
        },
        {
          "index_key": 31,
          "schema_version": 0,
          "attributes": {
            "id": "-",
            "input": [
              "RAJU1",
              "RAJU2",
              "RAJU3",
              "RAJU4",
              "RAJU5",
              "RAJU6",
              "RAJU7",
              "RAJU8",
              "RAJU9",
              "RAJU10"
            ],
            "keepers": null,
            "result": [
              "RAJU2",
              "RAJU8",
              "RAJU9",
              "RAJU5",
              "RAJU10",
              "RAJU3",
              "RAJU1",
              "RAJU4",
              "RAJU7",
              "RAJU6"
            ],
            "result_count": null,
            "seed": null
          },
          "sensitive_attributes": [],
          "private": "bnVsbA=="
        },
        {
          "index_key": 32,
          "schema_version": 0,
          "attributes": {
            "id": "-",
            "input": [
              "RAJU1",
              "RAJU2",
              "RAJU3",
              "RAJU4",
              "RAJU5",
              "RAJU6",
              "RAJU7",
              "RAJU8",
              "RAJU9",
              "RAJU10"
            ],
            "keepers": null,
            "result": [
              "RAJU8",
              "RAJU6",
              "RAJU5",
              "RAJU3",
              "RAJU10",
              "RAJU1",
              "RAJU2",
              "RAJU4",
              "RAJU9",
              "RAJU7"
            ],
            "result_count": null,
            "seed": null
          },
          "sensitive_attributes": [],
          "private": "bnVsbA=="
        },
        {
          "index_key": 33,
          "schema_version": 0,
          "attributes": {
            "id": "-",
            "input": [
              "RAJU1",
              "RAJU2",
              "RAJU3",
              "RAJU4",
              "RAJU5",
              "RAJU6",
              "RAJU7",
              "RAJU8",
              "RAJU9",
              "RAJU10"
            ],
            "keepers": null,
            "result": [
              "RAJU9",
              "RAJU2",
              "RAJU7",
              "RAJU1",
              "RAJU5",
              "RAJU6",
              "RAJU3",
              "RAJU10",
              "RAJU4",
              "RAJU8"
            ],
            "result_count": null,
            "seed": null
          },
          "sensitive_attributes": [],
          "private": "bnVsbA=="
        },
        {
          "index_key": 34,
          "schema_version": 0,
          "attributes": {
            "id": "-",
            "input": [
              "RAJU1",
              "RAJU2",
              "RAJU3",
              "RAJU4",
              "RAJU5",
              "RAJU6",
              "RAJU7",
              "RAJU8",
              "RAJU9",
              "RAJU10"
            ],
            "keepers": null,
            "result": [
              "RAJU5",
              "RAJU2",
              "RAJU1",
              "RAJU7",
              "RAJU10",
              "RAJU3",
              "RAJU4",
              "RAJU6",
              "RAJU9",
              "RAJU8"
            ],
            "result_count": null,
            "seed": null
          },
          "sensitive_attributes": [],
          "private": "bnVsbA=="
        },
        {
          "index_key": 35,
          "schema_version": 0,
          "attributes": {
            "id": "-",
            "input": [
              "RAJU1",
              "RAJU2",
              "RAJU3",
              "RAJU4",
              "RAJU5",
              "RAJU6",
              "RAJU7",
              "RAJU8",
              "RAJU9",
              "RAJU10"
            ],
            "keepers": null,
            "result": [
              "RAJU4",
              "RAJU6",
              "RAJU7",
              "RAJU3",
              "RAJU9",
              "RAJU10",
              "RAJU2",
              "RAJU8",
              "RAJU1",
              "RAJU5"
            ],
            "result_count": null,
            "seed": null
          },
          "sensitive_attributes": [],
          "private": "bnVsbA=="
        },
        {
          "index_key": 36,
          "schema_version": 0,
          "attributes": {
            "id": "-",
            "input": [
              "RAJU1",
              "RAJU2",
              "RAJU3",
              "RAJU4",
              "RAJU5",
              "RAJU6",
              "RAJU7",
              "RAJU8",
              "RAJU9",
              "RAJU10"
            ],
            "keepers": null,
            "result": [
              "RAJU10",
              "RAJU8",
              "RAJU2",
              "RAJU9",
              "RAJU5",
              "RAJU4",
              "RAJU6",
              "RAJU1",
              "RAJU3",
              "RAJU7"
            ],
            "result_count": null,
            "seed": null
          },
          "sensitive_attributes": [],
          "private": "bnVsbA=="
        },
        {
          "index_key": 37,
          "schema_version": 0,
          "attributes": {
            "id": "-",
            "input": [
              "RAJU1",
              "RAJU2",
              "RAJU3",
              "RAJU4",
              "RAJU5",
              "RAJU6",
              "RAJU7",
              "RAJU8",
              "RAJU9",
              "RAJU10"
            ],
            "keepers": null,
            "result": [
              "RAJU8",
              "RAJU1",
              "RAJU2",
              "RAJU4",
              "RAJU3",
              "RAJU10",
              "RAJU6",
              "RAJU5",
              "RAJU9",
              "RAJU7"
            ],
            "result_count": null,
            "seed": null
          },
          "sensitive_attributes": [],
          "private": "bnVsbA=="
        },
        {
          "index_key": 38,
          "schema_version": 0,
          "attributes": {
            "id": "-",
            "input": [
              "RAJU1",
              "RAJU2",
              "RAJU3",
              "RAJU4",
              "RAJU5",
              "RAJU6",
              "RAJU7",
              "RAJU8",
              "RAJU9",
              "RAJU10"
            ],
            "keepers": null,
            "result": [
              "RAJU9",
              "RAJU3",
              "RAJU6",
              "RAJU8",
              "RAJU10",
              "RAJU4",
              "RAJU7",
              "RAJU2",
              "RAJU5",
              "RAJU1"
            ],
            "result_count": null,
            "seed": null
          },
          "sensitive_attributes": [],
          "private": "bnVsbA=="
        },
        {
          "index_key": 39,
          "schema_version": 0,
          "attributes": {
            "id": "-",
            "input": [
              "RAJU1",
              "RAJU2",
              "RAJU3",
              "RAJU4",
              "RAJU5",
              "RAJU6",
              "RAJU7",
              "RAJU8",
              "RAJU9",
              "RAJU10"
            ],
            "keepers": null,
            "result": [
              "RAJU6",
              "RAJU10",
              "RAJU9",
              "RAJU5",
              "RAJU3",
              "RAJU2",
              "RAJU4",
              "RAJU8",
              "RAJU1",
              "RAJU7"
            ],
            "result_count": null,
            "seed": null
          },
          "sensitive_attributes": [],
          "private": "bnVsbA=="
        },
        {
          "index_key": 40,
          "schema_version": 0,
          "attributes": {
            "id": "-",
            "input": [
              "RAJU1",
              "RAJU2",
              "RAJU3",
              "RAJU4",
              "RAJU5",
              "RAJU6",
              "RAJU7",
              "RAJU8",
              "RAJU9",
              "RAJU10"
            ],
            "keepers": null,
            "result": [
              "RAJU2",
              "RAJU5",
              "RAJU7",
              "RAJU8",
              "RAJU9",
              "RAJU6",
              "RAJU10",
              "RAJU4",
              "RAJU1",
              "RAJU3"
            ],
            "result_count": null,
            "seed": null
          },
          "sensitive_attributes": [],
          "private": "bnVsbA=="
        },
        {
          "index_key": 41,
          "schema_version": 0,
          "attributes": {
            "id": "-",
            "input": [
              "RAJU1",
              "RAJU2",
              "RAJU3",
              "RAJU4",
              "RAJU5",
              "RAJU6",
              "RAJU7",
              "RAJU8",
              "RAJU9",
              "RAJU10"
            ],
            "keepers": null,
            "result": [
              "RAJU3",
              "RAJU1",
              "RAJU4",
              "RAJU10",
              "RAJU2",
              "RAJU7",
              "RAJU9",
              "RAJU5",
              "RAJU6",
              "RAJU8"
            ],
            "result_count": null,
            "seed": null
          },
          "sensitive_attributes": [],
          "private": "bnVsbA=="
        },
        {
          "index_key": 42,
          "schema_version": 0,
          "attributes": {
            "id": "-",
            "input": [
              "RAJU1",
              "RAJU2",
              "RAJU3",
              "RAJU4",
              "RAJU5",
              "RAJU6",
              "RAJU7",
              "RAJU8",
              "RAJU9",
              "RAJU10"
            ],
            "keepers": null,
            "result": [
              "RAJU10",
              "RAJU2",
              "RAJU1",
              "RAJU9",
              "RAJU5",
              "RAJU4",
              "RAJU6",
              "RAJU8",
              "RAJU3",
              "RAJU7"
            ],
            "result_count": null,
            "seed": null
          },
          "sensitive_attributes": [],
          "private": "bnVsbA=="
        },
        {
          "index_key": 43,
          "schema_version": 0,
          "attributes": {
            "id": "-",
            "input": [
              "RAJU1",
              "RAJU2",
              "RAJU3",
              "RAJU4",
              "RAJU5",
              "RAJU6",
              "RAJU7",
              "RAJU8",
              "RAJU9",
              "RAJU10"
            ],
            "keepers": null,
            "result": [
              "RAJU7",
              "RAJU2",
              "RAJU3",
              "RAJU5",
              "RAJU9",
              "RAJU4",
              "RAJU8",
              "RAJU1",
              "RAJU6",
              "RAJU10"
            ],
            "result_count": null,
            "seed": null
          },
          "sensitive_attributes": [],
          "private": "bnVsbA=="
        },
        {
          "index_key": 44,
          "schema_version": 0,
          "attributes": {
            "id": "-",
            "input": [
              "RAJU1",
              "RAJU2",
              "RAJU3",
              "RAJU4",
              "RAJU5",
              "RAJU6",
              "RAJU7",
              "RAJU8",
              "RAJU9",
              "RAJU10"
            ],
            "keepers": null,
            "result": [
              "RAJU10",
              "RAJU1",
              "RAJU8",
              "RAJU5",
              "RAJU4",
              "RAJU6",
              "RAJU7",
              "RAJU2",
              "RAJU3",
              "RAJU9"
            ],
            "result_count": null,
            "seed": null
          },
          "sensitive_attributes": [],
          "private": "bnVsbA=="
        },
        {
          "index_key": 45,
          "schema_version": 0,
          "attributes": {
            "id": "-",
            "input": [
              "RAJU1",
              "RAJU2",
              "RAJU3",
              "RAJU4",
              "RAJU5",
              "RAJU6",
              "RAJU7",
              "RAJU8",
              "RAJU9",
              "RAJU10"
            ],
            "keepers": null,
            "result": [
              "RAJU2",
              "RAJU5",
              "RAJU9",
              "RAJU8",
              "RAJU10",
              "RAJU6",
              "RAJU7",
              "RAJU4",
              "RAJU3",
              "RAJU1"
            ],
            "result_count": null,
            "seed": null
          },
          "sensitive_attributes": [],
          "private": "bnVsbA=="
        },
        {
          "index_key": 46,
          "schema_version": 0,
          "attributes": {
            "id": "-",
            "input": [
              "RAJU1",
              "RAJU2",
              "RAJU3",
              "RAJU4",
              "RAJU5",
              "RAJU6",
              "RAJU7",
              "RAJU8",
              "RAJU9",
              "RAJU10"
            ],
            "keepers": null,
            "result": [
              "RAJU5",
              "RAJU3",
              "RAJU1",
              "RAJU2",
              "RAJU6",
              "RAJU8",
              "RAJU10",
              "RAJU4",
              "RAJU7",
              "RAJU9"
            ],
            "result_count": null,
            "seed": null
          },
          "sensitive_attributes": [],
          "private": "bnVsbA=="
        },
        {
          "index_key": 47,
          "schema_version": 0,
          "attributes": {
            "id": "-",
            "input": [
              "RAJU1",
              "RAJU2",
              "RAJU3",
              "RAJU4",
              "RAJU5",
              "RAJU6",
              "RAJU7",
              "RAJU8",
              "RAJU9",
              "RAJU10"
            ],
            "keepers": null,
            "result": [
              "RAJU10",
              "RAJU5",
              "RAJU9",
              "RAJU6",
              "RAJU4",
              "RAJU2",
              "RAJU1",
              "RAJU3",
              "RAJU8",
              "RAJU7"
            ],
            "result_count": null,
            "seed": null
          },
          "sensitive_attributes": [],
          "private": "bnVsbA=="
        },
        {
          "index_key": 48,
          "schema_version": 0,
          "attributes": {
            "id": "-",
            "input": [
              "RAJU1",
              "RAJU2",
              "RAJU3",
              "RAJU4",
              "RAJU5",
              "RAJU6",
              "RAJU7",
              "RAJU8",
              "RAJU9",
              "RAJU10"
            ],
            "keepers": null,
            "result": [
              "RAJU3",
              "RAJU10",
              "RAJU8",
              "RAJU2",
              "RAJU6",
              "RAJU5",
              "RAJU1",
              "RAJU9",
              "RAJU7",
              "RAJU4"
            ],
            "result_count": null,
            "seed": null
          },
          "sensitive_attributes": [],
          "private": "bnVsbA=="
        },
        {
          "index_key": 49,
          "schema_version": 0,
          "attributes": {
            "id": "-",
            "input": [
              "RAJU1",
              "RAJU2",
              "RAJU3",
              "RAJU4",
              "RAJU5",
              "RAJU6",
              "RAJU7",
              "RAJU8",
              "RAJU9",
              "RAJU10"
            ],
            "keepers": null,
            "result": [
              "RAJU8",
              "RAJU10",
              "RAJU7",
              "RAJU5",
              "RAJU9",
              "RAJU3",
              "RAJU1",
              "RAJU2",
              "RAJU6",
              "RAJU4"
            ],
            "result_count": null,
            "seed": null
          },
          "sensitive_attributes": [],
          "private": "bnVsbA=="
        },
        {
          "index_key": 50,
          "schema_version": 0,
          "attributes": {
            "id": "-",
            "input": [
              "RAJU1",
              "RAJU2",
              "RAJU3",
              "RAJU4",
              "RAJU5",
              "RAJU6",
              "RAJU7",
              "RAJU8",
              "RAJU9",
              "RAJU10"
            ],
            "keepers": null,
            "result": [
              "RAJU3",
              "RAJU4",
              "RAJU9",
              "RAJU1",
              "RAJU8",
              "RAJU5",
              "RAJU6",
              "RAJU10",
              "RAJU2",
              "RAJU7"
            ],
            "result_count": null,
            "seed": null
          },
          "sensitive_attributes": [],
          "private": "bnVsbA=="
        },
        {
          "index_key": 51,
          "schema_version": 0,
          "attributes": {
            "id": "-",
            "input": [
              "RAJU1",
              "RAJU2",
              "RAJU3",
              "RAJU4",
              "RAJU5",
              "RAJU6",
              "RAJU7",
              "RAJU8",
              "RAJU9",
              "RAJU10"
            ],
            "keepers": null,
            "result": [
              "RAJU1",
              "RAJU10",
              "RAJU6",
              "RAJU4",
              "RAJU7",
              "RAJU3",
              "RAJU9",
              "RAJU2",
              "RAJU8",
              "RAJU5"
            ],
            "result_count": null,
            "seed": null
          },
          "sensitive_attributes": [],
          "private": "bnVsbA=="
        },
        {
          "index_key": 52,
          "schema_version": 0,
          "attributes": {
            "id": "-",
            "input": [
              "RAJU1",
              "RAJU2",
              "RAJU3",
              "RAJU4",
              "RAJU5",
              "RAJU6",
              "RAJU7",
              "RAJU8",
              "RAJU9",
              "RAJU10"
            ],
            "keepers": null,
            "result": [
              "RAJU4",
              "RAJU9",
              "RAJU5",
              "RAJU8",
              "RAJU7",
              "RAJU10",
              "RAJU3",
              "RAJU1",
              "RAJU6",
              "RAJU2"
            ],
            "result_count": null,
            "seed": null
          },
          "sensitive_attributes": [],
          "private": "bnVsbA=="
        },
        {
          "index_key": 53,
          "schema_version": 0,
          "attributes": {
            "id": "-",
            "input": [
              "RAJU1",
              "RAJU2",
              "RAJU3",
              "RAJU4",
              "RAJU5",
              "RAJU6",
              "RAJU7",
              "RAJU8",
              "RAJU9",
              "RAJU10"
            ],
            "keepers": null,
            "result": [
              "RAJU10",
              "RAJU9",
              "RAJU6",
              "RAJU1",
              "RAJU4",
              "RAJU8",
              "RAJU2",
              "RAJU5",
              "RAJU7",
              "RAJU3"
            ],
            "result_count": null,
            "seed": null
          },
          "sensitive_attributes": [],
          "private": "bnVsbA=="
        },
        {
          "index_key": 54,
          "schema_version": 0,
          "attributes": {
            "id": "-",
            "input": [
              "RAJU1",
              "RAJU2",
              "RAJU3",
              "RAJU4",
              "RAJU5",
              "RAJU6",
              "RAJU7",
              "RAJU8",
              "RAJU9",
              "RAJU10"
            ],
            "keepers": null,
            "result": [
              "RAJU10",
              "RAJU5",
              "RAJU9",
              "RAJU3",
              "RAJU4",
              "RAJU7",
              "RAJU1",
              "RAJU8",
              "RAJU6",
              "RAJU2"
            ],
            "result_count": null,
            "seed": null
          },
          "sensitive_attributes": [],
          "private": "bnVsbA=="
        },
        {
          "index_key": 55,
          "schema_version": 0,
          "attributes": {
            "id": "-",
            "input": [
              "RAJU1",
              "RAJU2",
              "RAJU3",
              "RAJU4",
              "RAJU5",
              "RAJU6",
              "RAJU7",
              "RAJU8",
              "RAJU9",
              "RAJU10"
            ],
            "keepers": null,
            "result": [
              "RAJU5",
              "RAJU6",
              "RAJU2",
              "RAJU4",
              "RAJU7",
              "RAJU10",
              "RAJU9",
              "RAJU3",
              "RAJU1",
              "RAJU8"
            ],
            "result_count": null,
            "seed": null
          },
          "sensitive_attributes": [],
          "private": "bnVsbA=="
        },
        {
          "index_key": 56,
          "schema_version": 0,
          "attributes": {
            "id": "-",
            "input": [
              "RAJU1",
              "RAJU2",
              "RAJU3",
              "RAJU4",
              "RAJU5",
              "RAJU6",
              "RAJU7",
              "RAJU8",
              "RAJU9",
              "RAJU10"
            ],
            "keepers": null,
            "result": [
              "RAJU8",
              "RAJU4",
              "RAJU2",
              "RAJU1",
              "RAJU6",
              "RAJU7",
              "RAJU5",
              "RAJU9",
              "RAJU3",
              "RAJU10"
            ],
            "result_count": null,
            "seed": null
          },
          "sensitive_attributes": [],
          "private": "bnVsbA=="
        },
        {
          "index_key": 57,
          "schema_version": 0,
          "attributes": {
            "id": "-",
            "input": [
              "RAJU1",
              "RAJU2",
              "RAJU3",
              "RAJU4",
              "RAJU5",
              "RAJU6",
              "RAJU7",
              "RAJU8",
              "RAJU9",
              "RAJU10"
            ],
            "keepers": null,
            "result": [
              "RAJU9",
              "RAJU1",
              "RAJU10",
              "RAJU2",
              "RAJU6",
              "RAJU5",
              "RAJU3",
              "RAJU7",
              "RAJU8",
              "RAJU4"
            ],
            "result_count": null,
            "seed": null
          },
          "sensitive_attributes": [],
          "private": "bnVsbA=="
        },
        {
          "index_key": 58,
          "schema_version": 0,
          "attributes": {
            "id": "-",
            "input": [
              "RAJU1",
              "RAJU2",
              "RAJU3",
              "RAJU4",
              "RAJU5",
              "RAJU6",
              "RAJU7",
              "RAJU8",
              "RAJU9",
              "RAJU10"
            ],
            "keepers": null,
            "result": [
              "RAJU1",
              "RAJU3",
              "RAJU8",
              "RAJU10",
              "RAJU2",
              "RAJU9",
              "RAJU7",
              "RAJU5",
              "RAJU6",
              "RAJU4"
            ],
            "result_count": null,
            "seed": null
          },
          "sensitive_attributes": [],
          "private": "bnVsbA=="
        },
        {
          "index_key": 59,
          "schema_version": 0,
          "attributes": {
            "id": "-",
            "input": [
              "RAJU1",
              "RAJU2",
              "RAJU3",
              "RAJU4",
              "RAJU5",
              "RAJU6",
              "RAJU7",
              "RAJU8",
              "RAJU9",
              "RAJU10"
            ],
            "keepers": null,
            "result": [
              "RAJU8",
              "RAJU6",
              "RAJU3",
              "RAJU5",
              "RAJU10",
              "RAJU1",
              "RAJU2",
              "RAJU4",
              "RAJU7",
              "RAJU9"
            ],
            "result_count": null,
            "seed": null
          },
          "sensitive_attributes": [],
          "private": "bnVsbA=="
        },
        {
          "index_key": 60,
          "schema_version": 0,
          "attributes": {
            "id": "-",
            "input": [
              "RAJU1",
              "RAJU2",
              "RAJU3",
              "RAJU4",
              "RAJU5",
              "RAJU6",
              "RAJU7",
              "RAJU8",
              "RAJU9",
              "RAJU10"
            ],
            "keepers": null,
            "result": [
              "RAJU9",
              "RAJU6",
              "RAJU10",
              "RAJU2",
              "RAJU5",
              "RAJU1",
              "RAJU7",
              "RAJU4",
              "RAJU3",
              "RAJU8"
            ],
            "result_count": null,
            "seed": null
          },
          "sensitive_attributes": [],
          "private": "bnVsbA=="
        },
        {
          "index_key": 61,
          "schema_version": 0,
          "attributes": {
            "id": "-",
            "input": [
              "RAJU1",
              "RAJU2",
              "RAJU3",
              "RAJU4",
              "RAJU5",
              "RAJU6",
              "RAJU7",
              "RAJU8",
              "RAJU9",
              "RAJU10"
            ],
            "keepers": null,
            "result": [
              "RAJU3",
              "RAJU7",
              "RAJU6",
              "RAJU10",
              "RAJU2",
              "RAJU1",
              "RAJU9",
              "RAJU5",
              "RAJU4",
              "RAJU8"
            ],
            "result_count": null,
            "seed": null
          },
          "sensitive_attributes": [],
          "private": "bnVsbA=="
        },
        {
          "index_key": 62,
          "schema_version": 0,
          "attributes": {
            "id": "-",
            "input": [
              "RAJU1",
              "RAJU2",
              "RAJU3",
              "RAJU4",
              "RAJU5",
              "RAJU6",
              "RAJU7",
              "RAJU8",
              "RAJU9",
              "RAJU10"
            ],
            "keepers": null,
            "result": [
              "RAJU10",
              "RAJU8",
              "RAJU4",
              "RAJU1",
              "RAJU5",
              "RAJU6",
              "RAJU2",
              "RAJU7",
              "RAJU9",
              "RAJU3"
            ],
            "result_count": null,
            "seed": null
          },
          "sensitive_attributes": [],
          "private": "bnVsbA=="
        },
        {
          "index_key": 63,
          "schema_version": 0,
          "attributes": {
            "id": "-",
            "input": [
              "RAJU1",
              "RAJU2",
              "RAJU3",
              "RAJU4",
              "RAJU5",
              "RAJU6",
              "RAJU7",
              "RAJU8",
              "RAJU9",
              "RAJU10"
            ],
            "keepers": null,
            "result": [
              "RAJU9",
              "RAJU3",
              "RAJU8",
              "RAJU7",
              "RAJU6",
              "RAJU10",
              "RAJU5",
              "RAJU1",
              "RAJU2",
              "RAJU4"
            ],
            "result_count": null,
            "seed": null
          },
          "sensitive_attributes": [],
          "private": "bnVsbA=="
        },
        {
          "index_key": 64,
          "schema_version": 0,
          "attributes": {
            "id": "-",
            "input": [
              "RAJU1",
              "RAJU2",
              "RAJU3",
              "RAJU4",
              "RAJU5",
              "RAJU6",
              "RAJU7",
              "RAJU8",
              "RAJU9",
              "RAJU10"
            ],
            "keepers": null,
            "result": [
              "RAJU1",
              "RAJU9",
              "RAJU7",
              "RAJU10",
              "RAJU6",
              "RAJU3",
              "RAJU5",
              "RAJU2",
              "RAJU8",
              "RAJU4"
            ],
            "result_count": null,
            "seed": null
          },
          "sensitive_attributes": [],
          "private": "bnVsbA=="
        },
        {
          "index_key": 65,
          "schema_version": 0,
          "attributes": {
            "id": "-",
            "input": [
              "RAJU1",
              "RAJU2",
              "RAJU3",
              "RAJU4",
              "RAJU5",
              "RAJU6",
              "RAJU7",
              "RAJU8",
              "RAJU9",
              "RAJU10"
            ],
            "keepers": null,
            "result": [
              "RAJU2",
              "RAJU4",
              "RAJU10",
              "RAJU3",
              "RAJU9",
              "RAJU1",
              "RAJU7",
              "RAJU5",
              "RAJU6",
              "RAJU8"
            ],
            "result_count": null,
            "seed": null
          },
          "sensitive_attributes": [],
          "private": "bnVsbA=="
        },
        {
          "index_key": 66,
          "schema_version": 0,
          "attributes": {
            "id": "-",
            "input": [
              "RAJU1",
              "RAJU2",
              "RAJU3",
              "RAJU4",
              "RAJU5",
              "RAJU6",
              "RAJU7",
              "RAJU8",
              "RAJU9",
              "RAJU10"
            ],
            "keepers": null,
            "result": [
              "RAJU8",
              "RAJU1",
              "RAJU2",
              "RAJU4",
              "RAJU3",
              "RAJU10",
              "RAJU6",
              "RAJU5",
              "RAJU9",
              "RAJU7"
            ],
            "result_count": null,
            "seed": null
          },
          "sensitive_attributes": [],
          "private": "bnVsbA=="
        },
        {
          "index_key": 67,
          "schema_version": 0,
          "attributes": {
            "id": "-",
            "input": [
              "RAJU1",
              "RAJU2",
              "RAJU3",
              "RAJU4",
              "RAJU5",
              "RAJU6",
              "RAJU7",
              "RAJU8",
              "RAJU9",
              "RAJU10"
            ],
            "keepers": null,
            "result": [
              "RAJU1",
              "RAJU8",
              "RAJU2",
              "RAJU7",
              "RAJU3",
              "RAJU6",
              "RAJU4",
              "RAJU5",
              "RAJU9",
              "RAJU10"
            ],
            "result_count": null,
            "seed": null
          },
          "sensitive_attributes": [],
          "private": "bnVsbA=="
        },
        {
          "index_key": 68,
          "schema_version": 0,
          "attributes": {
            "id": "-",
            "input": [
              "RAJU1",
              "RAJU2",
              "RAJU3",
              "RAJU4",
              "RAJU5",
              "RAJU6",
              "RAJU7",
              "RAJU8",
              "RAJU9",
              "RAJU10"
            ],
            "keepers": null,
            "result": [
              "RAJU7",
              "RAJU4",
              "RAJU10",
              "RAJU6",
              "RAJU9",
              "RAJU5",
              "RAJU8",
              "RAJU3",
              "RAJU2",
              "RAJU1"
            ],
            "result_count": null,
            "seed": null
          },
          "sensitive_attributes": [],
          "private": "bnVsbA=="
        },
        {
          "index_key": 69,
          "schema_version": 0,
          "attributes": {
            "id": "-",
            "input": [
              "RAJU1",
              "RAJU2",
              "RAJU3",
              "RAJU4",
              "RAJU5",
              "RAJU6",
              "RAJU7",
              "RAJU8",
              "RAJU9",
              "RAJU10"
            ],
            "keepers": null,
            "result": [
              "RAJU8",
              "RAJU2",
              "RAJU7",
              "RAJU10",
              "RAJU1",
              "RAJU5",
              "RAJU6",
              "RAJU3",
              "RAJU9",
              "RAJU4"
            ],
            "result_count": null,
            "seed": null
          },
          "sensitive_attributes": [],
          "private": "bnVsbA=="
        },
        {
          "index_key": 70,
          "schema_version": 0,
          "attributes": {
            "id": "-",
            "input": [
              "RAJU1",
              "RAJU2",
              "RAJU3",
              "RAJU4",
              "RAJU5",
              "RAJU6",
              "RAJU7",
              "RAJU8",
              "RAJU9",
              "RAJU10"
            ],
            "keepers": null,
            "result": [
              "RAJU7",
              "RAJU10",
              "RAJU1",
              "RAJU9",
              "RAJU6",
              "RAJU2",
              "RAJU3",
              "RAJU8",
              "RAJU5",
              "RAJU4"
            ],
            "result_count": null,
            "seed": null
          },
          "sensitive_attributes": [],
          "private": "bnVsbA=="
        },
        {
          "index_key": 71,
          "schema_version": 0,
          "attributes": {
            "id": "-",
            "input": [
              "RAJU1",
              "RAJU2",
              "RAJU3",
              "RAJU4",
              "RAJU5",
              "RAJU6",
              "RAJU7",
              "RAJU8",
              "RAJU9",
              "RAJU10"
            ],
            "keepers": null,
            "result": [
              "RAJU2",
              "RAJU5",
              "RAJU9",
              "RAJU4",
              "RAJU8",
              "RAJU1",
              "RAJU6",
              "RAJU7",
              "RAJU10",
              "RAJU3"
            ],
            "result_count": null,
            "seed": null
          },
          "sensitive_attributes": [],
          "private": "bnVsbA=="
        },
        {
          "index_key": 72,
          "schema_version": 0,
          "attributes": {
            "id": "-",
            "input": [
              "RAJU1",
              "RAJU2",
              "RAJU3",
              "RAJU4",
              "RAJU5",
              "RAJU6",
              "RAJU7",
              "RAJU8",
              "RAJU9",
              "RAJU10"
            ],
            "keepers": null,
            "result": [
              "RAJU5",
              "RAJU10",
              "RAJU2",
              "RAJU8",
              "RAJU9",
              "RAJU6",
              "RAJU7",
              "RAJU1",
              "RAJU3",
              "RAJU4"
            ],
            "result_count": null,
            "seed": null
          },
          "sensitive_attributes": [],
          "private": "bnVsbA=="
        },
        {
          "index_key": 73,
          "schema_version": 0,
          "attributes": {
            "id": "-",
            "input": [
              "RAJU1",
              "RAJU2",
              "RAJU3",
              "RAJU4",
              "RAJU5",
              "RAJU6",
              "RAJU7",
              "RAJU8",
              "RAJU9",
              "RAJU10"
            ],
            "keepers": null,
            "result": [
              "RAJU7",
              "RAJU5",
              "RAJU6",
              "RAJU1",
              "RAJU8",
              "RAJU4",
              "RAJU10",
              "RAJU9",
              "RAJU3",
              "RAJU2"
            ],
            "result_count": null,
            "seed": null
          },
          "sensitive_attributes": [],
          "private": "bnVsbA=="
        },
        {
          "index_key": 74,
          "schema_version": 0,
          "attributes": {
            "id": "-",
            "input": [
              "RAJU1",
              "RAJU2",
              "RAJU3",
              "RAJU4",
              "RAJU5",
              "RAJU6",
              "RAJU7",
              "RAJU8",
              "RAJU9",
              "RAJU10"
            ],
            "keepers": null,
            "result": [
              "RAJU7",
              "RAJU9",
              "RAJU4",
              "RAJU8",
              "RAJU5",
              "RAJU1",
              "RAJU6",
              "RAJU10",
              "RAJU3",
              "RAJU2"
            ],
            "result_count": null,
            "seed": null
          },
          "sensitive_attributes": [],
          "private": "bnVsbA=="
        },
        {
          "index_key": 75,
          "schema_version": 0,
          "attributes": {
            "id": "-",
            "input": [
              "RAJU1",
              "RAJU2",
              "RAJU3",
              "RAJU4",
              "RAJU5",
              "RAJU6",
              "RAJU7",
              "RAJU8",
              "RAJU9",
              "RAJU10"
            ],
            "keepers": null,
            "result": [
              "RAJU5",
              "RAJU6",
              "RAJU4",
              "RAJU1",
              "RAJU10",
              "RAJU7",
              "RAJU3",
              "RAJU9",
              "RAJU8",
              "RAJU2"
            ],
            "result_count": null,
            "seed": null
          },
          "sensitive_attributes": [],
          "private": "bnVsbA=="
        },
        {
          "index_key": 76,
          "schema_version": 0,
          "attributes": {
            "id": "-",
            "input": [
              "RAJU1",
              "RAJU2",
              "RAJU3",
              "RAJU4",
              "RAJU5",
              "RAJU6",
              "RAJU7",
              "RAJU8",
              "RAJU9",
              "RAJU10"
            ],
            "keepers": null,
            "result": [
              "RAJU3",
              "RAJU6",
              "RAJU9",
              "RAJU5",
              "RAJU1",
              "RAJU2",
              "RAJU10",
              "RAJU4",
              "RAJU8",
              "RAJU7"
            ],
            "result_count": null,
            "seed": null
          },
          "sensitive_attributes": [],
          "private": "bnVsbA=="
        },
        {
          "index_key": 77,
          "schema_version": 0,
          "attributes": {
            "id": "-",
            "input": [
              "RAJU1",
              "RAJU2",
              "RAJU3",
              "RAJU4",
              "RAJU5",
              "RAJU6",
              "RAJU7",
              "RAJU8",
              "RAJU9",
              "RAJU10"
            ],
            "keepers": null,
            "result": [
              "RAJU9",
              "RAJU3",
              "RAJU6",
              "RAJU8",
              "RAJU10",
              "RAJU4",
              "RAJU7",
              "RAJU2",
              "RAJU5",
              "RAJU1"
            ],
            "result_count": null,
            "seed": null
          },
          "sensitive_attributes": [],
          "private": "bnVsbA=="
        },
        {
          "index_key": 78,
          "schema_version": 0,
          "attributes": {
            "id": "-",
            "input": [
              "RAJU1",
              "RAJU2",
              "RAJU3",
              "RAJU4",
              "RAJU5",
              "RAJU6",
              "RAJU7",
              "RAJU8",
              "RAJU9",
              "RAJU10"
            ],
            "keepers": null,
            "result": [
              "RAJU3",
              "RAJU5",
              "RAJU10",
              "RAJU1",
              "RAJU4",
              "RAJU9",
              "RAJU8",
              "RAJU6",
              "RAJU7",
              "RAJU2"
            ],
            "result_count": null,
            "seed": null
          },
          "sensitive_attributes": [],
          "private": "bnVsbA=="
        },
        {
          "index_key": 79,
          "schema_version": 0,
          "attributes": {
            "id": "-",
            "input": [
              "RAJU1",
              "RAJU2",
              "RAJU3",
              "RAJU4",
              "RAJU5",
              "RAJU6",
              "RAJU7",
              "RAJU8",
              "RAJU9",
              "RAJU10"
            ],
            "keepers": null,
            "result": [
              "RAJU9",
              "RAJU10",
              "RAJU1",
              "RAJU2",
              "RAJU8",
              "RAJU5",
              "RAJU7",
              "RAJU6",
              "RAJU4",
              "RAJU3"
            ],
            "result_count": null,
            "seed": null
          },
          "sensitive_attributes": [],
          "private": "bnVsbA=="
        },
        {
          "index_key": 80,
          "schema_version": 0,
          "attributes": {
            "id": "-",
            "input": [
              "RAJU1",
              "RAJU2",
              "RAJU3",
              "RAJU4",
              "RAJU5",
              "RAJU6",
              "RAJU7",
              "RAJU8",
              "RAJU9",
              "RAJU10"
            ],
            "keepers": null,
            "result": [
              "RAJU1",
              "RAJU6",
              "RAJU7",
              "RAJU9",
              "RAJU10",
              "RAJU5",
              "RAJU2",
              "RAJU8",
              "RAJU3",
              "RAJU4"
            ],
            "result_count": null,
            "seed": null
          },
          "sensitive_attributes": [],
          "private": "bnVsbA=="
        },
        {
          "index_key": 81,
          "schema_version": 0,
          "attributes": {
            "id": "-",
            "input": [
              "RAJU1",
              "RAJU2",
              "RAJU3",
              "RAJU4",
              "RAJU5",
              "RAJU6",
              "RAJU7",
              "RAJU8",
              "RAJU9",
              "RAJU10"
            ],
            "keepers": null,
            "result": [
              "RAJU4",
              "RAJU5",
              "RAJU7",
              "RAJU2",
              "RAJU8",
              "RAJU3",
              "RAJU9",
              "RAJU1",
              "RAJU6",
              "RAJU10"
            ],
            "result_count": null,
            "seed": null
          },
          "sensitive_attributes": [],
          "private": "bnVsbA=="
        },
        {
          "index_key": 82,
          "schema_version": 0,
          "attributes": {
            "id": "-",
            "input": [
              "RAJU1",
              "RAJU2",
              "RAJU3",
              "RAJU4",
              "RAJU5",
              "RAJU6",
              "RAJU7",
              "RAJU8",
              "RAJU9",
              "RAJU10"
            ],
            "keepers": null,
            "result": [
              "RAJU10",
              "RAJU5",
              "RAJU3",
              "RAJU1",
              "RAJU9",
              "RAJU8",
              "RAJU4",
              "RAJU6",
              "RAJU2",
              "RAJU7"
            ],
            "result_count": null,
            "seed": null
          },
          "sensitive_attributes": [],
          "private": "bnVsbA=="
        },
        {
          "index_key": 83,
          "schema_version": 0,
          "attributes": {
            "id": "-",
            "input": [
              "RAJU1",
              "RAJU2",
              "RAJU3",
              "RAJU4",
              "RAJU5",
              "RAJU6",
              "RAJU7",
              "RAJU8",
              "RAJU9",
              "RAJU10"
            ],
            "keepers": null,
            "result": [
              "RAJU9",
              "RAJU7",
              "RAJU8",
              "RAJU2",
              "RAJU3",
              "RAJU6",
              "RAJU1",
              "RAJU10",
              "RAJU5",
              "RAJU4"
            ],
            "result_count": null,
            "seed": null
          },
          "sensitive_attributes": [],
          "private": "bnVsbA=="
        },
        {
          "index_key": 84,
          "schema_version": 0,
          "attributes": {
            "id": "-",
            "input": [
              "RAJU1",
              "RAJU2",
              "RAJU3",
              "RAJU4",
              "RAJU5",
              "RAJU6",
              "RAJU7",
              "RAJU8",
              "RAJU9",
              "RAJU10"
            ],
            "keepers": null,
            "result": [
              "RAJU1",
              "RAJU2",
              "RAJU8",
              "RAJU10",
              "RAJU9",
              "RAJU3",
              "RAJU6",
              "RAJU4",
              "RAJU5",
              "RAJU7"
            ],
            "result_count": null,
            "seed": null
          },
          "sensitive_attributes": [],
          "private": "bnVsbA=="
        },
        {
          "index_key": 85,
          "schema_version": 0,
          "attributes": {
            "id": "-",
            "input": [
              "RAJU1",
              "RAJU2",
              "RAJU3",
              "RAJU4",
              "RAJU5",
              "RAJU6",
              "RAJU7",
              "RAJU8",
              "RAJU9",
              "RAJU10"
            ],
            "keepers": null,
            "result": [
              "RAJU2",
              "RAJU7",
              "RAJU9",
              "RAJU3",
              "RAJU1",
              "RAJU5",
              "RAJU8",
              "RAJU6",
              "RAJU10",
              "RAJU4"
            ],
            "result_count": null,
            "seed": null
          },
          "sensitive_attributes": [],
          "private": "bnVsbA=="
        },
        {
          "index_key": 86,
          "schema_version": 0,
          "attributes": {
            "id": "-",
            "input": [
              "RAJU1",
              "RAJU2",
              "RAJU3",
              "RAJU4",
              "RAJU5",
              "RAJU6",
              "RAJU7",
              "RAJU8",
              "RAJU9",
              "RAJU10"
            ],
            "keepers": null,
            "result": [
              "RAJU5",
              "RAJU8",
              "RAJU4",
              "RAJU1",
              "RAJU9",
              "RAJU7",
              "RAJU3",
              "RAJU10",
              "RAJU6",
              "RAJU2"
            ],
            "result_count": null,
            "seed": null
          },
          "sensitive_attributes": [],
          "private": "bnVsbA=="
        },
        {
          "index_key": 87,
          "schema_version": 0,
          "attributes": {
            "id": "-",
            "input": [
              "RAJU1",
              "RAJU2",
              "RAJU3",
              "RAJU4",
              "RAJU5",
              "RAJU6",
              "RAJU7",
              "RAJU8",
              "RAJU9",
              "RAJU10"
            ],
            "keepers": null,
            "result": [
              "RAJU7",
              "RAJU3",
              "RAJU1",
              "RAJU6",
              "RAJU8",
              "RAJU5",
              "RAJU9",
              "RAJU2",
              "RAJU10",
              "RAJU4"
            ],
            "result_count": null,
            "seed": null
          },
          "sensitive_attributes": [],
          "private": "bnVsbA=="
        },
        {
          "index_key": 88,
          "schema_version": 0,
          "attributes": {
            "id": "-",
            "input": [
              "RAJU1",
              "RAJU2",
              "RAJU3",
              "RAJU4",
              "RAJU5",
              "RAJU6",
              "RAJU7",
              "RAJU8",
              "RAJU9",
              "RAJU10"
            ],
            "keepers": null,
            "result": [
              "RAJU10",
              "RAJU5",
              "RAJU9",
              "RAJU3",
              "RAJU4",
              "RAJU7",
              "RAJU1",
              "RAJU8",
              "RAJU6",
              "RAJU2"
            ],
            "result_count": null,
            "seed": null
          },
          "sensitive_attributes": [],
          "private": "bnVsbA=="
        },
        {
          "index_key": 89,
          "schema_version": 0,
          "attributes": {
            "id": "-",
            "input": [
              "RAJU1",
              "RAJU2",
              "RAJU3",
              "RAJU4",
              "RAJU5",
              "RAJU6",
              "RAJU7",
              "RAJU8",
              "RAJU9",
              "RAJU10"
            ],
            "keepers": null,
            "result": [
              "RAJU10",
              "RAJU6",
              "RAJU7",
              "RAJU9",
              "RAJU3",
              "RAJU1",
              "RAJU2",
              "RAJU4",
              "RAJU8",
              "RAJU5"
            ],
            "result_count": null,
            "seed": null
          },
          "sensitive_attributes": [],
          "private": "bnVsbA=="
        },
        {
          "index_key": 90,
          "schema_version": 0,
          "attributes": {
            "id": "-",
            "input": [
              "RAJU1",
              "RAJU2",
              "RAJU3",
              "RAJU4",
              "RAJU5",
              "RAJU6",
              "RAJU7",
              "RAJU8",
              "RAJU9",
              "RAJU10"
            ],
            "keepers": null,
            "result": [
              "RAJU8",
              "RAJU9",
              "RAJU7",
              "RAJU1",
              "RAJU5",
              "RAJU3",
              "RAJU6",
              "RAJU10",
              "RAJU2",
              "RAJU4"
            ],
            "result_count": null,
            "seed": null
          },
          "sensitive_attributes": [],
          "private": "bnVsbA=="
        },
        {
          "index_key": 91,
          "schema_version": 0,
          "attributes": {
            "id": "-",
            "input": [
              "RAJU1",
              "RAJU2",
              "RAJU3",
              "RAJU4",
              "RAJU5",
              "RAJU6",
              "RAJU7",
              "RAJU8",
              "RAJU9",
              "RAJU10"
            ],
            "keepers": null,
            "result": [
              "RAJU4",
              "RAJU6",
              "RAJU3",
              "RAJU9",
              "RAJU5",
              "RAJU2",
              "RAJU7",
              "RAJU1",
              "RAJU8",
              "RAJU10"
            ],
            "result_count": null,
            "seed": null
          },
          "sensitive_attributes": [],
          "private": "bnVsbA=="
        },
        {
          "index_key": 92,
          "schema_version": 0,
          "attributes": {
            "id": "-",
            "input": [
              "RAJU1",
              "RAJU2",
              "RAJU3",
              "RAJU4",
              "RAJU5",
              "RAJU6",
              "RAJU7",
              "RAJU8",
              "RAJU9",
              "RAJU10"
            ],
            "keepers": null,
            "result": [
              "RAJU8",
              "RAJU4",
              "RAJU7",
              "RAJU5",
              "RAJU1",
              "RAJU2",
              "RAJU6",
              "RAJU10",
              "RAJU3",
              "RAJU9"
            ],
            "result_count": null,
            "seed": null
          },
          "sensitive_attributes": [],
          "private": "bnVsbA=="
        },
        {
          "index_key": 93,
          "schema_version": 0,
          "attributes": {
            "id": "-",
            "input": [
              "RAJU1",
              "RAJU2",
              "RAJU3",
              "RAJU4",
              "RAJU5",
              "RAJU6",
              "RAJU7",
              "RAJU8",
              "RAJU9",
              "RAJU10"
            ],
            "keepers": null,
            "result": [
              "RAJU2",
              "RAJU5",
              "RAJU9",
              "RAJU10",
              "RAJU8",
              "RAJU7",
              "RAJU6",
              "RAJU3",
              "RAJU4",
              "RAJU1"
            ],
            "result_count": null,
            "seed": null
          },
          "sensitive_attributes": [],
          "private": "bnVsbA=="
        },
        {
          "index_key": 94,
          "schema_version": 0,
          "attributes": {
            "id": "-",
            "input": [
              "RAJU1",
              "RAJU2",
              "RAJU3",
              "RAJU4",
              "RAJU5",
              "RAJU6",
              "RAJU7",
              "RAJU8",
              "RAJU9",
              "RAJU10"
            ],
            "keepers": null,
            "result": [
              "RAJU6",
              "RAJU4",
              "RAJU5",
              "RAJU1",
              "RAJU7",
              "RAJU2",
              "RAJU8",
              "RAJU9",
              "RAJU10",
              "RAJU3"
            ],
            "result_count": null,
            "seed": null
          },
          "sensitive_attributes": [],
          "private": "bnVsbA=="
        },
        {
          "index_key": 95,
          "schema_version": 0,
          "attributes": {
            "id": "-",
            "input": [
              "RAJU1",
              "RAJU2",
              "RAJU3",
              "RAJU4",
              "RAJU5",
              "RAJU6",
              "RAJU7",
              "RAJU8",
              "RAJU9",
              "RAJU10"
            ],
            "keepers": null,
            "result": [
              "RAJU6",
              "RAJU5",
              "RAJU4",
              "RAJU1",
              "RAJU7",
              "RAJU3",
              "RAJU10",
              "RAJU8",
              "RAJU9",
              "RAJU2"
            ],
            "result_count": null,
            "seed": null
          },
          "sensitive_attributes": [],
          "private": "bnVsbA=="
        },
        {
          "index_key": 96,
          "schema_version": 0,
          "attributes": {
            "id": "-",
            "input": [
              "RAJU1",
              "RAJU2",
              "RAJU3",
              "RAJU4",
              "RAJU5",
              "RAJU6",
              "RAJU7",
              "RAJU8",
              "RAJU9",
              "RAJU10"
            ],
            "keepers": null,
            "result": [
              "RAJU4",
              "RAJU2",
              "RAJU1",
              "RAJU8",
              "RAJU10",
              "RAJU3",
              "RAJU5",
              "RAJU7",
              "RAJU9",
              "RAJU6"
            ],
            "result_count": null,
            "seed": null
          },
          "sensitive_attributes": [],
          "private": "bnVsbA=="
        },
        {
          "index_key": 97,
          "schema_version": 0,
          "attributes": {
            "id": "-",
            "input": [
              "RAJU1",
              "RAJU2",
              "RAJU3",
              "RAJU4",
              "RAJU5",
              "RAJU6",
              "RAJU7",
              "RAJU8",
              "RAJU9",
              "RAJU10"
            ],
            "keepers": null,
            "result": [
              "RAJU7",
              "RAJU10",
              "RAJU3",
              "RAJU4",
              "RAJU1",
              "RAJU9",
              "RAJU2",
              "RAJU5",
              "RAJU6",
              "RAJU8"
            ],
            "result_count": null,
            "seed": null
          },
          "sensitive_attributes": [],
          "private": "bnVsbA=="
        },
        {
          "index_key": 98,
          "schema_version": 0,
          "attributes": {
            "id": "-",
            "input": [
              "RAJU1",
              "RAJU2",
              "RAJU3",
              "RAJU4",
              "RAJU5",
              "RAJU6",
              "RAJU7",
              "RAJU8",
              "RAJU9",
              "RAJU10"
            ],
            "keepers": null,
            "result": [
              "RAJU2",
              "RAJU8",
              "RAJU3",
              "RAJU10",
              "RAJU1",
              "RAJU5",
              "RAJU9",
              "RAJU6",
              "RAJU7",
              "RAJU4"
            ],
            "result_count": null,
            "seed": null
          },
          "sensitive_attributes": [],
          "private": "bnVsbA=="
        },
        {
          "index_key": 99,
          "schema_version": 0,
          "attributes": {
            "id": "-",
            "input": [
              "RAJU1",
              "RAJU2",
              "RAJU3",
              "RAJU4",
              "RAJU5",
              "RAJU6",
              "RAJU7",
              "RAJU8",
              "RAJU9",
              "RAJU10"
            ],
            "keepers": null,
            "result": [
              "RAJU8",
              "RAJU4",
              "RAJU9",
              "RAJU10",
              "RAJU3",
              "RAJU1",
              "RAJU6",
              "RAJU7",
              "RAJU5",
              "RAJU2"
            ],
            "result_count": null,
            "seed": null
          },
          "sensitive_attributes": [],
          "private": "bnVsbA=="
        }
      ]
    },
    {
      "mode": "managed",
      "type": "random_shuffle",
      "name": "random_numbers",
      "provider": "provider[\"registry.terraform.io/hashicorp/random\"]",
      "instances": [
        {
          "index_key": 0,
          "schema_version": 0,
          "attributes": {
            "id": "-",
            "input": [
              "100000"
            ],
            "keepers": null,
            "result": [
              "100000"
            ],
            "result_count": null,
            "seed": null
          },
          "sensitive_attributes": [],
          "private": "bnVsbA=="
        },
        {
          "index_key": 1,
          "schema_version": 0,
          "attributes": {
            "id": "-",
            "input": [
              "100000"
            ],
            "keepers": null,
            "result": [
              "100000"
            ],
            "result_count": null,
            "seed": null
          },
          "sensitive_attributes": [],
          "private": "bnVsbA=="
        },
        {
          "index_key": 2,
          "schema_version": 0,
          "attributes": {
            "id": "-",
            "input": [
              "100000"
            ],
            "keepers": null,
            "result": [
              "100000"
            ],
            "result_count": null,
            "seed": null
          },
          "sensitive_attributes": [],
          "private": "bnVsbA=="
        },
        {
          "index_key": 3,
          "schema_version": 0,
          "attributes": {
            "id": "-",
            "input": [
              "100000"
            ],
            "keepers": null,
            "result": [
              "100000"
            ],
            "result_count": null,
            "seed": null
          },
          "sensitive_attributes": [],
          "private": "bnVsbA=="
        },
        {
          "index_key": 4,
          "schema_version": 0,
          "attributes": {
            "id": "-",
            "input": [
              "100000"
            ],
            "keepers": null,
            "result": [
              "100000"
            ],
            "result_count": null,
            "seed": null
          },
          "sensitive_attributes": [],
          "private": "bnVsbA=="
        },
        {
          "index_key": 5,
          "schema_version": 0,
          "attributes": {
            "id": "-",
            "input": [
              "100000"
            ],
            "keepers": null,
            "result": [
              "100000"
            ],
            "result_count": null,
            "seed": null
          },
          "sensitive_attributes": [],
          "private": "bnVsbA=="
        },
        {
          "index_key": 6,
          "schema_version": 0,
          "attributes": {
            "id": "-",
            "input": [
              "100000"
            ],
            "keepers": null,
            "result": [
              "100000"
            ],
            "result_count": null,
            "seed": null
          },
          "sensitive_attributes": [],
          "private": "bnVsbA=="
        },
        {
          "index_key": 7,
          "schema_version": 0,
          "attributes": {
            "id": "-",
            "input": [
              "100000"
            ],
            "keepers": null,
            "result": [
              "100000"
            ],
            "result_count": null,
            "seed": null
          },
          "sensitive_attributes": [],
          "private": "bnVsbA=="
        },
        {
          "index_key": 8,
          "schema_version": 0,
          "attributes": {
            "id": "-",
            "input": [
              "100000"
            ],
            "keepers": null,
            "result": [
              "100000"
            ],
            "result_count": null,
            "seed": null
          },
          "sensitive_attributes": [],
          "private": "bnVsbA=="
        },
        {
          "index_key": 9,
          "schema_version": 0,
          "attributes": {
            "id": "-",
            "input": [
              "100000"
            ],
            "keepers": null,
            "result": [
              "100000"
            ],
            "result_count": null,
            "seed": null
          },
          "sensitive_attributes": [],
          "private": "bnVsbA=="
        },
        {
          "index_key": 10,
          "schema_version": 0,
          "attributes": {
            "id": "-",
            "input": [
              "100000"
            ],
            "keepers": null,
            "result": [
              "100000"
            ],
            "result_count": null,
            "seed": null
          },
          "sensitive_attributes": [],
          "private": "bnVsbA=="
        },
        {
          "index_key": 11,
          "schema_version": 0,
          "attributes": {
            "id": "-",
            "input": [
              "100000"
            ],
            "keepers": null,
            "result": [
              "100000"
            ],
            "result_count": null,
            "seed": null
          },
          "sensitive_attributes": [],
          "private": "bnVsbA=="
        },
        {
          "index_key": 12,
          "schema_version": 0,
          "attributes": {
            "id": "-",
            "input": [
              "100000"
            ],
            "keepers": null,
            "result": [
              "100000"
            ],
            "result_count": null,
            "seed": null
          },
          "sensitive_attributes": [],
          "private": "bnVsbA=="
        },
        {
          "index_key": 13,
          "schema_version": 0,
          "attributes": {
            "id": "-",
            "input": [
              "100000"
            ],
            "keepers": null,
            "result": [
              "100000"
            ],
            "result_count": null,
            "seed": null
          },
          "sensitive_attributes": [],
          "private": "bnVsbA=="
        },
        {
          "index_key": 14,
          "schema_version": 0,
          "attributes": {
            "id": "-",
            "input": [
              "100000"
            ],
            "keepers": null,
            "result": [
              "100000"
            ],
            "result_count": null,
            "seed": null
          },
          "sensitive_attributes": [],
          "private": "bnVsbA=="
        },
        {
          "index_key": 15,
          "schema_version": 0,
          "attributes": {
            "id": "-",
            "input": [
              "100000"
            ],
            "keepers": null,
            "result": [
              "100000"
            ],
            "result_count": null,
            "seed": null
          },
          "sensitive_attributes": [],
          "private": "bnVsbA=="
        },
        {
          "index_key": 16,
          "schema_version": 0,
          "attributes": {
            "id": "-",
            "input": [
              "100000"
            ],
            "keepers": null,
            "result": [
              "100000"
            ],
            "result_count": null,
            "seed": null
          },
          "sensitive_attributes": [],
          "private": "bnVsbA=="
        },
        {
          "index_key": 17,
          "schema_version": 0,
          "attributes": {
            "id": "-",
            "input": [
              "100000"
            ],
            "keepers": null,
            "result": [
              "100000"
            ],
            "result_count": null,
            "seed": null
          },
          "sensitive_attributes": [],
          "private": "bnVsbA=="
        },
        {
          "index_key": 18,
          "schema_version": 0,
          "attributes": {
            "id": "-",
            "input": [
              "100000"
            ],
            "keepers": null,
            "result": [
              "100000"
            ],
            "result_count": null,
            "seed": null
          },
          "sensitive_attributes": [],
          "private": "bnVsbA=="
        },
        {
          "index_key": 19,
          "schema_version": 0,
          "attributes": {
            "id": "-",
            "input": [
              "100000"
            ],
            "keepers": null,
            "result": [
              "100000"
            ],
            "result_count": null,
            "seed": null
          },
          "sensitive_attributes": [],
          "private": "bnVsbA=="
        },
        {
          "index_key": 20,
          "schema_version": 0,
          "attributes": {
            "id": "-",
            "input": [
              "100000"
            ],
            "keepers": null,
            "result": [
              "100000"
            ],
            "result_count": null,
            "seed": null
          },
          "sensitive_attributes": [],
          "private": "bnVsbA=="
        },
        {
          "index_key": 21,
          "schema_version": 0,
          "attributes": {
            "id": "-",
            "input": [
              "100000"
            ],
            "keepers": null,
            "result": [
              "100000"
            ],
            "result_count": null,
            "seed": null
          },
          "sensitive_attributes": [],
          "private": "bnVsbA=="
        },
        {
          "index_key": 22,
          "schema_version": 0,
          "attributes": {
            "id": "-",
            "input": [
              "100000"
            ],
            "keepers": null,
            "result": [
              "100000"
            ],
            "result_count": null,
            "seed": null
          },
          "sensitive_attributes": [],
          "private": "bnVsbA=="
        },
        {
          "index_key": 23,
          "schema_version": 0,
          "attributes": {
            "id": "-",
            "input": [
              "100000"
            ],
            "keepers": null,
            "result": [
              "100000"
            ],
            "result_count": null,
            "seed": null
          },
          "sensitive_attributes": [],
          "private": "bnVsbA=="
        },
        {
          "index_key": 24,
          "schema_version": 0,
          "attributes": {
            "id": "-",
            "input": [
              "100000"
            ],
            "keepers": null,
            "result": [
              "100000"
            ],
            "result_count": null,
            "seed": null
          },
          "sensitive_attributes": [],
          "private": "bnVsbA=="
        },
        {
          "index_key": 25,
          "schema_version": 0,
          "attributes": {
            "id": "-",
            "input": [
              "100000"
            ],
            "keepers": null,
            "result": [
              "100000"
            ],
            "result_count": null,
            "seed": null
          },
          "sensitive_attributes": [],
          "private": "bnVsbA=="
        },
        {
          "index_key": 26,
          "schema_version": 0,
          "attributes": {
            "id": "-",
            "input": [
              "100000"
            ],
            "keepers": null,
            "result": [
              "100000"
            ],
            "result_count": null,
            "seed": null
          },
          "sensitive_attributes": [],
          "private": "bnVsbA=="
        },
        {
          "index_key": 27,
          "schema_version": 0,
          "attributes": {
            "id": "-",
            "input": [
              "100000"
            ],
            "keepers": null,
            "result": [
              "100000"
            ],
            "result_count": null,
            "seed": null
          },
          "sensitive_attributes": [],
          "private": "bnVsbA=="
        },
        {
          "index_key": 28,
          "schema_version": 0,
          "attributes": {
            "id": "-",
            "input": [
              "100000"
            ],
            "keepers": null,
            "result": [
              "100000"
            ],
            "result_count": null,
            "seed": null
          },
          "sensitive_attributes": [],
          "private": "bnVsbA=="
        },
        {
          "index_key": 29,
          "schema_version": 0,
          "attributes": {
            "id": "-",
            "input": [
              "100000"
            ],
            "keepers": null,
            "result": [
              "100000"
            ],
            "result_count": null,
            "seed": null
          },
          "sensitive_attributes": [],
          "private": "bnVsbA=="
        },
        {
          "index_key": 30,
          "schema_version": 0,
          "attributes": {
            "id": "-",
            "input": [
              "100000"
            ],
            "keepers": null,
            "result": [
              "100000"
            ],
            "result_count": null,
            "seed": null
          },
          "sensitive_attributes": [],
          "private": "bnVsbA=="
        },
        {
          "index_key": 31,
          "schema_version": 0,
          "attributes": {
            "id": "-",
            "input": [
              "100000"
            ],
            "keepers": null,
            "result": [
              "100000"
            ],
            "result_count": null,
            "seed": null
          },
          "sensitive_attributes": [],
          "private": "bnVsbA=="
        },
        {
          "index_key": 32,
          "schema_version": 0,
          "attributes": {
            "id": "-",
            "input": [
              "100000"
            ],
            "keepers": null,
            "result": [
              "100000"
            ],
            "result_count": null,
            "seed": null
          },
          "sensitive_attributes": [],
          "private": "bnVsbA=="
        },
        {
          "index_key": 33,
          "schema_version": 0,
          "attributes": {
            "id": "-",
            "input": [
              "100000"
            ],
            "keepers": null,
            "result": [
              "100000"
            ],
            "result_count": null,
            "seed": null
          },
          "sensitive_attributes": [],
          "private": "bnVsbA=="
        },
        {
          "index_key": 34,
          "schema_version": 0,
          "attributes": {
            "id": "-",
            "input": [
              "100000"
            ],
            "keepers": null,
            "result": [
              "100000"
            ],
            "result_count": null,
            "seed": null
          },
          "sensitive_attributes": [],
          "private": "bnVsbA=="
        },
        {
          "index_key": 35,
          "schema_version": 0,
          "attributes": {
            "id": "-",
            "input": [
              "100000"
            ],
            "keepers": null,
            "result": [
              "100000"
            ],
            "result_count": null,
            "seed": null
          },
          "sensitive_attributes": [],
          "private": "bnVsbA=="
        },
        {
          "index_key": 36,
          "schema_version": 0,
          "attributes": {
            "id": "-",
            "input": [
              "100000"
            ],
            "keepers": null,
            "result": [
              "100000"
            ],
            "result_count": null,
            "seed": null
          },
          "sensitive_attributes": [],
          "private": "bnVsbA=="
        },
        {
          "index_key": 37,
          "schema_version": 0,
          "attributes": {
            "id": "-",
            "input": [
              "100000"
            ],
            "keepers": null,
            "result": [
              "100000"
            ],
            "result_count": null,
            "seed": null
          },
          "sensitive_attributes": [],
          "private": "bnVsbA=="
        },
        {
          "index_key": 38,
          "schema_version": 0,
          "attributes": {
            "id": "-",
            "input": [
              "100000"
            ],
            "keepers": null,
            "result": [
              "100000"
            ],
            "result_count": null,
            "seed": null
          },
          "sensitive_attributes": [],
          "private": "bnVsbA=="
        },
        {
          "index_key": 39,
          "schema_version": 0,
          "attributes": {
            "id": "-",
            "input": [
              "100000"
            ],
            "keepers": null,
            "result": [
              "100000"
            ],
            "result_count": null,
            "seed": null
          },
          "sensitive_attributes": [],
          "private": "bnVsbA=="
        },
        {
          "index_key": 40,
          "schema_version": 0,
          "attributes": {
            "id": "-",
            "input": [
              "100000"
            ],
            "keepers": null,
            "result": [
              "100000"
            ],
            "result_count": null,
            "seed": null
          },
          "sensitive_attributes": [],
          "private": "bnVsbA=="
        },
        {
          "index_key": 41,
          "schema_version": 0,
          "attributes": {
            "id": "-",
            "input": [
              "100000"
            ],
            "keepers": null,
            "result": [
              "100000"
            ],
            "result_count": null,
            "seed": null
          },
          "sensitive_attributes": [],
          "private": "bnVsbA=="
        },
        {
          "index_key": 42,
          "schema_version": 0,
          "attributes": {
            "id": "-",
            "input": [
              "100000"
            ],
            "keepers": null,
            "result": [
              "100000"
            ],
            "result_count": null,
            "seed": null
          },
          "sensitive_attributes": [],
          "private": "bnVsbA=="
        },
        {
          "index_key": 43,
          "schema_version": 0,
          "attributes": {
            "id": "-",
            "input": [
              "100000"
            ],
            "keepers": null,
            "result": [
              "100000"
            ],
            "result_count": null,
            "seed": null
          },
          "sensitive_attributes": [],
          "private": "bnVsbA=="
        },
        {
          "index_key": 44,
          "schema_version": 0,
          "attributes": {
            "id": "-",
            "input": [
              "100000"
            ],
            "keepers": null,
            "result": [
              "100000"
            ],
            "result_count": null,
            "seed": null
          },
          "sensitive_attributes": [],
          "private": "bnVsbA=="
        },
        {
          "index_key": 45,
          "schema_version": 0,
          "attributes": {
            "id": "-",
            "input": [
              "100000"
            ],
            "keepers": null,
            "result": [
              "100000"
            ],
            "result_count": null,
            "seed": null
          },
          "sensitive_attributes": [],
          "private": "bnVsbA=="
        },
        {
          "index_key": 46,
          "schema_version": 0,
          "attributes": {
            "id": "-",
            "input": [
              "100000"
            ],
            "keepers": null,
            "result": [
              "100000"
            ],
            "result_count": null,
            "seed": null
          },
          "sensitive_attributes": [],
          "private": "bnVsbA=="
        },
        {
          "index_key": 47,
          "schema_version": 0,
          "attributes": {
            "id": "-",
            "input": [
              "100000"
            ],
            "keepers": null,
            "result": [
              "100000"
            ],
            "result_count": null,
            "seed": null
          },
          "sensitive_attributes": [],
          "private": "bnVsbA=="
        },
        {
          "index_key": 48,
          "schema_version": 0,
          "attributes": {
            "id": "-",
            "input": [
              "100000"
            ],
            "keepers": null,
            "result": [
              "100000"
            ],
            "result_count": null,
            "seed": null
          },
          "sensitive_attributes": [],
          "private": "bnVsbA=="
        },
        {
          "index_key": 49,
          "schema_version": 0,
          "attributes": {
            "id": "-",
            "input": [
              "100000"
            ],
            "keepers": null,
            "result": [
              "100000"
            ],
            "result_count": null,
            "seed": null
          },
          "sensitive_attributes": [],
          "private": "bnVsbA=="
        },
        {
          "index_key": 50,
          "schema_version": 0,
          "attributes": {
            "id": "-",
            "input": [
              "100000"
            ],
            "keepers": null,
            "result": [
              "100000"
            ],
            "result_count": null,
            "seed": null
          },
          "sensitive_attributes": [],
          "private": "bnVsbA=="
        },
        {
          "index_key": 51,
          "schema_version": 0,
          "attributes": {
            "id": "-",
            "input": [
              "100000"
            ],
            "keepers": null,
            "result": [
              "100000"
            ],
            "result_count": null,
            "seed": null
          },
          "sensitive_attributes": [],
          "private": "bnVsbA=="
        },
        {
          "index_key": 52,
          "schema_version": 0,
          "attributes": {
            "id": "-",
            "input": [
              "100000"
            ],
            "keepers": null,
            "result": [
              "100000"
            ],
            "result_count": null,
            "seed": null
          },
          "sensitive_attributes": [],
          "private": "bnVsbA=="
        },
        {
          "index_key": 53,
          "schema_version": 0,
          "attributes": {
            "id": "-",
            "input": [
              "100000"
            ],
            "keepers": null,
            "result": [
              "100000"
            ],
            "result_count": null,
            "seed": null
          },
          "sensitive_attributes": [],
          "private": "bnVsbA=="
        },
        {
          "index_key": 54,
          "schema_version": 0,
          "attributes": {
            "id": "-",
            "input": [
              "100000"
            ],
            "keepers": null,
            "result": [
              "100000"
            ],
            "result_count": null,
            "seed": null
          },
          "sensitive_attributes": [],
          "private": "bnVsbA=="
        },
        {
          "index_key": 55,
          "schema_version": 0,
          "attributes": {
            "id": "-",
            "input": [
              "100000"
            ],
            "keepers": null,
            "result": [
              "100000"
            ],
            "result_count": null,
            "seed": null
          },
          "sensitive_attributes": [],
          "private": "bnVsbA=="
        },
        {
          "index_key": 56,
          "schema_version": 0,
          "attributes": {
            "id": "-",
            "input": [
              "100000"
            ],
            "keepers": null,
            "result": [
              "100000"
            ],
            "result_count": null,
            "seed": null
          },
          "sensitive_attributes": [],
          "private": "bnVsbA=="
        },
        {
          "index_key": 57,
          "schema_version": 0,
          "attributes": {
            "id": "-",
            "input": [
              "100000"
            ],
            "keepers": null,
            "result": [
              "100000"
            ],
            "result_count": null,
            "seed": null
          },
          "sensitive_attributes": [],
          "private": "bnVsbA=="
        },
        {
          "index_key": 58,
          "schema_version": 0,
          "attributes": {
            "id": "-",
            "input": [
              "100000"
            ],
            "keepers": null,
            "result": [
              "100000"
            ],
            "result_count": null,
            "seed": null
          },
          "sensitive_attributes": [],
          "private": "bnVsbA=="
        },
        {
          "index_key": 59,
          "schema_version": 0,
          "attributes": {
            "id": "-",
            "input": [
              "100000"
            ],
            "keepers": null,
            "result": [
              "100000"
            ],
            "result_count": null,
            "seed": null
          },
          "sensitive_attributes": [],
          "private": "bnVsbA=="
        },
        {
          "index_key": 60,
          "schema_version": 0,
          "attributes": {
            "id": "-",
            "input": [
              "100000"
            ],
            "keepers": null,
            "result": [
              "100000"
            ],
            "result_count": null,
            "seed": null
          },
          "sensitive_attributes": [],
          "private": "bnVsbA=="
        },
        {
          "index_key": 61,
          "schema_version": 0,
          "attributes": {
            "id": "-",
            "input": [
              "100000"
            ],
            "keepers": null,
            "result": [
              "100000"
            ],
            "result_count": null,
            "seed": null
          },
          "sensitive_attributes": [],
          "private": "bnVsbA=="
        },
        {
          "index_key": 62,
          "schema_version": 0,
          "attributes": {
            "id": "-",
            "input": [
              "100000"
            ],
            "keepers": null,
            "result": [
              "100000"
            ],
            "result_count": null,
            "seed": null
          },
          "sensitive_attributes": [],
          "private": "bnVsbA=="
        },
        {
          "index_key": 63,
          "schema_version": 0,
          "attributes": {
            "id": "-",
            "input": [
              "100000"
            ],
            "keepers": null,
            "result": [
              "100000"
            ],
            "result_count": null,
            "seed": null
          },
          "sensitive_attributes": [],
          "private": "bnVsbA=="
        },
        {
          "index_key": 64,
          "schema_version": 0,
          "attributes": {
            "id": "-",
            "input": [
              "100000"
            ],
            "keepers": null,
            "result": [
              "100000"
            ],
            "result_count": null,
            "seed": null
          },
          "sensitive_attributes": [],
          "private": "bnVsbA=="
        },
        {
          "index_key": 65,
          "schema_version": 0,
          "attributes": {
            "id": "-",
            "input": [
              "100000"
            ],
            "keepers": null,
            "result": [
              "100000"
            ],
            "result_count": null,
            "seed": null
          },
          "sensitive_attributes": [],
          "private": "bnVsbA=="
        },
        {
          "index_key": 66,
          "schema_version": 0,
          "attributes": {
            "id": "-",
            "input": [
              "100000"
            ],
            "keepers": null,
            "result": [
              "100000"
            ],
            "result_count": null,
            "seed": null
          },
          "sensitive_attributes": [],
          "private": "bnVsbA=="
        },
        {
          "index_key": 67,
          "schema_version": 0,
          "attributes": {
            "id": "-",
            "input": [
              "100000"
            ],
            "keepers": null,
            "result": [
              "100000"
            ],
            "result_count": null,
            "seed": null
          },
          "sensitive_attributes": [],
          "private": "bnVsbA=="
        },
        {
          "index_key": 68,
          "schema_version": 0,
          "attributes": {
            "id": "-",
            "input": [
              "100000"
            ],
            "keepers": null,
            "result": [
              "100000"
            ],
            "result_count": null,
            "seed": null
          },
          "sensitive_attributes": [],
          "private": "bnVsbA=="
        },
        {
          "index_key": 69,
          "schema_version": 0,
          "attributes": {
            "id": "-",
            "input": [
              "100000"
            ],
            "keepers": null,
            "result": [
              "100000"
            ],
            "result_count": null,
            "seed": null
          },
          "sensitive_attributes": [],
          "private": "bnVsbA=="
        },
        {
          "index_key": 70,
          "schema_version": 0,
          "attributes": {
            "id": "-",
            "input": [
              "100000"
            ],
            "keepers": null,
            "result": [
              "100000"
            ],
            "result_count": null,
            "seed": null
          },
          "sensitive_attributes": [],
          "private": "bnVsbA=="
        },
        {
          "index_key": 71,
          "schema_version": 0,
          "attributes": {
            "id": "-",
            "input": [
              "100000"
            ],
            "keepers": null,
            "result": [
              "100000"
            ],
            "result_count": null,
            "seed": null
          },
          "sensitive_attributes": [],
          "private": "bnVsbA=="
        },
        {
          "index_key": 72,
          "schema_version": 0,
          "attributes": {
            "id": "-",
            "input": [
              "100000"
            ],
            "keepers": null,
            "result": [
              "100000"
            ],
            "result_count": null,
            "seed": null
          },
          "sensitive_attributes": [],
          "private": "bnVsbA=="
        },
        {
          "index_key": 73,
          "schema_version": 0,
          "attributes": {
            "id": "-",
            "input": [
              "100000"
            ],
            "keepers": null,
            "result": [
              "100000"
            ],
            "result_count": null,
            "seed": null
          },
          "sensitive_attributes": [],
          "private": "bnVsbA=="
        },
        {
          "index_key": 74,
          "schema_version": 0,
          "attributes": {
            "id": "-",
            "input": [
              "100000"
            ],
            "keepers": null,
            "result": [
              "100000"
            ],
            "result_count": null,
            "seed": null
          },
          "sensitive_attributes": [],
          "private": "bnVsbA=="
        },
        {
          "index_key": 75,
          "schema_version": 0,
          "attributes": {
            "id": "-",
            "input": [
              "100000"
            ],
            "keepers": null,
            "result": [
              "100000"
            ],
            "result_count": null,
            "seed": null
          },
          "sensitive_attributes": [],
          "private": "bnVsbA=="
        },
        {
          "index_key": 76,
          "schema_version": 0,
          "attributes": {
            "id": "-",
            "input": [
              "100000"
            ],
            "keepers": null,
            "result": [
              "100000"
            ],
            "result_count": null,
            "seed": null
          },
          "sensitive_attributes": [],
          "private": "bnVsbA=="
        },
        {
          "index_key": 77,
          "schema_version": 0,
          "attributes": {
            "id": "-",
            "input": [
              "100000"
            ],
            "keepers": null,
            "result": [
              "100000"
            ],
            "result_count": null,
            "seed": null
          },
          "sensitive_attributes": [],
          "private": "bnVsbA=="
        },
        {
          "index_key": 78,
          "schema_version": 0,
          "attributes": {
            "id": "-",
            "input": [
              "100000"
            ],
            "keepers": null,
            "result": [
              "100000"
            ],
            "result_count": null,
            "seed": null
          },
          "sensitive_attributes": [],
          "private": "bnVsbA=="
        },
        {
          "index_key": 79,
          "schema_version": 0,
          "attributes": {
            "id": "-",
            "input": [
              "100000"
            ],
            "keepers": null,
            "result": [
              "100000"
            ],
            "result_count": null,
            "seed": null
          },
          "sensitive_attributes": [],
          "private": "bnVsbA=="
        },
        {
          "index_key": 80,
          "schema_version": 0,
          "attributes": {
            "id": "-",
            "input": [
              "100000"
            ],
            "keepers": null,
            "result": [
              "100000"
            ],
            "result_count": null,
            "seed": null
          },
          "sensitive_attributes": [],
          "private": "bnVsbA=="
        },
        {
          "index_key": 81,
          "schema_version": 0,
          "attributes": {
            "id": "-",
            "input": [
              "100000"
            ],
            "keepers": null,
            "result": [
              "100000"
            ],
            "result_count": null,
            "seed": null
          },
          "sensitive_attributes": [],
          "private": "bnVsbA=="
        },
        {
          "index_key": 82,
          "schema_version": 0,
          "attributes": {
            "id": "-",
            "input": [
              "100000"
            ],
            "keepers": null,
            "result": [
              "100000"
            ],
            "result_count": null,
            "seed": null
          },
          "sensitive_attributes": [],
          "private": "bnVsbA=="
        },
        {
          "index_key": 83,
          "schema_version": 0,
          "attributes": {
            "id": "-",
            "input": [
              "100000"
            ],
            "keepers": null,
            "result": [
              "100000"
            ],
            "result_count": null,
            "seed": null
          },
          "sensitive_attributes": [],
          "private": "bnVsbA=="
        },
        {
          "index_key": 84,
          "schema_version": 0,
          "attributes": {
            "id": "-",
            "input": [
              "100000"
            ],
            "keepers": null,
            "result": [
              "100000"
            ],
            "result_count": null,
            "seed": null
          },
          "sensitive_attributes": [],
          "private": "bnVsbA=="
        },
        {
          "index_key": 85,
          "schema_version": 0,
          "attributes": {
            "id": "-",
            "input": [
              "100000"
            ],
            "keepers": null,
            "result": [
              "100000"
            ],
            "result_count": null,
            "seed": null
          },
          "sensitive_attributes": [],
          "private": "bnVsbA=="
        },
        {
          "index_key": 86,
          "schema_version": 0,
          "attributes": {
            "id": "-",
            "input": [
              "100000"
            ],
            "keepers": null,
            "result": [
              "100000"
            ],
            "result_count": null,
            "seed": null
          },
          "sensitive_attributes": [],
          "private": "bnVsbA=="
        },
        {
          "index_key": 87,
          "schema_version": 0,
          "attributes": {
            "id": "-",
            "input": [
              "100000"
            ],
            "keepers": null,
            "result": [
              "100000"
            ],
            "result_count": null,
            "seed": null
          },
          "sensitive_attributes": [],
          "private": "bnVsbA=="
        },
        {
          "index_key": 88,
          "schema_version": 0,
          "attributes": {
            "id": "-",
            "input": [
              "100000"
            ],
            "keepers": null,
            "result": [
              "100000"
            ],
            "result_count": null,
            "seed": null
          },
          "sensitive_attributes": [],
          "private": "bnVsbA=="
        },
        {
          "index_key": 89,
          "schema_version": 0,
          "attributes": {
            "id": "-",
            "input": [
              "100000"
            ],
            "keepers": null,
            "result": [
              "100000"
            ],
            "result_count": null,
            "seed": null
          },
          "sensitive_attributes": [],
          "private": "bnVsbA=="
        },
        {
          "index_key": 90,
          "schema_version": 0,
          "attributes": {
            "id": "-",
            "input": [
              "100000"
            ],
            "keepers": null,
            "result": [
              "100000"
            ],
            "result_count": null,
            "seed": null
          },
          "sensitive_attributes": [],
          "private": "bnVsbA=="
        },
        {
          "index_key": 91,
          "schema_version": 0,
          "attributes": {
            "id": "-",
            "input": [
              "100000"
            ],
            "keepers": null,
            "result": [
              "100000"
            ],
            "result_count": null,
            "seed": null
          },
          "sensitive_attributes": [],
          "private": "bnVsbA=="
        },
        {
          "index_key": 92,
          "schema_version": 0,
          "attributes": {
            "id": "-",
            "input": [
              "100000"
            ],
            "keepers": null,
            "result": [
              "100000"
            ],
            "result_count": null,
            "seed": null
          },
          "sensitive_attributes": [],
          "private": "bnVsbA=="
        },
        {
          "index_key": 93,
          "schema_version": 0,
          "attributes": {
            "id": "-",
            "input": [
              "100000"
            ],
            "keepers": null,
            "result": [
              "100000"
            ],
            "result_count": null,
            "seed": null
          },
          "sensitive_attributes": [],
          "private": "bnVsbA=="
        },
        {
          "index_key": 94,
          "schema_version": 0,
          "attributes": {
            "id": "-",
            "input": [
              "100000"
            ],
            "keepers": null,
            "result": [
              "100000"
            ],
            "result_count": null,
            "seed": null
          },
          "sensitive_attributes": [],
          "private": "bnVsbA=="
        },
        {
          "index_key": 95,
          "schema_version": 0,
          "attributes": {
            "id": "-",
            "input": [
              "100000"
            ],
            "keepers": null,
            "result": [
              "100000"
            ],
            "result_count": null,
            "seed": null
          },
          "sensitive_attributes": [],
          "private": "bnVsbA=="
        },
        {
          "index_key": 96,
          "schema_version": 0,
          "attributes": {
            "id": "-",
            "input": [
              "100000"
            ],
            "keepers": null,
            "result": [
              "100000"
            ],
            "result_count": null,
            "seed": null
          },
          "sensitive_attributes": [],
          "private": "bnVsbA=="
        },
        {
          "index_key": 97,
          "schema_version": 0,
          "attributes": {
            "id": "-",
            "input": [
              "100000"
            ],
            "keepers": null,
            "result": [
              "100000"
            ],
            "result_count": null,
            "seed": null
          },
          "sensitive_attributes": [],
          "private": "bnVsbA=="
        },
        {
          "index_key": 98,
          "schema_version": 0,
          "attributes": {
            "id": "-",
            "input": [
              "100000"
            ],
            "keepers": null,
            "result": [
              "100000"
            ],
            "result_count": null,
            "seed": null
          },
          "sensitive_attributes": [],
          "private": "bnVsbA=="
        },
        {
          "index_key": 99,
          "schema_version": 0,
          "attributes": {
            "id": "-",
            "input": [
              "100000"
            ],
            "keepers": null,
            "result": [
              "100000"
            ],
            "result_count": null,
            "seed": null
          },
          "sensitive_attributes": [],
          "private": "bnVsbA=="
        }
      ]
    },
    {
      "mode": "managed",
      "type": "random_shuffle",
      "name": "random_verbs",
      "provider": "provider[\"registry.terraform.io/hashicorp/random\"]",
      "instances": [
        {
          "index_key": 0,
          "schema_version": 0,
          "attributes": {
            "id": "-",
            "input": [
              "RAM",
              "RAM1"
            ],
            "keepers": null,
            "result": [
              "RAM1",
              "RAM"
            ],
            "result_count": null,
            "seed": null
          },
          "sensitive_attributes": [],
          "private": "bnVsbA=="
        },
        {
          "index_key": 1,
          "schema_version": 0,
          "attributes": {
            "id": "-",
            "input": [
              "RAM",
              "RAM1"
            ],
            "keepers": null,
            "result": [
              "RAM",
              "RAM1"
            ],
            "result_count": null,
            "seed": null
          },
          "sensitive_attributes": [],
          "private": "bnVsbA=="
        },
        {
          "index_key": 2,
          "schema_version": 0,
          "attributes": {
            "id": "-",
            "input": [
              "RAM",
              "RAM1"
            ],
            "keepers": null,
            "result": [
              "RAM",
              "RAM1"
            ],
            "result_count": null,
            "seed": null
          },
          "sensitive_attributes": [],
          "private": "bnVsbA=="
        },
        {
          "index_key": 3,
          "schema_version": 0,
          "attributes": {
            "id": "-",
            "input": [
              "RAM",
              "RAM1"
            ],
            "keepers": null,
            "result": [
              "RAM1",
              "RAM"
            ],
            "result_count": null,
            "seed": null
          },
          "sensitive_attributes": [],
          "private": "bnVsbA=="
        },
        {
          "index_key": 4,
          "schema_version": 0,
          "attributes": {
            "id": "-",
            "input": [
              "RAM",
              "RAM1"
            ],
            "keepers": null,
            "result": [
              "RAM",
              "RAM1"
            ],
            "result_count": null,
            "seed": null
          },
          "sensitive_attributes": [],
          "private": "bnVsbA=="
        },
        {
          "index_key": 5,
          "schema_version": 0,
          "attributes": {
            "id": "-",
            "input": [
              "RAM",
              "RAM1"
            ],
            "keepers": null,
            "result": [
              "RAM1",
              "RAM"
            ],
            "result_count": null,
            "seed": null
          },
          "sensitive_attributes": [],
          "private": "bnVsbA=="
        },
        {
          "index_key": 6,
          "schema_version": 0,
          "attributes": {
            "id": "-",
            "input": [
              "RAM",
              "RAM1"
            ],
            "keepers": null,
            "result": [
              "RAM1",
              "RAM"
            ],
            "result_count": null,
            "seed": null
          },
          "sensitive_attributes": [],
          "private": "bnVsbA=="
        },
        {
          "index_key": 7,
          "schema_version": 0,
          "attributes": {
            "id": "-",
            "input": [
              "RAM",
              "RAM1"
            ],
            "keepers": null,
            "result": [
              "RAM1",
              "RAM"
            ],
            "result_count": null,
            "seed": null
          },
          "sensitive_attributes": [],
          "private": "bnVsbA=="
        },
        {
          "index_key": 8,
          "schema_version": 0,
          "attributes": {
            "id": "-",
            "input": [
              "RAM",
              "RAM1"
            ],
            "keepers": null,
            "result": [
              "RAM1",
              "RAM"
            ],
            "result_count": null,
            "seed": null
          },
          "sensitive_attributes": [],
          "private": "bnVsbA=="
        },
        {
          "index_key": 9,
          "schema_version": 0,
          "attributes": {
            "id": "-",
            "input": [
              "RAM",
              "RAM1"
            ],
            "keepers": null,
            "result": [
              "RAM1",
              "RAM"
            ],
            "result_count": null,
            "seed": null
          },
          "sensitive_attributes": [],
          "private": "bnVsbA=="
        },
        {
          "index_key": 10,
          "schema_version": 0,
          "attributes": {
            "id": "-",
            "input": [
              "RAM",
              "RAM1"
            ],
            "keepers": null,
            "result": [
              "RAM1",
              "RAM"
            ],
            "result_count": null,
            "seed": null
          },
          "sensitive_attributes": [],
          "private": "bnVsbA=="
        },
        {
          "index_key": 11,
          "schema_version": 0,
          "attributes": {
            "id": "-",
            "input": [
              "RAM",
              "RAM1"
            ],
            "keepers": null,
            "result": [
              "RAM",
              "RAM1"
            ],
            "result_count": null,
            "seed": null
          },
          "sensitive_attributes": [],
          "private": "bnVsbA=="
        },
        {
          "index_key": 12,
          "schema_version": 0,
          "attributes": {
            "id": "-",
            "input": [
              "RAM",
              "RAM1"
            ],
            "keepers": null,
            "result": [
              "RAM1",
              "RAM"
            ],
            "result_count": null,
            "seed": null
          },
          "sensitive_attributes": [],
          "private": "bnVsbA=="
        },
        {
          "index_key": 13,
          "schema_version": 0,
          "attributes": {
            "id": "-",
            "input": [
              "RAM",
              "RAM1"
            ],
            "keepers": null,
            "result": [
              "RAM",
              "RAM1"
            ],
            "result_count": null,
            "seed": null
          },
          "sensitive_attributes": [],
          "private": "bnVsbA=="
        },
        {
          "index_key": 14,
          "schema_version": 0,
          "attributes": {
            "id": "-",
            "input": [
              "RAM",
              "RAM1"
            ],
            "keepers": null,
            "result": [
              "RAM1",
              "RAM"
            ],
            "result_count": null,
            "seed": null
          },
          "sensitive_attributes": [],
          "private": "bnVsbA=="
        },
        {
          "index_key": 15,
          "schema_version": 0,
          "attributes": {
            "id": "-",
            "input": [
              "RAM",
              "RAM1"
            ],
            "keepers": null,
            "result": [
              "RAM1",
              "RAM"
            ],
            "result_count": null,
            "seed": null
          },
          "sensitive_attributes": [],
          "private": "bnVsbA=="
        },
        {
          "index_key": 16,
          "schema_version": 0,
          "attributes": {
            "id": "-",
            "input": [
              "RAM",
              "RAM1"
            ],
            "keepers": null,
            "result": [
              "RAM",
              "RAM1"
            ],
            "result_count": null,
            "seed": null
          },
          "sensitive_attributes": [],
          "private": "bnVsbA=="
        },
        {
          "index_key": 17,
          "schema_version": 0,
          "attributes": {
            "id": "-",
            "input": [
              "RAM",
              "RAM1"
            ],
            "keepers": null,
            "result": [
              "RAM1",
              "RAM"
            ],
            "result_count": null,
            "seed": null
          },
          "sensitive_attributes": [],
          "private": "bnVsbA=="
        },
        {
          "index_key": 18,
          "schema_version": 0,
          "attributes": {
            "id": "-",
            "input": [
              "RAM",
              "RAM1"
            ],
            "keepers": null,
            "result": [
              "RAM",
              "RAM1"
            ],
            "result_count": null,
            "seed": null
          },
          "sensitive_attributes": [],
          "private": "bnVsbA=="
        },
        {
          "index_key": 19,
          "schema_version": 0,
          "attributes": {
            "id": "-",
            "input": [
              "RAM",
              "RAM1"
            ],
            "keepers": null,
            "result": [
              "RAM1",
              "RAM"
            ],
            "result_count": null,
            "seed": null
          },
          "sensitive_attributes": [],
          "private": "bnVsbA=="
        },
        {
          "index_key": 20,
          "schema_version": 0,
          "attributes": {
            "id": "-",
            "input": [
              "RAM",
              "RAM1"
            ],
            "keepers": null,
            "result": [
              "RAM1",
              "RAM"
            ],
            "result_count": null,
            "seed": null
          },
          "sensitive_attributes": [],
          "private": "bnVsbA=="
        },
        {
          "index_key": 21,
          "schema_version": 0,
          "attributes": {
            "id": "-",
            "input": [
              "RAM",
              "RAM1"
            ],
            "keepers": null,
            "result": [
              "RAM",
              "RAM1"
            ],
            "result_count": null,
            "seed": null
          },
          "sensitive_attributes": [],
          "private": "bnVsbA=="
        },
        {
          "index_key": 22,
          "schema_version": 0,
          "attributes": {
            "id": "-",
            "input": [
              "RAM",
              "RAM1"
            ],
            "keepers": null,
            "result": [
              "RAM1",
              "RAM"
            ],
            "result_count": null,
            "seed": null
          },
          "sensitive_attributes": [],
          "private": "bnVsbA=="
        },
        {
          "index_key": 23,
          "schema_version": 0,
          "attributes": {
            "id": "-",
            "input": [
              "RAM",
              "RAM1"
            ],
            "keepers": null,
            "result": [
              "RAM1",
              "RAM"
            ],
            "result_count": null,
            "seed": null
          },
          "sensitive_attributes": [],
          "private": "bnVsbA=="
        },
        {
          "index_key": 24,
          "schema_version": 0,
          "attributes": {
            "id": "-",
            "input": [
              "RAM",
              "RAM1"
            ],
            "keepers": null,
            "result": [
              "RAM1",
              "RAM"
            ],
            "result_count": null,
            "seed": null
          },
          "sensitive_attributes": [],
          "private": "bnVsbA=="
        },
        {
          "index_key": 25,
          "schema_version": 0,
          "attributes": {
            "id": "-",
            "input": [
              "RAM",
              "RAM1"
            ],
            "keepers": null,
            "result": [
              "RAM1",
              "RAM"
            ],
            "result_count": null,
            "seed": null
          },
          "sensitive_attributes": [],
          "private": "bnVsbA=="
        },
        {
          "index_key": 26,
          "schema_version": 0,
          "attributes": {
            "id": "-",
            "input": [
              "RAM",
              "RAM1"
            ],
            "keepers": null,
            "result": [
              "RAM",
              "RAM1"
            ],
            "result_count": null,
            "seed": null
          },
          "sensitive_attributes": [],
          "private": "bnVsbA=="
        },
        {
          "index_key": 27,
          "schema_version": 0,
          "attributes": {
            "id": "-",
            "input": [
              "RAM",
              "RAM1"
            ],
            "keepers": null,
            "result": [
              "RAM1",
              "RAM"
            ],
            "result_count": null,
            "seed": null
          },
          "sensitive_attributes": [],
          "private": "bnVsbA=="
        },
        {
          "index_key": 28,
          "schema_version": 0,
          "attributes": {
            "id": "-",
            "input": [
              "RAM",
              "RAM1"
            ],
            "keepers": null,
            "result": [
              "RAM",
              "RAM1"
            ],
            "result_count": null,
            "seed": null
          },
          "sensitive_attributes": [],
          "private": "bnVsbA=="
        },
        {
          "index_key": 29,
          "schema_version": 0,
          "attributes": {
            "id": "-",
            "input": [
              "RAM",
              "RAM1"
            ],
            "keepers": null,
            "result": [
              "RAM",
              "RAM1"
            ],
            "result_count": null,
            "seed": null
          },
          "sensitive_attributes": [],
          "private": "bnVsbA=="
        },
        {
          "index_key": 30,
          "schema_version": 0,
          "attributes": {
            "id": "-",
            "input": [
              "RAM",
              "RAM1"
            ],
            "keepers": null,
            "result": [
              "RAM",
              "RAM1"
            ],
            "result_count": null,
            "seed": null
          },
          "sensitive_attributes": [],
          "private": "bnVsbA=="
        },
        {
          "index_key": 31,
          "schema_version": 0,
          "attributes": {
            "id": "-",
            "input": [
              "RAM",
              "RAM1"
            ],
            "keepers": null,
            "result": [
              "RAM1",
              "RAM"
            ],
            "result_count": null,
            "seed": null
          },
          "sensitive_attributes": [],
          "private": "bnVsbA=="
        },
        {
          "index_key": 32,
          "schema_version": 0,
          "attributes": {
            "id": "-",
            "input": [
              "RAM",
              "RAM1"
            ],
            "keepers": null,
            "result": [
              "RAM",
              "RAM1"
            ],
            "result_count": null,
            "seed": null
          },
          "sensitive_attributes": [],
          "private": "bnVsbA=="
        },
        {
          "index_key": 33,
          "schema_version": 0,
          "attributes": {
            "id": "-",
            "input": [
              "RAM",
              "RAM1"
            ],
            "keepers": null,
            "result": [
              "RAM1",
              "RAM"
            ],
            "result_count": null,
            "seed": null
          },
          "sensitive_attributes": [],
          "private": "bnVsbA=="
        },
        {
          "index_key": 34,
          "schema_version": 0,
          "attributes": {
            "id": "-",
            "input": [
              "RAM",
              "RAM1"
            ],
            "keepers": null,
            "result": [
              "RAM",
              "RAM1"
            ],
            "result_count": null,
            "seed": null
          },
          "sensitive_attributes": [],
          "private": "bnVsbA=="
        },
        {
          "index_key": 35,
          "schema_version": 0,
          "attributes": {
            "id": "-",
            "input": [
              "RAM",
              "RAM1"
            ],
            "keepers": null,
            "result": [
              "RAM",
              "RAM1"
            ],
            "result_count": null,
            "seed": null
          },
          "sensitive_attributes": [],
          "private": "bnVsbA=="
        },
        {
          "index_key": 36,
          "schema_version": 0,
          "attributes": {
            "id": "-",
            "input": [
              "RAM",
              "RAM1"
            ],
            "keepers": null,
            "result": [
              "RAM1",
              "RAM"
            ],
            "result_count": null,
            "seed": null
          },
          "sensitive_attributes": [],
          "private": "bnVsbA=="
        },
        {
          "index_key": 37,
          "schema_version": 0,
          "attributes": {
            "id": "-",
            "input": [
              "RAM",
              "RAM1"
            ],
            "keepers": null,
            "result": [
              "RAM1",
              "RAM"
            ],
            "result_count": null,
            "seed": null
          },
          "sensitive_attributes": [],
          "private": "bnVsbA=="
        },
        {
          "index_key": 38,
          "schema_version": 0,
          "attributes": {
            "id": "-",
            "input": [
              "RAM",
              "RAM1"
            ],
            "keepers": null,
            "result": [
              "RAM1",
              "RAM"
            ],
            "result_count": null,
            "seed": null
          },
          "sensitive_attributes": [],
          "private": "bnVsbA=="
        },
        {
          "index_key": 39,
          "schema_version": 0,
          "attributes": {
            "id": "-",
            "input": [
              "RAM",
              "RAM1"
            ],
            "keepers": null,
            "result": [
              "RAM",
              "RAM1"
            ],
            "result_count": null,
            "seed": null
          },
          "sensitive_attributes": [],
          "private": "bnVsbA=="
        },
        {
          "index_key": 40,
          "schema_version": 0,
          "attributes": {
            "id": "-",
            "input": [
              "RAM",
              "RAM1"
            ],
            "keepers": null,
            "result": [
              "RAM",
              "RAM1"
            ],
            "result_count": null,
            "seed": null
          },
          "sensitive_attributes": [],
          "private": "bnVsbA=="
        },
        {
          "index_key": 41,
          "schema_version": 0,
          "attributes": {
            "id": "-",
            "input": [
              "RAM",
              "RAM1"
            ],
            "keepers": null,
            "result": [
              "RAM",
              "RAM1"
            ],
            "result_count": null,
            "seed": null
          },
          "sensitive_attributes": [],
          "private": "bnVsbA=="
        },
        {
          "index_key": 42,
          "schema_version": 0,
          "attributes": {
            "id": "-",
            "input": [
              "RAM",
              "RAM1"
            ],
            "keepers": null,
            "result": [
              "RAM1",
              "RAM"
            ],
            "result_count": null,
            "seed": null
          },
          "sensitive_attributes": [],
          "private": "bnVsbA=="
        },
        {
          "index_key": 43,
          "schema_version": 0,
          "attributes": {
            "id": "-",
            "input": [
              "RAM",
              "RAM1"
            ],
            "keepers": null,
            "result": [
              "RAM1",
              "RAM"
            ],
            "result_count": null,
            "seed": null
          },
          "sensitive_attributes": [],
          "private": "bnVsbA=="
        },
        {
          "index_key": 44,
          "schema_version": 0,
          "attributes": {
            "id": "-",
            "input": [
              "RAM",
              "RAM1"
            ],
            "keepers": null,
            "result": [
              "RAM",
              "RAM1"
            ],
            "result_count": null,
            "seed": null
          },
          "sensitive_attributes": [],
          "private": "bnVsbA=="
        },
        {
          "index_key": 45,
          "schema_version": 0,
          "attributes": {
            "id": "-",
            "input": [
              "RAM",
              "RAM1"
            ],
            "keepers": null,
            "result": [
              "RAM1",
              "RAM"
            ],
            "result_count": null,
            "seed": null
          },
          "sensitive_attributes": [],
          "private": "bnVsbA=="
        },
        {
          "index_key": 46,
          "schema_version": 0,
          "attributes": {
            "id": "-",
            "input": [
              "RAM",
              "RAM1"
            ],
            "keepers": null,
            "result": [
              "RAM1",
              "RAM"
            ],
            "result_count": null,
            "seed": null
          },
          "sensitive_attributes": [],
          "private": "bnVsbA=="
        },
        {
          "index_key": 47,
          "schema_version": 0,
          "attributes": {
            "id": "-",
            "input": [
              "RAM",
              "RAM1"
            ],
            "keepers": null,
            "result": [
              "RAM1",
              "RAM"
            ],
            "result_count": null,
            "seed": null
          },
          "sensitive_attributes": [],
          "private": "bnVsbA=="
        },
        {
          "index_key": 48,
          "schema_version": 0,
          "attributes": {
            "id": "-",
            "input": [
              "RAM",
              "RAM1"
            ],
            "keepers": null,
            "result": [
              "RAM",
              "RAM1"
            ],
            "result_count": null,
            "seed": null
          },
          "sensitive_attributes": [],
          "private": "bnVsbA=="
        },
        {
          "index_key": 49,
          "schema_version": 0,
          "attributes": {
            "id": "-",
            "input": [
              "RAM",
              "RAM1"
            ],
            "keepers": null,
            "result": [
              "RAM1",
              "RAM"
            ],
            "result_count": null,
            "seed": null
          },
          "sensitive_attributes": [],
          "private": "bnVsbA=="
        },
        {
          "index_key": 50,
          "schema_version": 0,
          "attributes": {
            "id": "-",
            "input": [
              "RAM",
              "RAM1"
            ],
            "keepers": null,
            "result": [
              "RAM",
              "RAM1"
            ],
            "result_count": null,
            "seed": null
          },
          "sensitive_attributes": [],
          "private": "bnVsbA=="
        },
        {
          "index_key": 51,
          "schema_version": 0,
          "attributes": {
            "id": "-",
            "input": [
              "RAM",
              "RAM1"
            ],
            "keepers": null,
            "result": [
              "RAM",
              "RAM1"
            ],
            "result_count": null,
            "seed": null
          },
          "sensitive_attributes": [],
          "private": "bnVsbA=="
        },
        {
          "index_key": 52,
          "schema_version": 0,
          "attributes": {
            "id": "-",
            "input": [
              "RAM",
              "RAM1"
            ],
            "keepers": null,
            "result": [
              "RAM",
              "RAM1"
            ],
            "result_count": null,
            "seed": null
          },
          "sensitive_attributes": [],
          "private": "bnVsbA=="
        },
        {
          "index_key": 53,
          "schema_version": 0,
          "attributes": {
            "id": "-",
            "input": [
              "RAM",
              "RAM1"
            ],
            "keepers": null,
            "result": [
              "RAM1",
              "RAM"
            ],
            "result_count": null,
            "seed": null
          },
          "sensitive_attributes": [],
          "private": "bnVsbA=="
        },
        {
          "index_key": 54,
          "schema_version": 0,
          "attributes": {
            "id": "-",
            "input": [
              "RAM",
              "RAM1"
            ],
            "keepers": null,
            "result": [
              "RAM1",
              "RAM"
            ],
            "result_count": null,
            "seed": null
          },
          "sensitive_attributes": [],
          "private": "bnVsbA=="
        },
        {
          "index_key": 55,
          "schema_version": 0,
          "attributes": {
            "id": "-",
            "input": [
              "RAM",
              "RAM1"
            ],
            "keepers": null,
            "result": [
              "RAM",
              "RAM1"
            ],
            "result_count": null,
            "seed": null
          },
          "sensitive_attributes": [],
          "private": "bnVsbA=="
        },
        {
          "index_key": 56,
          "schema_version": 0,
          "attributes": {
            "id": "-",
            "input": [
              "RAM",
              "RAM1"
            ],
            "keepers": null,
            "result": [
              "RAM",
              "RAM1"
            ],
            "result_count": null,
            "seed": null
          },
          "sensitive_attributes": [],
          "private": "bnVsbA=="
        },
        {
          "index_key": 57,
          "schema_version": 0,
          "attributes": {
            "id": "-",
            "input": [
              "RAM",
              "RAM1"
            ],
            "keepers": null,
            "result": [
              "RAM1",
              "RAM"
            ],
            "result_count": null,
            "seed": null
          },
          "sensitive_attributes": [],
          "private": "bnVsbA=="
        },
        {
          "index_key": 58,
          "schema_version": 0,
          "attributes": {
            "id": "-",
            "input": [
              "RAM",
              "RAM1"
            ],
            "keepers": null,
            "result": [
              "RAM1",
              "RAM"
            ],
            "result_count": null,
            "seed": null
          },
          "sensitive_attributes": [],
          "private": "bnVsbA=="
        },
        {
          "index_key": 59,
          "schema_version": 0,
          "attributes": {
            "id": "-",
            "input": [
              "RAM",
              "RAM1"
            ],
            "keepers": null,
            "result": [
              "RAM1",
              "RAM"
            ],
            "result_count": null,
            "seed": null
          },
          "sensitive_attributes": [],
          "private": "bnVsbA=="
        },
        {
          "index_key": 60,
          "schema_version": 0,
          "attributes": {
            "id": "-",
            "input": [
              "RAM",
              "RAM1"
            ],
            "keepers": null,
            "result": [
              "RAM1",
              "RAM"
            ],
            "result_count": null,
            "seed": null
          },
          "sensitive_attributes": [],
          "private": "bnVsbA=="
        },
        {
          "index_key": 61,
          "schema_version": 0,
          "attributes": {
            "id": "-",
            "input": [
              "RAM",
              "RAM1"
            ],
            "keepers": null,
            "result": [
              "RAM1",
              "RAM"
            ],
            "result_count": null,
            "seed": null
          },
          "sensitive_attributes": [],
          "private": "bnVsbA=="
        },
        {
          "index_key": 62,
          "schema_version": 0,
          "attributes": {
            "id": "-",
            "input": [
              "RAM",
              "RAM1"
            ],
            "keepers": null,
            "result": [
              "RAM1",
              "RAM"
            ],
            "result_count": null,
            "seed": null
          },
          "sensitive_attributes": [],
          "private": "bnVsbA=="
        },
        {
          "index_key": 63,
          "schema_version": 0,
          "attributes": {
            "id": "-",
            "input": [
              "RAM",
              "RAM1"
            ],
            "keepers": null,
            "result": [
              "RAM1",
              "RAM"
            ],
            "result_count": null,
            "seed": null
          },
          "sensitive_attributes": [],
          "private": "bnVsbA=="
        },
        {
          "index_key": 64,
          "schema_version": 0,
          "attributes": {
            "id": "-",
            "input": [
              "RAM",
              "RAM1"
            ],
            "keepers": null,
            "result": [
              "RAM1",
              "RAM"
            ],
            "result_count": null,
            "seed": null
          },
          "sensitive_attributes": [],
          "private": "bnVsbA=="
        },
        {
          "index_key": 65,
          "schema_version": 0,
          "attributes": {
            "id": "-",
            "input": [
              "RAM",
              "RAM1"
            ],
            "keepers": null,
            "result": [
              "RAM",
              "RAM1"
            ],
            "result_count": null,
            "seed": null
          },
          "sensitive_attributes": [],
          "private": "bnVsbA=="
        },
        {
          "index_key": 66,
          "schema_version": 0,
          "attributes": {
            "id": "-",
            "input": [
              "RAM",
              "RAM1"
            ],
            "keepers": null,
            "result": [
              "RAM",
              "RAM1"
            ],
            "result_count": null,
            "seed": null
          },
          "sensitive_attributes": [],
          "private": "bnVsbA=="
        },
        {
          "index_key": 67,
          "schema_version": 0,
          "attributes": {
            "id": "-",
            "input": [
              "RAM",
              "RAM1"
            ],
            "keepers": null,
            "result": [
              "RAM",
              "RAM1"
            ],
            "result_count": null,
            "seed": null
          },
          "sensitive_attributes": [],
          "private": "bnVsbA=="
        },
        {
          "index_key": 68,
          "schema_version": 0,
          "attributes": {
            "id": "-",
            "input": [
              "RAM",
              "RAM1"
            ],
            "keepers": null,
            "result": [
              "RAM1",
              "RAM"
            ],
            "result_count": null,
            "seed": null
          },
          "sensitive_attributes": [],
          "private": "bnVsbA=="
        },
        {
          "index_key": 69,
          "schema_version": 0,
          "attributes": {
            "id": "-",
            "input": [
              "RAM",
              "RAM1"
            ],
            "keepers": null,
            "result": [
              "RAM",
              "RAM1"
            ],
            "result_count": null,
            "seed": null
          },
          "sensitive_attributes": [],
          "private": "bnVsbA=="
        },
        {
          "index_key": 70,
          "schema_version": 0,
          "attributes": {
            "id": "-",
            "input": [
              "RAM",
              "RAM1"
            ],
            "keepers": null,
            "result": [
              "RAM",
              "RAM1"
            ],
            "result_count": null,
            "seed": null
          },
          "sensitive_attributes": [],
          "private": "bnVsbA=="
        },
        {
          "index_key": 71,
          "schema_version": 0,
          "attributes": {
            "id": "-",
            "input": [
              "RAM",
              "RAM1"
            ],
            "keepers": null,
            "result": [
              "RAM1",
              "RAM"
            ],
            "result_count": null,
            "seed": null
          },
          "sensitive_attributes": [],
          "private": "bnVsbA=="
        },
        {
          "index_key": 72,
          "schema_version": 0,
          "attributes": {
            "id": "-",
            "input": [
              "RAM",
              "RAM1"
            ],
            "keepers": null,
            "result": [
              "RAM1",
              "RAM"
            ],
            "result_count": null,
            "seed": null
          },
          "sensitive_attributes": [],
          "private": "bnVsbA=="
        },
        {
          "index_key": 73,
          "schema_version": 0,
          "attributes": {
            "id": "-",
            "input": [
              "RAM",
              "RAM1"
            ],
            "keepers": null,
            "result": [
              "RAM1",
              "RAM"
            ],
            "result_count": null,
            "seed": null
          },
          "sensitive_attributes": [],
          "private": "bnVsbA=="
        },
        {
          "index_key": 74,
          "schema_version": 0,
          "attributes": {
            "id": "-",
            "input": [
              "RAM",
              "RAM1"
            ],
            "keepers": null,
            "result": [
              "RAM",
              "RAM1"
            ],
            "result_count": null,
            "seed": null
          },
          "sensitive_attributes": [],
          "private": "bnVsbA=="
        },
        {
          "index_key": 75,
          "schema_version": 0,
          "attributes": {
            "id": "-",
            "input": [
              "RAM",
              "RAM1"
            ],
            "keepers": null,
            "result": [
              "RAM",
              "RAM1"
            ],
            "result_count": null,
            "seed": null
          },
          "sensitive_attributes": [],
          "private": "bnVsbA=="
        },
        {
          "index_key": 76,
          "schema_version": 0,
          "attributes": {
            "id": "-",
            "input": [
              "RAM",
              "RAM1"
            ],
            "keepers": null,
            "result": [
              "RAM1",
              "RAM"
            ],
            "result_count": null,
            "seed": null
          },
          "sensitive_attributes": [],
          "private": "bnVsbA=="
        },
        {
          "index_key": 77,
          "schema_version": 0,
          "attributes": {
            "id": "-",
            "input": [
              "RAM",
              "RAM1"
            ],
            "keepers": null,
            "result": [
              "RAM",
              "RAM1"
            ],
            "result_count": null,
            "seed": null
          },
          "sensitive_attributes": [],
          "private": "bnVsbA=="
        },
        {
          "index_key": 78,
          "schema_version": 0,
          "attributes": {
            "id": "-",
            "input": [
              "RAM",
              "RAM1"
            ],
            "keepers": null,
            "result": [
              "RAM",
              "RAM1"
            ],
            "result_count": null,
            "seed": null
          },
          "sensitive_attributes": [],
          "private": "bnVsbA=="
        },
        {
          "index_key": 79,
          "schema_version": 0,
          "attributes": {
            "id": "-",
            "input": [
              "RAM",
              "RAM1"
            ],
            "keepers": null,
            "result": [
              "RAM",
              "RAM1"
            ],
            "result_count": null,
            "seed": null
          },
          "sensitive_attributes": [],
          "private": "bnVsbA=="
        },
        {
          "index_key": 80,
          "schema_version": 0,
          "attributes": {
            "id": "-",
            "input": [
              "RAM",
              "RAM1"
            ],
            "keepers": null,
            "result": [
              "RAM1",
              "RAM"
            ],
            "result_count": null,
            "seed": null
          },
          "sensitive_attributes": [],
          "private": "bnVsbA=="
        },
        {
          "index_key": 81,
          "schema_version": 0,
          "attributes": {
            "id": "-",
            "input": [
              "RAM",
              "RAM1"
            ],
            "keepers": null,
            "result": [
              "RAM1",
              "RAM"
            ],
            "result_count": null,
            "seed": null
          },
          "sensitive_attributes": [],
          "private": "bnVsbA=="
        },
        {
          "index_key": 82,
          "schema_version": 0,
          "attributes": {
            "id": "-",
            "input": [
              "RAM",
              "RAM1"
            ],
            "keepers": null,
            "result": [
              "RAM",
              "RAM1"
            ],
            "result_count": null,
            "seed": null
          },
          "sensitive_attributes": [],
          "private": "bnVsbA=="
        },
        {
          "index_key": 83,
          "schema_version": 0,
          "attributes": {
            "id": "-",
            "input": [
              "RAM",
              "RAM1"
            ],
            "keepers": null,
            "result": [
              "RAM",
              "RAM1"
            ],
            "result_count": null,
            "seed": null
          },
          "sensitive_attributes": [],
          "private": "bnVsbA=="
        },
        {
          "index_key": 84,
          "schema_version": 0,
          "attributes": {
            "id": "-",
            "input": [
              "RAM",
              "RAM1"
            ],
            "keepers": null,
            "result": [
              "RAM1",
              "RAM"
            ],
            "result_count": null,
            "seed": null
          },
          "sensitive_attributes": [],
          "private": "bnVsbA=="
        },
        {
          "index_key": 85,
          "schema_version": 0,
          "attributes": {
            "id": "-",
            "input": [
              "RAM",
              "RAM1"
            ],
            "keepers": null,
            "result": [
              "RAM1",
              "RAM"
            ],
            "result_count": null,
            "seed": null
          },
          "sensitive_attributes": [],
          "private": "bnVsbA=="
        },
        {
          "index_key": 86,
          "schema_version": 0,
          "attributes": {
            "id": "-",
            "input": [
              "RAM",
              "RAM1"
            ],
            "keepers": null,
            "result": [
              "RAM",
              "RAM1"
            ],
            "result_count": null,
            "seed": null
          },
          "sensitive_attributes": [],
          "private": "bnVsbA=="
        },
        {
          "index_key": 87,
          "schema_version": 0,
          "attributes": {
            "id": "-",
            "input": [
              "RAM",
              "RAM1"
            ],
            "keepers": null,
            "result": [
              "RAM",
              "RAM1"
            ],
            "result_count": null,
            "seed": null
          },
          "sensitive_attributes": [],
          "private": "bnVsbA=="
        },
        {
          "index_key": 88,
          "schema_version": 0,
          "attributes": {
            "id": "-",
            "input": [
              "RAM",
              "RAM1"
            ],
            "keepers": null,
            "result": [
              "RAM1",
              "RAM"
            ],
            "result_count": null,
            "seed": null
          },
          "sensitive_attributes": [],
          "private": "bnVsbA=="
        },
        {
          "index_key": 89,
          "schema_version": 0,
          "attributes": {
            "id": "-",
            "input": [
              "RAM",
              "RAM1"
            ],
            "keepers": null,
            "result": [
              "RAM",
              "RAM1"
            ],
            "result_count": null,
            "seed": null
          },
          "sensitive_attributes": [],
          "private": "bnVsbA=="
        },
        {
          "index_key": 90,
          "schema_version": 0,
          "attributes": {
            "id": "-",
            "input": [
              "RAM",
              "RAM1"
            ],
            "keepers": null,
            "result": [
              "RAM1",
              "RAM"
            ],
            "result_count": null,
            "seed": null
          },
          "sensitive_attributes": [],
          "private": "bnVsbA=="
        },
        {
          "index_key": 91,
          "schema_version": 0,
          "attributes": {
            "id": "-",
            "input": [
              "RAM",
              "RAM1"
            ],
            "keepers": null,
            "result": [
              "RAM",
              "RAM1"
            ],
            "result_count": null,
            "seed": null
          },
          "sensitive_attributes": [],
          "private": "bnVsbA=="
        },
        {
          "index_key": 92,
          "schema_version": 0,
          "attributes": {
            "id": "-",
            "input": [
              "RAM",
              "RAM1"
            ],
            "keepers": null,
            "result": [
              "RAM",
              "RAM1"
            ],
            "result_count": null,
            "seed": null
          },
          "sensitive_attributes": [],
          "private": "bnVsbA=="
        },
        {
          "index_key": 93,
          "schema_version": 0,
          "attributes": {
            "id": "-",
            "input": [
              "RAM",
              "RAM1"
            ],
            "keepers": null,
            "result": [
              "RAM",
              "RAM1"
            ],
            "result_count": null,
            "seed": null
          },
          "sensitive_attributes": [],
          "private": "bnVsbA=="
        },
        {
          "index_key": 94,
          "schema_version": 0,
          "attributes": {
            "id": "-",
            "input": [
              "RAM",
              "RAM1"
            ],
            "keepers": null,
            "result": [
              "RAM1",
              "RAM"
            ],
            "result_count": null,
            "seed": null
          },
          "sensitive_attributes": [],
          "private": "bnVsbA=="
        },
        {
          "index_key": 95,
          "schema_version": 0,
          "attributes": {
            "id": "-",
            "input": [
              "RAM",
              "RAM1"
            ],
            "keepers": null,
            "result": [
              "RAM",
              "RAM1"
            ],
            "result_count": null,
            "seed": null
          },
          "sensitive_attributes": [],
          "private": "bnVsbA=="
        },
        {
          "index_key": 96,
          "schema_version": 0,
          "attributes": {
            "id": "-",
            "input": [
              "RAM",
              "RAM1"
            ],
            "keepers": null,
            "result": [
              "RAM1",
              "RAM"
            ],
            "result_count": null,
            "seed": null
          },
          "sensitive_attributes": [],
          "private": "bnVsbA=="
        },
        {
          "index_key": 97,
          "schema_version": 0,
          "attributes": {
            "id": "-",
            "input": [
              "RAM",
              "RAM1"
            ],
            "keepers": null,
            "result": [
              "RAM1",
              "RAM"
            ],
            "result_count": null,
            "seed": null
          },
          "sensitive_attributes": [],
          "private": "bnVsbA=="
        },
        {
          "index_key": 98,
          "schema_version": 0,
          "attributes": {
            "id": "-",
            "input": [
              "RAM",
              "RAM1"
            ],
            "keepers": null,
            "result": [
              "RAM",
              "RAM1"
            ],
            "result_count": null,
            "seed": null
          },
          "sensitive_attributes": [],
          "private": "bnVsbA=="
        },
        {
          "index_key": 99,
          "schema_version": 0,
          "attributes": {
            "id": "-",
            "input": [
              "RAM",
              "RAM1"
            ],
            "keepers": null,
            "result": [
              "RAM1",
              "RAM"
            ],
            "result_count": null,
            "seed": null
          },
          "sensitive_attributes": [],
          "private": "bnVsbA=="
        }
      ]
    }
  ]
}
