{
  "version": 4,
  "terraform_version": "1.0.10",
  "serial": 603,
  "lineage": "6f7a4c44-0dd1-2f44-245d-de2d9f0f265d",
  "outputs": {},
  "resources": [
    {
      "mode": "data",
      "type": "archive_file",
      "name": "mad_libs",
      "provider": "provider[\"registry.terraform.io/hashicorp/archive\"]",
      "instances": [
        {
          "schema_version": 0,
          "attributes": {
            "excludes": null,
            "id": "d38243b06cda9e6a7809ae430a396b98d31c3875",
            "output_base64sha256": "1VTM7R/N8T/T354R1tG4fhrKqnn/sLaLt3Tnm7/DoGI=",
            "output_file_mode": null,
            "output_md5": "0847abb59777a91261781f6c7bcd2645",
            "output_path": "C:/Users/YASHVIN/gcp_terraform/madlibs_for_loop_and_template/madlibs.zip",
            "output_sha": "d38243b06cda9e6a7809ae430a396b98d31c3875",
            "output_size": 19652,
            "source": [],
            "source_content": null,
            "source_content_filename": null,
            "source_dir": "./madlibs",
            "source_file": null,
            "type": "zip"
          },
          "sensitive_attributes": []
        }
      ]
    },
    {
      "mode": "managed",
      "type": "local_file",
      "name": "mad_libs",
      "provider": "provider[\"registry.terraform.io/hashicorp/local\"]",
      "instances": [
        {
          "index_key": 0,
          "schema_version": 0,
          "attributes": {
            "content": "THE OBSERVATORY\r\nOut class when on a field trip to a YASH observatory. It\r\n",
            "content_base64": null,
            "directory_permission": "0777",
            "file_permission": "0777",
            "filename": "madlibs/madlibs-0.txt",
            "id": "be9e1bb17edda58ede786ff4192736a296d77632",
            "sensitive_content": null,
            "source": null
          },
          "sensitive_attributes": [],
          "private": "bnVsbA==",
          "dependencies": [
            "random_shuffle.random_adjectives",
            "random_shuffle.random_adverbs",
            "random_shuffle.random_nouns",
            "random_shuffle.random_numbers",
            "random_shuffle.random_verbs"
          ]
        },
        {
          "index_key": 1,
          "schema_version": 0,
          "attributes": {
            "content": "HOW TO BE A PHOTOGRAPHER\r\nMany YASH photographers make big money\r\n",
            "content_base64": null,
            "directory_permission": "0777",
            "file_permission": "0777",
            "filename": "madlibs/madlibs-1.txt",
            "id": "f581b7f224559e9de5177c01b8d89f67b84565a6",
            "sensitive_content": null,
            "source": null
          },
          "sensitive_attributes": [],
          "private": "bnVsbA==",
          "dependencies": [
            "random_shuffle.random_adjectives",
            "random_shuffle.random_adverbs",
            "random_shuffle.random_nouns",
            "random_shuffle.random_numbers",
            "random_shuffle.random_verbs"
          ]
        },
        {
          "index_key": 2,
          "schema_version": 0,
          "attributes": {
            "content": "THE OBSERVATORY\r\nOut class when on a field trip to a YASH observatory. It\r\n",
            "content_base64": null,
            "directory_permission": "0777",
            "file_permission": "0777",
            "filename": "madlibs/madlibs-2.txt",
            "id": "be9e1bb17edda58ede786ff4192736a296d77632",
            "sensitive_content": null,
            "source": null
          },
          "sensitive_attributes": [],
          "private": "bnVsbA==",
          "dependencies": [
            "random_shuffle.random_adjectives",
            "random_shuffle.random_adverbs",
            "random_shuffle.random_nouns",
            "random_shuffle.random_numbers",
            "random_shuffle.random_verbs"
          ]
        },
        {
          "index_key": 3,
          "schema_version": 0,
          "attributes": {
            "content": "HOW TO BE A PHOTOGRAPHER\r\nMany YASH photographers make big money\r\n",
            "content_base64": null,
            "directory_permission": "0777",
            "file_permission": "0777",
            "filename": "madlibs/madlibs-3.txt",
            "id": "f581b7f224559e9de5177c01b8d89f67b84565a6",
            "sensitive_content": null,
            "source": null
          },
          "sensitive_attributes": [],
          "private": "bnVsbA==",
          "dependencies": [
            "random_shuffle.random_adjectives",
            "random_shuffle.random_adverbs",
            "random_shuffle.random_nouns",
            "random_shuffle.random_numbers",
            "random_shuffle.random_verbs"
          ]
        },
        {
          "index_key": 4,
          "schema_version": 0,
          "attributes": {
            "content": "THE OBSERVATORY\r\nOut class when on a field trip to a YASH observatory. It\r\n",
            "content_base64": null,
            "directory_permission": "0777",
            "file_permission": "0777",
            "filename": "madlibs/madlibs-4.txt",
            "id": "be9e1bb17edda58ede786ff4192736a296d77632",
            "sensitive_content": null,
            "source": null
          },
          "sensitive_attributes": [],
          "private": "bnVsbA==",
          "dependencies": [
            "random_shuffle.random_adjectives",
            "random_shuffle.random_adverbs",
            "random_shuffle.random_nouns",
            "random_shuffle.random_numbers",
            "random_shuffle.random_verbs"
          ]
        },
        {
          "index_key": 5,
          "schema_version": 0,
          "attributes": {
            "content": "HOW TO BE A PHOTOGRAPHER\r\nMany YASH photographers make big money\r\n",
            "content_base64": null,
            "directory_permission": "0777",
            "file_permission": "0777",
            "filename": "madlibs/madlibs-5.txt",
            "id": "f581b7f224559e9de5177c01b8d89f67b84565a6",
            "sensitive_content": null,
            "source": null
          },
          "sensitive_attributes": [],
          "private": "bnVsbA==",
          "dependencies": [
            "random_shuffle.random_adjectives",
            "random_shuffle.random_adverbs",
            "random_shuffle.random_nouns",
            "random_shuffle.random_numbers",
            "random_shuffle.random_verbs"
          ]
        },
        {
          "index_key": 6,
          "schema_version": 0,
          "attributes": {
            "content": "THE OBSERVATORY\r\nOut class when on a field trip to a YASH observatory. It\r\n",
            "content_base64": null,
            "directory_permission": "0777",
            "file_permission": "0777",
            "filename": "madlibs/madlibs-6.txt",
            "id": "be9e1bb17edda58ede786ff4192736a296d77632",
            "sensitive_content": null,
            "source": null
          },
          "sensitive_attributes": [],
          "private": "bnVsbA==",
          "dependencies": [
            "random_shuffle.random_adjectives",
            "random_shuffle.random_adverbs",
            "random_shuffle.random_nouns",
            "random_shuffle.random_numbers",
            "random_shuffle.random_verbs"
          ]
        },
        {
          "index_key": 7,
          "schema_version": 0,
          "attributes": {
            "content": "HOW TO BE A PHOTOGRAPHER\r\nMany YASH photographers make big money\r\n",
            "content_base64": null,
            "directory_permission": "0777",
            "file_permission": "0777",
            "filename": "madlibs/madlibs-7.txt",
            "id": "f581b7f224559e9de5177c01b8d89f67b84565a6",
            "sensitive_content": null,
            "source": null
          },
          "sensitive_attributes": [],
          "private": "bnVsbA==",
          "dependencies": [
            "random_shuffle.random_adjectives",
            "random_shuffle.random_adverbs",
            "random_shuffle.random_nouns",
            "random_shuffle.random_numbers",
            "random_shuffle.random_verbs"
          ]
        },
        {
          "index_key": 8,
          "schema_version": 0,
          "attributes": {
            "content": "THE OBSERVATORY\r\nOut class when on a field trip to a YASH observatory. It\r\n",
            "content_base64": null,
            "directory_permission": "0777",
            "file_permission": "0777",
            "filename": "madlibs/madlibs-8.txt",
            "id": "be9e1bb17edda58ede786ff4192736a296d77632",
            "sensitive_content": null,
            "source": null
          },
          "sensitive_attributes": [],
          "private": "bnVsbA==",
          "dependencies": [
            "random_shuffle.random_adjectives",
            "random_shuffle.random_adverbs",
            "random_shuffle.random_nouns",
            "random_shuffle.random_numbers",
            "random_shuffle.random_verbs"
          ]
        },
        {
          "index_key": 9,
          "schema_version": 0,
          "attributes": {
            "content": "HOW TO BE A PHOTOGRAPHER\r\nMany YASH photographers make big money\r\n",
            "content_base64": null,
            "directory_permission": "0777",
            "file_permission": "0777",
            "filename": "madlibs/madlibs-9.txt",
            "id": "f581b7f224559e9de5177c01b8d89f67b84565a6",
            "sensitive_content": null,
            "source": null
          },
          "sensitive_attributes": [],
          "private": "bnVsbA==",
          "dependencies": [
            "random_shuffle.random_adjectives",
            "random_shuffle.random_adverbs",
            "random_shuffle.random_nouns",
            "random_shuffle.random_numbers",
            "random_shuffle.random_verbs"
          ]
        },
        {
          "index_key": 10,
          "schema_version": 0,
          "attributes": {
            "content": "THE OBSERVATORY\r\nOut class when on a field trip to a YASH observatory. It\r\n",
            "content_base64": null,
            "directory_permission": "0777",
            "file_permission": "0777",
            "filename": "madlibs/madlibs-10.txt",
            "id": "be9e1bb17edda58ede786ff4192736a296d77632",
            "sensitive_content": null,
            "source": null
          },
          "sensitive_attributes": [],
          "private": "bnVsbA==",
          "dependencies": [
            "random_shuffle.random_adjectives",
            "random_shuffle.random_adverbs",
            "random_shuffle.random_nouns",
            "random_shuffle.random_numbers",
            "random_shuffle.random_verbs"
          ]
        },
        {
          "index_key": 11,
          "schema_version": 0,
          "attributes": {
            "content": "HOW TO BE A PHOTOGRAPHER\r\nMany YASH photographers make big money\r\n",
            "content_base64": null,
            "directory_permission": "0777",
            "file_permission": "0777",
            "filename": "madlibs/madlibs-11.txt",
            "id": "f581b7f224559e9de5177c01b8d89f67b84565a6",
            "sensitive_content": null,
            "source": null
          },
          "sensitive_attributes": [],
          "private": "bnVsbA==",
          "dependencies": [
            "random_shuffle.random_adjectives",
            "random_shuffle.random_adverbs",
            "random_shuffle.random_nouns",
            "random_shuffle.random_numbers",
            "random_shuffle.random_verbs"
          ]
        },
        {
          "index_key": 12,
          "schema_version": 0,
          "attributes": {
            "content": "THE OBSERVATORY\r\nOut class when on a field trip to a YASH observatory. It\r\n",
            "content_base64": null,
            "directory_permission": "0777",
            "file_permission": "0777",
            "filename": "madlibs/madlibs-12.txt",
            "id": "be9e1bb17edda58ede786ff4192736a296d77632",
            "sensitive_content": null,
            "source": null
          },
          "sensitive_attributes": [],
          "private": "bnVsbA==",
          "dependencies": [
            "random_shuffle.random_adjectives",
            "random_shuffle.random_adverbs",
            "random_shuffle.random_nouns",
            "random_shuffle.random_numbers",
            "random_shuffle.random_verbs"
          ]
        },
        {
          "index_key": 13,
          "schema_version": 0,
          "attributes": {
            "content": "HOW TO BE A PHOTOGRAPHER\r\nMany YASH photographers make big money\r\n",
            "content_base64": null,
            "directory_permission": "0777",
            "file_permission": "0777",
            "filename": "madlibs/madlibs-13.txt",
            "id": "f581b7f224559e9de5177c01b8d89f67b84565a6",
            "sensitive_content": null,
            "source": null
          },
          "sensitive_attributes": [],
          "private": "bnVsbA==",
          "dependencies": [
            "random_shuffle.random_adjectives",
            "random_shuffle.random_adverbs",
            "random_shuffle.random_nouns",
            "random_shuffle.random_numbers",
            "random_shuffle.random_verbs"
          ]
        },
        {
          "index_key": 14,
          "schema_version": 0,
          "attributes": {
            "content": "THE OBSERVATORY\r\nOut class when on a field trip to a YASH observatory. It\r\n",
            "content_base64": null,
            "directory_permission": "0777",
            "file_permission": "0777",
            "filename": "madlibs/madlibs-14.txt",
            "id": "be9e1bb17edda58ede786ff4192736a296d77632",
            "sensitive_content": null,
            "source": null
          },
          "sensitive_attributes": [],
          "private": "bnVsbA==",
          "dependencies": [
            "random_shuffle.random_adjectives",
            "random_shuffle.random_adverbs",
            "random_shuffle.random_nouns",
            "random_shuffle.random_numbers",
            "random_shuffle.random_verbs"
          ]
        },
        {
          "index_key": 15,
          "schema_version": 0,
          "attributes": {
            "content": "HOW TO BE A PHOTOGRAPHER\r\nMany YASH photographers make big money\r\n",
            "content_base64": null,
            "directory_permission": "0777",
            "file_permission": "0777",
            "filename": "madlibs/madlibs-15.txt",
            "id": "f581b7f224559e9de5177c01b8d89f67b84565a6",
            "sensitive_content": null,
            "source": null
          },
          "sensitive_attributes": [],
          "private": "bnVsbA==",
          "dependencies": [
            "random_shuffle.random_adjectives",
            "random_shuffle.random_adverbs",
            "random_shuffle.random_nouns",
            "random_shuffle.random_numbers",
            "random_shuffle.random_verbs"
          ]
        },
        {
          "index_key": 16,
          "schema_version": 0,
          "attributes": {
            "content": "THE OBSERVATORY\r\nOut class when on a field trip to a YASH observatory. It\r\n",
            "content_base64": null,
            "directory_permission": "0777",
            "file_permission": "0777",
            "filename": "madlibs/madlibs-16.txt",
            "id": "be9e1bb17edda58ede786ff4192736a296d77632",
            "sensitive_content": null,
            "source": null
          },
          "sensitive_attributes": [],
          "private": "bnVsbA==",
          "dependencies": [
            "random_shuffle.random_adjectives",
            "random_shuffle.random_adverbs",
            "random_shuffle.random_nouns",
            "random_shuffle.random_numbers",
            "random_shuffle.random_verbs"
          ]
        },
        {
          "index_key": 17,
          "schema_version": 0,
          "attributes": {
            "content": "HOW TO BE A PHOTOGRAPHER\r\nMany YASH photographers make big money\r\n",
            "content_base64": null,
            "directory_permission": "0777",
            "file_permission": "0777",
            "filename": "madlibs/madlibs-17.txt",
            "id": "f581b7f224559e9de5177c01b8d89f67b84565a6",
            "sensitive_content": null,
            "source": null
          },
          "sensitive_attributes": [],
          "private": "bnVsbA==",
          "dependencies": [
            "random_shuffle.random_adjectives",
            "random_shuffle.random_adverbs",
            "random_shuffle.random_nouns",
            "random_shuffle.random_numbers",
            "random_shuffle.random_verbs"
          ]
        },
        {
          "index_key": 18,
          "schema_version": 0,
          "attributes": {
            "content": "THE OBSERVATORY\r\nOut class when on a field trip to a YASH observatory. It\r\n",
            "content_base64": null,
            "directory_permission": "0777",
            "file_permission": "0777",
            "filename": "madlibs/madlibs-18.txt",
            "id": "be9e1bb17edda58ede786ff4192736a296d77632",
            "sensitive_content": null,
            "source": null
          },
          "sensitive_attributes": [],
          "private": "bnVsbA==",
          "dependencies": [
            "random_shuffle.random_adjectives",
            "random_shuffle.random_adverbs",
            "random_shuffle.random_nouns",
            "random_shuffle.random_numbers",
            "random_shuffle.random_verbs"
          ]
        },
        {
          "index_key": 19,
          "schema_version": 0,
          "attributes": {
            "content": "HOW TO BE A PHOTOGRAPHER\r\nMany YASH photographers make big money\r\n",
            "content_base64": null,
            "directory_permission": "0777",
            "file_permission": "0777",
            "filename": "madlibs/madlibs-19.txt",
            "id": "f581b7f224559e9de5177c01b8d89f67b84565a6",
            "sensitive_content": null,
            "source": null
          },
          "sensitive_attributes": [],
          "private": "bnVsbA==",
          "dependencies": [
            "random_shuffle.random_adjectives",
            "random_shuffle.random_adverbs",
            "random_shuffle.random_nouns",
            "random_shuffle.random_numbers",
            "random_shuffle.random_verbs"
          ]
        },
        {
          "index_key": 20,
          "schema_version": 0,
          "attributes": {
            "content": "THE OBSERVATORY\r\nOut class when on a field trip to a YASH observatory. It\r\n",
            "content_base64": null,
            "directory_permission": "0777",
            "file_permission": "0777",
            "filename": "madlibs/madlibs-20.txt",
            "id": "be9e1bb17edda58ede786ff4192736a296d77632",
            "sensitive_content": null,
            "source": null
          },
          "sensitive_attributes": [],
          "private": "bnVsbA==",
          "dependencies": [
            "random_shuffle.random_adjectives",
            "random_shuffle.random_adverbs",
            "random_shuffle.random_nouns",
            "random_shuffle.random_numbers",
            "random_shuffle.random_verbs"
          ]
        },
        {
          "index_key": 21,
          "schema_version": 0,
          "attributes": {
            "content": "HOW TO BE A PHOTOGRAPHER\r\nMany YASH photographers make big money\r\n",
            "content_base64": null,
            "directory_permission": "0777",
            "file_permission": "0777",
            "filename": "madlibs/madlibs-21.txt",
            "id": "f581b7f224559e9de5177c01b8d89f67b84565a6",
            "sensitive_content": null,
            "source": null
          },
          "sensitive_attributes": [],
          "private": "bnVsbA==",
          "dependencies": [
            "random_shuffle.random_adjectives",
            "random_shuffle.random_adverbs",
            "random_shuffle.random_nouns",
            "random_shuffle.random_numbers",
            "random_shuffle.random_verbs"
          ]
        },
        {
          "index_key": 22,
          "schema_version": 0,
          "attributes": {
            "content": "THE OBSERVATORY\r\nOut class when on a field trip to a YASH observatory. It\r\n",
            "content_base64": null,
            "directory_permission": "0777",
            "file_permission": "0777",
            "filename": "madlibs/madlibs-22.txt",
            "id": "be9e1bb17edda58ede786ff4192736a296d77632",
            "sensitive_content": null,
            "source": null
          },
          "sensitive_attributes": [],
          "private": "bnVsbA==",
          "dependencies": [
            "random_shuffle.random_adjectives",
            "random_shuffle.random_adverbs",
            "random_shuffle.random_nouns",
            "random_shuffle.random_numbers",
            "random_shuffle.random_verbs"
          ]
        },
        {
          "index_key": 23,
          "schema_version": 0,
          "attributes": {
            "content": "HOW TO BE A PHOTOGRAPHER\r\nMany YASH photographers make big money\r\n",
            "content_base64": null,
            "directory_permission": "0777",
            "file_permission": "0777",
            "filename": "madlibs/madlibs-23.txt",
            "id": "f581b7f224559e9de5177c01b8d89f67b84565a6",
            "sensitive_content": null,
            "source": null
          },
          "sensitive_attributes": [],
          "private": "bnVsbA==",
          "dependencies": [
            "random_shuffle.random_adjectives",
            "random_shuffle.random_adverbs",
            "random_shuffle.random_nouns",
            "random_shuffle.random_numbers",
            "random_shuffle.random_verbs"
          ]
        },
        {
          "index_key": 24,
          "schema_version": 0,
          "attributes": {
            "content": "THE OBSERVATORY\r\nOut class when on a field trip to a YASH observatory. It\r\n",
            "content_base64": null,
            "directory_permission": "0777",
            "file_permission": "0777",
            "filename": "madlibs/madlibs-24.txt",
            "id": "be9e1bb17edda58ede786ff4192736a296d77632",
            "sensitive_content": null,
            "source": null
          },
          "sensitive_attributes": [],
          "private": "bnVsbA==",
          "dependencies": [
            "random_shuffle.random_adjectives",
            "random_shuffle.random_adverbs",
            "random_shuffle.random_nouns",
            "random_shuffle.random_numbers",
            "random_shuffle.random_verbs"
          ]
        },
        {
          "index_key": 25,
          "schema_version": 0,
          "attributes": {
            "content": "HOW TO BE A PHOTOGRAPHER\r\nMany YASH photographers make big money\r\n",
            "content_base64": null,
            "directory_permission": "0777",
            "file_permission": "0777",
            "filename": "madlibs/madlibs-25.txt",
            "id": "f581b7f224559e9de5177c01b8d89f67b84565a6",
            "sensitive_content": null,
            "source": null
          },
          "sensitive_attributes": [],
          "private": "bnVsbA==",
          "dependencies": [
            "random_shuffle.random_adjectives",
            "random_shuffle.random_adverbs",
            "random_shuffle.random_nouns",
            "random_shuffle.random_numbers",
            "random_shuffle.random_verbs"
          ]
        },
        {
          "index_key": 26,
          "schema_version": 0,
          "attributes": {
            "content": "THE OBSERVATORY\r\nOut class when on a field trip to a YASH observatory. It\r\n",
            "content_base64": null,
            "directory_permission": "0777",
            "file_permission": "0777",
            "filename": "madlibs/madlibs-26.txt",
            "id": "be9e1bb17edda58ede786ff4192736a296d77632",
            "sensitive_content": null,
            "source": null
          },
          "sensitive_attributes": [],
          "private": "bnVsbA==",
          "dependencies": [
            "random_shuffle.random_adjectives",
            "random_shuffle.random_adverbs",
            "random_shuffle.random_nouns",
            "random_shuffle.random_numbers",
            "random_shuffle.random_verbs"
          ]
        },
        {
          "index_key": 27,
          "schema_version": 0,
          "attributes": {
            "content": "HOW TO BE A PHOTOGRAPHER\r\nMany YASH photographers make big money\r\n",
            "content_base64": null,
            "directory_permission": "0777",
            "file_permission": "0777",
            "filename": "madlibs/madlibs-27.txt",
            "id": "f581b7f224559e9de5177c01b8d89f67b84565a6",
            "sensitive_content": null,
            "source": null
          },
          "sensitive_attributes": [],
          "private": "bnVsbA==",
          "dependencies": [
            "random_shuffle.random_adjectives",
            "random_shuffle.random_adverbs",
            "random_shuffle.random_nouns",
            "random_shuffle.random_numbers",
            "random_shuffle.random_verbs"
          ]
        },
        {
          "index_key": 28,
          "schema_version": 0,
          "attributes": {
            "content": "THE OBSERVATORY\r\nOut class when on a field trip to a YASH observatory. It\r\n",
            "content_base64": null,
            "directory_permission": "0777",
            "file_permission": "0777",
            "filename": "madlibs/madlibs-28.txt",
            "id": "be9e1bb17edda58ede786ff4192736a296d77632",
            "sensitive_content": null,
            "source": null
          },
          "sensitive_attributes": [],
          "private": "bnVsbA==",
          "dependencies": [
            "random_shuffle.random_adjectives",
            "random_shuffle.random_adverbs",
            "random_shuffle.random_nouns",
            "random_shuffle.random_numbers",
            "random_shuffle.random_verbs"
          ]
        },
        {
          "index_key": 29,
          "schema_version": 0,
          "attributes": {
            "content": "HOW TO BE A PHOTOGRAPHER\r\nMany YASH photographers make big money\r\n",
            "content_base64": null,
            "directory_permission": "0777",
            "file_permission": "0777",
            "filename": "madlibs/madlibs-29.txt",
            "id": "f581b7f224559e9de5177c01b8d89f67b84565a6",
            "sensitive_content": null,
            "source": null
          },
          "sensitive_attributes": [],
          "private": "bnVsbA==",
          "dependencies": [
            "random_shuffle.random_adjectives",
            "random_shuffle.random_adverbs",
            "random_shuffle.random_nouns",
            "random_shuffle.random_numbers",
            "random_shuffle.random_verbs"
          ]
        },
        {
          "index_key": 30,
          "schema_version": 0,
          "attributes": {
            "content": "THE OBSERVATORY\r\nOut class when on a field trip to a YASH observatory. It\r\n",
            "content_base64": null,
            "directory_permission": "0777",
            "file_permission": "0777",
            "filename": "madlibs/madlibs-30.txt",
            "id": "be9e1bb17edda58ede786ff4192736a296d77632",
            "sensitive_content": null,
            "source": null
          },
          "sensitive_attributes": [],
          "private": "bnVsbA==",
          "dependencies": [
            "random_shuffle.random_adjectives",
            "random_shuffle.random_adverbs",
            "random_shuffle.random_nouns",
            "random_shuffle.random_numbers",
            "random_shuffle.random_verbs"
          ]
        },
        {
          "index_key": 31,
          "schema_version": 0,
          "attributes": {
            "content": "HOW TO BE A PHOTOGRAPHER\r\nMany YASH photographers make big money\r\n",
            "content_base64": null,
            "directory_permission": "0777",
            "file_permission": "0777",
            "filename": "madlibs/madlibs-31.txt",
            "id": "f581b7f224559e9de5177c01b8d89f67b84565a6",
            "sensitive_content": null,
            "source": null
          },
          "sensitive_attributes": [],
          "private": "bnVsbA==",
          "dependencies": [
            "random_shuffle.random_adjectives",
            "random_shuffle.random_adverbs",
            "random_shuffle.random_nouns",
            "random_shuffle.random_numbers",
            "random_shuffle.random_verbs"
          ]
        },
        {
          "index_key": 32,
          "schema_version": 0,
          "attributes": {
            "content": "THE OBSERVATORY\r\nOut class when on a field trip to a YASH observatory. It\r\n",
            "content_base64": null,
            "directory_permission": "0777",
            "file_permission": "0777",
            "filename": "madlibs/madlibs-32.txt",
            "id": "be9e1bb17edda58ede786ff4192736a296d77632",
            "sensitive_content": null,
            "source": null
          },
          "sensitive_attributes": [],
          "private": "bnVsbA==",
          "dependencies": [
            "random_shuffle.random_adjectives",
            "random_shuffle.random_adverbs",
            "random_shuffle.random_nouns",
            "random_shuffle.random_numbers",
            "random_shuffle.random_verbs"
          ]
        },
        {
          "index_key": 33,
          "schema_version": 0,
          "attributes": {
            "content": "HOW TO BE A PHOTOGRAPHER\r\nMany YASH photographers make big money\r\n",
            "content_base64": null,
            "directory_permission": "0777",
            "file_permission": "0777",
            "filename": "madlibs/madlibs-33.txt",
            "id": "f581b7f224559e9de5177c01b8d89f67b84565a6",
            "sensitive_content": null,
            "source": null
          },
          "sensitive_attributes": [],
          "private": "bnVsbA==",
          "dependencies": [
            "random_shuffle.random_adjectives",
            "random_shuffle.random_adverbs",
            "random_shuffle.random_nouns",
            "random_shuffle.random_numbers",
            "random_shuffle.random_verbs"
          ]
        },
        {
          "index_key": 34,
          "schema_version": 0,
          "attributes": {
            "content": "THE OBSERVATORY\r\nOut class when on a field trip to a YASH observatory. It\r\n",
            "content_base64": null,
            "directory_permission": "0777",
            "file_permission": "0777",
            "filename": "madlibs/madlibs-34.txt",
            "id": "be9e1bb17edda58ede786ff4192736a296d77632",
            "sensitive_content": null,
            "source": null
          },
          "sensitive_attributes": [],
          "private": "bnVsbA==",
          "dependencies": [
            "random_shuffle.random_adjectives",
            "random_shuffle.random_adverbs",
            "random_shuffle.random_nouns",
            "random_shuffle.random_numbers",
            "random_shuffle.random_verbs"
          ]
        },
        {
          "index_key": 35,
          "schema_version": 0,
          "attributes": {
            "content": "HOW TO BE A PHOTOGRAPHER\r\nMany YASH photographers make big money\r\n",
            "content_base64": null,
            "directory_permission": "0777",
            "file_permission": "0777",
            "filename": "madlibs/madlibs-35.txt",
            "id": "f581b7f224559e9de5177c01b8d89f67b84565a6",
            "sensitive_content": null,
            "source": null
          },
          "sensitive_attributes": [],
          "private": "bnVsbA==",
          "dependencies": [
            "random_shuffle.random_adjectives",
            "random_shuffle.random_adverbs",
            "random_shuffle.random_nouns",
            "random_shuffle.random_numbers",
            "random_shuffle.random_verbs"
          ]
        },
        {
          "index_key": 36,
          "schema_version": 0,
          "attributes": {
            "content": "THE OBSERVATORY\r\nOut class when on a field trip to a YASH observatory. It\r\n",
            "content_base64": null,
            "directory_permission": "0777",
            "file_permission": "0777",
            "filename": "madlibs/madlibs-36.txt",
            "id": "be9e1bb17edda58ede786ff4192736a296d77632",
            "sensitive_content": null,
            "source": null
          },
          "sensitive_attributes": [],
          "private": "bnVsbA==",
          "dependencies": [
            "random_shuffle.random_adjectives",
            "random_shuffle.random_adverbs",
            "random_shuffle.random_nouns",
            "random_shuffle.random_numbers",
            "random_shuffle.random_verbs"
          ]
        },
        {
          "index_key": 37,
          "schema_version": 0,
          "attributes": {
            "content": "HOW TO BE A PHOTOGRAPHER\r\nMany YASH photographers make big money\r\n",
            "content_base64": null,
            "directory_permission": "0777",
            "file_permission": "0777",
            "filename": "madlibs/madlibs-37.txt",
            "id": "f581b7f224559e9de5177c01b8d89f67b84565a6",
            "sensitive_content": null,
            "source": null
          },
          "sensitive_attributes": [],
          "private": "bnVsbA==",
          "dependencies": [
            "random_shuffle.random_adjectives",
            "random_shuffle.random_adverbs",
            "random_shuffle.random_nouns",
            "random_shuffle.random_numbers",
            "random_shuffle.random_verbs"
          ]
        },
        {
          "index_key": 38,
          "schema_version": 0,
          "attributes": {
            "content": "THE OBSERVATORY\r\nOut class when on a field trip to a YASH observatory. It\r\n",
            "content_base64": null,
            "directory_permission": "0777",
            "file_permission": "0777",
            "filename": "madlibs/madlibs-38.txt",
            "id": "be9e1bb17edda58ede786ff4192736a296d77632",
            "sensitive_content": null,
            "source": null
          },
          "sensitive_attributes": [],
          "private": "bnVsbA==",
          "dependencies": [
            "random_shuffle.random_adjectives",
            "random_shuffle.random_adverbs",
            "random_shuffle.random_nouns",
            "random_shuffle.random_numbers",
            "random_shuffle.random_verbs"
          ]
        },
        {
          "index_key": 39,
          "schema_version": 0,
          "attributes": {
            "content": "HOW TO BE A PHOTOGRAPHER\r\nMany YASH photographers make big money\r\n",
            "content_base64": null,
            "directory_permission": "0777",
            "file_permission": "0777",
            "filename": "madlibs/madlibs-39.txt",
            "id": "f581b7f224559e9de5177c01b8d89f67b84565a6",
            "sensitive_content": null,
            "source": null
          },
          "sensitive_attributes": [],
          "private": "bnVsbA==",
          "dependencies": [
            "random_shuffle.random_adjectives",
            "random_shuffle.random_adverbs",
            "random_shuffle.random_nouns",
            "random_shuffle.random_numbers",
            "random_shuffle.random_verbs"
          ]
        },
        {
          "index_key": 40,
          "schema_version": 0,
          "attributes": {
            "content": "THE OBSERVATORY\r\nOut class when on a field trip to a YASH observatory. It\r\n",
            "content_base64": null,
            "directory_permission": "0777",
            "file_permission": "0777",
            "filename": "madlibs/madlibs-40.txt",
            "id": "be9e1bb17edda58ede786ff4192736a296d77632",
            "sensitive_content": null,
            "source": null
          },
          "sensitive_attributes": [],
          "private": "bnVsbA==",
          "dependencies": [
            "random_shuffle.random_adjectives",
            "random_shuffle.random_adverbs",
            "random_shuffle.random_nouns",
            "random_shuffle.random_numbers",
            "random_shuffle.random_verbs"
          ]
        },
        {
          "index_key": 41,
          "schema_version": 0,
          "attributes": {
            "content": "HOW TO BE A PHOTOGRAPHER\r\nMany YASH photographers make big money\r\n",
            "content_base64": null,
            "directory_permission": "0777",
            "file_permission": "0777",
            "filename": "madlibs/madlibs-41.txt",
            "id": "f581b7f224559e9de5177c01b8d89f67b84565a6",
            "sensitive_content": null,
            "source": null
          },
          "sensitive_attributes": [],
          "private": "bnVsbA==",
          "dependencies": [
            "random_shuffle.random_adjectives",
            "random_shuffle.random_adverbs",
            "random_shuffle.random_nouns",
            "random_shuffle.random_numbers",
            "random_shuffle.random_verbs"
          ]
        },
        {
          "index_key": 42,
          "schema_version": 0,
          "attributes": {
            "content": "THE OBSERVATORY\r\nOut class when on a field trip to a YASH observatory. It\r\n",
            "content_base64": null,
            "directory_permission": "0777",
            "file_permission": "0777",
            "filename": "madlibs/madlibs-42.txt",
            "id": "be9e1bb17edda58ede786ff4192736a296d77632",
            "sensitive_content": null,
            "source": null
          },
          "sensitive_attributes": [],
          "private": "bnVsbA==",
          "dependencies": [
            "random_shuffle.random_adjectives",
            "random_shuffle.random_adverbs",
            "random_shuffle.random_nouns",
            "random_shuffle.random_numbers",
            "random_shuffle.random_verbs"
          ]
        },
        {
          "index_key": 43,
          "schema_version": 0,
          "attributes": {
            "content": "HOW TO BE A PHOTOGRAPHER\r\nMany YASH photographers make big money\r\n",
            "content_base64": null,
            "directory_permission": "0777",
            "file_permission": "0777",
            "filename": "madlibs/madlibs-43.txt",
            "id": "f581b7f224559e9de5177c01b8d89f67b84565a6",
            "sensitive_content": null,
            "source": null
          },
          "sensitive_attributes": [],
          "private": "bnVsbA==",
          "dependencies": [
            "random_shuffle.random_adjectives",
            "random_shuffle.random_adverbs",
            "random_shuffle.random_nouns",
            "random_shuffle.random_numbers",
            "random_shuffle.random_verbs"
          ]
        },
        {
          "index_key": 44,
          "schema_version": 0,
          "attributes": {
            "content": "THE OBSERVATORY\r\nOut class when on a field trip to a YASH observatory. It\r\n",
            "content_base64": null,
            "directory_permission": "0777",
            "file_permission": "0777",
            "filename": "madlibs/madlibs-44.txt",
            "id": "be9e1bb17edda58ede786ff4192736a296d77632",
            "sensitive_content": null,
            "source": null
          },
          "sensitive_attributes": [],
          "private": "bnVsbA==",
          "dependencies": [
            "random_shuffle.random_adjectives",
            "random_shuffle.random_adverbs",
            "random_shuffle.random_nouns",
            "random_shuffle.random_numbers",
            "random_shuffle.random_verbs"
          ]
        },
        {
          "index_key": 45,
          "schema_version": 0,
          "attributes": {
            "content": "HOW TO BE A PHOTOGRAPHER\r\nMany YASH photographers make big money\r\n",
            "content_base64": null,
            "directory_permission": "0777",
            "file_permission": "0777",
            "filename": "madlibs/madlibs-45.txt",
            "id": "f581b7f224559e9de5177c01b8d89f67b84565a6",
            "sensitive_content": null,
            "source": null
          },
          "sensitive_attributes": [],
          "private": "bnVsbA==",
          "dependencies": [
            "random_shuffle.random_adjectives",
            "random_shuffle.random_adverbs",
            "random_shuffle.random_nouns",
            "random_shuffle.random_numbers",
            "random_shuffle.random_verbs"
          ]
        },
        {
          "index_key": 46,
          "schema_version": 0,
          "attributes": {
            "content": "THE OBSERVATORY\r\nOut class when on a field trip to a YASH observatory. It\r\n",
            "content_base64": null,
            "directory_permission": "0777",
            "file_permission": "0777",
            "filename": "madlibs/madlibs-46.txt",
            "id": "be9e1bb17edda58ede786ff4192736a296d77632",
            "sensitive_content": null,
            "source": null
          },
          "sensitive_attributes": [],
          "private": "bnVsbA==",
          "dependencies": [
            "random_shuffle.random_adjectives",
            "random_shuffle.random_adverbs",
            "random_shuffle.random_nouns",
            "random_shuffle.random_numbers",
            "random_shuffle.random_verbs"
          ]
        },
        {
          "index_key": 47,
          "schema_version": 0,
          "attributes": {
            "content": "HOW TO BE A PHOTOGRAPHER\r\nMany YASH photographers make big money\r\n",
            "content_base64": null,
            "directory_permission": "0777",
            "file_permission": "0777",
            "filename": "madlibs/madlibs-47.txt",
            "id": "f581b7f224559e9de5177c01b8d89f67b84565a6",
            "sensitive_content": null,
            "source": null
          },
          "sensitive_attributes": [],
          "private": "bnVsbA==",
          "dependencies": [
            "random_shuffle.random_adjectives",
            "random_shuffle.random_adverbs",
            "random_shuffle.random_nouns",
            "random_shuffle.random_numbers",
            "random_shuffle.random_verbs"
          ]
        },
        {
          "index_key": 48,
          "schema_version": 0,
          "attributes": {
            "content": "THE OBSERVATORY\r\nOut class when on a field trip to a YASH observatory. It\r\n",
            "content_base64": null,
            "directory_permission": "0777",
            "file_permission": "0777",
            "filename": "madlibs/madlibs-48.txt",
            "id": "be9e1bb17edda58ede786ff4192736a296d77632",
            "sensitive_content": null,
            "source": null
          },
          "sensitive_attributes": [],
          "private": "bnVsbA==",
          "dependencies": [
            "random_shuffle.random_adjectives",
            "random_shuffle.random_adverbs",
            "random_shuffle.random_nouns",
            "random_shuffle.random_numbers",
            "random_shuffle.random_verbs"
          ]
        },
        {
          "index_key": 49,
          "schema_version": 0,
          "attributes": {
            "content": "HOW TO BE A PHOTOGRAPHER\r\nMany YASH photographers make big money\r\n",
            "content_base64": null,
            "directory_permission": "0777",
            "file_permission": "0777",
            "filename": "madlibs/madlibs-49.txt",
            "id": "f581b7f224559e9de5177c01b8d89f67b84565a6",
            "sensitive_content": null,
            "source": null
          },
          "sensitive_attributes": [],
          "private": "bnVsbA==",
          "dependencies": [
            "random_shuffle.random_adjectives",
            "random_shuffle.random_adverbs",
            "random_shuffle.random_nouns",
            "random_shuffle.random_numbers",
            "random_shuffle.random_verbs"
          ]
        },
        {
          "index_key": 50,
          "schema_version": 0,
          "attributes": {
            "content": "THE OBSERVATORY\r\nOut class when on a field trip to a YASH observatory. It\r\n",
            "content_base64": null,
            "directory_permission": "0777",
            "file_permission": "0777",
            "filename": "madlibs/madlibs-50.txt",
            "id": "be9e1bb17edda58ede786ff4192736a296d77632",
            "sensitive_content": null,
            "source": null
          },
          "sensitive_attributes": [],
          "private": "bnVsbA==",
          "dependencies": [
            "random_shuffle.random_adjectives",
            "random_shuffle.random_adverbs",
            "random_shuffle.random_nouns",
            "random_shuffle.random_numbers",
            "random_shuffle.random_verbs"
          ]
        },
        {
          "index_key": 51,
          "schema_version": 0,
          "attributes": {
            "content": "HOW TO BE A PHOTOGRAPHER\r\nMany YASH photographers make big money\r\n",
            "content_base64": null,
            "directory_permission": "0777",
            "file_permission": "0777",
            "filename": "madlibs/madlibs-51.txt",
            "id": "f581b7f224559e9de5177c01b8d89f67b84565a6",
            "sensitive_content": null,
            "source": null
          },
          "sensitive_attributes": [],
          "private": "bnVsbA==",
          "dependencies": [
            "random_shuffle.random_adjectives",
            "random_shuffle.random_adverbs",
            "random_shuffle.random_nouns",
            "random_shuffle.random_numbers",
            "random_shuffle.random_verbs"
          ]
        },
        {
          "index_key": 52,
          "schema_version": 0,
          "attributes": {
            "content": "THE OBSERVATORY\r\nOut class when on a field trip to a YASH observatory. It\r\n",
            "content_base64": null,
            "directory_permission": "0777",
            "file_permission": "0777",
            "filename": "madlibs/madlibs-52.txt",
            "id": "be9e1bb17edda58ede786ff4192736a296d77632",
            "sensitive_content": null,
            "source": null
          },
          "sensitive_attributes": [],
          "private": "bnVsbA==",
          "dependencies": [
            "random_shuffle.random_adjectives",
            "random_shuffle.random_adverbs",
            "random_shuffle.random_nouns",
            "random_shuffle.random_numbers",
            "random_shuffle.random_verbs"
          ]
        },
        {
          "index_key": 53,
          "schema_version": 0,
          "attributes": {
            "content": "HOW TO BE A PHOTOGRAPHER\r\nMany YASH photographers make big money\r\n",
            "content_base64": null,
            "directory_permission": "0777",
            "file_permission": "0777",
            "filename": "madlibs/madlibs-53.txt",
            "id": "f581b7f224559e9de5177c01b8d89f67b84565a6",
            "sensitive_content": null,
            "source": null
          },
          "sensitive_attributes": [],
          "private": "bnVsbA==",
          "dependencies": [
            "random_shuffle.random_adjectives",
            "random_shuffle.random_adverbs",
            "random_shuffle.random_nouns",
            "random_shuffle.random_numbers",
            "random_shuffle.random_verbs"
          ]
        },
        {
          "index_key": 54,
          "schema_version": 0,
          "attributes": {
            "content": "THE OBSERVATORY\r\nOut class when on a field trip to a YASH observatory. It\r\n",
            "content_base64": null,
            "directory_permission": "0777",
            "file_permission": "0777",
            "filename": "madlibs/madlibs-54.txt",
            "id": "be9e1bb17edda58ede786ff4192736a296d77632",
            "sensitive_content": null,
            "source": null
          },
          "sensitive_attributes": [],
          "private": "bnVsbA==",
          "dependencies": [
            "random_shuffle.random_adjectives",
            "random_shuffle.random_adverbs",
            "random_shuffle.random_nouns",
            "random_shuffle.random_numbers",
            "random_shuffle.random_verbs"
          ]
        },
        {
          "index_key": 55,
          "schema_version": 0,
          "attributes": {
            "content": "HOW TO BE A PHOTOGRAPHER\r\nMany YASH photographers make big money\r\n",
            "content_base64": null,
            "directory_permission": "0777",
            "file_permission": "0777",
            "filename": "madlibs/madlibs-55.txt",
            "id": "f581b7f224559e9de5177c01b8d89f67b84565a6",
            "sensitive_content": null,
            "source": null
          },
          "sensitive_attributes": [],
          "private": "bnVsbA==",
          "dependencies": [
            "random_shuffle.random_adjectives",
            "random_shuffle.random_adverbs",
            "random_shuffle.random_nouns",
            "random_shuffle.random_numbers",
            "random_shuffle.random_verbs"
          ]
        },
        {
          "index_key": 56,
          "schema_version": 0,
          "attributes": {
            "content": "THE OBSERVATORY\r\nOut class when on a field trip to a YASH observatory. It\r\n",
            "content_base64": null,
            "directory_permission": "0777",
            "file_permission": "0777",
            "filename": "madlibs/madlibs-56.txt",
            "id": "be9e1bb17edda58ede786ff4192736a296d77632",
            "sensitive_content": null,
            "source": null
          },
          "sensitive_attributes": [],
          "private": "bnVsbA==",
          "dependencies": [
            "random_shuffle.random_adjectives",
            "random_shuffle.random_adverbs",
            "random_shuffle.random_nouns",
            "random_shuffle.random_numbers",
            "random_shuffle.random_verbs"
          ]
        },
        {
          "index_key": 57,
          "schema_version": 0,
          "attributes": {
            "content": "HOW TO BE A PHOTOGRAPHER\r\nMany YASH photographers make big money\r\n",
            "content_base64": null,
            "directory_permission": "0777",
            "file_permission": "0777",
            "filename": "madlibs/madlibs-57.txt",
            "id": "f581b7f224559e9de5177c01b8d89f67b84565a6",
            "sensitive_content": null,
            "source": null
          },
          "sensitive_attributes": [],
          "private": "bnVsbA==",
          "dependencies": [
            "random_shuffle.random_adjectives",
            "random_shuffle.random_adverbs",
            "random_shuffle.random_nouns",
            "random_shuffle.random_numbers",
            "random_shuffle.random_verbs"
          ]
        },
        {
          "index_key": 58,
          "schema_version": 0,
          "attributes": {
            "content": "THE OBSERVATORY\r\nOut class when on a field trip to a YASH observatory. It\r\n",
            "content_base64": null,
            "directory_permission": "0777",
            "file_permission": "0777",
            "filename": "madlibs/madlibs-58.txt",
            "id": "be9e1bb17edda58ede786ff4192736a296d77632",
            "sensitive_content": null,
            "source": null
          },
          "sensitive_attributes": [],
          "private": "bnVsbA==",
          "dependencies": [
            "random_shuffle.random_adjectives",
            "random_shuffle.random_adverbs",
            "random_shuffle.random_nouns",
            "random_shuffle.random_numbers",
            "random_shuffle.random_verbs"
          ]
        },
        {
          "index_key": 59,
          "schema_version": 0,
          "attributes": {
            "content": "HOW TO BE A PHOTOGRAPHER\r\nMany YASH photographers make big money\r\n",
            "content_base64": null,
            "directory_permission": "0777",
            "file_permission": "0777",
            "filename": "madlibs/madlibs-59.txt",
            "id": "f581b7f224559e9de5177c01b8d89f67b84565a6",
            "sensitive_content": null,
            "source": null
          },
          "sensitive_attributes": [],
          "private": "bnVsbA==",
          "dependencies": [
            "random_shuffle.random_adjectives",
            "random_shuffle.random_adverbs",
            "random_shuffle.random_nouns",
            "random_shuffle.random_numbers",
            "random_shuffle.random_verbs"
          ]
        },
        {
          "index_key": 60,
          "schema_version": 0,
          "attributes": {
            "content": "THE OBSERVATORY\r\nOut class when on a field trip to a YASH observatory. It\r\n",
            "content_base64": null,
            "directory_permission": "0777",
            "file_permission": "0777",
            "filename": "madlibs/madlibs-60.txt",
            "id": "be9e1bb17edda58ede786ff4192736a296d77632",
            "sensitive_content": null,
            "source": null
          },
          "sensitive_attributes": [],
          "private": "bnVsbA==",
          "dependencies": [
            "random_shuffle.random_adjectives",
            "random_shuffle.random_adverbs",
            "random_shuffle.random_nouns",
            "random_shuffle.random_numbers",
            "random_shuffle.random_verbs"
          ]
        },
        {
          "index_key": 61,
          "schema_version": 0,
          "attributes": {
            "content": "HOW TO BE A PHOTOGRAPHER\r\nMany YASH photographers make big money\r\n",
            "content_base64": null,
            "directory_permission": "0777",
            "file_permission": "0777",
            "filename": "madlibs/madlibs-61.txt",
            "id": "f581b7f224559e9de5177c01b8d89f67b84565a6",
            "sensitive_content": null,
            "source": null
          },
          "sensitive_attributes": [],
          "private": "bnVsbA==",
          "dependencies": [
            "random_shuffle.random_adjectives",
            "random_shuffle.random_adverbs",
            "random_shuffle.random_nouns",
            "random_shuffle.random_numbers",
            "random_shuffle.random_verbs"
          ]
        },
        {
          "index_key": 62,
          "schema_version": 0,
          "attributes": {
            "content": "THE OBSERVATORY\r\nOut class when on a field trip to a YASH observatory. It\r\n",
            "content_base64": null,
            "directory_permission": "0777",
            "file_permission": "0777",
            "filename": "madlibs/madlibs-62.txt",
            "id": "be9e1bb17edda58ede786ff4192736a296d77632",
            "sensitive_content": null,
            "source": null
          },
          "sensitive_attributes": [],
          "private": "bnVsbA==",
          "dependencies": [
            "random_shuffle.random_adjectives",
            "random_shuffle.random_adverbs",
            "random_shuffle.random_nouns",
            "random_shuffle.random_numbers",
            "random_shuffle.random_verbs"
          ]
        },
        {
          "index_key": 63,
          "schema_version": 0,
          "attributes": {
            "content": "HOW TO BE A PHOTOGRAPHER\r\nMany YASH photographers make big money\r\n",
            "content_base64": null,
            "directory_permission": "0777",
            "file_permission": "0777",
            "filename": "madlibs/madlibs-63.txt",
            "id": "f581b7f224559e9de5177c01b8d89f67b84565a6",
            "sensitive_content": null,
            "source": null
          },
          "sensitive_attributes": [],
          "private": "bnVsbA==",
          "dependencies": [
            "random_shuffle.random_adjectives",
            "random_shuffle.random_adverbs",
            "random_shuffle.random_nouns",
            "random_shuffle.random_numbers",
            "random_shuffle.random_verbs"
          ]
        },
        {
          "index_key": 64,
          "schema_version": 0,
          "attributes": {
            "content": "THE OBSERVATORY\r\nOut class when on a field trip to a YASH observatory. It\r\n",
            "content_base64": null,
            "directory_permission": "0777",
            "file_permission": "0777",
            "filename": "madlibs/madlibs-64.txt",
            "id": "be9e1bb17edda58ede786ff4192736a296d77632",
            "sensitive_content": null,
            "source": null
          },
          "sensitive_attributes": [],
          "private": "bnVsbA==",
          "dependencies": [
            "random_shuffle.random_adjectives",
            "random_shuffle.random_adverbs",
            "random_shuffle.random_nouns",
            "random_shuffle.random_numbers",
            "random_shuffle.random_verbs"
          ]
        },
        {
          "index_key": 65,
          "schema_version": 0,
          "attributes": {
            "content": "HOW TO BE A PHOTOGRAPHER\r\nMany YASH photographers make big money\r\n",
            "content_base64": null,
            "directory_permission": "0777",
            "file_permission": "0777",
            "filename": "madlibs/madlibs-65.txt",
            "id": "f581b7f224559e9de5177c01b8d89f67b84565a6",
            "sensitive_content": null,
            "source": null
          },
          "sensitive_attributes": [],
          "private": "bnVsbA==",
          "dependencies": [
            "random_shuffle.random_adjectives",
            "random_shuffle.random_adverbs",
            "random_shuffle.random_nouns",
            "random_shuffle.random_numbers",
            "random_shuffle.random_verbs"
          ]
        },
        {
          "index_key": 66,
          "schema_version": 0,
          "attributes": {
            "content": "THE OBSERVATORY\r\nOut class when on a field trip to a YASH observatory. It\r\n",
            "content_base64": null,
            "directory_permission": "0777",
            "file_permission": "0777",
            "filename": "madlibs/madlibs-66.txt",
            "id": "be9e1bb17edda58ede786ff4192736a296d77632",
            "sensitive_content": null,
            "source": null
          },
          "sensitive_attributes": [],
          "private": "bnVsbA==",
          "dependencies": [
            "random_shuffle.random_adjectives",
            "random_shuffle.random_adverbs",
            "random_shuffle.random_nouns",
            "random_shuffle.random_numbers",
            "random_shuffle.random_verbs"
          ]
        },
        {
          "index_key": 67,
          "schema_version": 0,
          "attributes": {
            "content": "HOW TO BE A PHOTOGRAPHER\r\nMany YASH photographers make big money\r\n",
            "content_base64": null,
            "directory_permission": "0777",
            "file_permission": "0777",
            "filename": "madlibs/madlibs-67.txt",
            "id": "f581b7f224559e9de5177c01b8d89f67b84565a6",
            "sensitive_content": null,
            "source": null
          },
          "sensitive_attributes": [],
          "private": "bnVsbA==",
          "dependencies": [
            "random_shuffle.random_adjectives",
            "random_shuffle.random_adverbs",
            "random_shuffle.random_nouns",
            "random_shuffle.random_numbers",
            "random_shuffle.random_verbs"
          ]
        },
        {
          "index_key": 68,
          "schema_version": 0,
          "attributes": {
            "content": "THE OBSERVATORY\r\nOut class when on a field trip to a YASH observatory. It\r\n",
            "content_base64": null,
            "directory_permission": "0777",
            "file_permission": "0777",
            "filename": "madlibs/madlibs-68.txt",
            "id": "be9e1bb17edda58ede786ff4192736a296d77632",
            "sensitive_content": null,
            "source": null
          },
          "sensitive_attributes": [],
          "private": "bnVsbA==",
          "dependencies": [
            "random_shuffle.random_adjectives",
            "random_shuffle.random_adverbs",
            "random_shuffle.random_nouns",
            "random_shuffle.random_numbers",
            "random_shuffle.random_verbs"
          ]
        },
        {
          "index_key": 69,
          "schema_version": 0,
          "attributes": {
            "content": "HOW TO BE A PHOTOGRAPHER\r\nMany YASH photographers make big money\r\n",
            "content_base64": null,
            "directory_permission": "0777",
            "file_permission": "0777",
            "filename": "madlibs/madlibs-69.txt",
            "id": "f581b7f224559e9de5177c01b8d89f67b84565a6",
            "sensitive_content": null,
            "source": null
          },
          "sensitive_attributes": [],
          "private": "bnVsbA==",
          "dependencies": [
            "random_shuffle.random_adjectives",
            "random_shuffle.random_adverbs",
            "random_shuffle.random_nouns",
            "random_shuffle.random_numbers",
            "random_shuffle.random_verbs"
          ]
        },
        {
          "index_key": 70,
          "schema_version": 0,
          "attributes": {
            "content": "THE OBSERVATORY\r\nOut class when on a field trip to a YASH observatory. It\r\n",
            "content_base64": null,
            "directory_permission": "0777",
            "file_permission": "0777",
            "filename": "madlibs/madlibs-70.txt",
            "id": "be9e1bb17edda58ede786ff4192736a296d77632",
            "sensitive_content": null,
            "source": null
          },
          "sensitive_attributes": [],
          "private": "bnVsbA==",
          "dependencies": [
            "random_shuffle.random_adjectives",
            "random_shuffle.random_adverbs",
            "random_shuffle.random_nouns",
            "random_shuffle.random_numbers",
            "random_shuffle.random_verbs"
          ]
        },
        {
          "index_key": 71,
          "schema_version": 0,
          "attributes": {
            "content": "HOW TO BE A PHOTOGRAPHER\r\nMany YASH photographers make big money\r\n",
            "content_base64": null,
            "directory_permission": "0777",
            "file_permission": "0777",
            "filename": "madlibs/madlibs-71.txt",
            "id": "f581b7f224559e9de5177c01b8d89f67b84565a6",
            "sensitive_content": null,
            "source": null
          },
          "sensitive_attributes": [],
          "private": "bnVsbA==",
          "dependencies": [
            "random_shuffle.random_adjectives",
            "random_shuffle.random_adverbs",
            "random_shuffle.random_nouns",
            "random_shuffle.random_numbers",
            "random_shuffle.random_verbs"
          ]
        },
        {
          "index_key": 72,
          "schema_version": 0,
          "attributes": {
            "content": "THE OBSERVATORY\r\nOut class when on a field trip to a YASH observatory. It\r\n",
            "content_base64": null,
            "directory_permission": "0777",
            "file_permission": "0777",
            "filename": "madlibs/madlibs-72.txt",
            "id": "be9e1bb17edda58ede786ff4192736a296d77632",
            "sensitive_content": null,
            "source": null
          },
          "sensitive_attributes": [],
          "private": "bnVsbA==",
          "dependencies": [
            "random_shuffle.random_adjectives",
            "random_shuffle.random_adverbs",
            "random_shuffle.random_nouns",
            "random_shuffle.random_numbers",
            "random_shuffle.random_verbs"
          ]
        },
        {
          "index_key": 73,
          "schema_version": 0,
          "attributes": {
            "content": "HOW TO BE A PHOTOGRAPHER\r\nMany YASH photographers make big money\r\n",
            "content_base64": null,
            "directory_permission": "0777",
            "file_permission": "0777",
            "filename": "madlibs/madlibs-73.txt",
            "id": "f581b7f224559e9de5177c01b8d89f67b84565a6",
            "sensitive_content": null,
            "source": null
          },
          "sensitive_attributes": [],
          "private": "bnVsbA==",
          "dependencies": [
            "random_shuffle.random_adjectives",
            "random_shuffle.random_adverbs",
            "random_shuffle.random_nouns",
            "random_shuffle.random_numbers",
            "random_shuffle.random_verbs"
          ]
        },
        {
          "index_key": 74,
          "schema_version": 0,
          "attributes": {
            "content": "THE OBSERVATORY\r\nOut class when on a field trip to a YASH observatory. It\r\n",
            "content_base64": null,
            "directory_permission": "0777",
            "file_permission": "0777",
            "filename": "madlibs/madlibs-74.txt",
            "id": "be9e1bb17edda58ede786ff4192736a296d77632",
            "sensitive_content": null,
            "source": null
          },
          "sensitive_attributes": [],
          "private": "bnVsbA==",
          "dependencies": [
            "random_shuffle.random_adjectives",
            "random_shuffle.random_adverbs",
            "random_shuffle.random_nouns",
            "random_shuffle.random_numbers",
            "random_shuffle.random_verbs"
          ]
        },
        {
          "index_key": 75,
          "schema_version": 0,
          "attributes": {
            "content": "HOW TO BE A PHOTOGRAPHER\r\nMany YASH photographers make big money\r\n",
            "content_base64": null,
            "directory_permission": "0777",
            "file_permission": "0777",
            "filename": "madlibs/madlibs-75.txt",
            "id": "f581b7f224559e9de5177c01b8d89f67b84565a6",
            "sensitive_content": null,
            "source": null
          },
          "sensitive_attributes": [],
          "private": "bnVsbA==",
          "dependencies": [
            "random_shuffle.random_adjectives",
            "random_shuffle.random_adverbs",
            "random_shuffle.random_nouns",
            "random_shuffle.random_numbers",
            "random_shuffle.random_verbs"
          ]
        },
        {
          "index_key": 76,
          "schema_version": 0,
          "attributes": {
            "content": "THE OBSERVATORY\r\nOut class when on a field trip to a YASH observatory. It\r\n",
            "content_base64": null,
            "directory_permission": "0777",
            "file_permission": "0777",
            "filename": "madlibs/madlibs-76.txt",
            "id": "be9e1bb17edda58ede786ff4192736a296d77632",
            "sensitive_content": null,
            "source": null
          },
          "sensitive_attributes": [],
          "private": "bnVsbA==",
          "dependencies": [
            "random_shuffle.random_adjectives",
            "random_shuffle.random_adverbs",
            "random_shuffle.random_nouns",
            "random_shuffle.random_numbers",
            "random_shuffle.random_verbs"
          ]
        },
        {
          "index_key": 77,
          "schema_version": 0,
          "attributes": {
            "content": "HOW TO BE A PHOTOGRAPHER\r\nMany YASH photographers make big money\r\n",
            "content_base64": null,
            "directory_permission": "0777",
            "file_permission": "0777",
            "filename": "madlibs/madlibs-77.txt",
            "id": "f581b7f224559e9de5177c01b8d89f67b84565a6",
            "sensitive_content": null,
            "source": null
          },
          "sensitive_attributes": [],
          "private": "bnVsbA==",
          "dependencies": [
            "random_shuffle.random_adjectives",
            "random_shuffle.random_adverbs",
            "random_shuffle.random_nouns",
            "random_shuffle.random_numbers",
            "random_shuffle.random_verbs"
          ]
        },
        {
          "index_key": 78,
          "schema_version": 0,
          "attributes": {
            "content": "THE OBSERVATORY\r\nOut class when on a field trip to a YASH observatory. It\r\n",
            "content_base64": null,
            "directory_permission": "0777",
            "file_permission": "0777",
            "filename": "madlibs/madlibs-78.txt",
            "id": "be9e1bb17edda58ede786ff4192736a296d77632",
            "sensitive_content": null,
            "source": null
          },
          "sensitive_attributes": [],
          "private": "bnVsbA==",
          "dependencies": [
            "random_shuffle.random_adjectives",
            "random_shuffle.random_adverbs",
            "random_shuffle.random_nouns",
            "random_shuffle.random_numbers",
            "random_shuffle.random_verbs"
          ]
        },
        {
          "index_key": 79,
          "schema_version": 0,
          "attributes": {
            "content": "HOW TO BE A PHOTOGRAPHER\r\nMany YASH photographers make big money\r\n",
            "content_base64": null,
            "directory_permission": "0777",
            "file_permission": "0777",
            "filename": "madlibs/madlibs-79.txt",
            "id": "f581b7f224559e9de5177c01b8d89f67b84565a6",
            "sensitive_content": null,
            "source": null
          },
          "sensitive_attributes": [],
          "private": "bnVsbA==",
          "dependencies": [
            "random_shuffle.random_adjectives",
            "random_shuffle.random_adverbs",
            "random_shuffle.random_nouns",
            "random_shuffle.random_numbers",
            "random_shuffle.random_verbs"
          ]
        },
        {
          "index_key": 80,
          "schema_version": 0,
          "attributes": {
            "content": "THE OBSERVATORY\r\nOut class when on a field trip to a YASH observatory. It\r\n",
            "content_base64": null,
            "directory_permission": "0777",
            "file_permission": "0777",
            "filename": "madlibs/madlibs-80.txt",
            "id": "be9e1bb17edda58ede786ff4192736a296d77632",
            "sensitive_content": null,
            "source": null
          },
          "sensitive_attributes": [],
          "private": "bnVsbA==",
          "dependencies": [
            "random_shuffle.random_adjectives",
            "random_shuffle.random_adverbs",
            "random_shuffle.random_nouns",
            "random_shuffle.random_numbers",
            "random_shuffle.random_verbs"
          ]
        },
        {
          "index_key": 81,
          "schema_version": 0,
          "attributes": {
            "content": "HOW TO BE A PHOTOGRAPHER\r\nMany YASH photographers make big money\r\n",
            "content_base64": null,
            "directory_permission": "0777",
            "file_permission": "0777",
            "filename": "madlibs/madlibs-81.txt",
            "id": "f581b7f224559e9de5177c01b8d89f67b84565a6",
            "sensitive_content": null,
            "source": null
          },
          "sensitive_attributes": [],
          "private": "bnVsbA==",
          "dependencies": [
            "random_shuffle.random_adjectives",
            "random_shuffle.random_adverbs",
            "random_shuffle.random_nouns",
            "random_shuffle.random_numbers",
            "random_shuffle.random_verbs"
          ]
        },
        {
          "index_key": 82,
          "schema_version": 0,
          "attributes": {
            "content": "THE OBSERVATORY\r\nOut class when on a field trip to a YASH observatory. It\r\n",
            "content_base64": null,
            "directory_permission": "0777",
            "file_permission": "0777",
            "filename": "madlibs/madlibs-82.txt",
            "id": "be9e1bb17edda58ede786ff4192736a296d77632",
            "sensitive_content": null,
            "source": null
          },
          "sensitive_attributes": [],
          "private": "bnVsbA==",
          "dependencies": [
            "random_shuffle.random_adjectives",
            "random_shuffle.random_adverbs",
            "random_shuffle.random_nouns",
            "random_shuffle.random_numbers",
            "random_shuffle.random_verbs"
          ]
        },
        {
          "index_key": 83,
          "schema_version": 0,
          "attributes": {
            "content": "HOW TO BE A PHOTOGRAPHER\r\nMany YASH photographers make big money\r\n",
            "content_base64": null,
            "directory_permission": "0777",
            "file_permission": "0777",
            "filename": "madlibs/madlibs-83.txt",
            "id": "f581b7f224559e9de5177c01b8d89f67b84565a6",
            "sensitive_content": null,
            "source": null
          },
          "sensitive_attributes": [],
          "private": "bnVsbA==",
          "dependencies": [
            "random_shuffle.random_adjectives",
            "random_shuffle.random_adverbs",
            "random_shuffle.random_nouns",
            "random_shuffle.random_numbers",
            "random_shuffle.random_verbs"
          ]
        },
        {
          "index_key": 84,
          "schema_version": 0,
          "attributes": {
            "content": "THE OBSERVATORY\r\nOut class when on a field trip to a YASH observatory. It\r\n",
            "content_base64": null,
            "directory_permission": "0777",
            "file_permission": "0777",
            "filename": "madlibs/madlibs-84.txt",
            "id": "be9e1bb17edda58ede786ff4192736a296d77632",
            "sensitive_content": null,
            "source": null
          },
          "sensitive_attributes": [],
          "private": "bnVsbA==",
          "dependencies": [
            "random_shuffle.random_adjectives",
            "random_shuffle.random_adverbs",
            "random_shuffle.random_nouns",
            "random_shuffle.random_numbers",
            "random_shuffle.random_verbs"
          ]
        },
        {
          "index_key": 85,
          "schema_version": 0,
          "attributes": {
            "content": "HOW TO BE A PHOTOGRAPHER\r\nMany YASH photographers make big money\r\n",
            "content_base64": null,
            "directory_permission": "0777",
            "file_permission": "0777",
            "filename": "madlibs/madlibs-85.txt",
            "id": "f581b7f224559e9de5177c01b8d89f67b84565a6",
            "sensitive_content": null,
            "source": null
          },
          "sensitive_attributes": [],
          "private": "bnVsbA==",
          "dependencies": [
            "random_shuffle.random_adjectives",
            "random_shuffle.random_adverbs",
            "random_shuffle.random_nouns",
            "random_shuffle.random_numbers",
            "random_shuffle.random_verbs"
          ]
        },
        {
          "index_key": 86,
          "schema_version": 0,
          "attributes": {
            "content": "THE OBSERVATORY\r\nOut class when on a field trip to a YASH observatory. It\r\n",
            "content_base64": null,
            "directory_permission": "0777",
            "file_permission": "0777",
            "filename": "madlibs/madlibs-86.txt",
            "id": "be9e1bb17edda58ede786ff4192736a296d77632",
            "sensitive_content": null,
            "source": null
          },
          "sensitive_attributes": [],
          "private": "bnVsbA==",
          "dependencies": [
            "random_shuffle.random_adjectives",
            "random_shuffle.random_adverbs",
            "random_shuffle.random_nouns",
            "random_shuffle.random_numbers",
            "random_shuffle.random_verbs"
          ]
        },
        {
          "index_key": 87,
          "schema_version": 0,
          "attributes": {
            "content": "HOW TO BE A PHOTOGRAPHER\r\nMany YASH photographers make big money\r\n",
            "content_base64": null,
            "directory_permission": "0777",
            "file_permission": "0777",
            "filename": "madlibs/madlibs-87.txt",
            "id": "f581b7f224559e9de5177c01b8d89f67b84565a6",
            "sensitive_content": null,
            "source": null
          },
          "sensitive_attributes": [],
          "private": "bnVsbA==",
          "dependencies": [
            "random_shuffle.random_adjectives",
            "random_shuffle.random_adverbs",
            "random_shuffle.random_nouns",
            "random_shuffle.random_numbers",
            "random_shuffle.random_verbs"
          ]
        },
        {
          "index_key": 88,
          "schema_version": 0,
          "attributes": {
            "content": "THE OBSERVATORY\r\nOut class when on a field trip to a YASH observatory. It\r\n",
            "content_base64": null,
            "directory_permission": "0777",
            "file_permission": "0777",
            "filename": "madlibs/madlibs-88.txt",
            "id": "be9e1bb17edda58ede786ff4192736a296d77632",
            "sensitive_content": null,
            "source": null
          },
          "sensitive_attributes": [],
          "private": "bnVsbA==",
          "dependencies": [
            "random_shuffle.random_adjectives",
            "random_shuffle.random_adverbs",
            "random_shuffle.random_nouns",
            "random_shuffle.random_numbers",
            "random_shuffle.random_verbs"
          ]
        },
        {
          "index_key": 89,
          "schema_version": 0,
          "attributes": {
            "content": "HOW TO BE A PHOTOGRAPHER\r\nMany YASH photographers make big money\r\n",
            "content_base64": null,
            "directory_permission": "0777",
            "file_permission": "0777",
            "filename": "madlibs/madlibs-89.txt",
            "id": "f581b7f224559e9de5177c01b8d89f67b84565a6",
            "sensitive_content": null,
            "source": null
          },
          "sensitive_attributes": [],
          "private": "bnVsbA==",
          "dependencies": [
            "random_shuffle.random_adjectives",
            "random_shuffle.random_adverbs",
            "random_shuffle.random_nouns",
            "random_shuffle.random_numbers",
            "random_shuffle.random_verbs"
          ]
        },
        {
          "index_key": 90,
          "schema_version": 0,
          "attributes": {
            "content": "THE OBSERVATORY\r\nOut class when on a field trip to a YASH observatory. It\r\n",
            "content_base64": null,
            "directory_permission": "0777",
            "file_permission": "0777",
            "filename": "madlibs/madlibs-90.txt",
            "id": "be9e1bb17edda58ede786ff4192736a296d77632",
            "sensitive_content": null,
            "source": null
          },
          "sensitive_attributes": [],
          "private": "bnVsbA==",
          "dependencies": [
            "random_shuffle.random_adjectives",
            "random_shuffle.random_adverbs",
            "random_shuffle.random_nouns",
            "random_shuffle.random_numbers",
            "random_shuffle.random_verbs"
          ]
        },
        {
          "index_key": 91,
          "schema_version": 0,
          "attributes": {
            "content": "HOW TO BE A PHOTOGRAPHER\r\nMany YASH photographers make big money\r\n",
            "content_base64": null,
            "directory_permission": "0777",
            "file_permission": "0777",
            "filename": "madlibs/madlibs-91.txt",
            "id": "f581b7f224559e9de5177c01b8d89f67b84565a6",
            "sensitive_content": null,
            "source": null
          },
          "sensitive_attributes": [],
          "private": "bnVsbA==",
          "dependencies": [
            "random_shuffle.random_adjectives",
            "random_shuffle.random_adverbs",
            "random_shuffle.random_nouns",
            "random_shuffle.random_numbers",
            "random_shuffle.random_verbs"
          ]
        },
        {
          "index_key": 92,
          "schema_version": 0,
          "attributes": {
            "content": "THE OBSERVATORY\r\nOut class when on a field trip to a YASH observatory. It\r\n",
            "content_base64": null,
            "directory_permission": "0777",
            "file_permission": "0777",
            "filename": "madlibs/madlibs-92.txt",
            "id": "be9e1bb17edda58ede786ff4192736a296d77632",
            "sensitive_content": null,
            "source": null
          },
          "sensitive_attributes": [],
          "private": "bnVsbA==",
          "dependencies": [
            "random_shuffle.random_adjectives",
            "random_shuffle.random_adverbs",
            "random_shuffle.random_nouns",
            "random_shuffle.random_numbers",
            "random_shuffle.random_verbs"
          ]
        },
        {
          "index_key": 93,
          "schema_version": 0,
          "attributes": {
            "content": "HOW TO BE A PHOTOGRAPHER\r\nMany YASH photographers make big money\r\n",
            "content_base64": null,
            "directory_permission": "0777",
            "file_permission": "0777",
            "filename": "madlibs/madlibs-93.txt",
            "id": "f581b7f224559e9de5177c01b8d89f67b84565a6",
            "sensitive_content": null,
            "source": null
          },
          "sensitive_attributes": [],
          "private": "bnVsbA==",
          "dependencies": [
            "random_shuffle.random_adjectives",
            "random_shuffle.random_adverbs",
            "random_shuffle.random_nouns",
            "random_shuffle.random_numbers",
            "random_shuffle.random_verbs"
          ]
        },
        {
          "index_key": 94,
          "schema_version": 0,
          "attributes": {
            "content": "THE OBSERVATORY\r\nOut class when on a field trip to a YASH observatory. It\r\n",
            "content_base64": null,
            "directory_permission": "0777",
            "file_permission": "0777",
            "filename": "madlibs/madlibs-94.txt",
            "id": "be9e1bb17edda58ede786ff4192736a296d77632",
            "sensitive_content": null,
            "source": null
          },
          "sensitive_attributes": [],
          "private": "bnVsbA==",
          "dependencies": [
            "random_shuffle.random_adjectives",
            "random_shuffle.random_adverbs",
            "random_shuffle.random_nouns",
            "random_shuffle.random_numbers",
            "random_shuffle.random_verbs"
          ]
        },
        {
          "index_key": 95,
          "schema_version": 0,
          "attributes": {
            "content": "HOW TO BE A PHOTOGRAPHER\r\nMany YASH photographers make big money\r\n",
            "content_base64": null,
            "directory_permission": "0777",
            "file_permission": "0777",
            "filename": "madlibs/madlibs-95.txt",
            "id": "f581b7f224559e9de5177c01b8d89f67b84565a6",
            "sensitive_content": null,
            "source": null
          },
          "sensitive_attributes": [],
          "private": "bnVsbA==",
          "dependencies": [
            "random_shuffle.random_adjectives",
            "random_shuffle.random_adverbs",
            "random_shuffle.random_nouns",
            "random_shuffle.random_numbers",
            "random_shuffle.random_verbs"
          ]
        },
        {
          "index_key": 96,
          "schema_version": 0,
          "attributes": {
            "content": "THE OBSERVATORY\r\nOut class when on a field trip to a YASH observatory. It\r\n",
            "content_base64": null,
            "directory_permission": "0777",
            "file_permission": "0777",
            "filename": "madlibs/madlibs-96.txt",
            "id": "be9e1bb17edda58ede786ff4192736a296d77632",
            "sensitive_content": null,
            "source": null
          },
          "sensitive_attributes": [],
          "private": "bnVsbA==",
          "dependencies": [
            "random_shuffle.random_adjectives",
            "random_shuffle.random_adverbs",
            "random_shuffle.random_nouns",
            "random_shuffle.random_numbers",
            "random_shuffle.random_verbs"
          ]
        },
        {
          "index_key": 97,
          "schema_version": 0,
          "attributes": {
            "content": "HOW TO BE A PHOTOGRAPHER\r\nMany YASH photographers make big money\r\n",
            "content_base64": null,
            "directory_permission": "0777",
            "file_permission": "0777",
            "filename": "madlibs/madlibs-97.txt",
            "id": "f581b7f224559e9de5177c01b8d89f67b84565a6",
            "sensitive_content": null,
            "source": null
          },
          "sensitive_attributes": [],
          "private": "bnVsbA==",
          "dependencies": [
            "random_shuffle.random_adjectives",
            "random_shuffle.random_adverbs",
            "random_shuffle.random_nouns",
            "random_shuffle.random_numbers",
            "random_shuffle.random_verbs"
          ]
        },
        {
          "index_key": 98,
          "schema_version": 0,
          "attributes": {
            "content": "THE OBSERVATORY\r\nOut class when on a field trip to a YASH observatory. It\r\n",
            "content_base64": null,
            "directory_permission": "0777",
            "file_permission": "0777",
            "filename": "madlibs/madlibs-98.txt",
            "id": "be9e1bb17edda58ede786ff4192736a296d77632",
            "sensitive_content": null,
            "source": null
          },
          "sensitive_attributes": [],
          "private": "bnVsbA==",
          "dependencies": [
            "random_shuffle.random_adjectives",
            "random_shuffle.random_adverbs",
            "random_shuffle.random_nouns",
            "random_shuffle.random_numbers",
            "random_shuffle.random_verbs"
          ]
        },
        {
          "index_key": 99,
          "schema_version": 0,
          "attributes": {
            "content": "HOW TO BE A PHOTOGRAPHER\r\nMany YASH photographers make big money\r\n",
            "content_base64": null,
            "directory_permission": "0777",
            "file_permission": "0777",
            "filename": "madlibs/madlibs-99.txt",
            "id": "f581b7f224559e9de5177c01b8d89f67b84565a6",
            "sensitive_content": null,
            "source": null
          },
          "sensitive_attributes": [],
          "private": "bnVsbA==",
          "dependencies": [
            "random_shuffle.random_adjectives",
            "random_shuffle.random_adverbs",
            "random_shuffle.random_nouns",
            "random_shuffle.random_numbers",
            "random_shuffle.random_verbs"
          ]
        }
      ]
    },
    {
      "mode": "managed",
      "type": "random_shuffle",
      "name": "random_adjectives",
      "provider": "provider[\"registry.terraform.io/hashicorp/random\"]",
      "instances": [
        {
          "index_key": 0,
          "schema_version": 0,
          "attributes": {
            "id": "-",
            "input": [
              "YASH"
            ],
            "keepers": null,
            "result": [
              "YASH"
            ],
            "result_count": null,
            "seed": null
          },
          "sensitive_attributes": [],
          "private": "bnVsbA=="
        },
        {
          "index_key": 1,
          "schema_version": 0,
          "attributes": {
            "id": "-",
            "input": [
              "YASH"
            ],
            "keepers": null,
            "result": [
              "YASH"
            ],
            "result_count": null,
            "seed": null
          },
          "sensitive_attributes": [],
          "private": "bnVsbA=="
        },
        {
          "index_key": 2,
          "schema_version": 0,
          "attributes": {
            "id": "-",
            "input": [
              "YASH"
            ],
            "keepers": null,
            "result": [
              "YASH"
            ],
            "result_count": null,
            "seed": null
          },
          "sensitive_attributes": [],
          "private": "bnVsbA=="
        },
        {
          "index_key": 3,
          "schema_version": 0,
          "attributes": {
            "id": "-",
            "input": [
              "YASH"
            ],
            "keepers": null,
            "result": [
              "YASH"
            ],
            "result_count": null,
            "seed": null
          },
          "sensitive_attributes": [],
          "private": "bnVsbA=="
        },
        {
          "index_key": 4,
          "schema_version": 0,
          "attributes": {
            "id": "-",
            "input": [
              "YASH"
            ],
            "keepers": null,
            "result": [
              "YASH"
            ],
            "result_count": null,
            "seed": null
          },
          "sensitive_attributes": [],
          "private": "bnVsbA=="
        },
        {
          "index_key": 5,
          "schema_version": 0,
          "attributes": {
            "id": "-",
            "input": [
              "YASH"
            ],
            "keepers": null,
            "result": [
              "YASH"
            ],
            "result_count": null,
            "seed": null
          },
          "sensitive_attributes": [],
          "private": "bnVsbA=="
        },
        {
          "index_key": 6,
          "schema_version": 0,
          "attributes": {
            "id": "-",
            "input": [
              "YASH"
            ],
            "keepers": null,
            "result": [
              "YASH"
            ],
            "result_count": null,
            "seed": null
          },
          "sensitive_attributes": [],
          "private": "bnVsbA=="
        },
        {
          "index_key": 7,
          "schema_version": 0,
          "attributes": {
            "id": "-",
            "input": [
              "YASH"
            ],
            "keepers": null,
            "result": [
              "YASH"
            ],
            "result_count": null,
            "seed": null
          },
          "sensitive_attributes": [],
          "private": "bnVsbA=="
        },
        {
          "index_key": 8,
          "schema_version": 0,
          "attributes": {
            "id": "-",
            "input": [
              "YASH"
            ],
            "keepers": null,
            "result": [
              "YASH"
            ],
            "result_count": null,
            "seed": null
          },
          "sensitive_attributes": [],
          "private": "bnVsbA=="
        },
        {
          "index_key": 9,
          "schema_version": 0,
          "attributes": {
            "id": "-",
            "input": [
              "YASH"
            ],
            "keepers": null,
            "result": [
              "YASH"
            ],
            "result_count": null,
            "seed": null
          },
          "sensitive_attributes": [],
          "private": "bnVsbA=="
        },
        {
          "index_key": 10,
          "schema_version": 0,
          "attributes": {
            "id": "-",
            "input": [
              "YASH"
            ],
            "keepers": null,
            "result": [
              "YASH"
            ],
            "result_count": null,
            "seed": null
          },
          "sensitive_attributes": [],
          "private": "bnVsbA=="
        },
        {
          "index_key": 11,
          "schema_version": 0,
          "attributes": {
            "id": "-",
            "input": [
              "YASH"
            ],
            "keepers": null,
            "result": [
              "YASH"
            ],
            "result_count": null,
            "seed": null
          },
          "sensitive_attributes": [],
          "private": "bnVsbA=="
        },
        {
          "index_key": 12,
          "schema_version": 0,
          "attributes": {
            "id": "-",
            "input": [
              "YASH"
            ],
            "keepers": null,
            "result": [
              "YASH"
            ],
            "result_count": null,
            "seed": null
          },
          "sensitive_attributes": [],
          "private": "bnVsbA=="
        },
        {
          "index_key": 13,
          "schema_version": 0,
          "attributes": {
            "id": "-",
            "input": [
              "YASH"
            ],
            "keepers": null,
            "result": [
              "YASH"
            ],
            "result_count": null,
            "seed": null
          },
          "sensitive_attributes": [],
          "private": "bnVsbA=="
        },
        {
          "index_key": 14,
          "schema_version": 0,
          "attributes": {
            "id": "-",
            "input": [
              "YASH"
            ],
            "keepers": null,
            "result": [
              "YASH"
            ],
            "result_count": null,
            "seed": null
          },
          "sensitive_attributes": [],
          "private": "bnVsbA=="
        },
        {
          "index_key": 15,
          "schema_version": 0,
          "attributes": {
            "id": "-",
            "input": [
              "YASH"
            ],
            "keepers": null,
            "result": [
              "YASH"
            ],
            "result_count": null,
            "seed": null
          },
          "sensitive_attributes": [],
          "private": "bnVsbA=="
        },
        {
          "index_key": 16,
          "schema_version": 0,
          "attributes": {
            "id": "-",
            "input": [
              "YASH"
            ],
            "keepers": null,
            "result": [
              "YASH"
            ],
            "result_count": null,
            "seed": null
          },
          "sensitive_attributes": [],
          "private": "bnVsbA=="
        },
        {
          "index_key": 17,
          "schema_version": 0,
          "attributes": {
            "id": "-",
            "input": [
              "YASH"
            ],
            "keepers": null,
            "result": [
              "YASH"
            ],
            "result_count": null,
            "seed": null
          },
          "sensitive_attributes": [],
          "private": "bnVsbA=="
        },
        {
          "index_key": 18,
          "schema_version": 0,
          "attributes": {
            "id": "-",
            "input": [
              "YASH"
            ],
            "keepers": null,
            "result": [
              "YASH"
            ],
            "result_count": null,
            "seed": null
          },
          "sensitive_attributes": [],
          "private": "bnVsbA=="
        },
        {
          "index_key": 19,
          "schema_version": 0,
          "attributes": {
            "id": "-",
            "input": [
              "YASH"
            ],
            "keepers": null,
            "result": [
              "YASH"
            ],
            "result_count": null,
            "seed": null
          },
          "sensitive_attributes": [],
          "private": "bnVsbA=="
        },
        {
          "index_key": 20,
          "schema_version": 0,
          "attributes": {
            "id": "-",
            "input": [
              "YASH"
            ],
            "keepers": null,
            "result": [
              "YASH"
            ],
            "result_count": null,
            "seed": null
          },
          "sensitive_attributes": [],
          "private": "bnVsbA=="
        },
        {
          "index_key": 21,
          "schema_version": 0,
          "attributes": {
            "id": "-",
            "input": [
              "YASH"
            ],
            "keepers": null,
            "result": [
              "YASH"
            ],
            "result_count": null,
            "seed": null
          },
          "sensitive_attributes": [],
          "private": "bnVsbA=="
        },
        {
          "index_key": 22,
          "schema_version": 0,
          "attributes": {
            "id": "-",
            "input": [
              "YASH"
            ],
            "keepers": null,
            "result": [
              "YASH"
            ],
            "result_count": null,
            "seed": null
          },
          "sensitive_attributes": [],
          "private": "bnVsbA=="
        },
        {
          "index_key": 23,
          "schema_version": 0,
          "attributes": {
            "id": "-",
            "input": [
              "YASH"
            ],
            "keepers": null,
            "result": [
              "YASH"
            ],
            "result_count": null,
            "seed": null
          },
          "sensitive_attributes": [],
          "private": "bnVsbA=="
        },
        {
          "index_key": 24,
          "schema_version": 0,
          "attributes": {
            "id": "-",
            "input": [
              "YASH"
            ],
            "keepers": null,
            "result": [
              "YASH"
            ],
            "result_count": null,
            "seed": null
          },
          "sensitive_attributes": [],
          "private": "bnVsbA=="
        },
        {
          "index_key": 25,
          "schema_version": 0,
          "attributes": {
            "id": "-",
            "input": [
              "YASH"
            ],
            "keepers": null,
            "result": [
              "YASH"
            ],
            "result_count": null,
            "seed": null
          },
          "sensitive_attributes": [],
          "private": "bnVsbA=="
        },
        {
          "index_key": 26,
          "schema_version": 0,
          "attributes": {
            "id": "-",
            "input": [
              "YASH"
            ],
            "keepers": null,
            "result": [
              "YASH"
            ],
            "result_count": null,
            "seed": null
          },
          "sensitive_attributes": [],
          "private": "bnVsbA=="
        },
        {
          "index_key": 27,
          "schema_version": 0,
          "attributes": {
            "id": "-",
            "input": [
              "YASH"
            ],
            "keepers": null,
            "result": [
              "YASH"
            ],
            "result_count": null,
            "seed": null
          },
          "sensitive_attributes": [],
          "private": "bnVsbA=="
        },
        {
          "index_key": 28,
          "schema_version": 0,
          "attributes": {
            "id": "-",
            "input": [
              "YASH"
            ],
            "keepers": null,
            "result": [
              "YASH"
            ],
            "result_count": null,
            "seed": null
          },
          "sensitive_attributes": [],
          "private": "bnVsbA=="
        },
        {
          "index_key": 29,
          "schema_version": 0,
          "attributes": {
            "id": "-",
            "input": [
              "YASH"
            ],
            "keepers": null,
            "result": [
              "YASH"
            ],
            "result_count": null,
            "seed": null
          },
          "sensitive_attributes": [],
          "private": "bnVsbA=="
        },
        {
          "index_key": 30,
          "schema_version": 0,
          "attributes": {
            "id": "-",
            "input": [
              "YASH"
            ],
            "keepers": null,
            "result": [
              "YASH"
            ],
            "result_count": null,
            "seed": null
          },
          "sensitive_attributes": [],
          "private": "bnVsbA=="
        },
        {
          "index_key": 31,
          "schema_version": 0,
          "attributes": {
            "id": "-",
            "input": [
              "YASH"
            ],
            "keepers": null,
            "result": [
              "YASH"
            ],
            "result_count": null,
            "seed": null
          },
          "sensitive_attributes": [],
          "private": "bnVsbA=="
        },
        {
          "index_key": 32,
          "schema_version": 0,
          "attributes": {
            "id": "-",
            "input": [
              "YASH"
            ],
            "keepers": null,
            "result": [
              "YASH"
            ],
            "result_count": null,
            "seed": null
          },
          "sensitive_attributes": [],
          "private": "bnVsbA=="
        },
        {
          "index_key": 33,
          "schema_version": 0,
          "attributes": {
            "id": "-",
            "input": [
              "YASH"
            ],
            "keepers": null,
            "result": [
              "YASH"
            ],
            "result_count": null,
            "seed": null
          },
          "sensitive_attributes": [],
          "private": "bnVsbA=="
        },
        {
          "index_key": 34,
          "schema_version": 0,
          "attributes": {
            "id": "-",
            "input": [
              "YASH"
            ],
            "keepers": null,
            "result": [
              "YASH"
            ],
            "result_count": null,
            "seed": null
          },
          "sensitive_attributes": [],
          "private": "bnVsbA=="
        },
        {
          "index_key": 35,
          "schema_version": 0,
          "attributes": {
            "id": "-",
            "input": [
              "YASH"
            ],
            "keepers": null,
            "result": [
              "YASH"
            ],
            "result_count": null,
            "seed": null
          },
          "sensitive_attributes": [],
          "private": "bnVsbA=="
        },
        {
          "index_key": 36,
          "schema_version": 0,
          "attributes": {
            "id": "-",
            "input": [
              "YASH"
            ],
            "keepers": null,
            "result": [
              "YASH"
            ],
            "result_count": null,
            "seed": null
          },
          "sensitive_attributes": [],
          "private": "bnVsbA=="
        },
        {
          "index_key": 37,
          "schema_version": 0,
          "attributes": {
            "id": "-",
            "input": [
              "YASH"
            ],
            "keepers": null,
            "result": [
              "YASH"
            ],
            "result_count": null,
            "seed": null
          },
          "sensitive_attributes": [],
          "private": "bnVsbA=="
        },
        {
          "index_key": 38,
          "schema_version": 0,
          "attributes": {
            "id": "-",
            "input": [
              "YASH"
            ],
            "keepers": null,
            "result": [
              "YASH"
            ],
            "result_count": null,
            "seed": null
          },
          "sensitive_attributes": [],
          "private": "bnVsbA=="
        },
        {
          "index_key": 39,
          "schema_version": 0,
          "attributes": {
            "id": "-",
            "input": [
              "YASH"
            ],
            "keepers": null,
            "result": [
              "YASH"
            ],
            "result_count": null,
            "seed": null
          },
          "sensitive_attributes": [],
          "private": "bnVsbA=="
        },
        {
          "index_key": 40,
          "schema_version": 0,
          "attributes": {
            "id": "-",
            "input": [
              "YASH"
            ],
            "keepers": null,
            "result": [
              "YASH"
            ],
            "result_count": null,
            "seed": null
          },
          "sensitive_attributes": [],
          "private": "bnVsbA=="
        },
        {
          "index_key": 41,
          "schema_version": 0,
          "attributes": {
            "id": "-",
            "input": [
              "YASH"
            ],
            "keepers": null,
            "result": [
              "YASH"
            ],
            "result_count": null,
            "seed": null
          },
          "sensitive_attributes": [],
          "private": "bnVsbA=="
        },
        {
          "index_key": 42,
          "schema_version": 0,
          "attributes": {
            "id": "-",
            "input": [
              "YASH"
            ],
            "keepers": null,
            "result": [
              "YASH"
            ],
            "result_count": null,
            "seed": null
          },
          "sensitive_attributes": [],
          "private": "bnVsbA=="
        },
        {
          "index_key": 43,
          "schema_version": 0,
          "attributes": {
            "id": "-",
            "input": [
              "YASH"
            ],
            "keepers": null,
            "result": [
              "YASH"
            ],
            "result_count": null,
            "seed": null
          },
          "sensitive_attributes": [],
          "private": "bnVsbA=="
        },
        {
          "index_key": 44,
          "schema_version": 0,
          "attributes": {
            "id": "-",
            "input": [
              "YASH"
            ],
            "keepers": null,
            "result": [
              "YASH"
            ],
            "result_count": null,
            "seed": null
          },
          "sensitive_attributes": [],
          "private": "bnVsbA=="
        },
        {
          "index_key": 45,
          "schema_version": 0,
          "attributes": {
            "id": "-",
            "input": [
              "YASH"
            ],
            "keepers": null,
            "result": [
              "YASH"
            ],
            "result_count": null,
            "seed": null
          },
          "sensitive_attributes": [],
          "private": "bnVsbA=="
        },
        {
          "index_key": 46,
          "schema_version": 0,
          "attributes": {
            "id": "-",
            "input": [
              "YASH"
            ],
            "keepers": null,
            "result": [
              "YASH"
            ],
            "result_count": null,
            "seed": null
          },
          "sensitive_attributes": [],
          "private": "bnVsbA=="
        },
        {
          "index_key": 47,
          "schema_version": 0,
          "attributes": {
            "id": "-",
            "input": [
              "YASH"
            ],
            "keepers": null,
            "result": [
              "YASH"
            ],
            "result_count": null,
            "seed": null
          },
          "sensitive_attributes": [],
          "private": "bnVsbA=="
        },
        {
          "index_key": 48,
          "schema_version": 0,
          "attributes": {
            "id": "-",
            "input": [
              "YASH"
            ],
            "keepers": null,
            "result": [
              "YASH"
            ],
            "result_count": null,
            "seed": null
          },
          "sensitive_attributes": [],
          "private": "bnVsbA=="
        },
        {
          "index_key": 49,
          "schema_version": 0,
          "attributes": {
            "id": "-",
            "input": [
              "YASH"
            ],
            "keepers": null,
            "result": [
              "YASH"
            ],
            "result_count": null,
            "seed": null
          },
          "sensitive_attributes": [],
          "private": "bnVsbA=="
        },
        {
          "index_key": 50,
          "schema_version": 0,
          "attributes": {
            "id": "-",
            "input": [
              "YASH"
            ],
            "keepers": null,
            "result": [
              "YASH"
            ],
            "result_count": null,
            "seed": null
          },
          "sensitive_attributes": [],
          "private": "bnVsbA=="
        },
        {
          "index_key": 51,
          "schema_version": 0,
          "attributes": {
            "id": "-",
            "input": [
              "YASH"
            ],
            "keepers": null,
            "result": [
              "YASH"
            ],
            "result_count": null,
            "seed": null
          },
          "sensitive_attributes": [],
          "private": "bnVsbA=="
        },
        {
          "index_key": 52,
          "schema_version": 0,
          "attributes": {
            "id": "-",
            "input": [
              "YASH"
            ],
            "keepers": null,
            "result": [
              "YASH"
            ],
            "result_count": null,
            "seed": null
          },
          "sensitive_attributes": [],
          "private": "bnVsbA=="
        },
        {
          "index_key": 53,
          "schema_version": 0,
          "attributes": {
            "id": "-",
            "input": [
              "YASH"
            ],
            "keepers": null,
            "result": [
              "YASH"
            ],
            "result_count": null,
            "seed": null
          },
          "sensitive_attributes": [],
          "private": "bnVsbA=="
        },
        {
          "index_key": 54,
          "schema_version": 0,
          "attributes": {
            "id": "-",
            "input": [
              "YASH"
            ],
            "keepers": null,
            "result": [
              "YASH"
            ],
            "result_count": null,
            "seed": null
          },
          "sensitive_attributes": [],
          "private": "bnVsbA=="
        },
        {
          "index_key": 55,
          "schema_version": 0,
          "attributes": {
            "id": "-",
            "input": [
              "YASH"
            ],
            "keepers": null,
            "result": [
              "YASH"
            ],
            "result_count": null,
            "seed": null
          },
          "sensitive_attributes": [],
          "private": "bnVsbA=="
        },
        {
          "index_key": 56,
          "schema_version": 0,
          "attributes": {
            "id": "-",
            "input": [
              "YASH"
            ],
            "keepers": null,
            "result": [
              "YASH"
            ],
            "result_count": null,
            "seed": null
          },
          "sensitive_attributes": [],
          "private": "bnVsbA=="
        },
        {
          "index_key": 57,
          "schema_version": 0,
          "attributes": {
            "id": "-",
            "input": [
              "YASH"
            ],
            "keepers": null,
            "result": [
              "YASH"
            ],
            "result_count": null,
            "seed": null
          },
          "sensitive_attributes": [],
          "private": "bnVsbA=="
        },
        {
          "index_key": 58,
          "schema_version": 0,
          "attributes": {
            "id": "-",
            "input": [
              "YASH"
            ],
            "keepers": null,
            "result": [
              "YASH"
            ],
            "result_count": null,
            "seed": null
          },
          "sensitive_attributes": [],
          "private": "bnVsbA=="
        },
        {
          "index_key": 59,
          "schema_version": 0,
          "attributes": {
            "id": "-",
            "input": [
              "YASH"
            ],
            "keepers": null,
            "result": [
              "YASH"
            ],
            "result_count": null,
            "seed": null
          },
          "sensitive_attributes": [],
          "private": "bnVsbA=="
        },
        {
          "index_key": 60,
          "schema_version": 0,
          "attributes": {
            "id": "-",
            "input": [
              "YASH"
            ],
            "keepers": null,
            "result": [
              "YASH"
            ],
            "result_count": null,
            "seed": null
          },
          "sensitive_attributes": [],
          "private": "bnVsbA=="
        },
        {
          "index_key": 61,
          "schema_version": 0,
          "attributes": {
            "id": "-",
            "input": [
              "YASH"
            ],
            "keepers": null,
            "result": [
              "YASH"
            ],
            "result_count": null,
            "seed": null
          },
          "sensitive_attributes": [],
          "private": "bnVsbA=="
        },
        {
          "index_key": 62,
          "schema_version": 0,
          "attributes": {
            "id": "-",
            "input": [
              "YASH"
            ],
            "keepers": null,
            "result": [
              "YASH"
            ],
            "result_count": null,
            "seed": null
          },
          "sensitive_attributes": [],
          "private": "bnVsbA=="
        },
        {
          "index_key": 63,
          "schema_version": 0,
          "attributes": {
            "id": "-",
            "input": [
              "YASH"
            ],
            "keepers": null,
            "result": [
              "YASH"
            ],
            "result_count": null,
            "seed": null
          },
          "sensitive_attributes": [],
          "private": "bnVsbA=="
        },
        {
          "index_key": 64,
          "schema_version": 0,
          "attributes": {
            "id": "-",
            "input": [
              "YASH"
            ],
            "keepers": null,
            "result": [
              "YASH"
            ],
            "result_count": null,
            "seed": null
          },
          "sensitive_attributes": [],
          "private": "bnVsbA=="
        },
        {
          "index_key": 65,
          "schema_version": 0,
          "attributes": {
            "id": "-",
            "input": [
              "YASH"
            ],
            "keepers": null,
            "result": [
              "YASH"
            ],
            "result_count": null,
            "seed": null
          },
          "sensitive_attributes": [],
          "private": "bnVsbA=="
        },
        {
          "index_key": 66,
          "schema_version": 0,
          "attributes": {
            "id": "-",
            "input": [
              "YASH"
            ],
            "keepers": null,
            "result": [
              "YASH"
            ],
            "result_count": null,
            "seed": null
          },
          "sensitive_attributes": [],
          "private": "bnVsbA=="
        },
        {
          "index_key": 67,
          "schema_version": 0,
          "attributes": {
            "id": "-",
            "input": [
              "YASH"
            ],
            "keepers": null,
            "result": [
              "YASH"
            ],
            "result_count": null,
            "seed": null
          },
          "sensitive_attributes": [],
          "private": "bnVsbA=="
        },
        {
          "index_key": 68,
          "schema_version": 0,
          "attributes": {
            "id": "-",
            "input": [
              "YASH"
            ],
            "keepers": null,
            "result": [
              "YASH"
            ],
            "result_count": null,
            "seed": null
          },
          "sensitive_attributes": [],
          "private": "bnVsbA=="
        },
        {
          "index_key": 69,
          "schema_version": 0,
          "attributes": {
            "id": "-",
            "input": [
              "YASH"
            ],
            "keepers": null,
            "result": [
              "YASH"
            ],
            "result_count": null,
            "seed": null
          },
          "sensitive_attributes": [],
          "private": "bnVsbA=="
        },
        {
          "index_key": 70,
          "schema_version": 0,
          "attributes": {
            "id": "-",
            "input": [
              "YASH"
            ],
            "keepers": null,
            "result": [
              "YASH"
            ],
            "result_count": null,
            "seed": null
          },
          "sensitive_attributes": [],
          "private": "bnVsbA=="
        },
        {
          "index_key": 71,
          "schema_version": 0,
          "attributes": {
            "id": "-",
            "input": [
              "YASH"
            ],
            "keepers": null,
            "result": [
              "YASH"
            ],
            "result_count": null,
            "seed": null
          },
          "sensitive_attributes": [],
          "private": "bnVsbA=="
        },
        {
          "index_key": 72,
          "schema_version": 0,
          "attributes": {
            "id": "-",
            "input": [
              "YASH"
            ],
            "keepers": null,
            "result": [
              "YASH"
            ],
            "result_count": null,
            "seed": null
          },
          "sensitive_attributes": [],
          "private": "bnVsbA=="
        },
        {
          "index_key": 73,
          "schema_version": 0,
          "attributes": {
            "id": "-",
            "input": [
              "YASH"
            ],
            "keepers": null,
            "result": [
              "YASH"
            ],
            "result_count": null,
            "seed": null
          },
          "sensitive_attributes": [],
          "private": "bnVsbA=="
        },
        {
          "index_key": 74,
          "schema_version": 0,
          "attributes": {
            "id": "-",
            "input": [
              "YASH"
            ],
            "keepers": null,
            "result": [
              "YASH"
            ],
            "result_count": null,
            "seed": null
          },
          "sensitive_attributes": [],
          "private": "bnVsbA=="
        },
        {
          "index_key": 75,
          "schema_version": 0,
          "attributes": {
            "id": "-",
            "input": [
              "YASH"
            ],
            "keepers": null,
            "result": [
              "YASH"
            ],
            "result_count": null,
            "seed": null
          },
          "sensitive_attributes": [],
          "private": "bnVsbA=="
        },
        {
          "index_key": 76,
          "schema_version": 0,
          "attributes": {
            "id": "-",
            "input": [
              "YASH"
            ],
            "keepers": null,
            "result": [
              "YASH"
            ],
            "result_count": null,
            "seed": null
          },
          "sensitive_attributes": [],
          "private": "bnVsbA=="
        },
        {
          "index_key": 77,
          "schema_version": 0,
          "attributes": {
            "id": "-",
            "input": [
              "YASH"
            ],
            "keepers": null,
            "result": [
              "YASH"
            ],
            "result_count": null,
            "seed": null
          },
          "sensitive_attributes": [],
          "private": "bnVsbA=="
        },
        {
          "index_key": 78,
          "schema_version": 0,
          "attributes": {
            "id": "-",
            "input": [
              "YASH"
            ],
            "keepers": null,
            "result": [
              "YASH"
            ],
            "result_count": null,
            "seed": null
          },
          "sensitive_attributes": [],
          "private": "bnVsbA=="
        },
        {
          "index_key": 79,
          "schema_version": 0,
          "attributes": {
            "id": "-",
            "input": [
              "YASH"
            ],
            "keepers": null,
            "result": [
              "YASH"
            ],
            "result_count": null,
            "seed": null
          },
          "sensitive_attributes": [],
          "private": "bnVsbA=="
        },
        {
          "index_key": 80,
          "schema_version": 0,
          "attributes": {
            "id": "-",
            "input": [
              "YASH"
            ],
            "keepers": null,
            "result": [
              "YASH"
            ],
            "result_count": null,
            "seed": null
          },
          "sensitive_attributes": [],
          "private": "bnVsbA=="
        },
        {
          "index_key": 81,
          "schema_version": 0,
          "attributes": {
            "id": "-",
            "input": [
              "YASH"
            ],
            "keepers": null,
            "result": [
              "YASH"
            ],
            "result_count": null,
            "seed": null
          },
          "sensitive_attributes": [],
          "private": "bnVsbA=="
        },
        {
          "index_key": 82,
          "schema_version": 0,
          "attributes": {
            "id": "-",
            "input": [
              "YASH"
            ],
            "keepers": null,
            "result": [
              "YASH"
            ],
            "result_count": null,
            "seed": null
          },
          "sensitive_attributes": [],
          "private": "bnVsbA=="
        },
        {
          "index_key": 83,
          "schema_version": 0,
          "attributes": {
            "id": "-",
            "input": [
              "YASH"
            ],
            "keepers": null,
            "result": [
              "YASH"
            ],
            "result_count": null,
            "seed": null
          },
          "sensitive_attributes": [],
          "private": "bnVsbA=="
        },
        {
          "index_key": 84,
          "schema_version": 0,
          "attributes": {
            "id": "-",
            "input": [
              "YASH"
            ],
            "keepers": null,
            "result": [
              "YASH"
            ],
            "result_count": null,
            "seed": null
          },
          "sensitive_attributes": [],
          "private": "bnVsbA=="
        },
        {
          "index_key": 85,
          "schema_version": 0,
          "attributes": {
            "id": "-",
            "input": [
              "YASH"
            ],
            "keepers": null,
            "result": [
              "YASH"
            ],
            "result_count": null,
            "seed": null
          },
          "sensitive_attributes": [],
          "private": "bnVsbA=="
        },
        {
          "index_key": 86,
          "schema_version": 0,
          "attributes": {
            "id": "-",
            "input": [
              "YASH"
            ],
            "keepers": null,
            "result": [
              "YASH"
            ],
            "result_count": null,
            "seed": null
          },
          "sensitive_attributes": [],
          "private": "bnVsbA=="
        },
        {
          "index_key": 87,
          "schema_version": 0,
          "attributes": {
            "id": "-",
            "input": [
              "YASH"
            ],
            "keepers": null,
            "result": [
              "YASH"
            ],
            "result_count": null,
            "seed": null
          },
          "sensitive_attributes": [],
          "private": "bnVsbA=="
        },
        {
          "index_key": 88,
          "schema_version": 0,
          "attributes": {
            "id": "-",
            "input": [
              "YASH"
            ],
            "keepers": null,
            "result": [
              "YASH"
            ],
            "result_count": null,
            "seed": null
          },
          "sensitive_attributes": [],
          "private": "bnVsbA=="
        },
        {
          "index_key": 89,
          "schema_version": 0,
          "attributes": {
            "id": "-",
            "input": [
              "YASH"
            ],
            "keepers": null,
            "result": [
              "YASH"
            ],
            "result_count": null,
            "seed": null
          },
          "sensitive_attributes": [],
          "private": "bnVsbA=="
        },
        {
          "index_key": 90,
          "schema_version": 0,
          "attributes": {
            "id": "-",
            "input": [
              "YASH"
            ],
            "keepers": null,
            "result": [
              "YASH"
            ],
            "result_count": null,
            "seed": null
          },
          "sensitive_attributes": [],
          "private": "bnVsbA=="
        },
        {
          "index_key": 91,
          "schema_version": 0,
          "attributes": {
            "id": "-",
            "input": [
              "YASH"
            ],
            "keepers": null,
            "result": [
              "YASH"
            ],
            "result_count": null,
            "seed": null
          },
          "sensitive_attributes": [],
          "private": "bnVsbA=="
        },
        {
          "index_key": 92,
          "schema_version": 0,
          "attributes": {
            "id": "-",
            "input": [
              "YASH"
            ],
            "keepers": null,
            "result": [
              "YASH"
            ],
            "result_count": null,
            "seed": null
          },
          "sensitive_attributes": [],
          "private": "bnVsbA=="
        },
        {
          "index_key": 93,
          "schema_version": 0,
          "attributes": {
            "id": "-",
            "input": [
              "YASH"
            ],
            "keepers": null,
            "result": [
              "YASH"
            ],
            "result_count": null,
            "seed": null
          },
          "sensitive_attributes": [],
          "private": "bnVsbA=="
        },
        {
          "index_key": 94,
          "schema_version": 0,
          "attributes": {
            "id": "-",
            "input": [
              "YASH"
            ],
            "keepers": null,
            "result": [
              "YASH"
            ],
            "result_count": null,
            "seed": null
          },
          "sensitive_attributes": [],
          "private": "bnVsbA=="
        },
        {
          "index_key": 95,
          "schema_version": 0,
          "attributes": {
            "id": "-",
            "input": [
              "YASH"
            ],
            "keepers": null,
            "result": [
              "YASH"
            ],
            "result_count": null,
            "seed": null
          },
          "sensitive_attributes": [],
          "private": "bnVsbA=="
        },
        {
          "index_key": 96,
          "schema_version": 0,
          "attributes": {
            "id": "-",
            "input": [
              "YASH"
            ],
            "keepers": null,
            "result": [
              "YASH"
            ],
            "result_count": null,
            "seed": null
          },
          "sensitive_attributes": [],
          "private": "bnVsbA=="
        },
        {
          "index_key": 97,
          "schema_version": 0,
          "attributes": {
            "id": "-",
            "input": [
              "YASH"
            ],
            "keepers": null,
            "result": [
              "YASH"
            ],
            "result_count": null,
            "seed": null
          },
          "sensitive_attributes": [],
          "private": "bnVsbA=="
        },
        {
          "index_key": 98,
          "schema_version": 0,
          "attributes": {
            "id": "-",
            "input": [
              "YASH"
            ],
            "keepers": null,
            "result": [
              "YASH"
            ],
            "result_count": null,
            "seed": null
          },
          "sensitive_attributes": [],
          "private": "bnVsbA=="
        },
        {
          "index_key": 99,
          "schema_version": 0,
          "attributes": {
            "id": "-",
            "input": [
              "YASH"
            ],
            "keepers": null,
            "result": [
              "YASH"
            ],
            "result_count": null,
            "seed": null
          },
          "sensitive_attributes": [],
          "private": "bnVsbA=="
        }
      ]
    },
    {
      "mode": "managed",
      "type": "random_shuffle",
      "name": "random_adverbs",
      "provider": "provider[\"registry.terraform.io/hashicorp/random\"]",
      "instances": [
        {
          "index_key": 0,
          "schema_version": 0,
          "attributes": {
            "id": "-",
            "input": [
              "SHARMA"
            ],
            "keepers": null,
            "result": [
              "SHARMA"
            ],
            "result_count": null,
            "seed": null
          },
          "sensitive_attributes": [],
          "private": "bnVsbA=="
        },
        {
          "index_key": 1,
          "schema_version": 0,
          "attributes": {
            "id": "-",
            "input": [
              "SHARMA"
            ],
            "keepers": null,
            "result": [
              "SHARMA"
            ],
            "result_count": null,
            "seed": null
          },
          "sensitive_attributes": [],
          "private": "bnVsbA=="
        },
        {
          "index_key": 2,
          "schema_version": 0,
          "attributes": {
            "id": "-",
            "input": [
              "SHARMA"
            ],
            "keepers": null,
            "result": [
              "SHARMA"
            ],
            "result_count": null,
            "seed": null
          },
          "sensitive_attributes": [],
          "private": "bnVsbA=="
        },
        {
          "index_key": 3,
          "schema_version": 0,
          "attributes": {
            "id": "-",
            "input": [
              "SHARMA"
            ],
            "keepers": null,
            "result": [
              "SHARMA"
            ],
            "result_count": null,
            "seed": null
          },
          "sensitive_attributes": [],
          "private": "bnVsbA=="
        },
        {
          "index_key": 4,
          "schema_version": 0,
          "attributes": {
            "id": "-",
            "input": [
              "SHARMA"
            ],
            "keepers": null,
            "result": [
              "SHARMA"
            ],
            "result_count": null,
            "seed": null
          },
          "sensitive_attributes": [],
          "private": "bnVsbA=="
        },
        {
          "index_key": 5,
          "schema_version": 0,
          "attributes": {
            "id": "-",
            "input": [
              "SHARMA"
            ],
            "keepers": null,
            "result": [
              "SHARMA"
            ],
            "result_count": null,
            "seed": null
          },
          "sensitive_attributes": [],
          "private": "bnVsbA=="
        },
        {
          "index_key": 6,
          "schema_version": 0,
          "attributes": {
            "id": "-",
            "input": [
              "SHARMA"
            ],
            "keepers": null,
            "result": [
              "SHARMA"
            ],
            "result_count": null,
            "seed": null
          },
          "sensitive_attributes": [],
          "private": "bnVsbA=="
        },
        {
          "index_key": 7,
          "schema_version": 0,
          "attributes": {
            "id": "-",
            "input": [
              "SHARMA"
            ],
            "keepers": null,
            "result": [
              "SHARMA"
            ],
            "result_count": null,
            "seed": null
          },
          "sensitive_attributes": [],
          "private": "bnVsbA=="
        },
        {
          "index_key": 8,
          "schema_version": 0,
          "attributes": {
            "id": "-",
            "input": [
              "SHARMA"
            ],
            "keepers": null,
            "result": [
              "SHARMA"
            ],
            "result_count": null,
            "seed": null
          },
          "sensitive_attributes": [],
          "private": "bnVsbA=="
        },
        {
          "index_key": 9,
          "schema_version": 0,
          "attributes": {
            "id": "-",
            "input": [
              "SHARMA"
            ],
            "keepers": null,
            "result": [
              "SHARMA"
            ],
            "result_count": null,
            "seed": null
          },
          "sensitive_attributes": [],
          "private": "bnVsbA=="
        },
        {
          "index_key": 10,
          "schema_version": 0,
          "attributes": {
            "id": "-",
            "input": [
              "SHARMA"
            ],
            "keepers": null,
            "result": [
              "SHARMA"
            ],
            "result_count": null,
            "seed": null
          },
          "sensitive_attributes": [],
          "private": "bnVsbA=="
        },
        {
          "index_key": 11,
          "schema_version": 0,
          "attributes": {
            "id": "-",
            "input": [
              "SHARMA"
            ],
            "keepers": null,
            "result": [
              "SHARMA"
            ],
            "result_count": null,
            "seed": null
          },
          "sensitive_attributes": [],
          "private": "bnVsbA=="
        },
        {
          "index_key": 12,
          "schema_version": 0,
          "attributes": {
            "id": "-",
            "input": [
              "SHARMA"
            ],
            "keepers": null,
            "result": [
              "SHARMA"
            ],
            "result_count": null,
            "seed": null
          },
          "sensitive_attributes": [],
          "private": "bnVsbA=="
        },
        {
          "index_key": 13,
          "schema_version": 0,
          "attributes": {
            "id": "-",
            "input": [
              "SHARMA"
            ],
            "keepers": null,
            "result": [
              "SHARMA"
            ],
            "result_count": null,
            "seed": null
          },
          "sensitive_attributes": [],
          "private": "bnVsbA=="
        },
        {
          "index_key": 14,
          "schema_version": 0,
          "attributes": {
            "id": "-",
            "input": [
              "SHARMA"
            ],
            "keepers": null,
            "result": [
              "SHARMA"
            ],
            "result_count": null,
            "seed": null
          },
          "sensitive_attributes": [],
          "private": "bnVsbA=="
        },
        {
          "index_key": 15,
          "schema_version": 0,
          "attributes": {
            "id": "-",
            "input": [
              "SHARMA"
            ],
            "keepers": null,
            "result": [
              "SHARMA"
            ],
            "result_count": null,
            "seed": null
          },
          "sensitive_attributes": [],
          "private": "bnVsbA=="
        },
        {
          "index_key": 16,
          "schema_version": 0,
          "attributes": {
            "id": "-",
            "input": [
              "SHARMA"
            ],
            "keepers": null,
            "result": [
              "SHARMA"
            ],
            "result_count": null,
            "seed": null
          },
          "sensitive_attributes": [],
          "private": "bnVsbA=="
        },
        {
          "index_key": 17,
          "schema_version": 0,
          "attributes": {
            "id": "-",
            "input": [
              "SHARMA"
            ],
            "keepers": null,
            "result": [
              "SHARMA"
            ],
            "result_count": null,
            "seed": null
          },
          "sensitive_attributes": [],
          "private": "bnVsbA=="
        },
        {
          "index_key": 18,
          "schema_version": 0,
          "attributes": {
            "id": "-",
            "input": [
              "SHARMA"
            ],
            "keepers": null,
            "result": [
              "SHARMA"
            ],
            "result_count": null,
            "seed": null
          },
          "sensitive_attributes": [],
          "private": "bnVsbA=="
        },
        {
          "index_key": 19,
          "schema_version": 0,
          "attributes": {
            "id": "-",
            "input": [
              "SHARMA"
            ],
            "keepers": null,
            "result": [
              "SHARMA"
            ],
            "result_count": null,
            "seed": null
          },
          "sensitive_attributes": [],
          "private": "bnVsbA=="
        },
        {
          "index_key": 20,
          "schema_version": 0,
          "attributes": {
            "id": "-",
            "input": [
              "SHARMA"
            ],
            "keepers": null,
            "result": [
              "SHARMA"
            ],
            "result_count": null,
            "seed": null
          },
          "sensitive_attributes": [],
          "private": "bnVsbA=="
        },
        {
          "index_key": 21,
          "schema_version": 0,
          "attributes": {
            "id": "-",
            "input": [
              "SHARMA"
            ],
            "keepers": null,
            "result": [
              "SHARMA"
            ],
            "result_count": null,
            "seed": null
          },
          "sensitive_attributes": [],
          "private": "bnVsbA=="
        },
        {
          "index_key": 22,
          "schema_version": 0,
          "attributes": {
            "id": "-",
            "input": [
              "SHARMA"
            ],
            "keepers": null,
            "result": [
              "SHARMA"
            ],
            "result_count": null,
            "seed": null
          },
          "sensitive_attributes": [],
          "private": "bnVsbA=="
        },
        {
          "index_key": 23,
          "schema_version": 0,
          "attributes": {
            "id": "-",
            "input": [
              "SHARMA"
            ],
            "keepers": null,
            "result": [
              "SHARMA"
            ],
            "result_count": null,
            "seed": null
          },
          "sensitive_attributes": [],
          "private": "bnVsbA=="
        },
        {
          "index_key": 24,
          "schema_version": 0,
          "attributes": {
            "id": "-",
            "input": [
              "SHARMA"
            ],
            "keepers": null,
            "result": [
              "SHARMA"
            ],
            "result_count": null,
            "seed": null
          },
          "sensitive_attributes": [],
          "private": "bnVsbA=="
        },
        {
          "index_key": 25,
          "schema_version": 0,
          "attributes": {
            "id": "-",
            "input": [
              "SHARMA"
            ],
            "keepers": null,
            "result": [
              "SHARMA"
            ],
            "result_count": null,
            "seed": null
          },
          "sensitive_attributes": [],
          "private": "bnVsbA=="
        },
        {
          "index_key": 26,
          "schema_version": 0,
          "attributes": {
            "id": "-",
            "input": [
              "SHARMA"
            ],
            "keepers": null,
            "result": [
              "SHARMA"
            ],
            "result_count": null,
            "seed": null
          },
          "sensitive_attributes": [],
          "private": "bnVsbA=="
        },
        {
          "index_key": 27,
          "schema_version": 0,
          "attributes": {
            "id": "-",
            "input": [
              "SHARMA"
            ],
            "keepers": null,
            "result": [
              "SHARMA"
            ],
            "result_count": null,
            "seed": null
          },
          "sensitive_attributes": [],
          "private": "bnVsbA=="
        },
        {
          "index_key": 28,
          "schema_version": 0,
          "attributes": {
            "id": "-",
            "input": [
              "SHARMA"
            ],
            "keepers": null,
            "result": [
              "SHARMA"
            ],
            "result_count": null,
            "seed": null
          },
          "sensitive_attributes": [],
          "private": "bnVsbA=="
        },
        {
          "index_key": 29,
          "schema_version": 0,
          "attributes": {
            "id": "-",
            "input": [
              "SHARMA"
            ],
            "keepers": null,
            "result": [
              "SHARMA"
            ],
            "result_count": null,
            "seed": null
          },
          "sensitive_attributes": [],
          "private": "bnVsbA=="
        },
        {
          "index_key": 30,
          "schema_version": 0,
          "attributes": {
            "id": "-",
            "input": [
              "SHARMA"
            ],
            "keepers": null,
            "result": [
              "SHARMA"
            ],
            "result_count": null,
            "seed": null
          },
          "sensitive_attributes": [],
          "private": "bnVsbA=="
        },
        {
          "index_key": 31,
          "schema_version": 0,
          "attributes": {
            "id": "-",
            "input": [
              "SHARMA"
            ],
            "keepers": null,
            "result": [
              "SHARMA"
            ],
            "result_count": null,
            "seed": null
          },
          "sensitive_attributes": [],
          "private": "bnVsbA=="
        },
        {
          "index_key": 32,
          "schema_version": 0,
          "attributes": {
            "id": "-",
            "input": [
              "SHARMA"
            ],
            "keepers": null,
            "result": [
              "SHARMA"
            ],
            "result_count": null,
            "seed": null
          },
          "sensitive_attributes": [],
          "private": "bnVsbA=="
        },
        {
          "index_key": 33,
          "schema_version": 0,
          "attributes": {
            "id": "-",
            "input": [
              "SHARMA"
            ],
            "keepers": null,
            "result": [
              "SHARMA"
            ],
            "result_count": null,
            "seed": null
          },
          "sensitive_attributes": [],
          "private": "bnVsbA=="
        },
        {
          "index_key": 34,
          "schema_version": 0,
          "attributes": {
            "id": "-",
            "input": [
              "SHARMA"
            ],
            "keepers": null,
            "result": [
              "SHARMA"
            ],
            "result_count": null,
            "seed": null
          },
          "sensitive_attributes": [],
          "private": "bnVsbA=="
        },
        {
          "index_key": 35,
          "schema_version": 0,
          "attributes": {
            "id": "-",
            "input": [
              "SHARMA"
            ],
            "keepers": null,
            "result": [
              "SHARMA"
            ],
            "result_count": null,
            "seed": null
          },
          "sensitive_attributes": [],
          "private": "bnVsbA=="
        },
        {
          "index_key": 36,
          "schema_version": 0,
          "attributes": {
            "id": "-",
            "input": [
              "SHARMA"
            ],
            "keepers": null,
            "result": [
              "SHARMA"
            ],
            "result_count": null,
            "seed": null
          },
          "sensitive_attributes": [],
          "private": "bnVsbA=="
        },
        {
          "index_key": 37,
          "schema_version": 0,
          "attributes": {
            "id": "-",
            "input": [
              "SHARMA"
            ],
            "keepers": null,
            "result": [
              "SHARMA"
            ],
            "result_count": null,
            "seed": null
          },
          "sensitive_attributes": [],
          "private": "bnVsbA=="
        },
        {
          "index_key": 38,
          "schema_version": 0,
          "attributes": {
            "id": "-",
            "input": [
              "SHARMA"
            ],
            "keepers": null,
            "result": [
              "SHARMA"
            ],
            "result_count": null,
            "seed": null
          },
          "sensitive_attributes": [],
          "private": "bnVsbA=="
        },
        {
          "index_key": 39,
          "schema_version": 0,
          "attributes": {
            "id": "-",
            "input": [
              "SHARMA"
            ],
            "keepers": null,
            "result": [
              "SHARMA"
            ],
            "result_count": null,
            "seed": null
          },
          "sensitive_attributes": [],
          "private": "bnVsbA=="
        },
        {
          "index_key": 40,
          "schema_version": 0,
          "attributes": {
            "id": "-",
            "input": [
              "SHARMA"
            ],
            "keepers": null,
            "result": [
              "SHARMA"
            ],
            "result_count": null,
            "seed": null
          },
          "sensitive_attributes": [],
          "private": "bnVsbA=="
        },
        {
          "index_key": 41,
          "schema_version": 0,
          "attributes": {
            "id": "-",
            "input": [
              "SHARMA"
            ],
            "keepers": null,
            "result": [
              "SHARMA"
            ],
            "result_count": null,
            "seed": null
          },
          "sensitive_attributes": [],
          "private": "bnVsbA=="
        },
        {
          "index_key": 42,
          "schema_version": 0,
          "attributes": {
            "id": "-",
            "input": [
              "SHARMA"
            ],
            "keepers": null,
            "result": [
              "SHARMA"
            ],
            "result_count": null,
            "seed": null
          },
          "sensitive_attributes": [],
          "private": "bnVsbA=="
        },
        {
          "index_key": 43,
          "schema_version": 0,
          "attributes": {
            "id": "-",
            "input": [
              "SHARMA"
            ],
            "keepers": null,
            "result": [
              "SHARMA"
            ],
            "result_count": null,
            "seed": null
          },
          "sensitive_attributes": [],
          "private": "bnVsbA=="
        },
        {
          "index_key": 44,
          "schema_version": 0,
          "attributes": {
            "id": "-",
            "input": [
              "SHARMA"
            ],
            "keepers": null,
            "result": [
              "SHARMA"
            ],
            "result_count": null,
            "seed": null
          },
          "sensitive_attributes": [],
          "private": "bnVsbA=="
        },
        {
          "index_key": 45,
          "schema_version": 0,
          "attributes": {
            "id": "-",
            "input": [
              "SHARMA"
            ],
            "keepers": null,
            "result": [
              "SHARMA"
            ],
            "result_count": null,
            "seed": null
          },
          "sensitive_attributes": [],
          "private": "bnVsbA=="
        },
        {
          "index_key": 46,
          "schema_version": 0,
          "attributes": {
            "id": "-",
            "input": [
              "SHARMA"
            ],
            "keepers": null,
            "result": [
              "SHARMA"
            ],
            "result_count": null,
            "seed": null
          },
          "sensitive_attributes": [],
          "private": "bnVsbA=="
        },
        {
          "index_key": 47,
          "schema_version": 0,
          "attributes": {
            "id": "-",
            "input": [
              "SHARMA"
            ],
            "keepers": null,
            "result": [
              "SHARMA"
            ],
            "result_count": null,
            "seed": null
          },
          "sensitive_attributes": [],
          "private": "bnVsbA=="
        },
        {
          "index_key": 48,
          "schema_version": 0,
          "attributes": {
            "id": "-",
            "input": [
              "SHARMA"
            ],
            "keepers": null,
            "result": [
              "SHARMA"
            ],
            "result_count": null,
            "seed": null
          },
          "sensitive_attributes": [],
          "private": "bnVsbA=="
        },
        {
          "index_key": 49,
          "schema_version": 0,
          "attributes": {
            "id": "-",
            "input": [
              "SHARMA"
            ],
            "keepers": null,
            "result": [
              "SHARMA"
            ],
            "result_count": null,
            "seed": null
          },
          "sensitive_attributes": [],
          "private": "bnVsbA=="
        },
        {
          "index_key": 50,
          "schema_version": 0,
          "attributes": {
            "id": "-",
            "input": [
              "SHARMA"
            ],
            "keepers": null,
            "result": [
              "SHARMA"
            ],
            "result_count": null,
            "seed": null
          },
          "sensitive_attributes": [],
          "private": "bnVsbA=="
        },
        {
          "index_key": 51,
          "schema_version": 0,
          "attributes": {
            "id": "-",
            "input": [
              "SHARMA"
            ],
            "keepers": null,
            "result": [
              "SHARMA"
            ],
            "result_count": null,
            "seed": null
          },
          "sensitive_attributes": [],
          "private": "bnVsbA=="
        },
        {
          "index_key": 52,
          "schema_version": 0,
          "attributes": {
            "id": "-",
            "input": [
              "SHARMA"
            ],
            "keepers": null,
            "result": [
              "SHARMA"
            ],
            "result_count": null,
            "seed": null
          },
          "sensitive_attributes": [],
          "private": "bnVsbA=="
        },
        {
          "index_key": 53,
          "schema_version": 0,
          "attributes": {
            "id": "-",
            "input": [
              "SHARMA"
            ],
            "keepers": null,
            "result": [
              "SHARMA"
            ],
            "result_count": null,
            "seed": null
          },
          "sensitive_attributes": [],
          "private": "bnVsbA=="
        },
        {
          "index_key": 54,
          "schema_version": 0,
          "attributes": {
            "id": "-",
            "input": [
              "SHARMA"
            ],
            "keepers": null,
            "result": [
              "SHARMA"
            ],
            "result_count": null,
            "seed": null
          },
          "sensitive_attributes": [],
          "private": "bnVsbA=="
        },
        {
          "index_key": 55,
          "schema_version": 0,
          "attributes": {
            "id": "-",
            "input": [
              "SHARMA"
            ],
            "keepers": null,
            "result": [
              "SHARMA"
            ],
            "result_count": null,
            "seed": null
          },
          "sensitive_attributes": [],
          "private": "bnVsbA=="
        },
        {
          "index_key": 56,
          "schema_version": 0,
          "attributes": {
            "id": "-",
            "input": [
              "SHARMA"
            ],
            "keepers": null,
            "result": [
              "SHARMA"
            ],
            "result_count": null,
            "seed": null
          },
          "sensitive_attributes": [],
          "private": "bnVsbA=="
        },
        {
          "index_key": 57,
          "schema_version": 0,
          "attributes": {
            "id": "-",
            "input": [
              "SHARMA"
            ],
            "keepers": null,
            "result": [
              "SHARMA"
            ],
            "result_count": null,
            "seed": null
          },
          "sensitive_attributes": [],
          "private": "bnVsbA=="
        },
        {
          "index_key": 58,
          "schema_version": 0,
          "attributes": {
            "id": "-",
            "input": [
              "SHARMA"
            ],
            "keepers": null,
            "result": [
              "SHARMA"
            ],
            "result_count": null,
            "seed": null
          },
          "sensitive_attributes": [],
          "private": "bnVsbA=="
        },
        {
          "index_key": 59,
          "schema_version": 0,
          "attributes": {
            "id": "-",
            "input": [
              "SHARMA"
            ],
            "keepers": null,
            "result": [
              "SHARMA"
            ],
            "result_count": null,
            "seed": null
          },
          "sensitive_attributes": [],
          "private": "bnVsbA=="
        },
        {
          "index_key": 60,
          "schema_version": 0,
          "attributes": {
            "id": "-",
            "input": [
              "SHARMA"
            ],
            "keepers": null,
            "result": [
              "SHARMA"
            ],
            "result_count": null,
            "seed": null
          },
          "sensitive_attributes": [],
          "private": "bnVsbA=="
        },
        {
          "index_key": 61,
          "schema_version": 0,
          "attributes": {
            "id": "-",
            "input": [
              "SHARMA"
            ],
            "keepers": null,
            "result": [
              "SHARMA"
            ],
            "result_count": null,
            "seed": null
          },
          "sensitive_attributes": [],
          "private": "bnVsbA=="
        },
        {
          "index_key": 62,
          "schema_version": 0,
          "attributes": {
            "id": "-",
            "input": [
              "SHARMA"
            ],
            "keepers": null,
            "result": [
              "SHARMA"
            ],
            "result_count": null,
            "seed": null
          },
          "sensitive_attributes": [],
          "private": "bnVsbA=="
        },
        {
          "index_key": 63,
          "schema_version": 0,
          "attributes": {
            "id": "-",
            "input": [
              "SHARMA"
            ],
            "keepers": null,
            "result": [
              "SHARMA"
            ],
            "result_count": null,
            "seed": null
          },
          "sensitive_attributes": [],
          "private": "bnVsbA=="
        },
        {
          "index_key": 64,
          "schema_version": 0,
          "attributes": {
            "id": "-",
            "input": [
              "SHARMA"
            ],
            "keepers": null,
            "result": [
              "SHARMA"
            ],
            "result_count": null,
            "seed": null
          },
          "sensitive_attributes": [],
          "private": "bnVsbA=="
        },
        {
          "index_key": 65,
          "schema_version": 0,
          "attributes": {
            "id": "-",
            "input": [
              "SHARMA"
            ],
            "keepers": null,
            "result": [
              "SHARMA"
            ],
            "result_count": null,
            "seed": null
          },
          "sensitive_attributes": [],
          "private": "bnVsbA=="
        },
        {
          "index_key": 66,
          "schema_version": 0,
          "attributes": {
            "id": "-",
            "input": [
              "SHARMA"
            ],
            "keepers": null,
            "result": [
              "SHARMA"
            ],
            "result_count": null,
            "seed": null
          },
          "sensitive_attributes": [],
          "private": "bnVsbA=="
        },
        {
          "index_key": 67,
          "schema_version": 0,
          "attributes": {
            "id": "-",
            "input": [
              "SHARMA"
            ],
            "keepers": null,
            "result": [
              "SHARMA"
            ],
            "result_count": null,
            "seed": null
          },
          "sensitive_attributes": [],
          "private": "bnVsbA=="
        },
        {
          "index_key": 68,
          "schema_version": 0,
          "attributes": {
            "id": "-",
            "input": [
              "SHARMA"
            ],
            "keepers": null,
            "result": [
              "SHARMA"
            ],
            "result_count": null,
            "seed": null
          },
          "sensitive_attributes": [],
          "private": "bnVsbA=="
        },
        {
          "index_key": 69,
          "schema_version": 0,
          "attributes": {
            "id": "-",
            "input": [
              "SHARMA"
            ],
            "keepers": null,
            "result": [
              "SHARMA"
            ],
            "result_count": null,
            "seed": null
          },
          "sensitive_attributes": [],
          "private": "bnVsbA=="
        },
        {
          "index_key": 70,
          "schema_version": 0,
          "attributes": {
            "id": "-",
            "input": [
              "SHARMA"
            ],
            "keepers": null,
            "result": [
              "SHARMA"
            ],
            "result_count": null,
            "seed": null
          },
          "sensitive_attributes": [],
          "private": "bnVsbA=="
        },
        {
          "index_key": 71,
          "schema_version": 0,
          "attributes": {
            "id": "-",
            "input": [
              "SHARMA"
            ],
            "keepers": null,
            "result": [
              "SHARMA"
            ],
            "result_count": null,
            "seed": null
          },
          "sensitive_attributes": [],
          "private": "bnVsbA=="
        },
        {
          "index_key": 72,
          "schema_version": 0,
          "attributes": {
            "id": "-",
            "input": [
              "SHARMA"
            ],
            "keepers": null,
            "result": [
              "SHARMA"
            ],
            "result_count": null,
            "seed": null
          },
          "sensitive_attributes": [],
          "private": "bnVsbA=="
        },
        {
          "index_key": 73,
          "schema_version": 0,
          "attributes": {
            "id": "-",
            "input": [
              "SHARMA"
            ],
            "keepers": null,
            "result": [
              "SHARMA"
            ],
            "result_count": null,
            "seed": null
          },
          "sensitive_attributes": [],
          "private": "bnVsbA=="
        },
        {
          "index_key": 74,
          "schema_version": 0,
          "attributes": {
            "id": "-",
            "input": [
              "SHARMA"
            ],
            "keepers": null,
            "result": [
              "SHARMA"
            ],
            "result_count": null,
            "seed": null
          },
          "sensitive_attributes": [],
          "private": "bnVsbA=="
        },
        {
          "index_key": 75,
          "schema_version": 0,
          "attributes": {
            "id": "-",
            "input": [
              "SHARMA"
            ],
            "keepers": null,
            "result": [
              "SHARMA"
            ],
            "result_count": null,
            "seed": null
          },
          "sensitive_attributes": [],
          "private": "bnVsbA=="
        },
        {
          "index_key": 76,
          "schema_version": 0,
          "attributes": {
            "id": "-",
            "input": [
              "SHARMA"
            ],
            "keepers": null,
            "result": [
              "SHARMA"
            ],
            "result_count": null,
            "seed": null
          },
          "sensitive_attributes": [],
          "private": "bnVsbA=="
        },
        {
          "index_key": 77,
          "schema_version": 0,
          "attributes": {
            "id": "-",
            "input": [
              "SHARMA"
            ],
            "keepers": null,
            "result": [
              "SHARMA"
            ],
            "result_count": null,
            "seed": null
          },
          "sensitive_attributes": [],
          "private": "bnVsbA=="
        },
        {
          "index_key": 78,
          "schema_version": 0,
          "attributes": {
            "id": "-",
            "input": [
              "SHARMA"
            ],
            "keepers": null,
            "result": [
              "SHARMA"
            ],
            "result_count": null,
            "seed": null
          },
          "sensitive_attributes": [],
          "private": "bnVsbA=="
        },
        {
          "index_key": 79,
          "schema_version": 0,
          "attributes": {
            "id": "-",
            "input": [
              "SHARMA"
            ],
            "keepers": null,
            "result": [
              "SHARMA"
            ],
            "result_count": null,
            "seed": null
          },
          "sensitive_attributes": [],
          "private": "bnVsbA=="
        },
        {
          "index_key": 80,
          "schema_version": 0,
          "attributes": {
            "id": "-",
            "input": [
              "SHARMA"
            ],
            "keepers": null,
            "result": [
              "SHARMA"
            ],
            "result_count": null,
            "seed": null
          },
          "sensitive_attributes": [],
          "private": "bnVsbA=="
        },
        {
          "index_key": 81,
          "schema_version": 0,
          "attributes": {
            "id": "-",
            "input": [
              "SHARMA"
            ],
            "keepers": null,
            "result": [
              "SHARMA"
            ],
            "result_count": null,
            "seed": null
          },
          "sensitive_attributes": [],
          "private": "bnVsbA=="
        },
        {
          "index_key": 82,
          "schema_version": 0,
          "attributes": {
            "id": "-",
            "input": [
              "SHARMA"
            ],
            "keepers": null,
            "result": [
              "SHARMA"
            ],
            "result_count": null,
            "seed": null
          },
          "sensitive_attributes": [],
          "private": "bnVsbA=="
        },
        {
          "index_key": 83,
          "schema_version": 0,
          "attributes": {
            "id": "-",
            "input": [
              "SHARMA"
            ],
            "keepers": null,
            "result": [
              "SHARMA"
            ],
            "result_count": null,
            "seed": null
          },
          "sensitive_attributes": [],
          "private": "bnVsbA=="
        },
        {
          "index_key": 84,
          "schema_version": 0,
          "attributes": {
            "id": "-",
            "input": [
              "SHARMA"
            ],
            "keepers": null,
            "result": [
              "SHARMA"
            ],
            "result_count": null,
            "seed": null
          },
          "sensitive_attributes": [],
          "private": "bnVsbA=="
        },
        {
          "index_key": 85,
          "schema_version": 0,
          "attributes": {
            "id": "-",
            "input": [
              "SHARMA"
            ],
            "keepers": null,
            "result": [
              "SHARMA"
            ],
            "result_count": null,
            "seed": null
          },
          "sensitive_attributes": [],
          "private": "bnVsbA=="
        },
        {
          "index_key": 86,
          "schema_version": 0,
          "attributes": {
            "id": "-",
            "input": [
              "SHARMA"
            ],
            "keepers": null,
            "result": [
              "SHARMA"
            ],
            "result_count": null,
            "seed": null
          },
          "sensitive_attributes": [],
          "private": "bnVsbA=="
        },
        {
          "index_key": 87,
          "schema_version": 0,
          "attributes": {
            "id": "-",
            "input": [
              "SHARMA"
            ],
            "keepers": null,
            "result": [
              "SHARMA"
            ],
            "result_count": null,
            "seed": null
          },
          "sensitive_attributes": [],
          "private": "bnVsbA=="
        },
        {
          "index_key": 88,
          "schema_version": 0,
          "attributes": {
            "id": "-",
            "input": [
              "SHARMA"
            ],
            "keepers": null,
            "result": [
              "SHARMA"
            ],
            "result_count": null,
            "seed": null
          },
          "sensitive_attributes": [],
          "private": "bnVsbA=="
        },
        {
          "index_key": 89,
          "schema_version": 0,
          "attributes": {
            "id": "-",
            "input": [
              "SHARMA"
            ],
            "keepers": null,
            "result": [
              "SHARMA"
            ],
            "result_count": null,
            "seed": null
          },
          "sensitive_attributes": [],
          "private": "bnVsbA=="
        },
        {
          "index_key": 90,
          "schema_version": 0,
          "attributes": {
            "id": "-",
            "input": [
              "SHARMA"
            ],
            "keepers": null,
            "result": [
              "SHARMA"
            ],
            "result_count": null,
            "seed": null
          },
          "sensitive_attributes": [],
          "private": "bnVsbA=="
        },
        {
          "index_key": 91,
          "schema_version": 0,
          "attributes": {
            "id": "-",
            "input": [
              "SHARMA"
            ],
            "keepers": null,
            "result": [
              "SHARMA"
            ],
            "result_count": null,
            "seed": null
          },
          "sensitive_attributes": [],
          "private": "bnVsbA=="
        },
        {
          "index_key": 92,
          "schema_version": 0,
          "attributes": {
            "id": "-",
            "input": [
              "SHARMA"
            ],
            "keepers": null,
            "result": [
              "SHARMA"
            ],
            "result_count": null,
            "seed": null
          },
          "sensitive_attributes": [],
          "private": "bnVsbA=="
        },
        {
          "index_key": 93,
          "schema_version": 0,
          "attributes": {
            "id": "-",
            "input": [
              "SHARMA"
            ],
            "keepers": null,
            "result": [
              "SHARMA"
            ],
            "result_count": null,
            "seed": null
          },
          "sensitive_attributes": [],
          "private": "bnVsbA=="
        },
        {
          "index_key": 94,
          "schema_version": 0,
          "attributes": {
            "id": "-",
            "input": [
              "SHARMA"
            ],
            "keepers": null,
            "result": [
              "SHARMA"
            ],
            "result_count": null,
            "seed": null
          },
          "sensitive_attributes": [],
          "private": "bnVsbA=="
        },
        {
          "index_key": 95,
          "schema_version": 0,
          "attributes": {
            "id": "-",
            "input": [
              "SHARMA"
            ],
            "keepers": null,
            "result": [
              "SHARMA"
            ],
            "result_count": null,
            "seed": null
          },
          "sensitive_attributes": [],
          "private": "bnVsbA=="
        },
        {
          "index_key": 96,
          "schema_version": 0,
          "attributes": {
            "id": "-",
            "input": [
              "SHARMA"
            ],
            "keepers": null,
            "result": [
              "SHARMA"
            ],
            "result_count": null,
            "seed": null
          },
          "sensitive_attributes": [],
          "private": "bnVsbA=="
        },
        {
          "index_key": 97,
          "schema_version": 0,
          "attributes": {
            "id": "-",
            "input": [
              "SHARMA"
            ],
            "keepers": null,
            "result": [
              "SHARMA"
            ],
            "result_count": null,
            "seed": null
          },
          "sensitive_attributes": [],
          "private": "bnVsbA=="
        },
        {
          "index_key": 98,
          "schema_version": 0,
          "attributes": {
            "id": "-",
            "input": [
              "SHARMA"
            ],
            "keepers": null,
            "result": [
              "SHARMA"
            ],
            "result_count": null,
            "seed": null
          },
          "sensitive_attributes": [],
          "private": "bnVsbA=="
        },
        {
          "index_key": 99,
          "schema_version": 0,
          "attributes": {
            "id": "-",
            "input": [
              "SHARMA"
            ],
            "keepers": null,
            "result": [
              "SHARMA"
            ],
            "result_count": null,
            "seed": null
          },
          "sensitive_attributes": [],
          "private": "bnVsbA=="
        }
      ]
    },
    {
      "mode": "managed",
      "type": "random_shuffle",
      "name": "random_nouns",
      "provider": "provider[\"registry.terraform.io/hashicorp/random\"]",
      "instances": [
        {
          "index_key": 0,
          "schema_version": 0,
          "attributes": {
            "id": "-",
            "input": [
              "RAJU"
            ],
            "keepers": null,
            "result": [
              "RAJU"
            ],
            "result_count": null,
            "seed": null
          },
          "sensitive_attributes": [],
          "private": "bnVsbA=="
        },
        {
          "index_key": 1,
          "schema_version": 0,
          "attributes": {
            "id": "-",
            "input": [
              "RAJU"
            ],
            "keepers": null,
            "result": [
              "RAJU"
            ],
            "result_count": null,
            "seed": null
          },
          "sensitive_attributes": [],
          "private": "bnVsbA=="
        },
        {
          "index_key": 2,
          "schema_version": 0,
          "attributes": {
            "id": "-",
            "input": [
              "RAJU"
            ],
            "keepers": null,
            "result": [
              "RAJU"
            ],
            "result_count": null,
            "seed": null
          },
          "sensitive_attributes": [],
          "private": "bnVsbA=="
        },
        {
          "index_key": 3,
          "schema_version": 0,
          "attributes": {
            "id": "-",
            "input": [
              "RAJU"
            ],
            "keepers": null,
            "result": [
              "RAJU"
            ],
            "result_count": null,
            "seed": null
          },
          "sensitive_attributes": [],
          "private": "bnVsbA=="
        },
        {
          "index_key": 4,
          "schema_version": 0,
          "attributes": {
            "id": "-",
            "input": [
              "RAJU"
            ],
            "keepers": null,
            "result": [
              "RAJU"
            ],
            "result_count": null,
            "seed": null
          },
          "sensitive_attributes": [],
          "private": "bnVsbA=="
        },
        {
          "index_key": 5,
          "schema_version": 0,
          "attributes": {
            "id": "-",
            "input": [
              "RAJU"
            ],
            "keepers": null,
            "result": [
              "RAJU"
            ],
            "result_count": null,
            "seed": null
          },
          "sensitive_attributes": [],
          "private": "bnVsbA=="
        },
        {
          "index_key": 6,
          "schema_version": 0,
          "attributes": {
            "id": "-",
            "input": [
              "RAJU"
            ],
            "keepers": null,
            "result": [
              "RAJU"
            ],
            "result_count": null,
            "seed": null
          },
          "sensitive_attributes": [],
          "private": "bnVsbA=="
        },
        {
          "index_key": 7,
          "schema_version": 0,
          "attributes": {
            "id": "-",
            "input": [
              "RAJU"
            ],
            "keepers": null,
            "result": [
              "RAJU"
            ],
            "result_count": null,
            "seed": null
          },
          "sensitive_attributes": [],
          "private": "bnVsbA=="
        },
        {
          "index_key": 8,
          "schema_version": 0,
          "attributes": {
            "id": "-",
            "input": [
              "RAJU"
            ],
            "keepers": null,
            "result": [
              "RAJU"
            ],
            "result_count": null,
            "seed": null
          },
          "sensitive_attributes": [],
          "private": "bnVsbA=="
        },
        {
          "index_key": 9,
          "schema_version": 0,
          "attributes": {
            "id": "-",
            "input": [
              "RAJU"
            ],
            "keepers": null,
            "result": [
              "RAJU"
            ],
            "result_count": null,
            "seed": null
          },
          "sensitive_attributes": [],
          "private": "bnVsbA=="
        },
        {
          "index_key": 10,
          "schema_version": 0,
          "attributes": {
            "id": "-",
            "input": [
              "RAJU"
            ],
            "keepers": null,
            "result": [
              "RAJU"
            ],
            "result_count": null,
            "seed": null
          },
          "sensitive_attributes": [],
          "private": "bnVsbA=="
        },
        {
          "index_key": 11,
          "schema_version": 0,
          "attributes": {
            "id": "-",
            "input": [
              "RAJU"
            ],
            "keepers": null,
            "result": [
              "RAJU"
            ],
            "result_count": null,
            "seed": null
          },
          "sensitive_attributes": [],
          "private": "bnVsbA=="
        },
        {
          "index_key": 12,
          "schema_version": 0,
          "attributes": {
            "id": "-",
            "input": [
              "RAJU"
            ],
            "keepers": null,
            "result": [
              "RAJU"
            ],
            "result_count": null,
            "seed": null
          },
          "sensitive_attributes": [],
          "private": "bnVsbA=="
        },
        {
          "index_key": 13,
          "schema_version": 0,
          "attributes": {
            "id": "-",
            "input": [
              "RAJU"
            ],
            "keepers": null,
            "result": [
              "RAJU"
            ],
            "result_count": null,
            "seed": null
          },
          "sensitive_attributes": [],
          "private": "bnVsbA=="
        },
        {
          "index_key": 14,
          "schema_version": 0,
          "attributes": {
            "id": "-",
            "input": [
              "RAJU"
            ],
            "keepers": null,
            "result": [
              "RAJU"
            ],
            "result_count": null,
            "seed": null
          },
          "sensitive_attributes": [],
          "private": "bnVsbA=="
        },
        {
          "index_key": 15,
          "schema_version": 0,
          "attributes": {
            "id": "-",
            "input": [
              "RAJU"
            ],
            "keepers": null,
            "result": [
              "RAJU"
            ],
            "result_count": null,
            "seed": null
          },
          "sensitive_attributes": [],
          "private": "bnVsbA=="
        },
        {
          "index_key": 16,
          "schema_version": 0,
          "attributes": {
            "id": "-",
            "input": [
              "RAJU"
            ],
            "keepers": null,
            "result": [
              "RAJU"
            ],
            "result_count": null,
            "seed": null
          },
          "sensitive_attributes": [],
          "private": "bnVsbA=="
        },
        {
          "index_key": 17,
          "schema_version": 0,
          "attributes": {
            "id": "-",
            "input": [
              "RAJU"
            ],
            "keepers": null,
            "result": [
              "RAJU"
            ],
            "result_count": null,
            "seed": null
          },
          "sensitive_attributes": [],
          "private": "bnVsbA=="
        },
        {
          "index_key": 18,
          "schema_version": 0,
          "attributes": {
            "id": "-",
            "input": [
              "RAJU"
            ],
            "keepers": null,
            "result": [
              "RAJU"
            ],
            "result_count": null,
            "seed": null
          },
          "sensitive_attributes": [],
          "private": "bnVsbA=="
        },
        {
          "index_key": 19,
          "schema_version": 0,
          "attributes": {
            "id": "-",
            "input": [
              "RAJU"
            ],
            "keepers": null,
            "result": [
              "RAJU"
            ],
            "result_count": null,
            "seed": null
          },
          "sensitive_attributes": [],
          "private": "bnVsbA=="
        },
        {
          "index_key": 20,
          "schema_version": 0,
          "attributes": {
            "id": "-",
            "input": [
              "RAJU"
            ],
            "keepers": null,
            "result": [
              "RAJU"
            ],
            "result_count": null,
            "seed": null
          },
          "sensitive_attributes": [],
          "private": "bnVsbA=="
        },
        {
          "index_key": 21,
          "schema_version": 0,
          "attributes": {
            "id": "-",
            "input": [
              "RAJU"
            ],
            "keepers": null,
            "result": [
              "RAJU"
            ],
            "result_count": null,
            "seed": null
          },
          "sensitive_attributes": [],
          "private": "bnVsbA=="
        },
        {
          "index_key": 22,
          "schema_version": 0,
          "attributes": {
            "id": "-",
            "input": [
              "RAJU"
            ],
            "keepers": null,
            "result": [
              "RAJU"
            ],
            "result_count": null,
            "seed": null
          },
          "sensitive_attributes": [],
          "private": "bnVsbA=="
        },
        {
          "index_key": 23,
          "schema_version": 0,
          "attributes": {
            "id": "-",
            "input": [
              "RAJU"
            ],
            "keepers": null,
            "result": [
              "RAJU"
            ],
            "result_count": null,
            "seed": null
          },
          "sensitive_attributes": [],
          "private": "bnVsbA=="
        },
        {
          "index_key": 24,
          "schema_version": 0,
          "attributes": {
            "id": "-",
            "input": [
              "RAJU"
            ],
            "keepers": null,
            "result": [
              "RAJU"
            ],
            "result_count": null,
            "seed": null
          },
          "sensitive_attributes": [],
          "private": "bnVsbA=="
        },
        {
          "index_key": 25,
          "schema_version": 0,
          "attributes": {
            "id": "-",
            "input": [
              "RAJU"
            ],
            "keepers": null,
            "result": [
              "RAJU"
            ],
            "result_count": null,
            "seed": null
          },
          "sensitive_attributes": [],
          "private": "bnVsbA=="
        },
        {
          "index_key": 26,
          "schema_version": 0,
          "attributes": {
            "id": "-",
            "input": [
              "RAJU"
            ],
            "keepers": null,
            "result": [
              "RAJU"
            ],
            "result_count": null,
            "seed": null
          },
          "sensitive_attributes": [],
          "private": "bnVsbA=="
        },
        {
          "index_key": 27,
          "schema_version": 0,
          "attributes": {
            "id": "-",
            "input": [
              "RAJU"
            ],
            "keepers": null,
            "result": [
              "RAJU"
            ],
            "result_count": null,
            "seed": null
          },
          "sensitive_attributes": [],
          "private": "bnVsbA=="
        },
        {
          "index_key": 28,
          "schema_version": 0,
          "attributes": {
            "id": "-",
            "input": [
              "RAJU"
            ],
            "keepers": null,
            "result": [
              "RAJU"
            ],
            "result_count": null,
            "seed": null
          },
          "sensitive_attributes": [],
          "private": "bnVsbA=="
        },
        {
          "index_key": 29,
          "schema_version": 0,
          "attributes": {
            "id": "-",
            "input": [
              "RAJU"
            ],
            "keepers": null,
            "result": [
              "RAJU"
            ],
            "result_count": null,
            "seed": null
          },
          "sensitive_attributes": [],
          "private": "bnVsbA=="
        },
        {
          "index_key": 30,
          "schema_version": 0,
          "attributes": {
            "id": "-",
            "input": [
              "RAJU"
            ],
            "keepers": null,
            "result": [
              "RAJU"
            ],
            "result_count": null,
            "seed": null
          },
          "sensitive_attributes": [],
          "private": "bnVsbA=="
        },
        {
          "index_key": 31,
          "schema_version": 0,
          "attributes": {
            "id": "-",
            "input": [
              "RAJU"
            ],
            "keepers": null,
            "result": [
              "RAJU"
            ],
            "result_count": null,
            "seed": null
          },
          "sensitive_attributes": [],
          "private": "bnVsbA=="
        },
        {
          "index_key": 32,
          "schema_version": 0,
          "attributes": {
            "id": "-",
            "input": [
              "RAJU"
            ],
            "keepers": null,
            "result": [
              "RAJU"
            ],
            "result_count": null,
            "seed": null
          },
          "sensitive_attributes": [],
          "private": "bnVsbA=="
        },
        {
          "index_key": 33,
          "schema_version": 0,
          "attributes": {
            "id": "-",
            "input": [
              "RAJU"
            ],
            "keepers": null,
            "result": [
              "RAJU"
            ],
            "result_count": null,
            "seed": null
          },
          "sensitive_attributes": [],
          "private": "bnVsbA=="
        },
        {
          "index_key": 34,
          "schema_version": 0,
          "attributes": {
            "id": "-",
            "input": [
              "RAJU"
            ],
            "keepers": null,
            "result": [
              "RAJU"
            ],
            "result_count": null,
            "seed": null
          },
          "sensitive_attributes": [],
          "private": "bnVsbA=="
        },
        {
          "index_key": 35,
          "schema_version": 0,
          "attributes": {
            "id": "-",
            "input": [
              "RAJU"
            ],
            "keepers": null,
            "result": [
              "RAJU"
            ],
            "result_count": null,
            "seed": null
          },
          "sensitive_attributes": [],
          "private": "bnVsbA=="
        },
        {
          "index_key": 36,
          "schema_version": 0,
          "attributes": {
            "id": "-",
            "input": [
              "RAJU"
            ],
            "keepers": null,
            "result": [
              "RAJU"
            ],
            "result_count": null,
            "seed": null
          },
          "sensitive_attributes": [],
          "private": "bnVsbA=="
        },
        {
          "index_key": 37,
          "schema_version": 0,
          "attributes": {
            "id": "-",
            "input": [
              "RAJU"
            ],
            "keepers": null,
            "result": [
              "RAJU"
            ],
            "result_count": null,
            "seed": null
          },
          "sensitive_attributes": [],
          "private": "bnVsbA=="
        },
        {
          "index_key": 38,
          "schema_version": 0,
          "attributes": {
            "id": "-",
            "input": [
              "RAJU"
            ],
            "keepers": null,
            "result": [
              "RAJU"
            ],
            "result_count": null,
            "seed": null
          },
          "sensitive_attributes": [],
          "private": "bnVsbA=="
        },
        {
          "index_key": 39,
          "schema_version": 0,
          "attributes": {
            "id": "-",
            "input": [
              "RAJU"
            ],
            "keepers": null,
            "result": [
              "RAJU"
            ],
            "result_count": null,
            "seed": null
          },
          "sensitive_attributes": [],
          "private": "bnVsbA=="
        },
        {
          "index_key": 40,
          "schema_version": 0,
          "attributes": {
            "id": "-",
            "input": [
              "RAJU"
            ],
            "keepers": null,
            "result": [
              "RAJU"
            ],
            "result_count": null,
            "seed": null
          },
          "sensitive_attributes": [],
          "private": "bnVsbA=="
        },
        {
          "index_key": 41,
          "schema_version": 0,
          "attributes": {
            "id": "-",
            "input": [
              "RAJU"
            ],
            "keepers": null,
            "result": [
              "RAJU"
            ],
            "result_count": null,
            "seed": null
          },
          "sensitive_attributes": [],
          "private": "bnVsbA=="
        },
        {
          "index_key": 42,
          "schema_version": 0,
          "attributes": {
            "id": "-",
            "input": [
              "RAJU"
            ],
            "keepers": null,
            "result": [
              "RAJU"
            ],
            "result_count": null,
            "seed": null
          },
          "sensitive_attributes": [],
          "private": "bnVsbA=="
        },
        {
          "index_key": 43,
          "schema_version": 0,
          "attributes": {
            "id": "-",
            "input": [
              "RAJU"
            ],
            "keepers": null,
            "result": [
              "RAJU"
            ],
            "result_count": null,
            "seed": null
          },
          "sensitive_attributes": [],
          "private": "bnVsbA=="
        },
        {
          "index_key": 44,
          "schema_version": 0,
          "attributes": {
            "id": "-",
            "input": [
              "RAJU"
            ],
            "keepers": null,
            "result": [
              "RAJU"
            ],
            "result_count": null,
            "seed": null
          },
          "sensitive_attributes": [],
          "private": "bnVsbA=="
        },
        {
          "index_key": 45,
          "schema_version": 0,
          "attributes": {
            "id": "-",
            "input": [
              "RAJU"
            ],
            "keepers": null,
            "result": [
              "RAJU"
            ],
            "result_count": null,
            "seed": null
          },
          "sensitive_attributes": [],
          "private": "bnVsbA=="
        },
        {
          "index_key": 46,
          "schema_version": 0,
          "attributes": {
            "id": "-",
            "input": [
              "RAJU"
            ],
            "keepers": null,
            "result": [
              "RAJU"
            ],
            "result_count": null,
            "seed": null
          },
          "sensitive_attributes": [],
          "private": "bnVsbA=="
        },
        {
          "index_key": 47,
          "schema_version": 0,
          "attributes": {
            "id": "-",
            "input": [
              "RAJU"
            ],
            "keepers": null,
            "result": [
              "RAJU"
            ],
            "result_count": null,
            "seed": null
          },
          "sensitive_attributes": [],
          "private": "bnVsbA=="
        },
        {
          "index_key": 48,
          "schema_version": 0,
          "attributes": {
            "id": "-",
            "input": [
              "RAJU"
            ],
            "keepers": null,
            "result": [
              "RAJU"
            ],
            "result_count": null,
            "seed": null
          },
          "sensitive_attributes": [],
          "private": "bnVsbA=="
        },
        {
          "index_key": 49,
          "schema_version": 0,
          "attributes": {
            "id": "-",
            "input": [
              "RAJU"
            ],
            "keepers": null,
            "result": [
              "RAJU"
            ],
            "result_count": null,
            "seed": null
          },
          "sensitive_attributes": [],
          "private": "bnVsbA=="
        },
        {
          "index_key": 50,
          "schema_version": 0,
          "attributes": {
            "id": "-",
            "input": [
              "RAJU"
            ],
            "keepers": null,
            "result": [
              "RAJU"
            ],
            "result_count": null,
            "seed": null
          },
          "sensitive_attributes": [],
          "private": "bnVsbA=="
        },
        {
          "index_key": 51,
          "schema_version": 0,
          "attributes": {
            "id": "-",
            "input": [
              "RAJU"
            ],
            "keepers": null,
            "result": [
              "RAJU"
            ],
            "result_count": null,
            "seed": null
          },
          "sensitive_attributes": [],
          "private": "bnVsbA=="
        },
        {
          "index_key": 52,
          "schema_version": 0,
          "attributes": {
            "id": "-",
            "input": [
              "RAJU"
            ],
            "keepers": null,
            "result": [
              "RAJU"
            ],
            "result_count": null,
            "seed": null
          },
          "sensitive_attributes": [],
          "private": "bnVsbA=="
        },
        {
          "index_key": 53,
          "schema_version": 0,
          "attributes": {
            "id": "-",
            "input": [
              "RAJU"
            ],
            "keepers": null,
            "result": [
              "RAJU"
            ],
            "result_count": null,
            "seed": null
          },
          "sensitive_attributes": [],
          "private": "bnVsbA=="
        },
        {
          "index_key": 54,
          "schema_version": 0,
          "attributes": {
            "id": "-",
            "input": [
              "RAJU"
            ],
            "keepers": null,
            "result": [
              "RAJU"
            ],
            "result_count": null,
            "seed": null
          },
          "sensitive_attributes": [],
          "private": "bnVsbA=="
        },
        {
          "index_key": 55,
          "schema_version": 0,
          "attributes": {
            "id": "-",
            "input": [
              "RAJU"
            ],
            "keepers": null,
            "result": [
              "RAJU"
            ],
            "result_count": null,
            "seed": null
          },
          "sensitive_attributes": [],
          "private": "bnVsbA=="
        },
        {
          "index_key": 56,
          "schema_version": 0,
          "attributes": {
            "id": "-",
            "input": [
              "RAJU"
            ],
            "keepers": null,
            "result": [
              "RAJU"
            ],
            "result_count": null,
            "seed": null
          },
          "sensitive_attributes": [],
          "private": "bnVsbA=="
        },
        {
          "index_key": 57,
          "schema_version": 0,
          "attributes": {
            "id": "-",
            "input": [
              "RAJU"
            ],
            "keepers": null,
            "result": [
              "RAJU"
            ],
            "result_count": null,
            "seed": null
          },
          "sensitive_attributes": [],
          "private": "bnVsbA=="
        },
        {
          "index_key": 58,
          "schema_version": 0,
          "attributes": {
            "id": "-",
            "input": [
              "RAJU"
            ],
            "keepers": null,
            "result": [
              "RAJU"
            ],
            "result_count": null,
            "seed": null
          },
          "sensitive_attributes": [],
          "private": "bnVsbA=="
        },
        {
          "index_key": 59,
          "schema_version": 0,
          "attributes": {
            "id": "-",
            "input": [
              "RAJU"
            ],
            "keepers": null,
            "result": [
              "RAJU"
            ],
            "result_count": null,
            "seed": null
          },
          "sensitive_attributes": [],
          "private": "bnVsbA=="
        },
        {
          "index_key": 60,
          "schema_version": 0,
          "attributes": {
            "id": "-",
            "input": [
              "RAJU"
            ],
            "keepers": null,
            "result": [
              "RAJU"
            ],
            "result_count": null,
            "seed": null
          },
          "sensitive_attributes": [],
          "private": "bnVsbA=="
        },
        {
          "index_key": 61,
          "schema_version": 0,
          "attributes": {
            "id": "-",
            "input": [
              "RAJU"
            ],
            "keepers": null,
            "result": [
              "RAJU"
            ],
            "result_count": null,
            "seed": null
          },
          "sensitive_attributes": [],
          "private": "bnVsbA=="
        },
        {
          "index_key": 62,
          "schema_version": 0,
          "attributes": {
            "id": "-",
            "input": [
              "RAJU"
            ],
            "keepers": null,
            "result": [
              "RAJU"
            ],
            "result_count": null,
            "seed": null
          },
          "sensitive_attributes": [],
          "private": "bnVsbA=="
        },
        {
          "index_key": 63,
          "schema_version": 0,
          "attributes": {
            "id": "-",
            "input": [
              "RAJU"
            ],
            "keepers": null,
            "result": [
              "RAJU"
            ],
            "result_count": null,
            "seed": null
          },
          "sensitive_attributes": [],
          "private": "bnVsbA=="
        },
        {
          "index_key": 64,
          "schema_version": 0,
          "attributes": {
            "id": "-",
            "input": [
              "RAJU"
            ],
            "keepers": null,
            "result": [
              "RAJU"
            ],
            "result_count": null,
            "seed": null
          },
          "sensitive_attributes": [],
          "private": "bnVsbA=="
        },
        {
          "index_key": 65,
          "schema_version": 0,
          "attributes": {
            "id": "-",
            "input": [
              "RAJU"
            ],
            "keepers": null,
            "result": [
              "RAJU"
            ],
            "result_count": null,
            "seed": null
          },
          "sensitive_attributes": [],
          "private": "bnVsbA=="
        },
        {
          "index_key": 66,
          "schema_version": 0,
          "attributes": {
            "id": "-",
            "input": [
              "RAJU"
            ],
            "keepers": null,
            "result": [
              "RAJU"
            ],
            "result_count": null,
            "seed": null
          },
          "sensitive_attributes": [],
          "private": "bnVsbA=="
        },
        {
          "index_key": 67,
          "schema_version": 0,
          "attributes": {
            "id": "-",
            "input": [
              "RAJU"
            ],
            "keepers": null,
            "result": [
              "RAJU"
            ],
            "result_count": null,
            "seed": null
          },
          "sensitive_attributes": [],
          "private": "bnVsbA=="
        },
        {
          "index_key": 68,
          "schema_version": 0,
          "attributes": {
            "id": "-",
            "input": [
              "RAJU"
            ],
            "keepers": null,
            "result": [
              "RAJU"
            ],
            "result_count": null,
            "seed": null
          },
          "sensitive_attributes": [],
          "private": "bnVsbA=="
        },
        {
          "index_key": 69,
          "schema_version": 0,
          "attributes": {
            "id": "-",
            "input": [
              "RAJU"
            ],
            "keepers": null,
            "result": [
              "RAJU"
            ],
            "result_count": null,
            "seed": null
          },
          "sensitive_attributes": [],
          "private": "bnVsbA=="
        },
        {
          "index_key": 70,
          "schema_version": 0,
          "attributes": {
            "id": "-",
            "input": [
              "RAJU"
            ],
            "keepers": null,
            "result": [
              "RAJU"
            ],
            "result_count": null,
            "seed": null
          },
          "sensitive_attributes": [],
          "private": "bnVsbA=="
        },
        {
          "index_key": 71,
          "schema_version": 0,
          "attributes": {
            "id": "-",
            "input": [
              "RAJU"
            ],
            "keepers": null,
            "result": [
              "RAJU"
            ],
            "result_count": null,
            "seed": null
          },
          "sensitive_attributes": [],
          "private": "bnVsbA=="
        },
        {
          "index_key": 72,
          "schema_version": 0,
          "attributes": {
            "id": "-",
            "input": [
              "RAJU"
            ],
            "keepers": null,
            "result": [
              "RAJU"
            ],
            "result_count": null,
            "seed": null
          },
          "sensitive_attributes": [],
          "private": "bnVsbA=="
        },
        {
          "index_key": 73,
          "schema_version": 0,
          "attributes": {
            "id": "-",
            "input": [
              "RAJU"
            ],
            "keepers": null,
            "result": [
              "RAJU"
            ],
            "result_count": null,
            "seed": null
          },
          "sensitive_attributes": [],
          "private": "bnVsbA=="
        },
        {
          "index_key": 74,
          "schema_version": 0,
          "attributes": {
            "id": "-",
            "input": [
              "RAJU"
            ],
            "keepers": null,
            "result": [
              "RAJU"
            ],
            "result_count": null,
            "seed": null
          },
          "sensitive_attributes": [],
          "private": "bnVsbA=="
        },
        {
          "index_key": 75,
          "schema_version": 0,
          "attributes": {
            "id": "-",
            "input": [
              "RAJU"
            ],
            "keepers": null,
            "result": [
              "RAJU"
            ],
            "result_count": null,
            "seed": null
          },
          "sensitive_attributes": [],
          "private": "bnVsbA=="
        },
        {
          "index_key": 76,
          "schema_version": 0,
          "attributes": {
            "id": "-",
            "input": [
              "RAJU"
            ],
            "keepers": null,
            "result": [
              "RAJU"
            ],
            "result_count": null,
            "seed": null
          },
          "sensitive_attributes": [],
          "private": "bnVsbA=="
        },
        {
          "index_key": 77,
          "schema_version": 0,
          "attributes": {
            "id": "-",
            "input": [
              "RAJU"
            ],
            "keepers": null,
            "result": [
              "RAJU"
            ],
            "result_count": null,
            "seed": null
          },
          "sensitive_attributes": [],
          "private": "bnVsbA=="
        },
        {
          "index_key": 78,
          "schema_version": 0,
          "attributes": {
            "id": "-",
            "input": [
              "RAJU"
            ],
            "keepers": null,
            "result": [
              "RAJU"
            ],
            "result_count": null,
            "seed": null
          },
          "sensitive_attributes": [],
          "private": "bnVsbA=="
        },
        {
          "index_key": 79,
          "schema_version": 0,
          "attributes": {
            "id": "-",
            "input": [
              "RAJU"
            ],
            "keepers": null,
            "result": [
              "RAJU"
            ],
            "result_count": null,
            "seed": null
          },
          "sensitive_attributes": [],
          "private": "bnVsbA=="
        },
        {
          "index_key": 80,
          "schema_version": 0,
          "attributes": {
            "id": "-",
            "input": [
              "RAJU"
            ],
            "keepers": null,
            "result": [
              "RAJU"
            ],
            "result_count": null,
            "seed": null
          },
          "sensitive_attributes": [],
          "private": "bnVsbA=="
        },
        {
          "index_key": 81,
          "schema_version": 0,
          "attributes": {
            "id": "-",
            "input": [
              "RAJU"
            ],
            "keepers": null,
            "result": [
              "RAJU"
            ],
            "result_count": null,
            "seed": null
          },
          "sensitive_attributes": [],
          "private": "bnVsbA=="
        },
        {
          "index_key": 82,
          "schema_version": 0,
          "attributes": {
            "id": "-",
            "input": [
              "RAJU"
            ],
            "keepers": null,
            "result": [
              "RAJU"
            ],
            "result_count": null,
            "seed": null
          },
          "sensitive_attributes": [],
          "private": "bnVsbA=="
        },
        {
          "index_key": 83,
          "schema_version": 0,
          "attributes": {
            "id": "-",
            "input": [
              "RAJU"
            ],
            "keepers": null,
            "result": [
              "RAJU"
            ],
            "result_count": null,
            "seed": null
          },
          "sensitive_attributes": [],
          "private": "bnVsbA=="
        },
        {
          "index_key": 84,
          "schema_version": 0,
          "attributes": {
            "id": "-",
            "input": [
              "RAJU"
            ],
            "keepers": null,
            "result": [
              "RAJU"
            ],
            "result_count": null,
            "seed": null
          },
          "sensitive_attributes": [],
          "private": "bnVsbA=="
        },
        {
          "index_key": 85,
          "schema_version": 0,
          "attributes": {
            "id": "-",
            "input": [
              "RAJU"
            ],
            "keepers": null,
            "result": [
              "RAJU"
            ],
            "result_count": null,
            "seed": null
          },
          "sensitive_attributes": [],
          "private": "bnVsbA=="
        },
        {
          "index_key": 86,
          "schema_version": 0,
          "attributes": {
            "id": "-",
            "input": [
              "RAJU"
            ],
            "keepers": null,
            "result": [
              "RAJU"
            ],
            "result_count": null,
            "seed": null
          },
          "sensitive_attributes": [],
          "private": "bnVsbA=="
        },
        {
          "index_key": 87,
          "schema_version": 0,
          "attributes": {
            "id": "-",
            "input": [
              "RAJU"
            ],
            "keepers": null,
            "result": [
              "RAJU"
            ],
            "result_count": null,
            "seed": null
          },
          "sensitive_attributes": [],
          "private": "bnVsbA=="
        },
        {
          "index_key": 88,
          "schema_version": 0,
          "attributes": {
            "id": "-",
            "input": [
              "RAJU"
            ],
            "keepers": null,
            "result": [
              "RAJU"
            ],
            "result_count": null,
            "seed": null
          },
          "sensitive_attributes": [],
          "private": "bnVsbA=="
        },
        {
          "index_key": 89,
          "schema_version": 0,
          "attributes": {
            "id": "-",
            "input": [
              "RAJU"
            ],
            "keepers": null,
            "result": [
              "RAJU"
            ],
            "result_count": null,
            "seed": null
          },
          "sensitive_attributes": [],
          "private": "bnVsbA=="
        },
        {
          "index_key": 90,
          "schema_version": 0,
          "attributes": {
            "id": "-",
            "input": [
              "RAJU"
            ],
            "keepers": null,
            "result": [
              "RAJU"
            ],
            "result_count": null,
            "seed": null
          },
          "sensitive_attributes": [],
          "private": "bnVsbA=="
        },
        {
          "index_key": 91,
          "schema_version": 0,
          "attributes": {
            "id": "-",
            "input": [
              "RAJU"
            ],
            "keepers": null,
            "result": [
              "RAJU"
            ],
            "result_count": null,
            "seed": null
          },
          "sensitive_attributes": [],
          "private": "bnVsbA=="
        },
        {
          "index_key": 92,
          "schema_version": 0,
          "attributes": {
            "id": "-",
            "input": [
              "RAJU"
            ],
            "keepers": null,
            "result": [
              "RAJU"
            ],
            "result_count": null,
            "seed": null
          },
          "sensitive_attributes": [],
          "private": "bnVsbA=="
        },
        {
          "index_key": 93,
          "schema_version": 0,
          "attributes": {
            "id": "-",
            "input": [
              "RAJU"
            ],
            "keepers": null,
            "result": [
              "RAJU"
            ],
            "result_count": null,
            "seed": null
          },
          "sensitive_attributes": [],
          "private": "bnVsbA=="
        },
        {
          "index_key": 94,
          "schema_version": 0,
          "attributes": {
            "id": "-",
            "input": [
              "RAJU"
            ],
            "keepers": null,
            "result": [
              "RAJU"
            ],
            "result_count": null,
            "seed": null
          },
          "sensitive_attributes": [],
          "private": "bnVsbA=="
        },
        {
          "index_key": 95,
          "schema_version": 0,
          "attributes": {
            "id": "-",
            "input": [
              "RAJU"
            ],
            "keepers": null,
            "result": [
              "RAJU"
            ],
            "result_count": null,
            "seed": null
          },
          "sensitive_attributes": [],
          "private": "bnVsbA=="
        },
        {
          "index_key": 96,
          "schema_version": 0,
          "attributes": {
            "id": "-",
            "input": [
              "RAJU"
            ],
            "keepers": null,
            "result": [
              "RAJU"
            ],
            "result_count": null,
            "seed": null
          },
          "sensitive_attributes": [],
          "private": "bnVsbA=="
        },
        {
          "index_key": 97,
          "schema_version": 0,
          "attributes": {
            "id": "-",
            "input": [
              "RAJU"
            ],
            "keepers": null,
            "result": [
              "RAJU"
            ],
            "result_count": null,
            "seed": null
          },
          "sensitive_attributes": [],
          "private": "bnVsbA=="
        },
        {
          "index_key": 98,
          "schema_version": 0,
          "attributes": {
            "id": "-",
            "input": [
              "RAJU"
            ],
            "keepers": null,
            "result": [
              "RAJU"
            ],
            "result_count": null,
            "seed": null
          },
          "sensitive_attributes": [],
          "private": "bnVsbA=="
        },
        {
          "index_key": 99,
          "schema_version": 0,
          "attributes": {
            "id": "-",
            "input": [
              "RAJU"
            ],
            "keepers": null,
            "result": [
              "RAJU"
            ],
            "result_count": null,
            "seed": null
          },
          "sensitive_attributes": [],
          "private": "bnVsbA=="
        }
      ]
    },
    {
      "mode": "managed",
      "type": "random_shuffle",
      "name": "random_numbers",
      "provider": "provider[\"registry.terraform.io/hashicorp/random\"]",
      "instances": [
        {
          "index_key": 0,
          "schema_version": 0,
          "attributes": {
            "id": "-",
            "input": [
              "100000"
            ],
            "keepers": null,
            "result": [
              "100000"
            ],
            "result_count": null,
            "seed": null
          },
          "sensitive_attributes": [],
          "private": "bnVsbA=="
        },
        {
          "index_key": 1,
          "schema_version": 0,
          "attributes": {
            "id": "-",
            "input": [
              "100000"
            ],
            "keepers": null,
            "result": [
              "100000"
            ],
            "result_count": null,
            "seed": null
          },
          "sensitive_attributes": [],
          "private": "bnVsbA=="
        },
        {
          "index_key": 2,
          "schema_version": 0,
          "attributes": {
            "id": "-",
            "input": [
              "100000"
            ],
            "keepers": null,
            "result": [
              "100000"
            ],
            "result_count": null,
            "seed": null
          },
          "sensitive_attributes": [],
          "private": "bnVsbA=="
        },
        {
          "index_key": 3,
          "schema_version": 0,
          "attributes": {
            "id": "-",
            "input": [
              "100000"
            ],
            "keepers": null,
            "result": [
              "100000"
            ],
            "result_count": null,
            "seed": null
          },
          "sensitive_attributes": [],
          "private": "bnVsbA=="
        },
        {
          "index_key": 4,
          "schema_version": 0,
          "attributes": {
            "id": "-",
            "input": [
              "100000"
            ],
            "keepers": null,
            "result": [
              "100000"
            ],
            "result_count": null,
            "seed": null
          },
          "sensitive_attributes": [],
          "private": "bnVsbA=="
        },
        {
          "index_key": 5,
          "schema_version": 0,
          "attributes": {
            "id": "-",
            "input": [
              "100000"
            ],
            "keepers": null,
            "result": [
              "100000"
            ],
            "result_count": null,
            "seed": null
          },
          "sensitive_attributes": [],
          "private": "bnVsbA=="
        },
        {
          "index_key": 6,
          "schema_version": 0,
          "attributes": {
            "id": "-",
            "input": [
              "100000"
            ],
            "keepers": null,
            "result": [
              "100000"
            ],
            "result_count": null,
            "seed": null
          },
          "sensitive_attributes": [],
          "private": "bnVsbA=="
        },
        {
          "index_key": 7,
          "schema_version": 0,
          "attributes": {
            "id": "-",
            "input": [
              "100000"
            ],
            "keepers": null,
            "result": [
              "100000"
            ],
            "result_count": null,
            "seed": null
          },
          "sensitive_attributes": [],
          "private": "bnVsbA=="
        },
        {
          "index_key": 8,
          "schema_version": 0,
          "attributes": {
            "id": "-",
            "input": [
              "100000"
            ],
            "keepers": null,
            "result": [
              "100000"
            ],
            "result_count": null,
            "seed": null
          },
          "sensitive_attributes": [],
          "private": "bnVsbA=="
        },
        {
          "index_key": 9,
          "schema_version": 0,
          "attributes": {
            "id": "-",
            "input": [
              "100000"
            ],
            "keepers": null,
            "result": [
              "100000"
            ],
            "result_count": null,
            "seed": null
          },
          "sensitive_attributes": [],
          "private": "bnVsbA=="
        },
        {
          "index_key": 10,
          "schema_version": 0,
          "attributes": {
            "id": "-",
            "input": [
              "100000"
            ],
            "keepers": null,
            "result": [
              "100000"
            ],
            "result_count": null,
            "seed": null
          },
          "sensitive_attributes": [],
          "private": "bnVsbA=="
        },
        {
          "index_key": 11,
          "schema_version": 0,
          "attributes": {
            "id": "-",
            "input": [
              "100000"
            ],
            "keepers": null,
            "result": [
              "100000"
            ],
            "result_count": null,
            "seed": null
          },
          "sensitive_attributes": [],
          "private": "bnVsbA=="
        },
        {
          "index_key": 12,
          "schema_version": 0,
          "attributes": {
            "id": "-",
            "input": [
              "100000"
            ],
            "keepers": null,
            "result": [
              "100000"
            ],
            "result_count": null,
            "seed": null
          },
          "sensitive_attributes": [],
          "private": "bnVsbA=="
        },
        {
          "index_key": 13,
          "schema_version": 0,
          "attributes": {
            "id": "-",
            "input": [
              "100000"
            ],
            "keepers": null,
            "result": [
              "100000"
            ],
            "result_count": null,
            "seed": null
          },
          "sensitive_attributes": [],
          "private": "bnVsbA=="
        },
        {
          "index_key": 14,
          "schema_version": 0,
          "attributes": {
            "id": "-",
            "input": [
              "100000"
            ],
            "keepers": null,
            "result": [
              "100000"
            ],
            "result_count": null,
            "seed": null
          },
          "sensitive_attributes": [],
          "private": "bnVsbA=="
        },
        {
          "index_key": 15,
          "schema_version": 0,
          "attributes": {
            "id": "-",
            "input": [
              "100000"
            ],
            "keepers": null,
            "result": [
              "100000"
            ],
            "result_count": null,
            "seed": null
          },
          "sensitive_attributes": [],
          "private": "bnVsbA=="
        },
        {
          "index_key": 16,
          "schema_version": 0,
          "attributes": {
            "id": "-",
            "input": [
              "100000"
            ],
            "keepers": null,
            "result": [
              "100000"
            ],
            "result_count": null,
            "seed": null
          },
          "sensitive_attributes": [],
          "private": "bnVsbA=="
        },
        {
          "index_key": 17,
          "schema_version": 0,
          "attributes": {
            "id": "-",
            "input": [
              "100000"
            ],
            "keepers": null,
            "result": [
              "100000"
            ],
            "result_count": null,
            "seed": null
          },
          "sensitive_attributes": [],
          "private": "bnVsbA=="
        },
        {
          "index_key": 18,
          "schema_version": 0,
          "attributes": {
            "id": "-",
            "input": [
              "100000"
            ],
            "keepers": null,
            "result": [
              "100000"
            ],
            "result_count": null,
            "seed": null
          },
          "sensitive_attributes": [],
          "private": "bnVsbA=="
        },
        {
          "index_key": 19,
          "schema_version": 0,
          "attributes": {
            "id": "-",
            "input": [
              "100000"
            ],
            "keepers": null,
            "result": [
              "100000"
            ],
            "result_count": null,
            "seed": null
          },
          "sensitive_attributes": [],
          "private": "bnVsbA=="
        },
        {
          "index_key": 20,
          "schema_version": 0,
          "attributes": {
            "id": "-",
            "input": [
              "100000"
            ],
            "keepers": null,
            "result": [
              "100000"
            ],
            "result_count": null,
            "seed": null
          },
          "sensitive_attributes": [],
          "private": "bnVsbA=="
        },
        {
          "index_key": 21,
          "schema_version": 0,
          "attributes": {
            "id": "-",
            "input": [
              "100000"
            ],
            "keepers": null,
            "result": [
              "100000"
            ],
            "result_count": null,
            "seed": null
          },
          "sensitive_attributes": [],
          "private": "bnVsbA=="
        },
        {
          "index_key": 22,
          "schema_version": 0,
          "attributes": {
            "id": "-",
            "input": [
              "100000"
            ],
            "keepers": null,
            "result": [
              "100000"
            ],
            "result_count": null,
            "seed": null
          },
          "sensitive_attributes": [],
          "private": "bnVsbA=="
        },
        {
          "index_key": 23,
          "schema_version": 0,
          "attributes": {
            "id": "-",
            "input": [
              "100000"
            ],
            "keepers": null,
            "result": [
              "100000"
            ],
            "result_count": null,
            "seed": null
          },
          "sensitive_attributes": [],
          "private": "bnVsbA=="
        },
        {
          "index_key": 24,
          "schema_version": 0,
          "attributes": {
            "id": "-",
            "input": [
              "100000"
            ],
            "keepers": null,
            "result": [
              "100000"
            ],
            "result_count": null,
            "seed": null
          },
          "sensitive_attributes": [],
          "private": "bnVsbA=="
        },
        {
          "index_key": 25,
          "schema_version": 0,
          "attributes": {
            "id": "-",
            "input": [
              "100000"
            ],
            "keepers": null,
            "result": [
              "100000"
            ],
            "result_count": null,
            "seed": null
          },
          "sensitive_attributes": [],
          "private": "bnVsbA=="
        },
        {
          "index_key": 26,
          "schema_version": 0,
          "attributes": {
            "id": "-",
            "input": [
              "100000"
            ],
            "keepers": null,
            "result": [
              "100000"
            ],
            "result_count": null,
            "seed": null
          },
          "sensitive_attributes": [],
          "private": "bnVsbA=="
        },
        {
          "index_key": 27,
          "schema_version": 0,
          "attributes": {
            "id": "-",
            "input": [
              "100000"
            ],
            "keepers": null,
            "result": [
              "100000"
            ],
            "result_count": null,
            "seed": null
          },
          "sensitive_attributes": [],
          "private": "bnVsbA=="
        },
        {
          "index_key": 28,
          "schema_version": 0,
          "attributes": {
            "id": "-",
            "input": [
              "100000"
            ],
            "keepers": null,
            "result": [
              "100000"
            ],
            "result_count": null,
            "seed": null
          },
          "sensitive_attributes": [],
          "private": "bnVsbA=="
        },
        {
          "index_key": 29,
          "schema_version": 0,
          "attributes": {
            "id": "-",
            "input": [
              "100000"
            ],
            "keepers": null,
            "result": [
              "100000"
            ],
            "result_count": null,
            "seed": null
          },
          "sensitive_attributes": [],
          "private": "bnVsbA=="
        },
        {
          "index_key": 30,
          "schema_version": 0,
          "attributes": {
            "id": "-",
            "input": [
              "100000"
            ],
            "keepers": null,
            "result": [
              "100000"
            ],
            "result_count": null,
            "seed": null
          },
          "sensitive_attributes": [],
          "private": "bnVsbA=="
        },
        {
          "index_key": 31,
          "schema_version": 0,
          "attributes": {
            "id": "-",
            "input": [
              "100000"
            ],
            "keepers": null,
            "result": [
              "100000"
            ],
            "result_count": null,
            "seed": null
          },
          "sensitive_attributes": [],
          "private": "bnVsbA=="
        },
        {
          "index_key": 32,
          "schema_version": 0,
          "attributes": {
            "id": "-",
            "input": [
              "100000"
            ],
            "keepers": null,
            "result": [
              "100000"
            ],
            "result_count": null,
            "seed": null
          },
          "sensitive_attributes": [],
          "private": "bnVsbA=="
        },
        {
          "index_key": 33,
          "schema_version": 0,
          "attributes": {
            "id": "-",
            "input": [
              "100000"
            ],
            "keepers": null,
            "result": [
              "100000"
            ],
            "result_count": null,
            "seed": null
          },
          "sensitive_attributes": [],
          "private": "bnVsbA=="
        },
        {
          "index_key": 34,
          "schema_version": 0,
          "attributes": {
            "id": "-",
            "input": [
              "100000"
            ],
            "keepers": null,
            "result": [
              "100000"
            ],
            "result_count": null,
            "seed": null
          },
          "sensitive_attributes": [],
          "private": "bnVsbA=="
        },
        {
          "index_key": 35,
          "schema_version": 0,
          "attributes": {
            "id": "-",
            "input": [
              "100000"
            ],
            "keepers": null,
            "result": [
              "100000"
            ],
            "result_count": null,
            "seed": null
          },
          "sensitive_attributes": [],
          "private": "bnVsbA=="
        },
        {
          "index_key": 36,
          "schema_version": 0,
          "attributes": {
            "id": "-",
            "input": [
              "100000"
            ],
            "keepers": null,
            "result": [
              "100000"
            ],
            "result_count": null,
            "seed": null
          },
          "sensitive_attributes": [],
          "private": "bnVsbA=="
        },
        {
          "index_key": 37,
          "schema_version": 0,
          "attributes": {
            "id": "-",
            "input": [
              "100000"
            ],
            "keepers": null,
            "result": [
              "100000"
            ],
            "result_count": null,
            "seed": null
          },
          "sensitive_attributes": [],
          "private": "bnVsbA=="
        },
        {
          "index_key": 38,
          "schema_version": 0,
          "attributes": {
            "id": "-",
            "input": [
              "100000"
            ],
            "keepers": null,
            "result": [
              "100000"
            ],
            "result_count": null,
            "seed": null
          },
          "sensitive_attributes": [],
          "private": "bnVsbA=="
        },
        {
          "index_key": 39,
          "schema_version": 0,
          "attributes": {
            "id": "-",
            "input": [
              "100000"
            ],
            "keepers": null,
            "result": [
              "100000"
            ],
            "result_count": null,
            "seed": null
          },
          "sensitive_attributes": [],
          "private": "bnVsbA=="
        },
        {
          "index_key": 40,
          "schema_version": 0,
          "attributes": {
            "id": "-",
            "input": [
              "100000"
            ],
            "keepers": null,
            "result": [
              "100000"
            ],
            "result_count": null,
            "seed": null
          },
          "sensitive_attributes": [],
          "private": "bnVsbA=="
        },
        {
          "index_key": 41,
          "schema_version": 0,
          "attributes": {
            "id": "-",
            "input": [
              "100000"
            ],
            "keepers": null,
            "result": [
              "100000"
            ],
            "result_count": null,
            "seed": null
          },
          "sensitive_attributes": [],
          "private": "bnVsbA=="
        },
        {
          "index_key": 42,
          "schema_version": 0,
          "attributes": {
            "id": "-",
            "input": [
              "100000"
            ],
            "keepers": null,
            "result": [
              "100000"
            ],
            "result_count": null,
            "seed": null
          },
          "sensitive_attributes": [],
          "private": "bnVsbA=="
        },
        {
          "index_key": 43,
          "schema_version": 0,
          "attributes": {
            "id": "-",
            "input": [
              "100000"
            ],
            "keepers": null,
            "result": [
              "100000"
            ],
            "result_count": null,
            "seed": null
          },
          "sensitive_attributes": [],
          "private": "bnVsbA=="
        },
        {
          "index_key": 44,
          "schema_version": 0,
          "attributes": {
            "id": "-",
            "input": [
              "100000"
            ],
            "keepers": null,
            "result": [
              "100000"
            ],
            "result_count": null,
            "seed": null
          },
          "sensitive_attributes": [],
          "private": "bnVsbA=="
        },
        {
          "index_key": 45,
          "schema_version": 0,
          "attributes": {
            "id": "-",
            "input": [
              "100000"
            ],
            "keepers": null,
            "result": [
              "100000"
            ],
            "result_count": null,
            "seed": null
          },
          "sensitive_attributes": [],
          "private": "bnVsbA=="
        },
        {
          "index_key": 46,
          "schema_version": 0,
          "attributes": {
            "id": "-",
            "input": [
              "100000"
            ],
            "keepers": null,
            "result": [
              "100000"
            ],
            "result_count": null,
            "seed": null
          },
          "sensitive_attributes": [],
          "private": "bnVsbA=="
        },
        {
          "index_key": 47,
          "schema_version": 0,
          "attributes": {
            "id": "-",
            "input": [
              "100000"
            ],
            "keepers": null,
            "result": [
              "100000"
            ],
            "result_count": null,
            "seed": null
          },
          "sensitive_attributes": [],
          "private": "bnVsbA=="
        },
        {
          "index_key": 48,
          "schema_version": 0,
          "attributes": {
            "id": "-",
            "input": [
              "100000"
            ],
            "keepers": null,
            "result": [
              "100000"
            ],
            "result_count": null,
            "seed": null
          },
          "sensitive_attributes": [],
          "private": "bnVsbA=="
        },
        {
          "index_key": 49,
          "schema_version": 0,
          "attributes": {
            "id": "-",
            "input": [
              "100000"
            ],
            "keepers": null,
            "result": [
              "100000"
            ],
            "result_count": null,
            "seed": null
          },
          "sensitive_attributes": [],
          "private": "bnVsbA=="
        },
        {
          "index_key": 50,
          "schema_version": 0,
          "attributes": {
            "id": "-",
            "input": [
              "100000"
            ],
            "keepers": null,
            "result": [
              "100000"
            ],
            "result_count": null,
            "seed": null
          },
          "sensitive_attributes": [],
          "private": "bnVsbA=="
        },
        {
          "index_key": 51,
          "schema_version": 0,
          "attributes": {
            "id": "-",
            "input": [
              "100000"
            ],
            "keepers": null,
            "result": [
              "100000"
            ],
            "result_count": null,
            "seed": null
          },
          "sensitive_attributes": [],
          "private": "bnVsbA=="
        },
        {
          "index_key": 52,
          "schema_version": 0,
          "attributes": {
            "id": "-",
            "input": [
              "100000"
            ],
            "keepers": null,
            "result": [
              "100000"
            ],
            "result_count": null,
            "seed": null
          },
          "sensitive_attributes": [],
          "private": "bnVsbA=="
        },
        {
          "index_key": 53,
          "schema_version": 0,
          "attributes": {
            "id": "-",
            "input": [
              "100000"
            ],
            "keepers": null,
            "result": [
              "100000"
            ],
            "result_count": null,
            "seed": null
          },
          "sensitive_attributes": [],
          "private": "bnVsbA=="
        },
        {
          "index_key": 54,
          "schema_version": 0,
          "attributes": {
            "id": "-",
            "input": [
              "100000"
            ],
            "keepers": null,
            "result": [
              "100000"
            ],
            "result_count": null,
            "seed": null
          },
          "sensitive_attributes": [],
          "private": "bnVsbA=="
        },
        {
          "index_key": 55,
          "schema_version": 0,
          "attributes": {
            "id": "-",
            "input": [
              "100000"
            ],
            "keepers": null,
            "result": [
              "100000"
            ],
            "result_count": null,
            "seed": null
          },
          "sensitive_attributes": [],
          "private": "bnVsbA=="
        },
        {
          "index_key": 56,
          "schema_version": 0,
          "attributes": {
            "id": "-",
            "input": [
              "100000"
            ],
            "keepers": null,
            "result": [
              "100000"
            ],
            "result_count": null,
            "seed": null
          },
          "sensitive_attributes": [],
          "private": "bnVsbA=="
        },
        {
          "index_key": 57,
          "schema_version": 0,
          "attributes": {
            "id": "-",
            "input": [
              "100000"
            ],
            "keepers": null,
            "result": [
              "100000"
            ],
            "result_count": null,
            "seed": null
          },
          "sensitive_attributes": [],
          "private": "bnVsbA=="
        },
        {
          "index_key": 58,
          "schema_version": 0,
          "attributes": {
            "id": "-",
            "input": [
              "100000"
            ],
            "keepers": null,
            "result": [
              "100000"
            ],
            "result_count": null,
            "seed": null
          },
          "sensitive_attributes": [],
          "private": "bnVsbA=="
        },
        {
          "index_key": 59,
          "schema_version": 0,
          "attributes": {
            "id": "-",
            "input": [
              "100000"
            ],
            "keepers": null,
            "result": [
              "100000"
            ],
            "result_count": null,
            "seed": null
          },
          "sensitive_attributes": [],
          "private": "bnVsbA=="
        },
        {
          "index_key": 60,
          "schema_version": 0,
          "attributes": {
            "id": "-",
            "input": [
              "100000"
            ],
            "keepers": null,
            "result": [
              "100000"
            ],
            "result_count": null,
            "seed": null
          },
          "sensitive_attributes": [],
          "private": "bnVsbA=="
        },
        {
          "index_key": 61,
          "schema_version": 0,
          "attributes": {
            "id": "-",
            "input": [
              "100000"
            ],
            "keepers": null,
            "result": [
              "100000"
            ],
            "result_count": null,
            "seed": null
          },
          "sensitive_attributes": [],
          "private": "bnVsbA=="
        },
        {
          "index_key": 62,
          "schema_version": 0,
          "attributes": {
            "id": "-",
            "input": [
              "100000"
            ],
            "keepers": null,
            "result": [
              "100000"
            ],
            "result_count": null,
            "seed": null
          },
          "sensitive_attributes": [],
          "private": "bnVsbA=="
        },
        {
          "index_key": 63,
          "schema_version": 0,
          "attributes": {
            "id": "-",
            "input": [
              "100000"
            ],
            "keepers": null,
            "result": [
              "100000"
            ],
            "result_count": null,
            "seed": null
          },
          "sensitive_attributes": [],
          "private": "bnVsbA=="
        },
        {
          "index_key": 64,
          "schema_version": 0,
          "attributes": {
            "id": "-",
            "input": [
              "100000"
            ],
            "keepers": null,
            "result": [
              "100000"
            ],
            "result_count": null,
            "seed": null
          },
          "sensitive_attributes": [],
          "private": "bnVsbA=="
        },
        {
          "index_key": 65,
          "schema_version": 0,
          "attributes": {
            "id": "-",
            "input": [
              "100000"
            ],
            "keepers": null,
            "result": [
              "100000"
            ],
            "result_count": null,
            "seed": null
          },
          "sensitive_attributes": [],
          "private": "bnVsbA=="
        },
        {
          "index_key": 66,
          "schema_version": 0,
          "attributes": {
            "id": "-",
            "input": [
              "100000"
            ],
            "keepers": null,
            "result": [
              "100000"
            ],
            "result_count": null,
            "seed": null
          },
          "sensitive_attributes": [],
          "private": "bnVsbA=="
        },
        {
          "index_key": 67,
          "schema_version": 0,
          "attributes": {
            "id": "-",
            "input": [
              "100000"
            ],
            "keepers": null,
            "result": [
              "100000"
            ],
            "result_count": null,
            "seed": null
          },
          "sensitive_attributes": [],
          "private": "bnVsbA=="
        },
        {
          "index_key": 68,
          "schema_version": 0,
          "attributes": {
            "id": "-",
            "input": [
              "100000"
            ],
            "keepers": null,
            "result": [
              "100000"
            ],
            "result_count": null,
            "seed": null
          },
          "sensitive_attributes": [],
          "private": "bnVsbA=="
        },
        {
          "index_key": 69,
          "schema_version": 0,
          "attributes": {
            "id": "-",
            "input": [
              "100000"
            ],
            "keepers": null,
            "result": [
              "100000"
            ],
            "result_count": null,
            "seed": null
          },
          "sensitive_attributes": [],
          "private": "bnVsbA=="
        },
        {
          "index_key": 70,
          "schema_version": 0,
          "attributes": {
            "id": "-",
            "input": [
              "100000"
            ],
            "keepers": null,
            "result": [
              "100000"
            ],
            "result_count": null,
            "seed": null
          },
          "sensitive_attributes": [],
          "private": "bnVsbA=="
        },
        {
          "index_key": 71,
          "schema_version": 0,
          "attributes": {
            "id": "-",
            "input": [
              "100000"
            ],
            "keepers": null,
            "result": [
              "100000"
            ],
            "result_count": null,
            "seed": null
          },
          "sensitive_attributes": [],
          "private": "bnVsbA=="
        },
        {
          "index_key": 72,
          "schema_version": 0,
          "attributes": {
            "id": "-",
            "input": [
              "100000"
            ],
            "keepers": null,
            "result": [
              "100000"
            ],
            "result_count": null,
            "seed": null
          },
          "sensitive_attributes": [],
          "private": "bnVsbA=="
        },
        {
          "index_key": 73,
          "schema_version": 0,
          "attributes": {
            "id": "-",
            "input": [
              "100000"
            ],
            "keepers": null,
            "result": [
              "100000"
            ],
            "result_count": null,
            "seed": null
          },
          "sensitive_attributes": [],
          "private": "bnVsbA=="
        },
        {
          "index_key": 74,
          "schema_version": 0,
          "attributes": {
            "id": "-",
            "input": [
              "100000"
            ],
            "keepers": null,
            "result": [
              "100000"
            ],
            "result_count": null,
            "seed": null
          },
          "sensitive_attributes": [],
          "private": "bnVsbA=="
        },
        {
          "index_key": 75,
          "schema_version": 0,
          "attributes": {
            "id": "-",
            "input": [
              "100000"
            ],
            "keepers": null,
            "result": [
              "100000"
            ],
            "result_count": null,
            "seed": null
          },
          "sensitive_attributes": [],
          "private": "bnVsbA=="
        },
        {
          "index_key": 76,
          "schema_version": 0,
          "attributes": {
            "id": "-",
            "input": [
              "100000"
            ],
            "keepers": null,
            "result": [
              "100000"
            ],
            "result_count": null,
            "seed": null
          },
          "sensitive_attributes": [],
          "private": "bnVsbA=="
        },
        {
          "index_key": 77,
          "schema_version": 0,
          "attributes": {
            "id": "-",
            "input": [
              "100000"
            ],
            "keepers": null,
            "result": [
              "100000"
            ],
            "result_count": null,
            "seed": null
          },
          "sensitive_attributes": [],
          "private": "bnVsbA=="
        },
        {
          "index_key": 78,
          "schema_version": 0,
          "attributes": {
            "id": "-",
            "input": [
              "100000"
            ],
            "keepers": null,
            "result": [
              "100000"
            ],
            "result_count": null,
            "seed": null
          },
          "sensitive_attributes": [],
          "private": "bnVsbA=="
        },
        {
          "index_key": 79,
          "schema_version": 0,
          "attributes": {
            "id": "-",
            "input": [
              "100000"
            ],
            "keepers": null,
            "result": [
              "100000"
            ],
            "result_count": null,
            "seed": null
          },
          "sensitive_attributes": [],
          "private": "bnVsbA=="
        },
        {
          "index_key": 80,
          "schema_version": 0,
          "attributes": {
            "id": "-",
            "input": [
              "100000"
            ],
            "keepers": null,
            "result": [
              "100000"
            ],
            "result_count": null,
            "seed": null
          },
          "sensitive_attributes": [],
          "private": "bnVsbA=="
        },
        {
          "index_key": 81,
          "schema_version": 0,
          "attributes": {
            "id": "-",
            "input": [
              "100000"
            ],
            "keepers": null,
            "result": [
              "100000"
            ],
            "result_count": null,
            "seed": null
          },
          "sensitive_attributes": [],
          "private": "bnVsbA=="
        },
        {
          "index_key": 82,
          "schema_version": 0,
          "attributes": {
            "id": "-",
            "input": [
              "100000"
            ],
            "keepers": null,
            "result": [
              "100000"
            ],
            "result_count": null,
            "seed": null
          },
          "sensitive_attributes": [],
          "private": "bnVsbA=="
        },
        {
          "index_key": 83,
          "schema_version": 0,
          "attributes": {
            "id": "-",
            "input": [
              "100000"
            ],
            "keepers": null,
            "result": [
              "100000"
            ],
            "result_count": null,
            "seed": null
          },
          "sensitive_attributes": [],
          "private": "bnVsbA=="
        },
        {
          "index_key": 84,
          "schema_version": 0,
          "attributes": {
            "id": "-",
            "input": [
              "100000"
            ],
            "keepers": null,
            "result": [
              "100000"
            ],
            "result_count": null,
            "seed": null
          },
          "sensitive_attributes": [],
          "private": "bnVsbA=="
        },
        {
          "index_key": 85,
          "schema_version": 0,
          "attributes": {
            "id": "-",
            "input": [
              "100000"
            ],
            "keepers": null,
            "result": [
              "100000"
            ],
            "result_count": null,
            "seed": null
          },
          "sensitive_attributes": [],
          "private": "bnVsbA=="
        },
        {
          "index_key": 86,
          "schema_version": 0,
          "attributes": {
            "id": "-",
            "input": [
              "100000"
            ],
            "keepers": null,
            "result": [
              "100000"
            ],
            "result_count": null,
            "seed": null
          },
          "sensitive_attributes": [],
          "private": "bnVsbA=="
        },
        {
          "index_key": 87,
          "schema_version": 0,
          "attributes": {
            "id": "-",
            "input": [
              "100000"
            ],
            "keepers": null,
            "result": [
              "100000"
            ],
            "result_count": null,
            "seed": null
          },
          "sensitive_attributes": [],
          "private": "bnVsbA=="
        },
        {
          "index_key": 88,
          "schema_version": 0,
          "attributes": {
            "id": "-",
            "input": [
              "100000"
            ],
            "keepers": null,
            "result": [
              "100000"
            ],
            "result_count": null,
            "seed": null
          },
          "sensitive_attributes": [],
          "private": "bnVsbA=="
        },
        {
          "index_key": 89,
          "schema_version": 0,
          "attributes": {
            "id": "-",
            "input": [
              "100000"
            ],
            "keepers": null,
            "result": [
              "100000"
            ],
            "result_count": null,
            "seed": null
          },
          "sensitive_attributes": [],
          "private": "bnVsbA=="
        },
        {
          "index_key": 90,
          "schema_version": 0,
          "attributes": {
            "id": "-",
            "input": [
              "100000"
            ],
            "keepers": null,
            "result": [
              "100000"
            ],
            "result_count": null,
            "seed": null
          },
          "sensitive_attributes": [],
          "private": "bnVsbA=="
        },
        {
          "index_key": 91,
          "schema_version": 0,
          "attributes": {
            "id": "-",
            "input": [
              "100000"
            ],
            "keepers": null,
            "result": [
              "100000"
            ],
            "result_count": null,
            "seed": null
          },
          "sensitive_attributes": [],
          "private": "bnVsbA=="
        },
        {
          "index_key": 92,
          "schema_version": 0,
          "attributes": {
            "id": "-",
            "input": [
              "100000"
            ],
            "keepers": null,
            "result": [
              "100000"
            ],
            "result_count": null,
            "seed": null
          },
          "sensitive_attributes": [],
          "private": "bnVsbA=="
        },
        {
          "index_key": 93,
          "schema_version": 0,
          "attributes": {
            "id": "-",
            "input": [
              "100000"
            ],
            "keepers": null,
            "result": [
              "100000"
            ],
            "result_count": null,
            "seed": null
          },
          "sensitive_attributes": [],
          "private": "bnVsbA=="
        },
        {
          "index_key": 94,
          "schema_version": 0,
          "attributes": {
            "id": "-",
            "input": [
              "100000"
            ],
            "keepers": null,
            "result": [
              "100000"
            ],
            "result_count": null,
            "seed": null
          },
          "sensitive_attributes": [],
          "private": "bnVsbA=="
        },
        {
          "index_key": 95,
          "schema_version": 0,
          "attributes": {
            "id": "-",
            "input": [
              "100000"
            ],
            "keepers": null,
            "result": [
              "100000"
            ],
            "result_count": null,
            "seed": null
          },
          "sensitive_attributes": [],
          "private": "bnVsbA=="
        },
        {
          "index_key": 96,
          "schema_version": 0,
          "attributes": {
            "id": "-",
            "input": [
              "100000"
            ],
            "keepers": null,
            "result": [
              "100000"
            ],
            "result_count": null,
            "seed": null
          },
          "sensitive_attributes": [],
          "private": "bnVsbA=="
        },
        {
          "index_key": 97,
          "schema_version": 0,
          "attributes": {
            "id": "-",
            "input": [
              "100000"
            ],
            "keepers": null,
            "result": [
              "100000"
            ],
            "result_count": null,
            "seed": null
          },
          "sensitive_attributes": [],
          "private": "bnVsbA=="
        },
        {
          "index_key": 98,
          "schema_version": 0,
          "attributes": {
            "id": "-",
            "input": [
              "100000"
            ],
            "keepers": null,
            "result": [
              "100000"
            ],
            "result_count": null,
            "seed": null
          },
          "sensitive_attributes": [],
          "private": "bnVsbA=="
        },
        {
          "index_key": 99,
          "schema_version": 0,
          "attributes": {
            "id": "-",
            "input": [
              "100000"
            ],
            "keepers": null,
            "result": [
              "100000"
            ],
            "result_count": null,
            "seed": null
          },
          "sensitive_attributes": [],
          "private": "bnVsbA=="
        }
      ]
    },
    {
      "mode": "managed",
      "type": "random_shuffle",
      "name": "random_verbs",
      "provider": "provider[\"registry.terraform.io/hashicorp/random\"]",
      "instances": [
        {
          "index_key": 0,
          "schema_version": 0,
          "attributes": {
            "id": "-",
            "input": [
              "RAM"
            ],
            "keepers": null,
            "result": [
              "RAM"
            ],
            "result_count": null,
            "seed": null
          },
          "sensitive_attributes": [],
          "private": "bnVsbA=="
        },
        {
          "index_key": 1,
          "schema_version": 0,
          "attributes": {
            "id": "-",
            "input": [
              "RAM"
            ],
            "keepers": null,
            "result": [
              "RAM"
            ],
            "result_count": null,
            "seed": null
          },
          "sensitive_attributes": [],
          "private": "bnVsbA=="
        },
        {
          "index_key": 2,
          "schema_version": 0,
          "attributes": {
            "id": "-",
            "input": [
              "RAM"
            ],
            "keepers": null,
            "result": [
              "RAM"
            ],
            "result_count": null,
            "seed": null
          },
          "sensitive_attributes": [],
          "private": "bnVsbA=="
        },
        {
          "index_key": 3,
          "schema_version": 0,
          "attributes": {
            "id": "-",
            "input": [
              "RAM"
            ],
            "keepers": null,
            "result": [
              "RAM"
            ],
            "result_count": null,
            "seed": null
          },
          "sensitive_attributes": [],
          "private": "bnVsbA=="
        },
        {
          "index_key": 4,
          "schema_version": 0,
          "attributes": {
            "id": "-",
            "input": [
              "RAM"
            ],
            "keepers": null,
            "result": [
              "RAM"
            ],
            "result_count": null,
            "seed": null
          },
          "sensitive_attributes": [],
          "private": "bnVsbA=="
        },
        {
          "index_key": 5,
          "schema_version": 0,
          "attributes": {
            "id": "-",
            "input": [
              "RAM"
            ],
            "keepers": null,
            "result": [
              "RAM"
            ],
            "result_count": null,
            "seed": null
          },
          "sensitive_attributes": [],
          "private": "bnVsbA=="
        },
        {
          "index_key": 6,
          "schema_version": 0,
          "attributes": {
            "id": "-",
            "input": [
              "RAM"
            ],
            "keepers": null,
            "result": [
              "RAM"
            ],
            "result_count": null,
            "seed": null
          },
          "sensitive_attributes": [],
          "private": "bnVsbA=="
        },
        {
          "index_key": 7,
          "schema_version": 0,
          "attributes": {
            "id": "-",
            "input": [
              "RAM"
            ],
            "keepers": null,
            "result": [
              "RAM"
            ],
            "result_count": null,
            "seed": null
          },
          "sensitive_attributes": [],
          "private": "bnVsbA=="
        },
        {
          "index_key": 8,
          "schema_version": 0,
          "attributes": {
            "id": "-",
            "input": [
              "RAM"
            ],
            "keepers": null,
            "result": [
              "RAM"
            ],
            "result_count": null,
            "seed": null
          },
          "sensitive_attributes": [],
          "private": "bnVsbA=="
        },
        {
          "index_key": 9,
          "schema_version": 0,
          "attributes": {
            "id": "-",
            "input": [
              "RAM"
            ],
            "keepers": null,
            "result": [
              "RAM"
            ],
            "result_count": null,
            "seed": null
          },
          "sensitive_attributes": [],
          "private": "bnVsbA=="
        },
        {
          "index_key": 10,
          "schema_version": 0,
          "attributes": {
            "id": "-",
            "input": [
              "RAM"
            ],
            "keepers": null,
            "result": [
              "RAM"
            ],
            "result_count": null,
            "seed": null
          },
          "sensitive_attributes": [],
          "private": "bnVsbA=="
        },
        {
          "index_key": 11,
          "schema_version": 0,
          "attributes": {
            "id": "-",
            "input": [
              "RAM"
            ],
            "keepers": null,
            "result": [
              "RAM"
            ],
            "result_count": null,
            "seed": null
          },
          "sensitive_attributes": [],
          "private": "bnVsbA=="
        },
        {
          "index_key": 12,
          "schema_version": 0,
          "attributes": {
            "id": "-",
            "input": [
              "RAM"
            ],
            "keepers": null,
            "result": [
              "RAM"
            ],
            "result_count": null,
            "seed": null
          },
          "sensitive_attributes": [],
          "private": "bnVsbA=="
        },
        {
          "index_key": 13,
          "schema_version": 0,
          "attributes": {
            "id": "-",
            "input": [
              "RAM"
            ],
            "keepers": null,
            "result": [
              "RAM"
            ],
            "result_count": null,
            "seed": null
          },
          "sensitive_attributes": [],
          "private": "bnVsbA=="
        },
        {
          "index_key": 14,
          "schema_version": 0,
          "attributes": {
            "id": "-",
            "input": [
              "RAM"
            ],
            "keepers": null,
            "result": [
              "RAM"
            ],
            "result_count": null,
            "seed": null
          },
          "sensitive_attributes": [],
          "private": "bnVsbA=="
        },
        {
          "index_key": 15,
          "schema_version": 0,
          "attributes": {
            "id": "-",
            "input": [
              "RAM"
            ],
            "keepers": null,
            "result": [
              "RAM"
            ],
            "result_count": null,
            "seed": null
          },
          "sensitive_attributes": [],
          "private": "bnVsbA=="
        },
        {
          "index_key": 16,
          "schema_version": 0,
          "attributes": {
            "id": "-",
            "input": [
              "RAM"
            ],
            "keepers": null,
            "result": [
              "RAM"
            ],
            "result_count": null,
            "seed": null
          },
          "sensitive_attributes": [],
          "private": "bnVsbA=="
        },
        {
          "index_key": 17,
          "schema_version": 0,
          "attributes": {
            "id": "-",
            "input": [
              "RAM"
            ],
            "keepers": null,
            "result": [
              "RAM"
            ],
            "result_count": null,
            "seed": null
          },
          "sensitive_attributes": [],
          "private": "bnVsbA=="
        },
        {
          "index_key": 18,
          "schema_version": 0,
          "attributes": {
            "id": "-",
            "input": [
              "RAM"
            ],
            "keepers": null,
            "result": [
              "RAM"
            ],
            "result_count": null,
            "seed": null
          },
          "sensitive_attributes": [],
          "private": "bnVsbA=="
        },
        {
          "index_key": 19,
          "schema_version": 0,
          "attributes": {
            "id": "-",
            "input": [
              "RAM"
            ],
            "keepers": null,
            "result": [
              "RAM"
            ],
            "result_count": null,
            "seed": null
          },
          "sensitive_attributes": [],
          "private": "bnVsbA=="
        },
        {
          "index_key": 20,
          "schema_version": 0,
          "attributes": {
            "id": "-",
            "input": [
              "RAM"
            ],
            "keepers": null,
            "result": [
              "RAM"
            ],
            "result_count": null,
            "seed": null
          },
          "sensitive_attributes": [],
          "private": "bnVsbA=="
        },
        {
          "index_key": 21,
          "schema_version": 0,
          "attributes": {
            "id": "-",
            "input": [
              "RAM"
            ],
            "keepers": null,
            "result": [
              "RAM"
            ],
            "result_count": null,
            "seed": null
          },
          "sensitive_attributes": [],
          "private": "bnVsbA=="
        },
        {
          "index_key": 22,
          "schema_version": 0,
          "attributes": {
            "id": "-",
            "input": [
              "RAM"
            ],
            "keepers": null,
            "result": [
              "RAM"
            ],
            "result_count": null,
            "seed": null
          },
          "sensitive_attributes": [],
          "private": "bnVsbA=="
        },
        {
          "index_key": 23,
          "schema_version": 0,
          "attributes": {
            "id": "-",
            "input": [
              "RAM"
            ],
            "keepers": null,
            "result": [
              "RAM"
            ],
            "result_count": null,
            "seed": null
          },
          "sensitive_attributes": [],
          "private": "bnVsbA=="
        },
        {
          "index_key": 24,
          "schema_version": 0,
          "attributes": {
            "id": "-",
            "input": [
              "RAM"
            ],
            "keepers": null,
            "result": [
              "RAM"
            ],
            "result_count": null,
            "seed": null
          },
          "sensitive_attributes": [],
          "private": "bnVsbA=="
        },
        {
          "index_key": 25,
          "schema_version": 0,
          "attributes": {
            "id": "-",
            "input": [
              "RAM"
            ],
            "keepers": null,
            "result": [
              "RAM"
            ],
            "result_count": null,
            "seed": null
          },
          "sensitive_attributes": [],
          "private": "bnVsbA=="
        },
        {
          "index_key": 26,
          "schema_version": 0,
          "attributes": {
            "id": "-",
            "input": [
              "RAM"
            ],
            "keepers": null,
            "result": [
              "RAM"
            ],
            "result_count": null,
            "seed": null
          },
          "sensitive_attributes": [],
          "private": "bnVsbA=="
        },
        {
          "index_key": 27,
          "schema_version": 0,
          "attributes": {
            "id": "-",
            "input": [
              "RAM"
            ],
            "keepers": null,
            "result": [
              "RAM"
            ],
            "result_count": null,
            "seed": null
          },
          "sensitive_attributes": [],
          "private": "bnVsbA=="
        },
        {
          "index_key": 28,
          "schema_version": 0,
          "attributes": {
            "id": "-",
            "input": [
              "RAM"
            ],
            "keepers": null,
            "result": [
              "RAM"
            ],
            "result_count": null,
            "seed": null
          },
          "sensitive_attributes": [],
          "private": "bnVsbA=="
        },
        {
          "index_key": 29,
          "schema_version": 0,
          "attributes": {
            "id": "-",
            "input": [
              "RAM"
            ],
            "keepers": null,
            "result": [
              "RAM"
            ],
            "result_count": null,
            "seed": null
          },
          "sensitive_attributes": [],
          "private": "bnVsbA=="
        },
        {
          "index_key": 30,
          "schema_version": 0,
          "attributes": {
            "id": "-",
            "input": [
              "RAM"
            ],
            "keepers": null,
            "result": [
              "RAM"
            ],
            "result_count": null,
            "seed": null
          },
          "sensitive_attributes": [],
          "private": "bnVsbA=="
        },
        {
          "index_key": 31,
          "schema_version": 0,
          "attributes": {
            "id": "-",
            "input": [
              "RAM"
            ],
            "keepers": null,
            "result": [
              "RAM"
            ],
            "result_count": null,
            "seed": null
          },
          "sensitive_attributes": [],
          "private": "bnVsbA=="
        },
        {
          "index_key": 32,
          "schema_version": 0,
          "attributes": {
            "id": "-",
            "input": [
              "RAM"
            ],
            "keepers": null,
            "result": [
              "RAM"
            ],
            "result_count": null,
            "seed": null
          },
          "sensitive_attributes": [],
          "private": "bnVsbA=="
        },
        {
          "index_key": 33,
          "schema_version": 0,
          "attributes": {
            "id": "-",
            "input": [
              "RAM"
            ],
            "keepers": null,
            "result": [
              "RAM"
            ],
            "result_count": null,
            "seed": null
          },
          "sensitive_attributes": [],
          "private": "bnVsbA=="
        },
        {
          "index_key": 34,
          "schema_version": 0,
          "attributes": {
            "id": "-",
            "input": [
              "RAM"
            ],
            "keepers": null,
            "result": [
              "RAM"
            ],
            "result_count": null,
            "seed": null
          },
          "sensitive_attributes": [],
          "private": "bnVsbA=="
        },
        {
          "index_key": 35,
          "schema_version": 0,
          "attributes": {
            "id": "-",
            "input": [
              "RAM"
            ],
            "keepers": null,
            "result": [
              "RAM"
            ],
            "result_count": null,
            "seed": null
          },
          "sensitive_attributes": [],
          "private": "bnVsbA=="
        },
        {
          "index_key": 36,
          "schema_version": 0,
          "attributes": {
            "id": "-",
            "input": [
              "RAM"
            ],
            "keepers": null,
            "result": [
              "RAM"
            ],
            "result_count": null,
            "seed": null
          },
          "sensitive_attributes": [],
          "private": "bnVsbA=="
        },
        {
          "index_key": 37,
          "schema_version": 0,
          "attributes": {
            "id": "-",
            "input": [
              "RAM"
            ],
            "keepers": null,
            "result": [
              "RAM"
            ],
            "result_count": null,
            "seed": null
          },
          "sensitive_attributes": [],
          "private": "bnVsbA=="
        },
        {
          "index_key": 38,
          "schema_version": 0,
          "attributes": {
            "id": "-",
            "input": [
              "RAM"
            ],
            "keepers": null,
            "result": [
              "RAM"
            ],
            "result_count": null,
            "seed": null
          },
          "sensitive_attributes": [],
          "private": "bnVsbA=="
        },
        {
          "index_key": 39,
          "schema_version": 0,
          "attributes": {
            "id": "-",
            "input": [
              "RAM"
            ],
            "keepers": null,
            "result": [
              "RAM"
            ],
            "result_count": null,
            "seed": null
          },
          "sensitive_attributes": [],
          "private": "bnVsbA=="
        },
        {
          "index_key": 40,
          "schema_version": 0,
          "attributes": {
            "id": "-",
            "input": [
              "RAM"
            ],
            "keepers": null,
            "result": [
              "RAM"
            ],
            "result_count": null,
            "seed": null
          },
          "sensitive_attributes": [],
          "private": "bnVsbA=="
        },
        {
          "index_key": 41,
          "schema_version": 0,
          "attributes": {
            "id": "-",
            "input": [
              "RAM"
            ],
            "keepers": null,
            "result": [
              "RAM"
            ],
            "result_count": null,
            "seed": null
          },
          "sensitive_attributes": [],
          "private": "bnVsbA=="
        },
        {
          "index_key": 42,
          "schema_version": 0,
          "attributes": {
            "id": "-",
            "input": [
              "RAM"
            ],
            "keepers": null,
            "result": [
              "RAM"
            ],
            "result_count": null,
            "seed": null
          },
          "sensitive_attributes": [],
          "private": "bnVsbA=="
        },
        {
          "index_key": 43,
          "schema_version": 0,
          "attributes": {
            "id": "-",
            "input": [
              "RAM"
            ],
            "keepers": null,
            "result": [
              "RAM"
            ],
            "result_count": null,
            "seed": null
          },
          "sensitive_attributes": [],
          "private": "bnVsbA=="
        },
        {
          "index_key": 44,
          "schema_version": 0,
          "attributes": {
            "id": "-",
            "input": [
              "RAM"
            ],
            "keepers": null,
            "result": [
              "RAM"
            ],
            "result_count": null,
            "seed": null
          },
          "sensitive_attributes": [],
          "private": "bnVsbA=="
        },
        {
          "index_key": 45,
          "schema_version": 0,
          "attributes": {
            "id": "-",
            "input": [
              "RAM"
            ],
            "keepers": null,
            "result": [
              "RAM"
            ],
            "result_count": null,
            "seed": null
          },
          "sensitive_attributes": [],
          "private": "bnVsbA=="
        },
        {
          "index_key": 46,
          "schema_version": 0,
          "attributes": {
            "id": "-",
            "input": [
              "RAM"
            ],
            "keepers": null,
            "result": [
              "RAM"
            ],
            "result_count": null,
            "seed": null
          },
          "sensitive_attributes": [],
          "private": "bnVsbA=="
        },
        {
          "index_key": 47,
          "schema_version": 0,
          "attributes": {
            "id": "-",
            "input": [
              "RAM"
            ],
            "keepers": null,
            "result": [
              "RAM"
            ],
            "result_count": null,
            "seed": null
          },
          "sensitive_attributes": [],
          "private": "bnVsbA=="
        },
        {
          "index_key": 48,
          "schema_version": 0,
          "attributes": {
            "id": "-",
            "input": [
              "RAM"
            ],
            "keepers": null,
            "result": [
              "RAM"
            ],
            "result_count": null,
            "seed": null
          },
          "sensitive_attributes": [],
          "private": "bnVsbA=="
        },
        {
          "index_key": 49,
          "schema_version": 0,
          "attributes": {
            "id": "-",
            "input": [
              "RAM"
            ],
            "keepers": null,
            "result": [
              "RAM"
            ],
            "result_count": null,
            "seed": null
          },
          "sensitive_attributes": [],
          "private": "bnVsbA=="
        },
        {
          "index_key": 50,
          "schema_version": 0,
          "attributes": {
            "id": "-",
            "input": [
              "RAM"
            ],
            "keepers": null,
            "result": [
              "RAM"
            ],
            "result_count": null,
            "seed": null
          },
          "sensitive_attributes": [],
          "private": "bnVsbA=="
        },
        {
          "index_key": 51,
          "schema_version": 0,
          "attributes": {
            "id": "-",
            "input": [
              "RAM"
            ],
            "keepers": null,
            "result": [
              "RAM"
            ],
            "result_count": null,
            "seed": null
          },
          "sensitive_attributes": [],
          "private": "bnVsbA=="
        },
        {
          "index_key": 52,
          "schema_version": 0,
          "attributes": {
            "id": "-",
            "input": [
              "RAM"
            ],
            "keepers": null,
            "result": [
              "RAM"
            ],
            "result_count": null,
            "seed": null
          },
          "sensitive_attributes": [],
          "private": "bnVsbA=="
        },
        {
          "index_key": 53,
          "schema_version": 0,
          "attributes": {
            "id": "-",
            "input": [
              "RAM"
            ],
            "keepers": null,
            "result": [
              "RAM"
            ],
            "result_count": null,
            "seed": null
          },
          "sensitive_attributes": [],
          "private": "bnVsbA=="
        },
        {
          "index_key": 54,
          "schema_version": 0,
          "attributes": {
            "id": "-",
            "input": [
              "RAM"
            ],
            "keepers": null,
            "result": [
              "RAM"
            ],
            "result_count": null,
            "seed": null
          },
          "sensitive_attributes": [],
          "private": "bnVsbA=="
        },
        {
          "index_key": 55,
          "schema_version": 0,
          "attributes": {
            "id": "-",
            "input": [
              "RAM"
            ],
            "keepers": null,
            "result": [
              "RAM"
            ],
            "result_count": null,
            "seed": null
          },
          "sensitive_attributes": [],
          "private": "bnVsbA=="
        },
        {
          "index_key": 56,
          "schema_version": 0,
          "attributes": {
            "id": "-",
            "input": [
              "RAM"
            ],
            "keepers": null,
            "result": [
              "RAM"
            ],
            "result_count": null,
            "seed": null
          },
          "sensitive_attributes": [],
          "private": "bnVsbA=="
        },
        {
          "index_key": 57,
          "schema_version": 0,
          "attributes": {
            "id": "-",
            "input": [
              "RAM"
            ],
            "keepers": null,
            "result": [
              "RAM"
            ],
            "result_count": null,
            "seed": null
          },
          "sensitive_attributes": [],
          "private": "bnVsbA=="
        },
        {
          "index_key": 58,
          "schema_version": 0,
          "attributes": {
            "id": "-",
            "input": [
              "RAM"
            ],
            "keepers": null,
            "result": [
              "RAM"
            ],
            "result_count": null,
            "seed": null
          },
          "sensitive_attributes": [],
          "private": "bnVsbA=="
        },
        {
          "index_key": 59,
          "schema_version": 0,
          "attributes": {
            "id": "-",
            "input": [
              "RAM"
            ],
            "keepers": null,
            "result": [
              "RAM"
            ],
            "result_count": null,
            "seed": null
          },
          "sensitive_attributes": [],
          "private": "bnVsbA=="
        },
        {
          "index_key": 60,
          "schema_version": 0,
          "attributes": {
            "id": "-",
            "input": [
              "RAM"
            ],
            "keepers": null,
            "result": [
              "RAM"
            ],
            "result_count": null,
            "seed": null
          },
          "sensitive_attributes": [],
          "private": "bnVsbA=="
        },
        {
          "index_key": 61,
          "schema_version": 0,
          "attributes": {
            "id": "-",
            "input": [
              "RAM"
            ],
            "keepers": null,
            "result": [
              "RAM"
            ],
            "result_count": null,
            "seed": null
          },
          "sensitive_attributes": [],
          "private": "bnVsbA=="
        },
        {
          "index_key": 62,
          "schema_version": 0,
          "attributes": {
            "id": "-",
            "input": [
              "RAM"
            ],
            "keepers": null,
            "result": [
              "RAM"
            ],
            "result_count": null,
            "seed": null
          },
          "sensitive_attributes": [],
          "private": "bnVsbA=="
        },
        {
          "index_key": 63,
          "schema_version": 0,
          "attributes": {
            "id": "-",
            "input": [
              "RAM"
            ],
            "keepers": null,
            "result": [
              "RAM"
            ],
            "result_count": null,
            "seed": null
          },
          "sensitive_attributes": [],
          "private": "bnVsbA=="
        },
        {
          "index_key": 64,
          "schema_version": 0,
          "attributes": {
            "id": "-",
            "input": [
              "RAM"
            ],
            "keepers": null,
            "result": [
              "RAM"
            ],
            "result_count": null,
            "seed": null
          },
          "sensitive_attributes": [],
          "private": "bnVsbA=="
        },
        {
          "index_key": 65,
          "schema_version": 0,
          "attributes": {
            "id": "-",
            "input": [
              "RAM"
            ],
            "keepers": null,
            "result": [
              "RAM"
            ],
            "result_count": null,
            "seed": null
          },
          "sensitive_attributes": [],
          "private": "bnVsbA=="
        },
        {
          "index_key": 66,
          "schema_version": 0,
          "attributes": {
            "id": "-",
            "input": [
              "RAM"
            ],
            "keepers": null,
            "result": [
              "RAM"
            ],
            "result_count": null,
            "seed": null
          },
          "sensitive_attributes": [],
          "private": "bnVsbA=="
        },
        {
          "index_key": 67,
          "schema_version": 0,
          "attributes": {
            "id": "-",
            "input": [
              "RAM"
            ],
            "keepers": null,
            "result": [
              "RAM"
            ],
            "result_count": null,
            "seed": null
          },
          "sensitive_attributes": [],
          "private": "bnVsbA=="
        },
        {
          "index_key": 68,
          "schema_version": 0,
          "attributes": {
            "id": "-",
            "input": [
              "RAM"
            ],
            "keepers": null,
            "result": [
              "RAM"
            ],
            "result_count": null,
            "seed": null
          },
          "sensitive_attributes": [],
          "private": "bnVsbA=="
        },
        {
          "index_key": 69,
          "schema_version": 0,
          "attributes": {
            "id": "-",
            "input": [
              "RAM"
            ],
            "keepers": null,
            "result": [
              "RAM"
            ],
            "result_count": null,
            "seed": null
          },
          "sensitive_attributes": [],
          "private": "bnVsbA=="
        },
        {
          "index_key": 70,
          "schema_version": 0,
          "attributes": {
            "id": "-",
            "input": [
              "RAM"
            ],
            "keepers": null,
            "result": [
              "RAM"
            ],
            "result_count": null,
            "seed": null
          },
          "sensitive_attributes": [],
          "private": "bnVsbA=="
        },
        {
          "index_key": 71,
          "schema_version": 0,
          "attributes": {
            "id": "-",
            "input": [
              "RAM"
            ],
            "keepers": null,
            "result": [
              "RAM"
            ],
            "result_count": null,
            "seed": null
          },
          "sensitive_attributes": [],
          "private": "bnVsbA=="
        },
        {
          "index_key": 72,
          "schema_version": 0,
          "attributes": {
            "id": "-",
            "input": [
              "RAM"
            ],
            "keepers": null,
            "result": [
              "RAM"
            ],
            "result_count": null,
            "seed": null
          },
          "sensitive_attributes": [],
          "private": "bnVsbA=="
        },
        {
          "index_key": 73,
          "schema_version": 0,
          "attributes": {
            "id": "-",
            "input": [
              "RAM"
            ],
            "keepers": null,
            "result": [
              "RAM"
            ],
            "result_count": null,
            "seed": null
          },
          "sensitive_attributes": [],
          "private": "bnVsbA=="
        },
        {
          "index_key": 74,
          "schema_version": 0,
          "attributes": {
            "id": "-",
            "input": [
              "RAM"
            ],
            "keepers": null,
            "result": [
              "RAM"
            ],
            "result_count": null,
            "seed": null
          },
          "sensitive_attributes": [],
          "private": "bnVsbA=="
        },
        {
          "index_key": 75,
          "schema_version": 0,
          "attributes": {
            "id": "-",
            "input": [
              "RAM"
            ],
            "keepers": null,
            "result": [
              "RAM"
            ],
            "result_count": null,
            "seed": null
          },
          "sensitive_attributes": [],
          "private": "bnVsbA=="
        },
        {
          "index_key": 76,
          "schema_version": 0,
          "attributes": {
            "id": "-",
            "input": [
              "RAM"
            ],
            "keepers": null,
            "result": [
              "RAM"
            ],
            "result_count": null,
            "seed": null
          },
          "sensitive_attributes": [],
          "private": "bnVsbA=="
        },
        {
          "index_key": 77,
          "schema_version": 0,
          "attributes": {
            "id": "-",
            "input": [
              "RAM"
            ],
            "keepers": null,
            "result": [
              "RAM"
            ],
            "result_count": null,
            "seed": null
          },
          "sensitive_attributes": [],
          "private": "bnVsbA=="
        },
        {
          "index_key": 78,
          "schema_version": 0,
          "attributes": {
            "id": "-",
            "input": [
              "RAM"
            ],
            "keepers": null,
            "result": [
              "RAM"
            ],
            "result_count": null,
            "seed": null
          },
          "sensitive_attributes": [],
          "private": "bnVsbA=="
        },
        {
          "index_key": 79,
          "schema_version": 0,
          "attributes": {
            "id": "-",
            "input": [
              "RAM"
            ],
            "keepers": null,
            "result": [
              "RAM"
            ],
            "result_count": null,
            "seed": null
          },
          "sensitive_attributes": [],
          "private": "bnVsbA=="
        },
        {
          "index_key": 80,
          "schema_version": 0,
          "attributes": {
            "id": "-",
            "input": [
              "RAM"
            ],
            "keepers": null,
            "result": [
              "RAM"
            ],
            "result_count": null,
            "seed": null
          },
          "sensitive_attributes": [],
          "private": "bnVsbA=="
        },
        {
          "index_key": 81,
          "schema_version": 0,
          "attributes": {
            "id": "-",
            "input": [
              "RAM"
            ],
            "keepers": null,
            "result": [
              "RAM"
            ],
            "result_count": null,
            "seed": null
          },
          "sensitive_attributes": [],
          "private": "bnVsbA=="
        },
        {
          "index_key": 82,
          "schema_version": 0,
          "attributes": {
            "id": "-",
            "input": [
              "RAM"
            ],
            "keepers": null,
            "result": [
              "RAM"
            ],
            "result_count": null,
            "seed": null
          },
          "sensitive_attributes": [],
          "private": "bnVsbA=="
        },
        {
          "index_key": 83,
          "schema_version": 0,
          "attributes": {
            "id": "-",
            "input": [
              "RAM"
            ],
            "keepers": null,
            "result": [
              "RAM"
            ],
            "result_count": null,
            "seed": null
          },
          "sensitive_attributes": [],
          "private": "bnVsbA=="
        },
        {
          "index_key": 84,
          "schema_version": 0,
          "attributes": {
            "id": "-",
            "input": [
              "RAM"
            ],
            "keepers": null,
            "result": [
              "RAM"
            ],
            "result_count": null,
            "seed": null
          },
          "sensitive_attributes": [],
          "private": "bnVsbA=="
        },
        {
          "index_key": 85,
          "schema_version": 0,
          "attributes": {
            "id": "-",
            "input": [
              "RAM"
            ],
            "keepers": null,
            "result": [
              "RAM"
            ],
            "result_count": null,
            "seed": null
          },
          "sensitive_attributes": [],
          "private": "bnVsbA=="
        },
        {
          "index_key": 86,
          "schema_version": 0,
          "attributes": {
            "id": "-",
            "input": [
              "RAM"
            ],
            "keepers": null,
            "result": [
              "RAM"
            ],
            "result_count": null,
            "seed": null
          },
          "sensitive_attributes": [],
          "private": "bnVsbA=="
        },
        {
          "index_key": 87,
          "schema_version": 0,
          "attributes": {
            "id": "-",
            "input": [
              "RAM"
            ],
            "keepers": null,
            "result": [
              "RAM"
            ],
            "result_count": null,
            "seed": null
          },
          "sensitive_attributes": [],
          "private": "bnVsbA=="
        },
        {
          "index_key": 88,
          "schema_version": 0,
          "attributes": {
            "id": "-",
            "input": [
              "RAM"
            ],
            "keepers": null,
            "result": [
              "RAM"
            ],
            "result_count": null,
            "seed": null
          },
          "sensitive_attributes": [],
          "private": "bnVsbA=="
        },
        {
          "index_key": 89,
          "schema_version": 0,
          "attributes": {
            "id": "-",
            "input": [
              "RAM"
            ],
            "keepers": null,
            "result": [
              "RAM"
            ],
            "result_count": null,
            "seed": null
          },
          "sensitive_attributes": [],
          "private": "bnVsbA=="
        },
        {
          "index_key": 90,
          "schema_version": 0,
          "attributes": {
            "id": "-",
            "input": [
              "RAM"
            ],
            "keepers": null,
            "result": [
              "RAM"
            ],
            "result_count": null,
            "seed": null
          },
          "sensitive_attributes": [],
          "private": "bnVsbA=="
        },
        {
          "index_key": 91,
          "schema_version": 0,
          "attributes": {
            "id": "-",
            "input": [
              "RAM"
            ],
            "keepers": null,
            "result": [
              "RAM"
            ],
            "result_count": null,
            "seed": null
          },
          "sensitive_attributes": [],
          "private": "bnVsbA=="
        },
        {
          "index_key": 92,
          "schema_version": 0,
          "attributes": {
            "id": "-",
            "input": [
              "RAM"
            ],
            "keepers": null,
            "result": [
              "RAM"
            ],
            "result_count": null,
            "seed": null
          },
          "sensitive_attributes": [],
          "private": "bnVsbA=="
        },
        {
          "index_key": 93,
          "schema_version": 0,
          "attributes": {
            "id": "-",
            "input": [
              "RAM"
            ],
            "keepers": null,
            "result": [
              "RAM"
            ],
            "result_count": null,
            "seed": null
          },
          "sensitive_attributes": [],
          "private": "bnVsbA=="
        },
        {
          "index_key": 94,
          "schema_version": 0,
          "attributes": {
            "id": "-",
            "input": [
              "RAM"
            ],
            "keepers": null,
            "result": [
              "RAM"
            ],
            "result_count": null,
            "seed": null
          },
          "sensitive_attributes": [],
          "private": "bnVsbA=="
        },
        {
          "index_key": 95,
          "schema_version": 0,
          "attributes": {
            "id": "-",
            "input": [
              "RAM"
            ],
            "keepers": null,
            "result": [
              "RAM"
            ],
            "result_count": null,
            "seed": null
          },
          "sensitive_attributes": [],
          "private": "bnVsbA=="
        },
        {
          "index_key": 96,
          "schema_version": 0,
          "attributes": {
            "id": "-",
            "input": [
              "RAM"
            ],
            "keepers": null,
            "result": [
              "RAM"
            ],
            "result_count": null,
            "seed": null
          },
          "sensitive_attributes": [],
          "private": "bnVsbA=="
        },
        {
          "index_key": 97,
          "schema_version": 0,
          "attributes": {
            "id": "-",
            "input": [
              "RAM"
            ],
            "keepers": null,
            "result": [
              "RAM"
            ],
            "result_count": null,
            "seed": null
          },
          "sensitive_attributes": [],
          "private": "bnVsbA=="
        },
        {
          "index_key": 98,
          "schema_version": 0,
          "attributes": {
            "id": "-",
            "input": [
              "RAM"
            ],
            "keepers": null,
            "result": [
              "RAM"
            ],
            "result_count": null,
            "seed": null
          },
          "sensitive_attributes": [],
          "private": "bnVsbA=="
        },
        {
          "index_key": 99,
          "schema_version": 0,
          "attributes": {
            "id": "-",
            "input": [
              "RAM"
            ],
            "keepers": null,
            "result": [
              "RAM"
            ],
            "result_count": null,
            "seed": null
          },
          "sensitive_attributes": [],
          "private": "bnVsbA=="
        }
      ]
    }
  ]
}
