{
  "version": 4,
  "terraform_version": "1.0.10",
  "serial": 5,
  "lineage": "702cb076-e704-ad10-a6b4-c0efa6949603",
  "outputs": {
    "rinit": {
      "value": 2,
      "type": "number"
    }
  },
  "resources": [
    {
      "mode": "managed",
      "type": "random_integer",
      "name": "rinit",
      "provider": "provider[\"registry.terraform.io/hashicorp/random\"]",
      "instances": [
        {
          "schema_version": 0,
          "attributes": {
            "id": "2",
            "keepers": null,
            "max": 10,
            "min": 0,
            "result": 2,
            "seed": null
          },
          "sensitive_attributes": [],
          "private": "bnVsbA=="
        }
      ]
    }
  ]
}
