{
  "version": 4,
  "terraform_version": "1.0.10",
  "serial": 8,
  "lineage": "3297a0eb-0924-8762-ad99-dcba7d986e19",
  "outputs": {
    "local_name": {
      "value": [
        "hi hi hi hi"
      ],
      "type": [
        "tuple",
        [
          "string"
        ]
      ]
    },
    "output_name": {
      "value": [
        "hi hi hi hi",
        "C:/Users/YASHVIN/gcp_terraform/creating_instances/sample.txt"
      ],
      "type": [
        "tuple",
        [
          "string",
          "string"
        ]
      ]
    }
  },
  "resources": [
    {
      "mode": "data",
      "type": "local_file",
      "name": "data_name",
      "provider": "provider[\"registry.terraform.io/hashicorp/local\"]",
      "instances": [
        {
          "schema_version": 0,
          "attributes": {
            "content": "hi hi hi hi",
            "content_base64": "aGkgaGkgaGkgaGk=",
            "filename": "C:/Users/YASHVIN/gcp_terraform/creating_instances/sample.txt",
            "id": "5e83fc86c1e9b06489bceb52e0c30f0d0cd58b8f"
          },
          "sensitive_attributes": []
        }
      ]
    },
    {
      "mode": "managed",
      "type": "local_file",
      "name": "name",
      "provider": "provider[\"registry.terraform.io/hashicorp/local\"]",
      "instances": [
        {
          "schema_version": 0,
          "attributes": {
            "content": "hi hi hi hi",
            "content_base64": null,
            "directory_permission": "0777",
            "file_permission": "0777",
            "filename": "C:/Users/YASHVIN/gcp_terraform/creating_instances/sample.txt",
            "id": "5e83fc86c1e9b06489bceb52e0c30f0d0cd58b8f",
            "sensitive_content": null,
            "source": null
          },
          "sensitive_attributes": [],
          "private": "bnVsbA=="
        }
      ]
    }
  ]
}
