{
  "version": 4,
  "terraform_version": "1.0.10",
  "serial": 1,
  "lineage": "458c42b7-536d-e01a-0aed-4dfcdcbc9d49",
  "outputs": {},
  "resources": [
    {
      "mode": "managed",
      "type": "local_file",
      "name": "name",
      "provider": "provider[\"registry.terraform.io/hashicorp/local\"]",
      "instances": [
        {
          "schema_version": 0,
          "attributes": {
            "content": "This is first file",
            "content_base64": null,
            "directory_permission": "0777",
            "file_permission": "0777",
            "filename": "temp.txt",
            "id": "344463696ae4ea0899e6b1f891dde85bc0196a9b",
            "sensitive_content": null,
            "source": null
          },
          "sensitive_attributes": [],
          "private": "bnVsbA=="
        }
      ]
    }
  ]
}
